{
  "version": 4,
  "terraform_version": "1.14.0",
  "serial": 368,
  "lineage": "0fe57b69-8aa7-630b-4675-b7f98354eb4b",
  "outputs": {},
  "resources": [
    {
      "mode": "data",
      "type": "aws_caller_identity",
      "name": "current",
      "provider": "provider[\"registry.terraform.io/hashicorp/aws\"]",
      "instances": [
        {
          "schema_version": 0,
          "attributes": {
            "account_id": "277403262470",
            "arn": "arn:aws:sts::277403262470:assumed-role/MQTTTerraformAccess/mqtt-terraform",
            "id": "277403262470",
            "user_id": "AROAUBFUF3YDEPSYXTUEW:mqtt-terraform"
          },
          "sensitive_attributes": [],
          "identity_schema_version": 0
        }
      ]
    },
    {
      "module": "module.apigateway",
      "mode": "managed",
      "type": "aws_api_gateway_account",
      "name": "mqtt_server_api_account",
      "provider": "provider[\"registry.terraform.io/hashicorp/aws\"]",
      "instances": [
        {
          "schema_version": 0,
          "attributes": {
            "api_key_version": "4",
            "cloudwatch_role_arn": "arn:aws:iam::277403262470:role/WWRSPFMQTTAPIGatewayAccess",
            "features": [
              "UsagePlans"
            ],
            "id": "277403262470",
            "region": "ap-northeast-1",
            "throttle_settings": [
              {
                "burst_limit": 5000,
                "rate_limit": 10000
              }
            ]
          },
          "sensitive_attributes": [],
          "identity_schema_version": 0,
          "dependencies": [
            "data.aws_caller_identity.current",
            "module.function.aws_lambda_event_source_mapping.trigger-cert-update",
            "module.function.aws_lambda_event_source_mapping.trigger-send-message",
            "module.function.aws_lambda_function.MQTT-CERT-UPDATE",
            "module.function.aws_lambda_function.MQTT-DEVICE-IOTCORE-ACCESS",
            "module.function.aws_lambda_function.MQTT-DEVICE-IOTCORE-PROHIBIT",
            "module.function.aws_lambda_function.MQTT-DEVICE-PRESENCE-UPDATE",
            "module.function.aws_lambda_function.MQTT-DEVICE-SHADOW-RETRIEVE",
            "module.function.aws_lambda_function.MQTT-DEVICE-STATUS-NOTIFY",
            "module.function.aws_lambda_function.MQTT-DEVICE-STATUS-RETRIEVE",
            "module.function.aws_lambda_function.MQTT-JITR",
            "module.function.aws_lambda_function.MQTT-MSG-STATUS-RETRIEVE",
            "module.function.aws_lambda_function.MQTT-SEND-MESSAGE",
            "module.function.aws_lambda_function.MQTT-TICKET-RESPONSE-UPDATE",
            "module.function.aws_lambda_layer_version.mqtt_common_layer",
            "module.function.data.archive_file.cret_update_zip",
            "module.function.data.archive_file.device_iotcore_access_zip",
            "module.function.data.archive_file.device_iotcore_prohibit_zip",
            "module.function.data.archive_file.device_presence_update_zip",
            "module.function.data.archive_file.device_shadow_retrieve_zip",
            "module.function.data.archive_file.device_status_notify_zip",
            "module.function.data.archive_file.device_status_retrieve_zip",
            "module.function.data.archive_file.mqtt_common_layer_zip",
            "module.function.data.archive_file.mqtt_jitr_zip",
            "module.function.data.archive_file.msg_status_retrieve_zip",
            "module.function.data.archive_file.send_message_zip",
            "module.function.data.archive_file.ticket_response_update_zip",
            "module.function.null_resource.cleanup_cert_update_zip",
            "module.function.null_resource.cleanup_common_layer_zip",
            "module.function.null_resource.cleanup_device_iotcore_zip",
            "module.function.null_resource.cleanup_device_presence_zip",
            "module.function.null_resource.cleanup_device_prohibit_zip",
            "module.function.null_resource.cleanup_device_shadow_zip",
            "module.function.null_resource.cleanup_device_status_zip",
            "module.function.null_resource.cleanup_mqtt_jitr_zip",
            "module.function.null_resource.cleanup_send_message_zip",
            "module.function.null_resource.cleanup_status_notify_zip",
            "module.function.null_resource.cleanup_status_retrieve_zip",
            "module.function.null_resource.cleanup_ticket_response_zip",
            "module.sqs.aws_sqs_queue.cert_update_notify",
            "module.sqs.aws_sqs_queue.presence_data_notify",
            "module.sqs.aws_sqs_queue.ticket_notify",
            "module.sqs.aws_sqs_queue_policy.policy_cert_update_notify",
            "module.sqs.aws_sqs_queue_policy.policy_ticket_notify",
            "module.sqs.aws_sqs_queue_policy.presence_data_notify"
          ]
        }
      ]
    },
    {
      "module": "module.apigateway",
      "mode": "managed",
      "type": "aws_api_gateway_account",
      "name": "mqtt_server_solution_api_account",
      "provider": "provider[\"registry.terraform.io/hashicorp/aws\"]",
      "instances": [
        {
          "schema_version": 0,
          "attributes": {
            "api_key_version": "4",
            "cloudwatch_role_arn": "arn:aws:iam::277403262470:role/WWRSPFMQTTAPIGatewayAccess",
            "features": [
              "UsagePlans"
            ],
            "id": "277403262470",
            "region": "ap-northeast-1",
            "throttle_settings": [
              {
                "burst_limit": 5000,
                "rate_limit": 10000
              }
            ]
          },
          "sensitive_attributes": [],
          "identity_schema_version": 0,
          "dependencies": [
            "data.aws_caller_identity.current",
            "module.function.aws_lambda_event_source_mapping.trigger-cert-update",
            "module.function.aws_lambda_event_source_mapping.trigger-send-message",
            "module.function.aws_lambda_function.MQTT-CERT-UPDATE",
            "module.function.aws_lambda_function.MQTT-DEVICE-IOTCORE-ACCESS",
            "module.function.aws_lambda_function.MQTT-DEVICE-IOTCORE-PROHIBIT",
            "module.function.aws_lambda_function.MQTT-DEVICE-PRESENCE-UPDATE",
            "module.function.aws_lambda_function.MQTT-DEVICE-SHADOW-RETRIEVE",
            "module.function.aws_lambda_function.MQTT-DEVICE-STATUS-NOTIFY",
            "module.function.aws_lambda_function.MQTT-DEVICE-STATUS-RETRIEVE",
            "module.function.aws_lambda_function.MQTT-JITR",
            "module.function.aws_lambda_function.MQTT-MSG-STATUS-RETRIEVE",
            "module.function.aws_lambda_function.MQTT-SEND-MESSAGE",
            "module.function.aws_lambda_function.MQTT-TICKET-RESPONSE-UPDATE",
            "module.function.aws_lambda_layer_version.mqtt_common_layer",
            "module.function.data.archive_file.cret_update_zip",
            "module.function.data.archive_file.device_iotcore_access_zip",
            "module.function.data.archive_file.device_iotcore_prohibit_zip",
            "module.function.data.archive_file.device_presence_update_zip",
            "module.function.data.archive_file.device_shadow_retrieve_zip",
            "module.function.data.archive_file.device_status_notify_zip",
            "module.function.data.archive_file.device_status_retrieve_zip",
            "module.function.data.archive_file.mqtt_common_layer_zip",
            "module.function.data.archive_file.mqtt_jitr_zip",
            "module.function.data.archive_file.msg_status_retrieve_zip",
            "module.function.data.archive_file.send_message_zip",
            "module.function.data.archive_file.ticket_response_update_zip",
            "module.function.null_resource.cleanup_cert_update_zip",
            "module.function.null_resource.cleanup_common_layer_zip",
            "module.function.null_resource.cleanup_device_iotcore_zip",
            "module.function.null_resource.cleanup_device_presence_zip",
            "module.function.null_resource.cleanup_device_prohibit_zip",
            "module.function.null_resource.cleanup_device_shadow_zip",
            "module.function.null_resource.cleanup_device_status_zip",
            "module.function.null_resource.cleanup_mqtt_jitr_zip",
            "module.function.null_resource.cleanup_send_message_zip",
            "module.function.null_resource.cleanup_status_notify_zip",
            "module.function.null_resource.cleanup_status_retrieve_zip",
            "module.function.null_resource.cleanup_ticket_response_zip",
            "module.sqs.aws_sqs_queue.cert_update_notify",
            "module.sqs.aws_sqs_queue.presence_data_notify",
            "module.sqs.aws_sqs_queue.ticket_notify",
            "module.sqs.aws_sqs_queue_policy.policy_cert_update_notify",
            "module.sqs.aws_sqs_queue_policy.policy_ticket_notify",
            "module.sqs.aws_sqs_queue_policy.presence_data_notify"
          ]
        }
      ]
    },
    {
      "module": "module.apigateway",
      "mode": "managed",
      "type": "aws_api_gateway_account",
      "name": "time_server_api_account",
      "provider": "provider[\"registry.terraform.io/hashicorp/aws\"]",
      "instances": [
        {
          "schema_version": 0,
          "attributes": {
            "api_key_version": "4",
            "cloudwatch_role_arn": "arn:aws:iam::277403262470:role/WWRSPFMQTTAPIGatewayAccess",
            "features": [
              "UsagePlans"
            ],
            "id": "277403262470",
            "region": "ap-northeast-1",
            "throttle_settings": [
              {
                "burst_limit": 5000,
                "rate_limit": 10000
              }
            ]
          },
          "sensitive_attributes": [],
          "identity_schema_version": 0,
          "dependencies": [
            "data.aws_caller_identity.current",
            "module.function.aws_lambda_event_source_mapping.trigger-cert-update",
            "module.function.aws_lambda_event_source_mapping.trigger-send-message",
            "module.function.aws_lambda_function.MQTT-CERT-UPDATE",
            "module.function.aws_lambda_function.MQTT-DEVICE-IOTCORE-ACCESS",
            "module.function.aws_lambda_function.MQTT-DEVICE-IOTCORE-PROHIBIT",
            "module.function.aws_lambda_function.MQTT-DEVICE-PRESENCE-UPDATE",
            "module.function.aws_lambda_function.MQTT-DEVICE-SHADOW-RETRIEVE",
            "module.function.aws_lambda_function.MQTT-DEVICE-STATUS-NOTIFY",
            "module.function.aws_lambda_function.MQTT-DEVICE-STATUS-RETRIEVE",
            "module.function.aws_lambda_function.MQTT-JITR",
            "module.function.aws_lambda_function.MQTT-MSG-STATUS-RETRIEVE",
            "module.function.aws_lambda_function.MQTT-SEND-MESSAGE",
            "module.function.aws_lambda_function.MQTT-TICKET-RESPONSE-UPDATE",
            "module.function.aws_lambda_layer_version.mqtt_common_layer",
            "module.function.data.archive_file.cret_update_zip",
            "module.function.data.archive_file.device_iotcore_access_zip",
            "module.function.data.archive_file.device_iotcore_prohibit_zip",
            "module.function.data.archive_file.device_presence_update_zip",
            "module.function.data.archive_file.device_shadow_retrieve_zip",
            "module.function.data.archive_file.device_status_notify_zip",
            "module.function.data.archive_file.device_status_retrieve_zip",
            "module.function.data.archive_file.mqtt_common_layer_zip",
            "module.function.data.archive_file.mqtt_jitr_zip",
            "module.function.data.archive_file.msg_status_retrieve_zip",
            "module.function.data.archive_file.send_message_zip",
            "module.function.data.archive_file.ticket_response_update_zip",
            "module.function.null_resource.cleanup_cert_update_zip",
            "module.function.null_resource.cleanup_common_layer_zip",
            "module.function.null_resource.cleanup_device_iotcore_zip",
            "module.function.null_resource.cleanup_device_presence_zip",
            "module.function.null_resource.cleanup_device_prohibit_zip",
            "module.function.null_resource.cleanup_device_shadow_zip",
            "module.function.null_resource.cleanup_device_status_zip",
            "module.function.null_resource.cleanup_mqtt_jitr_zip",
            "module.function.null_resource.cleanup_send_message_zip",
            "module.function.null_resource.cleanup_status_notify_zip",
            "module.function.null_resource.cleanup_status_retrieve_zip",
            "module.function.null_resource.cleanup_ticket_response_zip",
            "module.sqs.aws_sqs_queue.cert_update_notify",
            "module.sqs.aws_sqs_queue.presence_data_notify",
            "module.sqs.aws_sqs_queue.ticket_notify",
            "module.sqs.aws_sqs_queue_policy.policy_cert_update_notify",
            "module.sqs.aws_sqs_queue_policy.policy_ticket_notify",
            "module.sqs.aws_sqs_queue_policy.presence_data_notify"
          ]
        }
      ]
    },
    {
      "module": "module.apigateway",
      "mode": "managed",
      "type": "aws_api_gateway_base_path_mapping",
      "name": "api_custom_domain_mapping",
      "provider": "provider[\"registry.terraform.io/hashicorp/aws\"]",
      "instances": [
        {
          "schema_version": 0,
          "attributes": {
            "api_id": "12ehl8kole",
            "base_path": "v1",
            "domain_name": "mqtt-server-jp.bt-fulltime-connect-dev.konicaminolta.jp",
            "domain_name_id": "",
            "id": "mqtt-server-jp.bt-fulltime-connect-dev.konicaminolta.jp/v1",
            "region": "ap-northeast-1",
            "stage_name": "default"
          },
          "sensitive_attributes": [],
          "identity_schema_version": 0,
          "private": "bnVsbA==",
          "dependencies": [
            "data.aws_caller_identity.current",
            "module.apigateway.aws_api_gateway_account.mqtt_server_api_account",
            "module.apigateway.aws_api_gateway_deployment.mqtt_server_api_deployment",
            "module.apigateway.aws_api_gateway_domain_name.api_custom_domain",
            "module.apigateway.aws_api_gateway_integration.devices_deviceId_connectionStatus_lambda_integration",
            "module.apigateway.aws_api_gateway_integration.prohibited_devices_add_lambda_integration",
            "module.apigateway.aws_api_gateway_integration.prohibited_devices_remove_lambda_integration",
            "module.apigateway.aws_api_gateway_integration.tickets_groupId_lambda_integration",
            "module.apigateway.aws_api_gateway_integration.tickets_messageId_deviceId_lambda_integration",
            "module.apigateway.aws_api_gateway_integration.tickets_messageId_lambda_integration",
            "module.apigateway.aws_api_gateway_integration.tickets_send_sqs_integration",
            "module.apigateway.aws_api_gateway_method.get_devices_deviceId_connectionStatus",
            "module.apigateway.aws_api_gateway_method.get_tickets_groupId",
            "module.apigateway.aws_api_gateway_method.get_tickets_messageId",
            "module.apigateway.aws_api_gateway_method.get_tickets_messageId_deviceId",
            "module.apigateway.aws_api_gateway_method.post_tickets_send",
            "module.apigateway.aws_api_gateway_method.prohibited_devices_add",
            "module.apigateway.aws_api_gateway_method.prohibited_devices_remove",
            "module.apigateway.aws_api_gateway_resource.devices",
            "module.apigateway.aws_api_gateway_resource.devices_deviceId",
            "module.apigateway.aws_api_gateway_resource.devices_deviceId_connectionStatus",
            "module.apigateway.aws_api_gateway_resource.prohibited_devices",
            "module.apigateway.aws_api_gateway_resource.prohibited_devices_add",
            "module.apigateway.aws_api_gateway_resource.prohibited_devices_remove",
            "module.apigateway.aws_api_gateway_resource.tickets",
            "module.apigateway.aws_api_gateway_resource.tickets_messageId",
            "module.apigateway.aws_api_gateway_resource.tickets_messageId_deviceId",
            "module.apigateway.aws_api_gateway_resource.tickets_send",
            "module.apigateway.aws_api_gateway_rest_api.mqtt_server",
            "module.apigateway.aws_api_gateway_stage.mqtt_server_api_stage",
            "module.apigateway.aws_cloudwatch_log_group.mqtt_server_logs",
            "module.function.aws_lambda_event_source_mapping.trigger-cert-update",
            "module.function.aws_lambda_event_source_mapping.trigger-send-message",
            "module.function.aws_lambda_function.MQTT-CERT-UPDATE",
            "module.function.aws_lambda_function.MQTT-DEVICE-IOTCORE-ACCESS",
            "module.function.aws_lambda_function.MQTT-DEVICE-IOTCORE-PROHIBIT",
            "module.function.aws_lambda_function.MQTT-DEVICE-PRESENCE-UPDATE",
            "module.function.aws_lambda_function.MQTT-DEVICE-SHADOW-RETRIEVE",
            "module.function.aws_lambda_function.MQTT-DEVICE-STATUS-NOTIFY",
            "module.function.aws_lambda_function.MQTT-DEVICE-STATUS-RETRIEVE",
            "module.function.aws_lambda_function.MQTT-JITR",
            "module.function.aws_lambda_function.MQTT-MSG-STATUS-RETRIEVE",
            "module.function.aws_lambda_function.MQTT-SEND-MESSAGE",
            "module.function.aws_lambda_function.MQTT-TICKET-RESPONSE-UPDATE",
            "module.function.aws_lambda_layer_version.mqtt_common_layer",
            "module.function.data.archive_file.cret_update_zip",
            "module.function.data.archive_file.device_iotcore_access_zip",
            "module.function.data.archive_file.device_iotcore_prohibit_zip",
            "module.function.data.archive_file.device_presence_update_zip",
            "module.function.data.archive_file.device_shadow_retrieve_zip",
            "module.function.data.archive_file.device_status_notify_zip",
            "module.function.data.archive_file.device_status_retrieve_zip",
            "module.function.data.archive_file.mqtt_common_layer_zip",
            "module.function.data.archive_file.mqtt_jitr_zip",
            "module.function.data.archive_file.msg_status_retrieve_zip",
            "module.function.data.archive_file.send_message_zip",
            "module.function.data.archive_file.ticket_response_update_zip",
            "module.function.null_resource.cleanup_cert_update_zip",
            "module.function.null_resource.cleanup_common_layer_zip",
            "module.function.null_resource.cleanup_device_iotcore_zip",
            "module.function.null_resource.cleanup_device_presence_zip",
            "module.function.null_resource.cleanup_device_prohibit_zip",
            "module.function.null_resource.cleanup_device_shadow_zip",
            "module.function.null_resource.cleanup_device_status_zip",
            "module.function.null_resource.cleanup_mqtt_jitr_zip",
            "module.function.null_resource.cleanup_send_message_zip",
            "module.function.null_resource.cleanup_status_notify_zip",
            "module.function.null_resource.cleanup_status_retrieve_zip",
            "module.function.null_resource.cleanup_ticket_response_zip",
            "module.sqs.aws_sqs_queue.cert_update_notify",
            "module.sqs.aws_sqs_queue.presence_data_notify",
            "module.sqs.aws_sqs_queue.ticket_notify",
            "module.sqs.aws_sqs_queue_policy.policy_cert_update_notify",
            "module.sqs.aws_sqs_queue_policy.policy_ticket_notify",
            "module.sqs.aws_sqs_queue_policy.presence_data_notify"
          ]
        }
      ]
    },
    {
      "module": "module.apigateway",
      "mode": "managed",
      "type": "aws_api_gateway_base_path_mapping",
      "name": "api_time_server_custom_domain_mapping",
      "provider": "provider[\"registry.terraform.io/hashicorp/aws\"]",
      "instances": [
        {
          "schema_version": 0,
          "attributes": {
            "api_id": "igcsl55jl2",
            "base_path": "v1",
            "domain_name": "mqtt-time-server-jp.bt-fulltime-connect-dev.konicaminolta.jp",
            "domain_name_id": "",
            "id": "mqtt-time-server-jp.bt-fulltime-connect-dev.konicaminolta.jp/v1",
            "region": "ap-northeast-1",
            "stage_name": "default"
          },
          "sensitive_attributes": [],
          "identity_schema_version": 0,
          "private": "bnVsbA==",
          "dependencies": [
            "data.aws_caller_identity.current",
            "module.apigateway.aws_api_gateway_account.time_server_api_account",
            "module.apigateway.aws_api_gateway_deployment.time_server_api_deployment",
            "module.apigateway.aws_api_gateway_domain_name.api_time_server_custom_domain",
            "module.apigateway.aws_api_gateway_integration.get_time_server_integration",
            "module.apigateway.aws_api_gateway_method.get_time_server",
            "module.apigateway.aws_api_gateway_rest_api.time_server",
            "module.apigateway.aws_api_gateway_stage.time_server_api_stage",
            "module.apigateway.aws_cloudwatch_log_group.time_server_logs",
            "module.function.aws_lambda_event_source_mapping.trigger-cert-update",
            "module.function.aws_lambda_event_source_mapping.trigger-send-message",
            "module.function.aws_lambda_function.MQTT-CERT-UPDATE",
            "module.function.aws_lambda_function.MQTT-DEVICE-IOTCORE-ACCESS",
            "module.function.aws_lambda_function.MQTT-DEVICE-IOTCORE-PROHIBIT",
            "module.function.aws_lambda_function.MQTT-DEVICE-PRESENCE-UPDATE",
            "module.function.aws_lambda_function.MQTT-DEVICE-SHADOW-RETRIEVE",
            "module.function.aws_lambda_function.MQTT-DEVICE-STATUS-NOTIFY",
            "module.function.aws_lambda_function.MQTT-DEVICE-STATUS-RETRIEVE",
            "module.function.aws_lambda_function.MQTT-JITR",
            "module.function.aws_lambda_function.MQTT-MSG-STATUS-RETRIEVE",
            "module.function.aws_lambda_function.MQTT-SEND-MESSAGE",
            "module.function.aws_lambda_function.MQTT-TICKET-RESPONSE-UPDATE",
            "module.function.aws_lambda_layer_version.mqtt_common_layer",
            "module.function.data.archive_file.cret_update_zip",
            "module.function.data.archive_file.device_iotcore_access_zip",
            "module.function.data.archive_file.device_iotcore_prohibit_zip",
            "module.function.data.archive_file.device_presence_update_zip",
            "module.function.data.archive_file.device_shadow_retrieve_zip",
            "module.function.data.archive_file.device_status_notify_zip",
            "module.function.data.archive_file.device_status_retrieve_zip",
            "module.function.data.archive_file.mqtt_common_layer_zip",
            "module.function.data.archive_file.mqtt_jitr_zip",
            "module.function.data.archive_file.msg_status_retrieve_zip",
            "module.function.data.archive_file.send_message_zip",
            "module.function.data.archive_file.ticket_response_update_zip",
            "module.function.null_resource.cleanup_cert_update_zip",
            "module.function.null_resource.cleanup_common_layer_zip",
            "module.function.null_resource.cleanup_device_iotcore_zip",
            "module.function.null_resource.cleanup_device_presence_zip",
            "module.function.null_resource.cleanup_device_prohibit_zip",
            "module.function.null_resource.cleanup_device_shadow_zip",
            "module.function.null_resource.cleanup_device_status_zip",
            "module.function.null_resource.cleanup_mqtt_jitr_zip",
            "module.function.null_resource.cleanup_send_message_zip",
            "module.function.null_resource.cleanup_status_notify_zip",
            "module.function.null_resource.cleanup_status_retrieve_zip",
            "module.function.null_resource.cleanup_ticket_response_zip",
            "module.sqs.aws_sqs_queue.cert_update_notify",
            "module.sqs.aws_sqs_queue.presence_data_notify",
            "module.sqs.aws_sqs_queue.ticket_notify",
            "module.sqs.aws_sqs_queue_policy.policy_cert_update_notify",
            "module.sqs.aws_sqs_queue_policy.policy_ticket_notify",
            "module.sqs.aws_sqs_queue_policy.presence_data_notify"
          ]
        }
      ]
    },
    {
      "module": "module.apigateway",
      "mode": "managed",
      "type": "aws_api_gateway_base_path_mapping",
      "name": "sol_api_custom_domain_mapping",
      "provider": "provider[\"registry.terraform.io/hashicorp/aws\"]",
      "instances": [
        {
          "schema_version": 0,
          "attributes": {
            "api_id": "blgspy2i4b",
            "base_path": "v1",
            "domain_name": "mqtt-solution-server-jp.bt-fulltime-connect-dev.konicaminolta.jp",
            "domain_name_id": "",
            "id": "mqtt-solution-server-jp.bt-fulltime-connect-dev.konicaminolta.jp/v1",
            "region": "ap-northeast-1",
            "stage_name": "default"
          },
          "sensitive_attributes": [],
          "identity_schema_version": 0,
          "private": "bnVsbA==",
          "dependencies": [
            "data.aws_caller_identity.current",
            "module.apigateway.aws_api_gateway_account.mqtt_server_solution_api_account",
            "module.apigateway.aws_api_gateway_deployment.mqtt_server_sol_api_deployment",
            "module.apigateway.aws_api_gateway_domain_name.api_sol_custom_domain",
            "module.apigateway.aws_api_gateway_integration.device_deviceId_shadows_name_lambda_integration",
            "module.apigateway.aws_api_gateway_integration.iwsapp_message_send_sqs_integration",
            "module.apigateway.aws_api_gateway_integration.plugin_message_send_sqs_integration",
            "module.apigateway.aws_api_gateway_integration.sol_device_deviceId_connection_status_lambda_integration",
            "module.apigateway.aws_api_gateway_integration.sol_tickets_groupId_lambda_integration",
            "module.apigateway.aws_api_gateway_integration.sol_tickets_messageId_deviceId_lambda_integration",
            "module.apigateway.aws_api_gateway_integration.sol_tickets_messageId_lambda_integration",
            "module.apigateway.aws_api_gateway_method.get_device_deviceId_connection_status",
            "module.apigateway.aws_api_gateway_method.get_device_deviceId_shadows_name",
            "module.apigateway.aws_api_gateway_method.get_sol_tickets_groupId",
            "module.apigateway.aws_api_gateway_method.get_sol_tickets_messageId",
            "module.apigateway.aws_api_gateway_method.get_sol_tickets_messageId_deviceId",
            "module.apigateway.aws_api_gateway_method.iwsapp_message_send",
            "module.apigateway.aws_api_gateway_method.plugin_message_send",
            "module.apigateway.aws_api_gateway_resource.device_deviceId_connection_status",
            "module.apigateway.aws_api_gateway_resource.device_deviceId_shadows",
            "module.apigateway.aws_api_gateway_resource.device_deviceId_shadows_name",
            "module.apigateway.aws_api_gateway_resource.iwsapp_message",
            "module.apigateway.aws_api_gateway_resource.iwsapp_message_send",
            "module.apigateway.aws_api_gateway_resource.plugin_message",
            "module.apigateway.aws_api_gateway_resource.plugin_message_send",
            "module.apigateway.aws_api_gateway_resource.sol_device_deviceId",
            "module.apigateway.aws_api_gateway_resource.sol_devices",
            "module.apigateway.aws_api_gateway_resource.sol_tickets",
            "module.apigateway.aws_api_gateway_resource.sol_tickets_messageId",
            "module.apigateway.aws_api_gateway_resource.sol_tickets_messageId_deviceId",
            "module.apigateway.aws_api_gateway_rest_api.solution_mqtt_server",
            "module.apigateway.aws_api_gateway_stage.mqtt_server_solution_api_stage",
            "module.apigateway.aws_cloudwatch_log_group.mqtt_server_solution_logs",
            "module.function.aws_lambda_event_source_mapping.trigger-cert-update",
            "module.function.aws_lambda_event_source_mapping.trigger-send-message",
            "module.function.aws_lambda_function.MQTT-CERT-UPDATE",
            "module.function.aws_lambda_function.MQTT-DEVICE-IOTCORE-ACCESS",
            "module.function.aws_lambda_function.MQTT-DEVICE-IOTCORE-PROHIBIT",
            "module.function.aws_lambda_function.MQTT-DEVICE-PRESENCE-UPDATE",
            "module.function.aws_lambda_function.MQTT-DEVICE-SHADOW-RETRIEVE",
            "module.function.aws_lambda_function.MQTT-DEVICE-STATUS-NOTIFY",
            "module.function.aws_lambda_function.MQTT-DEVICE-STATUS-RETRIEVE",
            "module.function.aws_lambda_function.MQTT-JITR",
            "module.function.aws_lambda_function.MQTT-MSG-STATUS-RETRIEVE",
            "module.function.aws_lambda_function.MQTT-SEND-MESSAGE",
            "module.function.aws_lambda_function.MQTT-TICKET-RESPONSE-UPDATE",
            "module.function.aws_lambda_layer_version.mqtt_common_layer",
            "module.function.data.archive_file.cret_update_zip",
            "module.function.data.archive_file.device_iotcore_access_zip",
            "module.function.data.archive_file.device_iotcore_prohibit_zip",
            "module.function.data.archive_file.device_presence_update_zip",
            "module.function.data.archive_file.device_shadow_retrieve_zip",
            "module.function.data.archive_file.device_status_notify_zip",
            "module.function.data.archive_file.device_status_retrieve_zip",
            "module.function.data.archive_file.mqtt_common_layer_zip",
            "module.function.data.archive_file.mqtt_jitr_zip",
            "module.function.data.archive_file.msg_status_retrieve_zip",
            "module.function.data.archive_file.send_message_zip",
            "module.function.data.archive_file.ticket_response_update_zip",
            "module.function.null_resource.cleanup_cert_update_zip",
            "module.function.null_resource.cleanup_common_layer_zip",
            "module.function.null_resource.cleanup_device_iotcore_zip",
            "module.function.null_resource.cleanup_device_presence_zip",
            "module.function.null_resource.cleanup_device_prohibit_zip",
            "module.function.null_resource.cleanup_device_shadow_zip",
            "module.function.null_resource.cleanup_device_status_zip",
            "module.function.null_resource.cleanup_mqtt_jitr_zip",
            "module.function.null_resource.cleanup_send_message_zip",
            "module.function.null_resource.cleanup_status_notify_zip",
            "module.function.null_resource.cleanup_status_retrieve_zip",
            "module.function.null_resource.cleanup_ticket_response_zip",
            "module.sqs.aws_sqs_queue.cert_update_notify",
            "module.sqs.aws_sqs_queue.presence_data_notify",
            "module.sqs.aws_sqs_queue.ticket_notify",
            "module.sqs.aws_sqs_queue_policy.policy_cert_update_notify",
            "module.sqs.aws_sqs_queue_policy.policy_ticket_notify",
            "module.sqs.aws_sqs_queue_policy.presence_data_notify"
          ]
        }
      ]
    },
    {
      "module": "module.apigateway",
      "mode": "managed",
      "type": "aws_api_gateway_deployment",
      "name": "mqtt_server_api_deployment",
      "provider": "provider[\"registry.terraform.io/hashicorp/aws\"]",
      "instances": [
        {
          "schema_version": 0,
          "attributes": {
            "created_date": "2026-01-20T09:32:49Z",
            "description": "",
            "id": "0m6rro",
            "region": "ap-northeast-1",
            "rest_api_id": "12ehl8kole",
            "triggers": null,
            "variables": null
          },
          "sensitive_attributes": [],
          "identity_schema_version": 0,
          "private": "bnVsbA==",
          "dependencies": [
            "data.aws_caller_identity.current",
            "module.apigateway.aws_api_gateway_integration.devices_deviceId_connectionStatus_lambda_integration",
            "module.apigateway.aws_api_gateway_integration.prohibited_devices_add_lambda_integration",
            "module.apigateway.aws_api_gateway_integration.prohibited_devices_remove_lambda_integration",
            "module.apigateway.aws_api_gateway_integration.tickets_groupId_lambda_integration",
            "module.apigateway.aws_api_gateway_integration.tickets_messageId_deviceId_lambda_integration",
            "module.apigateway.aws_api_gateway_integration.tickets_messageId_lambda_integration",
            "module.apigateway.aws_api_gateway_integration.tickets_send_sqs_integration",
            "module.apigateway.aws_api_gateway_method.get_devices_deviceId_connectionStatus",
            "module.apigateway.aws_api_gateway_method.get_tickets_groupId",
            "module.apigateway.aws_api_gateway_method.get_tickets_messageId",
            "module.apigateway.aws_api_gateway_method.get_tickets_messageId_deviceId",
            "module.apigateway.aws_api_gateway_method.post_tickets_send",
            "module.apigateway.aws_api_gateway_method.prohibited_devices_add",
            "module.apigateway.aws_api_gateway_method.prohibited_devices_remove",
            "module.apigateway.aws_api_gateway_resource.devices",
            "module.apigateway.aws_api_gateway_resource.devices_deviceId",
            "module.apigateway.aws_api_gateway_resource.devices_deviceId_connectionStatus",
            "module.apigateway.aws_api_gateway_resource.prohibited_devices",
            "module.apigateway.aws_api_gateway_resource.prohibited_devices_add",
            "module.apigateway.aws_api_gateway_resource.prohibited_devices_remove",
            "module.apigateway.aws_api_gateway_resource.tickets",
            "module.apigateway.aws_api_gateway_resource.tickets_messageId",
            "module.apigateway.aws_api_gateway_resource.tickets_messageId_deviceId",
            "module.apigateway.aws_api_gateway_resource.tickets_send",
            "module.apigateway.aws_api_gateway_rest_api.mqtt_server",
            "module.function.aws_lambda_event_source_mapping.trigger-cert-update",
            "module.function.aws_lambda_event_source_mapping.trigger-send-message",
            "module.function.aws_lambda_function.MQTT-CERT-UPDATE",
            "module.function.aws_lambda_function.MQTT-DEVICE-IOTCORE-ACCESS",
            "module.function.aws_lambda_function.MQTT-DEVICE-IOTCORE-PROHIBIT",
            "module.function.aws_lambda_function.MQTT-DEVICE-PRESENCE-UPDATE",
            "module.function.aws_lambda_function.MQTT-DEVICE-SHADOW-RETRIEVE",
            "module.function.aws_lambda_function.MQTT-DEVICE-STATUS-NOTIFY",
            "module.function.aws_lambda_function.MQTT-DEVICE-STATUS-RETRIEVE",
            "module.function.aws_lambda_function.MQTT-JITR",
            "module.function.aws_lambda_function.MQTT-MSG-STATUS-RETRIEVE",
            "module.function.aws_lambda_function.MQTT-SEND-MESSAGE",
            "module.function.aws_lambda_function.MQTT-TICKET-RESPONSE-UPDATE",
            "module.function.aws_lambda_layer_version.mqtt_common_layer",
            "module.function.data.archive_file.cret_update_zip",
            "module.function.data.archive_file.device_iotcore_access_zip",
            "module.function.data.archive_file.device_iotcore_prohibit_zip",
            "module.function.data.archive_file.device_presence_update_zip",
            "module.function.data.archive_file.device_shadow_retrieve_zip",
            "module.function.data.archive_file.device_status_notify_zip",
            "module.function.data.archive_file.device_status_retrieve_zip",
            "module.function.data.archive_file.mqtt_common_layer_zip",
            "module.function.data.archive_file.mqtt_jitr_zip",
            "module.function.data.archive_file.msg_status_retrieve_zip",
            "module.function.data.archive_file.send_message_zip",
            "module.function.data.archive_file.ticket_response_update_zip",
            "module.function.null_resource.cleanup_cert_update_zip",
            "module.function.null_resource.cleanup_common_layer_zip",
            "module.function.null_resource.cleanup_device_iotcore_zip",
            "module.function.null_resource.cleanup_device_presence_zip",
            "module.function.null_resource.cleanup_device_prohibit_zip",
            "module.function.null_resource.cleanup_device_shadow_zip",
            "module.function.null_resource.cleanup_device_status_zip",
            "module.function.null_resource.cleanup_mqtt_jitr_zip",
            "module.function.null_resource.cleanup_send_message_zip",
            "module.function.null_resource.cleanup_status_notify_zip",
            "module.function.null_resource.cleanup_status_retrieve_zip",
            "module.function.null_resource.cleanup_ticket_response_zip",
            "module.sqs.aws_sqs_queue.cert_update_notify",
            "module.sqs.aws_sqs_queue.presence_data_notify",
            "module.sqs.aws_sqs_queue.ticket_notify",
            "module.sqs.aws_sqs_queue_policy.policy_cert_update_notify",
            "module.sqs.aws_sqs_queue_policy.policy_ticket_notify",
            "module.sqs.aws_sqs_queue_policy.presence_data_notify"
          ]
        }
      ]
    },
    {
      "module": "module.apigateway",
      "mode": "managed",
      "type": "aws_api_gateway_deployment",
      "name": "mqtt_server_sol_api_deployment",
      "provider": "provider[\"registry.terraform.io/hashicorp/aws\"]",
      "instances": [
        {
          "schema_version": 0,
          "attributes": {
            "created_date": "2026-01-20T09:32:48Z",
            "description": "",
            "id": "mz09te",
            "region": "ap-northeast-1",
            "rest_api_id": "blgspy2i4b",
            "triggers": null,
            "variables": null
          },
          "sensitive_attributes": [],
          "identity_schema_version": 0,
          "private": "bnVsbA==",
          "dependencies": [
            "data.aws_caller_identity.current",
            "module.apigateway.aws_api_gateway_integration.device_deviceId_shadows_name_lambda_integration",
            "module.apigateway.aws_api_gateway_integration.iwsapp_message_send_sqs_integration",
            "module.apigateway.aws_api_gateway_integration.plugin_message_send_sqs_integration",
            "module.apigateway.aws_api_gateway_integration.sol_device_deviceId_connection_status_lambda_integration",
            "module.apigateway.aws_api_gateway_integration.sol_tickets_groupId_lambda_integration",
            "module.apigateway.aws_api_gateway_integration.sol_tickets_messageId_deviceId_lambda_integration",
            "module.apigateway.aws_api_gateway_integration.sol_tickets_messageId_lambda_integration",
            "module.apigateway.aws_api_gateway_method.get_device_deviceId_connection_status",
            "module.apigateway.aws_api_gateway_method.get_device_deviceId_shadows_name",
            "module.apigateway.aws_api_gateway_method.get_sol_tickets_groupId",
            "module.apigateway.aws_api_gateway_method.get_sol_tickets_messageId",
            "module.apigateway.aws_api_gateway_method.get_sol_tickets_messageId_deviceId",
            "module.apigateway.aws_api_gateway_method.iwsapp_message_send",
            "module.apigateway.aws_api_gateway_method.plugin_message_send",
            "module.apigateway.aws_api_gateway_resource.device_deviceId_connection_status",
            "module.apigateway.aws_api_gateway_resource.device_deviceId_shadows",
            "module.apigateway.aws_api_gateway_resource.device_deviceId_shadows_name",
            "module.apigateway.aws_api_gateway_resource.iwsapp_message",
            "module.apigateway.aws_api_gateway_resource.iwsapp_message_send",
            "module.apigateway.aws_api_gateway_resource.plugin_message",
            "module.apigateway.aws_api_gateway_resource.plugin_message_send",
            "module.apigateway.aws_api_gateway_resource.sol_device_deviceId",
            "module.apigateway.aws_api_gateway_resource.sol_devices",
            "module.apigateway.aws_api_gateway_resource.sol_tickets",
            "module.apigateway.aws_api_gateway_resource.sol_tickets_messageId",
            "module.apigateway.aws_api_gateway_resource.sol_tickets_messageId_deviceId",
            "module.apigateway.aws_api_gateway_rest_api.solution_mqtt_server",
            "module.function.aws_lambda_event_source_mapping.trigger-cert-update",
            "module.function.aws_lambda_event_source_mapping.trigger-send-message",
            "module.function.aws_lambda_function.MQTT-CERT-UPDATE",
            "module.function.aws_lambda_function.MQTT-DEVICE-IOTCORE-ACCESS",
            "module.function.aws_lambda_function.MQTT-DEVICE-IOTCORE-PROHIBIT",
            "module.function.aws_lambda_function.MQTT-DEVICE-PRESENCE-UPDATE",
            "module.function.aws_lambda_function.MQTT-DEVICE-SHADOW-RETRIEVE",
            "module.function.aws_lambda_function.MQTT-DEVICE-STATUS-NOTIFY",
            "module.function.aws_lambda_function.MQTT-DEVICE-STATUS-RETRIEVE",
            "module.function.aws_lambda_function.MQTT-JITR",
            "module.function.aws_lambda_function.MQTT-MSG-STATUS-RETRIEVE",
            "module.function.aws_lambda_function.MQTT-SEND-MESSAGE",
            "module.function.aws_lambda_function.MQTT-TICKET-RESPONSE-UPDATE",
            "module.function.aws_lambda_layer_version.mqtt_common_layer",
            "module.function.data.archive_file.cret_update_zip",
            "module.function.data.archive_file.device_iotcore_access_zip",
            "module.function.data.archive_file.device_iotcore_prohibit_zip",
            "module.function.data.archive_file.device_presence_update_zip",
            "module.function.data.archive_file.device_shadow_retrieve_zip",
            "module.function.data.archive_file.device_status_notify_zip",
            "module.function.data.archive_file.device_status_retrieve_zip",
            "module.function.data.archive_file.mqtt_common_layer_zip",
            "module.function.data.archive_file.mqtt_jitr_zip",
            "module.function.data.archive_file.msg_status_retrieve_zip",
            "module.function.data.archive_file.send_message_zip",
            "module.function.data.archive_file.ticket_response_update_zip",
            "module.function.null_resource.cleanup_cert_update_zip",
            "module.function.null_resource.cleanup_common_layer_zip",
            "module.function.null_resource.cleanup_device_iotcore_zip",
            "module.function.null_resource.cleanup_device_presence_zip",
            "module.function.null_resource.cleanup_device_prohibit_zip",
            "module.function.null_resource.cleanup_device_shadow_zip",
            "module.function.null_resource.cleanup_device_status_zip",
            "module.function.null_resource.cleanup_mqtt_jitr_zip",
            "module.function.null_resource.cleanup_send_message_zip",
            "module.function.null_resource.cleanup_status_notify_zip",
            "module.function.null_resource.cleanup_status_retrieve_zip",
            "module.function.null_resource.cleanup_ticket_response_zip",
            "module.sqs.aws_sqs_queue.cert_update_notify",
            "module.sqs.aws_sqs_queue.presence_data_notify",
            "module.sqs.aws_sqs_queue.ticket_notify",
            "module.sqs.aws_sqs_queue_policy.policy_cert_update_notify",
            "module.sqs.aws_sqs_queue_policy.policy_ticket_notify",
            "module.sqs.aws_sqs_queue_policy.presence_data_notify"
          ]
        }
      ]
    },
    {
      "module": "module.apigateway",
      "mode": "managed",
      "type": "aws_api_gateway_deployment",
      "name": "time_server_api_deployment",
      "provider": "provider[\"registry.terraform.io/hashicorp/aws\"]",
      "instances": [
        {
          "schema_version": 0,
          "attributes": {
            "created_date": "2026-01-20T09:32:37Z",
            "description": "",
            "id": "wzs491",
            "region": "ap-northeast-1",
            "rest_api_id": "igcsl55jl2",
            "triggers": null,
            "variables": null
          },
          "sensitive_attributes": [],
          "identity_schema_version": 0,
          "private": "bnVsbA==",
          "dependencies": [
            "data.aws_caller_identity.current",
            "module.apigateway.aws_api_gateway_integration.get_time_server_integration",
            "module.apigateway.aws_api_gateway_method.get_time_server",
            "module.apigateway.aws_api_gateway_rest_api.time_server",
            "module.function.aws_lambda_event_source_mapping.trigger-cert-update",
            "module.function.aws_lambda_event_source_mapping.trigger-send-message",
            "module.function.aws_lambda_function.MQTT-CERT-UPDATE",
            "module.function.aws_lambda_function.MQTT-DEVICE-IOTCORE-ACCESS",
            "module.function.aws_lambda_function.MQTT-DEVICE-IOTCORE-PROHIBIT",
            "module.function.aws_lambda_function.MQTT-DEVICE-PRESENCE-UPDATE",
            "module.function.aws_lambda_function.MQTT-DEVICE-SHADOW-RETRIEVE",
            "module.function.aws_lambda_function.MQTT-DEVICE-STATUS-NOTIFY",
            "module.function.aws_lambda_function.MQTT-DEVICE-STATUS-RETRIEVE",
            "module.function.aws_lambda_function.MQTT-JITR",
            "module.function.aws_lambda_function.MQTT-MSG-STATUS-RETRIEVE",
            "module.function.aws_lambda_function.MQTT-SEND-MESSAGE",
            "module.function.aws_lambda_function.MQTT-TICKET-RESPONSE-UPDATE",
            "module.function.aws_lambda_layer_version.mqtt_common_layer",
            "module.function.data.archive_file.cret_update_zip",
            "module.function.data.archive_file.device_iotcore_access_zip",
            "module.function.data.archive_file.device_iotcore_prohibit_zip",
            "module.function.data.archive_file.device_presence_update_zip",
            "module.function.data.archive_file.device_shadow_retrieve_zip",
            "module.function.data.archive_file.device_status_notify_zip",
            "module.function.data.archive_file.device_status_retrieve_zip",
            "module.function.data.archive_file.mqtt_common_layer_zip",
            "module.function.data.archive_file.mqtt_jitr_zip",
            "module.function.data.archive_file.msg_status_retrieve_zip",
            "module.function.data.archive_file.send_message_zip",
            "module.function.data.archive_file.ticket_response_update_zip",
            "module.function.null_resource.cleanup_cert_update_zip",
            "module.function.null_resource.cleanup_common_layer_zip",
            "module.function.null_resource.cleanup_device_iotcore_zip",
            "module.function.null_resource.cleanup_device_presence_zip",
            "module.function.null_resource.cleanup_device_prohibit_zip",
            "module.function.null_resource.cleanup_device_shadow_zip",
            "module.function.null_resource.cleanup_device_status_zip",
            "module.function.null_resource.cleanup_mqtt_jitr_zip",
            "module.function.null_resource.cleanup_send_message_zip",
            "module.function.null_resource.cleanup_status_notify_zip",
            "module.function.null_resource.cleanup_status_retrieve_zip",
            "module.function.null_resource.cleanup_ticket_response_zip",
            "module.sqs.aws_sqs_queue.cert_update_notify",
            "module.sqs.aws_sqs_queue.presence_data_notify",
            "module.sqs.aws_sqs_queue.ticket_notify",
            "module.sqs.aws_sqs_queue_policy.policy_cert_update_notify",
            "module.sqs.aws_sqs_queue_policy.policy_ticket_notify",
            "module.sqs.aws_sqs_queue_policy.presence_data_notify"
          ]
        }
      ]
    },
    {
      "module": "module.apigateway",
      "mode": "managed",
      "type": "aws_api_gateway_domain_name",
      "name": "api_custom_domain",
      "provider": "provider[\"registry.terraform.io/hashicorp/aws\"]",
      "instances": [
        {
          "schema_version": 0,
          "attributes": {
            "arn": "arn:aws:apigateway:ap-northeast-1::/domainnames/mqtt-server-jp.bt-fulltime-connect-dev.konicaminolta.jp",
            "certificate_arn": "",
            "certificate_body": null,
            "certificate_chain": null,
            "certificate_name": "",
            "certificate_private_key": null,
            "certificate_upload_date": "2026-01-20T09:32:30Z",
            "cloudfront_domain_name": "",
            "cloudfront_zone_id": "Z2FDTNDATAQYW2",
            "domain_name": "mqtt-server-jp.bt-fulltime-connect-dev.konicaminolta.jp",
            "domain_name_id": "",
            "endpoint_access_mode": "",
            "endpoint_configuration": [
              {
                "ip_address_type": "dualstack",
                "types": [
                  "REGIONAL"
                ]
              }
            ],
            "id": "mqtt-server-jp.bt-fulltime-connect-dev.konicaminolta.jp",
            "mutual_tls_authentication": [
              {
                "truststore_uri": "s3://wwrspf-mqtt-trust-store-dev/dev-ca.pem",
                "truststore_version": ""
              }
            ],
            "ownership_verification_certificate_arn": "",
            "policy": "",
            "region": "ap-northeast-1",
            "regional_certificate_arn": "arn:aws:acm:ap-northeast-1:277403262470:certificate/a650cdef-0cb2-4a0c-9388-145d2a2d01db",
            "regional_certificate_name": "",
            "regional_domain_name": "d-v9ier77jdh.execute-api.ap-northeast-1.amazonaws.com",
            "regional_zone_id": "Z1YSHQZHG15GKL",
            "security_policy": "TLS_1_2",
            "tags": {},
            "tags_all": {},
            "timeouts": null
          },
          "sensitive_attributes": [
            [
              {
                "type": "get_attr",
                "value": "certificate_private_key"
              }
            ]
          ],
          "identity_schema_version": 0,
          "private": "eyJlMmJmYjczMC1lY2FhLTExZTYtOGY4OC0zNDM2M2JjN2M0YzAiOnsiY3JlYXRlIjozNjAwMDAwMDAwMDAwLCJ1cGRhdGUiOjM2MDAwMDAwMDAwMDB9fQ==",
          "dependencies": [
            "data.aws_caller_identity.current",
            "module.function.aws_lambda_event_source_mapping.trigger-cert-update",
            "module.function.aws_lambda_event_source_mapping.trigger-send-message",
            "module.function.aws_lambda_function.MQTT-CERT-UPDATE",
            "module.function.aws_lambda_function.MQTT-DEVICE-IOTCORE-ACCESS",
            "module.function.aws_lambda_function.MQTT-DEVICE-IOTCORE-PROHIBIT",
            "module.function.aws_lambda_function.MQTT-DEVICE-PRESENCE-UPDATE",
            "module.function.aws_lambda_function.MQTT-DEVICE-SHADOW-RETRIEVE",
            "module.function.aws_lambda_function.MQTT-DEVICE-STATUS-NOTIFY",
            "module.function.aws_lambda_function.MQTT-DEVICE-STATUS-RETRIEVE",
            "module.function.aws_lambda_function.MQTT-JITR",
            "module.function.aws_lambda_function.MQTT-MSG-STATUS-RETRIEVE",
            "module.function.aws_lambda_function.MQTT-SEND-MESSAGE",
            "module.function.aws_lambda_function.MQTT-TICKET-RESPONSE-UPDATE",
            "module.function.aws_lambda_layer_version.mqtt_common_layer",
            "module.function.data.archive_file.cret_update_zip",
            "module.function.data.archive_file.device_iotcore_access_zip",
            "module.function.data.archive_file.device_iotcore_prohibit_zip",
            "module.function.data.archive_file.device_presence_update_zip",
            "module.function.data.archive_file.device_shadow_retrieve_zip",
            "module.function.data.archive_file.device_status_notify_zip",
            "module.function.data.archive_file.device_status_retrieve_zip",
            "module.function.data.archive_file.mqtt_common_layer_zip",
            "module.function.data.archive_file.mqtt_jitr_zip",
            "module.function.data.archive_file.msg_status_retrieve_zip",
            "module.function.data.archive_file.send_message_zip",
            "module.function.data.archive_file.ticket_response_update_zip",
            "module.function.null_resource.cleanup_cert_update_zip",
            "module.function.null_resource.cleanup_common_layer_zip",
            "module.function.null_resource.cleanup_device_iotcore_zip",
            "module.function.null_resource.cleanup_device_presence_zip",
            "module.function.null_resource.cleanup_device_prohibit_zip",
            "module.function.null_resource.cleanup_device_shadow_zip",
            "module.function.null_resource.cleanup_device_status_zip",
            "module.function.null_resource.cleanup_mqtt_jitr_zip",
            "module.function.null_resource.cleanup_send_message_zip",
            "module.function.null_resource.cleanup_status_notify_zip",
            "module.function.null_resource.cleanup_status_retrieve_zip",
            "module.function.null_resource.cleanup_ticket_response_zip",
            "module.sqs.aws_sqs_queue.cert_update_notify",
            "module.sqs.aws_sqs_queue.presence_data_notify",
            "module.sqs.aws_sqs_queue.ticket_notify",
            "module.sqs.aws_sqs_queue_policy.policy_cert_update_notify",
            "module.sqs.aws_sqs_queue_policy.policy_ticket_notify",
            "module.sqs.aws_sqs_queue_policy.presence_data_notify"
          ]
        }
      ]
    },
    {
      "module": "module.apigateway",
      "mode": "managed",
      "type": "aws_api_gateway_domain_name",
      "name": "api_sol_custom_domain",
      "provider": "provider[\"registry.terraform.io/hashicorp/aws\"]",
      "instances": [
        {
          "schema_version": 0,
          "attributes": {
            "arn": "arn:aws:apigateway:ap-northeast-1::/domainnames/mqtt-solution-server-jp.bt-fulltime-connect-dev.konicaminolta.jp",
            "certificate_arn": "",
            "certificate_body": null,
            "certificate_chain": null,
            "certificate_name": "",
            "certificate_private_key": null,
            "certificate_upload_date": "2026-01-20T09:34:10Z",
            "cloudfront_domain_name": "",
            "cloudfront_zone_id": "Z2FDTNDATAQYW2",
            "domain_name": "mqtt-solution-server-jp.bt-fulltime-connect-dev.konicaminolta.jp",
            "domain_name_id": "",
            "endpoint_access_mode": "",
            "endpoint_configuration": [
              {
                "ip_address_type": "dualstack",
                "types": [
                  "REGIONAL"
                ]
              }
            ],
            "id": "mqtt-solution-server-jp.bt-fulltime-connect-dev.konicaminolta.jp",
            "mutual_tls_authentication": [
              {
                "truststore_uri": "s3://s2pf-mqtt-trust-store-dev/dev-ca.pem",
                "truststore_version": ""
              }
            ],
            "ownership_verification_certificate_arn": "",
            "policy": "",
            "region": "ap-northeast-1",
            "regional_certificate_arn": "arn:aws:acm:ap-northeast-1:277403262470:certificate/a650cdef-0cb2-4a0c-9388-145d2a2d01db",
            "regional_certificate_name": "",
            "regional_domain_name": "d-w1q0ppgl7d.execute-api.ap-northeast-1.amazonaws.com",
            "regional_zone_id": "Z1YSHQZHG15GKL",
            "security_policy": "TLS_1_2",
            "tags": {},
            "tags_all": {},
            "timeouts": null
          },
          "sensitive_attributes": [
            [
              {
                "type": "get_attr",
                "value": "certificate_private_key"
              }
            ]
          ],
          "identity_schema_version": 0,
          "private": "eyJlMmJmYjczMC1lY2FhLTExZTYtOGY4OC0zNDM2M2JjN2M0YzAiOnsiY3JlYXRlIjozNjAwMDAwMDAwMDAwLCJ1cGRhdGUiOjM2MDAwMDAwMDAwMDB9fQ==",
          "dependencies": [
            "data.aws_caller_identity.current",
            "module.function.aws_lambda_event_source_mapping.trigger-cert-update",
            "module.function.aws_lambda_event_source_mapping.trigger-send-message",
            "module.function.aws_lambda_function.MQTT-CERT-UPDATE",
            "module.function.aws_lambda_function.MQTT-DEVICE-IOTCORE-ACCESS",
            "module.function.aws_lambda_function.MQTT-DEVICE-IOTCORE-PROHIBIT",
            "module.function.aws_lambda_function.MQTT-DEVICE-PRESENCE-UPDATE",
            "module.function.aws_lambda_function.MQTT-DEVICE-SHADOW-RETRIEVE",
            "module.function.aws_lambda_function.MQTT-DEVICE-STATUS-NOTIFY",
            "module.function.aws_lambda_function.MQTT-DEVICE-STATUS-RETRIEVE",
            "module.function.aws_lambda_function.MQTT-JITR",
            "module.function.aws_lambda_function.MQTT-MSG-STATUS-RETRIEVE",
            "module.function.aws_lambda_function.MQTT-SEND-MESSAGE",
            "module.function.aws_lambda_function.MQTT-TICKET-RESPONSE-UPDATE",
            "module.function.aws_lambda_layer_version.mqtt_common_layer",
            "module.function.data.archive_file.cret_update_zip",
            "module.function.data.archive_file.device_iotcore_access_zip",
            "module.function.data.archive_file.device_iotcore_prohibit_zip",
            "module.function.data.archive_file.device_presence_update_zip",
            "module.function.data.archive_file.device_shadow_retrieve_zip",
            "module.function.data.archive_file.device_status_notify_zip",
            "module.function.data.archive_file.device_status_retrieve_zip",
            "module.function.data.archive_file.mqtt_common_layer_zip",
            "module.function.data.archive_file.mqtt_jitr_zip",
            "module.function.data.archive_file.msg_status_retrieve_zip",
            "module.function.data.archive_file.send_message_zip",
            "module.function.data.archive_file.ticket_response_update_zip",
            "module.function.null_resource.cleanup_cert_update_zip",
            "module.function.null_resource.cleanup_common_layer_zip",
            "module.function.null_resource.cleanup_device_iotcore_zip",
            "module.function.null_resource.cleanup_device_presence_zip",
            "module.function.null_resource.cleanup_device_prohibit_zip",
            "module.function.null_resource.cleanup_device_shadow_zip",
            "module.function.null_resource.cleanup_device_status_zip",
            "module.function.null_resource.cleanup_mqtt_jitr_zip",
            "module.function.null_resource.cleanup_send_message_zip",
            "module.function.null_resource.cleanup_status_notify_zip",
            "module.function.null_resource.cleanup_status_retrieve_zip",
            "module.function.null_resource.cleanup_ticket_response_zip",
            "module.sqs.aws_sqs_queue.cert_update_notify",
            "module.sqs.aws_sqs_queue.presence_data_notify",
            "module.sqs.aws_sqs_queue.ticket_notify",
            "module.sqs.aws_sqs_queue_policy.policy_cert_update_notify",
            "module.sqs.aws_sqs_queue_policy.policy_ticket_notify",
            "module.sqs.aws_sqs_queue_policy.presence_data_notify"
          ]
        }
      ]
    },
    {
      "module": "module.apigateway",
      "mode": "managed",
      "type": "aws_api_gateway_domain_name",
      "name": "api_time_server_custom_domain",
      "provider": "provider[\"registry.terraform.io/hashicorp/aws\"]",
      "instances": [
        {
          "schema_version": 0,
          "attributes": {
            "arn": "arn:aws:apigateway:ap-northeast-1::/domainnames/mqtt-time-server-jp.bt-fulltime-connect-dev.konicaminolta.jp",
            "certificate_arn": "",
            "certificate_body": null,
            "certificate_chain": null,
            "certificate_name": "",
            "certificate_private_key": null,
            "certificate_upload_date": "2026-01-20T09:32:30Z",
            "cloudfront_domain_name": "",
            "cloudfront_zone_id": "Z2FDTNDATAQYW2",
            "domain_name": "mqtt-time-server-jp.bt-fulltime-connect-dev.konicaminolta.jp",
            "domain_name_id": "",
            "endpoint_access_mode": "",
            "endpoint_configuration": [
              {
                "ip_address_type": "dualstack",
                "types": [
                  "REGIONAL"
                ]
              }
            ],
            "id": "mqtt-time-server-jp.bt-fulltime-connect-dev.konicaminolta.jp",
            "mutual_tls_authentication": [],
            "ownership_verification_certificate_arn": "",
            "policy": "",
            "region": "ap-northeast-1",
            "regional_certificate_arn": "arn:aws:acm:ap-northeast-1:277403262470:certificate/a650cdef-0cb2-4a0c-9388-145d2a2d01db",
            "regional_certificate_name": "",
            "regional_domain_name": "d-dhale2fot3.execute-api.ap-northeast-1.amazonaws.com",
            "regional_zone_id": "Z1YSHQZHG15GKL",
            "security_policy": "TLS_1_2",
            "tags": {},
            "tags_all": {},
            "timeouts": null
          },
          "sensitive_attributes": [
            [
              {
                "type": "get_attr",
                "value": "certificate_private_key"
              }
            ]
          ],
          "identity_schema_version": 0,
          "private": "eyJlMmJmYjczMC1lY2FhLTExZTYtOGY4OC0zNDM2M2JjN2M0YzAiOnsiY3JlYXRlIjozNjAwMDAwMDAwMDAwLCJ1cGRhdGUiOjM2MDAwMDAwMDAwMDB9fQ==",
          "dependencies": [
            "data.aws_caller_identity.current",
            "module.function.aws_lambda_event_source_mapping.trigger-cert-update",
            "module.function.aws_lambda_event_source_mapping.trigger-send-message",
            "module.function.aws_lambda_function.MQTT-CERT-UPDATE",
            "module.function.aws_lambda_function.MQTT-DEVICE-IOTCORE-ACCESS",
            "module.function.aws_lambda_function.MQTT-DEVICE-IOTCORE-PROHIBIT",
            "module.function.aws_lambda_function.MQTT-DEVICE-PRESENCE-UPDATE",
            "module.function.aws_lambda_function.MQTT-DEVICE-SHADOW-RETRIEVE",
            "module.function.aws_lambda_function.MQTT-DEVICE-STATUS-NOTIFY",
            "module.function.aws_lambda_function.MQTT-DEVICE-STATUS-RETRIEVE",
            "module.function.aws_lambda_function.MQTT-JITR",
            "module.function.aws_lambda_function.MQTT-MSG-STATUS-RETRIEVE",
            "module.function.aws_lambda_function.MQTT-SEND-MESSAGE",
            "module.function.aws_lambda_function.MQTT-TICKET-RESPONSE-UPDATE",
            "module.function.aws_lambda_layer_version.mqtt_common_layer",
            "module.function.data.archive_file.cret_update_zip",
            "module.function.data.archive_file.device_iotcore_access_zip",
            "module.function.data.archive_file.device_iotcore_prohibit_zip",
            "module.function.data.archive_file.device_presence_update_zip",
            "module.function.data.archive_file.device_shadow_retrieve_zip",
            "module.function.data.archive_file.device_status_notify_zip",
            "module.function.data.archive_file.device_status_retrieve_zip",
            "module.function.data.archive_file.mqtt_common_layer_zip",
            "module.function.data.archive_file.mqtt_jitr_zip",
            "module.function.data.archive_file.msg_status_retrieve_zip",
            "module.function.data.archive_file.send_message_zip",
            "module.function.data.archive_file.ticket_response_update_zip",
            "module.function.null_resource.cleanup_cert_update_zip",
            "module.function.null_resource.cleanup_common_layer_zip",
            "module.function.null_resource.cleanup_device_iotcore_zip",
            "module.function.null_resource.cleanup_device_presence_zip",
            "module.function.null_resource.cleanup_device_prohibit_zip",
            "module.function.null_resource.cleanup_device_shadow_zip",
            "module.function.null_resource.cleanup_device_status_zip",
            "module.function.null_resource.cleanup_mqtt_jitr_zip",
            "module.function.null_resource.cleanup_send_message_zip",
            "module.function.null_resource.cleanup_status_notify_zip",
            "module.function.null_resource.cleanup_status_retrieve_zip",
            "module.function.null_resource.cleanup_ticket_response_zip",
            "module.sqs.aws_sqs_queue.cert_update_notify",
            "module.sqs.aws_sqs_queue.presence_data_notify",
            "module.sqs.aws_sqs_queue.ticket_notify",
            "module.sqs.aws_sqs_queue_policy.policy_cert_update_notify",
            "module.sqs.aws_sqs_queue_policy.policy_ticket_notify",
            "module.sqs.aws_sqs_queue_policy.presence_data_notify"
          ]
        }
      ]
    },
    {
      "module": "module.apigateway",
      "mode": "managed",
      "type": "aws_api_gateway_gateway_response",
      "name": "default_5xx",
      "provider": "provider[\"registry.terraform.io/hashicorp/aws\"]",
      "instances": [
        {
          "schema_version": 0,
          "attributes": {
            "id": "aggr-igcsl55jl2-DEFAULT_5XX",
            "region": "ap-northeast-1",
            "response_parameters": {},
            "response_templates": {
              "application/json": "{\n  \"code\": \"M53301\",\n  \"errorMessage\": \"An unknown error occurred.\"\n}"
            },
            "response_type": "DEFAULT_5XX",
            "rest_api_id": "igcsl55jl2",
            "status_code": "500"
          },
          "sensitive_attributes": [],
          "identity_schema_version": 0,
          "private": "bnVsbA==",
          "dependencies": [
            "data.aws_caller_identity.current",
            "module.apigateway.aws_api_gateway_rest_api.time_server",
            "module.function.aws_lambda_event_source_mapping.trigger-cert-update",
            "module.function.aws_lambda_event_source_mapping.trigger-send-message",
            "module.function.aws_lambda_function.MQTT-CERT-UPDATE",
            "module.function.aws_lambda_function.MQTT-DEVICE-IOTCORE-ACCESS",
            "module.function.aws_lambda_function.MQTT-DEVICE-IOTCORE-PROHIBIT",
            "module.function.aws_lambda_function.MQTT-DEVICE-PRESENCE-UPDATE",
            "module.function.aws_lambda_function.MQTT-DEVICE-SHADOW-RETRIEVE",
            "module.function.aws_lambda_function.MQTT-DEVICE-STATUS-NOTIFY",
            "module.function.aws_lambda_function.MQTT-DEVICE-STATUS-RETRIEVE",
            "module.function.aws_lambda_function.MQTT-JITR",
            "module.function.aws_lambda_function.MQTT-MSG-STATUS-RETRIEVE",
            "module.function.aws_lambda_function.MQTT-SEND-MESSAGE",
            "module.function.aws_lambda_function.MQTT-TICKET-RESPONSE-UPDATE",
            "module.function.aws_lambda_layer_version.mqtt_common_layer",
            "module.function.data.archive_file.cret_update_zip",
            "module.function.data.archive_file.device_iotcore_access_zip",
            "module.function.data.archive_file.device_iotcore_prohibit_zip",
            "module.function.data.archive_file.device_presence_update_zip",
            "module.function.data.archive_file.device_shadow_retrieve_zip",
            "module.function.data.archive_file.device_status_notify_zip",
            "module.function.data.archive_file.device_status_retrieve_zip",
            "module.function.data.archive_file.mqtt_common_layer_zip",
            "module.function.data.archive_file.mqtt_jitr_zip",
            "module.function.data.archive_file.msg_status_retrieve_zip",
            "module.function.data.archive_file.send_message_zip",
            "module.function.data.archive_file.ticket_response_update_zip",
            "module.function.null_resource.cleanup_cert_update_zip",
            "module.function.null_resource.cleanup_common_layer_zip",
            "module.function.null_resource.cleanup_device_iotcore_zip",
            "module.function.null_resource.cleanup_device_presence_zip",
            "module.function.null_resource.cleanup_device_prohibit_zip",
            "module.function.null_resource.cleanup_device_shadow_zip",
            "module.function.null_resource.cleanup_device_status_zip",
            "module.function.null_resource.cleanup_mqtt_jitr_zip",
            "module.function.null_resource.cleanup_send_message_zip",
            "module.function.null_resource.cleanup_status_notify_zip",
            "module.function.null_resource.cleanup_status_retrieve_zip",
            "module.function.null_resource.cleanup_ticket_response_zip",
            "module.sqs.aws_sqs_queue.cert_update_notify",
            "module.sqs.aws_sqs_queue.presence_data_notify",
            "module.sqs.aws_sqs_queue.ticket_notify",
            "module.sqs.aws_sqs_queue_policy.policy_cert_update_notify",
            "module.sqs.aws_sqs_queue_policy.policy_ticket_notify",
            "module.sqs.aws_sqs_queue_policy.presence_data_notify"
          ]
        }
      ]
    },
    {
      "module": "module.apigateway",
      "mode": "managed",
      "type": "aws_api_gateway_gateway_response",
      "name": "default_5xx_mqtt_server",
      "provider": "provider[\"registry.terraform.io/hashicorp/aws\"]",
      "instances": [
        {
          "schema_version": 0,
          "attributes": {
            "id": "aggr-12ehl8kole-DEFAULT_5XX",
            "region": "ap-northeast-1",
            "response_parameters": {},
            "response_templates": {
              "application/json": "{\n  \"code\": \"M53101\",\n  \"errorMessage\": \"An unknown error occurred.\"\n}"
            },
            "response_type": "DEFAULT_5XX",
            "rest_api_id": "12ehl8kole",
            "status_code": "500"
          },
          "sensitive_attributes": [],
          "identity_schema_version": 0,
          "private": "bnVsbA==",
          "dependencies": [
            "data.aws_caller_identity.current",
            "module.apigateway.aws_api_gateway_rest_api.mqtt_server",
            "module.function.aws_lambda_event_source_mapping.trigger-cert-update",
            "module.function.aws_lambda_event_source_mapping.trigger-send-message",
            "module.function.aws_lambda_function.MQTT-CERT-UPDATE",
            "module.function.aws_lambda_function.MQTT-DEVICE-IOTCORE-ACCESS",
            "module.function.aws_lambda_function.MQTT-DEVICE-IOTCORE-PROHIBIT",
            "module.function.aws_lambda_function.MQTT-DEVICE-PRESENCE-UPDATE",
            "module.function.aws_lambda_function.MQTT-DEVICE-SHADOW-RETRIEVE",
            "module.function.aws_lambda_function.MQTT-DEVICE-STATUS-NOTIFY",
            "module.function.aws_lambda_function.MQTT-DEVICE-STATUS-RETRIEVE",
            "module.function.aws_lambda_function.MQTT-JITR",
            "module.function.aws_lambda_function.MQTT-MSG-STATUS-RETRIEVE",
            "module.function.aws_lambda_function.MQTT-SEND-MESSAGE",
            "module.function.aws_lambda_function.MQTT-TICKET-RESPONSE-UPDATE",
            "module.function.aws_lambda_layer_version.mqtt_common_layer",
            "module.function.data.archive_file.cret_update_zip",
            "module.function.data.archive_file.device_iotcore_access_zip",
            "module.function.data.archive_file.device_iotcore_prohibit_zip",
            "module.function.data.archive_file.device_presence_update_zip",
            "module.function.data.archive_file.device_shadow_retrieve_zip",
            "module.function.data.archive_file.device_status_notify_zip",
            "module.function.data.archive_file.device_status_retrieve_zip",
            "module.function.data.archive_file.mqtt_common_layer_zip",
            "module.function.data.archive_file.mqtt_jitr_zip",
            "module.function.data.archive_file.msg_status_retrieve_zip",
            "module.function.data.archive_file.send_message_zip",
            "module.function.data.archive_file.ticket_response_update_zip",
            "module.function.null_resource.cleanup_cert_update_zip",
            "module.function.null_resource.cleanup_common_layer_zip",
            "module.function.null_resource.cleanup_device_iotcore_zip",
            "module.function.null_resource.cleanup_device_presence_zip",
            "module.function.null_resource.cleanup_device_prohibit_zip",
            "module.function.null_resource.cleanup_device_shadow_zip",
            "module.function.null_resource.cleanup_device_status_zip",
            "module.function.null_resource.cleanup_mqtt_jitr_zip",
            "module.function.null_resource.cleanup_send_message_zip",
            "module.function.null_resource.cleanup_status_notify_zip",
            "module.function.null_resource.cleanup_status_retrieve_zip",
            "module.function.null_resource.cleanup_ticket_response_zip",
            "module.sqs.aws_sqs_queue.cert_update_notify",
            "module.sqs.aws_sqs_queue.presence_data_notify",
            "module.sqs.aws_sqs_queue.ticket_notify",
            "module.sqs.aws_sqs_queue_policy.policy_cert_update_notify",
            "module.sqs.aws_sqs_queue_policy.policy_ticket_notify",
            "module.sqs.aws_sqs_queue_policy.presence_data_notify"
          ]
        }
      ]
    },
    {
      "module": "module.apigateway",
      "mode": "managed",
      "type": "aws_api_gateway_gateway_response",
      "name": "default_5xx_solution_server",
      "provider": "provider[\"registry.terraform.io/hashicorp/aws\"]",
      "instances": [
        {
          "schema_version": 0,
          "attributes": {
            "id": "aggr-blgspy2i4b-DEFAULT_5XX",
            "region": "ap-northeast-1",
            "response_parameters": {},
            "response_templates": {
              "application/json": "{\n  \"code\": \"M53201\",\n  \"errorMessage\": \"An unknown error occurred.\"\n}"
            },
            "response_type": "DEFAULT_5XX",
            "rest_api_id": "blgspy2i4b",
            "status_code": "500"
          },
          "sensitive_attributes": [],
          "identity_schema_version": 0,
          "private": "bnVsbA==",
          "dependencies": [
            "data.aws_caller_identity.current",
            "module.apigateway.aws_api_gateway_rest_api.solution_mqtt_server",
            "module.function.aws_lambda_event_source_mapping.trigger-cert-update",
            "module.function.aws_lambda_event_source_mapping.trigger-send-message",
            "module.function.aws_lambda_function.MQTT-CERT-UPDATE",
            "module.function.aws_lambda_function.MQTT-DEVICE-IOTCORE-ACCESS",
            "module.function.aws_lambda_function.MQTT-DEVICE-IOTCORE-PROHIBIT",
            "module.function.aws_lambda_function.MQTT-DEVICE-PRESENCE-UPDATE",
            "module.function.aws_lambda_function.MQTT-DEVICE-SHADOW-RETRIEVE",
            "module.function.aws_lambda_function.MQTT-DEVICE-STATUS-NOTIFY",
            "module.function.aws_lambda_function.MQTT-DEVICE-STATUS-RETRIEVE",
            "module.function.aws_lambda_function.MQTT-JITR",
            "module.function.aws_lambda_function.MQTT-MSG-STATUS-RETRIEVE",
            "module.function.aws_lambda_function.MQTT-SEND-MESSAGE",
            "module.function.aws_lambda_function.MQTT-TICKET-RESPONSE-UPDATE",
            "module.function.aws_lambda_layer_version.mqtt_common_layer",
            "module.function.data.archive_file.cret_update_zip",
            "module.function.data.archive_file.device_iotcore_access_zip",
            "module.function.data.archive_file.device_iotcore_prohibit_zip",
            "module.function.data.archive_file.device_presence_update_zip",
            "module.function.data.archive_file.device_shadow_retrieve_zip",
            "module.function.data.archive_file.device_status_notify_zip",
            "module.function.data.archive_file.device_status_retrieve_zip",
            "module.function.data.archive_file.mqtt_common_layer_zip",
            "module.function.data.archive_file.mqtt_jitr_zip",
            "module.function.data.archive_file.msg_status_retrieve_zip",
            "module.function.data.archive_file.send_message_zip",
            "module.function.data.archive_file.ticket_response_update_zip",
            "module.function.null_resource.cleanup_cert_update_zip",
            "module.function.null_resource.cleanup_common_layer_zip",
            "module.function.null_resource.cleanup_device_iotcore_zip",
            "module.function.null_resource.cleanup_device_presence_zip",
            "module.function.null_resource.cleanup_device_prohibit_zip",
            "module.function.null_resource.cleanup_device_shadow_zip",
            "module.function.null_resource.cleanup_device_status_zip",
            "module.function.null_resource.cleanup_mqtt_jitr_zip",
            "module.function.null_resource.cleanup_send_message_zip",
            "module.function.null_resource.cleanup_status_notify_zip",
            "module.function.null_resource.cleanup_status_retrieve_zip",
            "module.function.null_resource.cleanup_ticket_response_zip",
            "module.sqs.aws_sqs_queue.cert_update_notify",
            "module.sqs.aws_sqs_queue.presence_data_notify",
            "module.sqs.aws_sqs_queue.ticket_notify",
            "module.sqs.aws_sqs_queue_policy.policy_cert_update_notify",
            "module.sqs.aws_sqs_queue_policy.policy_ticket_notify",
            "module.sqs.aws_sqs_queue_policy.presence_data_notify"
          ]
        }
      ]
    },
    {
      "module": "module.apigateway",
      "mode": "managed",
      "type": "aws_api_gateway_integration",
      "name": "device_deviceId_shadows_name_lambda_integration",
      "provider": "provider[\"registry.terraform.io/hashicorp/aws\"]",
      "instances": [
        {
          "schema_version": 0,
          "attributes": {
            "cache_key_parameters": [],
            "cache_namespace": "m6zx62",
            "connection_id": "",
            "connection_type": "INTERNET",
            "content_handling": "",
            "credentials": "arn:aws:iam::277403262470:role/WWRSPFMQTTAPIGatewayAccess",
            "http_method": "GET",
            "id": "agi-blgspy2i4b-m6zx62-GET",
            "integration_http_method": "POST",
            "integration_target": "",
            "passthrough_behavior": "WHEN_NO_MATCH",
            "region": "ap-northeast-1",
            "request_parameters": {},
            "request_templates": {
              "application/json": "{\n    \"deviceId\": \"$input.params('deviceId')\",\n    \"name\": \"$input.params('name')\"\n}\n"
            },
            "resource_id": "m6zx62",
            "response_transfer_mode": "BUFFERED",
            "rest_api_id": "blgspy2i4b",
            "timeout_milliseconds": 29000,
            "tls_config": [],
            "type": "AWS",
            "uri": "arn:aws:apigateway:ap-northeast-1:lambda:path/2015-03-31/functions/arn:aws:lambda:ap-northeast-1:277403262470:function:MQTT-DEVICE-SHADOW-RETRIEVE/invocations"
          },
          "sensitive_attributes": [],
          "identity_schema_version": 0,
          "private": "bnVsbA==",
          "dependencies": [
            "data.aws_caller_identity.current",
            "module.apigateway.aws_api_gateway_method.get_device_deviceId_shadows_name",
            "module.apigateway.aws_api_gateway_resource.device_deviceId_shadows",
            "module.apigateway.aws_api_gateway_resource.device_deviceId_shadows_name",
            "module.apigateway.aws_api_gateway_resource.sol_device_deviceId",
            "module.apigateway.aws_api_gateway_resource.sol_devices",
            "module.apigateway.aws_api_gateway_rest_api.solution_mqtt_server",
            "module.function.aws_lambda_event_source_mapping.trigger-cert-update",
            "module.function.aws_lambda_event_source_mapping.trigger-send-message",
            "module.function.aws_lambda_function.MQTT-CERT-UPDATE",
            "module.function.aws_lambda_function.MQTT-DEVICE-IOTCORE-ACCESS",
            "module.function.aws_lambda_function.MQTT-DEVICE-IOTCORE-PROHIBIT",
            "module.function.aws_lambda_function.MQTT-DEVICE-PRESENCE-UPDATE",
            "module.function.aws_lambda_function.MQTT-DEVICE-SHADOW-RETRIEVE",
            "module.function.aws_lambda_function.MQTT-DEVICE-STATUS-NOTIFY",
            "module.function.aws_lambda_function.MQTT-DEVICE-STATUS-RETRIEVE",
            "module.function.aws_lambda_function.MQTT-JITR",
            "module.function.aws_lambda_function.MQTT-MSG-STATUS-RETRIEVE",
            "module.function.aws_lambda_function.MQTT-SEND-MESSAGE",
            "module.function.aws_lambda_function.MQTT-TICKET-RESPONSE-UPDATE",
            "module.function.aws_lambda_layer_version.mqtt_common_layer",
            "module.function.data.archive_file.cret_update_zip",
            "module.function.data.archive_file.device_iotcore_access_zip",
            "module.function.data.archive_file.device_iotcore_prohibit_zip",
            "module.function.data.archive_file.device_presence_update_zip",
            "module.function.data.archive_file.device_shadow_retrieve_zip",
            "module.function.data.archive_file.device_status_notify_zip",
            "module.function.data.archive_file.device_status_retrieve_zip",
            "module.function.data.archive_file.mqtt_common_layer_zip",
            "module.function.data.archive_file.mqtt_jitr_zip",
            "module.function.data.archive_file.msg_status_retrieve_zip",
            "module.function.data.archive_file.send_message_zip",
            "module.function.data.archive_file.ticket_response_update_zip",
            "module.function.null_resource.cleanup_cert_update_zip",
            "module.function.null_resource.cleanup_common_layer_zip",
            "module.function.null_resource.cleanup_device_iotcore_zip",
            "module.function.null_resource.cleanup_device_presence_zip",
            "module.function.null_resource.cleanup_device_prohibit_zip",
            "module.function.null_resource.cleanup_device_shadow_zip",
            "module.function.null_resource.cleanup_device_status_zip",
            "module.function.null_resource.cleanup_mqtt_jitr_zip",
            "module.function.null_resource.cleanup_send_message_zip",
            "module.function.null_resource.cleanup_status_notify_zip",
            "module.function.null_resource.cleanup_status_retrieve_zip",
            "module.function.null_resource.cleanup_ticket_response_zip",
            "module.sqs.aws_sqs_queue.cert_update_notify",
            "module.sqs.aws_sqs_queue.presence_data_notify",
            "module.sqs.aws_sqs_queue.ticket_notify",
            "module.sqs.aws_sqs_queue_policy.policy_cert_update_notify",
            "module.sqs.aws_sqs_queue_policy.policy_ticket_notify",
            "module.sqs.aws_sqs_queue_policy.presence_data_notify"
          ]
        }
      ]
    },
    {
      "module": "module.apigateway",
      "mode": "managed",
      "type": "aws_api_gateway_integration",
      "name": "devices_deviceId_connectionStatus_lambda_integration",
      "provider": "provider[\"registry.terraform.io/hashicorp/aws\"]",
      "instances": [
        {
          "schema_version": 0,
          "attributes": {
            "cache_key_parameters": [],
            "cache_namespace": "ykr079",
            "connection_id": "",
            "connection_type": "INTERNET",
            "content_handling": "",
            "credentials": "arn:aws:iam::277403262470:role/WWRSPFMQTTAPIGatewayAccess",
            "http_method": "GET",
            "id": "agi-12ehl8kole-ykr079-GET",
            "integration_http_method": "POST",
            "integration_target": "",
            "passthrough_behavior": "WHEN_NO_MATCH",
            "region": "ap-northeast-1",
            "request_parameters": {},
            "request_templates": {
              "application/json": "{\n    \"deviceId\": \"$input.params('deviceId')\"\n}\n"
            },
            "resource_id": "ykr079",
            "response_transfer_mode": "BUFFERED",
            "rest_api_id": "12ehl8kole",
            "timeout_milliseconds": 29000,
            "tls_config": [],
            "type": "AWS",
            "uri": "arn:aws:apigateway:ap-northeast-1:lambda:path/2015-03-31/functions/arn:aws:lambda:ap-northeast-1:277403262470:function:MQTT-DEVICE-STATUS-RETRIEVE/invocations"
          },
          "sensitive_attributes": [],
          "identity_schema_version": 0,
          "private": "bnVsbA==",
          "dependencies": [
            "data.aws_caller_identity.current",
            "module.apigateway.aws_api_gateway_method.get_devices_deviceId_connectionStatus",
            "module.apigateway.aws_api_gateway_resource.devices",
            "module.apigateway.aws_api_gateway_resource.devices_deviceId",
            "module.apigateway.aws_api_gateway_resource.devices_deviceId_connectionStatus",
            "module.apigateway.aws_api_gateway_rest_api.mqtt_server",
            "module.function.aws_lambda_event_source_mapping.trigger-cert-update",
            "module.function.aws_lambda_event_source_mapping.trigger-send-message",
            "module.function.aws_lambda_function.MQTT-CERT-UPDATE",
            "module.function.aws_lambda_function.MQTT-DEVICE-IOTCORE-ACCESS",
            "module.function.aws_lambda_function.MQTT-DEVICE-IOTCORE-PROHIBIT",
            "module.function.aws_lambda_function.MQTT-DEVICE-PRESENCE-UPDATE",
            "module.function.aws_lambda_function.MQTT-DEVICE-SHADOW-RETRIEVE",
            "module.function.aws_lambda_function.MQTT-DEVICE-STATUS-NOTIFY",
            "module.function.aws_lambda_function.MQTT-DEVICE-STATUS-RETRIEVE",
            "module.function.aws_lambda_function.MQTT-JITR",
            "module.function.aws_lambda_function.MQTT-MSG-STATUS-RETRIEVE",
            "module.function.aws_lambda_function.MQTT-SEND-MESSAGE",
            "module.function.aws_lambda_function.MQTT-TICKET-RESPONSE-UPDATE",
            "module.function.aws_lambda_layer_version.mqtt_common_layer",
            "module.function.data.archive_file.cret_update_zip",
            "module.function.data.archive_file.device_iotcore_access_zip",
            "module.function.data.archive_file.device_iotcore_prohibit_zip",
            "module.function.data.archive_file.device_presence_update_zip",
            "module.function.data.archive_file.device_shadow_retrieve_zip",
            "module.function.data.archive_file.device_status_notify_zip",
            "module.function.data.archive_file.device_status_retrieve_zip",
            "module.function.data.archive_file.mqtt_common_layer_zip",
            "module.function.data.archive_file.mqtt_jitr_zip",
            "module.function.data.archive_file.msg_status_retrieve_zip",
            "module.function.data.archive_file.send_message_zip",
            "module.function.data.archive_file.ticket_response_update_zip",
            "module.function.null_resource.cleanup_cert_update_zip",
            "module.function.null_resource.cleanup_common_layer_zip",
            "module.function.null_resource.cleanup_device_iotcore_zip",
            "module.function.null_resource.cleanup_device_presence_zip",
            "module.function.null_resource.cleanup_device_prohibit_zip",
            "module.function.null_resource.cleanup_device_shadow_zip",
            "module.function.null_resource.cleanup_device_status_zip",
            "module.function.null_resource.cleanup_mqtt_jitr_zip",
            "module.function.null_resource.cleanup_send_message_zip",
            "module.function.null_resource.cleanup_status_notify_zip",
            "module.function.null_resource.cleanup_status_retrieve_zip",
            "module.function.null_resource.cleanup_ticket_response_zip",
            "module.sqs.aws_sqs_queue.cert_update_notify",
            "module.sqs.aws_sqs_queue.presence_data_notify",
            "module.sqs.aws_sqs_queue.ticket_notify",
            "module.sqs.aws_sqs_queue_policy.policy_cert_update_notify",
            "module.sqs.aws_sqs_queue_policy.policy_ticket_notify",
            "module.sqs.aws_sqs_queue_policy.presence_data_notify"
          ]
        }
      ]
    },
    {
      "module": "module.apigateway",
      "mode": "managed",
      "type": "aws_api_gateway_integration",
      "name": "get_time_server_integration",
      "provider": "provider[\"registry.terraform.io/hashicorp/aws\"]",
      "instances": [
        {
          "schema_version": 0,
          "attributes": {
            "cache_key_parameters": [],
            "cache_namespace": "1fhgyinmod",
            "connection_id": "",
            "connection_type": "INTERNET",
            "content_handling": "",
            "credentials": "",
            "http_method": "GET",
            "id": "agi-igcsl55jl2-1fhgyinmod-GET",
            "integration_http_method": "",
            "integration_target": "",
            "passthrough_behavior": "WHEN_NO_MATCH",
            "region": "ap-northeast-1",
            "request_parameters": {},
            "request_templates": {
              "application/json": "{ \"statusCode\": 200 }"
            },
            "resource_id": "1fhgyinmod",
            "response_transfer_mode": "BUFFERED",
            "rest_api_id": "igcsl55jl2",
            "timeout_milliseconds": 29000,
            "tls_config": [],
            "type": "MOCK",
            "uri": ""
          },
          "sensitive_attributes": [],
          "identity_schema_version": 0,
          "private": "bnVsbA==",
          "dependencies": [
            "data.aws_caller_identity.current",
            "module.apigateway.aws_api_gateway_method.get_time_server",
            "module.apigateway.aws_api_gateway_rest_api.time_server",
            "module.function.aws_lambda_event_source_mapping.trigger-cert-update",
            "module.function.aws_lambda_event_source_mapping.trigger-send-message",
            "module.function.aws_lambda_function.MQTT-CERT-UPDATE",
            "module.function.aws_lambda_function.MQTT-DEVICE-IOTCORE-ACCESS",
            "module.function.aws_lambda_function.MQTT-DEVICE-IOTCORE-PROHIBIT",
            "module.function.aws_lambda_function.MQTT-DEVICE-PRESENCE-UPDATE",
            "module.function.aws_lambda_function.MQTT-DEVICE-SHADOW-RETRIEVE",
            "module.function.aws_lambda_function.MQTT-DEVICE-STATUS-NOTIFY",
            "module.function.aws_lambda_function.MQTT-DEVICE-STATUS-RETRIEVE",
            "module.function.aws_lambda_function.MQTT-JITR",
            "module.function.aws_lambda_function.MQTT-MSG-STATUS-RETRIEVE",
            "module.function.aws_lambda_function.MQTT-SEND-MESSAGE",
            "module.function.aws_lambda_function.MQTT-TICKET-RESPONSE-UPDATE",
            "module.function.aws_lambda_layer_version.mqtt_common_layer",
            "module.function.data.archive_file.cret_update_zip",
            "module.function.data.archive_file.device_iotcore_access_zip",
            "module.function.data.archive_file.device_iotcore_prohibit_zip",
            "module.function.data.archive_file.device_presence_update_zip",
            "module.function.data.archive_file.device_shadow_retrieve_zip",
            "module.function.data.archive_file.device_status_notify_zip",
            "module.function.data.archive_file.device_status_retrieve_zip",
            "module.function.data.archive_file.mqtt_common_layer_zip",
            "module.function.data.archive_file.mqtt_jitr_zip",
            "module.function.data.archive_file.msg_status_retrieve_zip",
            "module.function.data.archive_file.send_message_zip",
            "module.function.data.archive_file.ticket_response_update_zip",
            "module.function.null_resource.cleanup_cert_update_zip",
            "module.function.null_resource.cleanup_common_layer_zip",
            "module.function.null_resource.cleanup_device_iotcore_zip",
            "module.function.null_resource.cleanup_device_presence_zip",
            "module.function.null_resource.cleanup_device_prohibit_zip",
            "module.function.null_resource.cleanup_device_shadow_zip",
            "module.function.null_resource.cleanup_device_status_zip",
            "module.function.null_resource.cleanup_mqtt_jitr_zip",
            "module.function.null_resource.cleanup_send_message_zip",
            "module.function.null_resource.cleanup_status_notify_zip",
            "module.function.null_resource.cleanup_status_retrieve_zip",
            "module.function.null_resource.cleanup_ticket_response_zip",
            "module.sqs.aws_sqs_queue.cert_update_notify",
            "module.sqs.aws_sqs_queue.presence_data_notify",
            "module.sqs.aws_sqs_queue.ticket_notify",
            "module.sqs.aws_sqs_queue_policy.policy_cert_update_notify",
            "module.sqs.aws_sqs_queue_policy.policy_ticket_notify",
            "module.sqs.aws_sqs_queue_policy.presence_data_notify"
          ]
        }
      ]
    },
    {
      "module": "module.apigateway",
      "mode": "managed",
      "type": "aws_api_gateway_integration",
      "name": "iwsapp_message_send_sqs_integration",
      "provider": "provider[\"registry.terraform.io/hashicorp/aws\"]",
      "instances": [
        {
          "schema_version": 0,
          "attributes": {
            "cache_key_parameters": [],
            "cache_namespace": "3ykxq2",
            "connection_id": "",
            "connection_type": "INTERNET",
            "content_handling": "",
            "credentials": "arn:aws:iam::277403262470:role/WWRSPFMQTTAPIGatewayAccess",
            "http_method": "POST",
            "id": "agi-blgspy2i4b-3ykxq2-POST",
            "integration_http_method": "POST",
            "integration_target": "",
            "passthrough_behavior": "WHEN_NO_MATCH",
            "region": "ap-northeast-1",
            "request_parameters": {
              "integration.request.header.Content-Type": "'application/x-www-form-urlencoded'"
            },
            "request_templates": {
              "application/json": "Action=SendMessage\u0026Version=2012-11-05\u0026MessageBody=$util.urlEncode($input.body)\u0026MessageAttribute.1.Name=rspType\u0026MessageAttribute.1.Value.DataType=Number\u0026MessageAttribute.1.Value.StringValue=10001"
            },
            "resource_id": "3ykxq2",
            "response_transfer_mode": "BUFFERED",
            "rest_api_id": "blgspy2i4b",
            "timeout_milliseconds": 29000,
            "tls_config": [],
            "type": "AWS",
            "uri": "arn:aws:apigateway:ap-northeast-1:sqs:path/277403262470/wwrspf-mqtt-ticket-notify"
          },
          "sensitive_attributes": [],
          "identity_schema_version": 0,
          "private": "bnVsbA==",
          "dependencies": [
            "data.aws_caller_identity.current",
            "module.apigateway.aws_api_gateway_method.iwsapp_message_send",
            "module.apigateway.aws_api_gateway_resource.iwsapp_message",
            "module.apigateway.aws_api_gateway_resource.iwsapp_message_send",
            "module.apigateway.aws_api_gateway_rest_api.solution_mqtt_server",
            "module.function.aws_lambda_event_source_mapping.trigger-cert-update",
            "module.function.aws_lambda_event_source_mapping.trigger-send-message",
            "module.function.aws_lambda_function.MQTT-CERT-UPDATE",
            "module.function.aws_lambda_function.MQTT-DEVICE-IOTCORE-ACCESS",
            "module.function.aws_lambda_function.MQTT-DEVICE-IOTCORE-PROHIBIT",
            "module.function.aws_lambda_function.MQTT-DEVICE-PRESENCE-UPDATE",
            "module.function.aws_lambda_function.MQTT-DEVICE-SHADOW-RETRIEVE",
            "module.function.aws_lambda_function.MQTT-DEVICE-STATUS-NOTIFY",
            "module.function.aws_lambda_function.MQTT-DEVICE-STATUS-RETRIEVE",
            "module.function.aws_lambda_function.MQTT-JITR",
            "module.function.aws_lambda_function.MQTT-MSG-STATUS-RETRIEVE",
            "module.function.aws_lambda_function.MQTT-SEND-MESSAGE",
            "module.function.aws_lambda_function.MQTT-TICKET-RESPONSE-UPDATE",
            "module.function.aws_lambda_layer_version.mqtt_common_layer",
            "module.function.data.archive_file.cret_update_zip",
            "module.function.data.archive_file.device_iotcore_access_zip",
            "module.function.data.archive_file.device_iotcore_prohibit_zip",
            "module.function.data.archive_file.device_presence_update_zip",
            "module.function.data.archive_file.device_shadow_retrieve_zip",
            "module.function.data.archive_file.device_status_notify_zip",
            "module.function.data.archive_file.device_status_retrieve_zip",
            "module.function.data.archive_file.mqtt_common_layer_zip",
            "module.function.data.archive_file.mqtt_jitr_zip",
            "module.function.data.archive_file.msg_status_retrieve_zip",
            "module.function.data.archive_file.send_message_zip",
            "module.function.data.archive_file.ticket_response_update_zip",
            "module.function.null_resource.cleanup_cert_update_zip",
            "module.function.null_resource.cleanup_common_layer_zip",
            "module.function.null_resource.cleanup_device_iotcore_zip",
            "module.function.null_resource.cleanup_device_presence_zip",
            "module.function.null_resource.cleanup_device_prohibit_zip",
            "module.function.null_resource.cleanup_device_shadow_zip",
            "module.function.null_resource.cleanup_device_status_zip",
            "module.function.null_resource.cleanup_mqtt_jitr_zip",
            "module.function.null_resource.cleanup_send_message_zip",
            "module.function.null_resource.cleanup_status_notify_zip",
            "module.function.null_resource.cleanup_status_retrieve_zip",
            "module.function.null_resource.cleanup_ticket_response_zip",
            "module.sqs.aws_sqs_queue.cert_update_notify",
            "module.sqs.aws_sqs_queue.presence_data_notify",
            "module.sqs.aws_sqs_queue.ticket_notify",
            "module.sqs.aws_sqs_queue_policy.policy_cert_update_notify",
            "module.sqs.aws_sqs_queue_policy.policy_ticket_notify",
            "module.sqs.aws_sqs_queue_policy.presence_data_notify"
          ]
        }
      ]
    },
    {
      "module": "module.apigateway",
      "mode": "managed",
      "type": "aws_api_gateway_integration",
      "name": "plugin_message_send_sqs_integration",
      "provider": "provider[\"registry.terraform.io/hashicorp/aws\"]",
      "instances": [
        {
          "schema_version": 0,
          "attributes": {
            "cache_key_parameters": [],
            "cache_namespace": "96q5k1",
            "connection_id": "",
            "connection_type": "INTERNET",
            "content_handling": "",
            "credentials": "arn:aws:iam::277403262470:role/WWRSPFMQTTAPIGatewayAccess",
            "http_method": "POST",
            "id": "agi-blgspy2i4b-96q5k1-POST",
            "integration_http_method": "POST",
            "integration_target": "",
            "passthrough_behavior": "WHEN_NO_MATCH",
            "region": "ap-northeast-1",
            "request_parameters": {
              "integration.request.header.Content-Type": "'application/x-www-form-urlencoded'"
            },
            "request_templates": {
              "application/json": "Action=SendMessage\u0026Version=2012-11-05\u0026MessageBody=$util.urlEncode($input.body)\u0026MessageAttribute.1.Name=rspType\u0026MessageAttribute.1.Value.DataType=Number\u0026MessageAttribute.1.Value.StringValue=3"
            },
            "resource_id": "96q5k1",
            "response_transfer_mode": "BUFFERED",
            "rest_api_id": "blgspy2i4b",
            "timeout_milliseconds": 29000,
            "tls_config": [],
            "type": "AWS",
            "uri": "arn:aws:apigateway:ap-northeast-1:sqs:path/277403262470/wwrspf-mqtt-ticket-notify"
          },
          "sensitive_attributes": [],
          "identity_schema_version": 0,
          "private": "bnVsbA==",
          "dependencies": [
            "data.aws_caller_identity.current",
            "module.apigateway.aws_api_gateway_method.plugin_message_send",
            "module.apigateway.aws_api_gateway_resource.iwsapp_message",
            "module.apigateway.aws_api_gateway_resource.plugin_message",
            "module.apigateway.aws_api_gateway_resource.plugin_message_send",
            "module.apigateway.aws_api_gateway_rest_api.solution_mqtt_server",
            "module.function.aws_lambda_event_source_mapping.trigger-cert-update",
            "module.function.aws_lambda_event_source_mapping.trigger-send-message",
            "module.function.aws_lambda_function.MQTT-CERT-UPDATE",
            "module.function.aws_lambda_function.MQTT-DEVICE-IOTCORE-ACCESS",
            "module.function.aws_lambda_function.MQTT-DEVICE-IOTCORE-PROHIBIT",
            "module.function.aws_lambda_function.MQTT-DEVICE-PRESENCE-UPDATE",
            "module.function.aws_lambda_function.MQTT-DEVICE-SHADOW-RETRIEVE",
            "module.function.aws_lambda_function.MQTT-DEVICE-STATUS-NOTIFY",
            "module.function.aws_lambda_function.MQTT-DEVICE-STATUS-RETRIEVE",
            "module.function.aws_lambda_function.MQTT-JITR",
            "module.function.aws_lambda_function.MQTT-MSG-STATUS-RETRIEVE",
            "module.function.aws_lambda_function.MQTT-SEND-MESSAGE",
            "module.function.aws_lambda_function.MQTT-TICKET-RESPONSE-UPDATE",
            "module.function.aws_lambda_layer_version.mqtt_common_layer",
            "module.function.data.archive_file.cret_update_zip",
            "module.function.data.archive_file.device_iotcore_access_zip",
            "module.function.data.archive_file.device_iotcore_prohibit_zip",
            "module.function.data.archive_file.device_presence_update_zip",
            "module.function.data.archive_file.device_shadow_retrieve_zip",
            "module.function.data.archive_file.device_status_notify_zip",
            "module.function.data.archive_file.device_status_retrieve_zip",
            "module.function.data.archive_file.mqtt_common_layer_zip",
            "module.function.data.archive_file.mqtt_jitr_zip",
            "module.function.data.archive_file.msg_status_retrieve_zip",
            "module.function.data.archive_file.send_message_zip",
            "module.function.data.archive_file.ticket_response_update_zip",
            "module.function.null_resource.cleanup_cert_update_zip",
            "module.function.null_resource.cleanup_common_layer_zip",
            "module.function.null_resource.cleanup_device_iotcore_zip",
            "module.function.null_resource.cleanup_device_presence_zip",
            "module.function.null_resource.cleanup_device_prohibit_zip",
            "module.function.null_resource.cleanup_device_shadow_zip",
            "module.function.null_resource.cleanup_device_status_zip",
            "module.function.null_resource.cleanup_mqtt_jitr_zip",
            "module.function.null_resource.cleanup_send_message_zip",
            "module.function.null_resource.cleanup_status_notify_zip",
            "module.function.null_resource.cleanup_status_retrieve_zip",
            "module.function.null_resource.cleanup_ticket_response_zip",
            "module.sqs.aws_sqs_queue.cert_update_notify",
            "module.sqs.aws_sqs_queue.presence_data_notify",
            "module.sqs.aws_sqs_queue.ticket_notify",
            "module.sqs.aws_sqs_queue_policy.policy_cert_update_notify",
            "module.sqs.aws_sqs_queue_policy.policy_ticket_notify",
            "module.sqs.aws_sqs_queue_policy.presence_data_notify"
          ]
        }
      ]
    },
    {
      "module": "module.apigateway",
      "mode": "managed",
      "type": "aws_api_gateway_integration",
      "name": "prohibited_devices_add_lambda_integration",
      "provider": "provider[\"registry.terraform.io/hashicorp/aws\"]",
      "instances": [
        {
          "schema_version": 0,
          "attributes": {
            "cache_key_parameters": [],
            "cache_namespace": "mddpto",
            "connection_id": "",
            "connection_type": "INTERNET",
            "content_handling": "",
            "credentials": "arn:aws:iam::277403262470:role/WWRSPFMQTTAPIGatewayAccess",
            "http_method": "POST",
            "id": "agi-12ehl8kole-mddpto-POST",
            "integration_http_method": "POST",
            "integration_target": "",
            "passthrough_behavior": "WHEN_NO_MATCH",
            "region": "ap-northeast-1",
            "request_parameters": {},
            "request_templates": {},
            "resource_id": "mddpto",
            "response_transfer_mode": "BUFFERED",
            "rest_api_id": "12ehl8kole",
            "timeout_milliseconds": 29000,
            "tls_config": [],
            "type": "AWS",
            "uri": "arn:aws:apigateway:ap-northeast-1:lambda:path/2015-03-31/functions/arn:aws:lambda:ap-northeast-1:277403262470:function:MQTT-DEVICE-IOTCORE-PROHIBIT/invocations"
          },
          "sensitive_attributes": [],
          "identity_schema_version": 0,
          "private": "bnVsbA==",
          "dependencies": [
            "data.aws_caller_identity.current",
            "module.apigateway.aws_api_gateway_method.prohibited_devices_add",
            "module.apigateway.aws_api_gateway_resource.prohibited_devices",
            "module.apigateway.aws_api_gateway_resource.prohibited_devices_add",
            "module.apigateway.aws_api_gateway_rest_api.mqtt_server",
            "module.function.aws_lambda_event_source_mapping.trigger-cert-update",
            "module.function.aws_lambda_event_source_mapping.trigger-send-message",
            "module.function.aws_lambda_function.MQTT-CERT-UPDATE",
            "module.function.aws_lambda_function.MQTT-DEVICE-IOTCORE-ACCESS",
            "module.function.aws_lambda_function.MQTT-DEVICE-IOTCORE-PROHIBIT",
            "module.function.aws_lambda_function.MQTT-DEVICE-PRESENCE-UPDATE",
            "module.function.aws_lambda_function.MQTT-DEVICE-SHADOW-RETRIEVE",
            "module.function.aws_lambda_function.MQTT-DEVICE-STATUS-NOTIFY",
            "module.function.aws_lambda_function.MQTT-DEVICE-STATUS-RETRIEVE",
            "module.function.aws_lambda_function.MQTT-JITR",
            "module.function.aws_lambda_function.MQTT-MSG-STATUS-RETRIEVE",
            "module.function.aws_lambda_function.MQTT-SEND-MESSAGE",
            "module.function.aws_lambda_function.MQTT-TICKET-RESPONSE-UPDATE",
            "module.function.aws_lambda_layer_version.mqtt_common_layer",
            "module.function.data.archive_file.cret_update_zip",
            "module.function.data.archive_file.device_iotcore_access_zip",
            "module.function.data.archive_file.device_iotcore_prohibit_zip",
            "module.function.data.archive_file.device_presence_update_zip",
            "module.function.data.archive_file.device_shadow_retrieve_zip",
            "module.function.data.archive_file.device_status_notify_zip",
            "module.function.data.archive_file.device_status_retrieve_zip",
            "module.function.data.archive_file.mqtt_common_layer_zip",
            "module.function.data.archive_file.mqtt_jitr_zip",
            "module.function.data.archive_file.msg_status_retrieve_zip",
            "module.function.data.archive_file.send_message_zip",
            "module.function.data.archive_file.ticket_response_update_zip",
            "module.function.null_resource.cleanup_cert_update_zip",
            "module.function.null_resource.cleanup_common_layer_zip",
            "module.function.null_resource.cleanup_device_iotcore_zip",
            "module.function.null_resource.cleanup_device_presence_zip",
            "module.function.null_resource.cleanup_device_prohibit_zip",
            "module.function.null_resource.cleanup_device_shadow_zip",
            "module.function.null_resource.cleanup_device_status_zip",
            "module.function.null_resource.cleanup_mqtt_jitr_zip",
            "module.function.null_resource.cleanup_send_message_zip",
            "module.function.null_resource.cleanup_status_notify_zip",
            "module.function.null_resource.cleanup_status_retrieve_zip",
            "module.function.null_resource.cleanup_ticket_response_zip",
            "module.sqs.aws_sqs_queue.cert_update_notify",
            "module.sqs.aws_sqs_queue.presence_data_notify",
            "module.sqs.aws_sqs_queue.ticket_notify",
            "module.sqs.aws_sqs_queue_policy.policy_cert_update_notify",
            "module.sqs.aws_sqs_queue_policy.policy_ticket_notify",
            "module.sqs.aws_sqs_queue_policy.presence_data_notify"
          ]
        }
      ]
    },
    {
      "module": "module.apigateway",
      "mode": "managed",
      "type": "aws_api_gateway_integration",
      "name": "prohibited_devices_remove_lambda_integration",
      "provider": "provider[\"registry.terraform.io/hashicorp/aws\"]",
      "instances": [
        {
          "schema_version": 0,
          "attributes": {
            "cache_key_parameters": [],
            "cache_namespace": "38t0ha",
            "connection_id": "",
            "connection_type": "INTERNET",
            "content_handling": "",
            "credentials": "arn:aws:iam::277403262470:role/WWRSPFMQTTAPIGatewayAccess",
            "http_method": "POST",
            "id": "agi-12ehl8kole-38t0ha-POST",
            "integration_http_method": "POST",
            "integration_target": "",
            "passthrough_behavior": "WHEN_NO_MATCH",
            "region": "ap-northeast-1",
            "request_parameters": {},
            "request_templates": {},
            "resource_id": "38t0ha",
            "response_transfer_mode": "BUFFERED",
            "rest_api_id": "12ehl8kole",
            "timeout_milliseconds": 29000,
            "tls_config": [],
            "type": "AWS",
            "uri": "arn:aws:apigateway:ap-northeast-1:lambda:path/2015-03-31/functions/arn:aws:lambda:ap-northeast-1:277403262470:function:MQTT-DEVICE-IOTCORE-ACCESS/invocations"
          },
          "sensitive_attributes": [],
          "identity_schema_version": 0,
          "private": "bnVsbA==",
          "dependencies": [
            "data.aws_caller_identity.current",
            "module.apigateway.aws_api_gateway_method.prohibited_devices_remove",
            "module.apigateway.aws_api_gateway_resource.prohibited_devices",
            "module.apigateway.aws_api_gateway_resource.prohibited_devices_remove",
            "module.apigateway.aws_api_gateway_rest_api.mqtt_server",
            "module.function.aws_lambda_event_source_mapping.trigger-cert-update",
            "module.function.aws_lambda_event_source_mapping.trigger-send-message",
            "module.function.aws_lambda_function.MQTT-CERT-UPDATE",
            "module.function.aws_lambda_function.MQTT-DEVICE-IOTCORE-ACCESS",
            "module.function.aws_lambda_function.MQTT-DEVICE-IOTCORE-PROHIBIT",
            "module.function.aws_lambda_function.MQTT-DEVICE-PRESENCE-UPDATE",
            "module.function.aws_lambda_function.MQTT-DEVICE-SHADOW-RETRIEVE",
            "module.function.aws_lambda_function.MQTT-DEVICE-STATUS-NOTIFY",
            "module.function.aws_lambda_function.MQTT-DEVICE-STATUS-RETRIEVE",
            "module.function.aws_lambda_function.MQTT-JITR",
            "module.function.aws_lambda_function.MQTT-MSG-STATUS-RETRIEVE",
            "module.function.aws_lambda_function.MQTT-SEND-MESSAGE",
            "module.function.aws_lambda_function.MQTT-TICKET-RESPONSE-UPDATE",
            "module.function.aws_lambda_layer_version.mqtt_common_layer",
            "module.function.data.archive_file.cret_update_zip",
            "module.function.data.archive_file.device_iotcore_access_zip",
            "module.function.data.archive_file.device_iotcore_prohibit_zip",
            "module.function.data.archive_file.device_presence_update_zip",
            "module.function.data.archive_file.device_shadow_retrieve_zip",
            "module.function.data.archive_file.device_status_notify_zip",
            "module.function.data.archive_file.device_status_retrieve_zip",
            "module.function.data.archive_file.mqtt_common_layer_zip",
            "module.function.data.archive_file.mqtt_jitr_zip",
            "module.function.data.archive_file.msg_status_retrieve_zip",
            "module.function.data.archive_file.send_message_zip",
            "module.function.data.archive_file.ticket_response_update_zip",
            "module.function.null_resource.cleanup_cert_update_zip",
            "module.function.null_resource.cleanup_common_layer_zip",
            "module.function.null_resource.cleanup_device_iotcore_zip",
            "module.function.null_resource.cleanup_device_presence_zip",
            "module.function.null_resource.cleanup_device_prohibit_zip",
            "module.function.null_resource.cleanup_device_shadow_zip",
            "module.function.null_resource.cleanup_device_status_zip",
            "module.function.null_resource.cleanup_mqtt_jitr_zip",
            "module.function.null_resource.cleanup_send_message_zip",
            "module.function.null_resource.cleanup_status_notify_zip",
            "module.function.null_resource.cleanup_status_retrieve_zip",
            "module.function.null_resource.cleanup_ticket_response_zip",
            "module.sqs.aws_sqs_queue.cert_update_notify",
            "module.sqs.aws_sqs_queue.presence_data_notify",
            "module.sqs.aws_sqs_queue.ticket_notify",
            "module.sqs.aws_sqs_queue_policy.policy_cert_update_notify",
            "module.sqs.aws_sqs_queue_policy.policy_ticket_notify",
            "module.sqs.aws_sqs_queue_policy.presence_data_notify"
          ]
        }
      ]
    },
    {
      "module": "module.apigateway",
      "mode": "managed",
      "type": "aws_api_gateway_integration",
      "name": "sol_device_deviceId_connection_status_lambda_integration",
      "provider": "provider[\"registry.terraform.io/hashicorp/aws\"]",
      "instances": [
        {
          "schema_version": 0,
          "attributes": {
            "cache_key_parameters": [],
            "cache_namespace": "ser5a8",
            "connection_id": "",
            "connection_type": "INTERNET",
            "content_handling": "",
            "credentials": "arn:aws:iam::277403262470:role/WWRSPFMQTTAPIGatewayAccess",
            "http_method": "GET",
            "id": "agi-blgspy2i4b-ser5a8-GET",
            "integration_http_method": "POST",
            "integration_target": "",
            "passthrough_behavior": "WHEN_NO_MATCH",
            "region": "ap-northeast-1",
            "request_parameters": {},
            "request_templates": {
              "application/json": "{\n    \"deviceId\": \"$input.params('deviceId')\"\n}\n"
            },
            "resource_id": "ser5a8",
            "response_transfer_mode": "BUFFERED",
            "rest_api_id": "blgspy2i4b",
            "timeout_milliseconds": 29000,
            "tls_config": [],
            "type": "AWS",
            "uri": "arn:aws:apigateway:ap-northeast-1:lambda:path/2015-03-31/functions/arn:aws:lambda:ap-northeast-1:277403262470:function:MQTT-DEVICE-STATUS-RETRIEVE/invocations"
          },
          "sensitive_attributes": [],
          "identity_schema_version": 0,
          "private": "bnVsbA==",
          "dependencies": [
            "data.aws_caller_identity.current",
            "module.apigateway.aws_api_gateway_method.get_device_deviceId_connection_status",
            "module.apigateway.aws_api_gateway_resource.device_deviceId_connection_status",
            "module.apigateway.aws_api_gateway_resource.sol_device_deviceId",
            "module.apigateway.aws_api_gateway_resource.sol_devices",
            "module.apigateway.aws_api_gateway_rest_api.solution_mqtt_server",
            "module.function.aws_lambda_event_source_mapping.trigger-cert-update",
            "module.function.aws_lambda_event_source_mapping.trigger-send-message",
            "module.function.aws_lambda_function.MQTT-CERT-UPDATE",
            "module.function.aws_lambda_function.MQTT-DEVICE-IOTCORE-ACCESS",
            "module.function.aws_lambda_function.MQTT-DEVICE-IOTCORE-PROHIBIT",
            "module.function.aws_lambda_function.MQTT-DEVICE-PRESENCE-UPDATE",
            "module.function.aws_lambda_function.MQTT-DEVICE-SHADOW-RETRIEVE",
            "module.function.aws_lambda_function.MQTT-DEVICE-STATUS-NOTIFY",
            "module.function.aws_lambda_function.MQTT-DEVICE-STATUS-RETRIEVE",
            "module.function.aws_lambda_function.MQTT-JITR",
            "module.function.aws_lambda_function.MQTT-MSG-STATUS-RETRIEVE",
            "module.function.aws_lambda_function.MQTT-SEND-MESSAGE",
            "module.function.aws_lambda_function.MQTT-TICKET-RESPONSE-UPDATE",
            "module.function.aws_lambda_layer_version.mqtt_common_layer",
            "module.function.data.archive_file.cret_update_zip",
            "module.function.data.archive_file.device_iotcore_access_zip",
            "module.function.data.archive_file.device_iotcore_prohibit_zip",
            "module.function.data.archive_file.device_presence_update_zip",
            "module.function.data.archive_file.device_shadow_retrieve_zip",
            "module.function.data.archive_file.device_status_notify_zip",
            "module.function.data.archive_file.device_status_retrieve_zip",
            "module.function.data.archive_file.mqtt_common_layer_zip",
            "module.function.data.archive_file.mqtt_jitr_zip",
            "module.function.data.archive_file.msg_status_retrieve_zip",
            "module.function.data.archive_file.send_message_zip",
            "module.function.data.archive_file.ticket_response_update_zip",
            "module.function.null_resource.cleanup_cert_update_zip",
            "module.function.null_resource.cleanup_common_layer_zip",
            "module.function.null_resource.cleanup_device_iotcore_zip",
            "module.function.null_resource.cleanup_device_presence_zip",
            "module.function.null_resource.cleanup_device_prohibit_zip",
            "module.function.null_resource.cleanup_device_shadow_zip",
            "module.function.null_resource.cleanup_device_status_zip",
            "module.function.null_resource.cleanup_mqtt_jitr_zip",
            "module.function.null_resource.cleanup_send_message_zip",
            "module.function.null_resource.cleanup_status_notify_zip",
            "module.function.null_resource.cleanup_status_retrieve_zip",
            "module.function.null_resource.cleanup_ticket_response_zip",
            "module.sqs.aws_sqs_queue.cert_update_notify",
            "module.sqs.aws_sqs_queue.presence_data_notify",
            "module.sqs.aws_sqs_queue.ticket_notify",
            "module.sqs.aws_sqs_queue_policy.policy_cert_update_notify",
            "module.sqs.aws_sqs_queue_policy.policy_ticket_notify",
            "module.sqs.aws_sqs_queue_policy.presence_data_notify"
          ]
        }
      ]
    },
    {
      "module": "module.apigateway",
      "mode": "managed",
      "type": "aws_api_gateway_integration",
      "name": "sol_tickets_groupId_lambda_integration",
      "provider": "provider[\"registry.terraform.io/hashicorp/aws\"]",
      "instances": [
        {
          "schema_version": 0,
          "attributes": {
            "cache_key_parameters": [],
            "cache_namespace": "u2h8go",
            "connection_id": "",
            "connection_type": "INTERNET",
            "content_handling": "",
            "credentials": "arn:aws:iam::277403262470:role/WWRSPFMQTTAPIGatewayAccess",
            "http_method": "GET",
            "id": "agi-blgspy2i4b-u2h8go-GET",
            "integration_http_method": "POST",
            "integration_target": "",
            "passthrough_behavior": "WHEN_NO_MATCH",
            "region": "ap-northeast-1",
            "request_parameters": {},
            "request_templates": {
              "application/json": "{\n  \"groupId\": \"$input.params('groupId')\"\n}"
            },
            "resource_id": "u2h8go",
            "response_transfer_mode": "BUFFERED",
            "rest_api_id": "blgspy2i4b",
            "timeout_milliseconds": 29000,
            "tls_config": [],
            "type": "AWS",
            "uri": "arn:aws:apigateway:ap-northeast-1:lambda:path/2015-03-31/functions/arn:aws:lambda:ap-northeast-1:277403262470:function:MQTT-MSG-STATUS-RETRIEVE/invocations"
          },
          "sensitive_attributes": [],
          "identity_schema_version": 0,
          "private": "bnVsbA==",
          "dependencies": [
            "data.aws_caller_identity.current",
            "module.apigateway.aws_api_gateway_method.get_sol_tickets_groupId",
            "module.apigateway.aws_api_gateway_resource.sol_tickets",
            "module.apigateway.aws_api_gateway_rest_api.solution_mqtt_server",
            "module.function.aws_lambda_event_source_mapping.trigger-cert-update",
            "module.function.aws_lambda_event_source_mapping.trigger-send-message",
            "module.function.aws_lambda_function.MQTT-CERT-UPDATE",
            "module.function.aws_lambda_function.MQTT-DEVICE-IOTCORE-ACCESS",
            "module.function.aws_lambda_function.MQTT-DEVICE-IOTCORE-PROHIBIT",
            "module.function.aws_lambda_function.MQTT-DEVICE-PRESENCE-UPDATE",
            "module.function.aws_lambda_function.MQTT-DEVICE-SHADOW-RETRIEVE",
            "module.function.aws_lambda_function.MQTT-DEVICE-STATUS-NOTIFY",
            "module.function.aws_lambda_function.MQTT-DEVICE-STATUS-RETRIEVE",
            "module.function.aws_lambda_function.MQTT-JITR",
            "module.function.aws_lambda_function.MQTT-MSG-STATUS-RETRIEVE",
            "module.function.aws_lambda_function.MQTT-SEND-MESSAGE",
            "module.function.aws_lambda_function.MQTT-TICKET-RESPONSE-UPDATE",
            "module.function.aws_lambda_layer_version.mqtt_common_layer",
            "module.function.data.archive_file.cret_update_zip",
            "module.function.data.archive_file.device_iotcore_access_zip",
            "module.function.data.archive_file.device_iotcore_prohibit_zip",
            "module.function.data.archive_file.device_presence_update_zip",
            "module.function.data.archive_file.device_shadow_retrieve_zip",
            "module.function.data.archive_file.device_status_notify_zip",
            "module.function.data.archive_file.device_status_retrieve_zip",
            "module.function.data.archive_file.mqtt_common_layer_zip",
            "module.function.data.archive_file.mqtt_jitr_zip",
            "module.function.data.archive_file.msg_status_retrieve_zip",
            "module.function.data.archive_file.send_message_zip",
            "module.function.data.archive_file.ticket_response_update_zip",
            "module.function.null_resource.cleanup_cert_update_zip",
            "module.function.null_resource.cleanup_common_layer_zip",
            "module.function.null_resource.cleanup_device_iotcore_zip",
            "module.function.null_resource.cleanup_device_presence_zip",
            "module.function.null_resource.cleanup_device_prohibit_zip",
            "module.function.null_resource.cleanup_device_shadow_zip",
            "module.function.null_resource.cleanup_device_status_zip",
            "module.function.null_resource.cleanup_mqtt_jitr_zip",
            "module.function.null_resource.cleanup_send_message_zip",
            "module.function.null_resource.cleanup_status_notify_zip",
            "module.function.null_resource.cleanup_status_retrieve_zip",
            "module.function.null_resource.cleanup_ticket_response_zip",
            "module.sqs.aws_sqs_queue.cert_update_notify",
            "module.sqs.aws_sqs_queue.presence_data_notify",
            "module.sqs.aws_sqs_queue.ticket_notify",
            "module.sqs.aws_sqs_queue_policy.policy_cert_update_notify",
            "module.sqs.aws_sqs_queue_policy.policy_ticket_notify",
            "module.sqs.aws_sqs_queue_policy.presence_data_notify"
          ]
        }
      ]
    },
    {
      "module": "module.apigateway",
      "mode": "managed",
      "type": "aws_api_gateway_integration",
      "name": "sol_tickets_messageId_deviceId_lambda_integration",
      "provider": "provider[\"registry.terraform.io/hashicorp/aws\"]",
      "instances": [
        {
          "schema_version": 0,
          "attributes": {
            "cache_key_parameters": [],
            "cache_namespace": "08zb5v",
            "connection_id": "",
            "connection_type": "INTERNET",
            "content_handling": "",
            "credentials": "arn:aws:iam::277403262470:role/WWRSPFMQTTAPIGatewayAccess",
            "http_method": "GET",
            "id": "agi-blgspy2i4b-08zb5v-GET",
            "integration_http_method": "POST",
            "integration_target": "",
            "passthrough_behavior": "WHEN_NO_MATCH",
            "region": "ap-northeast-1",
            "request_parameters": {},
            "request_templates": {
              "application/json": "{\n  \"messageId\": \"$input.params('messageId')\",\n  \"deviceId\": \"$input.params('deviceId')\"\n}"
            },
            "resource_id": "08zb5v",
            "response_transfer_mode": "BUFFERED",
            "rest_api_id": "blgspy2i4b",
            "timeout_milliseconds": 29000,
            "tls_config": [],
            "type": "AWS",
            "uri": "arn:aws:apigateway:ap-northeast-1:lambda:path/2015-03-31/functions/arn:aws:lambda:ap-northeast-1:277403262470:function:MQTT-MSG-STATUS-RETRIEVE/invocations"
          },
          "sensitive_attributes": [],
          "identity_schema_version": 0,
          "private": "bnVsbA==",
          "dependencies": [
            "data.aws_caller_identity.current",
            "module.apigateway.aws_api_gateway_method.get_sol_tickets_messageId_deviceId",
            "module.apigateway.aws_api_gateway_resource.sol_tickets",
            "module.apigateway.aws_api_gateway_resource.sol_tickets_messageId",
            "module.apigateway.aws_api_gateway_resource.sol_tickets_messageId_deviceId",
            "module.apigateway.aws_api_gateway_rest_api.solution_mqtt_server",
            "module.function.aws_lambda_event_source_mapping.trigger-cert-update",
            "module.function.aws_lambda_event_source_mapping.trigger-send-message",
            "module.function.aws_lambda_function.MQTT-CERT-UPDATE",
            "module.function.aws_lambda_function.MQTT-DEVICE-IOTCORE-ACCESS",
            "module.function.aws_lambda_function.MQTT-DEVICE-IOTCORE-PROHIBIT",
            "module.function.aws_lambda_function.MQTT-DEVICE-PRESENCE-UPDATE",
            "module.function.aws_lambda_function.MQTT-DEVICE-SHADOW-RETRIEVE",
            "module.function.aws_lambda_function.MQTT-DEVICE-STATUS-NOTIFY",
            "module.function.aws_lambda_function.MQTT-DEVICE-STATUS-RETRIEVE",
            "module.function.aws_lambda_function.MQTT-JITR",
            "module.function.aws_lambda_function.MQTT-MSG-STATUS-RETRIEVE",
            "module.function.aws_lambda_function.MQTT-SEND-MESSAGE",
            "module.function.aws_lambda_function.MQTT-TICKET-RESPONSE-UPDATE",
            "module.function.aws_lambda_layer_version.mqtt_common_layer",
            "module.function.data.archive_file.cret_update_zip",
            "module.function.data.archive_file.device_iotcore_access_zip",
            "module.function.data.archive_file.device_iotcore_prohibit_zip",
            "module.function.data.archive_file.device_presence_update_zip",
            "module.function.data.archive_file.device_shadow_retrieve_zip",
            "module.function.data.archive_file.device_status_notify_zip",
            "module.function.data.archive_file.device_status_retrieve_zip",
            "module.function.data.archive_file.mqtt_common_layer_zip",
            "module.function.data.archive_file.mqtt_jitr_zip",
            "module.function.data.archive_file.msg_status_retrieve_zip",
            "module.function.data.archive_file.send_message_zip",
            "module.function.data.archive_file.ticket_response_update_zip",
            "module.function.null_resource.cleanup_cert_update_zip",
            "module.function.null_resource.cleanup_common_layer_zip",
            "module.function.null_resource.cleanup_device_iotcore_zip",
            "module.function.null_resource.cleanup_device_presence_zip",
            "module.function.null_resource.cleanup_device_prohibit_zip",
            "module.function.null_resource.cleanup_device_shadow_zip",
            "module.function.null_resource.cleanup_device_status_zip",
            "module.function.null_resource.cleanup_mqtt_jitr_zip",
            "module.function.null_resource.cleanup_send_message_zip",
            "module.function.null_resource.cleanup_status_notify_zip",
            "module.function.null_resource.cleanup_status_retrieve_zip",
            "module.function.null_resource.cleanup_ticket_response_zip",
            "module.sqs.aws_sqs_queue.cert_update_notify",
            "module.sqs.aws_sqs_queue.presence_data_notify",
            "module.sqs.aws_sqs_queue.ticket_notify",
            "module.sqs.aws_sqs_queue_policy.policy_cert_update_notify",
            "module.sqs.aws_sqs_queue_policy.policy_ticket_notify",
            "module.sqs.aws_sqs_queue_policy.presence_data_notify"
          ]
        }
      ]
    },
    {
      "module": "module.apigateway",
      "mode": "managed",
      "type": "aws_api_gateway_integration",
      "name": "sol_tickets_messageId_lambda_integration",
      "provider": "provider[\"registry.terraform.io/hashicorp/aws\"]",
      "instances": [
        {
          "schema_version": 0,
          "attributes": {
            "cache_key_parameters": [],
            "cache_namespace": "itv963",
            "connection_id": "",
            "connection_type": "INTERNET",
            "content_handling": "",
            "credentials": "arn:aws:iam::277403262470:role/WWRSPFMQTTAPIGatewayAccess",
            "http_method": "GET",
            "id": "agi-blgspy2i4b-itv963-GET",
            "integration_http_method": "POST",
            "integration_target": "",
            "passthrough_behavior": "WHEN_NO_MATCH",
            "region": "ap-northeast-1",
            "request_parameters": {},
            "request_templates": {
              "application/json": "{\n  \"messageId\": \"$input.params('messageId')\"\n}"
            },
            "resource_id": "itv963",
            "response_transfer_mode": "BUFFERED",
            "rest_api_id": "blgspy2i4b",
            "timeout_milliseconds": 29000,
            "tls_config": [],
            "type": "AWS",
            "uri": "arn:aws:apigateway:ap-northeast-1:lambda:path/2015-03-31/functions/arn:aws:lambda:ap-northeast-1:277403262470:function:MQTT-MSG-STATUS-RETRIEVE/invocations"
          },
          "sensitive_attributes": [],
          "identity_schema_version": 0,
          "private": "bnVsbA==",
          "dependencies": [
            "data.aws_caller_identity.current",
            "module.apigateway.aws_api_gateway_method.get_sol_tickets_messageId",
            "module.apigateway.aws_api_gateway_resource.sol_tickets",
            "module.apigateway.aws_api_gateway_resource.sol_tickets_messageId",
            "module.apigateway.aws_api_gateway_rest_api.solution_mqtt_server",
            "module.function.aws_lambda_event_source_mapping.trigger-cert-update",
            "module.function.aws_lambda_event_source_mapping.trigger-send-message",
            "module.function.aws_lambda_function.MQTT-CERT-UPDATE",
            "module.function.aws_lambda_function.MQTT-DEVICE-IOTCORE-ACCESS",
            "module.function.aws_lambda_function.MQTT-DEVICE-IOTCORE-PROHIBIT",
            "module.function.aws_lambda_function.MQTT-DEVICE-PRESENCE-UPDATE",
            "module.function.aws_lambda_function.MQTT-DEVICE-SHADOW-RETRIEVE",
            "module.function.aws_lambda_function.MQTT-DEVICE-STATUS-NOTIFY",
            "module.function.aws_lambda_function.MQTT-DEVICE-STATUS-RETRIEVE",
            "module.function.aws_lambda_function.MQTT-JITR",
            "module.function.aws_lambda_function.MQTT-MSG-STATUS-RETRIEVE",
            "module.function.aws_lambda_function.MQTT-SEND-MESSAGE",
            "module.function.aws_lambda_function.MQTT-TICKET-RESPONSE-UPDATE",
            "module.function.aws_lambda_layer_version.mqtt_common_layer",
            "module.function.data.archive_file.cret_update_zip",
            "module.function.data.archive_file.device_iotcore_access_zip",
            "module.function.data.archive_file.device_iotcore_prohibit_zip",
            "module.function.data.archive_file.device_presence_update_zip",
            "module.function.data.archive_file.device_shadow_retrieve_zip",
            "module.function.data.archive_file.device_status_notify_zip",
            "module.function.data.archive_file.device_status_retrieve_zip",
            "module.function.data.archive_file.mqtt_common_layer_zip",
            "module.function.data.archive_file.mqtt_jitr_zip",
            "module.function.data.archive_file.msg_status_retrieve_zip",
            "module.function.data.archive_file.send_message_zip",
            "module.function.data.archive_file.ticket_response_update_zip",
            "module.function.null_resource.cleanup_cert_update_zip",
            "module.function.null_resource.cleanup_common_layer_zip",
            "module.function.null_resource.cleanup_device_iotcore_zip",
            "module.function.null_resource.cleanup_device_presence_zip",
            "module.function.null_resource.cleanup_device_prohibit_zip",
            "module.function.null_resource.cleanup_device_shadow_zip",
            "module.function.null_resource.cleanup_device_status_zip",
            "module.function.null_resource.cleanup_mqtt_jitr_zip",
            "module.function.null_resource.cleanup_send_message_zip",
            "module.function.null_resource.cleanup_status_notify_zip",
            "module.function.null_resource.cleanup_status_retrieve_zip",
            "module.function.null_resource.cleanup_ticket_response_zip",
            "module.sqs.aws_sqs_queue.cert_update_notify",
            "module.sqs.aws_sqs_queue.presence_data_notify",
            "module.sqs.aws_sqs_queue.ticket_notify",
            "module.sqs.aws_sqs_queue_policy.policy_cert_update_notify",
            "module.sqs.aws_sqs_queue_policy.policy_ticket_notify",
            "module.sqs.aws_sqs_queue_policy.presence_data_notify"
          ]
        }
      ]
    },
    {
      "module": "module.apigateway",
      "mode": "managed",
      "type": "aws_api_gateway_integration",
      "name": "tickets_groupId_lambda_integration",
      "provider": "provider[\"registry.terraform.io/hashicorp/aws\"]",
      "instances": [
        {
          "schema_version": 0,
          "attributes": {
            "cache_key_parameters": [],
            "cache_namespace": "jvaqux",
            "connection_id": "",
            "connection_type": "INTERNET",
            "content_handling": "",
            "credentials": "arn:aws:iam::277403262470:role/WWRSPFMQTTAPIGatewayAccess",
            "http_method": "GET",
            "id": "agi-12ehl8kole-jvaqux-GET",
            "integration_http_method": "POST",
            "integration_target": "",
            "passthrough_behavior": "WHEN_NO_MATCH",
            "region": "ap-northeast-1",
            "request_parameters": {},
            "request_templates": {
              "application/json": "{\n  \"groupId\": \"$input.params('groupId')\"\n}"
            },
            "resource_id": "jvaqux",
            "response_transfer_mode": "BUFFERED",
            "rest_api_id": "12ehl8kole",
            "timeout_milliseconds": 29000,
            "tls_config": [],
            "type": "AWS",
            "uri": "arn:aws:apigateway:ap-northeast-1:lambda:path/2015-03-31/functions/arn:aws:lambda:ap-northeast-1:277403262470:function:MQTT-MSG-STATUS-RETRIEVE/invocations"
          },
          "sensitive_attributes": [],
          "identity_schema_version": 0,
          "private": "bnVsbA==",
          "dependencies": [
            "data.aws_caller_identity.current",
            "module.apigateway.aws_api_gateway_method.get_tickets_groupId",
            "module.apigateway.aws_api_gateway_resource.tickets",
            "module.apigateway.aws_api_gateway_rest_api.mqtt_server",
            "module.function.aws_lambda_event_source_mapping.trigger-cert-update",
            "module.function.aws_lambda_event_source_mapping.trigger-send-message",
            "module.function.aws_lambda_function.MQTT-CERT-UPDATE",
            "module.function.aws_lambda_function.MQTT-DEVICE-IOTCORE-ACCESS",
            "module.function.aws_lambda_function.MQTT-DEVICE-IOTCORE-PROHIBIT",
            "module.function.aws_lambda_function.MQTT-DEVICE-PRESENCE-UPDATE",
            "module.function.aws_lambda_function.MQTT-DEVICE-SHADOW-RETRIEVE",
            "module.function.aws_lambda_function.MQTT-DEVICE-STATUS-NOTIFY",
            "module.function.aws_lambda_function.MQTT-DEVICE-STATUS-RETRIEVE",
            "module.function.aws_lambda_function.MQTT-JITR",
            "module.function.aws_lambda_function.MQTT-MSG-STATUS-RETRIEVE",
            "module.function.aws_lambda_function.MQTT-SEND-MESSAGE",
            "module.function.aws_lambda_function.MQTT-TICKET-RESPONSE-UPDATE",
            "module.function.aws_lambda_layer_version.mqtt_common_layer",
            "module.function.data.archive_file.cret_update_zip",
            "module.function.data.archive_file.device_iotcore_access_zip",
            "module.function.data.archive_file.device_iotcore_prohibit_zip",
            "module.function.data.archive_file.device_presence_update_zip",
            "module.function.data.archive_file.device_shadow_retrieve_zip",
            "module.function.data.archive_file.device_status_notify_zip",
            "module.function.data.archive_file.device_status_retrieve_zip",
            "module.function.data.archive_file.mqtt_common_layer_zip",
            "module.function.data.archive_file.mqtt_jitr_zip",
            "module.function.data.archive_file.msg_status_retrieve_zip",
            "module.function.data.archive_file.send_message_zip",
            "module.function.data.archive_file.ticket_response_update_zip",
            "module.function.null_resource.cleanup_cert_update_zip",
            "module.function.null_resource.cleanup_common_layer_zip",
            "module.function.null_resource.cleanup_device_iotcore_zip",
            "module.function.null_resource.cleanup_device_presence_zip",
            "module.function.null_resource.cleanup_device_prohibit_zip",
            "module.function.null_resource.cleanup_device_shadow_zip",
            "module.function.null_resource.cleanup_device_status_zip",
            "module.function.null_resource.cleanup_mqtt_jitr_zip",
            "module.function.null_resource.cleanup_send_message_zip",
            "module.function.null_resource.cleanup_status_notify_zip",
            "module.function.null_resource.cleanup_status_retrieve_zip",
            "module.function.null_resource.cleanup_ticket_response_zip",
            "module.sqs.aws_sqs_queue.cert_update_notify",
            "module.sqs.aws_sqs_queue.presence_data_notify",
            "module.sqs.aws_sqs_queue.ticket_notify",
            "module.sqs.aws_sqs_queue_policy.policy_cert_update_notify",
            "module.sqs.aws_sqs_queue_policy.policy_ticket_notify",
            "module.sqs.aws_sqs_queue_policy.presence_data_notify"
          ]
        }
      ]
    },
    {
      "module": "module.apigateway",
      "mode": "managed",
      "type": "aws_api_gateway_integration",
      "name": "tickets_messageId_deviceId_lambda_integration",
      "provider": "provider[\"registry.terraform.io/hashicorp/aws\"]",
      "instances": [
        {
          "schema_version": 0,
          "attributes": {
            "cache_key_parameters": [],
            "cache_namespace": "2aifel",
            "connection_id": "",
            "connection_type": "INTERNET",
            "content_handling": "",
            "credentials": "arn:aws:iam::277403262470:role/WWRSPFMQTTAPIGatewayAccess",
            "http_method": "GET",
            "id": "agi-12ehl8kole-2aifel-GET",
            "integration_http_method": "POST",
            "integration_target": "",
            "passthrough_behavior": "WHEN_NO_MATCH",
            "region": "ap-northeast-1",
            "request_parameters": {},
            "request_templates": {
              "application/json": "{\n  \"messageId\": \"$input.params('messageId')\",\n  \"deviceId\": \"$input.params('deviceId')\"\n}"
            },
            "resource_id": "2aifel",
            "response_transfer_mode": "BUFFERED",
            "rest_api_id": "12ehl8kole",
            "timeout_milliseconds": 29000,
            "tls_config": [],
            "type": "AWS",
            "uri": "arn:aws:apigateway:ap-northeast-1:lambda:path/2015-03-31/functions/arn:aws:lambda:ap-northeast-1:277403262470:function:MQTT-MSG-STATUS-RETRIEVE/invocations"
          },
          "sensitive_attributes": [],
          "identity_schema_version": 0,
          "private": "bnVsbA==",
          "dependencies": [
            "data.aws_caller_identity.current",
            "module.apigateway.aws_api_gateway_method.get_tickets_messageId_deviceId",
            "module.apigateway.aws_api_gateway_resource.tickets",
            "module.apigateway.aws_api_gateway_resource.tickets_messageId",
            "module.apigateway.aws_api_gateway_resource.tickets_messageId_deviceId",
            "module.apigateway.aws_api_gateway_rest_api.mqtt_server",
            "module.function.aws_lambda_event_source_mapping.trigger-cert-update",
            "module.function.aws_lambda_event_source_mapping.trigger-send-message",
            "module.function.aws_lambda_function.MQTT-CERT-UPDATE",
            "module.function.aws_lambda_function.MQTT-DEVICE-IOTCORE-ACCESS",
            "module.function.aws_lambda_function.MQTT-DEVICE-IOTCORE-PROHIBIT",
            "module.function.aws_lambda_function.MQTT-DEVICE-PRESENCE-UPDATE",
            "module.function.aws_lambda_function.MQTT-DEVICE-SHADOW-RETRIEVE",
            "module.function.aws_lambda_function.MQTT-DEVICE-STATUS-NOTIFY",
            "module.function.aws_lambda_function.MQTT-DEVICE-STATUS-RETRIEVE",
            "module.function.aws_lambda_function.MQTT-JITR",
            "module.function.aws_lambda_function.MQTT-MSG-STATUS-RETRIEVE",
            "module.function.aws_lambda_function.MQTT-SEND-MESSAGE",
            "module.function.aws_lambda_function.MQTT-TICKET-RESPONSE-UPDATE",
            "module.function.aws_lambda_layer_version.mqtt_common_layer",
            "module.function.data.archive_file.cret_update_zip",
            "module.function.data.archive_file.device_iotcore_access_zip",
            "module.function.data.archive_file.device_iotcore_prohibit_zip",
            "module.function.data.archive_file.device_presence_update_zip",
            "module.function.data.archive_file.device_shadow_retrieve_zip",
            "module.function.data.archive_file.device_status_notify_zip",
            "module.function.data.archive_file.device_status_retrieve_zip",
            "module.function.data.archive_file.mqtt_common_layer_zip",
            "module.function.data.archive_file.mqtt_jitr_zip",
            "module.function.data.archive_file.msg_status_retrieve_zip",
            "module.function.data.archive_file.send_message_zip",
            "module.function.data.archive_file.ticket_response_update_zip",
            "module.function.null_resource.cleanup_cert_update_zip",
            "module.function.null_resource.cleanup_common_layer_zip",
            "module.function.null_resource.cleanup_device_iotcore_zip",
            "module.function.null_resource.cleanup_device_presence_zip",
            "module.function.null_resource.cleanup_device_prohibit_zip",
            "module.function.null_resource.cleanup_device_shadow_zip",
            "module.function.null_resource.cleanup_device_status_zip",
            "module.function.null_resource.cleanup_mqtt_jitr_zip",
            "module.function.null_resource.cleanup_send_message_zip",
            "module.function.null_resource.cleanup_status_notify_zip",
            "module.function.null_resource.cleanup_status_retrieve_zip",
            "module.function.null_resource.cleanup_ticket_response_zip",
            "module.sqs.aws_sqs_queue.cert_update_notify",
            "module.sqs.aws_sqs_queue.presence_data_notify",
            "module.sqs.aws_sqs_queue.ticket_notify",
            "module.sqs.aws_sqs_queue_policy.policy_cert_update_notify",
            "module.sqs.aws_sqs_queue_policy.policy_ticket_notify",
            "module.sqs.aws_sqs_queue_policy.presence_data_notify"
          ]
        }
      ]
    },
    {
      "module": "module.apigateway",
      "mode": "managed",
      "type": "aws_api_gateway_integration",
      "name": "tickets_messageId_lambda_integration",
      "provider": "provider[\"registry.terraform.io/hashicorp/aws\"]",
      "instances": [
        {
          "schema_version": 0,
          "attributes": {
            "cache_key_parameters": [],
            "cache_namespace": "kioq4v",
            "connection_id": "",
            "connection_type": "INTERNET",
            "content_handling": "",
            "credentials": "arn:aws:iam::277403262470:role/WWRSPFMQTTAPIGatewayAccess",
            "http_method": "GET",
            "id": "agi-12ehl8kole-kioq4v-GET",
            "integration_http_method": "POST",
            "integration_target": "",
            "passthrough_behavior": "WHEN_NO_MATCH",
            "region": "ap-northeast-1",
            "request_parameters": {},
            "request_templates": {
              "application/json": "{\n  \"messageId\": \"$input.params('messageId')\"\n}"
            },
            "resource_id": "kioq4v",
            "response_transfer_mode": "BUFFERED",
            "rest_api_id": "12ehl8kole",
            "timeout_milliseconds": 29000,
            "tls_config": [],
            "type": "AWS",
            "uri": "arn:aws:apigateway:ap-northeast-1:lambda:path/2015-03-31/functions/arn:aws:lambda:ap-northeast-1:277403262470:function:MQTT-MSG-STATUS-RETRIEVE/invocations"
          },
          "sensitive_attributes": [],
          "identity_schema_version": 0,
          "private": "bnVsbA==",
          "dependencies": [
            "data.aws_caller_identity.current",
            "module.apigateway.aws_api_gateway_method.get_tickets_messageId",
            "module.apigateway.aws_api_gateway_resource.tickets",
            "module.apigateway.aws_api_gateway_resource.tickets_messageId",
            "module.apigateway.aws_api_gateway_rest_api.mqtt_server",
            "module.function.aws_lambda_event_source_mapping.trigger-cert-update",
            "module.function.aws_lambda_event_source_mapping.trigger-send-message",
            "module.function.aws_lambda_function.MQTT-CERT-UPDATE",
            "module.function.aws_lambda_function.MQTT-DEVICE-IOTCORE-ACCESS",
            "module.function.aws_lambda_function.MQTT-DEVICE-IOTCORE-PROHIBIT",
            "module.function.aws_lambda_function.MQTT-DEVICE-PRESENCE-UPDATE",
            "module.function.aws_lambda_function.MQTT-DEVICE-SHADOW-RETRIEVE",
            "module.function.aws_lambda_function.MQTT-DEVICE-STATUS-NOTIFY",
            "module.function.aws_lambda_function.MQTT-DEVICE-STATUS-RETRIEVE",
            "module.function.aws_lambda_function.MQTT-JITR",
            "module.function.aws_lambda_function.MQTT-MSG-STATUS-RETRIEVE",
            "module.function.aws_lambda_function.MQTT-SEND-MESSAGE",
            "module.function.aws_lambda_function.MQTT-TICKET-RESPONSE-UPDATE",
            "module.function.aws_lambda_layer_version.mqtt_common_layer",
            "module.function.data.archive_file.cret_update_zip",
            "module.function.data.archive_file.device_iotcore_access_zip",
            "module.function.data.archive_file.device_iotcore_prohibit_zip",
            "module.function.data.archive_file.device_presence_update_zip",
            "module.function.data.archive_file.device_shadow_retrieve_zip",
            "module.function.data.archive_file.device_status_notify_zip",
            "module.function.data.archive_file.device_status_retrieve_zip",
            "module.function.data.archive_file.mqtt_common_layer_zip",
            "module.function.data.archive_file.mqtt_jitr_zip",
            "module.function.data.archive_file.msg_status_retrieve_zip",
            "module.function.data.archive_file.send_message_zip",
            "module.function.data.archive_file.ticket_response_update_zip",
            "module.function.null_resource.cleanup_cert_update_zip",
            "module.function.null_resource.cleanup_common_layer_zip",
            "module.function.null_resource.cleanup_device_iotcore_zip",
            "module.function.null_resource.cleanup_device_presence_zip",
            "module.function.null_resource.cleanup_device_prohibit_zip",
            "module.function.null_resource.cleanup_device_shadow_zip",
            "module.function.null_resource.cleanup_device_status_zip",
            "module.function.null_resource.cleanup_mqtt_jitr_zip",
            "module.function.null_resource.cleanup_send_message_zip",
            "module.function.null_resource.cleanup_status_notify_zip",
            "module.function.null_resource.cleanup_status_retrieve_zip",
            "module.function.null_resource.cleanup_ticket_response_zip",
            "module.sqs.aws_sqs_queue.cert_update_notify",
            "module.sqs.aws_sqs_queue.presence_data_notify",
            "module.sqs.aws_sqs_queue.ticket_notify",
            "module.sqs.aws_sqs_queue_policy.policy_cert_update_notify",
            "module.sqs.aws_sqs_queue_policy.policy_ticket_notify",
            "module.sqs.aws_sqs_queue_policy.presence_data_notify"
          ]
        }
      ]
    },
    {
      "module": "module.apigateway",
      "mode": "managed",
      "type": "aws_api_gateway_integration",
      "name": "tickets_send_sqs_integration",
      "provider": "provider[\"registry.terraform.io/hashicorp/aws\"]",
      "instances": [
        {
          "schema_version": 0,
          "attributes": {
            "cache_key_parameters": [],
            "cache_namespace": "7y5rei",
            "connection_id": "",
            "connection_type": "INTERNET",
            "content_handling": "",
            "credentials": "arn:aws:iam::277403262470:role/WWRSPFMQTTAPIGatewayAccess",
            "http_method": "POST",
            "id": "agi-12ehl8kole-7y5rei-POST",
            "integration_http_method": "POST",
            "integration_target": "",
            "passthrough_behavior": "WHEN_NO_MATCH",
            "region": "ap-northeast-1",
            "request_parameters": {
              "integration.request.header.Content-Type": "'application/x-www-form-urlencoded'"
            },
            "request_templates": {
              "application/json": "Action=SendMessage\u0026Version=2012-11-05\u0026MessageBody=$util.urlEncode($input.body)\u0026MessageAttribute.1.Name=rspType\u0026MessageAttribute.1.Value.DataType=Number\u0026MessageAttribute.1.Value.StringValue=1"
            },
            "resource_id": "7y5rei",
            "response_transfer_mode": "BUFFERED",
            "rest_api_id": "12ehl8kole",
            "timeout_milliseconds": 29000,
            "tls_config": [],
            "type": "AWS",
            "uri": "arn:aws:apigateway:ap-northeast-1:sqs:path/277403262470/wwrspf-mqtt-ticket-notify"
          },
          "sensitive_attributes": [],
          "identity_schema_version": 0,
          "private": "bnVsbA==",
          "dependencies": [
            "data.aws_caller_identity.current",
            "module.apigateway.aws_api_gateway_method.post_tickets_send",
            "module.apigateway.aws_api_gateway_resource.tickets",
            "module.apigateway.aws_api_gateway_resource.tickets_send",
            "module.apigateway.aws_api_gateway_rest_api.mqtt_server",
            "module.function.aws_lambda_event_source_mapping.trigger-cert-update",
            "module.function.aws_lambda_event_source_mapping.trigger-send-message",
            "module.function.aws_lambda_function.MQTT-CERT-UPDATE",
            "module.function.aws_lambda_function.MQTT-DEVICE-IOTCORE-ACCESS",
            "module.function.aws_lambda_function.MQTT-DEVICE-IOTCORE-PROHIBIT",
            "module.function.aws_lambda_function.MQTT-DEVICE-PRESENCE-UPDATE",
            "module.function.aws_lambda_function.MQTT-DEVICE-SHADOW-RETRIEVE",
            "module.function.aws_lambda_function.MQTT-DEVICE-STATUS-NOTIFY",
            "module.function.aws_lambda_function.MQTT-DEVICE-STATUS-RETRIEVE",
            "module.function.aws_lambda_function.MQTT-JITR",
            "module.function.aws_lambda_function.MQTT-MSG-STATUS-RETRIEVE",
            "module.function.aws_lambda_function.MQTT-SEND-MESSAGE",
            "module.function.aws_lambda_function.MQTT-TICKET-RESPONSE-UPDATE",
            "module.function.aws_lambda_layer_version.mqtt_common_layer",
            "module.function.data.archive_file.cret_update_zip",
            "module.function.data.archive_file.device_iotcore_access_zip",
            "module.function.data.archive_file.device_iotcore_prohibit_zip",
            "module.function.data.archive_file.device_presence_update_zip",
            "module.function.data.archive_file.device_shadow_retrieve_zip",
            "module.function.data.archive_file.device_status_notify_zip",
            "module.function.data.archive_file.device_status_retrieve_zip",
            "module.function.data.archive_file.mqtt_common_layer_zip",
            "module.function.data.archive_file.mqtt_jitr_zip",
            "module.function.data.archive_file.msg_status_retrieve_zip",
            "module.function.data.archive_file.send_message_zip",
            "module.function.data.archive_file.ticket_response_update_zip",
            "module.function.null_resource.cleanup_cert_update_zip",
            "module.function.null_resource.cleanup_common_layer_zip",
            "module.function.null_resource.cleanup_device_iotcore_zip",
            "module.function.null_resource.cleanup_device_presence_zip",
            "module.function.null_resource.cleanup_device_prohibit_zip",
            "module.function.null_resource.cleanup_device_shadow_zip",
            "module.function.null_resource.cleanup_device_status_zip",
            "module.function.null_resource.cleanup_mqtt_jitr_zip",
            "module.function.null_resource.cleanup_send_message_zip",
            "module.function.null_resource.cleanup_status_notify_zip",
            "module.function.null_resource.cleanup_status_retrieve_zip",
            "module.function.null_resource.cleanup_ticket_response_zip",
            "module.sqs.aws_sqs_queue.cert_update_notify",
            "module.sqs.aws_sqs_queue.presence_data_notify",
            "module.sqs.aws_sqs_queue.ticket_notify",
            "module.sqs.aws_sqs_queue_policy.policy_cert_update_notify",
            "module.sqs.aws_sqs_queue_policy.policy_ticket_notify",
            "module.sqs.aws_sqs_queue_policy.presence_data_notify"
          ]
        }
      ]
    },
    {
      "module": "module.apigateway",
      "mode": "managed",
      "type": "aws_api_gateway_integration_response",
      "name": "devices_deviceId_connectionStatus_integration_response",
      "provider": "provider[\"registry.terraform.io/hashicorp/aws\"]",
      "instances": [
        {
          "schema_version": 0,
          "attributes": {
            "content_handling": "",
            "http_method": "GET",
            "id": "agir-12ehl8kole-ykr079-GET-200",
            "region": "ap-northeast-1",
            "resource_id": "ykr079",
            "response_parameters": {},
            "response_templates": {
              "application/json": "#set($inputRoot = $input.path('$'))\n#set($context.responseOverride.status = $inputRoot.statusCode)\n$inputRoot.body"
            },
            "rest_api_id": "12ehl8kole",
            "selection_pattern": "",
            "status_code": "200"
          },
          "sensitive_attributes": [],
          "identity_schema_version": 0,
          "private": "bnVsbA==",
          "dependencies": [
            "data.aws_caller_identity.current",
            "module.apigateway.aws_api_gateway_integration.devices_deviceId_connectionStatus_lambda_integration",
            "module.apigateway.aws_api_gateway_method.get_devices_deviceId_connectionStatus",
            "module.apigateway.aws_api_gateway_method_response.devices_deviceId_connectionStatus_method_response",
            "module.apigateway.aws_api_gateway_resource.devices",
            "module.apigateway.aws_api_gateway_resource.devices_deviceId",
            "module.apigateway.aws_api_gateway_resource.devices_deviceId_connectionStatus",
            "module.apigateway.aws_api_gateway_rest_api.mqtt_server",
            "module.function.aws_lambda_event_source_mapping.trigger-cert-update",
            "module.function.aws_lambda_event_source_mapping.trigger-send-message",
            "module.function.aws_lambda_function.MQTT-CERT-UPDATE",
            "module.function.aws_lambda_function.MQTT-DEVICE-IOTCORE-ACCESS",
            "module.function.aws_lambda_function.MQTT-DEVICE-IOTCORE-PROHIBIT",
            "module.function.aws_lambda_function.MQTT-DEVICE-PRESENCE-UPDATE",
            "module.function.aws_lambda_function.MQTT-DEVICE-SHADOW-RETRIEVE",
            "module.function.aws_lambda_function.MQTT-DEVICE-STATUS-NOTIFY",
            "module.function.aws_lambda_function.MQTT-DEVICE-STATUS-RETRIEVE",
            "module.function.aws_lambda_function.MQTT-JITR",
            "module.function.aws_lambda_function.MQTT-MSG-STATUS-RETRIEVE",
            "module.function.aws_lambda_function.MQTT-SEND-MESSAGE",
            "module.function.aws_lambda_function.MQTT-TICKET-RESPONSE-UPDATE",
            "module.function.aws_lambda_layer_version.mqtt_common_layer",
            "module.function.data.archive_file.cret_update_zip",
            "module.function.data.archive_file.device_iotcore_access_zip",
            "module.function.data.archive_file.device_iotcore_prohibit_zip",
            "module.function.data.archive_file.device_presence_update_zip",
            "module.function.data.archive_file.device_shadow_retrieve_zip",
            "module.function.data.archive_file.device_status_notify_zip",
            "module.function.data.archive_file.device_status_retrieve_zip",
            "module.function.data.archive_file.mqtt_common_layer_zip",
            "module.function.data.archive_file.mqtt_jitr_zip",
            "module.function.data.archive_file.msg_status_retrieve_zip",
            "module.function.data.archive_file.send_message_zip",
            "module.function.data.archive_file.ticket_response_update_zip",
            "module.function.null_resource.cleanup_cert_update_zip",
            "module.function.null_resource.cleanup_common_layer_zip",
            "module.function.null_resource.cleanup_device_iotcore_zip",
            "module.function.null_resource.cleanup_device_presence_zip",
            "module.function.null_resource.cleanup_device_prohibit_zip",
            "module.function.null_resource.cleanup_device_shadow_zip",
            "module.function.null_resource.cleanup_device_status_zip",
            "module.function.null_resource.cleanup_mqtt_jitr_zip",
            "module.function.null_resource.cleanup_send_message_zip",
            "module.function.null_resource.cleanup_status_notify_zip",
            "module.function.null_resource.cleanup_status_retrieve_zip",
            "module.function.null_resource.cleanup_ticket_response_zip",
            "module.sqs.aws_sqs_queue.cert_update_notify",
            "module.sqs.aws_sqs_queue.presence_data_notify",
            "module.sqs.aws_sqs_queue.ticket_notify",
            "module.sqs.aws_sqs_queue_policy.policy_cert_update_notify",
            "module.sqs.aws_sqs_queue_policy.policy_ticket_notify",
            "module.sqs.aws_sqs_queue_policy.presence_data_notify"
          ]
        }
      ]
    },
    {
      "module": "module.apigateway",
      "mode": "managed",
      "type": "aws_api_gateway_integration_response",
      "name": "get_time_server_response",
      "provider": "provider[\"registry.terraform.io/hashicorp/aws\"]",
      "instances": [
        {
          "schema_version": 0,
          "attributes": {
            "content_handling": "",
            "http_method": "GET",
            "id": "agir-igcsl55jl2-1fhgyinmod-GET-200",
            "region": "ap-northeast-1",
            "resource_id": "1fhgyinmod",
            "response_parameters": {},
            "response_templates": {
              "application/json": "{\n  \"currentGmtTime\": \"$context.requestTime\",\n  \"epochMillis\": \"$context.requestTimeEpoch\"\n}"
            },
            "rest_api_id": "igcsl55jl2",
            "selection_pattern": "",
            "status_code": "200"
          },
          "sensitive_attributes": [],
          "identity_schema_version": 0,
          "private": "bnVsbA==",
          "dependencies": [
            "data.aws_caller_identity.current",
            "module.apigateway.aws_api_gateway_integration.get_time_server_integration",
            "module.apigateway.aws_api_gateway_method.get_time_server",
            "module.apigateway.aws_api_gateway_method_response.time_server_method_response",
            "module.apigateway.aws_api_gateway_rest_api.time_server",
            "module.function.aws_lambda_event_source_mapping.trigger-cert-update",
            "module.function.aws_lambda_event_source_mapping.trigger-send-message",
            "module.function.aws_lambda_function.MQTT-CERT-UPDATE",
            "module.function.aws_lambda_function.MQTT-DEVICE-IOTCORE-ACCESS",
            "module.function.aws_lambda_function.MQTT-DEVICE-IOTCORE-PROHIBIT",
            "module.function.aws_lambda_function.MQTT-DEVICE-PRESENCE-UPDATE",
            "module.function.aws_lambda_function.MQTT-DEVICE-SHADOW-RETRIEVE",
            "module.function.aws_lambda_function.MQTT-DEVICE-STATUS-NOTIFY",
            "module.function.aws_lambda_function.MQTT-DEVICE-STATUS-RETRIEVE",
            "module.function.aws_lambda_function.MQTT-JITR",
            "module.function.aws_lambda_function.MQTT-MSG-STATUS-RETRIEVE",
            "module.function.aws_lambda_function.MQTT-SEND-MESSAGE",
            "module.function.aws_lambda_function.MQTT-TICKET-RESPONSE-UPDATE",
            "module.function.aws_lambda_layer_version.mqtt_common_layer",
            "module.function.data.archive_file.cret_update_zip",
            "module.function.data.archive_file.device_iotcore_access_zip",
            "module.function.data.archive_file.device_iotcore_prohibit_zip",
            "module.function.data.archive_file.device_presence_update_zip",
            "module.function.data.archive_file.device_shadow_retrieve_zip",
            "module.function.data.archive_file.device_status_notify_zip",
            "module.function.data.archive_file.device_status_retrieve_zip",
            "module.function.data.archive_file.mqtt_common_layer_zip",
            "module.function.data.archive_file.mqtt_jitr_zip",
            "module.function.data.archive_file.msg_status_retrieve_zip",
            "module.function.data.archive_file.send_message_zip",
            "module.function.data.archive_file.ticket_response_update_zip",
            "module.function.null_resource.cleanup_cert_update_zip",
            "module.function.null_resource.cleanup_common_layer_zip",
            "module.function.null_resource.cleanup_device_iotcore_zip",
            "module.function.null_resource.cleanup_device_presence_zip",
            "module.function.null_resource.cleanup_device_prohibit_zip",
            "module.function.null_resource.cleanup_device_shadow_zip",
            "module.function.null_resource.cleanup_device_status_zip",
            "module.function.null_resource.cleanup_mqtt_jitr_zip",
            "module.function.null_resource.cleanup_send_message_zip",
            "module.function.null_resource.cleanup_status_notify_zip",
            "module.function.null_resource.cleanup_status_retrieve_zip",
            "module.function.null_resource.cleanup_ticket_response_zip",
            "module.sqs.aws_sqs_queue.cert_update_notify",
            "module.sqs.aws_sqs_queue.presence_data_notify",
            "module.sqs.aws_sqs_queue.ticket_notify",
            "module.sqs.aws_sqs_queue_policy.policy_cert_update_notify",
            "module.sqs.aws_sqs_queue_policy.policy_ticket_notify",
            "module.sqs.aws_sqs_queue_policy.presence_data_notify"
          ]
        }
      ]
    },
    {
      "module": "module.apigateway",
      "mode": "managed",
      "type": "aws_api_gateway_integration_response",
      "name": "iwsapp_message_send_integration_response",
      "provider": "provider[\"registry.terraform.io/hashicorp/aws\"]",
      "instances": [
        {
          "schema_version": 0,
          "attributes": {
            "content_handling": "",
            "http_method": "POST",
            "id": "agir-blgspy2i4b-3ykxq2-POST-200",
            "region": "ap-northeast-1",
            "resource_id": "3ykxq2",
            "response_parameters": {
              "method.response.header.Access-Control-Allow-Origin": "'*'"
            },
            "response_templates": {
              "application/json": "#set($inputRoot = $input.path('$'))\n{\n  \"status\": \"queued\",\n  \"messageId\": \"$input.path('$.SendMessageResponse.SendMessageResult.MessageId')\"\n}"
            },
            "rest_api_id": "blgspy2i4b",
            "selection_pattern": "",
            "status_code": "200"
          },
          "sensitive_attributes": [],
          "identity_schema_version": 0,
          "private": "bnVsbA==",
          "dependencies": [
            "data.aws_caller_identity.current",
            "module.apigateway.aws_api_gateway_integration.iwsapp_message_send_sqs_integration",
            "module.apigateway.aws_api_gateway_method.iwsapp_message_send",
            "module.apigateway.aws_api_gateway_method_response.iwsapp_message_send_method_response",
            "module.apigateway.aws_api_gateway_resource.iwsapp_message",
            "module.apigateway.aws_api_gateway_resource.iwsapp_message_send",
            "module.apigateway.aws_api_gateway_rest_api.solution_mqtt_server",
            "module.function.aws_lambda_event_source_mapping.trigger-cert-update",
            "module.function.aws_lambda_event_source_mapping.trigger-send-message",
            "module.function.aws_lambda_function.MQTT-CERT-UPDATE",
            "module.function.aws_lambda_function.MQTT-DEVICE-IOTCORE-ACCESS",
            "module.function.aws_lambda_function.MQTT-DEVICE-IOTCORE-PROHIBIT",
            "module.function.aws_lambda_function.MQTT-DEVICE-PRESENCE-UPDATE",
            "module.function.aws_lambda_function.MQTT-DEVICE-SHADOW-RETRIEVE",
            "module.function.aws_lambda_function.MQTT-DEVICE-STATUS-NOTIFY",
            "module.function.aws_lambda_function.MQTT-DEVICE-STATUS-RETRIEVE",
            "module.function.aws_lambda_function.MQTT-JITR",
            "module.function.aws_lambda_function.MQTT-MSG-STATUS-RETRIEVE",
            "module.function.aws_lambda_function.MQTT-SEND-MESSAGE",
            "module.function.aws_lambda_function.MQTT-TICKET-RESPONSE-UPDATE",
            "module.function.aws_lambda_layer_version.mqtt_common_layer",
            "module.function.data.archive_file.cret_update_zip",
            "module.function.data.archive_file.device_iotcore_access_zip",
            "module.function.data.archive_file.device_iotcore_prohibit_zip",
            "module.function.data.archive_file.device_presence_update_zip",
            "module.function.data.archive_file.device_shadow_retrieve_zip",
            "module.function.data.archive_file.device_status_notify_zip",
            "module.function.data.archive_file.device_status_retrieve_zip",
            "module.function.data.archive_file.mqtt_common_layer_zip",
            "module.function.data.archive_file.mqtt_jitr_zip",
            "module.function.data.archive_file.msg_status_retrieve_zip",
            "module.function.data.archive_file.send_message_zip",
            "module.function.data.archive_file.ticket_response_update_zip",
            "module.function.null_resource.cleanup_cert_update_zip",
            "module.function.null_resource.cleanup_common_layer_zip",
            "module.function.null_resource.cleanup_device_iotcore_zip",
            "module.function.null_resource.cleanup_device_presence_zip",
            "module.function.null_resource.cleanup_device_prohibit_zip",
            "module.function.null_resource.cleanup_device_shadow_zip",
            "module.function.null_resource.cleanup_device_status_zip",
            "module.function.null_resource.cleanup_mqtt_jitr_zip",
            "module.function.null_resource.cleanup_send_message_zip",
            "module.function.null_resource.cleanup_status_notify_zip",
            "module.function.null_resource.cleanup_status_retrieve_zip",
            "module.function.null_resource.cleanup_ticket_response_zip",
            "module.sqs.aws_sqs_queue.cert_update_notify",
            "module.sqs.aws_sqs_queue.presence_data_notify",
            "module.sqs.aws_sqs_queue.ticket_notify",
            "module.sqs.aws_sqs_queue_policy.policy_cert_update_notify",
            "module.sqs.aws_sqs_queue_policy.policy_ticket_notify",
            "module.sqs.aws_sqs_queue_policy.presence_data_notify"
          ]
        }
      ]
    },
    {
      "module": "module.apigateway",
      "mode": "managed",
      "type": "aws_api_gateway_integration_response",
      "name": "iwsapp_message_send_integration_response_400",
      "provider": "provider[\"registry.terraform.io/hashicorp/aws\"]",
      "instances": [
        {
          "schema_version": 0,
          "attributes": {
            "content_handling": "",
            "http_method": "POST",
            "id": "agir-blgspy2i4b-3ykxq2-POST-400",
            "region": "ap-northeast-1",
            "resource_id": "3ykxq2",
            "response_parameters": {},
            "response_templates": {
              "application/json": "{\n  \"status\": \"failed\",\n  \"code\": \"$input.path('$.Error.Code')\",\n  \"message\": \"$input.path('$.Error.Message')\"\n}"
            },
            "rest_api_id": "blgspy2i4b",
            "selection_pattern": ".*4\\d{2}.*",
            "status_code": "400"
          },
          "sensitive_attributes": [],
          "identity_schema_version": 0,
          "private": "bnVsbA==",
          "dependencies": [
            "data.aws_caller_identity.current",
            "module.apigateway.aws_api_gateway_integration.iwsapp_message_send_sqs_integration",
            "module.apigateway.aws_api_gateway_method.iwsapp_message_send",
            "module.apigateway.aws_api_gateway_method_response.iwsapp_message_send_method_response_400",
            "module.apigateway.aws_api_gateway_resource.iwsapp_message",
            "module.apigateway.aws_api_gateway_resource.iwsapp_message_send",
            "module.apigateway.aws_api_gateway_rest_api.solution_mqtt_server",
            "module.function.aws_lambda_event_source_mapping.trigger-cert-update",
            "module.function.aws_lambda_event_source_mapping.trigger-send-message",
            "module.function.aws_lambda_function.MQTT-CERT-UPDATE",
            "module.function.aws_lambda_function.MQTT-DEVICE-IOTCORE-ACCESS",
            "module.function.aws_lambda_function.MQTT-DEVICE-IOTCORE-PROHIBIT",
            "module.function.aws_lambda_function.MQTT-DEVICE-PRESENCE-UPDATE",
            "module.function.aws_lambda_function.MQTT-DEVICE-SHADOW-RETRIEVE",
            "module.function.aws_lambda_function.MQTT-DEVICE-STATUS-NOTIFY",
            "module.function.aws_lambda_function.MQTT-DEVICE-STATUS-RETRIEVE",
            "module.function.aws_lambda_function.MQTT-JITR",
            "module.function.aws_lambda_function.MQTT-MSG-STATUS-RETRIEVE",
            "module.function.aws_lambda_function.MQTT-SEND-MESSAGE",
            "module.function.aws_lambda_function.MQTT-TICKET-RESPONSE-UPDATE",
            "module.function.aws_lambda_layer_version.mqtt_common_layer",
            "module.function.data.archive_file.cret_update_zip",
            "module.function.data.archive_file.device_iotcore_access_zip",
            "module.function.data.archive_file.device_iotcore_prohibit_zip",
            "module.function.data.archive_file.device_presence_update_zip",
            "module.function.data.archive_file.device_shadow_retrieve_zip",
            "module.function.data.archive_file.device_status_notify_zip",
            "module.function.data.archive_file.device_status_retrieve_zip",
            "module.function.data.archive_file.mqtt_common_layer_zip",
            "module.function.data.archive_file.mqtt_jitr_zip",
            "module.function.data.archive_file.msg_status_retrieve_zip",
            "module.function.data.archive_file.send_message_zip",
            "module.function.data.archive_file.ticket_response_update_zip",
            "module.function.null_resource.cleanup_cert_update_zip",
            "module.function.null_resource.cleanup_common_layer_zip",
            "module.function.null_resource.cleanup_device_iotcore_zip",
            "module.function.null_resource.cleanup_device_presence_zip",
            "module.function.null_resource.cleanup_device_prohibit_zip",
            "module.function.null_resource.cleanup_device_shadow_zip",
            "module.function.null_resource.cleanup_device_status_zip",
            "module.function.null_resource.cleanup_mqtt_jitr_zip",
            "module.function.null_resource.cleanup_send_message_zip",
            "module.function.null_resource.cleanup_status_notify_zip",
            "module.function.null_resource.cleanup_status_retrieve_zip",
            "module.function.null_resource.cleanup_ticket_response_zip",
            "module.sqs.aws_sqs_queue.cert_update_notify",
            "module.sqs.aws_sqs_queue.presence_data_notify",
            "module.sqs.aws_sqs_queue.ticket_notify",
            "module.sqs.aws_sqs_queue_policy.policy_cert_update_notify",
            "module.sqs.aws_sqs_queue_policy.policy_ticket_notify",
            "module.sqs.aws_sqs_queue_policy.presence_data_notify"
          ]
        }
      ]
    },
    {
      "module": "module.apigateway",
      "mode": "managed",
      "type": "aws_api_gateway_integration_response",
      "name": "plugin_message_send_integration_response",
      "provider": "provider[\"registry.terraform.io/hashicorp/aws\"]",
      "instances": [
        {
          "schema_version": 0,
          "attributes": {
            "content_handling": "",
            "http_method": "POST",
            "id": "agir-blgspy2i4b-96q5k1-POST-200",
            "region": "ap-northeast-1",
            "resource_id": "96q5k1",
            "response_parameters": {
              "method.response.header.Access-Control-Allow-Origin": "'*'"
            },
            "response_templates": {
              "application/json": "#set($inputRoot = $input.path('$'))\n{\n  \"status\": \"queued\",\n  \"messageId\": \"$input.path('$.SendMessageResponse.SendMessageResult.MessageId')\"\n}"
            },
            "rest_api_id": "blgspy2i4b",
            "selection_pattern": "",
            "status_code": "200"
          },
          "sensitive_attributes": [],
          "identity_schema_version": 0,
          "private": "bnVsbA==",
          "dependencies": [
            "data.aws_caller_identity.current",
            "module.apigateway.aws_api_gateway_integration.plugin_message_send_sqs_integration",
            "module.apigateway.aws_api_gateway_method.plugin_message_send",
            "module.apigateway.aws_api_gateway_method_response.plugin_message_send_method_response",
            "module.apigateway.aws_api_gateway_resource.iwsapp_message",
            "module.apigateway.aws_api_gateway_resource.plugin_message",
            "module.apigateway.aws_api_gateway_resource.plugin_message_send",
            "module.apigateway.aws_api_gateway_rest_api.solution_mqtt_server",
            "module.function.aws_lambda_event_source_mapping.trigger-cert-update",
            "module.function.aws_lambda_event_source_mapping.trigger-send-message",
            "module.function.aws_lambda_function.MQTT-CERT-UPDATE",
            "module.function.aws_lambda_function.MQTT-DEVICE-IOTCORE-ACCESS",
            "module.function.aws_lambda_function.MQTT-DEVICE-IOTCORE-PROHIBIT",
            "module.function.aws_lambda_function.MQTT-DEVICE-PRESENCE-UPDATE",
            "module.function.aws_lambda_function.MQTT-DEVICE-SHADOW-RETRIEVE",
            "module.function.aws_lambda_function.MQTT-DEVICE-STATUS-NOTIFY",
            "module.function.aws_lambda_function.MQTT-DEVICE-STATUS-RETRIEVE",
            "module.function.aws_lambda_function.MQTT-JITR",
            "module.function.aws_lambda_function.MQTT-MSG-STATUS-RETRIEVE",
            "module.function.aws_lambda_function.MQTT-SEND-MESSAGE",
            "module.function.aws_lambda_function.MQTT-TICKET-RESPONSE-UPDATE",
            "module.function.aws_lambda_layer_version.mqtt_common_layer",
            "module.function.data.archive_file.cret_update_zip",
            "module.function.data.archive_file.device_iotcore_access_zip",
            "module.function.data.archive_file.device_iotcore_prohibit_zip",
            "module.function.data.archive_file.device_presence_update_zip",
            "module.function.data.archive_file.device_shadow_retrieve_zip",
            "module.function.data.archive_file.device_status_notify_zip",
            "module.function.data.archive_file.device_status_retrieve_zip",
            "module.function.data.archive_file.mqtt_common_layer_zip",
            "module.function.data.archive_file.mqtt_jitr_zip",
            "module.function.data.archive_file.msg_status_retrieve_zip",
            "module.function.data.archive_file.send_message_zip",
            "module.function.data.archive_file.ticket_response_update_zip",
            "module.function.null_resource.cleanup_cert_update_zip",
            "module.function.null_resource.cleanup_common_layer_zip",
            "module.function.null_resource.cleanup_device_iotcore_zip",
            "module.function.null_resource.cleanup_device_presence_zip",
            "module.function.null_resource.cleanup_device_prohibit_zip",
            "module.function.null_resource.cleanup_device_shadow_zip",
            "module.function.null_resource.cleanup_device_status_zip",
            "module.function.null_resource.cleanup_mqtt_jitr_zip",
            "module.function.null_resource.cleanup_send_message_zip",
            "module.function.null_resource.cleanup_status_notify_zip",
            "module.function.null_resource.cleanup_status_retrieve_zip",
            "module.function.null_resource.cleanup_ticket_response_zip",
            "module.sqs.aws_sqs_queue.cert_update_notify",
            "module.sqs.aws_sqs_queue.presence_data_notify",
            "module.sqs.aws_sqs_queue.ticket_notify",
            "module.sqs.aws_sqs_queue_policy.policy_cert_update_notify",
            "module.sqs.aws_sqs_queue_policy.policy_ticket_notify",
            "module.sqs.aws_sqs_queue_policy.presence_data_notify"
          ]
        }
      ]
    },
    {
      "module": "module.apigateway",
      "mode": "managed",
      "type": "aws_api_gateway_integration_response",
      "name": "plugin_message_send_integration_response_400",
      "provider": "provider[\"registry.terraform.io/hashicorp/aws\"]",
      "instances": [
        {
          "schema_version": 0,
          "attributes": {
            "content_handling": "",
            "http_method": "POST",
            "id": "agir-blgspy2i4b-96q5k1-POST-400",
            "region": "ap-northeast-1",
            "resource_id": "96q5k1",
            "response_parameters": {},
            "response_templates": {
              "application/json": "{\n  \"status\": \"failed\",\n  \"code\": \"$input.path('$.Error.Code')\",\n  \"message\": \"$input.path('$.Error.Message')\"\n}"
            },
            "rest_api_id": "blgspy2i4b",
            "selection_pattern": ".*4\\d{2}.*",
            "status_code": "400"
          },
          "sensitive_attributes": [],
          "identity_schema_version": 0,
          "private": "bnVsbA==",
          "dependencies": [
            "data.aws_caller_identity.current",
            "module.apigateway.aws_api_gateway_integration.plugin_message_send_sqs_integration",
            "module.apigateway.aws_api_gateway_method.plugin_message_send",
            "module.apigateway.aws_api_gateway_method_response.plugin_message_send_method_response_400",
            "module.apigateway.aws_api_gateway_resource.iwsapp_message",
            "module.apigateway.aws_api_gateway_resource.plugin_message",
            "module.apigateway.aws_api_gateway_resource.plugin_message_send",
            "module.apigateway.aws_api_gateway_rest_api.solution_mqtt_server",
            "module.function.aws_lambda_event_source_mapping.trigger-cert-update",
            "module.function.aws_lambda_event_source_mapping.trigger-send-message",
            "module.function.aws_lambda_function.MQTT-CERT-UPDATE",
            "module.function.aws_lambda_function.MQTT-DEVICE-IOTCORE-ACCESS",
            "module.function.aws_lambda_function.MQTT-DEVICE-IOTCORE-PROHIBIT",
            "module.function.aws_lambda_function.MQTT-DEVICE-PRESENCE-UPDATE",
            "module.function.aws_lambda_function.MQTT-DEVICE-SHADOW-RETRIEVE",
            "module.function.aws_lambda_function.MQTT-DEVICE-STATUS-NOTIFY",
            "module.function.aws_lambda_function.MQTT-DEVICE-STATUS-RETRIEVE",
            "module.function.aws_lambda_function.MQTT-JITR",
            "module.function.aws_lambda_function.MQTT-MSG-STATUS-RETRIEVE",
            "module.function.aws_lambda_function.MQTT-SEND-MESSAGE",
            "module.function.aws_lambda_function.MQTT-TICKET-RESPONSE-UPDATE",
            "module.function.aws_lambda_layer_version.mqtt_common_layer",
            "module.function.data.archive_file.cret_update_zip",
            "module.function.data.archive_file.device_iotcore_access_zip",
            "module.function.data.archive_file.device_iotcore_prohibit_zip",
            "module.function.data.archive_file.device_presence_update_zip",
            "module.function.data.archive_file.device_shadow_retrieve_zip",
            "module.function.data.archive_file.device_status_notify_zip",
            "module.function.data.archive_file.device_status_retrieve_zip",
            "module.function.data.archive_file.mqtt_common_layer_zip",
            "module.function.data.archive_file.mqtt_jitr_zip",
            "module.function.data.archive_file.msg_status_retrieve_zip",
            "module.function.data.archive_file.send_message_zip",
            "module.function.data.archive_file.ticket_response_update_zip",
            "module.function.null_resource.cleanup_cert_update_zip",
            "module.function.null_resource.cleanup_common_layer_zip",
            "module.function.null_resource.cleanup_device_iotcore_zip",
            "module.function.null_resource.cleanup_device_presence_zip",
            "module.function.null_resource.cleanup_device_prohibit_zip",
            "module.function.null_resource.cleanup_device_shadow_zip",
            "module.function.null_resource.cleanup_device_status_zip",
            "module.function.null_resource.cleanup_mqtt_jitr_zip",
            "module.function.null_resource.cleanup_send_message_zip",
            "module.function.null_resource.cleanup_status_notify_zip",
            "module.function.null_resource.cleanup_status_retrieve_zip",
            "module.function.null_resource.cleanup_ticket_response_zip",
            "module.sqs.aws_sqs_queue.cert_update_notify",
            "module.sqs.aws_sqs_queue.presence_data_notify",
            "module.sqs.aws_sqs_queue.ticket_notify",
            "module.sqs.aws_sqs_queue_policy.policy_cert_update_notify",
            "module.sqs.aws_sqs_queue_policy.policy_ticket_notify",
            "module.sqs.aws_sqs_queue_policy.presence_data_notify"
          ]
        }
      ]
    },
    {
      "module": "module.apigateway",
      "mode": "managed",
      "type": "aws_api_gateway_integration_response",
      "name": "prohibited_devices_add_integration_response",
      "provider": "provider[\"registry.terraform.io/hashicorp/aws\"]",
      "instances": [
        {
          "schema_version": 0,
          "attributes": {
            "content_handling": "",
            "http_method": "POST",
            "id": "agir-12ehl8kole-mddpto-POST-200",
            "region": "ap-northeast-1",
            "resource_id": "mddpto",
            "response_parameters": {},
            "response_templates": {
              "application/json": "#set($inputRoot = $input.path('$'))\n#set($context.responseOverride.status = $inputRoot.statusCode)\n$inputRoot.body"
            },
            "rest_api_id": "12ehl8kole",
            "selection_pattern": "",
            "status_code": "200"
          },
          "sensitive_attributes": [],
          "identity_schema_version": 0,
          "private": "bnVsbA==",
          "dependencies": [
            "data.aws_caller_identity.current",
            "module.apigateway.aws_api_gateway_integration.prohibited_devices_add_lambda_integration",
            "module.apigateway.aws_api_gateway_method.prohibited_devices_add",
            "module.apigateway.aws_api_gateway_method_response.prohibited_devices_add_method_response",
            "module.apigateway.aws_api_gateway_resource.prohibited_devices",
            "module.apigateway.aws_api_gateway_resource.prohibited_devices_add",
            "module.apigateway.aws_api_gateway_rest_api.mqtt_server",
            "module.function.aws_lambda_event_source_mapping.trigger-cert-update",
            "module.function.aws_lambda_event_source_mapping.trigger-send-message",
            "module.function.aws_lambda_function.MQTT-CERT-UPDATE",
            "module.function.aws_lambda_function.MQTT-DEVICE-IOTCORE-ACCESS",
            "module.function.aws_lambda_function.MQTT-DEVICE-IOTCORE-PROHIBIT",
            "module.function.aws_lambda_function.MQTT-DEVICE-PRESENCE-UPDATE",
            "module.function.aws_lambda_function.MQTT-DEVICE-SHADOW-RETRIEVE",
            "module.function.aws_lambda_function.MQTT-DEVICE-STATUS-NOTIFY",
            "module.function.aws_lambda_function.MQTT-DEVICE-STATUS-RETRIEVE",
            "module.function.aws_lambda_function.MQTT-JITR",
            "module.function.aws_lambda_function.MQTT-MSG-STATUS-RETRIEVE",
            "module.function.aws_lambda_function.MQTT-SEND-MESSAGE",
            "module.function.aws_lambda_function.MQTT-TICKET-RESPONSE-UPDATE",
            "module.function.aws_lambda_layer_version.mqtt_common_layer",
            "module.function.data.archive_file.cret_update_zip",
            "module.function.data.archive_file.device_iotcore_access_zip",
            "module.function.data.archive_file.device_iotcore_prohibit_zip",
            "module.function.data.archive_file.device_presence_update_zip",
            "module.function.data.archive_file.device_shadow_retrieve_zip",
            "module.function.data.archive_file.device_status_notify_zip",
            "module.function.data.archive_file.device_status_retrieve_zip",
            "module.function.data.archive_file.mqtt_common_layer_zip",
            "module.function.data.archive_file.mqtt_jitr_zip",
            "module.function.data.archive_file.msg_status_retrieve_zip",
            "module.function.data.archive_file.send_message_zip",
            "module.function.data.archive_file.ticket_response_update_zip",
            "module.function.null_resource.cleanup_cert_update_zip",
            "module.function.null_resource.cleanup_common_layer_zip",
            "module.function.null_resource.cleanup_device_iotcore_zip",
            "module.function.null_resource.cleanup_device_presence_zip",
            "module.function.null_resource.cleanup_device_prohibit_zip",
            "module.function.null_resource.cleanup_device_shadow_zip",
            "module.function.null_resource.cleanup_device_status_zip",
            "module.function.null_resource.cleanup_mqtt_jitr_zip",
            "module.function.null_resource.cleanup_send_message_zip",
            "module.function.null_resource.cleanup_status_notify_zip",
            "module.function.null_resource.cleanup_status_retrieve_zip",
            "module.function.null_resource.cleanup_ticket_response_zip",
            "module.sqs.aws_sqs_queue.cert_update_notify",
            "module.sqs.aws_sqs_queue.presence_data_notify",
            "module.sqs.aws_sqs_queue.ticket_notify",
            "module.sqs.aws_sqs_queue_policy.policy_cert_update_notify",
            "module.sqs.aws_sqs_queue_policy.policy_ticket_notify",
            "module.sqs.aws_sqs_queue_policy.presence_data_notify"
          ]
        }
      ]
    },
    {
      "module": "module.apigateway",
      "mode": "managed",
      "type": "aws_api_gateway_integration_response",
      "name": "prohibited_devices_remove_integration_response",
      "provider": "provider[\"registry.terraform.io/hashicorp/aws\"]",
      "instances": [
        {
          "schema_version": 0,
          "attributes": {
            "content_handling": "",
            "http_method": "POST",
            "id": "agir-12ehl8kole-38t0ha-POST-200",
            "region": "ap-northeast-1",
            "resource_id": "38t0ha",
            "response_parameters": {},
            "response_templates": {
              "application/json": "#set($inputRoot = $input.path('$'))\n#set($context.responseOverride.status = $inputRoot.statusCode)\n$inputRoot.body"
            },
            "rest_api_id": "12ehl8kole",
            "selection_pattern": "",
            "status_code": "200"
          },
          "sensitive_attributes": [],
          "identity_schema_version": 0,
          "private": "bnVsbA==",
          "dependencies": [
            "data.aws_caller_identity.current",
            "module.apigateway.aws_api_gateway_integration.prohibited_devices_remove_lambda_integration",
            "module.apigateway.aws_api_gateway_method.prohibited_devices_remove",
            "module.apigateway.aws_api_gateway_method_response.prohibited_devices_remove_method_response",
            "module.apigateway.aws_api_gateway_resource.prohibited_devices",
            "module.apigateway.aws_api_gateway_resource.prohibited_devices_remove",
            "module.apigateway.aws_api_gateway_rest_api.mqtt_server",
            "module.function.aws_lambda_event_source_mapping.trigger-cert-update",
            "module.function.aws_lambda_event_source_mapping.trigger-send-message",
            "module.function.aws_lambda_function.MQTT-CERT-UPDATE",
            "module.function.aws_lambda_function.MQTT-DEVICE-IOTCORE-ACCESS",
            "module.function.aws_lambda_function.MQTT-DEVICE-IOTCORE-PROHIBIT",
            "module.function.aws_lambda_function.MQTT-DEVICE-PRESENCE-UPDATE",
            "module.function.aws_lambda_function.MQTT-DEVICE-SHADOW-RETRIEVE",
            "module.function.aws_lambda_function.MQTT-DEVICE-STATUS-NOTIFY",
            "module.function.aws_lambda_function.MQTT-DEVICE-STATUS-RETRIEVE",
            "module.function.aws_lambda_function.MQTT-JITR",
            "module.function.aws_lambda_function.MQTT-MSG-STATUS-RETRIEVE",
            "module.function.aws_lambda_function.MQTT-SEND-MESSAGE",
            "module.function.aws_lambda_function.MQTT-TICKET-RESPONSE-UPDATE",
            "module.function.aws_lambda_layer_version.mqtt_common_layer",
            "module.function.data.archive_file.cret_update_zip",
            "module.function.data.archive_file.device_iotcore_access_zip",
            "module.function.data.archive_file.device_iotcore_prohibit_zip",
            "module.function.data.archive_file.device_presence_update_zip",
            "module.function.data.archive_file.device_shadow_retrieve_zip",
            "module.function.data.archive_file.device_status_notify_zip",
            "module.function.data.archive_file.device_status_retrieve_zip",
            "module.function.data.archive_file.mqtt_common_layer_zip",
            "module.function.data.archive_file.mqtt_jitr_zip",
            "module.function.data.archive_file.msg_status_retrieve_zip",
            "module.function.data.archive_file.send_message_zip",
            "module.function.data.archive_file.ticket_response_update_zip",
            "module.function.null_resource.cleanup_cert_update_zip",
            "module.function.null_resource.cleanup_common_layer_zip",
            "module.function.null_resource.cleanup_device_iotcore_zip",
            "module.function.null_resource.cleanup_device_presence_zip",
            "module.function.null_resource.cleanup_device_prohibit_zip",
            "module.function.null_resource.cleanup_device_shadow_zip",
            "module.function.null_resource.cleanup_device_status_zip",
            "module.function.null_resource.cleanup_mqtt_jitr_zip",
            "module.function.null_resource.cleanup_send_message_zip",
            "module.function.null_resource.cleanup_status_notify_zip",
            "module.function.null_resource.cleanup_status_retrieve_zip",
            "module.function.null_resource.cleanup_ticket_response_zip",
            "module.sqs.aws_sqs_queue.cert_update_notify",
            "module.sqs.aws_sqs_queue.presence_data_notify",
            "module.sqs.aws_sqs_queue.ticket_notify",
            "module.sqs.aws_sqs_queue_policy.policy_cert_update_notify",
            "module.sqs.aws_sqs_queue_policy.policy_ticket_notify",
            "module.sqs.aws_sqs_queue_policy.presence_data_notify"
          ]
        }
      ]
    },
    {
      "module": "module.apigateway",
      "mode": "managed",
      "type": "aws_api_gateway_integration_response",
      "name": "sol_device_deviceId_connection_status_integration_response",
      "provider": "provider[\"registry.terraform.io/hashicorp/aws\"]",
      "instances": [
        {
          "schema_version": 0,
          "attributes": {
            "content_handling": "",
            "http_method": "GET",
            "id": "agir-blgspy2i4b-ser5a8-GET-200",
            "region": "ap-northeast-1",
            "resource_id": "ser5a8",
            "response_parameters": {},
            "response_templates": {
              "application/json": "#set($inputRoot = $input.path('$'))\n#set($context.responseOverride.status = $inputRoot.statusCode)\n$inputRoot.body"
            },
            "rest_api_id": "blgspy2i4b",
            "selection_pattern": "",
            "status_code": "200"
          },
          "sensitive_attributes": [],
          "identity_schema_version": 0,
          "private": "bnVsbA==",
          "dependencies": [
            "data.aws_caller_identity.current",
            "module.apigateway.aws_api_gateway_integration.sol_device_deviceId_connection_status_lambda_integration",
            "module.apigateway.aws_api_gateway_method.get_device_deviceId_connection_status",
            "module.apigateway.aws_api_gateway_method_response.sol_devicedevice_deviceId_connection_status_method_responseId",
            "module.apigateway.aws_api_gateway_resource.device_deviceId_connection_status",
            "module.apigateway.aws_api_gateway_resource.sol_device_deviceId",
            "module.apigateway.aws_api_gateway_resource.sol_devices",
            "module.apigateway.aws_api_gateway_rest_api.solution_mqtt_server",
            "module.function.aws_lambda_event_source_mapping.trigger-cert-update",
            "module.function.aws_lambda_event_source_mapping.trigger-send-message",
            "module.function.aws_lambda_function.MQTT-CERT-UPDATE",
            "module.function.aws_lambda_function.MQTT-DEVICE-IOTCORE-ACCESS",
            "module.function.aws_lambda_function.MQTT-DEVICE-IOTCORE-PROHIBIT",
            "module.function.aws_lambda_function.MQTT-DEVICE-PRESENCE-UPDATE",
            "module.function.aws_lambda_function.MQTT-DEVICE-SHADOW-RETRIEVE",
            "module.function.aws_lambda_function.MQTT-DEVICE-STATUS-NOTIFY",
            "module.function.aws_lambda_function.MQTT-DEVICE-STATUS-RETRIEVE",
            "module.function.aws_lambda_function.MQTT-JITR",
            "module.function.aws_lambda_function.MQTT-MSG-STATUS-RETRIEVE",
            "module.function.aws_lambda_function.MQTT-SEND-MESSAGE",
            "module.function.aws_lambda_function.MQTT-TICKET-RESPONSE-UPDATE",
            "module.function.aws_lambda_layer_version.mqtt_common_layer",
            "module.function.data.archive_file.cret_update_zip",
            "module.function.data.archive_file.device_iotcore_access_zip",
            "module.function.data.archive_file.device_iotcore_prohibit_zip",
            "module.function.data.archive_file.device_presence_update_zip",
            "module.function.data.archive_file.device_shadow_retrieve_zip",
            "module.function.data.archive_file.device_status_notify_zip",
            "module.function.data.archive_file.device_status_retrieve_zip",
            "module.function.data.archive_file.mqtt_common_layer_zip",
            "module.function.data.archive_file.mqtt_jitr_zip",
            "module.function.data.archive_file.msg_status_retrieve_zip",
            "module.function.data.archive_file.send_message_zip",
            "module.function.data.archive_file.ticket_response_update_zip",
            "module.function.null_resource.cleanup_cert_update_zip",
            "module.function.null_resource.cleanup_common_layer_zip",
            "module.function.null_resource.cleanup_device_iotcore_zip",
            "module.function.null_resource.cleanup_device_presence_zip",
            "module.function.null_resource.cleanup_device_prohibit_zip",
            "module.function.null_resource.cleanup_device_shadow_zip",
            "module.function.null_resource.cleanup_device_status_zip",
            "module.function.null_resource.cleanup_mqtt_jitr_zip",
            "module.function.null_resource.cleanup_send_message_zip",
            "module.function.null_resource.cleanup_status_notify_zip",
            "module.function.null_resource.cleanup_status_retrieve_zip",
            "module.function.null_resource.cleanup_ticket_response_zip",
            "module.sqs.aws_sqs_queue.cert_update_notify",
            "module.sqs.aws_sqs_queue.presence_data_notify",
            "module.sqs.aws_sqs_queue.ticket_notify",
            "module.sqs.aws_sqs_queue_policy.policy_cert_update_notify",
            "module.sqs.aws_sqs_queue_policy.policy_ticket_notify",
            "module.sqs.aws_sqs_queue_policy.presence_data_notify"
          ]
        }
      ]
    },
    {
      "module": "module.apigateway",
      "mode": "managed",
      "type": "aws_api_gateway_integration_response",
      "name": "sol_device_deviceId_shadows_name_integration_response",
      "provider": "provider[\"registry.terraform.io/hashicorp/aws\"]",
      "instances": [
        {
          "schema_version": 0,
          "attributes": {
            "content_handling": "",
            "http_method": "GET",
            "id": "agir-blgspy2i4b-m6zx62-GET-200",
            "region": "ap-northeast-1",
            "resource_id": "m6zx62",
            "response_parameters": {},
            "response_templates": {
              "application/json": "#set($inputRoot = $input.path('$'))\n#set($context.responseOverride.status = $inputRoot.statusCode)\n$inputRoot.body"
            },
            "rest_api_id": "blgspy2i4b",
            "selection_pattern": "",
            "status_code": "200"
          },
          "sensitive_attributes": [],
          "identity_schema_version": 0,
          "private": "bnVsbA==",
          "dependencies": [
            "data.aws_caller_identity.current",
            "module.apigateway.aws_api_gateway_integration.device_deviceId_shadows_name_lambda_integration",
            "module.apigateway.aws_api_gateway_method.get_device_deviceId_shadows_name",
            "module.apigateway.aws_api_gateway_method_response.sol_device_deviceId_shadows_name_method_responseId",
            "module.apigateway.aws_api_gateway_resource.device_deviceId_shadows",
            "module.apigateway.aws_api_gateway_resource.device_deviceId_shadows_name",
            "module.apigateway.aws_api_gateway_resource.sol_device_deviceId",
            "module.apigateway.aws_api_gateway_resource.sol_devices",
            "module.apigateway.aws_api_gateway_rest_api.solution_mqtt_server",
            "module.function.aws_lambda_event_source_mapping.trigger-cert-update",
            "module.function.aws_lambda_event_source_mapping.trigger-send-message",
            "module.function.aws_lambda_function.MQTT-CERT-UPDATE",
            "module.function.aws_lambda_function.MQTT-DEVICE-IOTCORE-ACCESS",
            "module.function.aws_lambda_function.MQTT-DEVICE-IOTCORE-PROHIBIT",
            "module.function.aws_lambda_function.MQTT-DEVICE-PRESENCE-UPDATE",
            "module.function.aws_lambda_function.MQTT-DEVICE-SHADOW-RETRIEVE",
            "module.function.aws_lambda_function.MQTT-DEVICE-STATUS-NOTIFY",
            "module.function.aws_lambda_function.MQTT-DEVICE-STATUS-RETRIEVE",
            "module.function.aws_lambda_function.MQTT-JITR",
            "module.function.aws_lambda_function.MQTT-MSG-STATUS-RETRIEVE",
            "module.function.aws_lambda_function.MQTT-SEND-MESSAGE",
            "module.function.aws_lambda_function.MQTT-TICKET-RESPONSE-UPDATE",
            "module.function.aws_lambda_layer_version.mqtt_common_layer",
            "module.function.data.archive_file.cret_update_zip",
            "module.function.data.archive_file.device_iotcore_access_zip",
            "module.function.data.archive_file.device_iotcore_prohibit_zip",
            "module.function.data.archive_file.device_presence_update_zip",
            "module.function.data.archive_file.device_shadow_retrieve_zip",
            "module.function.data.archive_file.device_status_notify_zip",
            "module.function.data.archive_file.device_status_retrieve_zip",
            "module.function.data.archive_file.mqtt_common_layer_zip",
            "module.function.data.archive_file.mqtt_jitr_zip",
            "module.function.data.archive_file.msg_status_retrieve_zip",
            "module.function.data.archive_file.send_message_zip",
            "module.function.data.archive_file.ticket_response_update_zip",
            "module.function.null_resource.cleanup_cert_update_zip",
            "module.function.null_resource.cleanup_common_layer_zip",
            "module.function.null_resource.cleanup_device_iotcore_zip",
            "module.function.null_resource.cleanup_device_presence_zip",
            "module.function.null_resource.cleanup_device_prohibit_zip",
            "module.function.null_resource.cleanup_device_shadow_zip",
            "module.function.null_resource.cleanup_device_status_zip",
            "module.function.null_resource.cleanup_mqtt_jitr_zip",
            "module.function.null_resource.cleanup_send_message_zip",
            "module.function.null_resource.cleanup_status_notify_zip",
            "module.function.null_resource.cleanup_status_retrieve_zip",
            "module.function.null_resource.cleanup_ticket_response_zip",
            "module.sqs.aws_sqs_queue.cert_update_notify",
            "module.sqs.aws_sqs_queue.presence_data_notify",
            "module.sqs.aws_sqs_queue.ticket_notify",
            "module.sqs.aws_sqs_queue_policy.policy_cert_update_notify",
            "module.sqs.aws_sqs_queue_policy.policy_ticket_notify",
            "module.sqs.aws_sqs_queue_policy.presence_data_notify"
          ]
        }
      ]
    },
    {
      "module": "module.apigateway",
      "mode": "managed",
      "type": "aws_api_gateway_integration_response",
      "name": "sol_tickets_groupId_integration_response",
      "provider": "provider[\"registry.terraform.io/hashicorp/aws\"]",
      "instances": [
        {
          "schema_version": 0,
          "attributes": {
            "content_handling": "",
            "http_method": "GET",
            "id": "agir-blgspy2i4b-u2h8go-GET-200",
            "region": "ap-northeast-1",
            "resource_id": "u2h8go",
            "response_parameters": {},
            "response_templates": {
              "application/json": "#set($inputRoot = $input.path('$'))\n#set($context.responseOverride.status = $inputRoot.statusCode)\n$inputRoot.body"
            },
            "rest_api_id": "blgspy2i4b",
            "selection_pattern": "",
            "status_code": "200"
          },
          "sensitive_attributes": [],
          "identity_schema_version": 0,
          "private": "bnVsbA==",
          "dependencies": [
            "data.aws_caller_identity.current",
            "module.apigateway.aws_api_gateway_integration.sol_tickets_groupId_lambda_integration",
            "module.apigateway.aws_api_gateway_method.get_sol_tickets_groupId",
            "module.apigateway.aws_api_gateway_method_response.sol_tickets_groupId_method_response",
            "module.apigateway.aws_api_gateway_resource.sol_tickets",
            "module.apigateway.aws_api_gateway_rest_api.solution_mqtt_server",
            "module.function.aws_lambda_event_source_mapping.trigger-cert-update",
            "module.function.aws_lambda_event_source_mapping.trigger-send-message",
            "module.function.aws_lambda_function.MQTT-CERT-UPDATE",
            "module.function.aws_lambda_function.MQTT-DEVICE-IOTCORE-ACCESS",
            "module.function.aws_lambda_function.MQTT-DEVICE-IOTCORE-PROHIBIT",
            "module.function.aws_lambda_function.MQTT-DEVICE-PRESENCE-UPDATE",
            "module.function.aws_lambda_function.MQTT-DEVICE-SHADOW-RETRIEVE",
            "module.function.aws_lambda_function.MQTT-DEVICE-STATUS-NOTIFY",
            "module.function.aws_lambda_function.MQTT-DEVICE-STATUS-RETRIEVE",
            "module.function.aws_lambda_function.MQTT-JITR",
            "module.function.aws_lambda_function.MQTT-MSG-STATUS-RETRIEVE",
            "module.function.aws_lambda_function.MQTT-SEND-MESSAGE",
            "module.function.aws_lambda_function.MQTT-TICKET-RESPONSE-UPDATE",
            "module.function.aws_lambda_layer_version.mqtt_common_layer",
            "module.function.data.archive_file.cret_update_zip",
            "module.function.data.archive_file.device_iotcore_access_zip",
            "module.function.data.archive_file.device_iotcore_prohibit_zip",
            "module.function.data.archive_file.device_presence_update_zip",
            "module.function.data.archive_file.device_shadow_retrieve_zip",
            "module.function.data.archive_file.device_status_notify_zip",
            "module.function.data.archive_file.device_status_retrieve_zip",
            "module.function.data.archive_file.mqtt_common_layer_zip",
            "module.function.data.archive_file.mqtt_jitr_zip",
            "module.function.data.archive_file.msg_status_retrieve_zip",
            "module.function.data.archive_file.send_message_zip",
            "module.function.data.archive_file.ticket_response_update_zip",
            "module.function.null_resource.cleanup_cert_update_zip",
            "module.function.null_resource.cleanup_common_layer_zip",
            "module.function.null_resource.cleanup_device_iotcore_zip",
            "module.function.null_resource.cleanup_device_presence_zip",
            "module.function.null_resource.cleanup_device_prohibit_zip",
            "module.function.null_resource.cleanup_device_shadow_zip",
            "module.function.null_resource.cleanup_device_status_zip",
            "module.function.null_resource.cleanup_mqtt_jitr_zip",
            "module.function.null_resource.cleanup_send_message_zip",
            "module.function.null_resource.cleanup_status_notify_zip",
            "module.function.null_resource.cleanup_status_retrieve_zip",
            "module.function.null_resource.cleanup_ticket_response_zip",
            "module.sqs.aws_sqs_queue.cert_update_notify",
            "module.sqs.aws_sqs_queue.presence_data_notify",
            "module.sqs.aws_sqs_queue.ticket_notify",
            "module.sqs.aws_sqs_queue_policy.policy_cert_update_notify",
            "module.sqs.aws_sqs_queue_policy.policy_ticket_notify",
            "module.sqs.aws_sqs_queue_policy.presence_data_notify"
          ]
        }
      ]
    },
    {
      "module": "module.apigateway",
      "mode": "managed",
      "type": "aws_api_gateway_integration_response",
      "name": "sol_tickets_messageId_deviceId_integration_response",
      "provider": "provider[\"registry.terraform.io/hashicorp/aws\"]",
      "instances": [
        {
          "schema_version": 0,
          "attributes": {
            "content_handling": "",
            "http_method": "GET",
            "id": "agir-blgspy2i4b-08zb5v-GET-200",
            "region": "ap-northeast-1",
            "resource_id": "08zb5v",
            "response_parameters": {},
            "response_templates": {
              "application/json": "#set($inputRoot = $input.path('$'))\n#set($context.responseOverride.status = $inputRoot.statusCode)\n$inputRoot.body"
            },
            "rest_api_id": "blgspy2i4b",
            "selection_pattern": "",
            "status_code": "200"
          },
          "sensitive_attributes": [],
          "identity_schema_version": 0,
          "private": "bnVsbA==",
          "dependencies": [
            "data.aws_caller_identity.current",
            "module.apigateway.aws_api_gateway_integration.sol_tickets_messageId_deviceId_lambda_integration",
            "module.apigateway.aws_api_gateway_method.get_sol_tickets_messageId_deviceId",
            "module.apigateway.aws_api_gateway_method_response.sol_tickets_messageId_deviceId_method_response",
            "module.apigateway.aws_api_gateway_resource.sol_tickets",
            "module.apigateway.aws_api_gateway_resource.sol_tickets_messageId",
            "module.apigateway.aws_api_gateway_resource.sol_tickets_messageId_deviceId",
            "module.apigateway.aws_api_gateway_rest_api.solution_mqtt_server",
            "module.function.aws_lambda_event_source_mapping.trigger-cert-update",
            "module.function.aws_lambda_event_source_mapping.trigger-send-message",
            "module.function.aws_lambda_function.MQTT-CERT-UPDATE",
            "module.function.aws_lambda_function.MQTT-DEVICE-IOTCORE-ACCESS",
            "module.function.aws_lambda_function.MQTT-DEVICE-IOTCORE-PROHIBIT",
            "module.function.aws_lambda_function.MQTT-DEVICE-PRESENCE-UPDATE",
            "module.function.aws_lambda_function.MQTT-DEVICE-SHADOW-RETRIEVE",
            "module.function.aws_lambda_function.MQTT-DEVICE-STATUS-NOTIFY",
            "module.function.aws_lambda_function.MQTT-DEVICE-STATUS-RETRIEVE",
            "module.function.aws_lambda_function.MQTT-JITR",
            "module.function.aws_lambda_function.MQTT-MSG-STATUS-RETRIEVE",
            "module.function.aws_lambda_function.MQTT-SEND-MESSAGE",
            "module.function.aws_lambda_function.MQTT-TICKET-RESPONSE-UPDATE",
            "module.function.aws_lambda_layer_version.mqtt_common_layer",
            "module.function.data.archive_file.cret_update_zip",
            "module.function.data.archive_file.device_iotcore_access_zip",
            "module.function.data.archive_file.device_iotcore_prohibit_zip",
            "module.function.data.archive_file.device_presence_update_zip",
            "module.function.data.archive_file.device_shadow_retrieve_zip",
            "module.function.data.archive_file.device_status_notify_zip",
            "module.function.data.archive_file.device_status_retrieve_zip",
            "module.function.data.archive_file.mqtt_common_layer_zip",
            "module.function.data.archive_file.mqtt_jitr_zip",
            "module.function.data.archive_file.msg_status_retrieve_zip",
            "module.function.data.archive_file.send_message_zip",
            "module.function.data.archive_file.ticket_response_update_zip",
            "module.function.null_resource.cleanup_cert_update_zip",
            "module.function.null_resource.cleanup_common_layer_zip",
            "module.function.null_resource.cleanup_device_iotcore_zip",
            "module.function.null_resource.cleanup_device_presence_zip",
            "module.function.null_resource.cleanup_device_prohibit_zip",
            "module.function.null_resource.cleanup_device_shadow_zip",
            "module.function.null_resource.cleanup_device_status_zip",
            "module.function.null_resource.cleanup_mqtt_jitr_zip",
            "module.function.null_resource.cleanup_send_message_zip",
            "module.function.null_resource.cleanup_status_notify_zip",
            "module.function.null_resource.cleanup_status_retrieve_zip",
            "module.function.null_resource.cleanup_ticket_response_zip",
            "module.sqs.aws_sqs_queue.cert_update_notify",
            "module.sqs.aws_sqs_queue.presence_data_notify",
            "module.sqs.aws_sqs_queue.ticket_notify",
            "module.sqs.aws_sqs_queue_policy.policy_cert_update_notify",
            "module.sqs.aws_sqs_queue_policy.policy_ticket_notify",
            "module.sqs.aws_sqs_queue_policy.presence_data_notify"
          ]
        }
      ]
    },
    {
      "module": "module.apigateway",
      "mode": "managed",
      "type": "aws_api_gateway_integration_response",
      "name": "sol_tickets_messageId_integration_response",
      "provider": "provider[\"registry.terraform.io/hashicorp/aws\"]",
      "instances": [
        {
          "schema_version": 0,
          "attributes": {
            "content_handling": "",
            "http_method": "GET",
            "id": "agir-blgspy2i4b-itv963-GET-200",
            "region": "ap-northeast-1",
            "resource_id": "itv963",
            "response_parameters": {},
            "response_templates": {
              "application/json": "#set($inputRoot = $input.path('$'))\n#set($context.responseOverride.status = $inputRoot.statusCode)\n$inputRoot.body"
            },
            "rest_api_id": "blgspy2i4b",
            "selection_pattern": "",
            "status_code": "200"
          },
          "sensitive_attributes": [],
          "identity_schema_version": 0,
          "private": "bnVsbA==",
          "dependencies": [
            "data.aws_caller_identity.current",
            "module.apigateway.aws_api_gateway_integration.sol_tickets_messageId_lambda_integration",
            "module.apigateway.aws_api_gateway_method.get_sol_tickets_messageId",
            "module.apigateway.aws_api_gateway_method_response.sol_tickets_messageId_method_response",
            "module.apigateway.aws_api_gateway_resource.sol_tickets",
            "module.apigateway.aws_api_gateway_resource.sol_tickets_messageId",
            "module.apigateway.aws_api_gateway_rest_api.solution_mqtt_server",
            "module.function.aws_lambda_event_source_mapping.trigger-cert-update",
            "module.function.aws_lambda_event_source_mapping.trigger-send-message",
            "module.function.aws_lambda_function.MQTT-CERT-UPDATE",
            "module.function.aws_lambda_function.MQTT-DEVICE-IOTCORE-ACCESS",
            "module.function.aws_lambda_function.MQTT-DEVICE-IOTCORE-PROHIBIT",
            "module.function.aws_lambda_function.MQTT-DEVICE-PRESENCE-UPDATE",
            "module.function.aws_lambda_function.MQTT-DEVICE-SHADOW-RETRIEVE",
            "module.function.aws_lambda_function.MQTT-DEVICE-STATUS-NOTIFY",
            "module.function.aws_lambda_function.MQTT-DEVICE-STATUS-RETRIEVE",
            "module.function.aws_lambda_function.MQTT-JITR",
            "module.function.aws_lambda_function.MQTT-MSG-STATUS-RETRIEVE",
            "module.function.aws_lambda_function.MQTT-SEND-MESSAGE",
            "module.function.aws_lambda_function.MQTT-TICKET-RESPONSE-UPDATE",
            "module.function.aws_lambda_layer_version.mqtt_common_layer",
            "module.function.data.archive_file.cret_update_zip",
            "module.function.data.archive_file.device_iotcore_access_zip",
            "module.function.data.archive_file.device_iotcore_prohibit_zip",
            "module.function.data.archive_file.device_presence_update_zip",
            "module.function.data.archive_file.device_shadow_retrieve_zip",
            "module.function.data.archive_file.device_status_notify_zip",
            "module.function.data.archive_file.device_status_retrieve_zip",
            "module.function.data.archive_file.mqtt_common_layer_zip",
            "module.function.data.archive_file.mqtt_jitr_zip",
            "module.function.data.archive_file.msg_status_retrieve_zip",
            "module.function.data.archive_file.send_message_zip",
            "module.function.data.archive_file.ticket_response_update_zip",
            "module.function.null_resource.cleanup_cert_update_zip",
            "module.function.null_resource.cleanup_common_layer_zip",
            "module.function.null_resource.cleanup_device_iotcore_zip",
            "module.function.null_resource.cleanup_device_presence_zip",
            "module.function.null_resource.cleanup_device_prohibit_zip",
            "module.function.null_resource.cleanup_device_shadow_zip",
            "module.function.null_resource.cleanup_device_status_zip",
            "module.function.null_resource.cleanup_mqtt_jitr_zip",
            "module.function.null_resource.cleanup_send_message_zip",
            "module.function.null_resource.cleanup_status_notify_zip",
            "module.function.null_resource.cleanup_status_retrieve_zip",
            "module.function.null_resource.cleanup_ticket_response_zip",
            "module.sqs.aws_sqs_queue.cert_update_notify",
            "module.sqs.aws_sqs_queue.presence_data_notify",
            "module.sqs.aws_sqs_queue.ticket_notify",
            "module.sqs.aws_sqs_queue_policy.policy_cert_update_notify",
            "module.sqs.aws_sqs_queue_policy.policy_ticket_notify",
            "module.sqs.aws_sqs_queue_policy.presence_data_notify"
          ]
        }
      ]
    },
    {
      "module": "module.apigateway",
      "mode": "managed",
      "type": "aws_api_gateway_integration_response",
      "name": "tickets_groupId_integration_response",
      "provider": "provider[\"registry.terraform.io/hashicorp/aws\"]",
      "instances": [
        {
          "schema_version": 0,
          "attributes": {
            "content_handling": "",
            "http_method": "GET",
            "id": "agir-12ehl8kole-jvaqux-GET-200",
            "region": "ap-northeast-1",
            "resource_id": "jvaqux",
            "response_parameters": {},
            "response_templates": {
              "application/json": "#set($inputRoot = $input.path('$'))\n#set($context.responseOverride.status = $inputRoot.statusCode)\n$inputRoot.body"
            },
            "rest_api_id": "12ehl8kole",
            "selection_pattern": "",
            "status_code": "200"
          },
          "sensitive_attributes": [],
          "identity_schema_version": 0,
          "private": "bnVsbA==",
          "dependencies": [
            "data.aws_caller_identity.current",
            "module.apigateway.aws_api_gateway_integration.tickets_groupId_lambda_integration",
            "module.apigateway.aws_api_gateway_method.get_tickets_groupId",
            "module.apigateway.aws_api_gateway_method_response.tickets_groupId_method_response",
            "module.apigateway.aws_api_gateway_resource.tickets",
            "module.apigateway.aws_api_gateway_rest_api.mqtt_server",
            "module.function.aws_lambda_event_source_mapping.trigger-cert-update",
            "module.function.aws_lambda_event_source_mapping.trigger-send-message",
            "module.function.aws_lambda_function.MQTT-CERT-UPDATE",
            "module.function.aws_lambda_function.MQTT-DEVICE-IOTCORE-ACCESS",
            "module.function.aws_lambda_function.MQTT-DEVICE-IOTCORE-PROHIBIT",
            "module.function.aws_lambda_function.MQTT-DEVICE-PRESENCE-UPDATE",
            "module.function.aws_lambda_function.MQTT-DEVICE-SHADOW-RETRIEVE",
            "module.function.aws_lambda_function.MQTT-DEVICE-STATUS-NOTIFY",
            "module.function.aws_lambda_function.MQTT-DEVICE-STATUS-RETRIEVE",
            "module.function.aws_lambda_function.MQTT-JITR",
            "module.function.aws_lambda_function.MQTT-MSG-STATUS-RETRIEVE",
            "module.function.aws_lambda_function.MQTT-SEND-MESSAGE",
            "module.function.aws_lambda_function.MQTT-TICKET-RESPONSE-UPDATE",
            "module.function.aws_lambda_layer_version.mqtt_common_layer",
            "module.function.data.archive_file.cret_update_zip",
            "module.function.data.archive_file.device_iotcore_access_zip",
            "module.function.data.archive_file.device_iotcore_prohibit_zip",
            "module.function.data.archive_file.device_presence_update_zip",
            "module.function.data.archive_file.device_shadow_retrieve_zip",
            "module.function.data.archive_file.device_status_notify_zip",
            "module.function.data.archive_file.device_status_retrieve_zip",
            "module.function.data.archive_file.mqtt_common_layer_zip",
            "module.function.data.archive_file.mqtt_jitr_zip",
            "module.function.data.archive_file.msg_status_retrieve_zip",
            "module.function.data.archive_file.send_message_zip",
            "module.function.data.archive_file.ticket_response_update_zip",
            "module.function.null_resource.cleanup_cert_update_zip",
            "module.function.null_resource.cleanup_common_layer_zip",
            "module.function.null_resource.cleanup_device_iotcore_zip",
            "module.function.null_resource.cleanup_device_presence_zip",
            "module.function.null_resource.cleanup_device_prohibit_zip",
            "module.function.null_resource.cleanup_device_shadow_zip",
            "module.function.null_resource.cleanup_device_status_zip",
            "module.function.null_resource.cleanup_mqtt_jitr_zip",
            "module.function.null_resource.cleanup_send_message_zip",
            "module.function.null_resource.cleanup_status_notify_zip",
            "module.function.null_resource.cleanup_status_retrieve_zip",
            "module.function.null_resource.cleanup_ticket_response_zip",
            "module.sqs.aws_sqs_queue.cert_update_notify",
            "module.sqs.aws_sqs_queue.presence_data_notify",
            "module.sqs.aws_sqs_queue.ticket_notify",
            "module.sqs.aws_sqs_queue_policy.policy_cert_update_notify",
            "module.sqs.aws_sqs_queue_policy.policy_ticket_notify",
            "module.sqs.aws_sqs_queue_policy.presence_data_notify"
          ]
        }
      ]
    },
    {
      "module": "module.apigateway",
      "mode": "managed",
      "type": "aws_api_gateway_integration_response",
      "name": "tickets_messageId_deviceId_integration_response",
      "provider": "provider[\"registry.terraform.io/hashicorp/aws\"]",
      "instances": [
        {
          "schema_version": 0,
          "attributes": {
            "content_handling": "",
            "http_method": "GET",
            "id": "agir-12ehl8kole-2aifel-GET-200",
            "region": "ap-northeast-1",
            "resource_id": "2aifel",
            "response_parameters": {},
            "response_templates": {
              "application/json": "#set($inputRoot = $input.path('$'))\n#set($context.responseOverride.status = $inputRoot.statusCode)\n$inputRoot.body"
            },
            "rest_api_id": "12ehl8kole",
            "selection_pattern": "",
            "status_code": "200"
          },
          "sensitive_attributes": [],
          "identity_schema_version": 0,
          "private": "bnVsbA==",
          "dependencies": [
            "data.aws_caller_identity.current",
            "module.apigateway.aws_api_gateway_integration.tickets_messageId_deviceId_lambda_integration",
            "module.apigateway.aws_api_gateway_method.get_tickets_messageId_deviceId",
            "module.apigateway.aws_api_gateway_method_response.tickets_messageId_deviceId_method_response",
            "module.apigateway.aws_api_gateway_resource.tickets",
            "module.apigateway.aws_api_gateway_resource.tickets_messageId",
            "module.apigateway.aws_api_gateway_resource.tickets_messageId_deviceId",
            "module.apigateway.aws_api_gateway_rest_api.mqtt_server",
            "module.function.aws_lambda_event_source_mapping.trigger-cert-update",
            "module.function.aws_lambda_event_source_mapping.trigger-send-message",
            "module.function.aws_lambda_function.MQTT-CERT-UPDATE",
            "module.function.aws_lambda_function.MQTT-DEVICE-IOTCORE-ACCESS",
            "module.function.aws_lambda_function.MQTT-DEVICE-IOTCORE-PROHIBIT",
            "module.function.aws_lambda_function.MQTT-DEVICE-PRESENCE-UPDATE",
            "module.function.aws_lambda_function.MQTT-DEVICE-SHADOW-RETRIEVE",
            "module.function.aws_lambda_function.MQTT-DEVICE-STATUS-NOTIFY",
            "module.function.aws_lambda_function.MQTT-DEVICE-STATUS-RETRIEVE",
            "module.function.aws_lambda_function.MQTT-JITR",
            "module.function.aws_lambda_function.MQTT-MSG-STATUS-RETRIEVE",
            "module.function.aws_lambda_function.MQTT-SEND-MESSAGE",
            "module.function.aws_lambda_function.MQTT-TICKET-RESPONSE-UPDATE",
            "module.function.aws_lambda_layer_version.mqtt_common_layer",
            "module.function.data.archive_file.cret_update_zip",
            "module.function.data.archive_file.device_iotcore_access_zip",
            "module.function.data.archive_file.device_iotcore_prohibit_zip",
            "module.function.data.archive_file.device_presence_update_zip",
            "module.function.data.archive_file.device_shadow_retrieve_zip",
            "module.function.data.archive_file.device_status_notify_zip",
            "module.function.data.archive_file.device_status_retrieve_zip",
            "module.function.data.archive_file.mqtt_common_layer_zip",
            "module.function.data.archive_file.mqtt_jitr_zip",
            "module.function.data.archive_file.msg_status_retrieve_zip",
            "module.function.data.archive_file.send_message_zip",
            "module.function.data.archive_file.ticket_response_update_zip",
            "module.function.null_resource.cleanup_cert_update_zip",
            "module.function.null_resource.cleanup_common_layer_zip",
            "module.function.null_resource.cleanup_device_iotcore_zip",
            "module.function.null_resource.cleanup_device_presence_zip",
            "module.function.null_resource.cleanup_device_prohibit_zip",
            "module.function.null_resource.cleanup_device_shadow_zip",
            "module.function.null_resource.cleanup_device_status_zip",
            "module.function.null_resource.cleanup_mqtt_jitr_zip",
            "module.function.null_resource.cleanup_send_message_zip",
            "module.function.null_resource.cleanup_status_notify_zip",
            "module.function.null_resource.cleanup_status_retrieve_zip",
            "module.function.null_resource.cleanup_ticket_response_zip",
            "module.sqs.aws_sqs_queue.cert_update_notify",
            "module.sqs.aws_sqs_queue.presence_data_notify",
            "module.sqs.aws_sqs_queue.ticket_notify",
            "module.sqs.aws_sqs_queue_policy.policy_cert_update_notify",
            "module.sqs.aws_sqs_queue_policy.policy_ticket_notify",
            "module.sqs.aws_sqs_queue_policy.presence_data_notify"
          ]
        }
      ]
    },
    {
      "module": "module.apigateway",
      "mode": "managed",
      "type": "aws_api_gateway_integration_response",
      "name": "tickets_messageId_integration_response",
      "provider": "provider[\"registry.terraform.io/hashicorp/aws\"]",
      "instances": [
        {
          "schema_version": 0,
          "attributes": {
            "content_handling": "",
            "http_method": "GET",
            "id": "agir-12ehl8kole-kioq4v-GET-200",
            "region": "ap-northeast-1",
            "resource_id": "kioq4v",
            "response_parameters": {},
            "response_templates": {
              "application/json": "#set($inputRoot = $input.path('$'))\n#set($context.responseOverride.status = $inputRoot.statusCode)\n$inputRoot.body"
            },
            "rest_api_id": "12ehl8kole",
            "selection_pattern": "",
            "status_code": "200"
          },
          "sensitive_attributes": [],
          "identity_schema_version": 0,
          "private": "bnVsbA==",
          "dependencies": [
            "data.aws_caller_identity.current",
            "module.apigateway.aws_api_gateway_integration.tickets_messageId_lambda_integration",
            "module.apigateway.aws_api_gateway_method.get_tickets_messageId",
            "module.apigateway.aws_api_gateway_method_response.tickets_messageId_method_response",
            "module.apigateway.aws_api_gateway_resource.tickets",
            "module.apigateway.aws_api_gateway_resource.tickets_messageId",
            "module.apigateway.aws_api_gateway_rest_api.mqtt_server",
            "module.function.aws_lambda_event_source_mapping.trigger-cert-update",
            "module.function.aws_lambda_event_source_mapping.trigger-send-message",
            "module.function.aws_lambda_function.MQTT-CERT-UPDATE",
            "module.function.aws_lambda_function.MQTT-DEVICE-IOTCORE-ACCESS",
            "module.function.aws_lambda_function.MQTT-DEVICE-IOTCORE-PROHIBIT",
            "module.function.aws_lambda_function.MQTT-DEVICE-PRESENCE-UPDATE",
            "module.function.aws_lambda_function.MQTT-DEVICE-SHADOW-RETRIEVE",
            "module.function.aws_lambda_function.MQTT-DEVICE-STATUS-NOTIFY",
            "module.function.aws_lambda_function.MQTT-DEVICE-STATUS-RETRIEVE",
            "module.function.aws_lambda_function.MQTT-JITR",
            "module.function.aws_lambda_function.MQTT-MSG-STATUS-RETRIEVE",
            "module.function.aws_lambda_function.MQTT-SEND-MESSAGE",
            "module.function.aws_lambda_function.MQTT-TICKET-RESPONSE-UPDATE",
            "module.function.aws_lambda_layer_version.mqtt_common_layer",
            "module.function.data.archive_file.cret_update_zip",
            "module.function.data.archive_file.device_iotcore_access_zip",
            "module.function.data.archive_file.device_iotcore_prohibit_zip",
            "module.function.data.archive_file.device_presence_update_zip",
            "module.function.data.archive_file.device_shadow_retrieve_zip",
            "module.function.data.archive_file.device_status_notify_zip",
            "module.function.data.archive_file.device_status_retrieve_zip",
            "module.function.data.archive_file.mqtt_common_layer_zip",
            "module.function.data.archive_file.mqtt_jitr_zip",
            "module.function.data.archive_file.msg_status_retrieve_zip",
            "module.function.data.archive_file.send_message_zip",
            "module.function.data.archive_file.ticket_response_update_zip",
            "module.function.null_resource.cleanup_cert_update_zip",
            "module.function.null_resource.cleanup_common_layer_zip",
            "module.function.null_resource.cleanup_device_iotcore_zip",
            "module.function.null_resource.cleanup_device_presence_zip",
            "module.function.null_resource.cleanup_device_prohibit_zip",
            "module.function.null_resource.cleanup_device_shadow_zip",
            "module.function.null_resource.cleanup_device_status_zip",
            "module.function.null_resource.cleanup_mqtt_jitr_zip",
            "module.function.null_resource.cleanup_send_message_zip",
            "module.function.null_resource.cleanup_status_notify_zip",
            "module.function.null_resource.cleanup_status_retrieve_zip",
            "module.function.null_resource.cleanup_ticket_response_zip",
            "module.sqs.aws_sqs_queue.cert_update_notify",
            "module.sqs.aws_sqs_queue.presence_data_notify",
            "module.sqs.aws_sqs_queue.ticket_notify",
            "module.sqs.aws_sqs_queue_policy.policy_cert_update_notify",
            "module.sqs.aws_sqs_queue_policy.policy_ticket_notify",
            "module.sqs.aws_sqs_queue_policy.presence_data_notify"
          ]
        }
      ]
    },
    {
      "module": "module.apigateway",
      "mode": "managed",
      "type": "aws_api_gateway_integration_response",
      "name": "tickets_send_integration_response",
      "provider": "provider[\"registry.terraform.io/hashicorp/aws\"]",
      "instances": [
        {
          "schema_version": 0,
          "attributes": {
            "content_handling": "",
            "http_method": "POST",
            "id": "agir-12ehl8kole-7y5rei-POST-200",
            "region": "ap-northeast-1",
            "resource_id": "7y5rei",
            "response_parameters": {
              "method.response.header.Access-Control-Allow-Origin": "'*'"
            },
            "response_templates": {
              "application/json": "#set($inputRoot = $input.path('$'))\n{\n  \"status\": \"queued\",\n  \"messageId\": \"$input.path('$.SendMessageResponse.SendMessageResult.MessageId')\"\n}"
            },
            "rest_api_id": "12ehl8kole",
            "selection_pattern": "",
            "status_code": "200"
          },
          "sensitive_attributes": [],
          "identity_schema_version": 0,
          "private": "bnVsbA==",
          "dependencies": [
            "data.aws_caller_identity.current",
            "module.apigateway.aws_api_gateway_integration.tickets_send_sqs_integration",
            "module.apigateway.aws_api_gateway_method.post_tickets_send",
            "module.apigateway.aws_api_gateway_method_response.tickets_send_method_response",
            "module.apigateway.aws_api_gateway_resource.tickets",
            "module.apigateway.aws_api_gateway_resource.tickets_send",
            "module.apigateway.aws_api_gateway_rest_api.mqtt_server",
            "module.function.aws_lambda_event_source_mapping.trigger-cert-update",
            "module.function.aws_lambda_event_source_mapping.trigger-send-message",
            "module.function.aws_lambda_function.MQTT-CERT-UPDATE",
            "module.function.aws_lambda_function.MQTT-DEVICE-IOTCORE-ACCESS",
            "module.function.aws_lambda_function.MQTT-DEVICE-IOTCORE-PROHIBIT",
            "module.function.aws_lambda_function.MQTT-DEVICE-PRESENCE-UPDATE",
            "module.function.aws_lambda_function.MQTT-DEVICE-SHADOW-RETRIEVE",
            "module.function.aws_lambda_function.MQTT-DEVICE-STATUS-NOTIFY",
            "module.function.aws_lambda_function.MQTT-DEVICE-STATUS-RETRIEVE",
            "module.function.aws_lambda_function.MQTT-JITR",
            "module.function.aws_lambda_function.MQTT-MSG-STATUS-RETRIEVE",
            "module.function.aws_lambda_function.MQTT-SEND-MESSAGE",
            "module.function.aws_lambda_function.MQTT-TICKET-RESPONSE-UPDATE",
            "module.function.aws_lambda_layer_version.mqtt_common_layer",
            "module.function.data.archive_file.cret_update_zip",
            "module.function.data.archive_file.device_iotcore_access_zip",
            "module.function.data.archive_file.device_iotcore_prohibit_zip",
            "module.function.data.archive_file.device_presence_update_zip",
            "module.function.data.archive_file.device_shadow_retrieve_zip",
            "module.function.data.archive_file.device_status_notify_zip",
            "module.function.data.archive_file.device_status_retrieve_zip",
            "module.function.data.archive_file.mqtt_common_layer_zip",
            "module.function.data.archive_file.mqtt_jitr_zip",
            "module.function.data.archive_file.msg_status_retrieve_zip",
            "module.function.data.archive_file.send_message_zip",
            "module.function.data.archive_file.ticket_response_update_zip",
            "module.function.null_resource.cleanup_cert_update_zip",
            "module.function.null_resource.cleanup_common_layer_zip",
            "module.function.null_resource.cleanup_device_iotcore_zip",
            "module.function.null_resource.cleanup_device_presence_zip",
            "module.function.null_resource.cleanup_device_prohibit_zip",
            "module.function.null_resource.cleanup_device_shadow_zip",
            "module.function.null_resource.cleanup_device_status_zip",
            "module.function.null_resource.cleanup_mqtt_jitr_zip",
            "module.function.null_resource.cleanup_send_message_zip",
            "module.function.null_resource.cleanup_status_notify_zip",
            "module.function.null_resource.cleanup_status_retrieve_zip",
            "module.function.null_resource.cleanup_ticket_response_zip",
            "module.sqs.aws_sqs_queue.cert_update_notify",
            "module.sqs.aws_sqs_queue.presence_data_notify",
            "module.sqs.aws_sqs_queue.ticket_notify",
            "module.sqs.aws_sqs_queue_policy.policy_cert_update_notify",
            "module.sqs.aws_sqs_queue_policy.policy_ticket_notify",
            "module.sqs.aws_sqs_queue_policy.presence_data_notify"
          ]
        }
      ]
    },
    {
      "module": "module.apigateway",
      "mode": "managed",
      "type": "aws_api_gateway_integration_response",
      "name": "tickets_send_integration_response_400",
      "provider": "provider[\"registry.terraform.io/hashicorp/aws\"]",
      "instances": [
        {
          "schema_version": 0,
          "attributes": {
            "content_handling": "",
            "http_method": "POST",
            "id": "agir-12ehl8kole-7y5rei-POST-400",
            "region": "ap-northeast-1",
            "resource_id": "7y5rei",
            "response_parameters": {},
            "response_templates": {
              "application/json": "{\n  \"status\": \"failed\",\n  \"code\": \"$input.path('$.Error.Code')\",\n  \"message\": \"$input.path('$.Error.Message')\"\n}"
            },
            "rest_api_id": "12ehl8kole",
            "selection_pattern": ".*4\\d{2}.*",
            "status_code": "400"
          },
          "sensitive_attributes": [],
          "identity_schema_version": 0,
          "private": "bnVsbA==",
          "dependencies": [
            "data.aws_caller_identity.current",
            "module.apigateway.aws_api_gateway_integration.tickets_send_sqs_integration",
            "module.apigateway.aws_api_gateway_method.post_tickets_send",
            "module.apigateway.aws_api_gateway_method_response.tickets_send_method_response_400",
            "module.apigateway.aws_api_gateway_resource.tickets",
            "module.apigateway.aws_api_gateway_resource.tickets_send",
            "module.apigateway.aws_api_gateway_rest_api.mqtt_server",
            "module.function.aws_lambda_event_source_mapping.trigger-cert-update",
            "module.function.aws_lambda_event_source_mapping.trigger-send-message",
            "module.function.aws_lambda_function.MQTT-CERT-UPDATE",
            "module.function.aws_lambda_function.MQTT-DEVICE-IOTCORE-ACCESS",
            "module.function.aws_lambda_function.MQTT-DEVICE-IOTCORE-PROHIBIT",
            "module.function.aws_lambda_function.MQTT-DEVICE-PRESENCE-UPDATE",
            "module.function.aws_lambda_function.MQTT-DEVICE-SHADOW-RETRIEVE",
            "module.function.aws_lambda_function.MQTT-DEVICE-STATUS-NOTIFY",
            "module.function.aws_lambda_function.MQTT-DEVICE-STATUS-RETRIEVE",
            "module.function.aws_lambda_function.MQTT-JITR",
            "module.function.aws_lambda_function.MQTT-MSG-STATUS-RETRIEVE",
            "module.function.aws_lambda_function.MQTT-SEND-MESSAGE",
            "module.function.aws_lambda_function.MQTT-TICKET-RESPONSE-UPDATE",
            "module.function.aws_lambda_layer_version.mqtt_common_layer",
            "module.function.data.archive_file.cret_update_zip",
            "module.function.data.archive_file.device_iotcore_access_zip",
            "module.function.data.archive_file.device_iotcore_prohibit_zip",
            "module.function.data.archive_file.device_presence_update_zip",
            "module.function.data.archive_file.device_shadow_retrieve_zip",
            "module.function.data.archive_file.device_status_notify_zip",
            "module.function.data.archive_file.device_status_retrieve_zip",
            "module.function.data.archive_file.mqtt_common_layer_zip",
            "module.function.data.archive_file.mqtt_jitr_zip",
            "module.function.data.archive_file.msg_status_retrieve_zip",
            "module.function.data.archive_file.send_message_zip",
            "module.function.data.archive_file.ticket_response_update_zip",
            "module.function.null_resource.cleanup_cert_update_zip",
            "module.function.null_resource.cleanup_common_layer_zip",
            "module.function.null_resource.cleanup_device_iotcore_zip",
            "module.function.null_resource.cleanup_device_presence_zip",
            "module.function.null_resource.cleanup_device_prohibit_zip",
            "module.function.null_resource.cleanup_device_shadow_zip",
            "module.function.null_resource.cleanup_device_status_zip",
            "module.function.null_resource.cleanup_mqtt_jitr_zip",
            "module.function.null_resource.cleanup_send_message_zip",
            "module.function.null_resource.cleanup_status_notify_zip",
            "module.function.null_resource.cleanup_status_retrieve_zip",
            "module.function.null_resource.cleanup_ticket_response_zip",
            "module.sqs.aws_sqs_queue.cert_update_notify",
            "module.sqs.aws_sqs_queue.presence_data_notify",
            "module.sqs.aws_sqs_queue.ticket_notify",
            "module.sqs.aws_sqs_queue_policy.policy_cert_update_notify",
            "module.sqs.aws_sqs_queue_policy.policy_ticket_notify",
            "module.sqs.aws_sqs_queue_policy.presence_data_notify"
          ]
        }
      ]
    },
    {
      "module": "module.apigateway",
      "mode": "managed",
      "type": "aws_api_gateway_method",
      "name": "get_device_deviceId_connection_status",
      "provider": "provider[\"registry.terraform.io/hashicorp/aws\"]",
      "instances": [
        {
          "schema_version": 0,
          "attributes": {
            "api_key_required": false,
            "authorization": "NONE",
            "authorization_scopes": [],
            "authorizer_id": "",
            "http_method": "GET",
            "id": "agm-blgspy2i4b-ser5a8-GET",
            "operation_name": "connectionStatus",
            "region": "ap-northeast-1",
            "request_models": {},
            "request_parameters": {
              "method.request.path.deviceId": true
            },
            "request_validator_id": "",
            "resource_id": "ser5a8",
            "rest_api_id": "blgspy2i4b"
          },
          "sensitive_attributes": [],
          "identity_schema_version": 0,
          "private": "bnVsbA==",
          "dependencies": [
            "data.aws_caller_identity.current",
            "module.apigateway.aws_api_gateway_resource.device_deviceId_connection_status",
            "module.apigateway.aws_api_gateway_resource.sol_device_deviceId",
            "module.apigateway.aws_api_gateway_resource.sol_devices",
            "module.apigateway.aws_api_gateway_rest_api.solution_mqtt_server",
            "module.function.aws_lambda_event_source_mapping.trigger-cert-update",
            "module.function.aws_lambda_event_source_mapping.trigger-send-message",
            "module.function.aws_lambda_function.MQTT-CERT-UPDATE",
            "module.function.aws_lambda_function.MQTT-DEVICE-IOTCORE-ACCESS",
            "module.function.aws_lambda_function.MQTT-DEVICE-IOTCORE-PROHIBIT",
            "module.function.aws_lambda_function.MQTT-DEVICE-PRESENCE-UPDATE",
            "module.function.aws_lambda_function.MQTT-DEVICE-SHADOW-RETRIEVE",
            "module.function.aws_lambda_function.MQTT-DEVICE-STATUS-NOTIFY",
            "module.function.aws_lambda_function.MQTT-DEVICE-STATUS-RETRIEVE",
            "module.function.aws_lambda_function.MQTT-JITR",
            "module.function.aws_lambda_function.MQTT-MSG-STATUS-RETRIEVE",
            "module.function.aws_lambda_function.MQTT-SEND-MESSAGE",
            "module.function.aws_lambda_function.MQTT-TICKET-RESPONSE-UPDATE",
            "module.function.aws_lambda_layer_version.mqtt_common_layer",
            "module.function.data.archive_file.cret_update_zip",
            "module.function.data.archive_file.device_iotcore_access_zip",
            "module.function.data.archive_file.device_iotcore_prohibit_zip",
            "module.function.data.archive_file.device_presence_update_zip",
            "module.function.data.archive_file.device_shadow_retrieve_zip",
            "module.function.data.archive_file.device_status_notify_zip",
            "module.function.data.archive_file.device_status_retrieve_zip",
            "module.function.data.archive_file.mqtt_common_layer_zip",
            "module.function.data.archive_file.mqtt_jitr_zip",
            "module.function.data.archive_file.msg_status_retrieve_zip",
            "module.function.data.archive_file.send_message_zip",
            "module.function.data.archive_file.ticket_response_update_zip",
            "module.function.null_resource.cleanup_cert_update_zip",
            "module.function.null_resource.cleanup_common_layer_zip",
            "module.function.null_resource.cleanup_device_iotcore_zip",
            "module.function.null_resource.cleanup_device_presence_zip",
            "module.function.null_resource.cleanup_device_prohibit_zip",
            "module.function.null_resource.cleanup_device_shadow_zip",
            "module.function.null_resource.cleanup_device_status_zip",
            "module.function.null_resource.cleanup_mqtt_jitr_zip",
            "module.function.null_resource.cleanup_send_message_zip",
            "module.function.null_resource.cleanup_status_notify_zip",
            "module.function.null_resource.cleanup_status_retrieve_zip",
            "module.function.null_resource.cleanup_ticket_response_zip",
            "module.sqs.aws_sqs_queue.cert_update_notify",
            "module.sqs.aws_sqs_queue.presence_data_notify",
            "module.sqs.aws_sqs_queue.ticket_notify",
            "module.sqs.aws_sqs_queue_policy.policy_cert_update_notify",
            "module.sqs.aws_sqs_queue_policy.policy_ticket_notify",
            "module.sqs.aws_sqs_queue_policy.presence_data_notify"
          ]
        }
      ]
    },
    {
      "module": "module.apigateway",
      "mode": "managed",
      "type": "aws_api_gateway_method",
      "name": "get_device_deviceId_shadows_name",
      "provider": "provider[\"registry.terraform.io/hashicorp/aws\"]",
      "instances": [
        {
          "schema_version": 0,
          "attributes": {
            "api_key_required": false,
            "authorization": "NONE",
            "authorization_scopes": [],
            "authorizer_id": "",
            "http_method": "GET",
            "id": "agm-blgspy2i4b-m6zx62-GET",
            "operation_name": "{name}",
            "region": "ap-northeast-1",
            "request_models": {},
            "request_parameters": {
              "method.request.path.deviceId": true,
              "method.request.path.name": true
            },
            "request_validator_id": "",
            "resource_id": "m6zx62",
            "rest_api_id": "blgspy2i4b"
          },
          "sensitive_attributes": [],
          "identity_schema_version": 0,
          "private": "bnVsbA==",
          "dependencies": [
            "data.aws_caller_identity.current",
            "module.apigateway.aws_api_gateway_resource.device_deviceId_shadows",
            "module.apigateway.aws_api_gateway_resource.device_deviceId_shadows_name",
            "module.apigateway.aws_api_gateway_resource.sol_device_deviceId",
            "module.apigateway.aws_api_gateway_resource.sol_devices",
            "module.apigateway.aws_api_gateway_rest_api.solution_mqtt_server",
            "module.function.aws_lambda_event_source_mapping.trigger-cert-update",
            "module.function.aws_lambda_event_source_mapping.trigger-send-message",
            "module.function.aws_lambda_function.MQTT-CERT-UPDATE",
            "module.function.aws_lambda_function.MQTT-DEVICE-IOTCORE-ACCESS",
            "module.function.aws_lambda_function.MQTT-DEVICE-IOTCORE-PROHIBIT",
            "module.function.aws_lambda_function.MQTT-DEVICE-PRESENCE-UPDATE",
            "module.function.aws_lambda_function.MQTT-DEVICE-SHADOW-RETRIEVE",
            "module.function.aws_lambda_function.MQTT-DEVICE-STATUS-NOTIFY",
            "module.function.aws_lambda_function.MQTT-DEVICE-STATUS-RETRIEVE",
            "module.function.aws_lambda_function.MQTT-JITR",
            "module.function.aws_lambda_function.MQTT-MSG-STATUS-RETRIEVE",
            "module.function.aws_lambda_function.MQTT-SEND-MESSAGE",
            "module.function.aws_lambda_function.MQTT-TICKET-RESPONSE-UPDATE",
            "module.function.aws_lambda_layer_version.mqtt_common_layer",
            "module.function.data.archive_file.cret_update_zip",
            "module.function.data.archive_file.device_iotcore_access_zip",
            "module.function.data.archive_file.device_iotcore_prohibit_zip",
            "module.function.data.archive_file.device_presence_update_zip",
            "module.function.data.archive_file.device_shadow_retrieve_zip",
            "module.function.data.archive_file.device_status_notify_zip",
            "module.function.data.archive_file.device_status_retrieve_zip",
            "module.function.data.archive_file.mqtt_common_layer_zip",
            "module.function.data.archive_file.mqtt_jitr_zip",
            "module.function.data.archive_file.msg_status_retrieve_zip",
            "module.function.data.archive_file.send_message_zip",
            "module.function.data.archive_file.ticket_response_update_zip",
            "module.function.null_resource.cleanup_cert_update_zip",
            "module.function.null_resource.cleanup_common_layer_zip",
            "module.function.null_resource.cleanup_device_iotcore_zip",
            "module.function.null_resource.cleanup_device_presence_zip",
            "module.function.null_resource.cleanup_device_prohibit_zip",
            "module.function.null_resource.cleanup_device_shadow_zip",
            "module.function.null_resource.cleanup_device_status_zip",
            "module.function.null_resource.cleanup_mqtt_jitr_zip",
            "module.function.null_resource.cleanup_send_message_zip",
            "module.function.null_resource.cleanup_status_notify_zip",
            "module.function.null_resource.cleanup_status_retrieve_zip",
            "module.function.null_resource.cleanup_ticket_response_zip",
            "module.sqs.aws_sqs_queue.cert_update_notify",
            "module.sqs.aws_sqs_queue.presence_data_notify",
            "module.sqs.aws_sqs_queue.ticket_notify",
            "module.sqs.aws_sqs_queue_policy.policy_cert_update_notify",
            "module.sqs.aws_sqs_queue_policy.policy_ticket_notify",
            "module.sqs.aws_sqs_queue_policy.presence_data_notify"
          ]
        }
      ]
    },
    {
      "module": "module.apigateway",
      "mode": "managed",
      "type": "aws_api_gateway_method",
      "name": "get_devices_deviceId_connectionStatus",
      "provider": "provider[\"registry.terraform.io/hashicorp/aws\"]",
      "instances": [
        {
          "schema_version": 0,
          "attributes": {
            "api_key_required": false,
            "authorization": "NONE",
            "authorization_scopes": [],
            "authorizer_id": "",
            "http_method": "GET",
            "id": "agm-12ehl8kole-ykr079-GET",
            "operation_name": "connectionStatus",
            "region": "ap-northeast-1",
            "request_models": {},
            "request_parameters": {
              "method.request.path.deviceId": true
            },
            "request_validator_id": "",
            "resource_id": "ykr079",
            "rest_api_id": "12ehl8kole"
          },
          "sensitive_attributes": [],
          "identity_schema_version": 0,
          "private": "bnVsbA==",
          "dependencies": [
            "data.aws_caller_identity.current",
            "module.apigateway.aws_api_gateway_resource.devices",
            "module.apigateway.aws_api_gateway_resource.devices_deviceId",
            "module.apigateway.aws_api_gateway_resource.devices_deviceId_connectionStatus",
            "module.apigateway.aws_api_gateway_rest_api.mqtt_server",
            "module.function.aws_lambda_event_source_mapping.trigger-cert-update",
            "module.function.aws_lambda_event_source_mapping.trigger-send-message",
            "module.function.aws_lambda_function.MQTT-CERT-UPDATE",
            "module.function.aws_lambda_function.MQTT-DEVICE-IOTCORE-ACCESS",
            "module.function.aws_lambda_function.MQTT-DEVICE-IOTCORE-PROHIBIT",
            "module.function.aws_lambda_function.MQTT-DEVICE-PRESENCE-UPDATE",
            "module.function.aws_lambda_function.MQTT-DEVICE-SHADOW-RETRIEVE",
            "module.function.aws_lambda_function.MQTT-DEVICE-STATUS-NOTIFY",
            "module.function.aws_lambda_function.MQTT-DEVICE-STATUS-RETRIEVE",
            "module.function.aws_lambda_function.MQTT-JITR",
            "module.function.aws_lambda_function.MQTT-MSG-STATUS-RETRIEVE",
            "module.function.aws_lambda_function.MQTT-SEND-MESSAGE",
            "module.function.aws_lambda_function.MQTT-TICKET-RESPONSE-UPDATE",
            "module.function.aws_lambda_layer_version.mqtt_common_layer",
            "module.function.data.archive_file.cret_update_zip",
            "module.function.data.archive_file.device_iotcore_access_zip",
            "module.function.data.archive_file.device_iotcore_prohibit_zip",
            "module.function.data.archive_file.device_presence_update_zip",
            "module.function.data.archive_file.device_shadow_retrieve_zip",
            "module.function.data.archive_file.device_status_notify_zip",
            "module.function.data.archive_file.device_status_retrieve_zip",
            "module.function.data.archive_file.mqtt_common_layer_zip",
            "module.function.data.archive_file.mqtt_jitr_zip",
            "module.function.data.archive_file.msg_status_retrieve_zip",
            "module.function.data.archive_file.send_message_zip",
            "module.function.data.archive_file.ticket_response_update_zip",
            "module.function.null_resource.cleanup_cert_update_zip",
            "module.function.null_resource.cleanup_common_layer_zip",
            "module.function.null_resource.cleanup_device_iotcore_zip",
            "module.function.null_resource.cleanup_device_presence_zip",
            "module.function.null_resource.cleanup_device_prohibit_zip",
            "module.function.null_resource.cleanup_device_shadow_zip",
            "module.function.null_resource.cleanup_device_status_zip",
            "module.function.null_resource.cleanup_mqtt_jitr_zip",
            "module.function.null_resource.cleanup_send_message_zip",
            "module.function.null_resource.cleanup_status_notify_zip",
            "module.function.null_resource.cleanup_status_retrieve_zip",
            "module.function.null_resource.cleanup_ticket_response_zip",
            "module.sqs.aws_sqs_queue.cert_update_notify",
            "module.sqs.aws_sqs_queue.presence_data_notify",
            "module.sqs.aws_sqs_queue.ticket_notify",
            "module.sqs.aws_sqs_queue_policy.policy_cert_update_notify",
            "module.sqs.aws_sqs_queue_policy.policy_ticket_notify",
            "module.sqs.aws_sqs_queue_policy.presence_data_notify"
          ]
        }
      ]
    },
    {
      "module": "module.apigateway",
      "mode": "managed",
      "type": "aws_api_gateway_method",
      "name": "get_sol_tickets_groupId",
      "provider": "provider[\"registry.terraform.io/hashicorp/aws\"]",
      "instances": [
        {
          "schema_version": 0,
          "attributes": {
            "api_key_required": false,
            "authorization": "NONE",
            "authorization_scopes": [],
            "authorizer_id": "",
            "http_method": "GET",
            "id": "agm-blgspy2i4b-u2h8go-GET",
            "operation_name": "sol_ticket_groupId",
            "region": "ap-northeast-1",
            "request_models": {},
            "request_parameters": {
              "method.request.querystring.groupId": true
            },
            "request_validator_id": "",
            "resource_id": "u2h8go",
            "rest_api_id": "blgspy2i4b"
          },
          "sensitive_attributes": [],
          "identity_schema_version": 0,
          "private": "bnVsbA==",
          "dependencies": [
            "data.aws_caller_identity.current",
            "module.apigateway.aws_api_gateway_resource.sol_tickets",
            "module.apigateway.aws_api_gateway_rest_api.solution_mqtt_server",
            "module.function.aws_lambda_event_source_mapping.trigger-cert-update",
            "module.function.aws_lambda_event_source_mapping.trigger-send-message",
            "module.function.aws_lambda_function.MQTT-CERT-UPDATE",
            "module.function.aws_lambda_function.MQTT-DEVICE-IOTCORE-ACCESS",
            "module.function.aws_lambda_function.MQTT-DEVICE-IOTCORE-PROHIBIT",
            "module.function.aws_lambda_function.MQTT-DEVICE-PRESENCE-UPDATE",
            "module.function.aws_lambda_function.MQTT-DEVICE-SHADOW-RETRIEVE",
            "module.function.aws_lambda_function.MQTT-DEVICE-STATUS-NOTIFY",
            "module.function.aws_lambda_function.MQTT-DEVICE-STATUS-RETRIEVE",
            "module.function.aws_lambda_function.MQTT-JITR",
            "module.function.aws_lambda_function.MQTT-MSG-STATUS-RETRIEVE",
            "module.function.aws_lambda_function.MQTT-SEND-MESSAGE",
            "module.function.aws_lambda_function.MQTT-TICKET-RESPONSE-UPDATE",
            "module.function.aws_lambda_layer_version.mqtt_common_layer",
            "module.function.data.archive_file.cret_update_zip",
            "module.function.data.archive_file.device_iotcore_access_zip",
            "module.function.data.archive_file.device_iotcore_prohibit_zip",
            "module.function.data.archive_file.device_presence_update_zip",
            "module.function.data.archive_file.device_shadow_retrieve_zip",
            "module.function.data.archive_file.device_status_notify_zip",
            "module.function.data.archive_file.device_status_retrieve_zip",
            "module.function.data.archive_file.mqtt_common_layer_zip",
            "module.function.data.archive_file.mqtt_jitr_zip",
            "module.function.data.archive_file.msg_status_retrieve_zip",
            "module.function.data.archive_file.send_message_zip",
            "module.function.data.archive_file.ticket_response_update_zip",
            "module.function.null_resource.cleanup_cert_update_zip",
            "module.function.null_resource.cleanup_common_layer_zip",
            "module.function.null_resource.cleanup_device_iotcore_zip",
            "module.function.null_resource.cleanup_device_presence_zip",
            "module.function.null_resource.cleanup_device_prohibit_zip",
            "module.function.null_resource.cleanup_device_shadow_zip",
            "module.function.null_resource.cleanup_device_status_zip",
            "module.function.null_resource.cleanup_mqtt_jitr_zip",
            "module.function.null_resource.cleanup_send_message_zip",
            "module.function.null_resource.cleanup_status_notify_zip",
            "module.function.null_resource.cleanup_status_retrieve_zip",
            "module.function.null_resource.cleanup_ticket_response_zip",
            "module.sqs.aws_sqs_queue.cert_update_notify",
            "module.sqs.aws_sqs_queue.presence_data_notify",
            "module.sqs.aws_sqs_queue.ticket_notify",
            "module.sqs.aws_sqs_queue_policy.policy_cert_update_notify",
            "module.sqs.aws_sqs_queue_policy.policy_ticket_notify",
            "module.sqs.aws_sqs_queue_policy.presence_data_notify"
          ]
        }
      ]
    },
    {
      "module": "module.apigateway",
      "mode": "managed",
      "type": "aws_api_gateway_method",
      "name": "get_sol_tickets_messageId",
      "provider": "provider[\"registry.terraform.io/hashicorp/aws\"]",
      "instances": [
        {
          "schema_version": 0,
          "attributes": {
            "api_key_required": false,
            "authorization": "NONE",
            "authorization_scopes": [],
            "authorizer_id": "",
            "http_method": "GET",
            "id": "agm-blgspy2i4b-itv963-GET",
            "operation_name": "{messageId}",
            "region": "ap-northeast-1",
            "request_models": {},
            "request_parameters": {
              "method.request.path.messageId": true
            },
            "request_validator_id": "",
            "resource_id": "itv963",
            "rest_api_id": "blgspy2i4b"
          },
          "sensitive_attributes": [],
          "identity_schema_version": 0,
          "private": "bnVsbA==",
          "dependencies": [
            "data.aws_caller_identity.current",
            "module.apigateway.aws_api_gateway_resource.sol_tickets",
            "module.apigateway.aws_api_gateway_resource.sol_tickets_messageId",
            "module.apigateway.aws_api_gateway_rest_api.solution_mqtt_server",
            "module.function.aws_lambda_event_source_mapping.trigger-cert-update",
            "module.function.aws_lambda_event_source_mapping.trigger-send-message",
            "module.function.aws_lambda_function.MQTT-CERT-UPDATE",
            "module.function.aws_lambda_function.MQTT-DEVICE-IOTCORE-ACCESS",
            "module.function.aws_lambda_function.MQTT-DEVICE-IOTCORE-PROHIBIT",
            "module.function.aws_lambda_function.MQTT-DEVICE-PRESENCE-UPDATE",
            "module.function.aws_lambda_function.MQTT-DEVICE-SHADOW-RETRIEVE",
            "module.function.aws_lambda_function.MQTT-DEVICE-STATUS-NOTIFY",
            "module.function.aws_lambda_function.MQTT-DEVICE-STATUS-RETRIEVE",
            "module.function.aws_lambda_function.MQTT-JITR",
            "module.function.aws_lambda_function.MQTT-MSG-STATUS-RETRIEVE",
            "module.function.aws_lambda_function.MQTT-SEND-MESSAGE",
            "module.function.aws_lambda_function.MQTT-TICKET-RESPONSE-UPDATE",
            "module.function.aws_lambda_layer_version.mqtt_common_layer",
            "module.function.data.archive_file.cret_update_zip",
            "module.function.data.archive_file.device_iotcore_access_zip",
            "module.function.data.archive_file.device_iotcore_prohibit_zip",
            "module.function.data.archive_file.device_presence_update_zip",
            "module.function.data.archive_file.device_shadow_retrieve_zip",
            "module.function.data.archive_file.device_status_notify_zip",
            "module.function.data.archive_file.device_status_retrieve_zip",
            "module.function.data.archive_file.mqtt_common_layer_zip",
            "module.function.data.archive_file.mqtt_jitr_zip",
            "module.function.data.archive_file.msg_status_retrieve_zip",
            "module.function.data.archive_file.send_message_zip",
            "module.function.data.archive_file.ticket_response_update_zip",
            "module.function.null_resource.cleanup_cert_update_zip",
            "module.function.null_resource.cleanup_common_layer_zip",
            "module.function.null_resource.cleanup_device_iotcore_zip",
            "module.function.null_resource.cleanup_device_presence_zip",
            "module.function.null_resource.cleanup_device_prohibit_zip",
            "module.function.null_resource.cleanup_device_shadow_zip",
            "module.function.null_resource.cleanup_device_status_zip",
            "module.function.null_resource.cleanup_mqtt_jitr_zip",
            "module.function.null_resource.cleanup_send_message_zip",
            "module.function.null_resource.cleanup_status_notify_zip",
            "module.function.null_resource.cleanup_status_retrieve_zip",
            "module.function.null_resource.cleanup_ticket_response_zip",
            "module.sqs.aws_sqs_queue.cert_update_notify",
            "module.sqs.aws_sqs_queue.presence_data_notify",
            "module.sqs.aws_sqs_queue.ticket_notify",
            "module.sqs.aws_sqs_queue_policy.policy_cert_update_notify",
            "module.sqs.aws_sqs_queue_policy.policy_ticket_notify",
            "module.sqs.aws_sqs_queue_policy.presence_data_notify"
          ]
        }
      ]
    },
    {
      "module": "module.apigateway",
      "mode": "managed",
      "type": "aws_api_gateway_method",
      "name": "get_sol_tickets_messageId_deviceId",
      "provider": "provider[\"registry.terraform.io/hashicorp/aws\"]",
      "instances": [
        {
          "schema_version": 0,
          "attributes": {
            "api_key_required": false,
            "authorization": "NONE",
            "authorization_scopes": [],
            "authorizer_id": "",
            "http_method": "GET",
            "id": "agm-blgspy2i4b-08zb5v-GET",
            "operation_name": "{deviceId}",
            "region": "ap-northeast-1",
            "request_models": {},
            "request_parameters": {
              "method.request.path.deviceId": true,
              "method.request.path.messageId": true
            },
            "request_validator_id": "",
            "resource_id": "08zb5v",
            "rest_api_id": "blgspy2i4b"
          },
          "sensitive_attributes": [],
          "identity_schema_version": 0,
          "private": "bnVsbA==",
          "dependencies": [
            "data.aws_caller_identity.current",
            "module.apigateway.aws_api_gateway_resource.sol_tickets",
            "module.apigateway.aws_api_gateway_resource.sol_tickets_messageId",
            "module.apigateway.aws_api_gateway_resource.sol_tickets_messageId_deviceId",
            "module.apigateway.aws_api_gateway_rest_api.solution_mqtt_server",
            "module.function.aws_lambda_event_source_mapping.trigger-cert-update",
            "module.function.aws_lambda_event_source_mapping.trigger-send-message",
            "module.function.aws_lambda_function.MQTT-CERT-UPDATE",
            "module.function.aws_lambda_function.MQTT-DEVICE-IOTCORE-ACCESS",
            "module.function.aws_lambda_function.MQTT-DEVICE-IOTCORE-PROHIBIT",
            "module.function.aws_lambda_function.MQTT-DEVICE-PRESENCE-UPDATE",
            "module.function.aws_lambda_function.MQTT-DEVICE-SHADOW-RETRIEVE",
            "module.function.aws_lambda_function.MQTT-DEVICE-STATUS-NOTIFY",
            "module.function.aws_lambda_function.MQTT-DEVICE-STATUS-RETRIEVE",
            "module.function.aws_lambda_function.MQTT-JITR",
            "module.function.aws_lambda_function.MQTT-MSG-STATUS-RETRIEVE",
            "module.function.aws_lambda_function.MQTT-SEND-MESSAGE",
            "module.function.aws_lambda_function.MQTT-TICKET-RESPONSE-UPDATE",
            "module.function.aws_lambda_layer_version.mqtt_common_layer",
            "module.function.data.archive_file.cret_update_zip",
            "module.function.data.archive_file.device_iotcore_access_zip",
            "module.function.data.archive_file.device_iotcore_prohibit_zip",
            "module.function.data.archive_file.device_presence_update_zip",
            "module.function.data.archive_file.device_shadow_retrieve_zip",
            "module.function.data.archive_file.device_status_notify_zip",
            "module.function.data.archive_file.device_status_retrieve_zip",
            "module.function.data.archive_file.mqtt_common_layer_zip",
            "module.function.data.archive_file.mqtt_jitr_zip",
            "module.function.data.archive_file.msg_status_retrieve_zip",
            "module.function.data.archive_file.send_message_zip",
            "module.function.data.archive_file.ticket_response_update_zip",
            "module.function.null_resource.cleanup_cert_update_zip",
            "module.function.null_resource.cleanup_common_layer_zip",
            "module.function.null_resource.cleanup_device_iotcore_zip",
            "module.function.null_resource.cleanup_device_presence_zip",
            "module.function.null_resource.cleanup_device_prohibit_zip",
            "module.function.null_resource.cleanup_device_shadow_zip",
            "module.function.null_resource.cleanup_device_status_zip",
            "module.function.null_resource.cleanup_mqtt_jitr_zip",
            "module.function.null_resource.cleanup_send_message_zip",
            "module.function.null_resource.cleanup_status_notify_zip",
            "module.function.null_resource.cleanup_status_retrieve_zip",
            "module.function.null_resource.cleanup_ticket_response_zip",
            "module.sqs.aws_sqs_queue.cert_update_notify",
            "module.sqs.aws_sqs_queue.presence_data_notify",
            "module.sqs.aws_sqs_queue.ticket_notify",
            "module.sqs.aws_sqs_queue_policy.policy_cert_update_notify",
            "module.sqs.aws_sqs_queue_policy.policy_ticket_notify",
            "module.sqs.aws_sqs_queue_policy.presence_data_notify"
          ]
        }
      ]
    },
    {
      "module": "module.apigateway",
      "mode": "managed",
      "type": "aws_api_gateway_method",
      "name": "get_tickets_groupId",
      "provider": "provider[\"registry.terraform.io/hashicorp/aws\"]",
      "instances": [
        {
          "schema_version": 0,
          "attributes": {
            "api_key_required": false,
            "authorization": "NONE",
            "authorization_scopes": [],
            "authorizer_id": "",
            "http_method": "GET",
            "id": "agm-12ehl8kole-jvaqux-GET",
            "operation_name": "ticket_groupId",
            "region": "ap-northeast-1",
            "request_models": {},
            "request_parameters": {
              "method.request.querystring.groupId": true
            },
            "request_validator_id": "",
            "resource_id": "jvaqux",
            "rest_api_id": "12ehl8kole"
          },
          "sensitive_attributes": [],
          "identity_schema_version": 0,
          "private": "bnVsbA==",
          "dependencies": [
            "data.aws_caller_identity.current",
            "module.apigateway.aws_api_gateway_resource.tickets",
            "module.apigateway.aws_api_gateway_rest_api.mqtt_server",
            "module.function.aws_lambda_event_source_mapping.trigger-cert-update",
            "module.function.aws_lambda_event_source_mapping.trigger-send-message",
            "module.function.aws_lambda_function.MQTT-CERT-UPDATE",
            "module.function.aws_lambda_function.MQTT-DEVICE-IOTCORE-ACCESS",
            "module.function.aws_lambda_function.MQTT-DEVICE-IOTCORE-PROHIBIT",
            "module.function.aws_lambda_function.MQTT-DEVICE-PRESENCE-UPDATE",
            "module.function.aws_lambda_function.MQTT-DEVICE-SHADOW-RETRIEVE",
            "module.function.aws_lambda_function.MQTT-DEVICE-STATUS-NOTIFY",
            "module.function.aws_lambda_function.MQTT-DEVICE-STATUS-RETRIEVE",
            "module.function.aws_lambda_function.MQTT-JITR",
            "module.function.aws_lambda_function.MQTT-MSG-STATUS-RETRIEVE",
            "module.function.aws_lambda_function.MQTT-SEND-MESSAGE",
            "module.function.aws_lambda_function.MQTT-TICKET-RESPONSE-UPDATE",
            "module.function.aws_lambda_layer_version.mqtt_common_layer",
            "module.function.data.archive_file.cret_update_zip",
            "module.function.data.archive_file.device_iotcore_access_zip",
            "module.function.data.archive_file.device_iotcore_prohibit_zip",
            "module.function.data.archive_file.device_presence_update_zip",
            "module.function.data.archive_file.device_shadow_retrieve_zip",
            "module.function.data.archive_file.device_status_notify_zip",
            "module.function.data.archive_file.device_status_retrieve_zip",
            "module.function.data.archive_file.mqtt_common_layer_zip",
            "module.function.data.archive_file.mqtt_jitr_zip",
            "module.function.data.archive_file.msg_status_retrieve_zip",
            "module.function.data.archive_file.send_message_zip",
            "module.function.data.archive_file.ticket_response_update_zip",
            "module.function.null_resource.cleanup_cert_update_zip",
            "module.function.null_resource.cleanup_common_layer_zip",
            "module.function.null_resource.cleanup_device_iotcore_zip",
            "module.function.null_resource.cleanup_device_presence_zip",
            "module.function.null_resource.cleanup_device_prohibit_zip",
            "module.function.null_resource.cleanup_device_shadow_zip",
            "module.function.null_resource.cleanup_device_status_zip",
            "module.function.null_resource.cleanup_mqtt_jitr_zip",
            "module.function.null_resource.cleanup_send_message_zip",
            "module.function.null_resource.cleanup_status_notify_zip",
            "module.function.null_resource.cleanup_status_retrieve_zip",
            "module.function.null_resource.cleanup_ticket_response_zip",
            "module.sqs.aws_sqs_queue.cert_update_notify",
            "module.sqs.aws_sqs_queue.presence_data_notify",
            "module.sqs.aws_sqs_queue.ticket_notify",
            "module.sqs.aws_sqs_queue_policy.policy_cert_update_notify",
            "module.sqs.aws_sqs_queue_policy.policy_ticket_notify",
            "module.sqs.aws_sqs_queue_policy.presence_data_notify"
          ]
        }
      ]
    },
    {
      "module": "module.apigateway",
      "mode": "managed",
      "type": "aws_api_gateway_method",
      "name": "get_tickets_messageId",
      "provider": "provider[\"registry.terraform.io/hashicorp/aws\"]",
      "instances": [
        {
          "schema_version": 0,
          "attributes": {
            "api_key_required": false,
            "authorization": "NONE",
            "authorization_scopes": [],
            "authorizer_id": "",
            "http_method": "GET",
            "id": "agm-12ehl8kole-kioq4v-GET",
            "operation_name": "{messageId}",
            "region": "ap-northeast-1",
            "request_models": {},
            "request_parameters": {
              "method.request.path.messageId": true
            },
            "request_validator_id": "",
            "resource_id": "kioq4v",
            "rest_api_id": "12ehl8kole"
          },
          "sensitive_attributes": [],
          "identity_schema_version": 0,
          "private": "bnVsbA==",
          "dependencies": [
            "data.aws_caller_identity.current",
            "module.apigateway.aws_api_gateway_resource.tickets",
            "module.apigateway.aws_api_gateway_resource.tickets_messageId",
            "module.apigateway.aws_api_gateway_rest_api.mqtt_server",
            "module.function.aws_lambda_event_source_mapping.trigger-cert-update",
            "module.function.aws_lambda_event_source_mapping.trigger-send-message",
            "module.function.aws_lambda_function.MQTT-CERT-UPDATE",
            "module.function.aws_lambda_function.MQTT-DEVICE-IOTCORE-ACCESS",
            "module.function.aws_lambda_function.MQTT-DEVICE-IOTCORE-PROHIBIT",
            "module.function.aws_lambda_function.MQTT-DEVICE-PRESENCE-UPDATE",
            "module.function.aws_lambda_function.MQTT-DEVICE-SHADOW-RETRIEVE",
            "module.function.aws_lambda_function.MQTT-DEVICE-STATUS-NOTIFY",
            "module.function.aws_lambda_function.MQTT-DEVICE-STATUS-RETRIEVE",
            "module.function.aws_lambda_function.MQTT-JITR",
            "module.function.aws_lambda_function.MQTT-MSG-STATUS-RETRIEVE",
            "module.function.aws_lambda_function.MQTT-SEND-MESSAGE",
            "module.function.aws_lambda_function.MQTT-TICKET-RESPONSE-UPDATE",
            "module.function.aws_lambda_layer_version.mqtt_common_layer",
            "module.function.data.archive_file.cret_update_zip",
            "module.function.data.archive_file.device_iotcore_access_zip",
            "module.function.data.archive_file.device_iotcore_prohibit_zip",
            "module.function.data.archive_file.device_presence_update_zip",
            "module.function.data.archive_file.device_shadow_retrieve_zip",
            "module.function.data.archive_file.device_status_notify_zip",
            "module.function.data.archive_file.device_status_retrieve_zip",
            "module.function.data.archive_file.mqtt_common_layer_zip",
            "module.function.data.archive_file.mqtt_jitr_zip",
            "module.function.data.archive_file.msg_status_retrieve_zip",
            "module.function.data.archive_file.send_message_zip",
            "module.function.data.archive_file.ticket_response_update_zip",
            "module.function.null_resource.cleanup_cert_update_zip",
            "module.function.null_resource.cleanup_common_layer_zip",
            "module.function.null_resource.cleanup_device_iotcore_zip",
            "module.function.null_resource.cleanup_device_presence_zip",
            "module.function.null_resource.cleanup_device_prohibit_zip",
            "module.function.null_resource.cleanup_device_shadow_zip",
            "module.function.null_resource.cleanup_device_status_zip",
            "module.function.null_resource.cleanup_mqtt_jitr_zip",
            "module.function.null_resource.cleanup_send_message_zip",
            "module.function.null_resource.cleanup_status_notify_zip",
            "module.function.null_resource.cleanup_status_retrieve_zip",
            "module.function.null_resource.cleanup_ticket_response_zip",
            "module.sqs.aws_sqs_queue.cert_update_notify",
            "module.sqs.aws_sqs_queue.presence_data_notify",
            "module.sqs.aws_sqs_queue.ticket_notify",
            "module.sqs.aws_sqs_queue_policy.policy_cert_update_notify",
            "module.sqs.aws_sqs_queue_policy.policy_ticket_notify",
            "module.sqs.aws_sqs_queue_policy.presence_data_notify"
          ]
        }
      ]
    },
    {
      "module": "module.apigateway",
      "mode": "managed",
      "type": "aws_api_gateway_method",
      "name": "get_tickets_messageId_deviceId",
      "provider": "provider[\"registry.terraform.io/hashicorp/aws\"]",
      "instances": [
        {
          "schema_version": 0,
          "attributes": {
            "api_key_required": false,
            "authorization": "NONE",
            "authorization_scopes": [],
            "authorizer_id": "",
            "http_method": "GET",
            "id": "agm-12ehl8kole-2aifel-GET",
            "operation_name": "{deviceId}",
            "region": "ap-northeast-1",
            "request_models": {},
            "request_parameters": {
              "method.request.path.deviceId": true,
              "method.request.path.messageId": true
            },
            "request_validator_id": "",
            "resource_id": "2aifel",
            "rest_api_id": "12ehl8kole"
          },
          "sensitive_attributes": [],
          "identity_schema_version": 0,
          "private": "bnVsbA==",
          "dependencies": [
            "data.aws_caller_identity.current",
            "module.apigateway.aws_api_gateway_resource.tickets",
            "module.apigateway.aws_api_gateway_resource.tickets_messageId",
            "module.apigateway.aws_api_gateway_resource.tickets_messageId_deviceId",
            "module.apigateway.aws_api_gateway_rest_api.mqtt_server",
            "module.function.aws_lambda_event_source_mapping.trigger-cert-update",
            "module.function.aws_lambda_event_source_mapping.trigger-send-message",
            "module.function.aws_lambda_function.MQTT-CERT-UPDATE",
            "module.function.aws_lambda_function.MQTT-DEVICE-IOTCORE-ACCESS",
            "module.function.aws_lambda_function.MQTT-DEVICE-IOTCORE-PROHIBIT",
            "module.function.aws_lambda_function.MQTT-DEVICE-PRESENCE-UPDATE",
            "module.function.aws_lambda_function.MQTT-DEVICE-SHADOW-RETRIEVE",
            "module.function.aws_lambda_function.MQTT-DEVICE-STATUS-NOTIFY",
            "module.function.aws_lambda_function.MQTT-DEVICE-STATUS-RETRIEVE",
            "module.function.aws_lambda_function.MQTT-JITR",
            "module.function.aws_lambda_function.MQTT-MSG-STATUS-RETRIEVE",
            "module.function.aws_lambda_function.MQTT-SEND-MESSAGE",
            "module.function.aws_lambda_function.MQTT-TICKET-RESPONSE-UPDATE",
            "module.function.aws_lambda_layer_version.mqtt_common_layer",
            "module.function.data.archive_file.cret_update_zip",
            "module.function.data.archive_file.device_iotcore_access_zip",
            "module.function.data.archive_file.device_iotcore_prohibit_zip",
            "module.function.data.archive_file.device_presence_update_zip",
            "module.function.data.archive_file.device_shadow_retrieve_zip",
            "module.function.data.archive_file.device_status_notify_zip",
            "module.function.data.archive_file.device_status_retrieve_zip",
            "module.function.data.archive_file.mqtt_common_layer_zip",
            "module.function.data.archive_file.mqtt_jitr_zip",
            "module.function.data.archive_file.msg_status_retrieve_zip",
            "module.function.data.archive_file.send_message_zip",
            "module.function.data.archive_file.ticket_response_update_zip",
            "module.function.null_resource.cleanup_cert_update_zip",
            "module.function.null_resource.cleanup_common_layer_zip",
            "module.function.null_resource.cleanup_device_iotcore_zip",
            "module.function.null_resource.cleanup_device_presence_zip",
            "module.function.null_resource.cleanup_device_prohibit_zip",
            "module.function.null_resource.cleanup_device_shadow_zip",
            "module.function.null_resource.cleanup_device_status_zip",
            "module.function.null_resource.cleanup_mqtt_jitr_zip",
            "module.function.null_resource.cleanup_send_message_zip",
            "module.function.null_resource.cleanup_status_notify_zip",
            "module.function.null_resource.cleanup_status_retrieve_zip",
            "module.function.null_resource.cleanup_ticket_response_zip",
            "module.sqs.aws_sqs_queue.cert_update_notify",
            "module.sqs.aws_sqs_queue.presence_data_notify",
            "module.sqs.aws_sqs_queue.ticket_notify",
            "module.sqs.aws_sqs_queue_policy.policy_cert_update_notify",
            "module.sqs.aws_sqs_queue_policy.policy_ticket_notify",
            "module.sqs.aws_sqs_queue_policy.presence_data_notify"
          ]
        }
      ]
    },
    {
      "module": "module.apigateway",
      "mode": "managed",
      "type": "aws_api_gateway_method",
      "name": "get_time_server",
      "provider": "provider[\"registry.terraform.io/hashicorp/aws\"]",
      "instances": [
        {
          "schema_version": 0,
          "attributes": {
            "api_key_required": false,
            "authorization": "NONE",
            "authorization_scopes": [],
            "authorizer_id": "",
            "http_method": "GET",
            "id": "agm-igcsl55jl2-1fhgyinmod-GET",
            "operation_name": "get_time_server",
            "region": "ap-northeast-1",
            "request_models": {},
            "request_parameters": {},
            "request_validator_id": "",
            "resource_id": "1fhgyinmod",
            "rest_api_id": "igcsl55jl2"
          },
          "sensitive_attributes": [],
          "identity_schema_version": 0,
          "private": "bnVsbA==",
          "dependencies": [
            "data.aws_caller_identity.current",
            "module.apigateway.aws_api_gateway_rest_api.time_server",
            "module.function.aws_lambda_event_source_mapping.trigger-cert-update",
            "module.function.aws_lambda_event_source_mapping.trigger-send-message",
            "module.function.aws_lambda_function.MQTT-CERT-UPDATE",
            "module.function.aws_lambda_function.MQTT-DEVICE-IOTCORE-ACCESS",
            "module.function.aws_lambda_function.MQTT-DEVICE-IOTCORE-PROHIBIT",
            "module.function.aws_lambda_function.MQTT-DEVICE-PRESENCE-UPDATE",
            "module.function.aws_lambda_function.MQTT-DEVICE-SHADOW-RETRIEVE",
            "module.function.aws_lambda_function.MQTT-DEVICE-STATUS-NOTIFY",
            "module.function.aws_lambda_function.MQTT-DEVICE-STATUS-RETRIEVE",
            "module.function.aws_lambda_function.MQTT-JITR",
            "module.function.aws_lambda_function.MQTT-MSG-STATUS-RETRIEVE",
            "module.function.aws_lambda_function.MQTT-SEND-MESSAGE",
            "module.function.aws_lambda_function.MQTT-TICKET-RESPONSE-UPDATE",
            "module.function.aws_lambda_layer_version.mqtt_common_layer",
            "module.function.data.archive_file.cret_update_zip",
            "module.function.data.archive_file.device_iotcore_access_zip",
            "module.function.data.archive_file.device_iotcore_prohibit_zip",
            "module.function.data.archive_file.device_presence_update_zip",
            "module.function.data.archive_file.device_shadow_retrieve_zip",
            "module.function.data.archive_file.device_status_notify_zip",
            "module.function.data.archive_file.device_status_retrieve_zip",
            "module.function.data.archive_file.mqtt_common_layer_zip",
            "module.function.data.archive_file.mqtt_jitr_zip",
            "module.function.data.archive_file.msg_status_retrieve_zip",
            "module.function.data.archive_file.send_message_zip",
            "module.function.data.archive_file.ticket_response_update_zip",
            "module.function.null_resource.cleanup_cert_update_zip",
            "module.function.null_resource.cleanup_common_layer_zip",
            "module.function.null_resource.cleanup_device_iotcore_zip",
            "module.function.null_resource.cleanup_device_presence_zip",
            "module.function.null_resource.cleanup_device_prohibit_zip",
            "module.function.null_resource.cleanup_device_shadow_zip",
            "module.function.null_resource.cleanup_device_status_zip",
            "module.function.null_resource.cleanup_mqtt_jitr_zip",
            "module.function.null_resource.cleanup_send_message_zip",
            "module.function.null_resource.cleanup_status_notify_zip",
            "module.function.null_resource.cleanup_status_retrieve_zip",
            "module.function.null_resource.cleanup_ticket_response_zip",
            "module.sqs.aws_sqs_queue.cert_update_notify",
            "module.sqs.aws_sqs_queue.presence_data_notify",
            "module.sqs.aws_sqs_queue.ticket_notify",
            "module.sqs.aws_sqs_queue_policy.policy_cert_update_notify",
            "module.sqs.aws_sqs_queue_policy.policy_ticket_notify",
            "module.sqs.aws_sqs_queue_policy.presence_data_notify"
          ]
        }
      ]
    },
    {
      "module": "module.apigateway",
      "mode": "managed",
      "type": "aws_api_gateway_method",
      "name": "iwsapp_message_send",
      "provider": "provider[\"registry.terraform.io/hashicorp/aws\"]",
      "instances": [
        {
          "schema_version": 0,
          "attributes": {
            "api_key_required": false,
            "authorization": "NONE",
            "authorization_scopes": [],
            "authorizer_id": "",
            "http_method": "POST",
            "id": "agm-blgspy2i4b-3ykxq2-POST",
            "operation_name": "iwsapp_send",
            "region": "ap-northeast-1",
            "request_models": {},
            "request_parameters": {},
            "request_validator_id": "",
            "resource_id": "3ykxq2",
            "rest_api_id": "blgspy2i4b"
          },
          "sensitive_attributes": [],
          "identity_schema_version": 0,
          "private": "bnVsbA==",
          "dependencies": [
            "data.aws_caller_identity.current",
            "module.apigateway.aws_api_gateway_resource.iwsapp_message",
            "module.apigateway.aws_api_gateway_resource.iwsapp_message_send",
            "module.apigateway.aws_api_gateway_rest_api.solution_mqtt_server",
            "module.function.aws_lambda_event_source_mapping.trigger-cert-update",
            "module.function.aws_lambda_event_source_mapping.trigger-send-message",
            "module.function.aws_lambda_function.MQTT-CERT-UPDATE",
            "module.function.aws_lambda_function.MQTT-DEVICE-IOTCORE-ACCESS",
            "module.function.aws_lambda_function.MQTT-DEVICE-IOTCORE-PROHIBIT",
            "module.function.aws_lambda_function.MQTT-DEVICE-PRESENCE-UPDATE",
            "module.function.aws_lambda_function.MQTT-DEVICE-SHADOW-RETRIEVE",
            "module.function.aws_lambda_function.MQTT-DEVICE-STATUS-NOTIFY",
            "module.function.aws_lambda_function.MQTT-DEVICE-STATUS-RETRIEVE",
            "module.function.aws_lambda_function.MQTT-JITR",
            "module.function.aws_lambda_function.MQTT-MSG-STATUS-RETRIEVE",
            "module.function.aws_lambda_function.MQTT-SEND-MESSAGE",
            "module.function.aws_lambda_function.MQTT-TICKET-RESPONSE-UPDATE",
            "module.function.aws_lambda_layer_version.mqtt_common_layer",
            "module.function.data.archive_file.cret_update_zip",
            "module.function.data.archive_file.device_iotcore_access_zip",
            "module.function.data.archive_file.device_iotcore_prohibit_zip",
            "module.function.data.archive_file.device_presence_update_zip",
            "module.function.data.archive_file.device_shadow_retrieve_zip",
            "module.function.data.archive_file.device_status_notify_zip",
            "module.function.data.archive_file.device_status_retrieve_zip",
            "module.function.data.archive_file.mqtt_common_layer_zip",
            "module.function.data.archive_file.mqtt_jitr_zip",
            "module.function.data.archive_file.msg_status_retrieve_zip",
            "module.function.data.archive_file.send_message_zip",
            "module.function.data.archive_file.ticket_response_update_zip",
            "module.function.null_resource.cleanup_cert_update_zip",
            "module.function.null_resource.cleanup_common_layer_zip",
            "module.function.null_resource.cleanup_device_iotcore_zip",
            "module.function.null_resource.cleanup_device_presence_zip",
            "module.function.null_resource.cleanup_device_prohibit_zip",
            "module.function.null_resource.cleanup_device_shadow_zip",
            "module.function.null_resource.cleanup_device_status_zip",
            "module.function.null_resource.cleanup_mqtt_jitr_zip",
            "module.function.null_resource.cleanup_send_message_zip",
            "module.function.null_resource.cleanup_status_notify_zip",
            "module.function.null_resource.cleanup_status_retrieve_zip",
            "module.function.null_resource.cleanup_ticket_response_zip",
            "module.sqs.aws_sqs_queue.cert_update_notify",
            "module.sqs.aws_sqs_queue.presence_data_notify",
            "module.sqs.aws_sqs_queue.ticket_notify",
            "module.sqs.aws_sqs_queue_policy.policy_cert_update_notify",
            "module.sqs.aws_sqs_queue_policy.policy_ticket_notify",
            "module.sqs.aws_sqs_queue_policy.presence_data_notify"
          ]
        }
      ]
    },
    {
      "module": "module.apigateway",
      "mode": "managed",
      "type": "aws_api_gateway_method",
      "name": "plugin_message_send",
      "provider": "provider[\"registry.terraform.io/hashicorp/aws\"]",
      "instances": [
        {
          "schema_version": 0,
          "attributes": {
            "api_key_required": false,
            "authorization": "NONE",
            "authorization_scopes": [],
            "authorizer_id": "",
            "http_method": "POST",
            "id": "agm-blgspy2i4b-96q5k1-POST",
            "operation_name": "plugin_send",
            "region": "ap-northeast-1",
            "request_models": {},
            "request_parameters": {},
            "request_validator_id": "",
            "resource_id": "96q5k1",
            "rest_api_id": "blgspy2i4b"
          },
          "sensitive_attributes": [],
          "identity_schema_version": 0,
          "private": "bnVsbA==",
          "dependencies": [
            "data.aws_caller_identity.current",
            "module.apigateway.aws_api_gateway_resource.iwsapp_message",
            "module.apigateway.aws_api_gateway_resource.plugin_message",
            "module.apigateway.aws_api_gateway_resource.plugin_message_send",
            "module.apigateway.aws_api_gateway_rest_api.solution_mqtt_server",
            "module.function.aws_lambda_event_source_mapping.trigger-cert-update",
            "module.function.aws_lambda_event_source_mapping.trigger-send-message",
            "module.function.aws_lambda_function.MQTT-CERT-UPDATE",
            "module.function.aws_lambda_function.MQTT-DEVICE-IOTCORE-ACCESS",
            "module.function.aws_lambda_function.MQTT-DEVICE-IOTCORE-PROHIBIT",
            "module.function.aws_lambda_function.MQTT-DEVICE-PRESENCE-UPDATE",
            "module.function.aws_lambda_function.MQTT-DEVICE-SHADOW-RETRIEVE",
            "module.function.aws_lambda_function.MQTT-DEVICE-STATUS-NOTIFY",
            "module.function.aws_lambda_function.MQTT-DEVICE-STATUS-RETRIEVE",
            "module.function.aws_lambda_function.MQTT-JITR",
            "module.function.aws_lambda_function.MQTT-MSG-STATUS-RETRIEVE",
            "module.function.aws_lambda_function.MQTT-SEND-MESSAGE",
            "module.function.aws_lambda_function.MQTT-TICKET-RESPONSE-UPDATE",
            "module.function.aws_lambda_layer_version.mqtt_common_layer",
            "module.function.data.archive_file.cret_update_zip",
            "module.function.data.archive_file.device_iotcore_access_zip",
            "module.function.data.archive_file.device_iotcore_prohibit_zip",
            "module.function.data.archive_file.device_presence_update_zip",
            "module.function.data.archive_file.device_shadow_retrieve_zip",
            "module.function.data.archive_file.device_status_notify_zip",
            "module.function.data.archive_file.device_status_retrieve_zip",
            "module.function.data.archive_file.mqtt_common_layer_zip",
            "module.function.data.archive_file.mqtt_jitr_zip",
            "module.function.data.archive_file.msg_status_retrieve_zip",
            "module.function.data.archive_file.send_message_zip",
            "module.function.data.archive_file.ticket_response_update_zip",
            "module.function.null_resource.cleanup_cert_update_zip",
            "module.function.null_resource.cleanup_common_layer_zip",
            "module.function.null_resource.cleanup_device_iotcore_zip",
            "module.function.null_resource.cleanup_device_presence_zip",
            "module.function.null_resource.cleanup_device_prohibit_zip",
            "module.function.null_resource.cleanup_device_shadow_zip",
            "module.function.null_resource.cleanup_device_status_zip",
            "module.function.null_resource.cleanup_mqtt_jitr_zip",
            "module.function.null_resource.cleanup_send_message_zip",
            "module.function.null_resource.cleanup_status_notify_zip",
            "module.function.null_resource.cleanup_status_retrieve_zip",
            "module.function.null_resource.cleanup_ticket_response_zip",
            "module.sqs.aws_sqs_queue.cert_update_notify",
            "module.sqs.aws_sqs_queue.presence_data_notify",
            "module.sqs.aws_sqs_queue.ticket_notify",
            "module.sqs.aws_sqs_queue_policy.policy_cert_update_notify",
            "module.sqs.aws_sqs_queue_policy.policy_ticket_notify",
            "module.sqs.aws_sqs_queue_policy.presence_data_notify"
          ]
        }
      ]
    },
    {
      "module": "module.apigateway",
      "mode": "managed",
      "type": "aws_api_gateway_method",
      "name": "post_tickets_send",
      "provider": "provider[\"registry.terraform.io/hashicorp/aws\"]",
      "instances": [
        {
          "schema_version": 0,
          "attributes": {
            "api_key_required": false,
            "authorization": "NONE",
            "authorization_scopes": [],
            "authorizer_id": "",
            "http_method": "POST",
            "id": "agm-12ehl8kole-7y5rei-POST",
            "operation_name": "send",
            "region": "ap-northeast-1",
            "request_models": {},
            "request_parameters": {},
            "request_validator_id": "",
            "resource_id": "7y5rei",
            "rest_api_id": "12ehl8kole"
          },
          "sensitive_attributes": [],
          "identity_schema_version": 0,
          "private": "bnVsbA==",
          "dependencies": [
            "data.aws_caller_identity.current",
            "module.apigateway.aws_api_gateway_resource.tickets",
            "module.apigateway.aws_api_gateway_resource.tickets_send",
            "module.apigateway.aws_api_gateway_rest_api.mqtt_server",
            "module.function.aws_lambda_event_source_mapping.trigger-cert-update",
            "module.function.aws_lambda_event_source_mapping.trigger-send-message",
            "module.function.aws_lambda_function.MQTT-CERT-UPDATE",
            "module.function.aws_lambda_function.MQTT-DEVICE-IOTCORE-ACCESS",
            "module.function.aws_lambda_function.MQTT-DEVICE-IOTCORE-PROHIBIT",
            "module.function.aws_lambda_function.MQTT-DEVICE-PRESENCE-UPDATE",
            "module.function.aws_lambda_function.MQTT-DEVICE-SHADOW-RETRIEVE",
            "module.function.aws_lambda_function.MQTT-DEVICE-STATUS-NOTIFY",
            "module.function.aws_lambda_function.MQTT-DEVICE-STATUS-RETRIEVE",
            "module.function.aws_lambda_function.MQTT-JITR",
            "module.function.aws_lambda_function.MQTT-MSG-STATUS-RETRIEVE",
            "module.function.aws_lambda_function.MQTT-SEND-MESSAGE",
            "module.function.aws_lambda_function.MQTT-TICKET-RESPONSE-UPDATE",
            "module.function.aws_lambda_layer_version.mqtt_common_layer",
            "module.function.data.archive_file.cret_update_zip",
            "module.function.data.archive_file.device_iotcore_access_zip",
            "module.function.data.archive_file.device_iotcore_prohibit_zip",
            "module.function.data.archive_file.device_presence_update_zip",
            "module.function.data.archive_file.device_shadow_retrieve_zip",
            "module.function.data.archive_file.device_status_notify_zip",
            "module.function.data.archive_file.device_status_retrieve_zip",
            "module.function.data.archive_file.mqtt_common_layer_zip",
            "module.function.data.archive_file.mqtt_jitr_zip",
            "module.function.data.archive_file.msg_status_retrieve_zip",
            "module.function.data.archive_file.send_message_zip",
            "module.function.data.archive_file.ticket_response_update_zip",
            "module.function.null_resource.cleanup_cert_update_zip",
            "module.function.null_resource.cleanup_common_layer_zip",
            "module.function.null_resource.cleanup_device_iotcore_zip",
            "module.function.null_resource.cleanup_device_presence_zip",
            "module.function.null_resource.cleanup_device_prohibit_zip",
            "module.function.null_resource.cleanup_device_shadow_zip",
            "module.function.null_resource.cleanup_device_status_zip",
            "module.function.null_resource.cleanup_mqtt_jitr_zip",
            "module.function.null_resource.cleanup_send_message_zip",
            "module.function.null_resource.cleanup_status_notify_zip",
            "module.function.null_resource.cleanup_status_retrieve_zip",
            "module.function.null_resource.cleanup_ticket_response_zip",
            "module.sqs.aws_sqs_queue.cert_update_notify",
            "module.sqs.aws_sqs_queue.presence_data_notify",
            "module.sqs.aws_sqs_queue.ticket_notify",
            "module.sqs.aws_sqs_queue_policy.policy_cert_update_notify",
            "module.sqs.aws_sqs_queue_policy.policy_ticket_notify",
            "module.sqs.aws_sqs_queue_policy.presence_data_notify"
          ]
        }
      ]
    },
    {
      "module": "module.apigateway",
      "mode": "managed",
      "type": "aws_api_gateway_method",
      "name": "prohibited_devices_add",
      "provider": "provider[\"registry.terraform.io/hashicorp/aws\"]",
      "instances": [
        {
          "schema_version": 0,
          "attributes": {
            "api_key_required": false,
            "authorization": "NONE",
            "authorization_scopes": [],
            "authorizer_id": "",
            "http_method": "POST",
            "id": "agm-12ehl8kole-mddpto-POST",
            "operation_name": "add",
            "region": "ap-northeast-1",
            "request_models": {},
            "request_parameters": {},
            "request_validator_id": "",
            "resource_id": "mddpto",
            "rest_api_id": "12ehl8kole"
          },
          "sensitive_attributes": [],
          "identity_schema_version": 0,
          "private": "bnVsbA==",
          "dependencies": [
            "data.aws_caller_identity.current",
            "module.apigateway.aws_api_gateway_resource.prohibited_devices",
            "module.apigateway.aws_api_gateway_resource.prohibited_devices_add",
            "module.apigateway.aws_api_gateway_rest_api.mqtt_server",
            "module.function.aws_lambda_event_source_mapping.trigger-cert-update",
            "module.function.aws_lambda_event_source_mapping.trigger-send-message",
            "module.function.aws_lambda_function.MQTT-CERT-UPDATE",
            "module.function.aws_lambda_function.MQTT-DEVICE-IOTCORE-ACCESS",
            "module.function.aws_lambda_function.MQTT-DEVICE-IOTCORE-PROHIBIT",
            "module.function.aws_lambda_function.MQTT-DEVICE-PRESENCE-UPDATE",
            "module.function.aws_lambda_function.MQTT-DEVICE-SHADOW-RETRIEVE",
            "module.function.aws_lambda_function.MQTT-DEVICE-STATUS-NOTIFY",
            "module.function.aws_lambda_function.MQTT-DEVICE-STATUS-RETRIEVE",
            "module.function.aws_lambda_function.MQTT-JITR",
            "module.function.aws_lambda_function.MQTT-MSG-STATUS-RETRIEVE",
            "module.function.aws_lambda_function.MQTT-SEND-MESSAGE",
            "module.function.aws_lambda_function.MQTT-TICKET-RESPONSE-UPDATE",
            "module.function.aws_lambda_layer_version.mqtt_common_layer",
            "module.function.data.archive_file.cret_update_zip",
            "module.function.data.archive_file.device_iotcore_access_zip",
            "module.function.data.archive_file.device_iotcore_prohibit_zip",
            "module.function.data.archive_file.device_presence_update_zip",
            "module.function.data.archive_file.device_shadow_retrieve_zip",
            "module.function.data.archive_file.device_status_notify_zip",
            "module.function.data.archive_file.device_status_retrieve_zip",
            "module.function.data.archive_file.mqtt_common_layer_zip",
            "module.function.data.archive_file.mqtt_jitr_zip",
            "module.function.data.archive_file.msg_status_retrieve_zip",
            "module.function.data.archive_file.send_message_zip",
            "module.function.data.archive_file.ticket_response_update_zip",
            "module.function.null_resource.cleanup_cert_update_zip",
            "module.function.null_resource.cleanup_common_layer_zip",
            "module.function.null_resource.cleanup_device_iotcore_zip",
            "module.function.null_resource.cleanup_device_presence_zip",
            "module.function.null_resource.cleanup_device_prohibit_zip",
            "module.function.null_resource.cleanup_device_shadow_zip",
            "module.function.null_resource.cleanup_device_status_zip",
            "module.function.null_resource.cleanup_mqtt_jitr_zip",
            "module.function.null_resource.cleanup_send_message_zip",
            "module.function.null_resource.cleanup_status_notify_zip",
            "module.function.null_resource.cleanup_status_retrieve_zip",
            "module.function.null_resource.cleanup_ticket_response_zip",
            "module.sqs.aws_sqs_queue.cert_update_notify",
            "module.sqs.aws_sqs_queue.presence_data_notify",
            "module.sqs.aws_sqs_queue.ticket_notify",
            "module.sqs.aws_sqs_queue_policy.policy_cert_update_notify",
            "module.sqs.aws_sqs_queue_policy.policy_ticket_notify",
            "module.sqs.aws_sqs_queue_policy.presence_data_notify"
          ]
        }
      ]
    },
    {
      "module": "module.apigateway",
      "mode": "managed",
      "type": "aws_api_gateway_method",
      "name": "prohibited_devices_remove",
      "provider": "provider[\"registry.terraform.io/hashicorp/aws\"]",
      "instances": [
        {
          "schema_version": 0,
          "attributes": {
            "api_key_required": false,
            "authorization": "NONE",
            "authorization_scopes": [],
            "authorizer_id": "",
            "http_method": "POST",
            "id": "agm-12ehl8kole-38t0ha-POST",
            "operation_name": "remove",
            "region": "ap-northeast-1",
            "request_models": {},
            "request_parameters": {},
            "request_validator_id": "",
            "resource_id": "38t0ha",
            "rest_api_id": "12ehl8kole"
          },
          "sensitive_attributes": [],
          "identity_schema_version": 0,
          "private": "bnVsbA==",
          "dependencies": [
            "data.aws_caller_identity.current",
            "module.apigateway.aws_api_gateway_resource.prohibited_devices",
            "module.apigateway.aws_api_gateway_resource.prohibited_devices_remove",
            "module.apigateway.aws_api_gateway_rest_api.mqtt_server",
            "module.function.aws_lambda_event_source_mapping.trigger-cert-update",
            "module.function.aws_lambda_event_source_mapping.trigger-send-message",
            "module.function.aws_lambda_function.MQTT-CERT-UPDATE",
            "module.function.aws_lambda_function.MQTT-DEVICE-IOTCORE-ACCESS",
            "module.function.aws_lambda_function.MQTT-DEVICE-IOTCORE-PROHIBIT",
            "module.function.aws_lambda_function.MQTT-DEVICE-PRESENCE-UPDATE",
            "module.function.aws_lambda_function.MQTT-DEVICE-SHADOW-RETRIEVE",
            "module.function.aws_lambda_function.MQTT-DEVICE-STATUS-NOTIFY",
            "module.function.aws_lambda_function.MQTT-DEVICE-STATUS-RETRIEVE",
            "module.function.aws_lambda_function.MQTT-JITR",
            "module.function.aws_lambda_function.MQTT-MSG-STATUS-RETRIEVE",
            "module.function.aws_lambda_function.MQTT-SEND-MESSAGE",
            "module.function.aws_lambda_function.MQTT-TICKET-RESPONSE-UPDATE",
            "module.function.aws_lambda_layer_version.mqtt_common_layer",
            "module.function.data.archive_file.cret_update_zip",
            "module.function.data.archive_file.device_iotcore_access_zip",
            "module.function.data.archive_file.device_iotcore_prohibit_zip",
            "module.function.data.archive_file.device_presence_update_zip",
            "module.function.data.archive_file.device_shadow_retrieve_zip",
            "module.function.data.archive_file.device_status_notify_zip",
            "module.function.data.archive_file.device_status_retrieve_zip",
            "module.function.data.archive_file.mqtt_common_layer_zip",
            "module.function.data.archive_file.mqtt_jitr_zip",
            "module.function.data.archive_file.msg_status_retrieve_zip",
            "module.function.data.archive_file.send_message_zip",
            "module.function.data.archive_file.ticket_response_update_zip",
            "module.function.null_resource.cleanup_cert_update_zip",
            "module.function.null_resource.cleanup_common_layer_zip",
            "module.function.null_resource.cleanup_device_iotcore_zip",
            "module.function.null_resource.cleanup_device_presence_zip",
            "module.function.null_resource.cleanup_device_prohibit_zip",
            "module.function.null_resource.cleanup_device_shadow_zip",
            "module.function.null_resource.cleanup_device_status_zip",
            "module.function.null_resource.cleanup_mqtt_jitr_zip",
            "module.function.null_resource.cleanup_send_message_zip",
            "module.function.null_resource.cleanup_status_notify_zip",
            "module.function.null_resource.cleanup_status_retrieve_zip",
            "module.function.null_resource.cleanup_ticket_response_zip",
            "module.sqs.aws_sqs_queue.cert_update_notify",
            "module.sqs.aws_sqs_queue.presence_data_notify",
            "module.sqs.aws_sqs_queue.ticket_notify",
            "module.sqs.aws_sqs_queue_policy.policy_cert_update_notify",
            "module.sqs.aws_sqs_queue_policy.policy_ticket_notify",
            "module.sqs.aws_sqs_queue_policy.presence_data_notify"
          ]
        }
      ]
    },
    {
      "module": "module.apigateway",
      "mode": "managed",
      "type": "aws_api_gateway_method_response",
      "name": "devices_deviceId_connectionStatus_method_response",
      "provider": "provider[\"registry.terraform.io/hashicorp/aws\"]",
      "instances": [
        {
          "schema_version": 0,
          "attributes": {
            "http_method": "GET",
            "id": "agmr-12ehl8kole-ykr079-GET-200",
            "region": "ap-northeast-1",
            "resource_id": "ykr079",
            "response_models": {
              "application/json": "Empty"
            },
            "response_parameters": {},
            "rest_api_id": "12ehl8kole",
            "status_code": "200"
          },
          "sensitive_attributes": [],
          "identity_schema_version": 0,
          "private": "bnVsbA==",
          "dependencies": [
            "data.aws_caller_identity.current",
            "module.apigateway.aws_api_gateway_method.get_devices_deviceId_connectionStatus",
            "module.apigateway.aws_api_gateway_resource.devices",
            "module.apigateway.aws_api_gateway_resource.devices_deviceId",
            "module.apigateway.aws_api_gateway_resource.devices_deviceId_connectionStatus",
            "module.apigateway.aws_api_gateway_rest_api.mqtt_server",
            "module.function.aws_lambda_event_source_mapping.trigger-cert-update",
            "module.function.aws_lambda_event_source_mapping.trigger-send-message",
            "module.function.aws_lambda_function.MQTT-CERT-UPDATE",
            "module.function.aws_lambda_function.MQTT-DEVICE-IOTCORE-ACCESS",
            "module.function.aws_lambda_function.MQTT-DEVICE-IOTCORE-PROHIBIT",
            "module.function.aws_lambda_function.MQTT-DEVICE-PRESENCE-UPDATE",
            "module.function.aws_lambda_function.MQTT-DEVICE-SHADOW-RETRIEVE",
            "module.function.aws_lambda_function.MQTT-DEVICE-STATUS-NOTIFY",
            "module.function.aws_lambda_function.MQTT-DEVICE-STATUS-RETRIEVE",
            "module.function.aws_lambda_function.MQTT-JITR",
            "module.function.aws_lambda_function.MQTT-MSG-STATUS-RETRIEVE",
            "module.function.aws_lambda_function.MQTT-SEND-MESSAGE",
            "module.function.aws_lambda_function.MQTT-TICKET-RESPONSE-UPDATE",
            "module.function.aws_lambda_layer_version.mqtt_common_layer",
            "module.function.data.archive_file.cret_update_zip",
            "module.function.data.archive_file.device_iotcore_access_zip",
            "module.function.data.archive_file.device_iotcore_prohibit_zip",
            "module.function.data.archive_file.device_presence_update_zip",
            "module.function.data.archive_file.device_shadow_retrieve_zip",
            "module.function.data.archive_file.device_status_notify_zip",
            "module.function.data.archive_file.device_status_retrieve_zip",
            "module.function.data.archive_file.mqtt_common_layer_zip",
            "module.function.data.archive_file.mqtt_jitr_zip",
            "module.function.data.archive_file.msg_status_retrieve_zip",
            "module.function.data.archive_file.send_message_zip",
            "module.function.data.archive_file.ticket_response_update_zip",
            "module.function.null_resource.cleanup_cert_update_zip",
            "module.function.null_resource.cleanup_common_layer_zip",
            "module.function.null_resource.cleanup_device_iotcore_zip",
            "module.function.null_resource.cleanup_device_presence_zip",
            "module.function.null_resource.cleanup_device_prohibit_zip",
            "module.function.null_resource.cleanup_device_shadow_zip",
            "module.function.null_resource.cleanup_device_status_zip",
            "module.function.null_resource.cleanup_mqtt_jitr_zip",
            "module.function.null_resource.cleanup_send_message_zip",
            "module.function.null_resource.cleanup_status_notify_zip",
            "module.function.null_resource.cleanup_status_retrieve_zip",
            "module.function.null_resource.cleanup_ticket_response_zip",
            "module.sqs.aws_sqs_queue.cert_update_notify",
            "module.sqs.aws_sqs_queue.presence_data_notify",
            "module.sqs.aws_sqs_queue.ticket_notify",
            "module.sqs.aws_sqs_queue_policy.policy_cert_update_notify",
            "module.sqs.aws_sqs_queue_policy.policy_ticket_notify",
            "module.sqs.aws_sqs_queue_policy.presence_data_notify"
          ]
        }
      ]
    },
    {
      "module": "module.apigateway",
      "mode": "managed",
      "type": "aws_api_gateway_method_response",
      "name": "iwsapp_message_send_method_response",
      "provider": "provider[\"registry.terraform.io/hashicorp/aws\"]",
      "instances": [
        {
          "schema_version": 0,
          "attributes": {
            "http_method": "POST",
            "id": "agmr-blgspy2i4b-3ykxq2-POST-200",
            "region": "ap-northeast-1",
            "resource_id": "3ykxq2",
            "response_models": {
              "application/json": "Empty"
            },
            "response_parameters": {
              "method.response.header.Access-Control-Allow-Origin": true
            },
            "rest_api_id": "blgspy2i4b",
            "status_code": "200"
          },
          "sensitive_attributes": [],
          "identity_schema_version": 0,
          "private": "bnVsbA==",
          "dependencies": [
            "data.aws_caller_identity.current",
            "module.apigateway.aws_api_gateway_method.iwsapp_message_send",
            "module.apigateway.aws_api_gateway_resource.iwsapp_message",
            "module.apigateway.aws_api_gateway_resource.iwsapp_message_send",
            "module.apigateway.aws_api_gateway_rest_api.solution_mqtt_server",
            "module.function.aws_lambda_event_source_mapping.trigger-cert-update",
            "module.function.aws_lambda_event_source_mapping.trigger-send-message",
            "module.function.aws_lambda_function.MQTT-CERT-UPDATE",
            "module.function.aws_lambda_function.MQTT-DEVICE-IOTCORE-ACCESS",
            "module.function.aws_lambda_function.MQTT-DEVICE-IOTCORE-PROHIBIT",
            "module.function.aws_lambda_function.MQTT-DEVICE-PRESENCE-UPDATE",
            "module.function.aws_lambda_function.MQTT-DEVICE-SHADOW-RETRIEVE",
            "module.function.aws_lambda_function.MQTT-DEVICE-STATUS-NOTIFY",
            "module.function.aws_lambda_function.MQTT-DEVICE-STATUS-RETRIEVE",
            "module.function.aws_lambda_function.MQTT-JITR",
            "module.function.aws_lambda_function.MQTT-MSG-STATUS-RETRIEVE",
            "module.function.aws_lambda_function.MQTT-SEND-MESSAGE",
            "module.function.aws_lambda_function.MQTT-TICKET-RESPONSE-UPDATE",
            "module.function.aws_lambda_layer_version.mqtt_common_layer",
            "module.function.data.archive_file.cret_update_zip",
            "module.function.data.archive_file.device_iotcore_access_zip",
            "module.function.data.archive_file.device_iotcore_prohibit_zip",
            "module.function.data.archive_file.device_presence_update_zip",
            "module.function.data.archive_file.device_shadow_retrieve_zip",
            "module.function.data.archive_file.device_status_notify_zip",
            "module.function.data.archive_file.device_status_retrieve_zip",
            "module.function.data.archive_file.mqtt_common_layer_zip",
            "module.function.data.archive_file.mqtt_jitr_zip",
            "module.function.data.archive_file.msg_status_retrieve_zip",
            "module.function.data.archive_file.send_message_zip",
            "module.function.data.archive_file.ticket_response_update_zip",
            "module.function.null_resource.cleanup_cert_update_zip",
            "module.function.null_resource.cleanup_common_layer_zip",
            "module.function.null_resource.cleanup_device_iotcore_zip",
            "module.function.null_resource.cleanup_device_presence_zip",
            "module.function.null_resource.cleanup_device_prohibit_zip",
            "module.function.null_resource.cleanup_device_shadow_zip",
            "module.function.null_resource.cleanup_device_status_zip",
            "module.function.null_resource.cleanup_mqtt_jitr_zip",
            "module.function.null_resource.cleanup_send_message_zip",
            "module.function.null_resource.cleanup_status_notify_zip",
            "module.function.null_resource.cleanup_status_retrieve_zip",
            "module.function.null_resource.cleanup_ticket_response_zip",
            "module.sqs.aws_sqs_queue.cert_update_notify",
            "module.sqs.aws_sqs_queue.presence_data_notify",
            "module.sqs.aws_sqs_queue.ticket_notify",
            "module.sqs.aws_sqs_queue_policy.policy_cert_update_notify",
            "module.sqs.aws_sqs_queue_policy.policy_ticket_notify",
            "module.sqs.aws_sqs_queue_policy.presence_data_notify"
          ]
        }
      ]
    },
    {
      "module": "module.apigateway",
      "mode": "managed",
      "type": "aws_api_gateway_method_response",
      "name": "iwsapp_message_send_method_response_400",
      "provider": "provider[\"registry.terraform.io/hashicorp/aws\"]",
      "instances": [
        {
          "schema_version": 0,
          "attributes": {
            "http_method": "POST",
            "id": "agmr-blgspy2i4b-3ykxq2-POST-400",
            "region": "ap-northeast-1",
            "resource_id": "3ykxq2",
            "response_models": {
              "application/json": "Empty"
            },
            "response_parameters": {},
            "rest_api_id": "blgspy2i4b",
            "status_code": "400"
          },
          "sensitive_attributes": [],
          "identity_schema_version": 0,
          "private": "bnVsbA==",
          "dependencies": [
            "data.aws_caller_identity.current",
            "module.apigateway.aws_api_gateway_method.iwsapp_message_send",
            "module.apigateway.aws_api_gateway_resource.iwsapp_message",
            "module.apigateway.aws_api_gateway_resource.iwsapp_message_send",
            "module.apigateway.aws_api_gateway_rest_api.solution_mqtt_server",
            "module.function.aws_lambda_event_source_mapping.trigger-cert-update",
            "module.function.aws_lambda_event_source_mapping.trigger-send-message",
            "module.function.aws_lambda_function.MQTT-CERT-UPDATE",
            "module.function.aws_lambda_function.MQTT-DEVICE-IOTCORE-ACCESS",
            "module.function.aws_lambda_function.MQTT-DEVICE-IOTCORE-PROHIBIT",
            "module.function.aws_lambda_function.MQTT-DEVICE-PRESENCE-UPDATE",
            "module.function.aws_lambda_function.MQTT-DEVICE-SHADOW-RETRIEVE",
            "module.function.aws_lambda_function.MQTT-DEVICE-STATUS-NOTIFY",
            "module.function.aws_lambda_function.MQTT-DEVICE-STATUS-RETRIEVE",
            "module.function.aws_lambda_function.MQTT-JITR",
            "module.function.aws_lambda_function.MQTT-MSG-STATUS-RETRIEVE",
            "module.function.aws_lambda_function.MQTT-SEND-MESSAGE",
            "module.function.aws_lambda_function.MQTT-TICKET-RESPONSE-UPDATE",
            "module.function.aws_lambda_layer_version.mqtt_common_layer",
            "module.function.data.archive_file.cret_update_zip",
            "module.function.data.archive_file.device_iotcore_access_zip",
            "module.function.data.archive_file.device_iotcore_prohibit_zip",
            "module.function.data.archive_file.device_presence_update_zip",
            "module.function.data.archive_file.device_shadow_retrieve_zip",
            "module.function.data.archive_file.device_status_notify_zip",
            "module.function.data.archive_file.device_status_retrieve_zip",
            "module.function.data.archive_file.mqtt_common_layer_zip",
            "module.function.data.archive_file.mqtt_jitr_zip",
            "module.function.data.archive_file.msg_status_retrieve_zip",
            "module.function.data.archive_file.send_message_zip",
            "module.function.data.archive_file.ticket_response_update_zip",
            "module.function.null_resource.cleanup_cert_update_zip",
            "module.function.null_resource.cleanup_common_layer_zip",
            "module.function.null_resource.cleanup_device_iotcore_zip",
            "module.function.null_resource.cleanup_device_presence_zip",
            "module.function.null_resource.cleanup_device_prohibit_zip",
            "module.function.null_resource.cleanup_device_shadow_zip",
            "module.function.null_resource.cleanup_device_status_zip",
            "module.function.null_resource.cleanup_mqtt_jitr_zip",
            "module.function.null_resource.cleanup_send_message_zip",
            "module.function.null_resource.cleanup_status_notify_zip",
            "module.function.null_resource.cleanup_status_retrieve_zip",
            "module.function.null_resource.cleanup_ticket_response_zip",
            "module.sqs.aws_sqs_queue.cert_update_notify",
            "module.sqs.aws_sqs_queue.presence_data_notify",
            "module.sqs.aws_sqs_queue.ticket_notify",
            "module.sqs.aws_sqs_queue_policy.policy_cert_update_notify",
            "module.sqs.aws_sqs_queue_policy.policy_ticket_notify",
            "module.sqs.aws_sqs_queue_policy.presence_data_notify"
          ]
        }
      ]
    },
    {
      "module": "module.apigateway",
      "mode": "managed",
      "type": "aws_api_gateway_method_response",
      "name": "plugin_message_send_method_response",
      "provider": "provider[\"registry.terraform.io/hashicorp/aws\"]",
      "instances": [
        {
          "schema_version": 0,
          "attributes": {
            "http_method": "POST",
            "id": "agmr-blgspy2i4b-96q5k1-POST-200",
            "region": "ap-northeast-1",
            "resource_id": "96q5k1",
            "response_models": {
              "application/json": "Empty"
            },
            "response_parameters": {
              "method.response.header.Access-Control-Allow-Origin": true
            },
            "rest_api_id": "blgspy2i4b",
            "status_code": "200"
          },
          "sensitive_attributes": [],
          "identity_schema_version": 0,
          "private": "bnVsbA==",
          "dependencies": [
            "data.aws_caller_identity.current",
            "module.apigateway.aws_api_gateway_method.plugin_message_send",
            "module.apigateway.aws_api_gateway_resource.iwsapp_message",
            "module.apigateway.aws_api_gateway_resource.plugin_message",
            "module.apigateway.aws_api_gateway_resource.plugin_message_send",
            "module.apigateway.aws_api_gateway_rest_api.solution_mqtt_server",
            "module.function.aws_lambda_event_source_mapping.trigger-cert-update",
            "module.function.aws_lambda_event_source_mapping.trigger-send-message",
            "module.function.aws_lambda_function.MQTT-CERT-UPDATE",
            "module.function.aws_lambda_function.MQTT-DEVICE-IOTCORE-ACCESS",
            "module.function.aws_lambda_function.MQTT-DEVICE-IOTCORE-PROHIBIT",
            "module.function.aws_lambda_function.MQTT-DEVICE-PRESENCE-UPDATE",
            "module.function.aws_lambda_function.MQTT-DEVICE-SHADOW-RETRIEVE",
            "module.function.aws_lambda_function.MQTT-DEVICE-STATUS-NOTIFY",
            "module.function.aws_lambda_function.MQTT-DEVICE-STATUS-RETRIEVE",
            "module.function.aws_lambda_function.MQTT-JITR",
            "module.function.aws_lambda_function.MQTT-MSG-STATUS-RETRIEVE",
            "module.function.aws_lambda_function.MQTT-SEND-MESSAGE",
            "module.function.aws_lambda_function.MQTT-TICKET-RESPONSE-UPDATE",
            "module.function.aws_lambda_layer_version.mqtt_common_layer",
            "module.function.data.archive_file.cret_update_zip",
            "module.function.data.archive_file.device_iotcore_access_zip",
            "module.function.data.archive_file.device_iotcore_prohibit_zip",
            "module.function.data.archive_file.device_presence_update_zip",
            "module.function.data.archive_file.device_shadow_retrieve_zip",
            "module.function.data.archive_file.device_status_notify_zip",
            "module.function.data.archive_file.device_status_retrieve_zip",
            "module.function.data.archive_file.mqtt_common_layer_zip",
            "module.function.data.archive_file.mqtt_jitr_zip",
            "module.function.data.archive_file.msg_status_retrieve_zip",
            "module.function.data.archive_file.send_message_zip",
            "module.function.data.archive_file.ticket_response_update_zip",
            "module.function.null_resource.cleanup_cert_update_zip",
            "module.function.null_resource.cleanup_common_layer_zip",
            "module.function.null_resource.cleanup_device_iotcore_zip",
            "module.function.null_resource.cleanup_device_presence_zip",
            "module.function.null_resource.cleanup_device_prohibit_zip",
            "module.function.null_resource.cleanup_device_shadow_zip",
            "module.function.null_resource.cleanup_device_status_zip",
            "module.function.null_resource.cleanup_mqtt_jitr_zip",
            "module.function.null_resource.cleanup_send_message_zip",
            "module.function.null_resource.cleanup_status_notify_zip",
            "module.function.null_resource.cleanup_status_retrieve_zip",
            "module.function.null_resource.cleanup_ticket_response_zip",
            "module.sqs.aws_sqs_queue.cert_update_notify",
            "module.sqs.aws_sqs_queue.presence_data_notify",
            "module.sqs.aws_sqs_queue.ticket_notify",
            "module.sqs.aws_sqs_queue_policy.policy_cert_update_notify",
            "module.sqs.aws_sqs_queue_policy.policy_ticket_notify",
            "module.sqs.aws_sqs_queue_policy.presence_data_notify"
          ]
        }
      ]
    },
    {
      "module": "module.apigateway",
      "mode": "managed",
      "type": "aws_api_gateway_method_response",
      "name": "plugin_message_send_method_response_400",
      "provider": "provider[\"registry.terraform.io/hashicorp/aws\"]",
      "instances": [
        {
          "schema_version": 0,
          "attributes": {
            "http_method": "POST",
            "id": "agmr-blgspy2i4b-96q5k1-POST-400",
            "region": "ap-northeast-1",
            "resource_id": "96q5k1",
            "response_models": {
              "application/json": "Empty"
            },
            "response_parameters": {},
            "rest_api_id": "blgspy2i4b",
            "status_code": "400"
          },
          "sensitive_attributes": [],
          "identity_schema_version": 0,
          "private": "bnVsbA==",
          "dependencies": [
            "data.aws_caller_identity.current",
            "module.apigateway.aws_api_gateway_method.plugin_message_send",
            "module.apigateway.aws_api_gateway_resource.iwsapp_message",
            "module.apigateway.aws_api_gateway_resource.plugin_message",
            "module.apigateway.aws_api_gateway_resource.plugin_message_send",
            "module.apigateway.aws_api_gateway_rest_api.solution_mqtt_server",
            "module.function.aws_lambda_event_source_mapping.trigger-cert-update",
            "module.function.aws_lambda_event_source_mapping.trigger-send-message",
            "module.function.aws_lambda_function.MQTT-CERT-UPDATE",
            "module.function.aws_lambda_function.MQTT-DEVICE-IOTCORE-ACCESS",
            "module.function.aws_lambda_function.MQTT-DEVICE-IOTCORE-PROHIBIT",
            "module.function.aws_lambda_function.MQTT-DEVICE-PRESENCE-UPDATE",
            "module.function.aws_lambda_function.MQTT-DEVICE-SHADOW-RETRIEVE",
            "module.function.aws_lambda_function.MQTT-DEVICE-STATUS-NOTIFY",
            "module.function.aws_lambda_function.MQTT-DEVICE-STATUS-RETRIEVE",
            "module.function.aws_lambda_function.MQTT-JITR",
            "module.function.aws_lambda_function.MQTT-MSG-STATUS-RETRIEVE",
            "module.function.aws_lambda_function.MQTT-SEND-MESSAGE",
            "module.function.aws_lambda_function.MQTT-TICKET-RESPONSE-UPDATE",
            "module.function.aws_lambda_layer_version.mqtt_common_layer",
            "module.function.data.archive_file.cret_update_zip",
            "module.function.data.archive_file.device_iotcore_access_zip",
            "module.function.data.archive_file.device_iotcore_prohibit_zip",
            "module.function.data.archive_file.device_presence_update_zip",
            "module.function.data.archive_file.device_shadow_retrieve_zip",
            "module.function.data.archive_file.device_status_notify_zip",
            "module.function.data.archive_file.device_status_retrieve_zip",
            "module.function.data.archive_file.mqtt_common_layer_zip",
            "module.function.data.archive_file.mqtt_jitr_zip",
            "module.function.data.archive_file.msg_status_retrieve_zip",
            "module.function.data.archive_file.send_message_zip",
            "module.function.data.archive_file.ticket_response_update_zip",
            "module.function.null_resource.cleanup_cert_update_zip",
            "module.function.null_resource.cleanup_common_layer_zip",
            "module.function.null_resource.cleanup_device_iotcore_zip",
            "module.function.null_resource.cleanup_device_presence_zip",
            "module.function.null_resource.cleanup_device_prohibit_zip",
            "module.function.null_resource.cleanup_device_shadow_zip",
            "module.function.null_resource.cleanup_device_status_zip",
            "module.function.null_resource.cleanup_mqtt_jitr_zip",
            "module.function.null_resource.cleanup_send_message_zip",
            "module.function.null_resource.cleanup_status_notify_zip",
            "module.function.null_resource.cleanup_status_retrieve_zip",
            "module.function.null_resource.cleanup_ticket_response_zip",
            "module.sqs.aws_sqs_queue.cert_update_notify",
            "module.sqs.aws_sqs_queue.presence_data_notify",
            "module.sqs.aws_sqs_queue.ticket_notify",
            "module.sqs.aws_sqs_queue_policy.policy_cert_update_notify",
            "module.sqs.aws_sqs_queue_policy.policy_ticket_notify",
            "module.sqs.aws_sqs_queue_policy.presence_data_notify"
          ]
        }
      ]
    },
    {
      "module": "module.apigateway",
      "mode": "managed",
      "type": "aws_api_gateway_method_response",
      "name": "prohibited_devices_add_method_response",
      "provider": "provider[\"registry.terraform.io/hashicorp/aws\"]",
      "instances": [
        {
          "schema_version": 0,
          "attributes": {
            "http_method": "POST",
            "id": "agmr-12ehl8kole-mddpto-POST-200",
            "region": "ap-northeast-1",
            "resource_id": "mddpto",
            "response_models": {
              "application/json": "Empty"
            },
            "response_parameters": {},
            "rest_api_id": "12ehl8kole",
            "status_code": "200"
          },
          "sensitive_attributes": [],
          "identity_schema_version": 0,
          "private": "bnVsbA==",
          "dependencies": [
            "data.aws_caller_identity.current",
            "module.apigateway.aws_api_gateway_method.prohibited_devices_add",
            "module.apigateway.aws_api_gateway_resource.prohibited_devices",
            "module.apigateway.aws_api_gateway_resource.prohibited_devices_add",
            "module.apigateway.aws_api_gateway_rest_api.mqtt_server",
            "module.function.aws_lambda_event_source_mapping.trigger-cert-update",
            "module.function.aws_lambda_event_source_mapping.trigger-send-message",
            "module.function.aws_lambda_function.MQTT-CERT-UPDATE",
            "module.function.aws_lambda_function.MQTT-DEVICE-IOTCORE-ACCESS",
            "module.function.aws_lambda_function.MQTT-DEVICE-IOTCORE-PROHIBIT",
            "module.function.aws_lambda_function.MQTT-DEVICE-PRESENCE-UPDATE",
            "module.function.aws_lambda_function.MQTT-DEVICE-SHADOW-RETRIEVE",
            "module.function.aws_lambda_function.MQTT-DEVICE-STATUS-NOTIFY",
            "module.function.aws_lambda_function.MQTT-DEVICE-STATUS-RETRIEVE",
            "module.function.aws_lambda_function.MQTT-JITR",
            "module.function.aws_lambda_function.MQTT-MSG-STATUS-RETRIEVE",
            "module.function.aws_lambda_function.MQTT-SEND-MESSAGE",
            "module.function.aws_lambda_function.MQTT-TICKET-RESPONSE-UPDATE",
            "module.function.aws_lambda_layer_version.mqtt_common_layer",
            "module.function.data.archive_file.cret_update_zip",
            "module.function.data.archive_file.device_iotcore_access_zip",
            "module.function.data.archive_file.device_iotcore_prohibit_zip",
            "module.function.data.archive_file.device_presence_update_zip",
            "module.function.data.archive_file.device_shadow_retrieve_zip",
            "module.function.data.archive_file.device_status_notify_zip",
            "module.function.data.archive_file.device_status_retrieve_zip",
            "module.function.data.archive_file.mqtt_common_layer_zip",
            "module.function.data.archive_file.mqtt_jitr_zip",
            "module.function.data.archive_file.msg_status_retrieve_zip",
            "module.function.data.archive_file.send_message_zip",
            "module.function.data.archive_file.ticket_response_update_zip",
            "module.function.null_resource.cleanup_cert_update_zip",
            "module.function.null_resource.cleanup_common_layer_zip",
            "module.function.null_resource.cleanup_device_iotcore_zip",
            "module.function.null_resource.cleanup_device_presence_zip",
            "module.function.null_resource.cleanup_device_prohibit_zip",
            "module.function.null_resource.cleanup_device_shadow_zip",
            "module.function.null_resource.cleanup_device_status_zip",
            "module.function.null_resource.cleanup_mqtt_jitr_zip",
            "module.function.null_resource.cleanup_send_message_zip",
            "module.function.null_resource.cleanup_status_notify_zip",
            "module.function.null_resource.cleanup_status_retrieve_zip",
            "module.function.null_resource.cleanup_ticket_response_zip",
            "module.sqs.aws_sqs_queue.cert_update_notify",
            "module.sqs.aws_sqs_queue.presence_data_notify",
            "module.sqs.aws_sqs_queue.ticket_notify",
            "module.sqs.aws_sqs_queue_policy.policy_cert_update_notify",
            "module.sqs.aws_sqs_queue_policy.policy_ticket_notify",
            "module.sqs.aws_sqs_queue_policy.presence_data_notify"
          ]
        }
      ]
    },
    {
      "module": "module.apigateway",
      "mode": "managed",
      "type": "aws_api_gateway_method_response",
      "name": "prohibited_devices_remove_method_response",
      "provider": "provider[\"registry.terraform.io/hashicorp/aws\"]",
      "instances": [
        {
          "schema_version": 0,
          "attributes": {
            "http_method": "POST",
            "id": "agmr-12ehl8kole-38t0ha-POST-200",
            "region": "ap-northeast-1",
            "resource_id": "38t0ha",
            "response_models": {
              "application/json": "Empty"
            },
            "response_parameters": {},
            "rest_api_id": "12ehl8kole",
            "status_code": "200"
          },
          "sensitive_attributes": [],
          "identity_schema_version": 0,
          "private": "bnVsbA==",
          "dependencies": [
            "data.aws_caller_identity.current",
            "module.apigateway.aws_api_gateway_method.prohibited_devices_remove",
            "module.apigateway.aws_api_gateway_resource.prohibited_devices",
            "module.apigateway.aws_api_gateway_resource.prohibited_devices_remove",
            "module.apigateway.aws_api_gateway_rest_api.mqtt_server",
            "module.function.aws_lambda_event_source_mapping.trigger-cert-update",
            "module.function.aws_lambda_event_source_mapping.trigger-send-message",
            "module.function.aws_lambda_function.MQTT-CERT-UPDATE",
            "module.function.aws_lambda_function.MQTT-DEVICE-IOTCORE-ACCESS",
            "module.function.aws_lambda_function.MQTT-DEVICE-IOTCORE-PROHIBIT",
            "module.function.aws_lambda_function.MQTT-DEVICE-PRESENCE-UPDATE",
            "module.function.aws_lambda_function.MQTT-DEVICE-SHADOW-RETRIEVE",
            "module.function.aws_lambda_function.MQTT-DEVICE-STATUS-NOTIFY",
            "module.function.aws_lambda_function.MQTT-DEVICE-STATUS-RETRIEVE",
            "module.function.aws_lambda_function.MQTT-JITR",
            "module.function.aws_lambda_function.MQTT-MSG-STATUS-RETRIEVE",
            "module.function.aws_lambda_function.MQTT-SEND-MESSAGE",
            "module.function.aws_lambda_function.MQTT-TICKET-RESPONSE-UPDATE",
            "module.function.aws_lambda_layer_version.mqtt_common_layer",
            "module.function.data.archive_file.cret_update_zip",
            "module.function.data.archive_file.device_iotcore_access_zip",
            "module.function.data.archive_file.device_iotcore_prohibit_zip",
            "module.function.data.archive_file.device_presence_update_zip",
            "module.function.data.archive_file.device_shadow_retrieve_zip",
            "module.function.data.archive_file.device_status_notify_zip",
            "module.function.data.archive_file.device_status_retrieve_zip",
            "module.function.data.archive_file.mqtt_common_layer_zip",
            "module.function.data.archive_file.mqtt_jitr_zip",
            "module.function.data.archive_file.msg_status_retrieve_zip",
            "module.function.data.archive_file.send_message_zip",
            "module.function.data.archive_file.ticket_response_update_zip",
            "module.function.null_resource.cleanup_cert_update_zip",
            "module.function.null_resource.cleanup_common_layer_zip",
            "module.function.null_resource.cleanup_device_iotcore_zip",
            "module.function.null_resource.cleanup_device_presence_zip",
            "module.function.null_resource.cleanup_device_prohibit_zip",
            "module.function.null_resource.cleanup_device_shadow_zip",
            "module.function.null_resource.cleanup_device_status_zip",
            "module.function.null_resource.cleanup_mqtt_jitr_zip",
            "module.function.null_resource.cleanup_send_message_zip",
            "module.function.null_resource.cleanup_status_notify_zip",
            "module.function.null_resource.cleanup_status_retrieve_zip",
            "module.function.null_resource.cleanup_ticket_response_zip",
            "module.sqs.aws_sqs_queue.cert_update_notify",
            "module.sqs.aws_sqs_queue.presence_data_notify",
            "module.sqs.aws_sqs_queue.ticket_notify",
            "module.sqs.aws_sqs_queue_policy.policy_cert_update_notify",
            "module.sqs.aws_sqs_queue_policy.policy_ticket_notify",
            "module.sqs.aws_sqs_queue_policy.presence_data_notify"
          ]
        }
      ]
    },
    {
      "module": "module.apigateway",
      "mode": "managed",
      "type": "aws_api_gateway_method_response",
      "name": "sol_device_deviceId_shadows_name_method_responseId",
      "provider": "provider[\"registry.terraform.io/hashicorp/aws\"]",
      "instances": [
        {
          "schema_version": 0,
          "attributes": {
            "http_method": "GET",
            "id": "agmr-blgspy2i4b-m6zx62-GET-200",
            "region": "ap-northeast-1",
            "resource_id": "m6zx62",
            "response_models": {
              "application/json": "Empty"
            },
            "response_parameters": {},
            "rest_api_id": "blgspy2i4b",
            "status_code": "200"
          },
          "sensitive_attributes": [],
          "identity_schema_version": 0,
          "private": "bnVsbA==",
          "dependencies": [
            "data.aws_caller_identity.current",
            "module.apigateway.aws_api_gateway_method.get_device_deviceId_shadows_name",
            "module.apigateway.aws_api_gateway_resource.device_deviceId_shadows",
            "module.apigateway.aws_api_gateway_resource.device_deviceId_shadows_name",
            "module.apigateway.aws_api_gateway_resource.sol_device_deviceId",
            "module.apigateway.aws_api_gateway_resource.sol_devices",
            "module.apigateway.aws_api_gateway_rest_api.solution_mqtt_server",
            "module.function.aws_lambda_event_source_mapping.trigger-cert-update",
            "module.function.aws_lambda_event_source_mapping.trigger-send-message",
            "module.function.aws_lambda_function.MQTT-CERT-UPDATE",
            "module.function.aws_lambda_function.MQTT-DEVICE-IOTCORE-ACCESS",
            "module.function.aws_lambda_function.MQTT-DEVICE-IOTCORE-PROHIBIT",
            "module.function.aws_lambda_function.MQTT-DEVICE-PRESENCE-UPDATE",
            "module.function.aws_lambda_function.MQTT-DEVICE-SHADOW-RETRIEVE",
            "module.function.aws_lambda_function.MQTT-DEVICE-STATUS-NOTIFY",
            "module.function.aws_lambda_function.MQTT-DEVICE-STATUS-RETRIEVE",
            "module.function.aws_lambda_function.MQTT-JITR",
            "module.function.aws_lambda_function.MQTT-MSG-STATUS-RETRIEVE",
            "module.function.aws_lambda_function.MQTT-SEND-MESSAGE",
            "module.function.aws_lambda_function.MQTT-TICKET-RESPONSE-UPDATE",
            "module.function.aws_lambda_layer_version.mqtt_common_layer",
            "module.function.data.archive_file.cret_update_zip",
            "module.function.data.archive_file.device_iotcore_access_zip",
            "module.function.data.archive_file.device_iotcore_prohibit_zip",
            "module.function.data.archive_file.device_presence_update_zip",
            "module.function.data.archive_file.device_shadow_retrieve_zip",
            "module.function.data.archive_file.device_status_notify_zip",
            "module.function.data.archive_file.device_status_retrieve_zip",
            "module.function.data.archive_file.mqtt_common_layer_zip",
            "module.function.data.archive_file.mqtt_jitr_zip",
            "module.function.data.archive_file.msg_status_retrieve_zip",
            "module.function.data.archive_file.send_message_zip",
            "module.function.data.archive_file.ticket_response_update_zip",
            "module.function.null_resource.cleanup_cert_update_zip",
            "module.function.null_resource.cleanup_common_layer_zip",
            "module.function.null_resource.cleanup_device_iotcore_zip",
            "module.function.null_resource.cleanup_device_presence_zip",
            "module.function.null_resource.cleanup_device_prohibit_zip",
            "module.function.null_resource.cleanup_device_shadow_zip",
            "module.function.null_resource.cleanup_device_status_zip",
            "module.function.null_resource.cleanup_mqtt_jitr_zip",
            "module.function.null_resource.cleanup_send_message_zip",
            "module.function.null_resource.cleanup_status_notify_zip",
            "module.function.null_resource.cleanup_status_retrieve_zip",
            "module.function.null_resource.cleanup_ticket_response_zip",
            "module.sqs.aws_sqs_queue.cert_update_notify",
            "module.sqs.aws_sqs_queue.presence_data_notify",
            "module.sqs.aws_sqs_queue.ticket_notify",
            "module.sqs.aws_sqs_queue_policy.policy_cert_update_notify",
            "module.sqs.aws_sqs_queue_policy.policy_ticket_notify",
            "module.sqs.aws_sqs_queue_policy.presence_data_notify"
          ]
        }
      ]
    },
    {
      "module": "module.apigateway",
      "mode": "managed",
      "type": "aws_api_gateway_method_response",
      "name": "sol_devicedevice_deviceId_connection_status_method_responseId",
      "provider": "provider[\"registry.terraform.io/hashicorp/aws\"]",
      "instances": [
        {
          "schema_version": 0,
          "attributes": {
            "http_method": "GET",
            "id": "agmr-blgspy2i4b-ser5a8-GET-200",
            "region": "ap-northeast-1",
            "resource_id": "ser5a8",
            "response_models": {
              "application/json": "Empty"
            },
            "response_parameters": {},
            "rest_api_id": "blgspy2i4b",
            "status_code": "200"
          },
          "sensitive_attributes": [],
          "identity_schema_version": 0,
          "private": "bnVsbA==",
          "dependencies": [
            "data.aws_caller_identity.current",
            "module.apigateway.aws_api_gateway_method.get_device_deviceId_connection_status",
            "module.apigateway.aws_api_gateway_resource.device_deviceId_connection_status",
            "module.apigateway.aws_api_gateway_resource.sol_device_deviceId",
            "module.apigateway.aws_api_gateway_resource.sol_devices",
            "module.apigateway.aws_api_gateway_rest_api.solution_mqtt_server",
            "module.function.aws_lambda_event_source_mapping.trigger-cert-update",
            "module.function.aws_lambda_event_source_mapping.trigger-send-message",
            "module.function.aws_lambda_function.MQTT-CERT-UPDATE",
            "module.function.aws_lambda_function.MQTT-DEVICE-IOTCORE-ACCESS",
            "module.function.aws_lambda_function.MQTT-DEVICE-IOTCORE-PROHIBIT",
            "module.function.aws_lambda_function.MQTT-DEVICE-PRESENCE-UPDATE",
            "module.function.aws_lambda_function.MQTT-DEVICE-SHADOW-RETRIEVE",
            "module.function.aws_lambda_function.MQTT-DEVICE-STATUS-NOTIFY",
            "module.function.aws_lambda_function.MQTT-DEVICE-STATUS-RETRIEVE",
            "module.function.aws_lambda_function.MQTT-JITR",
            "module.function.aws_lambda_function.MQTT-MSG-STATUS-RETRIEVE",
            "module.function.aws_lambda_function.MQTT-SEND-MESSAGE",
            "module.function.aws_lambda_function.MQTT-TICKET-RESPONSE-UPDATE",
            "module.function.aws_lambda_layer_version.mqtt_common_layer",
            "module.function.data.archive_file.cret_update_zip",
            "module.function.data.archive_file.device_iotcore_access_zip",
            "module.function.data.archive_file.device_iotcore_prohibit_zip",
            "module.function.data.archive_file.device_presence_update_zip",
            "module.function.data.archive_file.device_shadow_retrieve_zip",
            "module.function.data.archive_file.device_status_notify_zip",
            "module.function.data.archive_file.device_status_retrieve_zip",
            "module.function.data.archive_file.mqtt_common_layer_zip",
            "module.function.data.archive_file.mqtt_jitr_zip",
            "module.function.data.archive_file.msg_status_retrieve_zip",
            "module.function.data.archive_file.send_message_zip",
            "module.function.data.archive_file.ticket_response_update_zip",
            "module.function.null_resource.cleanup_cert_update_zip",
            "module.function.null_resource.cleanup_common_layer_zip",
            "module.function.null_resource.cleanup_device_iotcore_zip",
            "module.function.null_resource.cleanup_device_presence_zip",
            "module.function.null_resource.cleanup_device_prohibit_zip",
            "module.function.null_resource.cleanup_device_shadow_zip",
            "module.function.null_resource.cleanup_device_status_zip",
            "module.function.null_resource.cleanup_mqtt_jitr_zip",
            "module.function.null_resource.cleanup_send_message_zip",
            "module.function.null_resource.cleanup_status_notify_zip",
            "module.function.null_resource.cleanup_status_retrieve_zip",
            "module.function.null_resource.cleanup_ticket_response_zip",
            "module.sqs.aws_sqs_queue.cert_update_notify",
            "module.sqs.aws_sqs_queue.presence_data_notify",
            "module.sqs.aws_sqs_queue.ticket_notify",
            "module.sqs.aws_sqs_queue_policy.policy_cert_update_notify",
            "module.sqs.aws_sqs_queue_policy.policy_ticket_notify",
            "module.sqs.aws_sqs_queue_policy.presence_data_notify"
          ]
        }
      ]
    },
    {
      "module": "module.apigateway",
      "mode": "managed",
      "type": "aws_api_gateway_method_response",
      "name": "sol_tickets_groupId_method_response",
      "provider": "provider[\"registry.terraform.io/hashicorp/aws\"]",
      "instances": [
        {
          "schema_version": 0,
          "attributes": {
            "http_method": "GET",
            "id": "agmr-blgspy2i4b-u2h8go-GET-200",
            "region": "ap-northeast-1",
            "resource_id": "u2h8go",
            "response_models": {
              "application/json": "Empty"
            },
            "response_parameters": {},
            "rest_api_id": "blgspy2i4b",
            "status_code": "200"
          },
          "sensitive_attributes": [],
          "identity_schema_version": 0,
          "private": "bnVsbA==",
          "dependencies": [
            "data.aws_caller_identity.current",
            "module.apigateway.aws_api_gateway_method.get_sol_tickets_groupId",
            "module.apigateway.aws_api_gateway_resource.sol_tickets",
            "module.apigateway.aws_api_gateway_rest_api.solution_mqtt_server",
            "module.function.aws_lambda_event_source_mapping.trigger-cert-update",
            "module.function.aws_lambda_event_source_mapping.trigger-send-message",
            "module.function.aws_lambda_function.MQTT-CERT-UPDATE",
            "module.function.aws_lambda_function.MQTT-DEVICE-IOTCORE-ACCESS",
            "module.function.aws_lambda_function.MQTT-DEVICE-IOTCORE-PROHIBIT",
            "module.function.aws_lambda_function.MQTT-DEVICE-PRESENCE-UPDATE",
            "module.function.aws_lambda_function.MQTT-DEVICE-SHADOW-RETRIEVE",
            "module.function.aws_lambda_function.MQTT-DEVICE-STATUS-NOTIFY",
            "module.function.aws_lambda_function.MQTT-DEVICE-STATUS-RETRIEVE",
            "module.function.aws_lambda_function.MQTT-JITR",
            "module.function.aws_lambda_function.MQTT-MSG-STATUS-RETRIEVE",
            "module.function.aws_lambda_function.MQTT-SEND-MESSAGE",
            "module.function.aws_lambda_function.MQTT-TICKET-RESPONSE-UPDATE",
            "module.function.aws_lambda_layer_version.mqtt_common_layer",
            "module.function.data.archive_file.cret_update_zip",
            "module.function.data.archive_file.device_iotcore_access_zip",
            "module.function.data.archive_file.device_iotcore_prohibit_zip",
            "module.function.data.archive_file.device_presence_update_zip",
            "module.function.data.archive_file.device_shadow_retrieve_zip",
            "module.function.data.archive_file.device_status_notify_zip",
            "module.function.data.archive_file.device_status_retrieve_zip",
            "module.function.data.archive_file.mqtt_common_layer_zip",
            "module.function.data.archive_file.mqtt_jitr_zip",
            "module.function.data.archive_file.msg_status_retrieve_zip",
            "module.function.data.archive_file.send_message_zip",
            "module.function.data.archive_file.ticket_response_update_zip",
            "module.function.null_resource.cleanup_cert_update_zip",
            "module.function.null_resource.cleanup_common_layer_zip",
            "module.function.null_resource.cleanup_device_iotcore_zip",
            "module.function.null_resource.cleanup_device_presence_zip",
            "module.function.null_resource.cleanup_device_prohibit_zip",
            "module.function.null_resource.cleanup_device_shadow_zip",
            "module.function.null_resource.cleanup_device_status_zip",
            "module.function.null_resource.cleanup_mqtt_jitr_zip",
            "module.function.null_resource.cleanup_send_message_zip",
            "module.function.null_resource.cleanup_status_notify_zip",
            "module.function.null_resource.cleanup_status_retrieve_zip",
            "module.function.null_resource.cleanup_ticket_response_zip",
            "module.sqs.aws_sqs_queue.cert_update_notify",
            "module.sqs.aws_sqs_queue.presence_data_notify",
            "module.sqs.aws_sqs_queue.ticket_notify",
            "module.sqs.aws_sqs_queue_policy.policy_cert_update_notify",
            "module.sqs.aws_sqs_queue_policy.policy_ticket_notify",
            "module.sqs.aws_sqs_queue_policy.presence_data_notify"
          ]
        }
      ]
    },
    {
      "module": "module.apigateway",
      "mode": "managed",
      "type": "aws_api_gateway_method_response",
      "name": "sol_tickets_messageId_deviceId_method_response",
      "provider": "provider[\"registry.terraform.io/hashicorp/aws\"]",
      "instances": [
        {
          "schema_version": 0,
          "attributes": {
            "http_method": "GET",
            "id": "agmr-blgspy2i4b-08zb5v-GET-200",
            "region": "ap-northeast-1",
            "resource_id": "08zb5v",
            "response_models": {
              "application/json": "Empty"
            },
            "response_parameters": {},
            "rest_api_id": "blgspy2i4b",
            "status_code": "200"
          },
          "sensitive_attributes": [],
          "identity_schema_version": 0,
          "private": "bnVsbA==",
          "dependencies": [
            "data.aws_caller_identity.current",
            "module.apigateway.aws_api_gateway_method.get_sol_tickets_messageId_deviceId",
            "module.apigateway.aws_api_gateway_resource.sol_tickets",
            "module.apigateway.aws_api_gateway_resource.sol_tickets_messageId",
            "module.apigateway.aws_api_gateway_resource.sol_tickets_messageId_deviceId",
            "module.apigateway.aws_api_gateway_rest_api.solution_mqtt_server",
            "module.function.aws_lambda_event_source_mapping.trigger-cert-update",
            "module.function.aws_lambda_event_source_mapping.trigger-send-message",
            "module.function.aws_lambda_function.MQTT-CERT-UPDATE",
            "module.function.aws_lambda_function.MQTT-DEVICE-IOTCORE-ACCESS",
            "module.function.aws_lambda_function.MQTT-DEVICE-IOTCORE-PROHIBIT",
            "module.function.aws_lambda_function.MQTT-DEVICE-PRESENCE-UPDATE",
            "module.function.aws_lambda_function.MQTT-DEVICE-SHADOW-RETRIEVE",
            "module.function.aws_lambda_function.MQTT-DEVICE-STATUS-NOTIFY",
            "module.function.aws_lambda_function.MQTT-DEVICE-STATUS-RETRIEVE",
            "module.function.aws_lambda_function.MQTT-JITR",
            "module.function.aws_lambda_function.MQTT-MSG-STATUS-RETRIEVE",
            "module.function.aws_lambda_function.MQTT-SEND-MESSAGE",
            "module.function.aws_lambda_function.MQTT-TICKET-RESPONSE-UPDATE",
            "module.function.aws_lambda_layer_version.mqtt_common_layer",
            "module.function.data.archive_file.cret_update_zip",
            "module.function.data.archive_file.device_iotcore_access_zip",
            "module.function.data.archive_file.device_iotcore_prohibit_zip",
            "module.function.data.archive_file.device_presence_update_zip",
            "module.function.data.archive_file.device_shadow_retrieve_zip",
            "module.function.data.archive_file.device_status_notify_zip",
            "module.function.data.archive_file.device_status_retrieve_zip",
            "module.function.data.archive_file.mqtt_common_layer_zip",
            "module.function.data.archive_file.mqtt_jitr_zip",
            "module.function.data.archive_file.msg_status_retrieve_zip",
            "module.function.data.archive_file.send_message_zip",
            "module.function.data.archive_file.ticket_response_update_zip",
            "module.function.null_resource.cleanup_cert_update_zip",
            "module.function.null_resource.cleanup_common_layer_zip",
            "module.function.null_resource.cleanup_device_iotcore_zip",
            "module.function.null_resource.cleanup_device_presence_zip",
            "module.function.null_resource.cleanup_device_prohibit_zip",
            "module.function.null_resource.cleanup_device_shadow_zip",
            "module.function.null_resource.cleanup_device_status_zip",
            "module.function.null_resource.cleanup_mqtt_jitr_zip",
            "module.function.null_resource.cleanup_send_message_zip",
            "module.function.null_resource.cleanup_status_notify_zip",
            "module.function.null_resource.cleanup_status_retrieve_zip",
            "module.function.null_resource.cleanup_ticket_response_zip",
            "module.sqs.aws_sqs_queue.cert_update_notify",
            "module.sqs.aws_sqs_queue.presence_data_notify",
            "module.sqs.aws_sqs_queue.ticket_notify",
            "module.sqs.aws_sqs_queue_policy.policy_cert_update_notify",
            "module.sqs.aws_sqs_queue_policy.policy_ticket_notify",
            "module.sqs.aws_sqs_queue_policy.presence_data_notify"
          ]
        }
      ]
    },
    {
      "module": "module.apigateway",
      "mode": "managed",
      "type": "aws_api_gateway_method_response",
      "name": "sol_tickets_messageId_method_response",
      "provider": "provider[\"registry.terraform.io/hashicorp/aws\"]",
      "instances": [
        {
          "schema_version": 0,
          "attributes": {
            "http_method": "GET",
            "id": "agmr-blgspy2i4b-itv963-GET-200",
            "region": "ap-northeast-1",
            "resource_id": "itv963",
            "response_models": {
              "application/json": "Empty"
            },
            "response_parameters": {},
            "rest_api_id": "blgspy2i4b",
            "status_code": "200"
          },
          "sensitive_attributes": [],
          "identity_schema_version": 0,
          "private": "bnVsbA==",
          "dependencies": [
            "data.aws_caller_identity.current",
            "module.apigateway.aws_api_gateway_method.get_sol_tickets_messageId",
            "module.apigateway.aws_api_gateway_resource.sol_tickets",
            "module.apigateway.aws_api_gateway_resource.sol_tickets_messageId",
            "module.apigateway.aws_api_gateway_rest_api.solution_mqtt_server",
            "module.function.aws_lambda_event_source_mapping.trigger-cert-update",
            "module.function.aws_lambda_event_source_mapping.trigger-send-message",
            "module.function.aws_lambda_function.MQTT-CERT-UPDATE",
            "module.function.aws_lambda_function.MQTT-DEVICE-IOTCORE-ACCESS",
            "module.function.aws_lambda_function.MQTT-DEVICE-IOTCORE-PROHIBIT",
            "module.function.aws_lambda_function.MQTT-DEVICE-PRESENCE-UPDATE",
            "module.function.aws_lambda_function.MQTT-DEVICE-SHADOW-RETRIEVE",
            "module.function.aws_lambda_function.MQTT-DEVICE-STATUS-NOTIFY",
            "module.function.aws_lambda_function.MQTT-DEVICE-STATUS-RETRIEVE",
            "module.function.aws_lambda_function.MQTT-JITR",
            "module.function.aws_lambda_function.MQTT-MSG-STATUS-RETRIEVE",
            "module.function.aws_lambda_function.MQTT-SEND-MESSAGE",
            "module.function.aws_lambda_function.MQTT-TICKET-RESPONSE-UPDATE",
            "module.function.aws_lambda_layer_version.mqtt_common_layer",
            "module.function.data.archive_file.cret_update_zip",
            "module.function.data.archive_file.device_iotcore_access_zip",
            "module.function.data.archive_file.device_iotcore_prohibit_zip",
            "module.function.data.archive_file.device_presence_update_zip",
            "module.function.data.archive_file.device_shadow_retrieve_zip",
            "module.function.data.archive_file.device_status_notify_zip",
            "module.function.data.archive_file.device_status_retrieve_zip",
            "module.function.data.archive_file.mqtt_common_layer_zip",
            "module.function.data.archive_file.mqtt_jitr_zip",
            "module.function.data.archive_file.msg_status_retrieve_zip",
            "module.function.data.archive_file.send_message_zip",
            "module.function.data.archive_file.ticket_response_update_zip",
            "module.function.null_resource.cleanup_cert_update_zip",
            "module.function.null_resource.cleanup_common_layer_zip",
            "module.function.null_resource.cleanup_device_iotcore_zip",
            "module.function.null_resource.cleanup_device_presence_zip",
            "module.function.null_resource.cleanup_device_prohibit_zip",
            "module.function.null_resource.cleanup_device_shadow_zip",
            "module.function.null_resource.cleanup_device_status_zip",
            "module.function.null_resource.cleanup_mqtt_jitr_zip",
            "module.function.null_resource.cleanup_send_message_zip",
            "module.function.null_resource.cleanup_status_notify_zip",
            "module.function.null_resource.cleanup_status_retrieve_zip",
            "module.function.null_resource.cleanup_ticket_response_zip",
            "module.sqs.aws_sqs_queue.cert_update_notify",
            "module.sqs.aws_sqs_queue.presence_data_notify",
            "module.sqs.aws_sqs_queue.ticket_notify",
            "module.sqs.aws_sqs_queue_policy.policy_cert_update_notify",
            "module.sqs.aws_sqs_queue_policy.policy_ticket_notify",
            "module.sqs.aws_sqs_queue_policy.presence_data_notify"
          ]
        }
      ]
    },
    {
      "module": "module.apigateway",
      "mode": "managed",
      "type": "aws_api_gateway_method_response",
      "name": "tickets_groupId_method_response",
      "provider": "provider[\"registry.terraform.io/hashicorp/aws\"]",
      "instances": [
        {
          "schema_version": 0,
          "attributes": {
            "http_method": "GET",
            "id": "agmr-12ehl8kole-jvaqux-GET-200",
            "region": "ap-northeast-1",
            "resource_id": "jvaqux",
            "response_models": {
              "application/json": "Empty"
            },
            "response_parameters": {},
            "rest_api_id": "12ehl8kole",
            "status_code": "200"
          },
          "sensitive_attributes": [],
          "identity_schema_version": 0,
          "private": "bnVsbA==",
          "dependencies": [
            "data.aws_caller_identity.current",
            "module.apigateway.aws_api_gateway_method.get_tickets_groupId",
            "module.apigateway.aws_api_gateway_resource.tickets",
            "module.apigateway.aws_api_gateway_rest_api.mqtt_server",
            "module.function.aws_lambda_event_source_mapping.trigger-cert-update",
            "module.function.aws_lambda_event_source_mapping.trigger-send-message",
            "module.function.aws_lambda_function.MQTT-CERT-UPDATE",
            "module.function.aws_lambda_function.MQTT-DEVICE-IOTCORE-ACCESS",
            "module.function.aws_lambda_function.MQTT-DEVICE-IOTCORE-PROHIBIT",
            "module.function.aws_lambda_function.MQTT-DEVICE-PRESENCE-UPDATE",
            "module.function.aws_lambda_function.MQTT-DEVICE-SHADOW-RETRIEVE",
            "module.function.aws_lambda_function.MQTT-DEVICE-STATUS-NOTIFY",
            "module.function.aws_lambda_function.MQTT-DEVICE-STATUS-RETRIEVE",
            "module.function.aws_lambda_function.MQTT-JITR",
            "module.function.aws_lambda_function.MQTT-MSG-STATUS-RETRIEVE",
            "module.function.aws_lambda_function.MQTT-SEND-MESSAGE",
            "module.function.aws_lambda_function.MQTT-TICKET-RESPONSE-UPDATE",
            "module.function.aws_lambda_layer_version.mqtt_common_layer",
            "module.function.data.archive_file.cret_update_zip",
            "module.function.data.archive_file.device_iotcore_access_zip",
            "module.function.data.archive_file.device_iotcore_prohibit_zip",
            "module.function.data.archive_file.device_presence_update_zip",
            "module.function.data.archive_file.device_shadow_retrieve_zip",
            "module.function.data.archive_file.device_status_notify_zip",
            "module.function.data.archive_file.device_status_retrieve_zip",
            "module.function.data.archive_file.mqtt_common_layer_zip",
            "module.function.data.archive_file.mqtt_jitr_zip",
            "module.function.data.archive_file.msg_status_retrieve_zip",
            "module.function.data.archive_file.send_message_zip",
            "module.function.data.archive_file.ticket_response_update_zip",
            "module.function.null_resource.cleanup_cert_update_zip",
            "module.function.null_resource.cleanup_common_layer_zip",
            "module.function.null_resource.cleanup_device_iotcore_zip",
            "module.function.null_resource.cleanup_device_presence_zip",
            "module.function.null_resource.cleanup_device_prohibit_zip",
            "module.function.null_resource.cleanup_device_shadow_zip",
            "module.function.null_resource.cleanup_device_status_zip",
            "module.function.null_resource.cleanup_mqtt_jitr_zip",
            "module.function.null_resource.cleanup_send_message_zip",
            "module.function.null_resource.cleanup_status_notify_zip",
            "module.function.null_resource.cleanup_status_retrieve_zip",
            "module.function.null_resource.cleanup_ticket_response_zip",
            "module.sqs.aws_sqs_queue.cert_update_notify",
            "module.sqs.aws_sqs_queue.presence_data_notify",
            "module.sqs.aws_sqs_queue.ticket_notify",
            "module.sqs.aws_sqs_queue_policy.policy_cert_update_notify",
            "module.sqs.aws_sqs_queue_policy.policy_ticket_notify",
            "module.sqs.aws_sqs_queue_policy.presence_data_notify"
          ]
        }
      ]
    },
    {
      "module": "module.apigateway",
      "mode": "managed",
      "type": "aws_api_gateway_method_response",
      "name": "tickets_messageId_deviceId_method_response",
      "provider": "provider[\"registry.terraform.io/hashicorp/aws\"]",
      "instances": [
        {
          "schema_version": 0,
          "attributes": {
            "http_method": "GET",
            "id": "agmr-12ehl8kole-2aifel-GET-200",
            "region": "ap-northeast-1",
            "resource_id": "2aifel",
            "response_models": {
              "application/json": "Empty"
            },
            "response_parameters": {},
            "rest_api_id": "12ehl8kole",
            "status_code": "200"
          },
          "sensitive_attributes": [],
          "identity_schema_version": 0,
          "private": "bnVsbA==",
          "dependencies": [
            "data.aws_caller_identity.current",
            "module.apigateway.aws_api_gateway_method.get_tickets_messageId_deviceId",
            "module.apigateway.aws_api_gateway_resource.tickets",
            "module.apigateway.aws_api_gateway_resource.tickets_messageId",
            "module.apigateway.aws_api_gateway_resource.tickets_messageId_deviceId",
            "module.apigateway.aws_api_gateway_rest_api.mqtt_server",
            "module.function.aws_lambda_event_source_mapping.trigger-cert-update",
            "module.function.aws_lambda_event_source_mapping.trigger-send-message",
            "module.function.aws_lambda_function.MQTT-CERT-UPDATE",
            "module.function.aws_lambda_function.MQTT-DEVICE-IOTCORE-ACCESS",
            "module.function.aws_lambda_function.MQTT-DEVICE-IOTCORE-PROHIBIT",
            "module.function.aws_lambda_function.MQTT-DEVICE-PRESENCE-UPDATE",
            "module.function.aws_lambda_function.MQTT-DEVICE-SHADOW-RETRIEVE",
            "module.function.aws_lambda_function.MQTT-DEVICE-STATUS-NOTIFY",
            "module.function.aws_lambda_function.MQTT-DEVICE-STATUS-RETRIEVE",
            "module.function.aws_lambda_function.MQTT-JITR",
            "module.function.aws_lambda_function.MQTT-MSG-STATUS-RETRIEVE",
            "module.function.aws_lambda_function.MQTT-SEND-MESSAGE",
            "module.function.aws_lambda_function.MQTT-TICKET-RESPONSE-UPDATE",
            "module.function.aws_lambda_layer_version.mqtt_common_layer",
            "module.function.data.archive_file.cret_update_zip",
            "module.function.data.archive_file.device_iotcore_access_zip",
            "module.function.data.archive_file.device_iotcore_prohibit_zip",
            "module.function.data.archive_file.device_presence_update_zip",
            "module.function.data.archive_file.device_shadow_retrieve_zip",
            "module.function.data.archive_file.device_status_notify_zip",
            "module.function.data.archive_file.device_status_retrieve_zip",
            "module.function.data.archive_file.mqtt_common_layer_zip",
            "module.function.data.archive_file.mqtt_jitr_zip",
            "module.function.data.archive_file.msg_status_retrieve_zip",
            "module.function.data.archive_file.send_message_zip",
            "module.function.data.archive_file.ticket_response_update_zip",
            "module.function.null_resource.cleanup_cert_update_zip",
            "module.function.null_resource.cleanup_common_layer_zip",
            "module.function.null_resource.cleanup_device_iotcore_zip",
            "module.function.null_resource.cleanup_device_presence_zip",
            "module.function.null_resource.cleanup_device_prohibit_zip",
            "module.function.null_resource.cleanup_device_shadow_zip",
            "module.function.null_resource.cleanup_device_status_zip",
            "module.function.null_resource.cleanup_mqtt_jitr_zip",
            "module.function.null_resource.cleanup_send_message_zip",
            "module.function.null_resource.cleanup_status_notify_zip",
            "module.function.null_resource.cleanup_status_retrieve_zip",
            "module.function.null_resource.cleanup_ticket_response_zip",
            "module.sqs.aws_sqs_queue.cert_update_notify",
            "module.sqs.aws_sqs_queue.presence_data_notify",
            "module.sqs.aws_sqs_queue.ticket_notify",
            "module.sqs.aws_sqs_queue_policy.policy_cert_update_notify",
            "module.sqs.aws_sqs_queue_policy.policy_ticket_notify",
            "module.sqs.aws_sqs_queue_policy.presence_data_notify"
          ]
        }
      ]
    },
    {
      "module": "module.apigateway",
      "mode": "managed",
      "type": "aws_api_gateway_method_response",
      "name": "tickets_messageId_method_response",
      "provider": "provider[\"registry.terraform.io/hashicorp/aws\"]",
      "instances": [
        {
          "schema_version": 0,
          "attributes": {
            "http_method": "GET",
            "id": "agmr-12ehl8kole-kioq4v-GET-200",
            "region": "ap-northeast-1",
            "resource_id": "kioq4v",
            "response_models": {
              "application/json": "Empty"
            },
            "response_parameters": {},
            "rest_api_id": "12ehl8kole",
            "status_code": "200"
          },
          "sensitive_attributes": [],
          "identity_schema_version": 0,
          "private": "bnVsbA==",
          "dependencies": [
            "data.aws_caller_identity.current",
            "module.apigateway.aws_api_gateway_method.get_tickets_messageId",
            "module.apigateway.aws_api_gateway_resource.tickets",
            "module.apigateway.aws_api_gateway_resource.tickets_messageId",
            "module.apigateway.aws_api_gateway_rest_api.mqtt_server",
            "module.function.aws_lambda_event_source_mapping.trigger-cert-update",
            "module.function.aws_lambda_event_source_mapping.trigger-send-message",
            "module.function.aws_lambda_function.MQTT-CERT-UPDATE",
            "module.function.aws_lambda_function.MQTT-DEVICE-IOTCORE-ACCESS",
            "module.function.aws_lambda_function.MQTT-DEVICE-IOTCORE-PROHIBIT",
            "module.function.aws_lambda_function.MQTT-DEVICE-PRESENCE-UPDATE",
            "module.function.aws_lambda_function.MQTT-DEVICE-SHADOW-RETRIEVE",
            "module.function.aws_lambda_function.MQTT-DEVICE-STATUS-NOTIFY",
            "module.function.aws_lambda_function.MQTT-DEVICE-STATUS-RETRIEVE",
            "module.function.aws_lambda_function.MQTT-JITR",
            "module.function.aws_lambda_function.MQTT-MSG-STATUS-RETRIEVE",
            "module.function.aws_lambda_function.MQTT-SEND-MESSAGE",
            "module.function.aws_lambda_function.MQTT-TICKET-RESPONSE-UPDATE",
            "module.function.aws_lambda_layer_version.mqtt_common_layer",
            "module.function.data.archive_file.cret_update_zip",
            "module.function.data.archive_file.device_iotcore_access_zip",
            "module.function.data.archive_file.device_iotcore_prohibit_zip",
            "module.function.data.archive_file.device_presence_update_zip",
            "module.function.data.archive_file.device_shadow_retrieve_zip",
            "module.function.data.archive_file.device_status_notify_zip",
            "module.function.data.archive_file.device_status_retrieve_zip",
            "module.function.data.archive_file.mqtt_common_layer_zip",
            "module.function.data.archive_file.mqtt_jitr_zip",
            "module.function.data.archive_file.msg_status_retrieve_zip",
            "module.function.data.archive_file.send_message_zip",
            "module.function.data.archive_file.ticket_response_update_zip",
            "module.function.null_resource.cleanup_cert_update_zip",
            "module.function.null_resource.cleanup_common_layer_zip",
            "module.function.null_resource.cleanup_device_iotcore_zip",
            "module.function.null_resource.cleanup_device_presence_zip",
            "module.function.null_resource.cleanup_device_prohibit_zip",
            "module.function.null_resource.cleanup_device_shadow_zip",
            "module.function.null_resource.cleanup_device_status_zip",
            "module.function.null_resource.cleanup_mqtt_jitr_zip",
            "module.function.null_resource.cleanup_send_message_zip",
            "module.function.null_resource.cleanup_status_notify_zip",
            "module.function.null_resource.cleanup_status_retrieve_zip",
            "module.function.null_resource.cleanup_ticket_response_zip",
            "module.sqs.aws_sqs_queue.cert_update_notify",
            "module.sqs.aws_sqs_queue.presence_data_notify",
            "module.sqs.aws_sqs_queue.ticket_notify",
            "module.sqs.aws_sqs_queue_policy.policy_cert_update_notify",
            "module.sqs.aws_sqs_queue_policy.policy_ticket_notify",
            "module.sqs.aws_sqs_queue_policy.presence_data_notify"
          ]
        }
      ]
    },
    {
      "module": "module.apigateway",
      "mode": "managed",
      "type": "aws_api_gateway_method_response",
      "name": "tickets_send_method_response",
      "provider": "provider[\"registry.terraform.io/hashicorp/aws\"]",
      "instances": [
        {
          "schema_version": 0,
          "attributes": {
            "http_method": "POST",
            "id": "agmr-12ehl8kole-7y5rei-POST-200",
            "region": "ap-northeast-1",
            "resource_id": "7y5rei",
            "response_models": {
              "application/json": "Empty"
            },
            "response_parameters": {
              "method.response.header.Access-Control-Allow-Origin": true
            },
            "rest_api_id": "12ehl8kole",
            "status_code": "200"
          },
          "sensitive_attributes": [],
          "identity_schema_version": 0,
          "private": "bnVsbA==",
          "dependencies": [
            "data.aws_caller_identity.current",
            "module.apigateway.aws_api_gateway_method.post_tickets_send",
            "module.apigateway.aws_api_gateway_resource.tickets",
            "module.apigateway.aws_api_gateway_resource.tickets_send",
            "module.apigateway.aws_api_gateway_rest_api.mqtt_server",
            "module.function.aws_lambda_event_source_mapping.trigger-cert-update",
            "module.function.aws_lambda_event_source_mapping.trigger-send-message",
            "module.function.aws_lambda_function.MQTT-CERT-UPDATE",
            "module.function.aws_lambda_function.MQTT-DEVICE-IOTCORE-ACCESS",
            "module.function.aws_lambda_function.MQTT-DEVICE-IOTCORE-PROHIBIT",
            "module.function.aws_lambda_function.MQTT-DEVICE-PRESENCE-UPDATE",
            "module.function.aws_lambda_function.MQTT-DEVICE-SHADOW-RETRIEVE",
            "module.function.aws_lambda_function.MQTT-DEVICE-STATUS-NOTIFY",
            "module.function.aws_lambda_function.MQTT-DEVICE-STATUS-RETRIEVE",
            "module.function.aws_lambda_function.MQTT-JITR",
            "module.function.aws_lambda_function.MQTT-MSG-STATUS-RETRIEVE",
            "module.function.aws_lambda_function.MQTT-SEND-MESSAGE",
            "module.function.aws_lambda_function.MQTT-TICKET-RESPONSE-UPDATE",
            "module.function.aws_lambda_layer_version.mqtt_common_layer",
            "module.function.data.archive_file.cret_update_zip",
            "module.function.data.archive_file.device_iotcore_access_zip",
            "module.function.data.archive_file.device_iotcore_prohibit_zip",
            "module.function.data.archive_file.device_presence_update_zip",
            "module.function.data.archive_file.device_shadow_retrieve_zip",
            "module.function.data.archive_file.device_status_notify_zip",
            "module.function.data.archive_file.device_status_retrieve_zip",
            "module.function.data.archive_file.mqtt_common_layer_zip",
            "module.function.data.archive_file.mqtt_jitr_zip",
            "module.function.data.archive_file.msg_status_retrieve_zip",
            "module.function.data.archive_file.send_message_zip",
            "module.function.data.archive_file.ticket_response_update_zip",
            "module.function.null_resource.cleanup_cert_update_zip",
            "module.function.null_resource.cleanup_common_layer_zip",
            "module.function.null_resource.cleanup_device_iotcore_zip",
            "module.function.null_resource.cleanup_device_presence_zip",
            "module.function.null_resource.cleanup_device_prohibit_zip",
            "module.function.null_resource.cleanup_device_shadow_zip",
            "module.function.null_resource.cleanup_device_status_zip",
            "module.function.null_resource.cleanup_mqtt_jitr_zip",
            "module.function.null_resource.cleanup_send_message_zip",
            "module.function.null_resource.cleanup_status_notify_zip",
            "module.function.null_resource.cleanup_status_retrieve_zip",
            "module.function.null_resource.cleanup_ticket_response_zip",
            "module.sqs.aws_sqs_queue.cert_update_notify",
            "module.sqs.aws_sqs_queue.presence_data_notify",
            "module.sqs.aws_sqs_queue.ticket_notify",
            "module.sqs.aws_sqs_queue_policy.policy_cert_update_notify",
            "module.sqs.aws_sqs_queue_policy.policy_ticket_notify",
            "module.sqs.aws_sqs_queue_policy.presence_data_notify"
          ]
        }
      ]
    },
    {
      "module": "module.apigateway",
      "mode": "managed",
      "type": "aws_api_gateway_method_response",
      "name": "tickets_send_method_response_400",
      "provider": "provider[\"registry.terraform.io/hashicorp/aws\"]",
      "instances": [
        {
          "schema_version": 0,
          "attributes": {
            "http_method": "POST",
            "id": "agmr-12ehl8kole-7y5rei-POST-400",
            "region": "ap-northeast-1",
            "resource_id": "7y5rei",
            "response_models": {
              "application/json": "Empty"
            },
            "response_parameters": {},
            "rest_api_id": "12ehl8kole",
            "status_code": "400"
          },
          "sensitive_attributes": [],
          "identity_schema_version": 0,
          "private": "bnVsbA==",
          "dependencies": [
            "data.aws_caller_identity.current",
            "module.apigateway.aws_api_gateway_method.post_tickets_send",
            "module.apigateway.aws_api_gateway_resource.tickets",
            "module.apigateway.aws_api_gateway_resource.tickets_send",
            "module.apigateway.aws_api_gateway_rest_api.mqtt_server",
            "module.function.aws_lambda_event_source_mapping.trigger-cert-update",
            "module.function.aws_lambda_event_source_mapping.trigger-send-message",
            "module.function.aws_lambda_function.MQTT-CERT-UPDATE",
            "module.function.aws_lambda_function.MQTT-DEVICE-IOTCORE-ACCESS",
            "module.function.aws_lambda_function.MQTT-DEVICE-IOTCORE-PROHIBIT",
            "module.function.aws_lambda_function.MQTT-DEVICE-PRESENCE-UPDATE",
            "module.function.aws_lambda_function.MQTT-DEVICE-SHADOW-RETRIEVE",
            "module.function.aws_lambda_function.MQTT-DEVICE-STATUS-NOTIFY",
            "module.function.aws_lambda_function.MQTT-DEVICE-STATUS-RETRIEVE",
            "module.function.aws_lambda_function.MQTT-JITR",
            "module.function.aws_lambda_function.MQTT-MSG-STATUS-RETRIEVE",
            "module.function.aws_lambda_function.MQTT-SEND-MESSAGE",
            "module.function.aws_lambda_function.MQTT-TICKET-RESPONSE-UPDATE",
            "module.function.aws_lambda_layer_version.mqtt_common_layer",
            "module.function.data.archive_file.cret_update_zip",
            "module.function.data.archive_file.device_iotcore_access_zip",
            "module.function.data.archive_file.device_iotcore_prohibit_zip",
            "module.function.data.archive_file.device_presence_update_zip",
            "module.function.data.archive_file.device_shadow_retrieve_zip",
            "module.function.data.archive_file.device_status_notify_zip",
            "module.function.data.archive_file.device_status_retrieve_zip",
            "module.function.data.archive_file.mqtt_common_layer_zip",
            "module.function.data.archive_file.mqtt_jitr_zip",
            "module.function.data.archive_file.msg_status_retrieve_zip",
            "module.function.data.archive_file.send_message_zip",
            "module.function.data.archive_file.ticket_response_update_zip",
            "module.function.null_resource.cleanup_cert_update_zip",
            "module.function.null_resource.cleanup_common_layer_zip",
            "module.function.null_resource.cleanup_device_iotcore_zip",
            "module.function.null_resource.cleanup_device_presence_zip",
            "module.function.null_resource.cleanup_device_prohibit_zip",
            "module.function.null_resource.cleanup_device_shadow_zip",
            "module.function.null_resource.cleanup_device_status_zip",
            "module.function.null_resource.cleanup_mqtt_jitr_zip",
            "module.function.null_resource.cleanup_send_message_zip",
            "module.function.null_resource.cleanup_status_notify_zip",
            "module.function.null_resource.cleanup_status_retrieve_zip",
            "module.function.null_resource.cleanup_ticket_response_zip",
            "module.sqs.aws_sqs_queue.cert_update_notify",
            "module.sqs.aws_sqs_queue.presence_data_notify",
            "module.sqs.aws_sqs_queue.ticket_notify",
            "module.sqs.aws_sqs_queue_policy.policy_cert_update_notify",
            "module.sqs.aws_sqs_queue_policy.policy_ticket_notify",
            "module.sqs.aws_sqs_queue_policy.presence_data_notify"
          ]
        }
      ]
    },
    {
      "module": "module.apigateway",
      "mode": "managed",
      "type": "aws_api_gateway_method_response",
      "name": "time_server_method_response",
      "provider": "provider[\"registry.terraform.io/hashicorp/aws\"]",
      "instances": [
        {
          "schema_version": 0,
          "attributes": {
            "http_method": "GET",
            "id": "agmr-igcsl55jl2-1fhgyinmod-GET-200",
            "region": "ap-northeast-1",
            "resource_id": "1fhgyinmod",
            "response_models": {
              "application/json": "Empty"
            },
            "response_parameters": {},
            "rest_api_id": "igcsl55jl2",
            "status_code": "200"
          },
          "sensitive_attributes": [],
          "identity_schema_version": 0,
          "private": "bnVsbA==",
          "dependencies": [
            "data.aws_caller_identity.current",
            "module.apigateway.aws_api_gateway_method.get_time_server",
            "module.apigateway.aws_api_gateway_rest_api.time_server",
            "module.function.aws_lambda_event_source_mapping.trigger-cert-update",
            "module.function.aws_lambda_event_source_mapping.trigger-send-message",
            "module.function.aws_lambda_function.MQTT-CERT-UPDATE",
            "module.function.aws_lambda_function.MQTT-DEVICE-IOTCORE-ACCESS",
            "module.function.aws_lambda_function.MQTT-DEVICE-IOTCORE-PROHIBIT",
            "module.function.aws_lambda_function.MQTT-DEVICE-PRESENCE-UPDATE",
            "module.function.aws_lambda_function.MQTT-DEVICE-SHADOW-RETRIEVE",
            "module.function.aws_lambda_function.MQTT-DEVICE-STATUS-NOTIFY",
            "module.function.aws_lambda_function.MQTT-DEVICE-STATUS-RETRIEVE",
            "module.function.aws_lambda_function.MQTT-JITR",
            "module.function.aws_lambda_function.MQTT-MSG-STATUS-RETRIEVE",
            "module.function.aws_lambda_function.MQTT-SEND-MESSAGE",
            "module.function.aws_lambda_function.MQTT-TICKET-RESPONSE-UPDATE",
            "module.function.aws_lambda_layer_version.mqtt_common_layer",
            "module.function.data.archive_file.cret_update_zip",
            "module.function.data.archive_file.device_iotcore_access_zip",
            "module.function.data.archive_file.device_iotcore_prohibit_zip",
            "module.function.data.archive_file.device_presence_update_zip",
            "module.function.data.archive_file.device_shadow_retrieve_zip",
            "module.function.data.archive_file.device_status_notify_zip",
            "module.function.data.archive_file.device_status_retrieve_zip",
            "module.function.data.archive_file.mqtt_common_layer_zip",
            "module.function.data.archive_file.mqtt_jitr_zip",
            "module.function.data.archive_file.msg_status_retrieve_zip",
            "module.function.data.archive_file.send_message_zip",
            "module.function.data.archive_file.ticket_response_update_zip",
            "module.function.null_resource.cleanup_cert_update_zip",
            "module.function.null_resource.cleanup_common_layer_zip",
            "module.function.null_resource.cleanup_device_iotcore_zip",
            "module.function.null_resource.cleanup_device_presence_zip",
            "module.function.null_resource.cleanup_device_prohibit_zip",
            "module.function.null_resource.cleanup_device_shadow_zip",
            "module.function.null_resource.cleanup_device_status_zip",
            "module.function.null_resource.cleanup_mqtt_jitr_zip",
            "module.function.null_resource.cleanup_send_message_zip",
            "module.function.null_resource.cleanup_status_notify_zip",
            "module.function.null_resource.cleanup_status_retrieve_zip",
            "module.function.null_resource.cleanup_ticket_response_zip",
            "module.sqs.aws_sqs_queue.cert_update_notify",
            "module.sqs.aws_sqs_queue.presence_data_notify",
            "module.sqs.aws_sqs_queue.ticket_notify",
            "module.sqs.aws_sqs_queue_policy.policy_cert_update_notify",
            "module.sqs.aws_sqs_queue_policy.policy_ticket_notify",
            "module.sqs.aws_sqs_queue_policy.presence_data_notify"
          ]
        }
      ]
    },
    {
      "module": "module.apigateway",
      "mode": "managed",
      "type": "aws_api_gateway_method_settings",
      "name": "mqtt_server_logging",
      "provider": "provider[\"registry.terraform.io/hashicorp/aws\"]",
      "instances": [
        {
          "schema_version": 0,
          "attributes": {
            "id": "12ehl8kole-default-*/*",
            "method_path": "*/*",
            "region": "ap-northeast-1",
            "rest_api_id": "12ehl8kole",
            "settings": [
              {
                "cache_data_encrypted": false,
                "cache_ttl_in_seconds": 300,
                "caching_enabled": false,
                "data_trace_enabled": true,
                "logging_level": "INFO",
                "metrics_enabled": true,
                "require_authorization_for_cache_control": true,
                "throttling_burst_limit": -1,
                "throttling_rate_limit": -1,
                "unauthorized_cache_control_header_strategy": "SUCCEED_WITH_RESPONSE_HEADER"
              }
            ],
            "stage_name": "default"
          },
          "sensitive_attributes": [],
          "identity_schema_version": 0,
          "private": "bnVsbA==",
          "dependencies": [
            "data.aws_caller_identity.current",
            "module.apigateway.aws_api_gateway_account.mqtt_server_api_account",
            "module.apigateway.aws_api_gateway_deployment.mqtt_server_api_deployment",
            "module.apigateway.aws_api_gateway_integration.devices_deviceId_connectionStatus_lambda_integration",
            "module.apigateway.aws_api_gateway_integration.prohibited_devices_add_lambda_integration",
            "module.apigateway.aws_api_gateway_integration.prohibited_devices_remove_lambda_integration",
            "module.apigateway.aws_api_gateway_integration.tickets_groupId_lambda_integration",
            "module.apigateway.aws_api_gateway_integration.tickets_messageId_deviceId_lambda_integration",
            "module.apigateway.aws_api_gateway_integration.tickets_messageId_lambda_integration",
            "module.apigateway.aws_api_gateway_integration.tickets_send_sqs_integration",
            "module.apigateway.aws_api_gateway_method.get_devices_deviceId_connectionStatus",
            "module.apigateway.aws_api_gateway_method.get_tickets_groupId",
            "module.apigateway.aws_api_gateway_method.get_tickets_messageId",
            "module.apigateway.aws_api_gateway_method.get_tickets_messageId_deviceId",
            "module.apigateway.aws_api_gateway_method.post_tickets_send",
            "module.apigateway.aws_api_gateway_method.prohibited_devices_add",
            "module.apigateway.aws_api_gateway_method.prohibited_devices_remove",
            "module.apigateway.aws_api_gateway_resource.devices",
            "module.apigateway.aws_api_gateway_resource.devices_deviceId",
            "module.apigateway.aws_api_gateway_resource.devices_deviceId_connectionStatus",
            "module.apigateway.aws_api_gateway_resource.prohibited_devices",
            "module.apigateway.aws_api_gateway_resource.prohibited_devices_add",
            "module.apigateway.aws_api_gateway_resource.prohibited_devices_remove",
            "module.apigateway.aws_api_gateway_resource.tickets",
            "module.apigateway.aws_api_gateway_resource.tickets_messageId",
            "module.apigateway.aws_api_gateway_resource.tickets_messageId_deviceId",
            "module.apigateway.aws_api_gateway_resource.tickets_send",
            "module.apigateway.aws_api_gateway_rest_api.mqtt_server",
            "module.apigateway.aws_api_gateway_stage.mqtt_server_api_stage",
            "module.apigateway.aws_cloudwatch_log_group.mqtt_server_logs",
            "module.function.aws_lambda_event_source_mapping.trigger-cert-update",
            "module.function.aws_lambda_event_source_mapping.trigger-send-message",
            "module.function.aws_lambda_function.MQTT-CERT-UPDATE",
            "module.function.aws_lambda_function.MQTT-DEVICE-IOTCORE-ACCESS",
            "module.function.aws_lambda_function.MQTT-DEVICE-IOTCORE-PROHIBIT",
            "module.function.aws_lambda_function.MQTT-DEVICE-PRESENCE-UPDATE",
            "module.function.aws_lambda_function.MQTT-DEVICE-SHADOW-RETRIEVE",
            "module.function.aws_lambda_function.MQTT-DEVICE-STATUS-NOTIFY",
            "module.function.aws_lambda_function.MQTT-DEVICE-STATUS-RETRIEVE",
            "module.function.aws_lambda_function.MQTT-JITR",
            "module.function.aws_lambda_function.MQTT-MSG-STATUS-RETRIEVE",
            "module.function.aws_lambda_function.MQTT-SEND-MESSAGE",
            "module.function.aws_lambda_function.MQTT-TICKET-RESPONSE-UPDATE",
            "module.function.aws_lambda_layer_version.mqtt_common_layer",
            "module.function.data.archive_file.cret_update_zip",
            "module.function.data.archive_file.device_iotcore_access_zip",
            "module.function.data.archive_file.device_iotcore_prohibit_zip",
            "module.function.data.archive_file.device_presence_update_zip",
            "module.function.data.archive_file.device_shadow_retrieve_zip",
            "module.function.data.archive_file.device_status_notify_zip",
            "module.function.data.archive_file.device_status_retrieve_zip",
            "module.function.data.archive_file.mqtt_common_layer_zip",
            "module.function.data.archive_file.mqtt_jitr_zip",
            "module.function.data.archive_file.msg_status_retrieve_zip",
            "module.function.data.archive_file.send_message_zip",
            "module.function.data.archive_file.ticket_response_update_zip",
            "module.function.null_resource.cleanup_cert_update_zip",
            "module.function.null_resource.cleanup_common_layer_zip",
            "module.function.null_resource.cleanup_device_iotcore_zip",
            "module.function.null_resource.cleanup_device_presence_zip",
            "module.function.null_resource.cleanup_device_prohibit_zip",
            "module.function.null_resource.cleanup_device_shadow_zip",
            "module.function.null_resource.cleanup_device_status_zip",
            "module.function.null_resource.cleanup_mqtt_jitr_zip",
            "module.function.null_resource.cleanup_send_message_zip",
            "module.function.null_resource.cleanup_status_notify_zip",
            "module.function.null_resource.cleanup_status_retrieve_zip",
            "module.function.null_resource.cleanup_ticket_response_zip",
            "module.sqs.aws_sqs_queue.cert_update_notify",
            "module.sqs.aws_sqs_queue.presence_data_notify",
            "module.sqs.aws_sqs_queue.ticket_notify",
            "module.sqs.aws_sqs_queue_policy.policy_cert_update_notify",
            "module.sqs.aws_sqs_queue_policy.policy_ticket_notify",
            "module.sqs.aws_sqs_queue_policy.presence_data_notify"
          ]
        }
      ]
    },
    {
      "module": "module.apigateway",
      "mode": "managed",
      "type": "aws_api_gateway_method_settings",
      "name": "mqtt_server_solution_logging",
      "provider": "provider[\"registry.terraform.io/hashicorp/aws\"]",
      "instances": [
        {
          "schema_version": 0,
          "attributes": {
            "id": "blgspy2i4b-default-*/*",
            "method_path": "*/*",
            "region": "ap-northeast-1",
            "rest_api_id": "blgspy2i4b",
            "settings": [
              {
                "cache_data_encrypted": false,
                "cache_ttl_in_seconds": 300,
                "caching_enabled": false,
                "data_trace_enabled": true,
                "logging_level": "INFO",
                "metrics_enabled": true,
                "require_authorization_for_cache_control": true,
                "throttling_burst_limit": -1,
                "throttling_rate_limit": -1,
                "unauthorized_cache_control_header_strategy": "SUCCEED_WITH_RESPONSE_HEADER"
              }
            ],
            "stage_name": "default"
          },
          "sensitive_attributes": [],
          "identity_schema_version": 0,
          "private": "bnVsbA==",
          "dependencies": [
            "data.aws_caller_identity.current",
            "module.apigateway.aws_api_gateway_account.mqtt_server_solution_api_account",
            "module.apigateway.aws_api_gateway_deployment.mqtt_server_sol_api_deployment",
            "module.apigateway.aws_api_gateway_integration.device_deviceId_shadows_name_lambda_integration",
            "module.apigateway.aws_api_gateway_integration.iwsapp_message_send_sqs_integration",
            "module.apigateway.aws_api_gateway_integration.plugin_message_send_sqs_integration",
            "module.apigateway.aws_api_gateway_integration.sol_device_deviceId_connection_status_lambda_integration",
            "module.apigateway.aws_api_gateway_integration.sol_tickets_groupId_lambda_integration",
            "module.apigateway.aws_api_gateway_integration.sol_tickets_messageId_deviceId_lambda_integration",
            "module.apigateway.aws_api_gateway_integration.sol_tickets_messageId_lambda_integration",
            "module.apigateway.aws_api_gateway_method.get_device_deviceId_connection_status",
            "module.apigateway.aws_api_gateway_method.get_device_deviceId_shadows_name",
            "module.apigateway.aws_api_gateway_method.get_sol_tickets_groupId",
            "module.apigateway.aws_api_gateway_method.get_sol_tickets_messageId",
            "module.apigateway.aws_api_gateway_method.get_sol_tickets_messageId_deviceId",
            "module.apigateway.aws_api_gateway_method.iwsapp_message_send",
            "module.apigateway.aws_api_gateway_method.plugin_message_send",
            "module.apigateway.aws_api_gateway_resource.device_deviceId_connection_status",
            "module.apigateway.aws_api_gateway_resource.device_deviceId_shadows",
            "module.apigateway.aws_api_gateway_resource.device_deviceId_shadows_name",
            "module.apigateway.aws_api_gateway_resource.iwsapp_message",
            "module.apigateway.aws_api_gateway_resource.iwsapp_message_send",
            "module.apigateway.aws_api_gateway_resource.plugin_message",
            "module.apigateway.aws_api_gateway_resource.plugin_message_send",
            "module.apigateway.aws_api_gateway_resource.sol_device_deviceId",
            "module.apigateway.aws_api_gateway_resource.sol_devices",
            "module.apigateway.aws_api_gateway_resource.sol_tickets",
            "module.apigateway.aws_api_gateway_resource.sol_tickets_messageId",
            "module.apigateway.aws_api_gateway_resource.sol_tickets_messageId_deviceId",
            "module.apigateway.aws_api_gateway_rest_api.solution_mqtt_server",
            "module.apigateway.aws_api_gateway_stage.mqtt_server_solution_api_stage",
            "module.apigateway.aws_cloudwatch_log_group.mqtt_server_solution_logs",
            "module.function.aws_lambda_event_source_mapping.trigger-cert-update",
            "module.function.aws_lambda_event_source_mapping.trigger-send-message",
            "module.function.aws_lambda_function.MQTT-CERT-UPDATE",
            "module.function.aws_lambda_function.MQTT-DEVICE-IOTCORE-ACCESS",
            "module.function.aws_lambda_function.MQTT-DEVICE-IOTCORE-PROHIBIT",
            "module.function.aws_lambda_function.MQTT-DEVICE-PRESENCE-UPDATE",
            "module.function.aws_lambda_function.MQTT-DEVICE-SHADOW-RETRIEVE",
            "module.function.aws_lambda_function.MQTT-DEVICE-STATUS-NOTIFY",
            "module.function.aws_lambda_function.MQTT-DEVICE-STATUS-RETRIEVE",
            "module.function.aws_lambda_function.MQTT-JITR",
            "module.function.aws_lambda_function.MQTT-MSG-STATUS-RETRIEVE",
            "module.function.aws_lambda_function.MQTT-SEND-MESSAGE",
            "module.function.aws_lambda_function.MQTT-TICKET-RESPONSE-UPDATE",
            "module.function.aws_lambda_layer_version.mqtt_common_layer",
            "module.function.data.archive_file.cret_update_zip",
            "module.function.data.archive_file.device_iotcore_access_zip",
            "module.function.data.archive_file.device_iotcore_prohibit_zip",
            "module.function.data.archive_file.device_presence_update_zip",
            "module.function.data.archive_file.device_shadow_retrieve_zip",
            "module.function.data.archive_file.device_status_notify_zip",
            "module.function.data.archive_file.device_status_retrieve_zip",
            "module.function.data.archive_file.mqtt_common_layer_zip",
            "module.function.data.archive_file.mqtt_jitr_zip",
            "module.function.data.archive_file.msg_status_retrieve_zip",
            "module.function.data.archive_file.send_message_zip",
            "module.function.data.archive_file.ticket_response_update_zip",
            "module.function.null_resource.cleanup_cert_update_zip",
            "module.function.null_resource.cleanup_common_layer_zip",
            "module.function.null_resource.cleanup_device_iotcore_zip",
            "module.function.null_resource.cleanup_device_presence_zip",
            "module.function.null_resource.cleanup_device_prohibit_zip",
            "module.function.null_resource.cleanup_device_shadow_zip",
            "module.function.null_resource.cleanup_device_status_zip",
            "module.function.null_resource.cleanup_mqtt_jitr_zip",
            "module.function.null_resource.cleanup_send_message_zip",
            "module.function.null_resource.cleanup_status_notify_zip",
            "module.function.null_resource.cleanup_status_retrieve_zip",
            "module.function.null_resource.cleanup_ticket_response_zip",
            "module.sqs.aws_sqs_queue.cert_update_notify",
            "module.sqs.aws_sqs_queue.presence_data_notify",
            "module.sqs.aws_sqs_queue.ticket_notify",
            "module.sqs.aws_sqs_queue_policy.policy_cert_update_notify",
            "module.sqs.aws_sqs_queue_policy.policy_ticket_notify",
            "module.sqs.aws_sqs_queue_policy.presence_data_notify"
          ]
        }
      ]
    },
    {
      "module": "module.apigateway",
      "mode": "managed",
      "type": "aws_api_gateway_method_settings",
      "name": "time_server_logging",
      "provider": "provider[\"registry.terraform.io/hashicorp/aws\"]",
      "instances": [
        {
          "schema_version": 0,
          "attributes": {
            "id": "igcsl55jl2-default-*/*",
            "method_path": "*/*",
            "region": "ap-northeast-1",
            "rest_api_id": "igcsl55jl2",
            "settings": [
              {
                "cache_data_encrypted": false,
                "cache_ttl_in_seconds": 300,
                "caching_enabled": false,
                "data_trace_enabled": true,
                "logging_level": "INFO",
                "metrics_enabled": true,
                "require_authorization_for_cache_control": true,
                "throttling_burst_limit": -1,
                "throttling_rate_limit": -1,
                "unauthorized_cache_control_header_strategy": "SUCCEED_WITH_RESPONSE_HEADER"
              }
            ],
            "stage_name": "default"
          },
          "sensitive_attributes": [],
          "identity_schema_version": 0,
          "private": "bnVsbA==",
          "dependencies": [
            "data.aws_caller_identity.current",
            "module.apigateway.aws_api_gateway_account.time_server_api_account",
            "module.apigateway.aws_api_gateway_deployment.time_server_api_deployment",
            "module.apigateway.aws_api_gateway_integration.get_time_server_integration",
            "module.apigateway.aws_api_gateway_method.get_time_server",
            "module.apigateway.aws_api_gateway_rest_api.time_server",
            "module.apigateway.aws_api_gateway_stage.time_server_api_stage",
            "module.apigateway.aws_cloudwatch_log_group.time_server_logs",
            "module.function.aws_lambda_event_source_mapping.trigger-cert-update",
            "module.function.aws_lambda_event_source_mapping.trigger-send-message",
            "module.function.aws_lambda_function.MQTT-CERT-UPDATE",
            "module.function.aws_lambda_function.MQTT-DEVICE-IOTCORE-ACCESS",
            "module.function.aws_lambda_function.MQTT-DEVICE-IOTCORE-PROHIBIT",
            "module.function.aws_lambda_function.MQTT-DEVICE-PRESENCE-UPDATE",
            "module.function.aws_lambda_function.MQTT-DEVICE-SHADOW-RETRIEVE",
            "module.function.aws_lambda_function.MQTT-DEVICE-STATUS-NOTIFY",
            "module.function.aws_lambda_function.MQTT-DEVICE-STATUS-RETRIEVE",
            "module.function.aws_lambda_function.MQTT-JITR",
            "module.function.aws_lambda_function.MQTT-MSG-STATUS-RETRIEVE",
            "module.function.aws_lambda_function.MQTT-SEND-MESSAGE",
            "module.function.aws_lambda_function.MQTT-TICKET-RESPONSE-UPDATE",
            "module.function.aws_lambda_layer_version.mqtt_common_layer",
            "module.function.data.archive_file.cret_update_zip",
            "module.function.data.archive_file.device_iotcore_access_zip",
            "module.function.data.archive_file.device_iotcore_prohibit_zip",
            "module.function.data.archive_file.device_presence_update_zip",
            "module.function.data.archive_file.device_shadow_retrieve_zip",
            "module.function.data.archive_file.device_status_notify_zip",
            "module.function.data.archive_file.device_status_retrieve_zip",
            "module.function.data.archive_file.mqtt_common_layer_zip",
            "module.function.data.archive_file.mqtt_jitr_zip",
            "module.function.data.archive_file.msg_status_retrieve_zip",
            "module.function.data.archive_file.send_message_zip",
            "module.function.data.archive_file.ticket_response_update_zip",
            "module.function.null_resource.cleanup_cert_update_zip",
            "module.function.null_resource.cleanup_common_layer_zip",
            "module.function.null_resource.cleanup_device_iotcore_zip",
            "module.function.null_resource.cleanup_device_presence_zip",
            "module.function.null_resource.cleanup_device_prohibit_zip",
            "module.function.null_resource.cleanup_device_shadow_zip",
            "module.function.null_resource.cleanup_device_status_zip",
            "module.function.null_resource.cleanup_mqtt_jitr_zip",
            "module.function.null_resource.cleanup_send_message_zip",
            "module.function.null_resource.cleanup_status_notify_zip",
            "module.function.null_resource.cleanup_status_retrieve_zip",
            "module.function.null_resource.cleanup_ticket_response_zip",
            "module.sqs.aws_sqs_queue.cert_update_notify",
            "module.sqs.aws_sqs_queue.presence_data_notify",
            "module.sqs.aws_sqs_queue.ticket_notify",
            "module.sqs.aws_sqs_queue_policy.policy_cert_update_notify",
            "module.sqs.aws_sqs_queue_policy.policy_ticket_notify",
            "module.sqs.aws_sqs_queue_policy.presence_data_notify"
          ]
        }
      ]
    },
    {
      "module": "module.apigateway",
      "mode": "managed",
      "type": "aws_api_gateway_resource",
      "name": "device_deviceId_connection_status",
      "provider": "provider[\"registry.terraform.io/hashicorp/aws\"]",
      "instances": [
        {
          "schema_version": 0,
          "attributes": {
            "id": "ser5a8",
            "parent_id": "sq58uc",
            "path": "/devices/{deviceId}/connectionStatus",
            "path_part": "connectionStatus",
            "region": "ap-northeast-1",
            "rest_api_id": "blgspy2i4b"
          },
          "sensitive_attributes": [],
          "identity_schema_version": 0,
          "private": "bnVsbA==",
          "dependencies": [
            "data.aws_caller_identity.current",
            "module.apigateway.aws_api_gateway_resource.sol_device_deviceId",
            "module.apigateway.aws_api_gateway_resource.sol_devices",
            "module.apigateway.aws_api_gateway_rest_api.solution_mqtt_server",
            "module.function.aws_lambda_event_source_mapping.trigger-cert-update",
            "module.function.aws_lambda_event_source_mapping.trigger-send-message",
            "module.function.aws_lambda_function.MQTT-CERT-UPDATE",
            "module.function.aws_lambda_function.MQTT-DEVICE-IOTCORE-ACCESS",
            "module.function.aws_lambda_function.MQTT-DEVICE-IOTCORE-PROHIBIT",
            "module.function.aws_lambda_function.MQTT-DEVICE-PRESENCE-UPDATE",
            "module.function.aws_lambda_function.MQTT-DEVICE-SHADOW-RETRIEVE",
            "module.function.aws_lambda_function.MQTT-DEVICE-STATUS-NOTIFY",
            "module.function.aws_lambda_function.MQTT-DEVICE-STATUS-RETRIEVE",
            "module.function.aws_lambda_function.MQTT-JITR",
            "module.function.aws_lambda_function.MQTT-MSG-STATUS-RETRIEVE",
            "module.function.aws_lambda_function.MQTT-SEND-MESSAGE",
            "module.function.aws_lambda_function.MQTT-TICKET-RESPONSE-UPDATE",
            "module.function.aws_lambda_layer_version.mqtt_common_layer",
            "module.function.data.archive_file.cret_update_zip",
            "module.function.data.archive_file.device_iotcore_access_zip",
            "module.function.data.archive_file.device_iotcore_prohibit_zip",
            "module.function.data.archive_file.device_presence_update_zip",
            "module.function.data.archive_file.device_shadow_retrieve_zip",
            "module.function.data.archive_file.device_status_notify_zip",
            "module.function.data.archive_file.device_status_retrieve_zip",
            "module.function.data.archive_file.mqtt_common_layer_zip",
            "module.function.data.archive_file.mqtt_jitr_zip",
            "module.function.data.archive_file.msg_status_retrieve_zip",
            "module.function.data.archive_file.send_message_zip",
            "module.function.data.archive_file.ticket_response_update_zip",
            "module.function.null_resource.cleanup_cert_update_zip",
            "module.function.null_resource.cleanup_common_layer_zip",
            "module.function.null_resource.cleanup_device_iotcore_zip",
            "module.function.null_resource.cleanup_device_presence_zip",
            "module.function.null_resource.cleanup_device_prohibit_zip",
            "module.function.null_resource.cleanup_device_shadow_zip",
            "module.function.null_resource.cleanup_device_status_zip",
            "module.function.null_resource.cleanup_mqtt_jitr_zip",
            "module.function.null_resource.cleanup_send_message_zip",
            "module.function.null_resource.cleanup_status_notify_zip",
            "module.function.null_resource.cleanup_status_retrieve_zip",
            "module.function.null_resource.cleanup_ticket_response_zip",
            "module.sqs.aws_sqs_queue.cert_update_notify",
            "module.sqs.aws_sqs_queue.presence_data_notify",
            "module.sqs.aws_sqs_queue.ticket_notify",
            "module.sqs.aws_sqs_queue_policy.policy_cert_update_notify",
            "module.sqs.aws_sqs_queue_policy.policy_ticket_notify",
            "module.sqs.aws_sqs_queue_policy.presence_data_notify"
          ]
        }
      ]
    },
    {
      "module": "module.apigateway",
      "mode": "managed",
      "type": "aws_api_gateway_resource",
      "name": "device_deviceId_shadows",
      "provider": "provider[\"registry.terraform.io/hashicorp/aws\"]",
      "instances": [
        {
          "schema_version": 0,
          "attributes": {
            "id": "8dbjsl",
            "parent_id": "sq58uc",
            "path": "/devices/{deviceId}/shadows",
            "path_part": "shadows",
            "region": "ap-northeast-1",
            "rest_api_id": "blgspy2i4b"
          },
          "sensitive_attributes": [],
          "identity_schema_version": 0,
          "private": "bnVsbA==",
          "dependencies": [
            "data.aws_caller_identity.current",
            "module.apigateway.aws_api_gateway_resource.sol_device_deviceId",
            "module.apigateway.aws_api_gateway_resource.sol_devices",
            "module.apigateway.aws_api_gateway_rest_api.solution_mqtt_server",
            "module.function.aws_lambda_event_source_mapping.trigger-cert-update",
            "module.function.aws_lambda_event_source_mapping.trigger-send-message",
            "module.function.aws_lambda_function.MQTT-CERT-UPDATE",
            "module.function.aws_lambda_function.MQTT-DEVICE-IOTCORE-ACCESS",
            "module.function.aws_lambda_function.MQTT-DEVICE-IOTCORE-PROHIBIT",
            "module.function.aws_lambda_function.MQTT-DEVICE-PRESENCE-UPDATE",
            "module.function.aws_lambda_function.MQTT-DEVICE-SHADOW-RETRIEVE",
            "module.function.aws_lambda_function.MQTT-DEVICE-STATUS-NOTIFY",
            "module.function.aws_lambda_function.MQTT-DEVICE-STATUS-RETRIEVE",
            "module.function.aws_lambda_function.MQTT-JITR",
            "module.function.aws_lambda_function.MQTT-MSG-STATUS-RETRIEVE",
            "module.function.aws_lambda_function.MQTT-SEND-MESSAGE",
            "module.function.aws_lambda_function.MQTT-TICKET-RESPONSE-UPDATE",
            "module.function.aws_lambda_layer_version.mqtt_common_layer",
            "module.function.data.archive_file.cret_update_zip",
            "module.function.data.archive_file.device_iotcore_access_zip",
            "module.function.data.archive_file.device_iotcore_prohibit_zip",
            "module.function.data.archive_file.device_presence_update_zip",
            "module.function.data.archive_file.device_shadow_retrieve_zip",
            "module.function.data.archive_file.device_status_notify_zip",
            "module.function.data.archive_file.device_status_retrieve_zip",
            "module.function.data.archive_file.mqtt_common_layer_zip",
            "module.function.data.archive_file.mqtt_jitr_zip",
            "module.function.data.archive_file.msg_status_retrieve_zip",
            "module.function.data.archive_file.send_message_zip",
            "module.function.data.archive_file.ticket_response_update_zip",
            "module.function.null_resource.cleanup_cert_update_zip",
            "module.function.null_resource.cleanup_common_layer_zip",
            "module.function.null_resource.cleanup_device_iotcore_zip",
            "module.function.null_resource.cleanup_device_presence_zip",
            "module.function.null_resource.cleanup_device_prohibit_zip",
            "module.function.null_resource.cleanup_device_shadow_zip",
            "module.function.null_resource.cleanup_device_status_zip",
            "module.function.null_resource.cleanup_mqtt_jitr_zip",
            "module.function.null_resource.cleanup_send_message_zip",
            "module.function.null_resource.cleanup_status_notify_zip",
            "module.function.null_resource.cleanup_status_retrieve_zip",
            "module.function.null_resource.cleanup_ticket_response_zip",
            "module.sqs.aws_sqs_queue.cert_update_notify",
            "module.sqs.aws_sqs_queue.presence_data_notify",
            "module.sqs.aws_sqs_queue.ticket_notify",
            "module.sqs.aws_sqs_queue_policy.policy_cert_update_notify",
            "module.sqs.aws_sqs_queue_policy.policy_ticket_notify",
            "module.sqs.aws_sqs_queue_policy.presence_data_notify"
          ]
        }
      ]
    },
    {
      "module": "module.apigateway",
      "mode": "managed",
      "type": "aws_api_gateway_resource",
      "name": "device_deviceId_shadows_name",
      "provider": "provider[\"registry.terraform.io/hashicorp/aws\"]",
      "instances": [
        {
          "schema_version": 0,
          "attributes": {
            "id": "m6zx62",
            "parent_id": "8dbjsl",
            "path": "/devices/{deviceId}/shadows/{name}",
            "path_part": "{name}",
            "region": "ap-northeast-1",
            "rest_api_id": "blgspy2i4b"
          },
          "sensitive_attributes": [],
          "identity_schema_version": 0,
          "private": "bnVsbA==",
          "dependencies": [
            "data.aws_caller_identity.current",
            "module.apigateway.aws_api_gateway_resource.device_deviceId_shadows",
            "module.apigateway.aws_api_gateway_resource.sol_device_deviceId",
            "module.apigateway.aws_api_gateway_resource.sol_devices",
            "module.apigateway.aws_api_gateway_rest_api.solution_mqtt_server",
            "module.function.aws_lambda_event_source_mapping.trigger-cert-update",
            "module.function.aws_lambda_event_source_mapping.trigger-send-message",
            "module.function.aws_lambda_function.MQTT-CERT-UPDATE",
            "module.function.aws_lambda_function.MQTT-DEVICE-IOTCORE-ACCESS",
            "module.function.aws_lambda_function.MQTT-DEVICE-IOTCORE-PROHIBIT",
            "module.function.aws_lambda_function.MQTT-DEVICE-PRESENCE-UPDATE",
            "module.function.aws_lambda_function.MQTT-DEVICE-SHADOW-RETRIEVE",
            "module.function.aws_lambda_function.MQTT-DEVICE-STATUS-NOTIFY",
            "module.function.aws_lambda_function.MQTT-DEVICE-STATUS-RETRIEVE",
            "module.function.aws_lambda_function.MQTT-JITR",
            "module.function.aws_lambda_function.MQTT-MSG-STATUS-RETRIEVE",
            "module.function.aws_lambda_function.MQTT-SEND-MESSAGE",
            "module.function.aws_lambda_function.MQTT-TICKET-RESPONSE-UPDATE",
            "module.function.aws_lambda_layer_version.mqtt_common_layer",
            "module.function.data.archive_file.cret_update_zip",
            "module.function.data.archive_file.device_iotcore_access_zip",
            "module.function.data.archive_file.device_iotcore_prohibit_zip",
            "module.function.data.archive_file.device_presence_update_zip",
            "module.function.data.archive_file.device_shadow_retrieve_zip",
            "module.function.data.archive_file.device_status_notify_zip",
            "module.function.data.archive_file.device_status_retrieve_zip",
            "module.function.data.archive_file.mqtt_common_layer_zip",
            "module.function.data.archive_file.mqtt_jitr_zip",
            "module.function.data.archive_file.msg_status_retrieve_zip",
            "module.function.data.archive_file.send_message_zip",
            "module.function.data.archive_file.ticket_response_update_zip",
            "module.function.null_resource.cleanup_cert_update_zip",
            "module.function.null_resource.cleanup_common_layer_zip",
            "module.function.null_resource.cleanup_device_iotcore_zip",
            "module.function.null_resource.cleanup_device_presence_zip",
            "module.function.null_resource.cleanup_device_prohibit_zip",
            "module.function.null_resource.cleanup_device_shadow_zip",
            "module.function.null_resource.cleanup_device_status_zip",
            "module.function.null_resource.cleanup_mqtt_jitr_zip",
            "module.function.null_resource.cleanup_send_message_zip",
            "module.function.null_resource.cleanup_status_notify_zip",
            "module.function.null_resource.cleanup_status_retrieve_zip",
            "module.function.null_resource.cleanup_ticket_response_zip",
            "module.sqs.aws_sqs_queue.cert_update_notify",
            "module.sqs.aws_sqs_queue.presence_data_notify",
            "module.sqs.aws_sqs_queue.ticket_notify",
            "module.sqs.aws_sqs_queue_policy.policy_cert_update_notify",
            "module.sqs.aws_sqs_queue_policy.policy_ticket_notify",
            "module.sqs.aws_sqs_queue_policy.presence_data_notify"
          ]
        }
      ]
    },
    {
      "module": "module.apigateway",
      "mode": "managed",
      "type": "aws_api_gateway_resource",
      "name": "devices",
      "provider": "provider[\"registry.terraform.io/hashicorp/aws\"]",
      "instances": [
        {
          "schema_version": 0,
          "attributes": {
            "id": "prirf1",
            "parent_id": "cx19c1sd5g",
            "path": "/devices",
            "path_part": "devices",
            "region": "ap-northeast-1",
            "rest_api_id": "12ehl8kole"
          },
          "sensitive_attributes": [],
          "identity_schema_version": 0,
          "private": "bnVsbA==",
          "dependencies": [
            "data.aws_caller_identity.current",
            "module.apigateway.aws_api_gateway_rest_api.mqtt_server",
            "module.function.aws_lambda_event_source_mapping.trigger-cert-update",
            "module.function.aws_lambda_event_source_mapping.trigger-send-message",
            "module.function.aws_lambda_function.MQTT-CERT-UPDATE",
            "module.function.aws_lambda_function.MQTT-DEVICE-IOTCORE-ACCESS",
            "module.function.aws_lambda_function.MQTT-DEVICE-IOTCORE-PROHIBIT",
            "module.function.aws_lambda_function.MQTT-DEVICE-PRESENCE-UPDATE",
            "module.function.aws_lambda_function.MQTT-DEVICE-SHADOW-RETRIEVE",
            "module.function.aws_lambda_function.MQTT-DEVICE-STATUS-NOTIFY",
            "module.function.aws_lambda_function.MQTT-DEVICE-STATUS-RETRIEVE",
            "module.function.aws_lambda_function.MQTT-JITR",
            "module.function.aws_lambda_function.MQTT-MSG-STATUS-RETRIEVE",
            "module.function.aws_lambda_function.MQTT-SEND-MESSAGE",
            "module.function.aws_lambda_function.MQTT-TICKET-RESPONSE-UPDATE",
            "module.function.aws_lambda_layer_version.mqtt_common_layer",
            "module.function.data.archive_file.cret_update_zip",
            "module.function.data.archive_file.device_iotcore_access_zip",
            "module.function.data.archive_file.device_iotcore_prohibit_zip",
            "module.function.data.archive_file.device_presence_update_zip",
            "module.function.data.archive_file.device_shadow_retrieve_zip",
            "module.function.data.archive_file.device_status_notify_zip",
            "module.function.data.archive_file.device_status_retrieve_zip",
            "module.function.data.archive_file.mqtt_common_layer_zip",
            "module.function.data.archive_file.mqtt_jitr_zip",
            "module.function.data.archive_file.msg_status_retrieve_zip",
            "module.function.data.archive_file.send_message_zip",
            "module.function.data.archive_file.ticket_response_update_zip",
            "module.function.null_resource.cleanup_cert_update_zip",
            "module.function.null_resource.cleanup_common_layer_zip",
            "module.function.null_resource.cleanup_device_iotcore_zip",
            "module.function.null_resource.cleanup_device_presence_zip",
            "module.function.null_resource.cleanup_device_prohibit_zip",
            "module.function.null_resource.cleanup_device_shadow_zip",
            "module.function.null_resource.cleanup_device_status_zip",
            "module.function.null_resource.cleanup_mqtt_jitr_zip",
            "module.function.null_resource.cleanup_send_message_zip",
            "module.function.null_resource.cleanup_status_notify_zip",
            "module.function.null_resource.cleanup_status_retrieve_zip",
            "module.function.null_resource.cleanup_ticket_response_zip",
            "module.sqs.aws_sqs_queue.cert_update_notify",
            "module.sqs.aws_sqs_queue.presence_data_notify",
            "module.sqs.aws_sqs_queue.ticket_notify",
            "module.sqs.aws_sqs_queue_policy.policy_cert_update_notify",
            "module.sqs.aws_sqs_queue_policy.policy_ticket_notify",
            "module.sqs.aws_sqs_queue_policy.presence_data_notify"
          ]
        }
      ]
    },
    {
      "module": "module.apigateway",
      "mode": "managed",
      "type": "aws_api_gateway_resource",
      "name": "devices_deviceId",
      "provider": "provider[\"registry.terraform.io/hashicorp/aws\"]",
      "instances": [
        {
          "schema_version": 0,
          "attributes": {
            "id": "rtb40g",
            "parent_id": "prirf1",
            "path": "/devices/{deviceId}",
            "path_part": "{deviceId}",
            "region": "ap-northeast-1",
            "rest_api_id": "12ehl8kole"
          },
          "sensitive_attributes": [],
          "identity_schema_version": 0,
          "private": "bnVsbA==",
          "dependencies": [
            "data.aws_caller_identity.current",
            "module.apigateway.aws_api_gateway_resource.devices",
            "module.apigateway.aws_api_gateway_rest_api.mqtt_server",
            "module.function.aws_lambda_event_source_mapping.trigger-cert-update",
            "module.function.aws_lambda_event_source_mapping.trigger-send-message",
            "module.function.aws_lambda_function.MQTT-CERT-UPDATE",
            "module.function.aws_lambda_function.MQTT-DEVICE-IOTCORE-ACCESS",
            "module.function.aws_lambda_function.MQTT-DEVICE-IOTCORE-PROHIBIT",
            "module.function.aws_lambda_function.MQTT-DEVICE-PRESENCE-UPDATE",
            "module.function.aws_lambda_function.MQTT-DEVICE-SHADOW-RETRIEVE",
            "module.function.aws_lambda_function.MQTT-DEVICE-STATUS-NOTIFY",
            "module.function.aws_lambda_function.MQTT-DEVICE-STATUS-RETRIEVE",
            "module.function.aws_lambda_function.MQTT-JITR",
            "module.function.aws_lambda_function.MQTT-MSG-STATUS-RETRIEVE",
            "module.function.aws_lambda_function.MQTT-SEND-MESSAGE",
            "module.function.aws_lambda_function.MQTT-TICKET-RESPONSE-UPDATE",
            "module.function.aws_lambda_layer_version.mqtt_common_layer",
            "module.function.data.archive_file.cret_update_zip",
            "module.function.data.archive_file.device_iotcore_access_zip",
            "module.function.data.archive_file.device_iotcore_prohibit_zip",
            "module.function.data.archive_file.device_presence_update_zip",
            "module.function.data.archive_file.device_shadow_retrieve_zip",
            "module.function.data.archive_file.device_status_notify_zip",
            "module.function.data.archive_file.device_status_retrieve_zip",
            "module.function.data.archive_file.mqtt_common_layer_zip",
            "module.function.data.archive_file.mqtt_jitr_zip",
            "module.function.data.archive_file.msg_status_retrieve_zip",
            "module.function.data.archive_file.send_message_zip",
            "module.function.data.archive_file.ticket_response_update_zip",
            "module.function.null_resource.cleanup_cert_update_zip",
            "module.function.null_resource.cleanup_common_layer_zip",
            "module.function.null_resource.cleanup_device_iotcore_zip",
            "module.function.null_resource.cleanup_device_presence_zip",
            "module.function.null_resource.cleanup_device_prohibit_zip",
            "module.function.null_resource.cleanup_device_shadow_zip",
            "module.function.null_resource.cleanup_device_status_zip",
            "module.function.null_resource.cleanup_mqtt_jitr_zip",
            "module.function.null_resource.cleanup_send_message_zip",
            "module.function.null_resource.cleanup_status_notify_zip",
            "module.function.null_resource.cleanup_status_retrieve_zip",
            "module.function.null_resource.cleanup_ticket_response_zip",
            "module.sqs.aws_sqs_queue.cert_update_notify",
            "module.sqs.aws_sqs_queue.presence_data_notify",
            "module.sqs.aws_sqs_queue.ticket_notify",
            "module.sqs.aws_sqs_queue_policy.policy_cert_update_notify",
            "module.sqs.aws_sqs_queue_policy.policy_ticket_notify",
            "module.sqs.aws_sqs_queue_policy.presence_data_notify"
          ]
        }
      ]
    },
    {
      "module": "module.apigateway",
      "mode": "managed",
      "type": "aws_api_gateway_resource",
      "name": "devices_deviceId_connectionStatus",
      "provider": "provider[\"registry.terraform.io/hashicorp/aws\"]",
      "instances": [
        {
          "schema_version": 0,
          "attributes": {
            "id": "ykr079",
            "parent_id": "rtb40g",
            "path": "/devices/{deviceId}/connectionStatus",
            "path_part": "connectionStatus",
            "region": "ap-northeast-1",
            "rest_api_id": "12ehl8kole"
          },
          "sensitive_attributes": [],
          "identity_schema_version": 0,
          "private": "bnVsbA==",
          "dependencies": [
            "data.aws_caller_identity.current",
            "module.apigateway.aws_api_gateway_resource.devices",
            "module.apigateway.aws_api_gateway_resource.devices_deviceId",
            "module.apigateway.aws_api_gateway_rest_api.mqtt_server",
            "module.function.aws_lambda_event_source_mapping.trigger-cert-update",
            "module.function.aws_lambda_event_source_mapping.trigger-send-message",
            "module.function.aws_lambda_function.MQTT-CERT-UPDATE",
            "module.function.aws_lambda_function.MQTT-DEVICE-IOTCORE-ACCESS",
            "module.function.aws_lambda_function.MQTT-DEVICE-IOTCORE-PROHIBIT",
            "module.function.aws_lambda_function.MQTT-DEVICE-PRESENCE-UPDATE",
            "module.function.aws_lambda_function.MQTT-DEVICE-SHADOW-RETRIEVE",
            "module.function.aws_lambda_function.MQTT-DEVICE-STATUS-NOTIFY",
            "module.function.aws_lambda_function.MQTT-DEVICE-STATUS-RETRIEVE",
            "module.function.aws_lambda_function.MQTT-JITR",
            "module.function.aws_lambda_function.MQTT-MSG-STATUS-RETRIEVE",
            "module.function.aws_lambda_function.MQTT-SEND-MESSAGE",
            "module.function.aws_lambda_function.MQTT-TICKET-RESPONSE-UPDATE",
            "module.function.aws_lambda_layer_version.mqtt_common_layer",
            "module.function.data.archive_file.cret_update_zip",
            "module.function.data.archive_file.device_iotcore_access_zip",
            "module.function.data.archive_file.device_iotcore_prohibit_zip",
            "module.function.data.archive_file.device_presence_update_zip",
            "module.function.data.archive_file.device_shadow_retrieve_zip",
            "module.function.data.archive_file.device_status_notify_zip",
            "module.function.data.archive_file.device_status_retrieve_zip",
            "module.function.data.archive_file.mqtt_common_layer_zip",
            "module.function.data.archive_file.mqtt_jitr_zip",
            "module.function.data.archive_file.msg_status_retrieve_zip",
            "module.function.data.archive_file.send_message_zip",
            "module.function.data.archive_file.ticket_response_update_zip",
            "module.function.null_resource.cleanup_cert_update_zip",
            "module.function.null_resource.cleanup_common_layer_zip",
            "module.function.null_resource.cleanup_device_iotcore_zip",
            "module.function.null_resource.cleanup_device_presence_zip",
            "module.function.null_resource.cleanup_device_prohibit_zip",
            "module.function.null_resource.cleanup_device_shadow_zip",
            "module.function.null_resource.cleanup_device_status_zip",
            "module.function.null_resource.cleanup_mqtt_jitr_zip",
            "module.function.null_resource.cleanup_send_message_zip",
            "module.function.null_resource.cleanup_status_notify_zip",
            "module.function.null_resource.cleanup_status_retrieve_zip",
            "module.function.null_resource.cleanup_ticket_response_zip",
            "module.sqs.aws_sqs_queue.cert_update_notify",
            "module.sqs.aws_sqs_queue.presence_data_notify",
            "module.sqs.aws_sqs_queue.ticket_notify",
            "module.sqs.aws_sqs_queue_policy.policy_cert_update_notify",
            "module.sqs.aws_sqs_queue_policy.policy_ticket_notify",
            "module.sqs.aws_sqs_queue_policy.presence_data_notify"
          ]
        }
      ]
    },
    {
      "module": "module.apigateway",
      "mode": "managed",
      "type": "aws_api_gateway_resource",
      "name": "iwsapp_message",
      "provider": "provider[\"registry.terraform.io/hashicorp/aws\"]",
      "instances": [
        {
          "schema_version": 0,
          "attributes": {
            "id": "myavtx",
            "parent_id": "hwhwsd77ea",
            "path": "/iwsapp",
            "path_part": "iwsapp",
            "region": "ap-northeast-1",
            "rest_api_id": "blgspy2i4b"
          },
          "sensitive_attributes": [],
          "identity_schema_version": 0,
          "private": "bnVsbA==",
          "dependencies": [
            "data.aws_caller_identity.current",
            "module.apigateway.aws_api_gateway_rest_api.solution_mqtt_server",
            "module.function.aws_lambda_event_source_mapping.trigger-cert-update",
            "module.function.aws_lambda_event_source_mapping.trigger-send-message",
            "module.function.aws_lambda_function.MQTT-CERT-UPDATE",
            "module.function.aws_lambda_function.MQTT-DEVICE-IOTCORE-ACCESS",
            "module.function.aws_lambda_function.MQTT-DEVICE-IOTCORE-PROHIBIT",
            "module.function.aws_lambda_function.MQTT-DEVICE-PRESENCE-UPDATE",
            "module.function.aws_lambda_function.MQTT-DEVICE-SHADOW-RETRIEVE",
            "module.function.aws_lambda_function.MQTT-DEVICE-STATUS-NOTIFY",
            "module.function.aws_lambda_function.MQTT-DEVICE-STATUS-RETRIEVE",
            "module.function.aws_lambda_function.MQTT-JITR",
            "module.function.aws_lambda_function.MQTT-MSG-STATUS-RETRIEVE",
            "module.function.aws_lambda_function.MQTT-SEND-MESSAGE",
            "module.function.aws_lambda_function.MQTT-TICKET-RESPONSE-UPDATE",
            "module.function.aws_lambda_layer_version.mqtt_common_layer",
            "module.function.data.archive_file.cret_update_zip",
            "module.function.data.archive_file.device_iotcore_access_zip",
            "module.function.data.archive_file.device_iotcore_prohibit_zip",
            "module.function.data.archive_file.device_presence_update_zip",
            "module.function.data.archive_file.device_shadow_retrieve_zip",
            "module.function.data.archive_file.device_status_notify_zip",
            "module.function.data.archive_file.device_status_retrieve_zip",
            "module.function.data.archive_file.mqtt_common_layer_zip",
            "module.function.data.archive_file.mqtt_jitr_zip",
            "module.function.data.archive_file.msg_status_retrieve_zip",
            "module.function.data.archive_file.send_message_zip",
            "module.function.data.archive_file.ticket_response_update_zip",
            "module.function.null_resource.cleanup_cert_update_zip",
            "module.function.null_resource.cleanup_common_layer_zip",
            "module.function.null_resource.cleanup_device_iotcore_zip",
            "module.function.null_resource.cleanup_device_presence_zip",
            "module.function.null_resource.cleanup_device_prohibit_zip",
            "module.function.null_resource.cleanup_device_shadow_zip",
            "module.function.null_resource.cleanup_device_status_zip",
            "module.function.null_resource.cleanup_mqtt_jitr_zip",
            "module.function.null_resource.cleanup_send_message_zip",
            "module.function.null_resource.cleanup_status_notify_zip",
            "module.function.null_resource.cleanup_status_retrieve_zip",
            "module.function.null_resource.cleanup_ticket_response_zip",
            "module.sqs.aws_sqs_queue.cert_update_notify",
            "module.sqs.aws_sqs_queue.presence_data_notify",
            "module.sqs.aws_sqs_queue.ticket_notify",
            "module.sqs.aws_sqs_queue_policy.policy_cert_update_notify",
            "module.sqs.aws_sqs_queue_policy.policy_ticket_notify",
            "module.sqs.aws_sqs_queue_policy.presence_data_notify"
          ]
        }
      ]
    },
    {
      "module": "module.apigateway",
      "mode": "managed",
      "type": "aws_api_gateway_resource",
      "name": "iwsapp_message_send",
      "provider": "provider[\"registry.terraform.io/hashicorp/aws\"]",
      "instances": [
        {
          "schema_version": 0,
          "attributes": {
            "id": "3ykxq2",
            "parent_id": "myavtx",
            "path": "/iwsapp/send",
            "path_part": "send",
            "region": "ap-northeast-1",
            "rest_api_id": "blgspy2i4b"
          },
          "sensitive_attributes": [],
          "identity_schema_version": 0,
          "private": "bnVsbA==",
          "dependencies": [
            "data.aws_caller_identity.current",
            "module.apigateway.aws_api_gateway_resource.iwsapp_message",
            "module.apigateway.aws_api_gateway_rest_api.solution_mqtt_server",
            "module.function.aws_lambda_event_source_mapping.trigger-cert-update",
            "module.function.aws_lambda_event_source_mapping.trigger-send-message",
            "module.function.aws_lambda_function.MQTT-CERT-UPDATE",
            "module.function.aws_lambda_function.MQTT-DEVICE-IOTCORE-ACCESS",
            "module.function.aws_lambda_function.MQTT-DEVICE-IOTCORE-PROHIBIT",
            "module.function.aws_lambda_function.MQTT-DEVICE-PRESENCE-UPDATE",
            "module.function.aws_lambda_function.MQTT-DEVICE-SHADOW-RETRIEVE",
            "module.function.aws_lambda_function.MQTT-DEVICE-STATUS-NOTIFY",
            "module.function.aws_lambda_function.MQTT-DEVICE-STATUS-RETRIEVE",
            "module.function.aws_lambda_function.MQTT-JITR",
            "module.function.aws_lambda_function.MQTT-MSG-STATUS-RETRIEVE",
            "module.function.aws_lambda_function.MQTT-SEND-MESSAGE",
            "module.function.aws_lambda_function.MQTT-TICKET-RESPONSE-UPDATE",
            "module.function.aws_lambda_layer_version.mqtt_common_layer",
            "module.function.data.archive_file.cret_update_zip",
            "module.function.data.archive_file.device_iotcore_access_zip",
            "module.function.data.archive_file.device_iotcore_prohibit_zip",
            "module.function.data.archive_file.device_presence_update_zip",
            "module.function.data.archive_file.device_shadow_retrieve_zip",
            "module.function.data.archive_file.device_status_notify_zip",
            "module.function.data.archive_file.device_status_retrieve_zip",
            "module.function.data.archive_file.mqtt_common_layer_zip",
            "module.function.data.archive_file.mqtt_jitr_zip",
            "module.function.data.archive_file.msg_status_retrieve_zip",
            "module.function.data.archive_file.send_message_zip",
            "module.function.data.archive_file.ticket_response_update_zip",
            "module.function.null_resource.cleanup_cert_update_zip",
            "module.function.null_resource.cleanup_common_layer_zip",
            "module.function.null_resource.cleanup_device_iotcore_zip",
            "module.function.null_resource.cleanup_device_presence_zip",
            "module.function.null_resource.cleanup_device_prohibit_zip",
            "module.function.null_resource.cleanup_device_shadow_zip",
            "module.function.null_resource.cleanup_device_status_zip",
            "module.function.null_resource.cleanup_mqtt_jitr_zip",
            "module.function.null_resource.cleanup_send_message_zip",
            "module.function.null_resource.cleanup_status_notify_zip",
            "module.function.null_resource.cleanup_status_retrieve_zip",
            "module.function.null_resource.cleanup_ticket_response_zip",
            "module.sqs.aws_sqs_queue.cert_update_notify",
            "module.sqs.aws_sqs_queue.presence_data_notify",
            "module.sqs.aws_sqs_queue.ticket_notify",
            "module.sqs.aws_sqs_queue_policy.policy_cert_update_notify",
            "module.sqs.aws_sqs_queue_policy.policy_ticket_notify",
            "module.sqs.aws_sqs_queue_policy.presence_data_notify"
          ]
        }
      ]
    },
    {
      "module": "module.apigateway",
      "mode": "managed",
      "type": "aws_api_gateway_resource",
      "name": "plugin_message",
      "provider": "provider[\"registry.terraform.io/hashicorp/aws\"]",
      "instances": [
        {
          "schema_version": 0,
          "attributes": {
            "id": "ztp9dv",
            "parent_id": "hwhwsd77ea",
            "path": "/plugin",
            "path_part": "plugin",
            "region": "ap-northeast-1",
            "rest_api_id": "blgspy2i4b"
          },
          "sensitive_attributes": [],
          "identity_schema_version": 0,
          "private": "bnVsbA==",
          "dependencies": [
            "data.aws_caller_identity.current",
            "module.apigateway.aws_api_gateway_rest_api.solution_mqtt_server",
            "module.function.aws_lambda_event_source_mapping.trigger-cert-update",
            "module.function.aws_lambda_event_source_mapping.trigger-send-message",
            "module.function.aws_lambda_function.MQTT-CERT-UPDATE",
            "module.function.aws_lambda_function.MQTT-DEVICE-IOTCORE-ACCESS",
            "module.function.aws_lambda_function.MQTT-DEVICE-IOTCORE-PROHIBIT",
            "module.function.aws_lambda_function.MQTT-DEVICE-PRESENCE-UPDATE",
            "module.function.aws_lambda_function.MQTT-DEVICE-SHADOW-RETRIEVE",
            "module.function.aws_lambda_function.MQTT-DEVICE-STATUS-NOTIFY",
            "module.function.aws_lambda_function.MQTT-DEVICE-STATUS-RETRIEVE",
            "module.function.aws_lambda_function.MQTT-JITR",
            "module.function.aws_lambda_function.MQTT-MSG-STATUS-RETRIEVE",
            "module.function.aws_lambda_function.MQTT-SEND-MESSAGE",
            "module.function.aws_lambda_function.MQTT-TICKET-RESPONSE-UPDATE",
            "module.function.aws_lambda_layer_version.mqtt_common_layer",
            "module.function.data.archive_file.cret_update_zip",
            "module.function.data.archive_file.device_iotcore_access_zip",
            "module.function.data.archive_file.device_iotcore_prohibit_zip",
            "module.function.data.archive_file.device_presence_update_zip",
            "module.function.data.archive_file.device_shadow_retrieve_zip",
            "module.function.data.archive_file.device_status_notify_zip",
            "module.function.data.archive_file.device_status_retrieve_zip",
            "module.function.data.archive_file.mqtt_common_layer_zip",
            "module.function.data.archive_file.mqtt_jitr_zip",
            "module.function.data.archive_file.msg_status_retrieve_zip",
            "module.function.data.archive_file.send_message_zip",
            "module.function.data.archive_file.ticket_response_update_zip",
            "module.function.null_resource.cleanup_cert_update_zip",
            "module.function.null_resource.cleanup_common_layer_zip",
            "module.function.null_resource.cleanup_device_iotcore_zip",
            "module.function.null_resource.cleanup_device_presence_zip",
            "module.function.null_resource.cleanup_device_prohibit_zip",
            "module.function.null_resource.cleanup_device_shadow_zip",
            "module.function.null_resource.cleanup_device_status_zip",
            "module.function.null_resource.cleanup_mqtt_jitr_zip",
            "module.function.null_resource.cleanup_send_message_zip",
            "module.function.null_resource.cleanup_status_notify_zip",
            "module.function.null_resource.cleanup_status_retrieve_zip",
            "module.function.null_resource.cleanup_ticket_response_zip",
            "module.sqs.aws_sqs_queue.cert_update_notify",
            "module.sqs.aws_sqs_queue.presence_data_notify",
            "module.sqs.aws_sqs_queue.ticket_notify",
            "module.sqs.aws_sqs_queue_policy.policy_cert_update_notify",
            "module.sqs.aws_sqs_queue_policy.policy_ticket_notify",
            "module.sqs.aws_sqs_queue_policy.presence_data_notify"
          ]
        }
      ]
    },
    {
      "module": "module.apigateway",
      "mode": "managed",
      "type": "aws_api_gateway_resource",
      "name": "plugin_message_send",
      "provider": "provider[\"registry.terraform.io/hashicorp/aws\"]",
      "instances": [
        {
          "schema_version": 0,
          "attributes": {
            "id": "96q5k1",
            "parent_id": "ztp9dv",
            "path": "/plugin/send",
            "path_part": "send",
            "region": "ap-northeast-1",
            "rest_api_id": "blgspy2i4b"
          },
          "sensitive_attributes": [],
          "identity_schema_version": 0,
          "private": "bnVsbA==",
          "dependencies": [
            "data.aws_caller_identity.current",
            "module.apigateway.aws_api_gateway_resource.plugin_message",
            "module.apigateway.aws_api_gateway_rest_api.solution_mqtt_server",
            "module.function.aws_lambda_event_source_mapping.trigger-cert-update",
            "module.function.aws_lambda_event_source_mapping.trigger-send-message",
            "module.function.aws_lambda_function.MQTT-CERT-UPDATE",
            "module.function.aws_lambda_function.MQTT-DEVICE-IOTCORE-ACCESS",
            "module.function.aws_lambda_function.MQTT-DEVICE-IOTCORE-PROHIBIT",
            "module.function.aws_lambda_function.MQTT-DEVICE-PRESENCE-UPDATE",
            "module.function.aws_lambda_function.MQTT-DEVICE-SHADOW-RETRIEVE",
            "module.function.aws_lambda_function.MQTT-DEVICE-STATUS-NOTIFY",
            "module.function.aws_lambda_function.MQTT-DEVICE-STATUS-RETRIEVE",
            "module.function.aws_lambda_function.MQTT-JITR",
            "module.function.aws_lambda_function.MQTT-MSG-STATUS-RETRIEVE",
            "module.function.aws_lambda_function.MQTT-SEND-MESSAGE",
            "module.function.aws_lambda_function.MQTT-TICKET-RESPONSE-UPDATE",
            "module.function.aws_lambda_layer_version.mqtt_common_layer",
            "module.function.data.archive_file.cret_update_zip",
            "module.function.data.archive_file.device_iotcore_access_zip",
            "module.function.data.archive_file.device_iotcore_prohibit_zip",
            "module.function.data.archive_file.device_presence_update_zip",
            "module.function.data.archive_file.device_shadow_retrieve_zip",
            "module.function.data.archive_file.device_status_notify_zip",
            "module.function.data.archive_file.device_status_retrieve_zip",
            "module.function.data.archive_file.mqtt_common_layer_zip",
            "module.function.data.archive_file.mqtt_jitr_zip",
            "module.function.data.archive_file.msg_status_retrieve_zip",
            "module.function.data.archive_file.send_message_zip",
            "module.function.data.archive_file.ticket_response_update_zip",
            "module.function.null_resource.cleanup_cert_update_zip",
            "module.function.null_resource.cleanup_common_layer_zip",
            "module.function.null_resource.cleanup_device_iotcore_zip",
            "module.function.null_resource.cleanup_device_presence_zip",
            "module.function.null_resource.cleanup_device_prohibit_zip",
            "module.function.null_resource.cleanup_device_shadow_zip",
            "module.function.null_resource.cleanup_device_status_zip",
            "module.function.null_resource.cleanup_mqtt_jitr_zip",
            "module.function.null_resource.cleanup_send_message_zip",
            "module.function.null_resource.cleanup_status_notify_zip",
            "module.function.null_resource.cleanup_status_retrieve_zip",
            "module.function.null_resource.cleanup_ticket_response_zip",
            "module.sqs.aws_sqs_queue.cert_update_notify",
            "module.sqs.aws_sqs_queue.presence_data_notify",
            "module.sqs.aws_sqs_queue.ticket_notify",
            "module.sqs.aws_sqs_queue_policy.policy_cert_update_notify",
            "module.sqs.aws_sqs_queue_policy.policy_ticket_notify",
            "module.sqs.aws_sqs_queue_policy.presence_data_notify"
          ]
        }
      ]
    },
    {
      "module": "module.apigateway",
      "mode": "managed",
      "type": "aws_api_gateway_resource",
      "name": "prohibited_devices",
      "provider": "provider[\"registry.terraform.io/hashicorp/aws\"]",
      "instances": [
        {
          "schema_version": 0,
          "attributes": {
            "id": "ieoao3",
            "parent_id": "cx19c1sd5g",
            "path": "/prohibitedDevices",
            "path_part": "prohibitedDevices",
            "region": "ap-northeast-1",
            "rest_api_id": "12ehl8kole"
          },
          "sensitive_attributes": [],
          "identity_schema_version": 0,
          "private": "bnVsbA==",
          "dependencies": [
            "data.aws_caller_identity.current",
            "module.apigateway.aws_api_gateway_rest_api.mqtt_server",
            "module.function.aws_lambda_event_source_mapping.trigger-cert-update",
            "module.function.aws_lambda_event_source_mapping.trigger-send-message",
            "module.function.aws_lambda_function.MQTT-CERT-UPDATE",
            "module.function.aws_lambda_function.MQTT-DEVICE-IOTCORE-ACCESS",
            "module.function.aws_lambda_function.MQTT-DEVICE-IOTCORE-PROHIBIT",
            "module.function.aws_lambda_function.MQTT-DEVICE-PRESENCE-UPDATE",
            "module.function.aws_lambda_function.MQTT-DEVICE-SHADOW-RETRIEVE",
            "module.function.aws_lambda_function.MQTT-DEVICE-STATUS-NOTIFY",
            "module.function.aws_lambda_function.MQTT-DEVICE-STATUS-RETRIEVE",
            "module.function.aws_lambda_function.MQTT-JITR",
            "module.function.aws_lambda_function.MQTT-MSG-STATUS-RETRIEVE",
            "module.function.aws_lambda_function.MQTT-SEND-MESSAGE",
            "module.function.aws_lambda_function.MQTT-TICKET-RESPONSE-UPDATE",
            "module.function.aws_lambda_layer_version.mqtt_common_layer",
            "module.function.data.archive_file.cret_update_zip",
            "module.function.data.archive_file.device_iotcore_access_zip",
            "module.function.data.archive_file.device_iotcore_prohibit_zip",
            "module.function.data.archive_file.device_presence_update_zip",
            "module.function.data.archive_file.device_shadow_retrieve_zip",
            "module.function.data.archive_file.device_status_notify_zip",
            "module.function.data.archive_file.device_status_retrieve_zip",
            "module.function.data.archive_file.mqtt_common_layer_zip",
            "module.function.data.archive_file.mqtt_jitr_zip",
            "module.function.data.archive_file.msg_status_retrieve_zip",
            "module.function.data.archive_file.send_message_zip",
            "module.function.data.archive_file.ticket_response_update_zip",
            "module.function.null_resource.cleanup_cert_update_zip",
            "module.function.null_resource.cleanup_common_layer_zip",
            "module.function.null_resource.cleanup_device_iotcore_zip",
            "module.function.null_resource.cleanup_device_presence_zip",
            "module.function.null_resource.cleanup_device_prohibit_zip",
            "module.function.null_resource.cleanup_device_shadow_zip",
            "module.function.null_resource.cleanup_device_status_zip",
            "module.function.null_resource.cleanup_mqtt_jitr_zip",
            "module.function.null_resource.cleanup_send_message_zip",
            "module.function.null_resource.cleanup_status_notify_zip",
            "module.function.null_resource.cleanup_status_retrieve_zip",
            "module.function.null_resource.cleanup_ticket_response_zip",
            "module.sqs.aws_sqs_queue.cert_update_notify",
            "module.sqs.aws_sqs_queue.presence_data_notify",
            "module.sqs.aws_sqs_queue.ticket_notify",
            "module.sqs.aws_sqs_queue_policy.policy_cert_update_notify",
            "module.sqs.aws_sqs_queue_policy.policy_ticket_notify",
            "module.sqs.aws_sqs_queue_policy.presence_data_notify"
          ]
        }
      ]
    },
    {
      "module": "module.apigateway",
      "mode": "managed",
      "type": "aws_api_gateway_resource",
      "name": "prohibited_devices_add",
      "provider": "provider[\"registry.terraform.io/hashicorp/aws\"]",
      "instances": [
        {
          "schema_version": 0,
          "attributes": {
            "id": "mddpto",
            "parent_id": "ieoao3",
            "path": "/prohibitedDevices/add",
            "path_part": "add",
            "region": "ap-northeast-1",
            "rest_api_id": "12ehl8kole"
          },
          "sensitive_attributes": [],
          "identity_schema_version": 0,
          "private": "bnVsbA==",
          "dependencies": [
            "data.aws_caller_identity.current",
            "module.apigateway.aws_api_gateway_resource.prohibited_devices",
            "module.apigateway.aws_api_gateway_rest_api.mqtt_server",
            "module.function.aws_lambda_event_source_mapping.trigger-cert-update",
            "module.function.aws_lambda_event_source_mapping.trigger-send-message",
            "module.function.aws_lambda_function.MQTT-CERT-UPDATE",
            "module.function.aws_lambda_function.MQTT-DEVICE-IOTCORE-ACCESS",
            "module.function.aws_lambda_function.MQTT-DEVICE-IOTCORE-PROHIBIT",
            "module.function.aws_lambda_function.MQTT-DEVICE-PRESENCE-UPDATE",
            "module.function.aws_lambda_function.MQTT-DEVICE-SHADOW-RETRIEVE",
            "module.function.aws_lambda_function.MQTT-DEVICE-STATUS-NOTIFY",
            "module.function.aws_lambda_function.MQTT-DEVICE-STATUS-RETRIEVE",
            "module.function.aws_lambda_function.MQTT-JITR",
            "module.function.aws_lambda_function.MQTT-MSG-STATUS-RETRIEVE",
            "module.function.aws_lambda_function.MQTT-SEND-MESSAGE",
            "module.function.aws_lambda_function.MQTT-TICKET-RESPONSE-UPDATE",
            "module.function.aws_lambda_layer_version.mqtt_common_layer",
            "module.function.data.archive_file.cret_update_zip",
            "module.function.data.archive_file.device_iotcore_access_zip",
            "module.function.data.archive_file.device_iotcore_prohibit_zip",
            "module.function.data.archive_file.device_presence_update_zip",
            "module.function.data.archive_file.device_shadow_retrieve_zip",
            "module.function.data.archive_file.device_status_notify_zip",
            "module.function.data.archive_file.device_status_retrieve_zip",
            "module.function.data.archive_file.mqtt_common_layer_zip",
            "module.function.data.archive_file.mqtt_jitr_zip",
            "module.function.data.archive_file.msg_status_retrieve_zip",
            "module.function.data.archive_file.send_message_zip",
            "module.function.data.archive_file.ticket_response_update_zip",
            "module.function.null_resource.cleanup_cert_update_zip",
            "module.function.null_resource.cleanup_common_layer_zip",
            "module.function.null_resource.cleanup_device_iotcore_zip",
            "module.function.null_resource.cleanup_device_presence_zip",
            "module.function.null_resource.cleanup_device_prohibit_zip",
            "module.function.null_resource.cleanup_device_shadow_zip",
            "module.function.null_resource.cleanup_device_status_zip",
            "module.function.null_resource.cleanup_mqtt_jitr_zip",
            "module.function.null_resource.cleanup_send_message_zip",
            "module.function.null_resource.cleanup_status_notify_zip",
            "module.function.null_resource.cleanup_status_retrieve_zip",
            "module.function.null_resource.cleanup_ticket_response_zip",
            "module.sqs.aws_sqs_queue.cert_update_notify",
            "module.sqs.aws_sqs_queue.presence_data_notify",
            "module.sqs.aws_sqs_queue.ticket_notify",
            "module.sqs.aws_sqs_queue_policy.policy_cert_update_notify",
            "module.sqs.aws_sqs_queue_policy.policy_ticket_notify",
            "module.sqs.aws_sqs_queue_policy.presence_data_notify"
          ]
        }
      ]
    },
    {
      "module": "module.apigateway",
      "mode": "managed",
      "type": "aws_api_gateway_resource",
      "name": "prohibited_devices_remove",
      "provider": "provider[\"registry.terraform.io/hashicorp/aws\"]",
      "instances": [
        {
          "schema_version": 0,
          "attributes": {
            "id": "38t0ha",
            "parent_id": "ieoao3",
            "path": "/prohibitedDevices/remove",
            "path_part": "remove",
            "region": "ap-northeast-1",
            "rest_api_id": "12ehl8kole"
          },
          "sensitive_attributes": [],
          "identity_schema_version": 0,
          "private": "bnVsbA==",
          "dependencies": [
            "data.aws_caller_identity.current",
            "module.apigateway.aws_api_gateway_resource.prohibited_devices",
            "module.apigateway.aws_api_gateway_rest_api.mqtt_server",
            "module.function.aws_lambda_event_source_mapping.trigger-cert-update",
            "module.function.aws_lambda_event_source_mapping.trigger-send-message",
            "module.function.aws_lambda_function.MQTT-CERT-UPDATE",
            "module.function.aws_lambda_function.MQTT-DEVICE-IOTCORE-ACCESS",
            "module.function.aws_lambda_function.MQTT-DEVICE-IOTCORE-PROHIBIT",
            "module.function.aws_lambda_function.MQTT-DEVICE-PRESENCE-UPDATE",
            "module.function.aws_lambda_function.MQTT-DEVICE-SHADOW-RETRIEVE",
            "module.function.aws_lambda_function.MQTT-DEVICE-STATUS-NOTIFY",
            "module.function.aws_lambda_function.MQTT-DEVICE-STATUS-RETRIEVE",
            "module.function.aws_lambda_function.MQTT-JITR",
            "module.function.aws_lambda_function.MQTT-MSG-STATUS-RETRIEVE",
            "module.function.aws_lambda_function.MQTT-SEND-MESSAGE",
            "module.function.aws_lambda_function.MQTT-TICKET-RESPONSE-UPDATE",
            "module.function.aws_lambda_layer_version.mqtt_common_layer",
            "module.function.data.archive_file.cret_update_zip",
            "module.function.data.archive_file.device_iotcore_access_zip",
            "module.function.data.archive_file.device_iotcore_prohibit_zip",
            "module.function.data.archive_file.device_presence_update_zip",
            "module.function.data.archive_file.device_shadow_retrieve_zip",
            "module.function.data.archive_file.device_status_notify_zip",
            "module.function.data.archive_file.device_status_retrieve_zip",
            "module.function.data.archive_file.mqtt_common_layer_zip",
            "module.function.data.archive_file.mqtt_jitr_zip",
            "module.function.data.archive_file.msg_status_retrieve_zip",
            "module.function.data.archive_file.send_message_zip",
            "module.function.data.archive_file.ticket_response_update_zip",
            "module.function.null_resource.cleanup_cert_update_zip",
            "module.function.null_resource.cleanup_common_layer_zip",
            "module.function.null_resource.cleanup_device_iotcore_zip",
            "module.function.null_resource.cleanup_device_presence_zip",
            "module.function.null_resource.cleanup_device_prohibit_zip",
            "module.function.null_resource.cleanup_device_shadow_zip",
            "module.function.null_resource.cleanup_device_status_zip",
            "module.function.null_resource.cleanup_mqtt_jitr_zip",
            "module.function.null_resource.cleanup_send_message_zip",
            "module.function.null_resource.cleanup_status_notify_zip",
            "module.function.null_resource.cleanup_status_retrieve_zip",
            "module.function.null_resource.cleanup_ticket_response_zip",
            "module.sqs.aws_sqs_queue.cert_update_notify",
            "module.sqs.aws_sqs_queue.presence_data_notify",
            "module.sqs.aws_sqs_queue.ticket_notify",
            "module.sqs.aws_sqs_queue_policy.policy_cert_update_notify",
            "module.sqs.aws_sqs_queue_policy.policy_ticket_notify",
            "module.sqs.aws_sqs_queue_policy.presence_data_notify"
          ]
        }
      ]
    },
    {
      "module": "module.apigateway",
      "mode": "managed",
      "type": "aws_api_gateway_resource",
      "name": "sol_device_deviceId",
      "provider": "provider[\"registry.terraform.io/hashicorp/aws\"]",
      "instances": [
        {
          "schema_version": 0,
          "attributes": {
            "id": "sq58uc",
            "parent_id": "p0tohl",
            "path": "/devices/{deviceId}",
            "path_part": "{deviceId}",
            "region": "ap-northeast-1",
            "rest_api_id": "blgspy2i4b"
          },
          "sensitive_attributes": [],
          "identity_schema_version": 0,
          "private": "bnVsbA==",
          "dependencies": [
            "data.aws_caller_identity.current",
            "module.apigateway.aws_api_gateway_resource.sol_devices",
            "module.apigateway.aws_api_gateway_rest_api.solution_mqtt_server",
            "module.function.aws_lambda_event_source_mapping.trigger-cert-update",
            "module.function.aws_lambda_event_source_mapping.trigger-send-message",
            "module.function.aws_lambda_function.MQTT-CERT-UPDATE",
            "module.function.aws_lambda_function.MQTT-DEVICE-IOTCORE-ACCESS",
            "module.function.aws_lambda_function.MQTT-DEVICE-IOTCORE-PROHIBIT",
            "module.function.aws_lambda_function.MQTT-DEVICE-PRESENCE-UPDATE",
            "module.function.aws_lambda_function.MQTT-DEVICE-SHADOW-RETRIEVE",
            "module.function.aws_lambda_function.MQTT-DEVICE-STATUS-NOTIFY",
            "module.function.aws_lambda_function.MQTT-DEVICE-STATUS-RETRIEVE",
            "module.function.aws_lambda_function.MQTT-JITR",
            "module.function.aws_lambda_function.MQTT-MSG-STATUS-RETRIEVE",
            "module.function.aws_lambda_function.MQTT-SEND-MESSAGE",
            "module.function.aws_lambda_function.MQTT-TICKET-RESPONSE-UPDATE",
            "module.function.aws_lambda_layer_version.mqtt_common_layer",
            "module.function.data.archive_file.cret_update_zip",
            "module.function.data.archive_file.device_iotcore_access_zip",
            "module.function.data.archive_file.device_iotcore_prohibit_zip",
            "module.function.data.archive_file.device_presence_update_zip",
            "module.function.data.archive_file.device_shadow_retrieve_zip",
            "module.function.data.archive_file.device_status_notify_zip",
            "module.function.data.archive_file.device_status_retrieve_zip",
            "module.function.data.archive_file.mqtt_common_layer_zip",
            "module.function.data.archive_file.mqtt_jitr_zip",
            "module.function.data.archive_file.msg_status_retrieve_zip",
            "module.function.data.archive_file.send_message_zip",
            "module.function.data.archive_file.ticket_response_update_zip",
            "module.function.null_resource.cleanup_cert_update_zip",
            "module.function.null_resource.cleanup_common_layer_zip",
            "module.function.null_resource.cleanup_device_iotcore_zip",
            "module.function.null_resource.cleanup_device_presence_zip",
            "module.function.null_resource.cleanup_device_prohibit_zip",
            "module.function.null_resource.cleanup_device_shadow_zip",
            "module.function.null_resource.cleanup_device_status_zip",
            "module.function.null_resource.cleanup_mqtt_jitr_zip",
            "module.function.null_resource.cleanup_send_message_zip",
            "module.function.null_resource.cleanup_status_notify_zip",
            "module.function.null_resource.cleanup_status_retrieve_zip",
            "module.function.null_resource.cleanup_ticket_response_zip",
            "module.sqs.aws_sqs_queue.cert_update_notify",
            "module.sqs.aws_sqs_queue.presence_data_notify",
            "module.sqs.aws_sqs_queue.ticket_notify",
            "module.sqs.aws_sqs_queue_policy.policy_cert_update_notify",
            "module.sqs.aws_sqs_queue_policy.policy_ticket_notify",
            "module.sqs.aws_sqs_queue_policy.presence_data_notify"
          ]
        }
      ]
    },
    {
      "module": "module.apigateway",
      "mode": "managed",
      "type": "aws_api_gateway_resource",
      "name": "sol_devices",
      "provider": "provider[\"registry.terraform.io/hashicorp/aws\"]",
      "instances": [
        {
          "schema_version": 0,
          "attributes": {
            "id": "p0tohl",
            "parent_id": "hwhwsd77ea",
            "path": "/devices",
            "path_part": "devices",
            "region": "ap-northeast-1",
            "rest_api_id": "blgspy2i4b"
          },
          "sensitive_attributes": [],
          "identity_schema_version": 0,
          "private": "bnVsbA==",
          "dependencies": [
            "data.aws_caller_identity.current",
            "module.apigateway.aws_api_gateway_rest_api.solution_mqtt_server",
            "module.function.aws_lambda_event_source_mapping.trigger-cert-update",
            "module.function.aws_lambda_event_source_mapping.trigger-send-message",
            "module.function.aws_lambda_function.MQTT-CERT-UPDATE",
            "module.function.aws_lambda_function.MQTT-DEVICE-IOTCORE-ACCESS",
            "module.function.aws_lambda_function.MQTT-DEVICE-IOTCORE-PROHIBIT",
            "module.function.aws_lambda_function.MQTT-DEVICE-PRESENCE-UPDATE",
            "module.function.aws_lambda_function.MQTT-DEVICE-SHADOW-RETRIEVE",
            "module.function.aws_lambda_function.MQTT-DEVICE-STATUS-NOTIFY",
            "module.function.aws_lambda_function.MQTT-DEVICE-STATUS-RETRIEVE",
            "module.function.aws_lambda_function.MQTT-JITR",
            "module.function.aws_lambda_function.MQTT-MSG-STATUS-RETRIEVE",
            "module.function.aws_lambda_function.MQTT-SEND-MESSAGE",
            "module.function.aws_lambda_function.MQTT-TICKET-RESPONSE-UPDATE",
            "module.function.aws_lambda_layer_version.mqtt_common_layer",
            "module.function.data.archive_file.cret_update_zip",
            "module.function.data.archive_file.device_iotcore_access_zip",
            "module.function.data.archive_file.device_iotcore_prohibit_zip",
            "module.function.data.archive_file.device_presence_update_zip",
            "module.function.data.archive_file.device_shadow_retrieve_zip",
            "module.function.data.archive_file.device_status_notify_zip",
            "module.function.data.archive_file.device_status_retrieve_zip",
            "module.function.data.archive_file.mqtt_common_layer_zip",
            "module.function.data.archive_file.mqtt_jitr_zip",
            "module.function.data.archive_file.msg_status_retrieve_zip",
            "module.function.data.archive_file.send_message_zip",
            "module.function.data.archive_file.ticket_response_update_zip",
            "module.function.null_resource.cleanup_cert_update_zip",
            "module.function.null_resource.cleanup_common_layer_zip",
            "module.function.null_resource.cleanup_device_iotcore_zip",
            "module.function.null_resource.cleanup_device_presence_zip",
            "module.function.null_resource.cleanup_device_prohibit_zip",
            "module.function.null_resource.cleanup_device_shadow_zip",
            "module.function.null_resource.cleanup_device_status_zip",
            "module.function.null_resource.cleanup_mqtt_jitr_zip",
            "module.function.null_resource.cleanup_send_message_zip",
            "module.function.null_resource.cleanup_status_notify_zip",
            "module.function.null_resource.cleanup_status_retrieve_zip",
            "module.function.null_resource.cleanup_ticket_response_zip",
            "module.sqs.aws_sqs_queue.cert_update_notify",
            "module.sqs.aws_sqs_queue.presence_data_notify",
            "module.sqs.aws_sqs_queue.ticket_notify",
            "module.sqs.aws_sqs_queue_policy.policy_cert_update_notify",
            "module.sqs.aws_sqs_queue_policy.policy_ticket_notify",
            "module.sqs.aws_sqs_queue_policy.presence_data_notify"
          ]
        }
      ]
    },
    {
      "module": "module.apigateway",
      "mode": "managed",
      "type": "aws_api_gateway_resource",
      "name": "sol_tickets",
      "provider": "provider[\"registry.terraform.io/hashicorp/aws\"]",
      "instances": [
        {
          "schema_version": 0,
          "attributes": {
            "id": "u2h8go",
            "parent_id": "hwhwsd77ea",
            "path": "/tickets",
            "path_part": "tickets",
            "region": "ap-northeast-1",
            "rest_api_id": "blgspy2i4b"
          },
          "sensitive_attributes": [],
          "identity_schema_version": 0,
          "private": "bnVsbA==",
          "dependencies": [
            "data.aws_caller_identity.current",
            "module.apigateway.aws_api_gateway_rest_api.solution_mqtt_server",
            "module.function.aws_lambda_event_source_mapping.trigger-cert-update",
            "module.function.aws_lambda_event_source_mapping.trigger-send-message",
            "module.function.aws_lambda_function.MQTT-CERT-UPDATE",
            "module.function.aws_lambda_function.MQTT-DEVICE-IOTCORE-ACCESS",
            "module.function.aws_lambda_function.MQTT-DEVICE-IOTCORE-PROHIBIT",
            "module.function.aws_lambda_function.MQTT-DEVICE-PRESENCE-UPDATE",
            "module.function.aws_lambda_function.MQTT-DEVICE-SHADOW-RETRIEVE",
            "module.function.aws_lambda_function.MQTT-DEVICE-STATUS-NOTIFY",
            "module.function.aws_lambda_function.MQTT-DEVICE-STATUS-RETRIEVE",
            "module.function.aws_lambda_function.MQTT-JITR",
            "module.function.aws_lambda_function.MQTT-MSG-STATUS-RETRIEVE",
            "module.function.aws_lambda_function.MQTT-SEND-MESSAGE",
            "module.function.aws_lambda_function.MQTT-TICKET-RESPONSE-UPDATE",
            "module.function.aws_lambda_layer_version.mqtt_common_layer",
            "module.function.data.archive_file.cret_update_zip",
            "module.function.data.archive_file.device_iotcore_access_zip",
            "module.function.data.archive_file.device_iotcore_prohibit_zip",
            "module.function.data.archive_file.device_presence_update_zip",
            "module.function.data.archive_file.device_shadow_retrieve_zip",
            "module.function.data.archive_file.device_status_notify_zip",
            "module.function.data.archive_file.device_status_retrieve_zip",
            "module.function.data.archive_file.mqtt_common_layer_zip",
            "module.function.data.archive_file.mqtt_jitr_zip",
            "module.function.data.archive_file.msg_status_retrieve_zip",
            "module.function.data.archive_file.send_message_zip",
            "module.function.data.archive_file.ticket_response_update_zip",
            "module.function.null_resource.cleanup_cert_update_zip",
            "module.function.null_resource.cleanup_common_layer_zip",
            "module.function.null_resource.cleanup_device_iotcore_zip",
            "module.function.null_resource.cleanup_device_presence_zip",
            "module.function.null_resource.cleanup_device_prohibit_zip",
            "module.function.null_resource.cleanup_device_shadow_zip",
            "module.function.null_resource.cleanup_device_status_zip",
            "module.function.null_resource.cleanup_mqtt_jitr_zip",
            "module.function.null_resource.cleanup_send_message_zip",
            "module.function.null_resource.cleanup_status_notify_zip",
            "module.function.null_resource.cleanup_status_retrieve_zip",
            "module.function.null_resource.cleanup_ticket_response_zip",
            "module.sqs.aws_sqs_queue.cert_update_notify",
            "module.sqs.aws_sqs_queue.presence_data_notify",
            "module.sqs.aws_sqs_queue.ticket_notify",
            "module.sqs.aws_sqs_queue_policy.policy_cert_update_notify",
            "module.sqs.aws_sqs_queue_policy.policy_ticket_notify",
            "module.sqs.aws_sqs_queue_policy.presence_data_notify"
          ]
        }
      ]
    },
    {
      "module": "module.apigateway",
      "mode": "managed",
      "type": "aws_api_gateway_resource",
      "name": "sol_tickets_messageId",
      "provider": "provider[\"registry.terraform.io/hashicorp/aws\"]",
      "instances": [
        {
          "schema_version": 0,
          "attributes": {
            "id": "itv963",
            "parent_id": "u2h8go",
            "path": "/tickets/{messageId}",
            "path_part": "{messageId}",
            "region": "ap-northeast-1",
            "rest_api_id": "blgspy2i4b"
          },
          "sensitive_attributes": [],
          "identity_schema_version": 0,
          "private": "bnVsbA==",
          "dependencies": [
            "data.aws_caller_identity.current",
            "module.apigateway.aws_api_gateway_resource.sol_tickets",
            "module.apigateway.aws_api_gateway_rest_api.solution_mqtt_server",
            "module.function.aws_lambda_event_source_mapping.trigger-cert-update",
            "module.function.aws_lambda_event_source_mapping.trigger-send-message",
            "module.function.aws_lambda_function.MQTT-CERT-UPDATE",
            "module.function.aws_lambda_function.MQTT-DEVICE-IOTCORE-ACCESS",
            "module.function.aws_lambda_function.MQTT-DEVICE-IOTCORE-PROHIBIT",
            "module.function.aws_lambda_function.MQTT-DEVICE-PRESENCE-UPDATE",
            "module.function.aws_lambda_function.MQTT-DEVICE-SHADOW-RETRIEVE",
            "module.function.aws_lambda_function.MQTT-DEVICE-STATUS-NOTIFY",
            "module.function.aws_lambda_function.MQTT-DEVICE-STATUS-RETRIEVE",
            "module.function.aws_lambda_function.MQTT-JITR",
            "module.function.aws_lambda_function.MQTT-MSG-STATUS-RETRIEVE",
            "module.function.aws_lambda_function.MQTT-SEND-MESSAGE",
            "module.function.aws_lambda_function.MQTT-TICKET-RESPONSE-UPDATE",
            "module.function.aws_lambda_layer_version.mqtt_common_layer",
            "module.function.data.archive_file.cret_update_zip",
            "module.function.data.archive_file.device_iotcore_access_zip",
            "module.function.data.archive_file.device_iotcore_prohibit_zip",
            "module.function.data.archive_file.device_presence_update_zip",
            "module.function.data.archive_file.device_shadow_retrieve_zip",
            "module.function.data.archive_file.device_status_notify_zip",
            "module.function.data.archive_file.device_status_retrieve_zip",
            "module.function.data.archive_file.mqtt_common_layer_zip",
            "module.function.data.archive_file.mqtt_jitr_zip",
            "module.function.data.archive_file.msg_status_retrieve_zip",
            "module.function.data.archive_file.send_message_zip",
            "module.function.data.archive_file.ticket_response_update_zip",
            "module.function.null_resource.cleanup_cert_update_zip",
            "module.function.null_resource.cleanup_common_layer_zip",
            "module.function.null_resource.cleanup_device_iotcore_zip",
            "module.function.null_resource.cleanup_device_presence_zip",
            "module.function.null_resource.cleanup_device_prohibit_zip",
            "module.function.null_resource.cleanup_device_shadow_zip",
            "module.function.null_resource.cleanup_device_status_zip",
            "module.function.null_resource.cleanup_mqtt_jitr_zip",
            "module.function.null_resource.cleanup_send_message_zip",
            "module.function.null_resource.cleanup_status_notify_zip",
            "module.function.null_resource.cleanup_status_retrieve_zip",
            "module.function.null_resource.cleanup_ticket_response_zip",
            "module.sqs.aws_sqs_queue.cert_update_notify",
            "module.sqs.aws_sqs_queue.presence_data_notify",
            "module.sqs.aws_sqs_queue.ticket_notify",
            "module.sqs.aws_sqs_queue_policy.policy_cert_update_notify",
            "module.sqs.aws_sqs_queue_policy.policy_ticket_notify",
            "module.sqs.aws_sqs_queue_policy.presence_data_notify"
          ]
        }
      ]
    },
    {
      "module": "module.apigateway",
      "mode": "managed",
      "type": "aws_api_gateway_resource",
      "name": "sol_tickets_messageId_deviceId",
      "provider": "provider[\"registry.terraform.io/hashicorp/aws\"]",
      "instances": [
        {
          "schema_version": 0,
          "attributes": {
            "id": "08zb5v",
            "parent_id": "itv963",
            "path": "/tickets/{messageId}/{deviceId}",
            "path_part": "{deviceId}",
            "region": "ap-northeast-1",
            "rest_api_id": "blgspy2i4b"
          },
          "sensitive_attributes": [],
          "identity_schema_version": 0,
          "private": "bnVsbA==",
          "dependencies": [
            "data.aws_caller_identity.current",
            "module.apigateway.aws_api_gateway_resource.sol_tickets",
            "module.apigateway.aws_api_gateway_resource.sol_tickets_messageId",
            "module.apigateway.aws_api_gateway_rest_api.solution_mqtt_server",
            "module.function.aws_lambda_event_source_mapping.trigger-cert-update",
            "module.function.aws_lambda_event_source_mapping.trigger-send-message",
            "module.function.aws_lambda_function.MQTT-CERT-UPDATE",
            "module.function.aws_lambda_function.MQTT-DEVICE-IOTCORE-ACCESS",
            "module.function.aws_lambda_function.MQTT-DEVICE-IOTCORE-PROHIBIT",
            "module.function.aws_lambda_function.MQTT-DEVICE-PRESENCE-UPDATE",
            "module.function.aws_lambda_function.MQTT-DEVICE-SHADOW-RETRIEVE",
            "module.function.aws_lambda_function.MQTT-DEVICE-STATUS-NOTIFY",
            "module.function.aws_lambda_function.MQTT-DEVICE-STATUS-RETRIEVE",
            "module.function.aws_lambda_function.MQTT-JITR",
            "module.function.aws_lambda_function.MQTT-MSG-STATUS-RETRIEVE",
            "module.function.aws_lambda_function.MQTT-SEND-MESSAGE",
            "module.function.aws_lambda_function.MQTT-TICKET-RESPONSE-UPDATE",
            "module.function.aws_lambda_layer_version.mqtt_common_layer",
            "module.function.data.archive_file.cret_update_zip",
            "module.function.data.archive_file.device_iotcore_access_zip",
            "module.function.data.archive_file.device_iotcore_prohibit_zip",
            "module.function.data.archive_file.device_presence_update_zip",
            "module.function.data.archive_file.device_shadow_retrieve_zip",
            "module.function.data.archive_file.device_status_notify_zip",
            "module.function.data.archive_file.device_status_retrieve_zip",
            "module.function.data.archive_file.mqtt_common_layer_zip",
            "module.function.data.archive_file.mqtt_jitr_zip",
            "module.function.data.archive_file.msg_status_retrieve_zip",
            "module.function.data.archive_file.send_message_zip",
            "module.function.data.archive_file.ticket_response_update_zip",
            "module.function.null_resource.cleanup_cert_update_zip",
            "module.function.null_resource.cleanup_common_layer_zip",
            "module.function.null_resource.cleanup_device_iotcore_zip",
            "module.function.null_resource.cleanup_device_presence_zip",
            "module.function.null_resource.cleanup_device_prohibit_zip",
            "module.function.null_resource.cleanup_device_shadow_zip",
            "module.function.null_resource.cleanup_device_status_zip",
            "module.function.null_resource.cleanup_mqtt_jitr_zip",
            "module.function.null_resource.cleanup_send_message_zip",
            "module.function.null_resource.cleanup_status_notify_zip",
            "module.function.null_resource.cleanup_status_retrieve_zip",
            "module.function.null_resource.cleanup_ticket_response_zip",
            "module.sqs.aws_sqs_queue.cert_update_notify",
            "module.sqs.aws_sqs_queue.presence_data_notify",
            "module.sqs.aws_sqs_queue.ticket_notify",
            "module.sqs.aws_sqs_queue_policy.policy_cert_update_notify",
            "module.sqs.aws_sqs_queue_policy.policy_ticket_notify",
            "module.sqs.aws_sqs_queue_policy.presence_data_notify"
          ]
        }
      ]
    },
    {
      "module": "module.apigateway",
      "mode": "managed",
      "type": "aws_api_gateway_resource",
      "name": "tickets",
      "provider": "provider[\"registry.terraform.io/hashicorp/aws\"]",
      "instances": [
        {
          "schema_version": 0,
          "attributes": {
            "id": "jvaqux",
            "parent_id": "cx19c1sd5g",
            "path": "/tickets",
            "path_part": "tickets",
            "region": "ap-northeast-1",
            "rest_api_id": "12ehl8kole"
          },
          "sensitive_attributes": [],
          "identity_schema_version": 0,
          "private": "bnVsbA==",
          "dependencies": [
            "data.aws_caller_identity.current",
            "module.apigateway.aws_api_gateway_rest_api.mqtt_server",
            "module.function.aws_lambda_event_source_mapping.trigger-cert-update",
            "module.function.aws_lambda_event_source_mapping.trigger-send-message",
            "module.function.aws_lambda_function.MQTT-CERT-UPDATE",
            "module.function.aws_lambda_function.MQTT-DEVICE-IOTCORE-ACCESS",
            "module.function.aws_lambda_function.MQTT-DEVICE-IOTCORE-PROHIBIT",
            "module.function.aws_lambda_function.MQTT-DEVICE-PRESENCE-UPDATE",
            "module.function.aws_lambda_function.MQTT-DEVICE-SHADOW-RETRIEVE",
            "module.function.aws_lambda_function.MQTT-DEVICE-STATUS-NOTIFY",
            "module.function.aws_lambda_function.MQTT-DEVICE-STATUS-RETRIEVE",
            "module.function.aws_lambda_function.MQTT-JITR",
            "module.function.aws_lambda_function.MQTT-MSG-STATUS-RETRIEVE",
            "module.function.aws_lambda_function.MQTT-SEND-MESSAGE",
            "module.function.aws_lambda_function.MQTT-TICKET-RESPONSE-UPDATE",
            "module.function.aws_lambda_layer_version.mqtt_common_layer",
            "module.function.data.archive_file.cret_update_zip",
            "module.function.data.archive_file.device_iotcore_access_zip",
            "module.function.data.archive_file.device_iotcore_prohibit_zip",
            "module.function.data.archive_file.device_presence_update_zip",
            "module.function.data.archive_file.device_shadow_retrieve_zip",
            "module.function.data.archive_file.device_status_notify_zip",
            "module.function.data.archive_file.device_status_retrieve_zip",
            "module.function.data.archive_file.mqtt_common_layer_zip",
            "module.function.data.archive_file.mqtt_jitr_zip",
            "module.function.data.archive_file.msg_status_retrieve_zip",
            "module.function.data.archive_file.send_message_zip",
            "module.function.data.archive_file.ticket_response_update_zip",
            "module.function.null_resource.cleanup_cert_update_zip",
            "module.function.null_resource.cleanup_common_layer_zip",
            "module.function.null_resource.cleanup_device_iotcore_zip",
            "module.function.null_resource.cleanup_device_presence_zip",
            "module.function.null_resource.cleanup_device_prohibit_zip",
            "module.function.null_resource.cleanup_device_shadow_zip",
            "module.function.null_resource.cleanup_device_status_zip",
            "module.function.null_resource.cleanup_mqtt_jitr_zip",
            "module.function.null_resource.cleanup_send_message_zip",
            "module.function.null_resource.cleanup_status_notify_zip",
            "module.function.null_resource.cleanup_status_retrieve_zip",
            "module.function.null_resource.cleanup_ticket_response_zip",
            "module.sqs.aws_sqs_queue.cert_update_notify",
            "module.sqs.aws_sqs_queue.presence_data_notify",
            "module.sqs.aws_sqs_queue.ticket_notify",
            "module.sqs.aws_sqs_queue_policy.policy_cert_update_notify",
            "module.sqs.aws_sqs_queue_policy.policy_ticket_notify",
            "module.sqs.aws_sqs_queue_policy.presence_data_notify"
          ]
        }
      ]
    },
    {
      "module": "module.apigateway",
      "mode": "managed",
      "type": "aws_api_gateway_resource",
      "name": "tickets_messageId",
      "provider": "provider[\"registry.terraform.io/hashicorp/aws\"]",
      "instances": [
        {
          "schema_version": 0,
          "attributes": {
            "id": "kioq4v",
            "parent_id": "jvaqux",
            "path": "/tickets/{messageId}",
            "path_part": "{messageId}",
            "region": "ap-northeast-1",
            "rest_api_id": "12ehl8kole"
          },
          "sensitive_attributes": [],
          "identity_schema_version": 0,
          "private": "bnVsbA==",
          "dependencies": [
            "data.aws_caller_identity.current",
            "module.apigateway.aws_api_gateway_resource.tickets",
            "module.apigateway.aws_api_gateway_rest_api.mqtt_server",
            "module.function.aws_lambda_event_source_mapping.trigger-cert-update",
            "module.function.aws_lambda_event_source_mapping.trigger-send-message",
            "module.function.aws_lambda_function.MQTT-CERT-UPDATE",
            "module.function.aws_lambda_function.MQTT-DEVICE-IOTCORE-ACCESS",
            "module.function.aws_lambda_function.MQTT-DEVICE-IOTCORE-PROHIBIT",
            "module.function.aws_lambda_function.MQTT-DEVICE-PRESENCE-UPDATE",
            "module.function.aws_lambda_function.MQTT-DEVICE-SHADOW-RETRIEVE",
            "module.function.aws_lambda_function.MQTT-DEVICE-STATUS-NOTIFY",
            "module.function.aws_lambda_function.MQTT-DEVICE-STATUS-RETRIEVE",
            "module.function.aws_lambda_function.MQTT-JITR",
            "module.function.aws_lambda_function.MQTT-MSG-STATUS-RETRIEVE",
            "module.function.aws_lambda_function.MQTT-SEND-MESSAGE",
            "module.function.aws_lambda_function.MQTT-TICKET-RESPONSE-UPDATE",
            "module.function.aws_lambda_layer_version.mqtt_common_layer",
            "module.function.data.archive_file.cret_update_zip",
            "module.function.data.archive_file.device_iotcore_access_zip",
            "module.function.data.archive_file.device_iotcore_prohibit_zip",
            "module.function.data.archive_file.device_presence_update_zip",
            "module.function.data.archive_file.device_shadow_retrieve_zip",
            "module.function.data.archive_file.device_status_notify_zip",
            "module.function.data.archive_file.device_status_retrieve_zip",
            "module.function.data.archive_file.mqtt_common_layer_zip",
            "module.function.data.archive_file.mqtt_jitr_zip",
            "module.function.data.archive_file.msg_status_retrieve_zip",
            "module.function.data.archive_file.send_message_zip",
            "module.function.data.archive_file.ticket_response_update_zip",
            "module.function.null_resource.cleanup_cert_update_zip",
            "module.function.null_resource.cleanup_common_layer_zip",
            "module.function.null_resource.cleanup_device_iotcore_zip",
            "module.function.null_resource.cleanup_device_presence_zip",
            "module.function.null_resource.cleanup_device_prohibit_zip",
            "module.function.null_resource.cleanup_device_shadow_zip",
            "module.function.null_resource.cleanup_device_status_zip",
            "module.function.null_resource.cleanup_mqtt_jitr_zip",
            "module.function.null_resource.cleanup_send_message_zip",
            "module.function.null_resource.cleanup_status_notify_zip",
            "module.function.null_resource.cleanup_status_retrieve_zip",
            "module.function.null_resource.cleanup_ticket_response_zip",
            "module.sqs.aws_sqs_queue.cert_update_notify",
            "module.sqs.aws_sqs_queue.presence_data_notify",
            "module.sqs.aws_sqs_queue.ticket_notify",
            "module.sqs.aws_sqs_queue_policy.policy_cert_update_notify",
            "module.sqs.aws_sqs_queue_policy.policy_ticket_notify",
            "module.sqs.aws_sqs_queue_policy.presence_data_notify"
          ]
        }
      ]
    },
    {
      "module": "module.apigateway",
      "mode": "managed",
      "type": "aws_api_gateway_resource",
      "name": "tickets_messageId_deviceId",
      "provider": "provider[\"registry.terraform.io/hashicorp/aws\"]",
      "instances": [
        {
          "schema_version": 0,
          "attributes": {
            "id": "2aifel",
            "parent_id": "kioq4v",
            "path": "/tickets/{messageId}/{deviceId}",
            "path_part": "{deviceId}",
            "region": "ap-northeast-1",
            "rest_api_id": "12ehl8kole"
          },
          "sensitive_attributes": [],
          "identity_schema_version": 0,
          "private": "bnVsbA==",
          "dependencies": [
            "data.aws_caller_identity.current",
            "module.apigateway.aws_api_gateway_resource.tickets",
            "module.apigateway.aws_api_gateway_resource.tickets_messageId",
            "module.apigateway.aws_api_gateway_rest_api.mqtt_server",
            "module.function.aws_lambda_event_source_mapping.trigger-cert-update",
            "module.function.aws_lambda_event_source_mapping.trigger-send-message",
            "module.function.aws_lambda_function.MQTT-CERT-UPDATE",
            "module.function.aws_lambda_function.MQTT-DEVICE-IOTCORE-ACCESS",
            "module.function.aws_lambda_function.MQTT-DEVICE-IOTCORE-PROHIBIT",
            "module.function.aws_lambda_function.MQTT-DEVICE-PRESENCE-UPDATE",
            "module.function.aws_lambda_function.MQTT-DEVICE-SHADOW-RETRIEVE",
            "module.function.aws_lambda_function.MQTT-DEVICE-STATUS-NOTIFY",
            "module.function.aws_lambda_function.MQTT-DEVICE-STATUS-RETRIEVE",
            "module.function.aws_lambda_function.MQTT-JITR",
            "module.function.aws_lambda_function.MQTT-MSG-STATUS-RETRIEVE",
            "module.function.aws_lambda_function.MQTT-SEND-MESSAGE",
            "module.function.aws_lambda_function.MQTT-TICKET-RESPONSE-UPDATE",
            "module.function.aws_lambda_layer_version.mqtt_common_layer",
            "module.function.data.archive_file.cret_update_zip",
            "module.function.data.archive_file.device_iotcore_access_zip",
            "module.function.data.archive_file.device_iotcore_prohibit_zip",
            "module.function.data.archive_file.device_presence_update_zip",
            "module.function.data.archive_file.device_shadow_retrieve_zip",
            "module.function.data.archive_file.device_status_notify_zip",
            "module.function.data.archive_file.device_status_retrieve_zip",
            "module.function.data.archive_file.mqtt_common_layer_zip",
            "module.function.data.archive_file.mqtt_jitr_zip",
            "module.function.data.archive_file.msg_status_retrieve_zip",
            "module.function.data.archive_file.send_message_zip",
            "module.function.data.archive_file.ticket_response_update_zip",
            "module.function.null_resource.cleanup_cert_update_zip",
            "module.function.null_resource.cleanup_common_layer_zip",
            "module.function.null_resource.cleanup_device_iotcore_zip",
            "module.function.null_resource.cleanup_device_presence_zip",
            "module.function.null_resource.cleanup_device_prohibit_zip",
            "module.function.null_resource.cleanup_device_shadow_zip",
            "module.function.null_resource.cleanup_device_status_zip",
            "module.function.null_resource.cleanup_mqtt_jitr_zip",
            "module.function.null_resource.cleanup_send_message_zip",
            "module.function.null_resource.cleanup_status_notify_zip",
            "module.function.null_resource.cleanup_status_retrieve_zip",
            "module.function.null_resource.cleanup_ticket_response_zip",
            "module.sqs.aws_sqs_queue.cert_update_notify",
            "module.sqs.aws_sqs_queue.presence_data_notify",
            "module.sqs.aws_sqs_queue.ticket_notify",
            "module.sqs.aws_sqs_queue_policy.policy_cert_update_notify",
            "module.sqs.aws_sqs_queue_policy.policy_ticket_notify",
            "module.sqs.aws_sqs_queue_policy.presence_data_notify"
          ]
        }
      ]
    },
    {
      "module": "module.apigateway",
      "mode": "managed",
      "type": "aws_api_gateway_resource",
      "name": "tickets_send",
      "provider": "provider[\"registry.terraform.io/hashicorp/aws\"]",
      "instances": [
        {
          "schema_version": 0,
          "attributes": {
            "id": "7y5rei",
            "parent_id": "jvaqux",
            "path": "/tickets/send",
            "path_part": "send",
            "region": "ap-northeast-1",
            "rest_api_id": "12ehl8kole"
          },
          "sensitive_attributes": [],
          "identity_schema_version": 0,
          "private": "bnVsbA==",
          "dependencies": [
            "data.aws_caller_identity.current",
            "module.apigateway.aws_api_gateway_resource.tickets",
            "module.apigateway.aws_api_gateway_rest_api.mqtt_server",
            "module.function.aws_lambda_event_source_mapping.trigger-cert-update",
            "module.function.aws_lambda_event_source_mapping.trigger-send-message",
            "module.function.aws_lambda_function.MQTT-CERT-UPDATE",
            "module.function.aws_lambda_function.MQTT-DEVICE-IOTCORE-ACCESS",
            "module.function.aws_lambda_function.MQTT-DEVICE-IOTCORE-PROHIBIT",
            "module.function.aws_lambda_function.MQTT-DEVICE-PRESENCE-UPDATE",
            "module.function.aws_lambda_function.MQTT-DEVICE-SHADOW-RETRIEVE",
            "module.function.aws_lambda_function.MQTT-DEVICE-STATUS-NOTIFY",
            "module.function.aws_lambda_function.MQTT-DEVICE-STATUS-RETRIEVE",
            "module.function.aws_lambda_function.MQTT-JITR",
            "module.function.aws_lambda_function.MQTT-MSG-STATUS-RETRIEVE",
            "module.function.aws_lambda_function.MQTT-SEND-MESSAGE",
            "module.function.aws_lambda_function.MQTT-TICKET-RESPONSE-UPDATE",
            "module.function.aws_lambda_layer_version.mqtt_common_layer",
            "module.function.data.archive_file.cret_update_zip",
            "module.function.data.archive_file.device_iotcore_access_zip",
            "module.function.data.archive_file.device_iotcore_prohibit_zip",
            "module.function.data.archive_file.device_presence_update_zip",
            "module.function.data.archive_file.device_shadow_retrieve_zip",
            "module.function.data.archive_file.device_status_notify_zip",
            "module.function.data.archive_file.device_status_retrieve_zip",
            "module.function.data.archive_file.mqtt_common_layer_zip",
            "module.function.data.archive_file.mqtt_jitr_zip",
            "module.function.data.archive_file.msg_status_retrieve_zip",
            "module.function.data.archive_file.send_message_zip",
            "module.function.data.archive_file.ticket_response_update_zip",
            "module.function.null_resource.cleanup_cert_update_zip",
            "module.function.null_resource.cleanup_common_layer_zip",
            "module.function.null_resource.cleanup_device_iotcore_zip",
            "module.function.null_resource.cleanup_device_presence_zip",
            "module.function.null_resource.cleanup_device_prohibit_zip",
            "module.function.null_resource.cleanup_device_shadow_zip",
            "module.function.null_resource.cleanup_device_status_zip",
            "module.function.null_resource.cleanup_mqtt_jitr_zip",
            "module.function.null_resource.cleanup_send_message_zip",
            "module.function.null_resource.cleanup_status_notify_zip",
            "module.function.null_resource.cleanup_status_retrieve_zip",
            "module.function.null_resource.cleanup_ticket_response_zip",
            "module.sqs.aws_sqs_queue.cert_update_notify",
            "module.sqs.aws_sqs_queue.presence_data_notify",
            "module.sqs.aws_sqs_queue.ticket_notify",
            "module.sqs.aws_sqs_queue_policy.policy_cert_update_notify",
            "module.sqs.aws_sqs_queue_policy.policy_ticket_notify",
            "module.sqs.aws_sqs_queue_policy.presence_data_notify"
          ]
        }
      ]
    },
    {
      "module": "module.apigateway",
      "mode": "managed",
      "type": "aws_api_gateway_rest_api",
      "name": "mqtt_server",
      "provider": "provider[\"registry.terraform.io/hashicorp/aws\"]",
      "instances": [
        {
          "schema_version": 0,
          "attributes": {
            "api_key_source": "HEADER",
            "arn": "arn:aws:apigateway:ap-northeast-1::/restapis/12ehl8kole",
            "binary_media_types": [],
            "body": null,
            "created_date": "2026-01-20T09:32:29Z",
            "description": "",
            "disable_execute_api_endpoint": true,
            "endpoint_configuration": [
              {
                "ip_address_type": "dualstack",
                "types": [
                  "REGIONAL"
                ],
                "vpc_endpoint_ids": []
              }
            ],
            "execution_arn": "arn:aws:execute-api:ap-northeast-1:277403262470:12ehl8kole",
            "fail_on_warnings": null,
            "id": "12ehl8kole",
            "minimum_compression_size": "",
            "name": "RSPMQTTServer",
            "parameters": null,
            "policy": "{\"Version\":\"2012-10-17\",\"Statement\":[{\"Effect\":\"Allow\",\"Principal\":\"*\",\"Action\":\"execute-api:Invoke\",\"Resource\":\"arn:aws:execute-api:ap-northeast-1:277403262470:12ehl8kole/*\",\"Condition\":{\"IpAddress\":{\"aws:SourceIp\":[\"13.231.65.87/32\",\"52.198.227.24/32\"]}}}]}",
            "put_rest_api_mode": null,
            "region": "ap-northeast-1",
            "root_resource_id": "cx19c1sd5g",
            "tags": {},
            "tags_all": {}
          },
          "sensitive_attributes": [],
          "identity_schema_version": 0,
          "private": "bnVsbA==",
          "dependencies": [
            "data.aws_caller_identity.current",
            "module.function.aws_lambda_event_source_mapping.trigger-cert-update",
            "module.function.aws_lambda_event_source_mapping.trigger-send-message",
            "module.function.aws_lambda_function.MQTT-CERT-UPDATE",
            "module.function.aws_lambda_function.MQTT-DEVICE-IOTCORE-ACCESS",
            "module.function.aws_lambda_function.MQTT-DEVICE-IOTCORE-PROHIBIT",
            "module.function.aws_lambda_function.MQTT-DEVICE-PRESENCE-UPDATE",
            "module.function.aws_lambda_function.MQTT-DEVICE-SHADOW-RETRIEVE",
            "module.function.aws_lambda_function.MQTT-DEVICE-STATUS-NOTIFY",
            "module.function.aws_lambda_function.MQTT-DEVICE-STATUS-RETRIEVE",
            "module.function.aws_lambda_function.MQTT-JITR",
            "module.function.aws_lambda_function.MQTT-MSG-STATUS-RETRIEVE",
            "module.function.aws_lambda_function.MQTT-SEND-MESSAGE",
            "module.function.aws_lambda_function.MQTT-TICKET-RESPONSE-UPDATE",
            "module.function.aws_lambda_layer_version.mqtt_common_layer",
            "module.function.data.archive_file.cret_update_zip",
            "module.function.data.archive_file.device_iotcore_access_zip",
            "module.function.data.archive_file.device_iotcore_prohibit_zip",
            "module.function.data.archive_file.device_presence_update_zip",
            "module.function.data.archive_file.device_shadow_retrieve_zip",
            "module.function.data.archive_file.device_status_notify_zip",
            "module.function.data.archive_file.device_status_retrieve_zip",
            "module.function.data.archive_file.mqtt_common_layer_zip",
            "module.function.data.archive_file.mqtt_jitr_zip",
            "module.function.data.archive_file.msg_status_retrieve_zip",
            "module.function.data.archive_file.send_message_zip",
            "module.function.data.archive_file.ticket_response_update_zip",
            "module.function.null_resource.cleanup_cert_update_zip",
            "module.function.null_resource.cleanup_common_layer_zip",
            "module.function.null_resource.cleanup_device_iotcore_zip",
            "module.function.null_resource.cleanup_device_presence_zip",
            "module.function.null_resource.cleanup_device_prohibit_zip",
            "module.function.null_resource.cleanup_device_shadow_zip",
            "module.function.null_resource.cleanup_device_status_zip",
            "module.function.null_resource.cleanup_mqtt_jitr_zip",
            "module.function.null_resource.cleanup_send_message_zip",
            "module.function.null_resource.cleanup_status_notify_zip",
            "module.function.null_resource.cleanup_status_retrieve_zip",
            "module.function.null_resource.cleanup_ticket_response_zip",
            "module.sqs.aws_sqs_queue.cert_update_notify",
            "module.sqs.aws_sqs_queue.presence_data_notify",
            "module.sqs.aws_sqs_queue.ticket_notify",
            "module.sqs.aws_sqs_queue_policy.policy_cert_update_notify",
            "module.sqs.aws_sqs_queue_policy.policy_ticket_notify",
            "module.sqs.aws_sqs_queue_policy.presence_data_notify"
          ]
        }
      ]
    },
    {
      "module": "module.apigateway",
      "mode": "managed",
      "type": "aws_api_gateway_rest_api",
      "name": "solution_mqtt_server",
      "provider": "provider[\"registry.terraform.io/hashicorp/aws\"]",
      "instances": [
        {
          "schema_version": 0,
          "attributes": {
            "api_key_source": "HEADER",
            "arn": "arn:aws:apigateway:ap-northeast-1::/restapis/blgspy2i4b",
            "binary_media_types": [],
            "body": null,
            "created_date": "2026-01-20T09:32:29Z",
            "description": "",
            "disable_execute_api_endpoint": true,
            "endpoint_configuration": [
              {
                "ip_address_type": "dualstack",
                "types": [
                  "REGIONAL"
                ],
                "vpc_endpoint_ids": []
              }
            ],
            "execution_arn": "arn:aws:execute-api:ap-northeast-1:277403262470:blgspy2i4b",
            "fail_on_warnings": null,
            "id": "blgspy2i4b",
            "minimum_compression_size": "",
            "name": "S2PFMQTTServer",
            "parameters": null,
            "policy": "",
            "put_rest_api_mode": null,
            "region": "ap-northeast-1",
            "root_resource_id": "hwhwsd77ea",
            "tags": {},
            "tags_all": {}
          },
          "sensitive_attributes": [],
          "identity_schema_version": 0,
          "private": "bnVsbA==",
          "dependencies": [
            "data.aws_caller_identity.current",
            "module.function.aws_lambda_event_source_mapping.trigger-cert-update",
            "module.function.aws_lambda_event_source_mapping.trigger-send-message",
            "module.function.aws_lambda_function.MQTT-CERT-UPDATE",
            "module.function.aws_lambda_function.MQTT-DEVICE-IOTCORE-ACCESS",
            "module.function.aws_lambda_function.MQTT-DEVICE-IOTCORE-PROHIBIT",
            "module.function.aws_lambda_function.MQTT-DEVICE-PRESENCE-UPDATE",
            "module.function.aws_lambda_function.MQTT-DEVICE-SHADOW-RETRIEVE",
            "module.function.aws_lambda_function.MQTT-DEVICE-STATUS-NOTIFY",
            "module.function.aws_lambda_function.MQTT-DEVICE-STATUS-RETRIEVE",
            "module.function.aws_lambda_function.MQTT-JITR",
            "module.function.aws_lambda_function.MQTT-MSG-STATUS-RETRIEVE",
            "module.function.aws_lambda_function.MQTT-SEND-MESSAGE",
            "module.function.aws_lambda_function.MQTT-TICKET-RESPONSE-UPDATE",
            "module.function.aws_lambda_layer_version.mqtt_common_layer",
            "module.function.data.archive_file.cret_update_zip",
            "module.function.data.archive_file.device_iotcore_access_zip",
            "module.function.data.archive_file.device_iotcore_prohibit_zip",
            "module.function.data.archive_file.device_presence_update_zip",
            "module.function.data.archive_file.device_shadow_retrieve_zip",
            "module.function.data.archive_file.device_status_notify_zip",
            "module.function.data.archive_file.device_status_retrieve_zip",
            "module.function.data.archive_file.mqtt_common_layer_zip",
            "module.function.data.archive_file.mqtt_jitr_zip",
            "module.function.data.archive_file.msg_status_retrieve_zip",
            "module.function.data.archive_file.send_message_zip",
            "module.function.data.archive_file.ticket_response_update_zip",
            "module.function.null_resource.cleanup_cert_update_zip",
            "module.function.null_resource.cleanup_common_layer_zip",
            "module.function.null_resource.cleanup_device_iotcore_zip",
            "module.function.null_resource.cleanup_device_presence_zip",
            "module.function.null_resource.cleanup_device_prohibit_zip",
            "module.function.null_resource.cleanup_device_shadow_zip",
            "module.function.null_resource.cleanup_device_status_zip",
            "module.function.null_resource.cleanup_mqtt_jitr_zip",
            "module.function.null_resource.cleanup_send_message_zip",
            "module.function.null_resource.cleanup_status_notify_zip",
            "module.function.null_resource.cleanup_status_retrieve_zip",
            "module.function.null_resource.cleanup_ticket_response_zip",
            "module.sqs.aws_sqs_queue.cert_update_notify",
            "module.sqs.aws_sqs_queue.presence_data_notify",
            "module.sqs.aws_sqs_queue.ticket_notify",
            "module.sqs.aws_sqs_queue_policy.policy_cert_update_notify",
            "module.sqs.aws_sqs_queue_policy.policy_ticket_notify",
            "module.sqs.aws_sqs_queue_policy.presence_data_notify"
          ]
        }
      ]
    },
    {
      "module": "module.apigateway",
      "mode": "managed",
      "type": "aws_api_gateway_rest_api",
      "name": "time_server",
      "provider": "provider[\"registry.terraform.io/hashicorp/aws\"]",
      "instances": [
        {
          "schema_version": 0,
          "attributes": {
            "api_key_source": "HEADER",
            "arn": "arn:aws:apigateway:ap-northeast-1::/restapis/igcsl55jl2",
            "binary_media_types": [],
            "body": null,
            "created_date": "2026-01-20T09:32:29Z",
            "description": "",
            "disable_execute_api_endpoint": true,
            "endpoint_configuration": [
              {
                "ip_address_type": "dualstack",
                "types": [
                  "REGIONAL"
                ],
                "vpc_endpoint_ids": []
              }
            ],
            "execution_arn": "arn:aws:execute-api:ap-northeast-1:277403262470:igcsl55jl2",
            "fail_on_warnings": null,
            "id": "igcsl55jl2",
            "minimum_compression_size": "",
            "name": "TimeServer",
            "parameters": null,
            "policy": "",
            "put_rest_api_mode": null,
            "region": "ap-northeast-1",
            "root_resource_id": "1fhgyinmod",
            "tags": {},
            "tags_all": {}
          },
          "sensitive_attributes": [],
          "identity_schema_version": 0,
          "private": "bnVsbA==",
          "dependencies": [
            "data.aws_caller_identity.current",
            "module.function.aws_lambda_event_source_mapping.trigger-cert-update",
            "module.function.aws_lambda_event_source_mapping.trigger-send-message",
            "module.function.aws_lambda_function.MQTT-CERT-UPDATE",
            "module.function.aws_lambda_function.MQTT-DEVICE-IOTCORE-ACCESS",
            "module.function.aws_lambda_function.MQTT-DEVICE-IOTCORE-PROHIBIT",
            "module.function.aws_lambda_function.MQTT-DEVICE-PRESENCE-UPDATE",
            "module.function.aws_lambda_function.MQTT-DEVICE-SHADOW-RETRIEVE",
            "module.function.aws_lambda_function.MQTT-DEVICE-STATUS-NOTIFY",
            "module.function.aws_lambda_function.MQTT-DEVICE-STATUS-RETRIEVE",
            "module.function.aws_lambda_function.MQTT-JITR",
            "module.function.aws_lambda_function.MQTT-MSG-STATUS-RETRIEVE",
            "module.function.aws_lambda_function.MQTT-SEND-MESSAGE",
            "module.function.aws_lambda_function.MQTT-TICKET-RESPONSE-UPDATE",
            "module.function.aws_lambda_layer_version.mqtt_common_layer",
            "module.function.data.archive_file.cret_update_zip",
            "module.function.data.archive_file.device_iotcore_access_zip",
            "module.function.data.archive_file.device_iotcore_prohibit_zip",
            "module.function.data.archive_file.device_presence_update_zip",
            "module.function.data.archive_file.device_shadow_retrieve_zip",
            "module.function.data.archive_file.device_status_notify_zip",
            "module.function.data.archive_file.device_status_retrieve_zip",
            "module.function.data.archive_file.mqtt_common_layer_zip",
            "module.function.data.archive_file.mqtt_jitr_zip",
            "module.function.data.archive_file.msg_status_retrieve_zip",
            "module.function.data.archive_file.send_message_zip",
            "module.function.data.archive_file.ticket_response_update_zip",
            "module.function.null_resource.cleanup_cert_update_zip",
            "module.function.null_resource.cleanup_common_layer_zip",
            "module.function.null_resource.cleanup_device_iotcore_zip",
            "module.function.null_resource.cleanup_device_presence_zip",
            "module.function.null_resource.cleanup_device_prohibit_zip",
            "module.function.null_resource.cleanup_device_shadow_zip",
            "module.function.null_resource.cleanup_device_status_zip",
            "module.function.null_resource.cleanup_mqtt_jitr_zip",
            "module.function.null_resource.cleanup_send_message_zip",
            "module.function.null_resource.cleanup_status_notify_zip",
            "module.function.null_resource.cleanup_status_retrieve_zip",
            "module.function.null_resource.cleanup_ticket_response_zip",
            "module.sqs.aws_sqs_queue.cert_update_notify",
            "module.sqs.aws_sqs_queue.presence_data_notify",
            "module.sqs.aws_sqs_queue.ticket_notify",
            "module.sqs.aws_sqs_queue_policy.policy_cert_update_notify",
            "module.sqs.aws_sqs_queue_policy.policy_ticket_notify",
            "module.sqs.aws_sqs_queue_policy.presence_data_notify"
          ]
        }
      ]
    },
    {
      "module": "module.apigateway",
      "mode": "managed",
      "type": "aws_api_gateway_rest_api_policy",
      "name": "mqtt_server",
      "provider": "provider[\"registry.terraform.io/hashicorp/aws\"]",
      "instances": [
        {
          "schema_version": 0,
          "attributes": {
            "id": "12ehl8kole",
            "policy": "{\"Version\":\"2012-10-17\",\"Statement\":[{\"Sid\":\"AllowSpecificIP\",\"Effect\":\"Allow\",\"Principal\":\"*\",\"Action\":\"execute-api:Invoke\",\"Resource\":\"arn:aws:execute-api:ap-northeast-1:277403262470:12ehl8kole/*\",\"Condition\":{\"IpAddress\":{\"aws:SourceIp\":[\"13.231.65.87/32\",\"52.198.227.24/32\"]}}}]}",
            "region": "ap-northeast-1",
            "rest_api_id": "12ehl8kole"
          },
          "sensitive_attributes": [],
          "identity_schema_version": 0,
          "private": "bnVsbA==",
          "dependencies": [
            "data.aws_caller_identity.current",
            "module.apigateway.aws_api_gateway_rest_api.mqtt_server",
            "module.function.aws_lambda_event_source_mapping.trigger-cert-update",
            "module.function.aws_lambda_event_source_mapping.trigger-send-message",
            "module.function.aws_lambda_function.MQTT-CERT-UPDATE",
            "module.function.aws_lambda_function.MQTT-DEVICE-IOTCORE-ACCESS",
            "module.function.aws_lambda_function.MQTT-DEVICE-IOTCORE-PROHIBIT",
            "module.function.aws_lambda_function.MQTT-DEVICE-PRESENCE-UPDATE",
            "module.function.aws_lambda_function.MQTT-DEVICE-SHADOW-RETRIEVE",
            "module.function.aws_lambda_function.MQTT-DEVICE-STATUS-NOTIFY",
            "module.function.aws_lambda_function.MQTT-DEVICE-STATUS-RETRIEVE",
            "module.function.aws_lambda_function.MQTT-JITR",
            "module.function.aws_lambda_function.MQTT-MSG-STATUS-RETRIEVE",
            "module.function.aws_lambda_function.MQTT-SEND-MESSAGE",
            "module.function.aws_lambda_function.MQTT-TICKET-RESPONSE-UPDATE",
            "module.function.aws_lambda_layer_version.mqtt_common_layer",
            "module.function.data.archive_file.cret_update_zip",
            "module.function.data.archive_file.device_iotcore_access_zip",
            "module.function.data.archive_file.device_iotcore_prohibit_zip",
            "module.function.data.archive_file.device_presence_update_zip",
            "module.function.data.archive_file.device_shadow_retrieve_zip",
            "module.function.data.archive_file.device_status_notify_zip",
            "module.function.data.archive_file.device_status_retrieve_zip",
            "module.function.data.archive_file.mqtt_common_layer_zip",
            "module.function.data.archive_file.mqtt_jitr_zip",
            "module.function.data.archive_file.msg_status_retrieve_zip",
            "module.function.data.archive_file.send_message_zip",
            "module.function.data.archive_file.ticket_response_update_zip",
            "module.function.null_resource.cleanup_cert_update_zip",
            "module.function.null_resource.cleanup_common_layer_zip",
            "module.function.null_resource.cleanup_device_iotcore_zip",
            "module.function.null_resource.cleanup_device_presence_zip",
            "module.function.null_resource.cleanup_device_prohibit_zip",
            "module.function.null_resource.cleanup_device_shadow_zip",
            "module.function.null_resource.cleanup_device_status_zip",
            "module.function.null_resource.cleanup_mqtt_jitr_zip",
            "module.function.null_resource.cleanup_send_message_zip",
            "module.function.null_resource.cleanup_status_notify_zip",
            "module.function.null_resource.cleanup_status_retrieve_zip",
            "module.function.null_resource.cleanup_ticket_response_zip",
            "module.sqs.aws_sqs_queue.cert_update_notify",
            "module.sqs.aws_sqs_queue.presence_data_notify",
            "module.sqs.aws_sqs_queue.ticket_notify",
            "module.sqs.aws_sqs_queue_policy.policy_cert_update_notify",
            "module.sqs.aws_sqs_queue_policy.policy_ticket_notify",
            "module.sqs.aws_sqs_queue_policy.presence_data_notify"
          ]
        }
      ]
    },
    {
      "module": "module.apigateway",
      "mode": "managed",
      "type": "aws_api_gateway_stage",
      "name": "mqtt_server_api_stage",
      "provider": "provider[\"registry.terraform.io/hashicorp/aws\"]",
      "instances": [
        {
          "schema_version": 0,
          "attributes": {
            "access_log_settings": [
              {
                "destination_arn": "arn:aws:logs:ap-northeast-1:277403262470:log-group:API-Gateway-Execution-Logs_12ehl8kole/default",
                "format": "$context.requestId srcIP: $context.identity.sourceIp, date: $context.requestTime, http method: $context.httpMethod $context.resourcePath, return code: $context.status, error: $context.error.message"
              }
            ],
            "arn": "arn:aws:apigateway:ap-northeast-1::/restapis/12ehl8kole/stages/default",
            "cache_cluster_enabled": false,
            "cache_cluster_size": "",
            "canary_settings": [],
            "client_certificate_id": "",
            "deployment_id": "0m6rro",
            "description": "",
            "documentation_version": "",
            "execution_arn": "arn:aws:execute-api:ap-northeast-1:277403262470:12ehl8kole/default",
            "id": "ags-12ehl8kole-default",
            "invoke_url": "https://12ehl8kole.execute-api.ap-northeast-1.amazonaws.com/default",
            "region": "ap-northeast-1",
            "rest_api_id": "12ehl8kole",
            "stage_name": "default",
            "tags": {},
            "tags_all": {},
            "variables": {},
            "web_acl_arn": "",
            "xray_tracing_enabled": false
          },
          "sensitive_attributes": [],
          "identity_schema_version": 0,
          "private": "bnVsbA==",
          "dependencies": [
            "data.aws_caller_identity.current",
            "module.apigateway.aws_api_gateway_account.mqtt_server_api_account",
            "module.apigateway.aws_api_gateway_deployment.mqtt_server_api_deployment",
            "module.apigateway.aws_api_gateway_integration.devices_deviceId_connectionStatus_lambda_integration",
            "module.apigateway.aws_api_gateway_integration.prohibited_devices_add_lambda_integration",
            "module.apigateway.aws_api_gateway_integration.prohibited_devices_remove_lambda_integration",
            "module.apigateway.aws_api_gateway_integration.tickets_groupId_lambda_integration",
            "module.apigateway.aws_api_gateway_integration.tickets_messageId_deviceId_lambda_integration",
            "module.apigateway.aws_api_gateway_integration.tickets_messageId_lambda_integration",
            "module.apigateway.aws_api_gateway_integration.tickets_send_sqs_integration",
            "module.apigateway.aws_api_gateway_method.get_devices_deviceId_connectionStatus",
            "module.apigateway.aws_api_gateway_method.get_tickets_groupId",
            "module.apigateway.aws_api_gateway_method.get_tickets_messageId",
            "module.apigateway.aws_api_gateway_method.get_tickets_messageId_deviceId",
            "module.apigateway.aws_api_gateway_method.post_tickets_send",
            "module.apigateway.aws_api_gateway_method.prohibited_devices_add",
            "module.apigateway.aws_api_gateway_method.prohibited_devices_remove",
            "module.apigateway.aws_api_gateway_resource.devices",
            "module.apigateway.aws_api_gateway_resource.devices_deviceId",
            "module.apigateway.aws_api_gateway_resource.devices_deviceId_connectionStatus",
            "module.apigateway.aws_api_gateway_resource.prohibited_devices",
            "module.apigateway.aws_api_gateway_resource.prohibited_devices_add",
            "module.apigateway.aws_api_gateway_resource.prohibited_devices_remove",
            "module.apigateway.aws_api_gateway_resource.tickets",
            "module.apigateway.aws_api_gateway_resource.tickets_messageId",
            "module.apigateway.aws_api_gateway_resource.tickets_messageId_deviceId",
            "module.apigateway.aws_api_gateway_resource.tickets_send",
            "module.apigateway.aws_api_gateway_rest_api.mqtt_server",
            "module.apigateway.aws_cloudwatch_log_group.mqtt_server_logs",
            "module.function.aws_lambda_event_source_mapping.trigger-cert-update",
            "module.function.aws_lambda_event_source_mapping.trigger-send-message",
            "module.function.aws_lambda_function.MQTT-CERT-UPDATE",
            "module.function.aws_lambda_function.MQTT-DEVICE-IOTCORE-ACCESS",
            "module.function.aws_lambda_function.MQTT-DEVICE-IOTCORE-PROHIBIT",
            "module.function.aws_lambda_function.MQTT-DEVICE-PRESENCE-UPDATE",
            "module.function.aws_lambda_function.MQTT-DEVICE-SHADOW-RETRIEVE",
            "module.function.aws_lambda_function.MQTT-DEVICE-STATUS-NOTIFY",
            "module.function.aws_lambda_function.MQTT-DEVICE-STATUS-RETRIEVE",
            "module.function.aws_lambda_function.MQTT-JITR",
            "module.function.aws_lambda_function.MQTT-MSG-STATUS-RETRIEVE",
            "module.function.aws_lambda_function.MQTT-SEND-MESSAGE",
            "module.function.aws_lambda_function.MQTT-TICKET-RESPONSE-UPDATE",
            "module.function.aws_lambda_layer_version.mqtt_common_layer",
            "module.function.data.archive_file.cret_update_zip",
            "module.function.data.archive_file.device_iotcore_access_zip",
            "module.function.data.archive_file.device_iotcore_prohibit_zip",
            "module.function.data.archive_file.device_presence_update_zip",
            "module.function.data.archive_file.device_shadow_retrieve_zip",
            "module.function.data.archive_file.device_status_notify_zip",
            "module.function.data.archive_file.device_status_retrieve_zip",
            "module.function.data.archive_file.mqtt_common_layer_zip",
            "module.function.data.archive_file.mqtt_jitr_zip",
            "module.function.data.archive_file.msg_status_retrieve_zip",
            "module.function.data.archive_file.send_message_zip",
            "module.function.data.archive_file.ticket_response_update_zip",
            "module.function.null_resource.cleanup_cert_update_zip",
            "module.function.null_resource.cleanup_common_layer_zip",
            "module.function.null_resource.cleanup_device_iotcore_zip",
            "module.function.null_resource.cleanup_device_presence_zip",
            "module.function.null_resource.cleanup_device_prohibit_zip",
            "module.function.null_resource.cleanup_device_shadow_zip",
            "module.function.null_resource.cleanup_device_status_zip",
            "module.function.null_resource.cleanup_mqtt_jitr_zip",
            "module.function.null_resource.cleanup_send_message_zip",
            "module.function.null_resource.cleanup_status_notify_zip",
            "module.function.null_resource.cleanup_status_retrieve_zip",
            "module.function.null_resource.cleanup_ticket_response_zip",
            "module.sqs.aws_sqs_queue.cert_update_notify",
            "module.sqs.aws_sqs_queue.presence_data_notify",
            "module.sqs.aws_sqs_queue.ticket_notify",
            "module.sqs.aws_sqs_queue_policy.policy_cert_update_notify",
            "module.sqs.aws_sqs_queue_policy.policy_ticket_notify",
            "module.sqs.aws_sqs_queue_policy.presence_data_notify"
          ]
        }
      ]
    },
    {
      "module": "module.apigateway",
      "mode": "managed",
      "type": "aws_api_gateway_stage",
      "name": "mqtt_server_solution_api_stage",
      "provider": "provider[\"registry.terraform.io/hashicorp/aws\"]",
      "instances": [
        {
          "schema_version": 0,
          "attributes": {
            "access_log_settings": [
              {
                "destination_arn": "arn:aws:logs:ap-northeast-1:277403262470:log-group:API-Gateway-Execution-Logs_blgspy2i4b/default",
                "format": "$context.requestId srcIP: $context.identity.sourceIp, date: $context.requestTime, http method: $context.httpMethod $context.resourcePath, return code: $context.status, error: $context.error.message"
              }
            ],
            "arn": "arn:aws:apigateway:ap-northeast-1::/restapis/blgspy2i4b/stages/default",
            "cache_cluster_enabled": false,
            "cache_cluster_size": "",
            "canary_settings": [],
            "client_certificate_id": "",
            "deployment_id": "mz09te",
            "description": "",
            "documentation_version": "",
            "execution_arn": "arn:aws:execute-api:ap-northeast-1:277403262470:blgspy2i4b/default",
            "id": "ags-blgspy2i4b-default",
            "invoke_url": "https://blgspy2i4b.execute-api.ap-northeast-1.amazonaws.com/default",
            "region": "ap-northeast-1",
            "rest_api_id": "blgspy2i4b",
            "stage_name": "default",
            "tags": {},
            "tags_all": {},
            "variables": {},
            "web_acl_arn": "",
            "xray_tracing_enabled": false
          },
          "sensitive_attributes": [],
          "identity_schema_version": 0,
          "private": "bnVsbA==",
          "dependencies": [
            "data.aws_caller_identity.current",
            "module.apigateway.aws_api_gateway_account.mqtt_server_solution_api_account",
            "module.apigateway.aws_api_gateway_deployment.mqtt_server_sol_api_deployment",
            "module.apigateway.aws_api_gateway_integration.device_deviceId_shadows_name_lambda_integration",
            "module.apigateway.aws_api_gateway_integration.iwsapp_message_send_sqs_integration",
            "module.apigateway.aws_api_gateway_integration.plugin_message_send_sqs_integration",
            "module.apigateway.aws_api_gateway_integration.sol_device_deviceId_connection_status_lambda_integration",
            "module.apigateway.aws_api_gateway_integration.sol_tickets_groupId_lambda_integration",
            "module.apigateway.aws_api_gateway_integration.sol_tickets_messageId_deviceId_lambda_integration",
            "module.apigateway.aws_api_gateway_integration.sol_tickets_messageId_lambda_integration",
            "module.apigateway.aws_api_gateway_method.get_device_deviceId_connection_status",
            "module.apigateway.aws_api_gateway_method.get_device_deviceId_shadows_name",
            "module.apigateway.aws_api_gateway_method.get_sol_tickets_groupId",
            "module.apigateway.aws_api_gateway_method.get_sol_tickets_messageId",
            "module.apigateway.aws_api_gateway_method.get_sol_tickets_messageId_deviceId",
            "module.apigateway.aws_api_gateway_method.iwsapp_message_send",
            "module.apigateway.aws_api_gateway_method.plugin_message_send",
            "module.apigateway.aws_api_gateway_resource.device_deviceId_connection_status",
            "module.apigateway.aws_api_gateway_resource.device_deviceId_shadows",
            "module.apigateway.aws_api_gateway_resource.device_deviceId_shadows_name",
            "module.apigateway.aws_api_gateway_resource.iwsapp_message",
            "module.apigateway.aws_api_gateway_resource.iwsapp_message_send",
            "module.apigateway.aws_api_gateway_resource.plugin_message",
            "module.apigateway.aws_api_gateway_resource.plugin_message_send",
            "module.apigateway.aws_api_gateway_resource.sol_device_deviceId",
            "module.apigateway.aws_api_gateway_resource.sol_devices",
            "module.apigateway.aws_api_gateway_resource.sol_tickets",
            "module.apigateway.aws_api_gateway_resource.sol_tickets_messageId",
            "module.apigateway.aws_api_gateway_resource.sol_tickets_messageId_deviceId",
            "module.apigateway.aws_api_gateway_rest_api.solution_mqtt_server",
            "module.apigateway.aws_cloudwatch_log_group.mqtt_server_solution_logs",
            "module.function.aws_lambda_event_source_mapping.trigger-cert-update",
            "module.function.aws_lambda_event_source_mapping.trigger-send-message",
            "module.function.aws_lambda_function.MQTT-CERT-UPDATE",
            "module.function.aws_lambda_function.MQTT-DEVICE-IOTCORE-ACCESS",
            "module.function.aws_lambda_function.MQTT-DEVICE-IOTCORE-PROHIBIT",
            "module.function.aws_lambda_function.MQTT-DEVICE-PRESENCE-UPDATE",
            "module.function.aws_lambda_function.MQTT-DEVICE-SHADOW-RETRIEVE",
            "module.function.aws_lambda_function.MQTT-DEVICE-STATUS-NOTIFY",
            "module.function.aws_lambda_function.MQTT-DEVICE-STATUS-RETRIEVE",
            "module.function.aws_lambda_function.MQTT-JITR",
            "module.function.aws_lambda_function.MQTT-MSG-STATUS-RETRIEVE",
            "module.function.aws_lambda_function.MQTT-SEND-MESSAGE",
            "module.function.aws_lambda_function.MQTT-TICKET-RESPONSE-UPDATE",
            "module.function.aws_lambda_layer_version.mqtt_common_layer",
            "module.function.data.archive_file.cret_update_zip",
            "module.function.data.archive_file.device_iotcore_access_zip",
            "module.function.data.archive_file.device_iotcore_prohibit_zip",
            "module.function.data.archive_file.device_presence_update_zip",
            "module.function.data.archive_file.device_shadow_retrieve_zip",
            "module.function.data.archive_file.device_status_notify_zip",
            "module.function.data.archive_file.device_status_retrieve_zip",
            "module.function.data.archive_file.mqtt_common_layer_zip",
            "module.function.data.archive_file.mqtt_jitr_zip",
            "module.function.data.archive_file.msg_status_retrieve_zip",
            "module.function.data.archive_file.send_message_zip",
            "module.function.data.archive_file.ticket_response_update_zip",
            "module.function.null_resource.cleanup_cert_update_zip",
            "module.function.null_resource.cleanup_common_layer_zip",
            "module.function.null_resource.cleanup_device_iotcore_zip",
            "module.function.null_resource.cleanup_device_presence_zip",
            "module.function.null_resource.cleanup_device_prohibit_zip",
            "module.function.null_resource.cleanup_device_shadow_zip",
            "module.function.null_resource.cleanup_device_status_zip",
            "module.function.null_resource.cleanup_mqtt_jitr_zip",
            "module.function.null_resource.cleanup_send_message_zip",
            "module.function.null_resource.cleanup_status_notify_zip",
            "module.function.null_resource.cleanup_status_retrieve_zip",
            "module.function.null_resource.cleanup_ticket_response_zip",
            "module.sqs.aws_sqs_queue.cert_update_notify",
            "module.sqs.aws_sqs_queue.presence_data_notify",
            "module.sqs.aws_sqs_queue.ticket_notify",
            "module.sqs.aws_sqs_queue_policy.policy_cert_update_notify",
            "module.sqs.aws_sqs_queue_policy.policy_ticket_notify",
            "module.sqs.aws_sqs_queue_policy.presence_data_notify"
          ]
        }
      ]
    },
    {
      "module": "module.apigateway",
      "mode": "managed",
      "type": "aws_api_gateway_stage",
      "name": "time_server_api_stage",
      "provider": "provider[\"registry.terraform.io/hashicorp/aws\"]",
      "instances": [
        {
          "schema_version": 0,
          "attributes": {
            "access_log_settings": [
              {
                "destination_arn": "arn:aws:logs:ap-northeast-1:277403262470:log-group:API-Gateway-Execution-Logs_igcsl55jl2/default",
                "format": "$context.requestId srcIP: $context.identity.sourceIp, date: $context.requestTime, http method: $context.httpMethod $context.resourcePath, return code: $context.status, error: $context.error.message"
              }
            ],
            "arn": "arn:aws:apigateway:ap-northeast-1::/restapis/igcsl55jl2/stages/default",
            "cache_cluster_enabled": false,
            "cache_cluster_size": "",
            "canary_settings": [],
            "client_certificate_id": "",
            "deployment_id": "wzs491",
            "description": "",
            "documentation_version": "",
            "execution_arn": "arn:aws:execute-api:ap-northeast-1:277403262470:igcsl55jl2/default",
            "id": "ags-igcsl55jl2-default",
            "invoke_url": "https://igcsl55jl2.execute-api.ap-northeast-1.amazonaws.com/default",
            "region": "ap-northeast-1",
            "rest_api_id": "igcsl55jl2",
            "stage_name": "default",
            "tags": {},
            "tags_all": {},
            "variables": {},
            "web_acl_arn": "",
            "xray_tracing_enabled": false
          },
          "sensitive_attributes": [],
          "identity_schema_version": 0,
          "private": "bnVsbA==",
          "dependencies": [
            "data.aws_caller_identity.current",
            "module.apigateway.aws_api_gateway_account.time_server_api_account",
            "module.apigateway.aws_api_gateway_deployment.time_server_api_deployment",
            "module.apigateway.aws_api_gateway_integration.get_time_server_integration",
            "module.apigateway.aws_api_gateway_method.get_time_server",
            "module.apigateway.aws_api_gateway_rest_api.time_server",
            "module.apigateway.aws_cloudwatch_log_group.time_server_logs",
            "module.function.aws_lambda_event_source_mapping.trigger-cert-update",
            "module.function.aws_lambda_event_source_mapping.trigger-send-message",
            "module.function.aws_lambda_function.MQTT-CERT-UPDATE",
            "module.function.aws_lambda_function.MQTT-DEVICE-IOTCORE-ACCESS",
            "module.function.aws_lambda_function.MQTT-DEVICE-IOTCORE-PROHIBIT",
            "module.function.aws_lambda_function.MQTT-DEVICE-PRESENCE-UPDATE",
            "module.function.aws_lambda_function.MQTT-DEVICE-SHADOW-RETRIEVE",
            "module.function.aws_lambda_function.MQTT-DEVICE-STATUS-NOTIFY",
            "module.function.aws_lambda_function.MQTT-DEVICE-STATUS-RETRIEVE",
            "module.function.aws_lambda_function.MQTT-JITR",
            "module.function.aws_lambda_function.MQTT-MSG-STATUS-RETRIEVE",
            "module.function.aws_lambda_function.MQTT-SEND-MESSAGE",
            "module.function.aws_lambda_function.MQTT-TICKET-RESPONSE-UPDATE",
            "module.function.aws_lambda_layer_version.mqtt_common_layer",
            "module.function.data.archive_file.cret_update_zip",
            "module.function.data.archive_file.device_iotcore_access_zip",
            "module.function.data.archive_file.device_iotcore_prohibit_zip",
            "module.function.data.archive_file.device_presence_update_zip",
            "module.function.data.archive_file.device_shadow_retrieve_zip",
            "module.function.data.archive_file.device_status_notify_zip",
            "module.function.data.archive_file.device_status_retrieve_zip",
            "module.function.data.archive_file.mqtt_common_layer_zip",
            "module.function.data.archive_file.mqtt_jitr_zip",
            "module.function.data.archive_file.msg_status_retrieve_zip",
            "module.function.data.archive_file.send_message_zip",
            "module.function.data.archive_file.ticket_response_update_zip",
            "module.function.null_resource.cleanup_cert_update_zip",
            "module.function.null_resource.cleanup_common_layer_zip",
            "module.function.null_resource.cleanup_device_iotcore_zip",
            "module.function.null_resource.cleanup_device_presence_zip",
            "module.function.null_resource.cleanup_device_prohibit_zip",
            "module.function.null_resource.cleanup_device_shadow_zip",
            "module.function.null_resource.cleanup_device_status_zip",
            "module.function.null_resource.cleanup_mqtt_jitr_zip",
            "module.function.null_resource.cleanup_send_message_zip",
            "module.function.null_resource.cleanup_status_notify_zip",
            "module.function.null_resource.cleanup_status_retrieve_zip",
            "module.function.null_resource.cleanup_ticket_response_zip",
            "module.sqs.aws_sqs_queue.cert_update_notify",
            "module.sqs.aws_sqs_queue.presence_data_notify",
            "module.sqs.aws_sqs_queue.ticket_notify",
            "module.sqs.aws_sqs_queue_policy.policy_cert_update_notify",
            "module.sqs.aws_sqs_queue_policy.policy_ticket_notify",
            "module.sqs.aws_sqs_queue_policy.presence_data_notify"
          ]
        }
      ]
    },
    {
      "module": "module.apigateway",
      "mode": "managed",
      "type": "aws_cloudwatch_log_group",
      "name": "mqtt_server_logs",
      "provider": "provider[\"registry.terraform.io/hashicorp/aws\"]",
      "instances": [
        {
          "schema_version": 0,
          "attributes": {
            "arn": "arn:aws:logs:ap-northeast-1:277403262470:log-group:API-Gateway-Execution-Logs_12ehl8kole/default",
            "deletion_protection_enabled": false,
            "id": "API-Gateway-Execution-Logs_12ehl8kole/default",
            "kms_key_id": "",
            "log_group_class": "STANDARD",
            "name": "API-Gateway-Execution-Logs_12ehl8kole/default",
            "name_prefix": "",
            "region": "ap-northeast-1",
            "retention_in_days": 1096,
            "skip_destroy": false,
            "tags": {},
            "tags_all": {}
          },
          "sensitive_attributes": [],
          "identity_schema_version": 0,
          "identity": {
            "account_id": "277403262470",
            "name": "API-Gateway-Execution-Logs_12ehl8kole/default",
            "region": "ap-northeast-1"
          },
          "private": "bnVsbA==",
          "dependencies": [
            "data.aws_caller_identity.current",
            "module.apigateway.aws_api_gateway_rest_api.mqtt_server",
            "module.function.aws_lambda_event_source_mapping.trigger-cert-update",
            "module.function.aws_lambda_event_source_mapping.trigger-send-message",
            "module.function.aws_lambda_function.MQTT-CERT-UPDATE",
            "module.function.aws_lambda_function.MQTT-DEVICE-IOTCORE-ACCESS",
            "module.function.aws_lambda_function.MQTT-DEVICE-IOTCORE-PROHIBIT",
            "module.function.aws_lambda_function.MQTT-DEVICE-PRESENCE-UPDATE",
            "module.function.aws_lambda_function.MQTT-DEVICE-SHADOW-RETRIEVE",
            "module.function.aws_lambda_function.MQTT-DEVICE-STATUS-NOTIFY",
            "module.function.aws_lambda_function.MQTT-DEVICE-STATUS-RETRIEVE",
            "module.function.aws_lambda_function.MQTT-JITR",
            "module.function.aws_lambda_function.MQTT-MSG-STATUS-RETRIEVE",
            "module.function.aws_lambda_function.MQTT-SEND-MESSAGE",
            "module.function.aws_lambda_function.MQTT-TICKET-RESPONSE-UPDATE",
            "module.function.aws_lambda_layer_version.mqtt_common_layer",
            "module.function.data.archive_file.cret_update_zip",
            "module.function.data.archive_file.device_iotcore_access_zip",
            "module.function.data.archive_file.device_iotcore_prohibit_zip",
            "module.function.data.archive_file.device_presence_update_zip",
            "module.function.data.archive_file.device_shadow_retrieve_zip",
            "module.function.data.archive_file.device_status_notify_zip",
            "module.function.data.archive_file.device_status_retrieve_zip",
            "module.function.data.archive_file.mqtt_common_layer_zip",
            "module.function.data.archive_file.mqtt_jitr_zip",
            "module.function.data.archive_file.msg_status_retrieve_zip",
            "module.function.data.archive_file.send_message_zip",
            "module.function.data.archive_file.ticket_response_update_zip",
            "module.function.null_resource.cleanup_cert_update_zip",
            "module.function.null_resource.cleanup_common_layer_zip",
            "module.function.null_resource.cleanup_device_iotcore_zip",
            "module.function.null_resource.cleanup_device_presence_zip",
            "module.function.null_resource.cleanup_device_prohibit_zip",
            "module.function.null_resource.cleanup_device_shadow_zip",
            "module.function.null_resource.cleanup_device_status_zip",
            "module.function.null_resource.cleanup_mqtt_jitr_zip",
            "module.function.null_resource.cleanup_send_message_zip",
            "module.function.null_resource.cleanup_status_notify_zip",
            "module.function.null_resource.cleanup_status_retrieve_zip",
            "module.function.null_resource.cleanup_ticket_response_zip",
            "module.sqs.aws_sqs_queue.cert_update_notify",
            "module.sqs.aws_sqs_queue.presence_data_notify",
            "module.sqs.aws_sqs_queue.ticket_notify",
            "module.sqs.aws_sqs_queue_policy.policy_cert_update_notify",
            "module.sqs.aws_sqs_queue_policy.policy_ticket_notify",
            "module.sqs.aws_sqs_queue_policy.presence_data_notify"
          ]
        }
      ]
    },
    {
      "module": "module.apigateway",
      "mode": "managed",
      "type": "aws_cloudwatch_log_group",
      "name": "mqtt_server_solution_logs",
      "provider": "provider[\"registry.terraform.io/hashicorp/aws\"]",
      "instances": [
        {
          "schema_version": 0,
          "attributes": {
            "arn": "arn:aws:logs:ap-northeast-1:277403262470:log-group:API-Gateway-Execution-Logs_blgspy2i4b/default",
            "deletion_protection_enabled": false,
            "id": "API-Gateway-Execution-Logs_blgspy2i4b/default",
            "kms_key_id": "",
            "log_group_class": "STANDARD",
            "name": "API-Gateway-Execution-Logs_blgspy2i4b/default",
            "name_prefix": "",
            "region": "ap-northeast-1",
            "retention_in_days": 1096,
            "skip_destroy": false,
            "tags": {},
            "tags_all": {}
          },
          "sensitive_attributes": [],
          "identity_schema_version": 0,
          "identity": {
            "account_id": "277403262470",
            "name": "API-Gateway-Execution-Logs_blgspy2i4b/default",
            "region": "ap-northeast-1"
          },
          "private": "bnVsbA==",
          "dependencies": [
            "data.aws_caller_identity.current",
            "module.apigateway.aws_api_gateway_rest_api.solution_mqtt_server",
            "module.function.aws_lambda_event_source_mapping.trigger-cert-update",
            "module.function.aws_lambda_event_source_mapping.trigger-send-message",
            "module.function.aws_lambda_function.MQTT-CERT-UPDATE",
            "module.function.aws_lambda_function.MQTT-DEVICE-IOTCORE-ACCESS",
            "module.function.aws_lambda_function.MQTT-DEVICE-IOTCORE-PROHIBIT",
            "module.function.aws_lambda_function.MQTT-DEVICE-PRESENCE-UPDATE",
            "module.function.aws_lambda_function.MQTT-DEVICE-SHADOW-RETRIEVE",
            "module.function.aws_lambda_function.MQTT-DEVICE-STATUS-NOTIFY",
            "module.function.aws_lambda_function.MQTT-DEVICE-STATUS-RETRIEVE",
            "module.function.aws_lambda_function.MQTT-JITR",
            "module.function.aws_lambda_function.MQTT-MSG-STATUS-RETRIEVE",
            "module.function.aws_lambda_function.MQTT-SEND-MESSAGE",
            "module.function.aws_lambda_function.MQTT-TICKET-RESPONSE-UPDATE",
            "module.function.aws_lambda_layer_version.mqtt_common_layer",
            "module.function.data.archive_file.cret_update_zip",
            "module.function.data.archive_file.device_iotcore_access_zip",
            "module.function.data.archive_file.device_iotcore_prohibit_zip",
            "module.function.data.archive_file.device_presence_update_zip",
            "module.function.data.archive_file.device_shadow_retrieve_zip",
            "module.function.data.archive_file.device_status_notify_zip",
            "module.function.data.archive_file.device_status_retrieve_zip",
            "module.function.data.archive_file.mqtt_common_layer_zip",
            "module.function.data.archive_file.mqtt_jitr_zip",
            "module.function.data.archive_file.msg_status_retrieve_zip",
            "module.function.data.archive_file.send_message_zip",
            "module.function.data.archive_file.ticket_response_update_zip",
            "module.function.null_resource.cleanup_cert_update_zip",
            "module.function.null_resource.cleanup_common_layer_zip",
            "module.function.null_resource.cleanup_device_iotcore_zip",
            "module.function.null_resource.cleanup_device_presence_zip",
            "module.function.null_resource.cleanup_device_prohibit_zip",
            "module.function.null_resource.cleanup_device_shadow_zip",
            "module.function.null_resource.cleanup_device_status_zip",
            "module.function.null_resource.cleanup_mqtt_jitr_zip",
            "module.function.null_resource.cleanup_send_message_zip",
            "module.function.null_resource.cleanup_status_notify_zip",
            "module.function.null_resource.cleanup_status_retrieve_zip",
            "module.function.null_resource.cleanup_ticket_response_zip",
            "module.sqs.aws_sqs_queue.cert_update_notify",
            "module.sqs.aws_sqs_queue.presence_data_notify",
            "module.sqs.aws_sqs_queue.ticket_notify",
            "module.sqs.aws_sqs_queue_policy.policy_cert_update_notify",
            "module.sqs.aws_sqs_queue_policy.policy_ticket_notify",
            "module.sqs.aws_sqs_queue_policy.presence_data_notify"
          ]
        }
      ]
    },
    {
      "module": "module.apigateway",
      "mode": "managed",
      "type": "aws_cloudwatch_log_group",
      "name": "time_server_logs",
      "provider": "provider[\"registry.terraform.io/hashicorp/aws\"]",
      "instances": [
        {
          "schema_version": 0,
          "attributes": {
            "arn": "arn:aws:logs:ap-northeast-1:277403262470:log-group:API-Gateway-Execution-Logs_igcsl55jl2/default",
            "deletion_protection_enabled": false,
            "id": "API-Gateway-Execution-Logs_igcsl55jl2/default",
            "kms_key_id": "",
            "log_group_class": "STANDARD",
            "name": "API-Gateway-Execution-Logs_igcsl55jl2/default",
            "name_prefix": "",
            "region": "ap-northeast-1",
            "retention_in_days": 1096,
            "skip_destroy": false,
            "tags": {},
            "tags_all": {}
          },
          "sensitive_attributes": [],
          "identity_schema_version": 0,
          "identity": {
            "account_id": "277403262470",
            "name": "API-Gateway-Execution-Logs_igcsl55jl2/default",
            "region": "ap-northeast-1"
          },
          "private": "bnVsbA==",
          "dependencies": [
            "data.aws_caller_identity.current",
            "module.apigateway.aws_api_gateway_rest_api.time_server",
            "module.function.aws_lambda_event_source_mapping.trigger-cert-update",
            "module.function.aws_lambda_event_source_mapping.trigger-send-message",
            "module.function.aws_lambda_function.MQTT-CERT-UPDATE",
            "module.function.aws_lambda_function.MQTT-DEVICE-IOTCORE-ACCESS",
            "module.function.aws_lambda_function.MQTT-DEVICE-IOTCORE-PROHIBIT",
            "module.function.aws_lambda_function.MQTT-DEVICE-PRESENCE-UPDATE",
            "module.function.aws_lambda_function.MQTT-DEVICE-SHADOW-RETRIEVE",
            "module.function.aws_lambda_function.MQTT-DEVICE-STATUS-NOTIFY",
            "module.function.aws_lambda_function.MQTT-DEVICE-STATUS-RETRIEVE",
            "module.function.aws_lambda_function.MQTT-JITR",
            "module.function.aws_lambda_function.MQTT-MSG-STATUS-RETRIEVE",
            "module.function.aws_lambda_function.MQTT-SEND-MESSAGE",
            "module.function.aws_lambda_function.MQTT-TICKET-RESPONSE-UPDATE",
            "module.function.aws_lambda_layer_version.mqtt_common_layer",
            "module.function.data.archive_file.cret_update_zip",
            "module.function.data.archive_file.device_iotcore_access_zip",
            "module.function.data.archive_file.device_iotcore_prohibit_zip",
            "module.function.data.archive_file.device_presence_update_zip",
            "module.function.data.archive_file.device_shadow_retrieve_zip",
            "module.function.data.archive_file.device_status_notify_zip",
            "module.function.data.archive_file.device_status_retrieve_zip",
            "module.function.data.archive_file.mqtt_common_layer_zip",
            "module.function.data.archive_file.mqtt_jitr_zip",
            "module.function.data.archive_file.msg_status_retrieve_zip",
            "module.function.data.archive_file.send_message_zip",
            "module.function.data.archive_file.ticket_response_update_zip",
            "module.function.null_resource.cleanup_cert_update_zip",
            "module.function.null_resource.cleanup_common_layer_zip",
            "module.function.null_resource.cleanup_device_iotcore_zip",
            "module.function.null_resource.cleanup_device_presence_zip",
            "module.function.null_resource.cleanup_device_prohibit_zip",
            "module.function.null_resource.cleanup_device_shadow_zip",
            "module.function.null_resource.cleanup_device_status_zip",
            "module.function.null_resource.cleanup_mqtt_jitr_zip",
            "module.function.null_resource.cleanup_send_message_zip",
            "module.function.null_resource.cleanup_status_notify_zip",
            "module.function.null_resource.cleanup_status_retrieve_zip",
            "module.function.null_resource.cleanup_ticket_response_zip",
            "module.sqs.aws_sqs_queue.cert_update_notify",
            "module.sqs.aws_sqs_queue.presence_data_notify",
            "module.sqs.aws_sqs_queue.ticket_notify",
            "module.sqs.aws_sqs_queue_policy.policy_cert_update_notify",
            "module.sqs.aws_sqs_queue_policy.policy_ticket_notify",
            "module.sqs.aws_sqs_queue_policy.presence_data_notify"
          ]
        }
      ]
    },
    {
      "module": "module.apigateway",
      "mode": "managed",
      "type": "aws_lambda_permission",
      "name": "devices_deviceId_connectionStatus_invoke_lambda_permission",
      "provider": "provider[\"registry.terraform.io/hashicorp/aws\"]",
      "instances": [
        {
          "schema_version": 0,
          "attributes": {
            "action": "lambda:InvokeFunction",
            "event_source_token": null,
            "function_name": "arn:aws:lambda:ap-northeast-1:277403262470:function:MQTT-DEVICE-STATUS-RETRIEVE",
            "function_url_auth_type": null,
            "id": "AllowExecutionFromAPIGatewayDevices",
            "invoked_via_function_url": null,
            "principal": "apigateway.amazonaws.com",
            "principal_org_id": null,
            "qualifier": "",
            "region": "ap-northeast-1",
            "source_account": null,
            "source_arn": "arn:aws:execute-api:ap-northeast-1:277403262470:12ehl8kole/*/GET/devices/{deviceId}/connectionStatus",
            "statement_id": "AllowExecutionFromAPIGatewayDevices",
            "statement_id_prefix": ""
          },
          "sensitive_attributes": [],
          "identity_schema_version": 0,
          "identity": {
            "account_id": "277403262470",
            "function_name": "arn:aws:lambda:ap-northeast-1:277403262470:function:MQTT-DEVICE-STATUS-RETRIEVE",
            "qualifier": null,
            "region": "ap-northeast-1",
            "statement_id": "AllowExecutionFromAPIGatewayDevices"
          },
          "private": "bnVsbA==",
          "dependencies": [
            "data.aws_caller_identity.current",
            "module.apigateway.aws_api_gateway_integration.devices_deviceId_connectionStatus_lambda_integration",
            "module.apigateway.aws_api_gateway_method.get_devices_deviceId_connectionStatus",
            "module.apigateway.aws_api_gateway_resource.devices",
            "module.apigateway.aws_api_gateway_resource.devices_deviceId",
            "module.apigateway.aws_api_gateway_resource.devices_deviceId_connectionStatus",
            "module.apigateway.aws_api_gateway_rest_api.mqtt_server",
            "module.function.aws_lambda_event_source_mapping.trigger-cert-update",
            "module.function.aws_lambda_event_source_mapping.trigger-send-message",
            "module.function.aws_lambda_function.MQTT-CERT-UPDATE",
            "module.function.aws_lambda_function.MQTT-DEVICE-IOTCORE-ACCESS",
            "module.function.aws_lambda_function.MQTT-DEVICE-IOTCORE-PROHIBIT",
            "module.function.aws_lambda_function.MQTT-DEVICE-PRESENCE-UPDATE",
            "module.function.aws_lambda_function.MQTT-DEVICE-SHADOW-RETRIEVE",
            "module.function.aws_lambda_function.MQTT-DEVICE-STATUS-NOTIFY",
            "module.function.aws_lambda_function.MQTT-DEVICE-STATUS-RETRIEVE",
            "module.function.aws_lambda_function.MQTT-JITR",
            "module.function.aws_lambda_function.MQTT-MSG-STATUS-RETRIEVE",
            "module.function.aws_lambda_function.MQTT-SEND-MESSAGE",
            "module.function.aws_lambda_function.MQTT-TICKET-RESPONSE-UPDATE",
            "module.function.aws_lambda_layer_version.mqtt_common_layer",
            "module.function.data.archive_file.cret_update_zip",
            "module.function.data.archive_file.device_iotcore_access_zip",
            "module.function.data.archive_file.device_iotcore_prohibit_zip",
            "module.function.data.archive_file.device_presence_update_zip",
            "module.function.data.archive_file.device_shadow_retrieve_zip",
            "module.function.data.archive_file.device_status_notify_zip",
            "module.function.data.archive_file.device_status_retrieve_zip",
            "module.function.data.archive_file.mqtt_common_layer_zip",
            "module.function.data.archive_file.mqtt_jitr_zip",
            "module.function.data.archive_file.msg_status_retrieve_zip",
            "module.function.data.archive_file.send_message_zip",
            "module.function.data.archive_file.ticket_response_update_zip",
            "module.function.null_resource.cleanup_cert_update_zip",
            "module.function.null_resource.cleanup_common_layer_zip",
            "module.function.null_resource.cleanup_device_iotcore_zip",
            "module.function.null_resource.cleanup_device_presence_zip",
            "module.function.null_resource.cleanup_device_prohibit_zip",
            "module.function.null_resource.cleanup_device_shadow_zip",
            "module.function.null_resource.cleanup_device_status_zip",
            "module.function.null_resource.cleanup_mqtt_jitr_zip",
            "module.function.null_resource.cleanup_send_message_zip",
            "module.function.null_resource.cleanup_status_notify_zip",
            "module.function.null_resource.cleanup_status_retrieve_zip",
            "module.function.null_resource.cleanup_ticket_response_zip",
            "module.sqs.aws_sqs_queue.cert_update_notify",
            "module.sqs.aws_sqs_queue.presence_data_notify",
            "module.sqs.aws_sqs_queue.ticket_notify",
            "module.sqs.aws_sqs_queue_policy.policy_cert_update_notify",
            "module.sqs.aws_sqs_queue_policy.policy_ticket_notify",
            "module.sqs.aws_sqs_queue_policy.presence_data_notify"
          ]
        }
      ]
    },
    {
      "module": "module.apigateway",
      "mode": "managed",
      "type": "aws_lambda_permission",
      "name": "prohibited_devices_add_invoke_lambda_permission",
      "provider": "provider[\"registry.terraform.io/hashicorp/aws\"]",
      "instances": [
        {
          "schema_version": 0,
          "attributes": {
            "action": "lambda:InvokeFunction",
            "event_source_token": null,
            "function_name": "arn:aws:lambda:ap-northeast-1:277403262470:function:MQTT-DEVICE-IOTCORE-PROHIBIT",
            "function_url_auth_type": null,
            "id": "AllowExecutionFromAPIGateway",
            "invoked_via_function_url": null,
            "principal": "apigateway.amazonaws.com",
            "principal_org_id": null,
            "qualifier": "",
            "region": "ap-northeast-1",
            "source_account": null,
            "source_arn": "arn:aws:execute-api:ap-northeast-1:277403262470:12ehl8kole/*/POST/prohibitedDevices/add",
            "statement_id": "AllowExecutionFromAPIGateway",
            "statement_id_prefix": ""
          },
          "sensitive_attributes": [],
          "identity_schema_version": 0,
          "identity": {
            "account_id": "277403262470",
            "function_name": "arn:aws:lambda:ap-northeast-1:277403262470:function:MQTT-DEVICE-IOTCORE-PROHIBIT",
            "qualifier": null,
            "region": "ap-northeast-1",
            "statement_id": "AllowExecutionFromAPIGateway"
          },
          "private": "bnVsbA==",
          "dependencies": [
            "data.aws_caller_identity.current",
            "module.apigateway.aws_api_gateway_integration.prohibited_devices_add_lambda_integration",
            "module.apigateway.aws_api_gateway_method.prohibited_devices_add",
            "module.apigateway.aws_api_gateway_resource.prohibited_devices",
            "module.apigateway.aws_api_gateway_resource.prohibited_devices_add",
            "module.apigateway.aws_api_gateway_rest_api.mqtt_server",
            "module.function.aws_lambda_event_source_mapping.trigger-cert-update",
            "module.function.aws_lambda_event_source_mapping.trigger-send-message",
            "module.function.aws_lambda_function.MQTT-CERT-UPDATE",
            "module.function.aws_lambda_function.MQTT-DEVICE-IOTCORE-ACCESS",
            "module.function.aws_lambda_function.MQTT-DEVICE-IOTCORE-PROHIBIT",
            "module.function.aws_lambda_function.MQTT-DEVICE-PRESENCE-UPDATE",
            "module.function.aws_lambda_function.MQTT-DEVICE-SHADOW-RETRIEVE",
            "module.function.aws_lambda_function.MQTT-DEVICE-STATUS-NOTIFY",
            "module.function.aws_lambda_function.MQTT-DEVICE-STATUS-RETRIEVE",
            "module.function.aws_lambda_function.MQTT-JITR",
            "module.function.aws_lambda_function.MQTT-MSG-STATUS-RETRIEVE",
            "module.function.aws_lambda_function.MQTT-SEND-MESSAGE",
            "module.function.aws_lambda_function.MQTT-TICKET-RESPONSE-UPDATE",
            "module.function.aws_lambda_layer_version.mqtt_common_layer",
            "module.function.data.archive_file.cret_update_zip",
            "module.function.data.archive_file.device_iotcore_access_zip",
            "module.function.data.archive_file.device_iotcore_prohibit_zip",
            "module.function.data.archive_file.device_presence_update_zip",
            "module.function.data.archive_file.device_shadow_retrieve_zip",
            "module.function.data.archive_file.device_status_notify_zip",
            "module.function.data.archive_file.device_status_retrieve_zip",
            "module.function.data.archive_file.mqtt_common_layer_zip",
            "module.function.data.archive_file.mqtt_jitr_zip",
            "module.function.data.archive_file.msg_status_retrieve_zip",
            "module.function.data.archive_file.send_message_zip",
            "module.function.data.archive_file.ticket_response_update_zip",
            "module.function.null_resource.cleanup_cert_update_zip",
            "module.function.null_resource.cleanup_common_layer_zip",
            "module.function.null_resource.cleanup_device_iotcore_zip",
            "module.function.null_resource.cleanup_device_presence_zip",
            "module.function.null_resource.cleanup_device_prohibit_zip",
            "module.function.null_resource.cleanup_device_shadow_zip",
            "module.function.null_resource.cleanup_device_status_zip",
            "module.function.null_resource.cleanup_mqtt_jitr_zip",
            "module.function.null_resource.cleanup_send_message_zip",
            "module.function.null_resource.cleanup_status_notify_zip",
            "module.function.null_resource.cleanup_status_retrieve_zip",
            "module.function.null_resource.cleanup_ticket_response_zip",
            "module.sqs.aws_sqs_queue.cert_update_notify",
            "module.sqs.aws_sqs_queue.presence_data_notify",
            "module.sqs.aws_sqs_queue.ticket_notify",
            "module.sqs.aws_sqs_queue_policy.policy_cert_update_notify",
            "module.sqs.aws_sqs_queue_policy.policy_ticket_notify",
            "module.sqs.aws_sqs_queue_policy.presence_data_notify"
          ]
        }
      ]
    },
    {
      "module": "module.apigateway",
      "mode": "managed",
      "type": "aws_lambda_permission",
      "name": "prohibited_devices_remove_invoke_lambda_permission",
      "provider": "provider[\"registry.terraform.io/hashicorp/aws\"]",
      "instances": [
        {
          "schema_version": 0,
          "attributes": {
            "action": "lambda:InvokeFunction",
            "event_source_token": null,
            "function_name": "arn:aws:lambda:ap-northeast-1:277403262470:function:MQTT-DEVICE-IOTCORE-ACCESS",
            "function_url_auth_type": null,
            "id": "AllowExecutionFromAPIGateway",
            "invoked_via_function_url": null,
            "principal": "apigateway.amazonaws.com",
            "principal_org_id": null,
            "qualifier": "",
            "region": "ap-northeast-1",
            "source_account": null,
            "source_arn": "arn:aws:execute-api:ap-northeast-1:277403262470:12ehl8kole/*/POST/prohibitedDevices/remove",
            "statement_id": "AllowExecutionFromAPIGateway",
            "statement_id_prefix": ""
          },
          "sensitive_attributes": [],
          "identity_schema_version": 0,
          "identity": {
            "account_id": "277403262470",
            "function_name": "arn:aws:lambda:ap-northeast-1:277403262470:function:MQTT-DEVICE-IOTCORE-ACCESS",
            "qualifier": null,
            "region": "ap-northeast-1",
            "statement_id": "AllowExecutionFromAPIGateway"
          },
          "private": "bnVsbA==",
          "dependencies": [
            "data.aws_caller_identity.current",
            "module.apigateway.aws_api_gateway_integration.prohibited_devices_remove_lambda_integration",
            "module.apigateway.aws_api_gateway_method.prohibited_devices_remove",
            "module.apigateway.aws_api_gateway_resource.prohibited_devices",
            "module.apigateway.aws_api_gateway_resource.prohibited_devices_remove",
            "module.apigateway.aws_api_gateway_rest_api.mqtt_server",
            "module.function.aws_lambda_event_source_mapping.trigger-cert-update",
            "module.function.aws_lambda_event_source_mapping.trigger-send-message",
            "module.function.aws_lambda_function.MQTT-CERT-UPDATE",
            "module.function.aws_lambda_function.MQTT-DEVICE-IOTCORE-ACCESS",
            "module.function.aws_lambda_function.MQTT-DEVICE-IOTCORE-PROHIBIT",
            "module.function.aws_lambda_function.MQTT-DEVICE-PRESENCE-UPDATE",
            "module.function.aws_lambda_function.MQTT-DEVICE-SHADOW-RETRIEVE",
            "module.function.aws_lambda_function.MQTT-DEVICE-STATUS-NOTIFY",
            "module.function.aws_lambda_function.MQTT-DEVICE-STATUS-RETRIEVE",
            "module.function.aws_lambda_function.MQTT-JITR",
            "module.function.aws_lambda_function.MQTT-MSG-STATUS-RETRIEVE",
            "module.function.aws_lambda_function.MQTT-SEND-MESSAGE",
            "module.function.aws_lambda_function.MQTT-TICKET-RESPONSE-UPDATE",
            "module.function.aws_lambda_layer_version.mqtt_common_layer",
            "module.function.data.archive_file.cret_update_zip",
            "module.function.data.archive_file.device_iotcore_access_zip",
            "module.function.data.archive_file.device_iotcore_prohibit_zip",
            "module.function.data.archive_file.device_presence_update_zip",
            "module.function.data.archive_file.device_shadow_retrieve_zip",
            "module.function.data.archive_file.device_status_notify_zip",
            "module.function.data.archive_file.device_status_retrieve_zip",
            "module.function.data.archive_file.mqtt_common_layer_zip",
            "module.function.data.archive_file.mqtt_jitr_zip",
            "module.function.data.archive_file.msg_status_retrieve_zip",
            "module.function.data.archive_file.send_message_zip",
            "module.function.data.archive_file.ticket_response_update_zip",
            "module.function.null_resource.cleanup_cert_update_zip",
            "module.function.null_resource.cleanup_common_layer_zip",
            "module.function.null_resource.cleanup_device_iotcore_zip",
            "module.function.null_resource.cleanup_device_presence_zip",
            "module.function.null_resource.cleanup_device_prohibit_zip",
            "module.function.null_resource.cleanup_device_shadow_zip",
            "module.function.null_resource.cleanup_device_status_zip",
            "module.function.null_resource.cleanup_mqtt_jitr_zip",
            "module.function.null_resource.cleanup_send_message_zip",
            "module.function.null_resource.cleanup_status_notify_zip",
            "module.function.null_resource.cleanup_status_retrieve_zip",
            "module.function.null_resource.cleanup_ticket_response_zip",
            "module.sqs.aws_sqs_queue.cert_update_notify",
            "module.sqs.aws_sqs_queue.presence_data_notify",
            "module.sqs.aws_sqs_queue.ticket_notify",
            "module.sqs.aws_sqs_queue_policy.policy_cert_update_notify",
            "module.sqs.aws_sqs_queue_policy.policy_ticket_notify",
            "module.sqs.aws_sqs_queue_policy.presence_data_notify"
          ]
        }
      ]
    },
    {
      "module": "module.apigateway",
      "mode": "managed",
      "type": "aws_lambda_permission",
      "name": "sol_device_deviceId_connection_status_invoke_lambda_permission",
      "provider": "provider[\"registry.terraform.io/hashicorp/aws\"]",
      "instances": [
        {
          "schema_version": 0,
          "attributes": {
            "action": "lambda:InvokeFunction",
            "event_source_token": null,
            "function_name": "arn:aws:lambda:ap-northeast-1:277403262470:function:MQTT-DEVICE-STATUS-RETRIEVE",
            "function_url_auth_type": null,
            "id": "AllowExecutionFromAPIGatewayConnectionStatus",
            "invoked_via_function_url": null,
            "principal": "apigateway.amazonaws.com",
            "principal_org_id": null,
            "qualifier": "",
            "region": "ap-northeast-1",
            "source_account": null,
            "source_arn": "arn:aws:execute-api:ap-northeast-1:277403262470:blgspy2i4b/*/GET/devices/{deviceId}/connectionStatus",
            "statement_id": "AllowExecutionFromAPIGatewayConnectionStatus",
            "statement_id_prefix": ""
          },
          "sensitive_attributes": [],
          "identity_schema_version": 0,
          "identity": {
            "account_id": "277403262470",
            "function_name": "arn:aws:lambda:ap-northeast-1:277403262470:function:MQTT-DEVICE-STATUS-RETRIEVE",
            "qualifier": null,
            "region": "ap-northeast-1",
            "statement_id": "AllowExecutionFromAPIGatewayConnectionStatus"
          },
          "private": "bnVsbA==",
          "dependencies": [
            "data.aws_caller_identity.current",
            "module.apigateway.aws_api_gateway_integration.sol_device_deviceId_connection_status_lambda_integration",
            "module.apigateway.aws_api_gateway_method.get_device_deviceId_connection_status",
            "module.apigateway.aws_api_gateway_resource.device_deviceId_connection_status",
            "module.apigateway.aws_api_gateway_resource.sol_device_deviceId",
            "module.apigateway.aws_api_gateway_resource.sol_devices",
            "module.apigateway.aws_api_gateway_rest_api.solution_mqtt_server",
            "module.function.aws_lambda_event_source_mapping.trigger-cert-update",
            "module.function.aws_lambda_event_source_mapping.trigger-send-message",
            "module.function.aws_lambda_function.MQTT-CERT-UPDATE",
            "module.function.aws_lambda_function.MQTT-DEVICE-IOTCORE-ACCESS",
            "module.function.aws_lambda_function.MQTT-DEVICE-IOTCORE-PROHIBIT",
            "module.function.aws_lambda_function.MQTT-DEVICE-PRESENCE-UPDATE",
            "module.function.aws_lambda_function.MQTT-DEVICE-SHADOW-RETRIEVE",
            "module.function.aws_lambda_function.MQTT-DEVICE-STATUS-NOTIFY",
            "module.function.aws_lambda_function.MQTT-DEVICE-STATUS-RETRIEVE",
            "module.function.aws_lambda_function.MQTT-JITR",
            "module.function.aws_lambda_function.MQTT-MSG-STATUS-RETRIEVE",
            "module.function.aws_lambda_function.MQTT-SEND-MESSAGE",
            "module.function.aws_lambda_function.MQTT-TICKET-RESPONSE-UPDATE",
            "module.function.aws_lambda_layer_version.mqtt_common_layer",
            "module.function.data.archive_file.cret_update_zip",
            "module.function.data.archive_file.device_iotcore_access_zip",
            "module.function.data.archive_file.device_iotcore_prohibit_zip",
            "module.function.data.archive_file.device_presence_update_zip",
            "module.function.data.archive_file.device_shadow_retrieve_zip",
            "module.function.data.archive_file.device_status_notify_zip",
            "module.function.data.archive_file.device_status_retrieve_zip",
            "module.function.data.archive_file.mqtt_common_layer_zip",
            "module.function.data.archive_file.mqtt_jitr_zip",
            "module.function.data.archive_file.msg_status_retrieve_zip",
            "module.function.data.archive_file.send_message_zip",
            "module.function.data.archive_file.ticket_response_update_zip",
            "module.function.null_resource.cleanup_cert_update_zip",
            "module.function.null_resource.cleanup_common_layer_zip",
            "module.function.null_resource.cleanup_device_iotcore_zip",
            "module.function.null_resource.cleanup_device_presence_zip",
            "module.function.null_resource.cleanup_device_prohibit_zip",
            "module.function.null_resource.cleanup_device_shadow_zip",
            "module.function.null_resource.cleanup_device_status_zip",
            "module.function.null_resource.cleanup_mqtt_jitr_zip",
            "module.function.null_resource.cleanup_send_message_zip",
            "module.function.null_resource.cleanup_status_notify_zip",
            "module.function.null_resource.cleanup_status_retrieve_zip",
            "module.function.null_resource.cleanup_ticket_response_zip",
            "module.sqs.aws_sqs_queue.cert_update_notify",
            "module.sqs.aws_sqs_queue.presence_data_notify",
            "module.sqs.aws_sqs_queue.ticket_notify",
            "module.sqs.aws_sqs_queue_policy.policy_cert_update_notify",
            "module.sqs.aws_sqs_queue_policy.policy_ticket_notify",
            "module.sqs.aws_sqs_queue_policy.presence_data_notify"
          ]
        }
      ]
    },
    {
      "module": "module.apigateway",
      "mode": "managed",
      "type": "aws_lambda_permission",
      "name": "sol_device_deviceId_shadows_name_invoke_lambda_permission",
      "provider": "provider[\"registry.terraform.io/hashicorp/aws\"]",
      "instances": [
        {
          "schema_version": 0,
          "attributes": {
            "action": "lambda:InvokeFunction",
            "event_source_token": null,
            "function_name": "arn:aws:lambda:ap-northeast-1:277403262470:function:MQTT-DEVICE-SHADOW-RETRIEVE",
            "function_url_auth_type": null,
            "id": "AllowExecutionFromAPIGatewayShadow",
            "invoked_via_function_url": null,
            "principal": "apigateway.amazonaws.com",
            "principal_org_id": null,
            "qualifier": "",
            "region": "ap-northeast-1",
            "source_account": null,
            "source_arn": "arn:aws:execute-api:ap-northeast-1:277403262470:blgspy2i4b/*/GET/devices/{deviceId}/shadows/{name}",
            "statement_id": "AllowExecutionFromAPIGatewayShadow",
            "statement_id_prefix": ""
          },
          "sensitive_attributes": [],
          "identity_schema_version": 0,
          "identity": {
            "account_id": "277403262470",
            "function_name": "arn:aws:lambda:ap-northeast-1:277403262470:function:MQTT-DEVICE-SHADOW-RETRIEVE",
            "qualifier": null,
            "region": "ap-northeast-1",
            "statement_id": "AllowExecutionFromAPIGatewayShadow"
          },
          "private": "bnVsbA==",
          "dependencies": [
            "data.aws_caller_identity.current",
            "module.apigateway.aws_api_gateway_integration.device_deviceId_shadows_name_lambda_integration",
            "module.apigateway.aws_api_gateway_method.get_device_deviceId_shadows_name",
            "module.apigateway.aws_api_gateway_resource.device_deviceId_shadows",
            "module.apigateway.aws_api_gateway_resource.device_deviceId_shadows_name",
            "module.apigateway.aws_api_gateway_resource.sol_device_deviceId",
            "module.apigateway.aws_api_gateway_resource.sol_devices",
            "module.apigateway.aws_api_gateway_rest_api.solution_mqtt_server",
            "module.function.aws_lambda_event_source_mapping.trigger-cert-update",
            "module.function.aws_lambda_event_source_mapping.trigger-send-message",
            "module.function.aws_lambda_function.MQTT-CERT-UPDATE",
            "module.function.aws_lambda_function.MQTT-DEVICE-IOTCORE-ACCESS",
            "module.function.aws_lambda_function.MQTT-DEVICE-IOTCORE-PROHIBIT",
            "module.function.aws_lambda_function.MQTT-DEVICE-PRESENCE-UPDATE",
            "module.function.aws_lambda_function.MQTT-DEVICE-SHADOW-RETRIEVE",
            "module.function.aws_lambda_function.MQTT-DEVICE-STATUS-NOTIFY",
            "module.function.aws_lambda_function.MQTT-DEVICE-STATUS-RETRIEVE",
            "module.function.aws_lambda_function.MQTT-JITR",
            "module.function.aws_lambda_function.MQTT-MSG-STATUS-RETRIEVE",
            "module.function.aws_lambda_function.MQTT-SEND-MESSAGE",
            "module.function.aws_lambda_function.MQTT-TICKET-RESPONSE-UPDATE",
            "module.function.aws_lambda_layer_version.mqtt_common_layer",
            "module.function.data.archive_file.cret_update_zip",
            "module.function.data.archive_file.device_iotcore_access_zip",
            "module.function.data.archive_file.device_iotcore_prohibit_zip",
            "module.function.data.archive_file.device_presence_update_zip",
            "module.function.data.archive_file.device_shadow_retrieve_zip",
            "module.function.data.archive_file.device_status_notify_zip",
            "module.function.data.archive_file.device_status_retrieve_zip",
            "module.function.data.archive_file.mqtt_common_layer_zip",
            "module.function.data.archive_file.mqtt_jitr_zip",
            "module.function.data.archive_file.msg_status_retrieve_zip",
            "module.function.data.archive_file.send_message_zip",
            "module.function.data.archive_file.ticket_response_update_zip",
            "module.function.null_resource.cleanup_cert_update_zip",
            "module.function.null_resource.cleanup_common_layer_zip",
            "module.function.null_resource.cleanup_device_iotcore_zip",
            "module.function.null_resource.cleanup_device_presence_zip",
            "module.function.null_resource.cleanup_device_prohibit_zip",
            "module.function.null_resource.cleanup_device_shadow_zip",
            "module.function.null_resource.cleanup_device_status_zip",
            "module.function.null_resource.cleanup_mqtt_jitr_zip",
            "module.function.null_resource.cleanup_send_message_zip",
            "module.function.null_resource.cleanup_status_notify_zip",
            "module.function.null_resource.cleanup_status_retrieve_zip",
            "module.function.null_resource.cleanup_ticket_response_zip",
            "module.sqs.aws_sqs_queue.cert_update_notify",
            "module.sqs.aws_sqs_queue.presence_data_notify",
            "module.sqs.aws_sqs_queue.ticket_notify",
            "module.sqs.aws_sqs_queue_policy.policy_cert_update_notify",
            "module.sqs.aws_sqs_queue_policy.policy_ticket_notify",
            "module.sqs.aws_sqs_queue_policy.presence_data_notify"
          ]
        }
      ]
    },
    {
      "module": "module.apigateway",
      "mode": "managed",
      "type": "aws_lambda_permission",
      "name": "sol_tickets_groupId_invoke_lambda_permission",
      "provider": "provider[\"registry.terraform.io/hashicorp/aws\"]",
      "instances": [
        {
          "schema_version": 0,
          "attributes": {
            "action": "lambda:InvokeFunction",
            "event_source_token": null,
            "function_name": "arn:aws:lambda:ap-northeast-1:277403262470:function:MQTT-MSG-STATUS-RETRIEVE",
            "function_url_auth_type": null,
            "id": "AllowExecutionFromAPIGatewaySolGroupId",
            "invoked_via_function_url": null,
            "principal": "apigateway.amazonaws.com",
            "principal_org_id": null,
            "qualifier": "",
            "region": "ap-northeast-1",
            "source_account": null,
            "source_arn": "arn:aws:execute-api:ap-northeast-1:277403262470:blgspy2i4b/*/GET/tickets",
            "statement_id": "AllowExecutionFromAPIGatewaySolGroupId",
            "statement_id_prefix": ""
          },
          "sensitive_attributes": [],
          "identity_schema_version": 0,
          "identity": {
            "account_id": "277403262470",
            "function_name": "arn:aws:lambda:ap-northeast-1:277403262470:function:MQTT-MSG-STATUS-RETRIEVE",
            "qualifier": null,
            "region": "ap-northeast-1",
            "statement_id": "AllowExecutionFromAPIGatewaySolGroupId"
          },
          "private": "bnVsbA==",
          "dependencies": [
            "data.aws_caller_identity.current",
            "module.apigateway.aws_api_gateway_integration.sol_tickets_groupId_lambda_integration",
            "module.apigateway.aws_api_gateway_method.get_sol_tickets_groupId",
            "module.apigateway.aws_api_gateway_resource.sol_tickets",
            "module.apigateway.aws_api_gateway_rest_api.solution_mqtt_server",
            "module.function.aws_lambda_event_source_mapping.trigger-cert-update",
            "module.function.aws_lambda_event_source_mapping.trigger-send-message",
            "module.function.aws_lambda_function.MQTT-CERT-UPDATE",
            "module.function.aws_lambda_function.MQTT-DEVICE-IOTCORE-ACCESS",
            "module.function.aws_lambda_function.MQTT-DEVICE-IOTCORE-PROHIBIT",
            "module.function.aws_lambda_function.MQTT-DEVICE-PRESENCE-UPDATE",
            "module.function.aws_lambda_function.MQTT-DEVICE-SHADOW-RETRIEVE",
            "module.function.aws_lambda_function.MQTT-DEVICE-STATUS-NOTIFY",
            "module.function.aws_lambda_function.MQTT-DEVICE-STATUS-RETRIEVE",
            "module.function.aws_lambda_function.MQTT-JITR",
            "module.function.aws_lambda_function.MQTT-MSG-STATUS-RETRIEVE",
            "module.function.aws_lambda_function.MQTT-SEND-MESSAGE",
            "module.function.aws_lambda_function.MQTT-TICKET-RESPONSE-UPDATE",
            "module.function.aws_lambda_layer_version.mqtt_common_layer",
            "module.function.data.archive_file.cret_update_zip",
            "module.function.data.archive_file.device_iotcore_access_zip",
            "module.function.data.archive_file.device_iotcore_prohibit_zip",
            "module.function.data.archive_file.device_presence_update_zip",
            "module.function.data.archive_file.device_shadow_retrieve_zip",
            "module.function.data.archive_file.device_status_notify_zip",
            "module.function.data.archive_file.device_status_retrieve_zip",
            "module.function.data.archive_file.mqtt_common_layer_zip",
            "module.function.data.archive_file.mqtt_jitr_zip",
            "module.function.data.archive_file.msg_status_retrieve_zip",
            "module.function.data.archive_file.send_message_zip",
            "module.function.data.archive_file.ticket_response_update_zip",
            "module.function.null_resource.cleanup_cert_update_zip",
            "module.function.null_resource.cleanup_common_layer_zip",
            "module.function.null_resource.cleanup_device_iotcore_zip",
            "module.function.null_resource.cleanup_device_presence_zip",
            "module.function.null_resource.cleanup_device_prohibit_zip",
            "module.function.null_resource.cleanup_device_shadow_zip",
            "module.function.null_resource.cleanup_device_status_zip",
            "module.function.null_resource.cleanup_mqtt_jitr_zip",
            "module.function.null_resource.cleanup_send_message_zip",
            "module.function.null_resource.cleanup_status_notify_zip",
            "module.function.null_resource.cleanup_status_retrieve_zip",
            "module.function.null_resource.cleanup_ticket_response_zip",
            "module.sqs.aws_sqs_queue.cert_update_notify",
            "module.sqs.aws_sqs_queue.presence_data_notify",
            "module.sqs.aws_sqs_queue.ticket_notify",
            "module.sqs.aws_sqs_queue_policy.policy_cert_update_notify",
            "module.sqs.aws_sqs_queue_policy.policy_ticket_notify",
            "module.sqs.aws_sqs_queue_policy.presence_data_notify"
          ]
        }
      ]
    },
    {
      "module": "module.apigateway",
      "mode": "managed",
      "type": "aws_lambda_permission",
      "name": "sol_tickets_messageId_deviceId_invoke_lambda_permission",
      "provider": "provider[\"registry.terraform.io/hashicorp/aws\"]",
      "instances": [
        {
          "schema_version": 0,
          "attributes": {
            "action": "lambda:InvokeFunction",
            "event_source_token": null,
            "function_name": "arn:aws:lambda:ap-northeast-1:277403262470:function:MQTT-MSG-STATUS-RETRIEVE",
            "function_url_auth_type": null,
            "id": "AllowExecutionFromAPIGatewaydeviceId",
            "invoked_via_function_url": null,
            "principal": "apigateway.amazonaws.com",
            "principal_org_id": null,
            "qualifier": "",
            "region": "ap-northeast-1",
            "source_account": null,
            "source_arn": "arn:aws:execute-api:ap-northeast-1:277403262470:blgspy2i4b/*/GET/tickets/{messageId}/{deviceId}",
            "statement_id": "AllowExecutionFromAPIGatewaydeviceId",
            "statement_id_prefix": ""
          },
          "sensitive_attributes": [],
          "identity_schema_version": 0,
          "identity": {
            "account_id": "277403262470",
            "function_name": "arn:aws:lambda:ap-northeast-1:277403262470:function:MQTT-MSG-STATUS-RETRIEVE",
            "qualifier": null,
            "region": "ap-northeast-1",
            "statement_id": "AllowExecutionFromAPIGatewaydeviceId"
          },
          "private": "bnVsbA==",
          "dependencies": [
            "data.aws_caller_identity.current",
            "module.apigateway.aws_api_gateway_integration.sol_tickets_messageId_deviceId_lambda_integration",
            "module.apigateway.aws_api_gateway_method.get_sol_tickets_messageId",
            "module.apigateway.aws_api_gateway_method.get_sol_tickets_messageId_deviceId",
            "module.apigateway.aws_api_gateway_resource.sol_tickets",
            "module.apigateway.aws_api_gateway_resource.sol_tickets_messageId",
            "module.apigateway.aws_api_gateway_resource.sol_tickets_messageId_deviceId",
            "module.apigateway.aws_api_gateway_rest_api.solution_mqtt_server",
            "module.function.aws_lambda_event_source_mapping.trigger-cert-update",
            "module.function.aws_lambda_event_source_mapping.trigger-send-message",
            "module.function.aws_lambda_function.MQTT-CERT-UPDATE",
            "module.function.aws_lambda_function.MQTT-DEVICE-IOTCORE-ACCESS",
            "module.function.aws_lambda_function.MQTT-DEVICE-IOTCORE-PROHIBIT",
            "module.function.aws_lambda_function.MQTT-DEVICE-PRESENCE-UPDATE",
            "module.function.aws_lambda_function.MQTT-DEVICE-SHADOW-RETRIEVE",
            "module.function.aws_lambda_function.MQTT-DEVICE-STATUS-NOTIFY",
            "module.function.aws_lambda_function.MQTT-DEVICE-STATUS-RETRIEVE",
            "module.function.aws_lambda_function.MQTT-JITR",
            "module.function.aws_lambda_function.MQTT-MSG-STATUS-RETRIEVE",
            "module.function.aws_lambda_function.MQTT-SEND-MESSAGE",
            "module.function.aws_lambda_function.MQTT-TICKET-RESPONSE-UPDATE",
            "module.function.aws_lambda_layer_version.mqtt_common_layer",
            "module.function.data.archive_file.cret_update_zip",
            "module.function.data.archive_file.device_iotcore_access_zip",
            "module.function.data.archive_file.device_iotcore_prohibit_zip",
            "module.function.data.archive_file.device_presence_update_zip",
            "module.function.data.archive_file.device_shadow_retrieve_zip",
            "module.function.data.archive_file.device_status_notify_zip",
            "module.function.data.archive_file.device_status_retrieve_zip",
            "module.function.data.archive_file.mqtt_common_layer_zip",
            "module.function.data.archive_file.mqtt_jitr_zip",
            "module.function.data.archive_file.msg_status_retrieve_zip",
            "module.function.data.archive_file.send_message_zip",
            "module.function.data.archive_file.ticket_response_update_zip",
            "module.function.null_resource.cleanup_cert_update_zip",
            "module.function.null_resource.cleanup_common_layer_zip",
            "module.function.null_resource.cleanup_device_iotcore_zip",
            "module.function.null_resource.cleanup_device_presence_zip",
            "module.function.null_resource.cleanup_device_prohibit_zip",
            "module.function.null_resource.cleanup_device_shadow_zip",
            "module.function.null_resource.cleanup_device_status_zip",
            "module.function.null_resource.cleanup_mqtt_jitr_zip",
            "module.function.null_resource.cleanup_send_message_zip",
            "module.function.null_resource.cleanup_status_notify_zip",
            "module.function.null_resource.cleanup_status_retrieve_zip",
            "module.function.null_resource.cleanup_ticket_response_zip",
            "module.sqs.aws_sqs_queue.cert_update_notify",
            "module.sqs.aws_sqs_queue.presence_data_notify",
            "module.sqs.aws_sqs_queue.ticket_notify",
            "module.sqs.aws_sqs_queue_policy.policy_cert_update_notify",
            "module.sqs.aws_sqs_queue_policy.policy_ticket_notify",
            "module.sqs.aws_sqs_queue_policy.presence_data_notify"
          ]
        }
      ]
    },
    {
      "module": "module.apigateway",
      "mode": "managed",
      "type": "aws_lambda_permission",
      "name": "sol_tickets_messageId_invoke_lambda_permission",
      "provider": "provider[\"registry.terraform.io/hashicorp/aws\"]",
      "instances": [
        {
          "schema_version": 0,
          "attributes": {
            "action": "lambda:InvokeFunction",
            "event_source_token": null,
            "function_name": "arn:aws:lambda:ap-northeast-1:277403262470:function:MQTT-MSG-STATUS-RETRIEVE",
            "function_url_auth_type": null,
            "id": "AllowExecutionFromAPIGatewaymessageId",
            "invoked_via_function_url": null,
            "principal": "apigateway.amazonaws.com",
            "principal_org_id": null,
            "qualifier": "",
            "region": "ap-northeast-1",
            "source_account": null,
            "source_arn": "arn:aws:execute-api:ap-northeast-1:277403262470:blgspy2i4b/*/GET/tickets/{messageId}",
            "statement_id": "AllowExecutionFromAPIGatewaymessageId",
            "statement_id_prefix": ""
          },
          "sensitive_attributes": [],
          "identity_schema_version": 0,
          "identity": {
            "account_id": "277403262470",
            "function_name": "arn:aws:lambda:ap-northeast-1:277403262470:function:MQTT-MSG-STATUS-RETRIEVE",
            "qualifier": null,
            "region": "ap-northeast-1",
            "statement_id": "AllowExecutionFromAPIGatewaymessageId"
          },
          "private": "bnVsbA==",
          "dependencies": [
            "data.aws_caller_identity.current",
            "module.apigateway.aws_api_gateway_integration.sol_tickets_messageId_lambda_integration",
            "module.apigateway.aws_api_gateway_method.get_sol_tickets_messageId",
            "module.apigateway.aws_api_gateway_resource.sol_tickets",
            "module.apigateway.aws_api_gateway_resource.sol_tickets_messageId",
            "module.apigateway.aws_api_gateway_rest_api.solution_mqtt_server",
            "module.function.aws_lambda_event_source_mapping.trigger-cert-update",
            "module.function.aws_lambda_event_source_mapping.trigger-send-message",
            "module.function.aws_lambda_function.MQTT-CERT-UPDATE",
            "module.function.aws_lambda_function.MQTT-DEVICE-IOTCORE-ACCESS",
            "module.function.aws_lambda_function.MQTT-DEVICE-IOTCORE-PROHIBIT",
            "module.function.aws_lambda_function.MQTT-DEVICE-PRESENCE-UPDATE",
            "module.function.aws_lambda_function.MQTT-DEVICE-SHADOW-RETRIEVE",
            "module.function.aws_lambda_function.MQTT-DEVICE-STATUS-NOTIFY",
            "module.function.aws_lambda_function.MQTT-DEVICE-STATUS-RETRIEVE",
            "module.function.aws_lambda_function.MQTT-JITR",
            "module.function.aws_lambda_function.MQTT-MSG-STATUS-RETRIEVE",
            "module.function.aws_lambda_function.MQTT-SEND-MESSAGE",
            "module.function.aws_lambda_function.MQTT-TICKET-RESPONSE-UPDATE",
            "module.function.aws_lambda_layer_version.mqtt_common_layer",
            "module.function.data.archive_file.cret_update_zip",
            "module.function.data.archive_file.device_iotcore_access_zip",
            "module.function.data.archive_file.device_iotcore_prohibit_zip",
            "module.function.data.archive_file.device_presence_update_zip",
            "module.function.data.archive_file.device_shadow_retrieve_zip",
            "module.function.data.archive_file.device_status_notify_zip",
            "module.function.data.archive_file.device_status_retrieve_zip",
            "module.function.data.archive_file.mqtt_common_layer_zip",
            "module.function.data.archive_file.mqtt_jitr_zip",
            "module.function.data.archive_file.msg_status_retrieve_zip",
            "module.function.data.archive_file.send_message_zip",
            "module.function.data.archive_file.ticket_response_update_zip",
            "module.function.null_resource.cleanup_cert_update_zip",
            "module.function.null_resource.cleanup_common_layer_zip",
            "module.function.null_resource.cleanup_device_iotcore_zip",
            "module.function.null_resource.cleanup_device_presence_zip",
            "module.function.null_resource.cleanup_device_prohibit_zip",
            "module.function.null_resource.cleanup_device_shadow_zip",
            "module.function.null_resource.cleanup_device_status_zip",
            "module.function.null_resource.cleanup_mqtt_jitr_zip",
            "module.function.null_resource.cleanup_send_message_zip",
            "module.function.null_resource.cleanup_status_notify_zip",
            "module.function.null_resource.cleanup_status_retrieve_zip",
            "module.function.null_resource.cleanup_ticket_response_zip",
            "module.sqs.aws_sqs_queue.cert_update_notify",
            "module.sqs.aws_sqs_queue.presence_data_notify",
            "module.sqs.aws_sqs_queue.ticket_notify",
            "module.sqs.aws_sqs_queue_policy.policy_cert_update_notify",
            "module.sqs.aws_sqs_queue_policy.policy_ticket_notify",
            "module.sqs.aws_sqs_queue_policy.presence_data_notify"
          ]
        }
      ]
    },
    {
      "module": "module.apigateway",
      "mode": "managed",
      "type": "aws_lambda_permission",
      "name": "tickets_groupId_invoke_lambda_permission",
      "provider": "provider[\"registry.terraform.io/hashicorp/aws\"]",
      "instances": [
        {
          "schema_version": 0,
          "attributes": {
            "action": "lambda:InvokeFunction",
            "event_source_token": null,
            "function_name": "arn:aws:lambda:ap-northeast-1:277403262470:function:MQTT-MSG-STATUS-RETRIEVE",
            "function_url_auth_type": null,
            "id": "AllowExecutionFromAPIGatewayGroupId",
            "invoked_via_function_url": null,
            "principal": "apigateway.amazonaws.com",
            "principal_org_id": null,
            "qualifier": "",
            "region": "ap-northeast-1",
            "source_account": null,
            "source_arn": "arn:aws:execute-api:ap-northeast-1:277403262470:12ehl8kole/*/GET/tickets",
            "statement_id": "AllowExecutionFromAPIGatewayGroupId",
            "statement_id_prefix": ""
          },
          "sensitive_attributes": [],
          "identity_schema_version": 0,
          "identity": {
            "account_id": "277403262470",
            "function_name": "arn:aws:lambda:ap-northeast-1:277403262470:function:MQTT-MSG-STATUS-RETRIEVE",
            "qualifier": null,
            "region": "ap-northeast-1",
            "statement_id": "AllowExecutionFromAPIGatewayGroupId"
          },
          "private": "bnVsbA==",
          "dependencies": [
            "data.aws_caller_identity.current",
            "module.apigateway.aws_api_gateway_integration.tickets_groupId_lambda_integration",
            "module.apigateway.aws_api_gateway_method.get_tickets_groupId",
            "module.apigateway.aws_api_gateway_resource.tickets",
            "module.apigateway.aws_api_gateway_rest_api.mqtt_server",
            "module.function.aws_lambda_event_source_mapping.trigger-cert-update",
            "module.function.aws_lambda_event_source_mapping.trigger-send-message",
            "module.function.aws_lambda_function.MQTT-CERT-UPDATE",
            "module.function.aws_lambda_function.MQTT-DEVICE-IOTCORE-ACCESS",
            "module.function.aws_lambda_function.MQTT-DEVICE-IOTCORE-PROHIBIT",
            "module.function.aws_lambda_function.MQTT-DEVICE-PRESENCE-UPDATE",
            "module.function.aws_lambda_function.MQTT-DEVICE-SHADOW-RETRIEVE",
            "module.function.aws_lambda_function.MQTT-DEVICE-STATUS-NOTIFY",
            "module.function.aws_lambda_function.MQTT-DEVICE-STATUS-RETRIEVE",
            "module.function.aws_lambda_function.MQTT-JITR",
            "module.function.aws_lambda_function.MQTT-MSG-STATUS-RETRIEVE",
            "module.function.aws_lambda_function.MQTT-SEND-MESSAGE",
            "module.function.aws_lambda_function.MQTT-TICKET-RESPONSE-UPDATE",
            "module.function.aws_lambda_layer_version.mqtt_common_layer",
            "module.function.data.archive_file.cret_update_zip",
            "module.function.data.archive_file.device_iotcore_access_zip",
            "module.function.data.archive_file.device_iotcore_prohibit_zip",
            "module.function.data.archive_file.device_presence_update_zip",
            "module.function.data.archive_file.device_shadow_retrieve_zip",
            "module.function.data.archive_file.device_status_notify_zip",
            "module.function.data.archive_file.device_status_retrieve_zip",
            "module.function.data.archive_file.mqtt_common_layer_zip",
            "module.function.data.archive_file.mqtt_jitr_zip",
            "module.function.data.archive_file.msg_status_retrieve_zip",
            "module.function.data.archive_file.send_message_zip",
            "module.function.data.archive_file.ticket_response_update_zip",
            "module.function.null_resource.cleanup_cert_update_zip",
            "module.function.null_resource.cleanup_common_layer_zip",
            "module.function.null_resource.cleanup_device_iotcore_zip",
            "module.function.null_resource.cleanup_device_presence_zip",
            "module.function.null_resource.cleanup_device_prohibit_zip",
            "module.function.null_resource.cleanup_device_shadow_zip",
            "module.function.null_resource.cleanup_device_status_zip",
            "module.function.null_resource.cleanup_mqtt_jitr_zip",
            "module.function.null_resource.cleanup_send_message_zip",
            "module.function.null_resource.cleanup_status_notify_zip",
            "module.function.null_resource.cleanup_status_retrieve_zip",
            "module.function.null_resource.cleanup_ticket_response_zip",
            "module.sqs.aws_sqs_queue.cert_update_notify",
            "module.sqs.aws_sqs_queue.presence_data_notify",
            "module.sqs.aws_sqs_queue.ticket_notify",
            "module.sqs.aws_sqs_queue_policy.policy_cert_update_notify",
            "module.sqs.aws_sqs_queue_policy.policy_ticket_notify",
            "module.sqs.aws_sqs_queue_policy.presence_data_notify"
          ]
        }
      ]
    },
    {
      "module": "module.apigateway",
      "mode": "managed",
      "type": "aws_lambda_permission",
      "name": "tickets_messageId_deviceId_invoke_lambda_permission",
      "provider": "provider[\"registry.terraform.io/hashicorp/aws\"]",
      "instances": [
        {
          "schema_version": 0,
          "attributes": {
            "action": "lambda:InvokeFunction",
            "event_source_token": null,
            "function_name": "arn:aws:lambda:ap-northeast-1:277403262470:function:MQTT-MSG-STATUS-RETRIEVE",
            "function_url_auth_type": null,
            "id": "AllowExecutionFromAPIGatewayTicketStatus",
            "invoked_via_function_url": null,
            "principal": "apigateway.amazonaws.com",
            "principal_org_id": null,
            "qualifier": "",
            "region": "ap-northeast-1",
            "source_account": null,
            "source_arn": "arn:aws:execute-api:ap-northeast-1:277403262470:12ehl8kole/*/GET/tickets/{messageId}/{deviceId}",
            "statement_id": "AllowExecutionFromAPIGatewayTicketStatus",
            "statement_id_prefix": ""
          },
          "sensitive_attributes": [],
          "identity_schema_version": 0,
          "identity": {
            "account_id": "277403262470",
            "function_name": "arn:aws:lambda:ap-northeast-1:277403262470:function:MQTT-MSG-STATUS-RETRIEVE",
            "qualifier": null,
            "region": "ap-northeast-1",
            "statement_id": "AllowExecutionFromAPIGatewayTicketStatus"
          },
          "private": "bnVsbA==",
          "dependencies": [
            "data.aws_caller_identity.current",
            "module.apigateway.aws_api_gateway_integration.tickets_messageId_deviceId_lambda_integration",
            "module.apigateway.aws_api_gateway_method.get_tickets_messageId",
            "module.apigateway.aws_api_gateway_method.get_tickets_messageId_deviceId",
            "module.apigateway.aws_api_gateway_resource.tickets",
            "module.apigateway.aws_api_gateway_resource.tickets_messageId",
            "module.apigateway.aws_api_gateway_resource.tickets_messageId_deviceId",
            "module.apigateway.aws_api_gateway_rest_api.mqtt_server",
            "module.function.aws_lambda_event_source_mapping.trigger-cert-update",
            "module.function.aws_lambda_event_source_mapping.trigger-send-message",
            "module.function.aws_lambda_function.MQTT-CERT-UPDATE",
            "module.function.aws_lambda_function.MQTT-DEVICE-IOTCORE-ACCESS",
            "module.function.aws_lambda_function.MQTT-DEVICE-IOTCORE-PROHIBIT",
            "module.function.aws_lambda_function.MQTT-DEVICE-PRESENCE-UPDATE",
            "module.function.aws_lambda_function.MQTT-DEVICE-SHADOW-RETRIEVE",
            "module.function.aws_lambda_function.MQTT-DEVICE-STATUS-NOTIFY",
            "module.function.aws_lambda_function.MQTT-DEVICE-STATUS-RETRIEVE",
            "module.function.aws_lambda_function.MQTT-JITR",
            "module.function.aws_lambda_function.MQTT-MSG-STATUS-RETRIEVE",
            "module.function.aws_lambda_function.MQTT-SEND-MESSAGE",
            "module.function.aws_lambda_function.MQTT-TICKET-RESPONSE-UPDATE",
            "module.function.aws_lambda_layer_version.mqtt_common_layer",
            "module.function.data.archive_file.cret_update_zip",
            "module.function.data.archive_file.device_iotcore_access_zip",
            "module.function.data.archive_file.device_iotcore_prohibit_zip",
            "module.function.data.archive_file.device_presence_update_zip",
            "module.function.data.archive_file.device_shadow_retrieve_zip",
            "module.function.data.archive_file.device_status_notify_zip",
            "module.function.data.archive_file.device_status_retrieve_zip",
            "module.function.data.archive_file.mqtt_common_layer_zip",
            "module.function.data.archive_file.mqtt_jitr_zip",
            "module.function.data.archive_file.msg_status_retrieve_zip",
            "module.function.data.archive_file.send_message_zip",
            "module.function.data.archive_file.ticket_response_update_zip",
            "module.function.null_resource.cleanup_cert_update_zip",
            "module.function.null_resource.cleanup_common_layer_zip",
            "module.function.null_resource.cleanup_device_iotcore_zip",
            "module.function.null_resource.cleanup_device_presence_zip",
            "module.function.null_resource.cleanup_device_prohibit_zip",
            "module.function.null_resource.cleanup_device_shadow_zip",
            "module.function.null_resource.cleanup_device_status_zip",
            "module.function.null_resource.cleanup_mqtt_jitr_zip",
            "module.function.null_resource.cleanup_send_message_zip",
            "module.function.null_resource.cleanup_status_notify_zip",
            "module.function.null_resource.cleanup_status_retrieve_zip",
            "module.function.null_resource.cleanup_ticket_response_zip",
            "module.sqs.aws_sqs_queue.cert_update_notify",
            "module.sqs.aws_sqs_queue.presence_data_notify",
            "module.sqs.aws_sqs_queue.ticket_notify",
            "module.sqs.aws_sqs_queue_policy.policy_cert_update_notify",
            "module.sqs.aws_sqs_queue_policy.policy_ticket_notify",
            "module.sqs.aws_sqs_queue_policy.presence_data_notify"
          ]
        }
      ]
    },
    {
      "module": "module.apigateway",
      "mode": "managed",
      "type": "aws_lambda_permission",
      "name": "tickets_messageId_invoke_lambda_permission",
      "provider": "provider[\"registry.terraform.io/hashicorp/aws\"]",
      "instances": [
        {
          "schema_version": 0,
          "attributes": {
            "action": "lambda:InvokeFunction",
            "event_source_token": null,
            "function_name": "arn:aws:lambda:ap-northeast-1:277403262470:function:MQTT-MSG-STATUS-RETRIEVE",
            "function_url_auth_type": null,
            "id": "AllowExecutionFromAPIGatewayMessageId",
            "invoked_via_function_url": null,
            "principal": "apigateway.amazonaws.com",
            "principal_org_id": null,
            "qualifier": "",
            "region": "ap-northeast-1",
            "source_account": null,
            "source_arn": "arn:aws:execute-api:ap-northeast-1:277403262470:12ehl8kole/*/GET/tickets/{messageId}",
            "statement_id": "AllowExecutionFromAPIGatewayMessageId",
            "statement_id_prefix": ""
          },
          "sensitive_attributes": [],
          "identity_schema_version": 0,
          "identity": {
            "account_id": "277403262470",
            "function_name": "arn:aws:lambda:ap-northeast-1:277403262470:function:MQTT-MSG-STATUS-RETRIEVE",
            "qualifier": null,
            "region": "ap-northeast-1",
            "statement_id": "AllowExecutionFromAPIGatewayMessageId"
          },
          "private": "bnVsbA==",
          "dependencies": [
            "data.aws_caller_identity.current",
            "module.apigateway.aws_api_gateway_integration.tickets_messageId_lambda_integration",
            "module.apigateway.aws_api_gateway_method.get_tickets_messageId",
            "module.apigateway.aws_api_gateway_resource.tickets",
            "module.apigateway.aws_api_gateway_resource.tickets_messageId",
            "module.apigateway.aws_api_gateway_rest_api.mqtt_server",
            "module.function.aws_lambda_event_source_mapping.trigger-cert-update",
            "module.function.aws_lambda_event_source_mapping.trigger-send-message",
            "module.function.aws_lambda_function.MQTT-CERT-UPDATE",
            "module.function.aws_lambda_function.MQTT-DEVICE-IOTCORE-ACCESS",
            "module.function.aws_lambda_function.MQTT-DEVICE-IOTCORE-PROHIBIT",
            "module.function.aws_lambda_function.MQTT-DEVICE-PRESENCE-UPDATE",
            "module.function.aws_lambda_function.MQTT-DEVICE-SHADOW-RETRIEVE",
            "module.function.aws_lambda_function.MQTT-DEVICE-STATUS-NOTIFY",
            "module.function.aws_lambda_function.MQTT-DEVICE-STATUS-RETRIEVE",
            "module.function.aws_lambda_function.MQTT-JITR",
            "module.function.aws_lambda_function.MQTT-MSG-STATUS-RETRIEVE",
            "module.function.aws_lambda_function.MQTT-SEND-MESSAGE",
            "module.function.aws_lambda_function.MQTT-TICKET-RESPONSE-UPDATE",
            "module.function.aws_lambda_layer_version.mqtt_common_layer",
            "module.function.data.archive_file.cret_update_zip",
            "module.function.data.archive_file.device_iotcore_access_zip",
            "module.function.data.archive_file.device_iotcore_prohibit_zip",
            "module.function.data.archive_file.device_presence_update_zip",
            "module.function.data.archive_file.device_shadow_retrieve_zip",
            "module.function.data.archive_file.device_status_notify_zip",
            "module.function.data.archive_file.device_status_retrieve_zip",
            "module.function.data.archive_file.mqtt_common_layer_zip",
            "module.function.data.archive_file.mqtt_jitr_zip",
            "module.function.data.archive_file.msg_status_retrieve_zip",
            "module.function.data.archive_file.send_message_zip",
            "module.function.data.archive_file.ticket_response_update_zip",
            "module.function.null_resource.cleanup_cert_update_zip",
            "module.function.null_resource.cleanup_common_layer_zip",
            "module.function.null_resource.cleanup_device_iotcore_zip",
            "module.function.null_resource.cleanup_device_presence_zip",
            "module.function.null_resource.cleanup_device_prohibit_zip",
            "module.function.null_resource.cleanup_device_shadow_zip",
            "module.function.null_resource.cleanup_device_status_zip",
            "module.function.null_resource.cleanup_mqtt_jitr_zip",
            "module.function.null_resource.cleanup_send_message_zip",
            "module.function.null_resource.cleanup_status_notify_zip",
            "module.function.null_resource.cleanup_status_retrieve_zip",
            "module.function.null_resource.cleanup_ticket_response_zip",
            "module.sqs.aws_sqs_queue.cert_update_notify",
            "module.sqs.aws_sqs_queue.presence_data_notify",
            "module.sqs.aws_sqs_queue.ticket_notify",
            "module.sqs.aws_sqs_queue_policy.policy_cert_update_notify",
            "module.sqs.aws_sqs_queue_policy.policy_ticket_notify",
            "module.sqs.aws_sqs_queue_policy.presence_data_notify"
          ]
        }
      ]
    },
    {
      "module": "module.cloudwatch",
      "mode": "managed",
      "type": "aws_cloudwatch_event_rule",
      "name": "trigger_notify_presence_data",
      "provider": "provider[\"registry.terraform.io/hashicorp/aws\"]",
      "instances": [
        {
          "schema_version": 1,
          "attributes": {
            "arn": "arn:aws:events:ap-northeast-1:277403262470:rule/trigger-notify-presence-data",
            "description": "",
            "event_bus_name": "default",
            "event_pattern": null,
            "force_destroy": false,
            "id": "trigger-notify-presence-data",
            "is_enabled": true,
            "name": "trigger-notify-presence-data",
            "name_prefix": "",
            "region": "ap-northeast-1",
            "role_arn": "",
            "schedule_expression": "rate(1 minute)",
            "state": "ENABLED",
            "tags": {},
            "tags_all": {}
          },
          "sensitive_attributes": [],
          "identity_schema_version": 0,
          "identity": {
            "account_id": "277403262470",
            "name": "trigger-notify-presence-data",
            "region": "ap-northeast-1"
          },
          "private": "eyJzY2hlbWFfdmVyc2lvbiI6IjEifQ==",
          "dependencies": [
            "data.aws_caller_identity.current",
            "module.function.aws_lambda_event_source_mapping.trigger-cert-update",
            "module.function.aws_lambda_event_source_mapping.trigger-send-message",
            "module.function.aws_lambda_function.MQTT-CERT-UPDATE",
            "module.function.aws_lambda_function.MQTT-DEVICE-IOTCORE-ACCESS",
            "module.function.aws_lambda_function.MQTT-DEVICE-IOTCORE-PROHIBIT",
            "module.function.aws_lambda_function.MQTT-DEVICE-PRESENCE-UPDATE",
            "module.function.aws_lambda_function.MQTT-DEVICE-SHADOW-RETRIEVE",
            "module.function.aws_lambda_function.MQTT-DEVICE-STATUS-NOTIFY",
            "module.function.aws_lambda_function.MQTT-DEVICE-STATUS-RETRIEVE",
            "module.function.aws_lambda_function.MQTT-JITR",
            "module.function.aws_lambda_function.MQTT-MSG-STATUS-RETRIEVE",
            "module.function.aws_lambda_function.MQTT-SEND-MESSAGE",
            "module.function.aws_lambda_function.MQTT-TICKET-RESPONSE-UPDATE",
            "module.function.aws_lambda_layer_version.mqtt_common_layer",
            "module.function.data.archive_file.cret_update_zip",
            "module.function.data.archive_file.device_iotcore_access_zip",
            "module.function.data.archive_file.device_iotcore_prohibit_zip",
            "module.function.data.archive_file.device_presence_update_zip",
            "module.function.data.archive_file.device_shadow_retrieve_zip",
            "module.function.data.archive_file.device_status_notify_zip",
            "module.function.data.archive_file.device_status_retrieve_zip",
            "module.function.data.archive_file.mqtt_common_layer_zip",
            "module.function.data.archive_file.mqtt_jitr_zip",
            "module.function.data.archive_file.msg_status_retrieve_zip",
            "module.function.data.archive_file.send_message_zip",
            "module.function.data.archive_file.ticket_response_update_zip",
            "module.function.null_resource.cleanup_cert_update_zip",
            "module.function.null_resource.cleanup_common_layer_zip",
            "module.function.null_resource.cleanup_device_iotcore_zip",
            "module.function.null_resource.cleanup_device_presence_zip",
            "module.function.null_resource.cleanup_device_prohibit_zip",
            "module.function.null_resource.cleanup_device_shadow_zip",
            "module.function.null_resource.cleanup_device_status_zip",
            "module.function.null_resource.cleanup_mqtt_jitr_zip",
            "module.function.null_resource.cleanup_send_message_zip",
            "module.function.null_resource.cleanup_status_notify_zip",
            "module.function.null_resource.cleanup_status_retrieve_zip",
            "module.function.null_resource.cleanup_ticket_response_zip",
            "module.sqs.aws_sqs_queue.cert_update_notify",
            "module.sqs.aws_sqs_queue.presence_data_notify",
            "module.sqs.aws_sqs_queue.ticket_notify",
            "module.sqs.aws_sqs_queue_policy.policy_cert_update_notify",
            "module.sqs.aws_sqs_queue_policy.policy_ticket_notify",
            "module.sqs.aws_sqs_queue_policy.presence_data_notify"
          ]
        }
      ]
    },
    {
      "module": "module.cloudwatch",
      "mode": "managed",
      "type": "aws_cloudwatch_event_target",
      "name": "event_target_notify_device_status_lambda",
      "provider": "provider[\"registry.terraform.io/hashicorp/aws\"]",
      "instances": [
        {
          "schema_version": 1,
          "attributes": {
            "appsync_target": [],
            "arn": "arn:aws:lambda:ap-northeast-1:277403262470:function:MQTT-DEVICE-STATUS-NOTIFY",
            "batch_target": [],
            "dead_letter_config": [],
            "ecs_target": [],
            "event_bus_name": "default",
            "force_destroy": false,
            "http_target": [],
            "id": "trigger-notify-presence-data-terraform-20260120093229389100000001",
            "input": "",
            "input_path": "",
            "input_transformer": [],
            "kinesis_target": [],
            "redshift_target": [],
            "region": "ap-northeast-1",
            "retry_policy": [],
            "role_arn": "",
            "rule": "trigger-notify-presence-data",
            "run_command_targets": [],
            "sagemaker_pipeline_target": [],
            "sqs_target": [],
            "target_id": "terraform-20260120093229389100000001"
          },
          "sensitive_attributes": [],
          "identity_schema_version": 0,
          "identity": {
            "account_id": "277403262470",
            "event_bus_name": "default",
            "region": "ap-northeast-1",
            "rule": "trigger-notify-presence-data",
            "target_id": "terraform-20260120093229389100000001"
          },
          "private": "eyJzY2hlbWFfdmVyc2lvbiI6IjEifQ==",
          "dependencies": [
            "data.aws_caller_identity.current",
            "module.cloudwatch.aws_cloudwatch_event_rule.trigger_notify_presence_data",
            "module.function.aws_lambda_event_source_mapping.trigger-cert-update",
            "module.function.aws_lambda_event_source_mapping.trigger-send-message",
            "module.function.aws_lambda_function.MQTT-CERT-UPDATE",
            "module.function.aws_lambda_function.MQTT-DEVICE-IOTCORE-ACCESS",
            "module.function.aws_lambda_function.MQTT-DEVICE-IOTCORE-PROHIBIT",
            "module.function.aws_lambda_function.MQTT-DEVICE-PRESENCE-UPDATE",
            "module.function.aws_lambda_function.MQTT-DEVICE-SHADOW-RETRIEVE",
            "module.function.aws_lambda_function.MQTT-DEVICE-STATUS-NOTIFY",
            "module.function.aws_lambda_function.MQTT-DEVICE-STATUS-RETRIEVE",
            "module.function.aws_lambda_function.MQTT-JITR",
            "module.function.aws_lambda_function.MQTT-MSG-STATUS-RETRIEVE",
            "module.function.aws_lambda_function.MQTT-SEND-MESSAGE",
            "module.function.aws_lambda_function.MQTT-TICKET-RESPONSE-UPDATE",
            "module.function.aws_lambda_layer_version.mqtt_common_layer",
            "module.function.data.archive_file.cret_update_zip",
            "module.function.data.archive_file.device_iotcore_access_zip",
            "module.function.data.archive_file.device_iotcore_prohibit_zip",
            "module.function.data.archive_file.device_presence_update_zip",
            "module.function.data.archive_file.device_shadow_retrieve_zip",
            "module.function.data.archive_file.device_status_notify_zip",
            "module.function.data.archive_file.device_status_retrieve_zip",
            "module.function.data.archive_file.mqtt_common_layer_zip",
            "module.function.data.archive_file.mqtt_jitr_zip",
            "module.function.data.archive_file.msg_status_retrieve_zip",
            "module.function.data.archive_file.send_message_zip",
            "module.function.data.archive_file.ticket_response_update_zip",
            "module.function.null_resource.cleanup_cert_update_zip",
            "module.function.null_resource.cleanup_common_layer_zip",
            "module.function.null_resource.cleanup_device_iotcore_zip",
            "module.function.null_resource.cleanup_device_presence_zip",
            "module.function.null_resource.cleanup_device_prohibit_zip",
            "module.function.null_resource.cleanup_device_shadow_zip",
            "module.function.null_resource.cleanup_device_status_zip",
            "module.function.null_resource.cleanup_mqtt_jitr_zip",
            "module.function.null_resource.cleanup_send_message_zip",
            "module.function.null_resource.cleanup_status_notify_zip",
            "module.function.null_resource.cleanup_status_retrieve_zip",
            "module.function.null_resource.cleanup_ticket_response_zip",
            "module.sqs.aws_sqs_queue.cert_update_notify",
            "module.sqs.aws_sqs_queue.presence_data_notify",
            "module.sqs.aws_sqs_queue.ticket_notify",
            "module.sqs.aws_sqs_queue_policy.policy_cert_update_notify",
            "module.sqs.aws_sqs_queue_policy.policy_ticket_notify",
            "module.sqs.aws_sqs_queue_policy.presence_data_notify"
          ]
        }
      ]
    },
    {
      "module": "module.cloudwatch",
      "mode": "managed",
      "type": "aws_lambda_permission",
      "name": "allow-trigger_notify_presence_data",
      "provider": "provider[\"registry.terraform.io/hashicorp/aws\"]",
      "instances": [
        {
          "schema_version": 0,
          "attributes": {
            "action": "lambda:InvokeFunction",
            "event_source_token": null,
            "function_name": "MQTT-DEVICE-STATUS-NOTIFY",
            "function_url_auth_type": null,
            "id": "AllowExecutionFromEventBridge",
            "invoked_via_function_url": null,
            "principal": "events.amazonaws.com",
            "principal_org_id": null,
            "qualifier": "",
            "region": "ap-northeast-1",
            "source_account": null,
            "source_arn": "arn:aws:events:ap-northeast-1:277403262470:rule/trigger-notify-presence-data",
            "statement_id": "AllowExecutionFromEventBridge",
            "statement_id_prefix": ""
          },
          "sensitive_attributes": [],
          "identity_schema_version": 0,
          "identity": {
            "account_id": "277403262470",
            "function_name": "MQTT-DEVICE-STATUS-NOTIFY",
            "qualifier": null,
            "region": "ap-northeast-1",
            "statement_id": "AllowExecutionFromEventBridge"
          },
          "private": "bnVsbA==",
          "dependencies": [
            "data.aws_caller_identity.current",
            "module.cloudwatch.aws_cloudwatch_event_rule.trigger_notify_presence_data",
            "module.cloudwatch.aws_cloudwatch_event_target.event_target_notify_device_status_lambda",
            "module.function.aws_lambda_event_source_mapping.trigger-cert-update",
            "module.function.aws_lambda_event_source_mapping.trigger-send-message",
            "module.function.aws_lambda_function.MQTT-CERT-UPDATE",
            "module.function.aws_lambda_function.MQTT-DEVICE-IOTCORE-ACCESS",
            "module.function.aws_lambda_function.MQTT-DEVICE-IOTCORE-PROHIBIT",
            "module.function.aws_lambda_function.MQTT-DEVICE-PRESENCE-UPDATE",
            "module.function.aws_lambda_function.MQTT-DEVICE-SHADOW-RETRIEVE",
            "module.function.aws_lambda_function.MQTT-DEVICE-STATUS-NOTIFY",
            "module.function.aws_lambda_function.MQTT-DEVICE-STATUS-RETRIEVE",
            "module.function.aws_lambda_function.MQTT-JITR",
            "module.function.aws_lambda_function.MQTT-MSG-STATUS-RETRIEVE",
            "module.function.aws_lambda_function.MQTT-SEND-MESSAGE",
            "module.function.aws_lambda_function.MQTT-TICKET-RESPONSE-UPDATE",
            "module.function.aws_lambda_layer_version.mqtt_common_layer",
            "module.function.data.archive_file.cret_update_zip",
            "module.function.data.archive_file.device_iotcore_access_zip",
            "module.function.data.archive_file.device_iotcore_prohibit_zip",
            "module.function.data.archive_file.device_presence_update_zip",
            "module.function.data.archive_file.device_shadow_retrieve_zip",
            "module.function.data.archive_file.device_status_notify_zip",
            "module.function.data.archive_file.device_status_retrieve_zip",
            "module.function.data.archive_file.mqtt_common_layer_zip",
            "module.function.data.archive_file.mqtt_jitr_zip",
            "module.function.data.archive_file.msg_status_retrieve_zip",
            "module.function.data.archive_file.send_message_zip",
            "module.function.data.archive_file.ticket_response_update_zip",
            "module.function.null_resource.cleanup_cert_update_zip",
            "module.function.null_resource.cleanup_common_layer_zip",
            "module.function.null_resource.cleanup_device_iotcore_zip",
            "module.function.null_resource.cleanup_device_presence_zip",
            "module.function.null_resource.cleanup_device_prohibit_zip",
            "module.function.null_resource.cleanup_device_shadow_zip",
            "module.function.null_resource.cleanup_device_status_zip",
            "module.function.null_resource.cleanup_mqtt_jitr_zip",
            "module.function.null_resource.cleanup_send_message_zip",
            "module.function.null_resource.cleanup_status_notify_zip",
            "module.function.null_resource.cleanup_status_retrieve_zip",
            "module.function.null_resource.cleanup_ticket_response_zip",
            "module.sqs.aws_sqs_queue.cert_update_notify",
            "module.sqs.aws_sqs_queue.presence_data_notify",
            "module.sqs.aws_sqs_queue.ticket_notify",
            "module.sqs.aws_sqs_queue_policy.policy_cert_update_notify",
            "module.sqs.aws_sqs_queue_policy.policy_ticket_notify",
            "module.sqs.aws_sqs_queue_policy.presence_data_notify"
          ]
        }
      ]
    },
    {
      "module": "module.dynamodb",
      "mode": "managed",
      "type": "aws_dynamodb_resource_policy",
      "name": "device_shadows_access_policy",
      "provider": "provider[\"registry.terraform.io/hashicorp/aws\"]",
      "instances": [
        {
          "schema_version": 0,
          "attributes": {
            "confirm_remove_self_resource_access": false,
            "id": "arn:aws:dynamodb:ap-northeast-1:277403262470:table/device_shadows",
            "policy": "{\n  \"Version\": \"2012-10-17\",\n  \"Statement\": [\n    {\n      \"Sid\": \"WWRSPFLambdaAccess\",\n      \"Effect\": \"Allow\",\n      \"Principal\": {\n        \"AWS\": [\"arn:aws:iam::277403262470:role/WWRSPFMQTTIoTAccess\", \"arn:aws:iam::277403262470:role/WWRSPFMQTTFunctionAccess\"]\n      },\n      \"Action\": [\n        \"dynamodb:GetItem\",\n        \"dynamodb:PutItem\"\n      ],\n      \"Resource\": \"arn:aws:dynamodb:ap-northeast-1:277403262470:table/device_shadows\"\n    }\n  ]\n}",
            "region": "ap-northeast-1",
            "resource_arn": "arn:aws:dynamodb:ap-northeast-1:277403262470:table/device_shadows",
            "revision_id": "1768900894485"
          },
          "sensitive_attributes": [],
          "identity_schema_version": 0,
          "identity": {
            "resource_arn": "arn:aws:dynamodb:ap-northeast-1:277403262470:table/device_shadows"
          },
          "dependencies": [
            "module.dynamodb.aws_dynamodb_table.device_shadows"
          ]
        }
      ]
    },
    {
      "module": "module.dynamodb",
      "mode": "managed",
      "type": "aws_dynamodb_resource_policy",
      "name": "presence_history_policy",
      "provider": "provider[\"registry.terraform.io/hashicorp/aws\"]",
      "instances": [
        {
          "schema_version": 0,
          "attributes": {
            "confirm_remove_self_resource_access": false,
            "id": "arn:aws:dynamodb:ap-northeast-1:277403262470:table/presence_history",
            "policy": "{\n  \"Version\": \"2012-10-17\",\n  \"Statement\": [\n    {\n      \"Sid\": \"WWRSPFMQTTLambdaAccess\",\n      \"Effect\": \"Allow\",\n      \"Principal\": {\n        \"AWS\": [\"arn:aws:iam::277403262470:role/WWRSPFMQTTIoTAccess\", \"arn:aws:iam::277403262470:role/WWRSPFMQTTFunctionAccess\"]\n      },\n      \"Action\": [\n        \"dynamodb:PutItem\"\n      ],\n      \"Resource\": \"arn:aws:dynamodb:ap-northeast-1:277403262470:table/presence_history\"\n    }\n  ]\n}",
            "region": "ap-northeast-1",
            "resource_arn": "arn:aws:dynamodb:ap-northeast-1:277403262470:table/presence_history",
            "revision_id": "1768900894879"
          },
          "sensitive_attributes": [],
          "identity_schema_version": 0,
          "identity": {
            "resource_arn": "arn:aws:dynamodb:ap-northeast-1:277403262470:table/presence_history"
          },
          "dependencies": [
            "module.dynamodb.aws_dynamodb_table.presence_history"
          ]
        }
      ]
    },
    {
      "module": "module.dynamodb",
      "mode": "managed",
      "type": "aws_dynamodb_resource_policy",
      "name": "presence_latest_access_policy",
      "provider": "provider[\"registry.terraform.io/hashicorp/aws\"]",
      "instances": [
        {
          "schema_version": 0,
          "attributes": {
            "confirm_remove_self_resource_access": false,
            "id": "arn:aws:dynamodb:ap-northeast-1:277403262470:table/presence_latest",
            "policy": "{\n  \"Version\": \"2012-10-17\",\n  \"Statement\": [\n    {\n      \"Sid\": \"WWRSPFLambdaAccess\",\n      \"Effect\": \"Allow\",\n      \"Principal\": {\n        \"AWS\": [\"arn:aws:iam::277403262470:role/WWRSPFMQTTIoTAccess\", \"arn:aws:iam::277403262470:role/WWRSPFMQTTFunctionAccess\"]\n      },\n      \"Action\": [\n        \"dynamodb:GetItem\",\n        \"dynamodb:PutItem\",\n        \"dynamodb:Query\"\n      ],\n      \"Resource\": \"arn:aws:dynamodb:ap-northeast-1:277403262470:table/presence_latest\"\n    }\n  ]\n}",
            "region": "ap-northeast-1",
            "resource_arn": "arn:aws:dynamodb:ap-northeast-1:277403262470:table/presence_latest",
            "revision_id": "1768900918386"
          },
          "sensitive_attributes": [],
          "identity_schema_version": 0,
          "identity": {
            "resource_arn": "arn:aws:dynamodb:ap-northeast-1:277403262470:table/presence_latest"
          },
          "dependencies": [
            "module.dynamodb.aws_dynamodb_table.presence_latest"
          ]
        }
      ]
    },
    {
      "module": "module.dynamodb",
      "mode": "managed",
      "type": "aws_dynamodb_resource_policy",
      "name": "send_messages_access_policy",
      "provider": "provider[\"registry.terraform.io/hashicorp/aws\"]",
      "instances": [
        {
          "schema_version": 0,
          "attributes": {
            "confirm_remove_self_resource_access": false,
            "id": "arn:aws:dynamodb:ap-northeast-1:277403262470:table/send_messages",
            "policy": "{\n  \"Version\": \"2012-10-17\",\n  \"Statement\": [\n    {\n      \"Sid\": \"WWRSPFLambdaAccess\",\n      \"Effect\": \"Allow\",\n      \"Principal\": {\n        \"AWS\": \"arn:aws:iam::277403262470:role/WWRSPFMQTTFunctionAccess\"\n      },\n      \"Action\": [\n        \"dynamodb:GetItem\",\n        \"dynamodb:PutItem\",\n        \"dynamodb:UpdateItem\",\n        \"dynamodb:Query\"\n      ],\n      \"Resource\": \"arn:aws:dynamodb:ap-northeast-1:277403262470:table/send_messages\"\n    }\n  ]\n}",
            "region": "ap-northeast-1",
            "resource_arn": "arn:aws:dynamodb:ap-northeast-1:277403262470:table/send_messages",
            "revision_id": "1768900918576"
          },
          "sensitive_attributes": [],
          "identity_schema_version": 0,
          "identity": {
            "resource_arn": "arn:aws:dynamodb:ap-northeast-1:277403262470:table/send_messages"
          },
          "dependencies": [
            "module.dynamodb.aws_dynamodb_table.send_messages"
          ]
        }
      ]
    },
    {
      "module": "module.dynamodb",
      "mode": "managed",
      "type": "aws_dynamodb_table",
      "name": "device_shadows",
      "provider": "provider[\"registry.terraform.io/hashicorp/aws\"]",
      "instances": [
        {
          "schema_version": 1,
          "attributes": {
            "arn": "arn:aws:dynamodb:ap-northeast-1:277403262470:table/device_shadows",
            "attribute": [
              {
                "name": "device_id",
                "type": "S"
              },
              {
                "name": "name",
                "type": "S"
              }
            ],
            "billing_mode": "PAY_PER_REQUEST",
            "deletion_protection_enabled": false,
            "global_secondary_index": [],
            "global_table_witness": [],
            "hash_key": "device_id",
            "id": "device_shadows",
            "import_table": [],
            "local_secondary_index": [],
            "name": "device_shadows",
            "on_demand_throughput": [],
            "point_in_time_recovery": [
              {
                "enabled": true,
                "recovery_period_in_days": 7
              }
            ],
            "range_key": "name",
            "read_capacity": 0,
            "region": "ap-northeast-1",
            "replica": [],
            "restore_date_time": null,
            "restore_source_name": null,
            "restore_source_table_arn": null,
            "restore_to_latest_time": null,
            "server_side_encryption": [],
            "stream_arn": "",
            "stream_enabled": false,
            "stream_label": "",
            "stream_view_type": "",
            "table_class": "STANDARD",
            "tags": {},
            "tags_all": {},
            "timeouts": null,
            "ttl": [
              {
                "attribute_name": "",
                "enabled": false
              }
            ],
            "warm_throughput": [],
            "write_capacity": 0
          },
          "sensitive_attributes": [],
          "identity_schema_version": 0,
          "private": "eyJlMmJmYjczMC1lY2FhLTExZTYtOGY4OC0zNDM2M2JjN2M0YzAiOnsiY3JlYXRlIjoxODAwMDAwMDAwMDAwLCJkZWxldGUiOjYwMDAwMDAwMDAwMCwidXBkYXRlIjozNjAwMDAwMDAwMDAwfSwic2NoZW1hX3ZlcnNpb24iOiIxIn0="
        }
      ]
    },
    {
      "module": "module.dynamodb",
      "mode": "managed",
      "type": "aws_dynamodb_table",
      "name": "presence_history",
      "provider": "provider[\"registry.terraform.io/hashicorp/aws\"]",
      "instances": [
        {
          "schema_version": 1,
          "attributes": {
            "arn": "arn:aws:dynamodb:ap-northeast-1:277403262470:table/presence_history",
            "attribute": [
              {
                "name": "created_at",
                "type": "N"
              },
              {
                "name": "device_id",
                "type": "S"
              }
            ],
            "billing_mode": "PAY_PER_REQUEST",
            "deletion_protection_enabled": false,
            "global_secondary_index": [],
            "global_table_witness": [],
            "hash_key": "device_id",
            "id": "presence_history",
            "import_table": [],
            "local_secondary_index": [],
            "name": "presence_history",
            "on_demand_throughput": [],
            "point_in_time_recovery": [
              {
                "enabled": true,
                "recovery_period_in_days": 7
              }
            ],
            "range_key": "created_at",
            "read_capacity": 0,
            "region": "ap-northeast-1",
            "replica": [],
            "restore_date_time": null,
            "restore_source_name": null,
            "restore_source_table_arn": null,
            "restore_to_latest_time": null,
            "server_side_encryption": [],
            "stream_arn": "",
            "stream_enabled": false,
            "stream_label": "",
            "stream_view_type": "",
            "table_class": "STANDARD",
            "tags": {},
            "tags_all": {},
            "timeouts": null,
            "ttl": [
              {
                "attribute_name": "expire_at",
                "enabled": true
              }
            ],
            "warm_throughput": [],
            "write_capacity": 0
          },
          "sensitive_attributes": [],
          "identity_schema_version": 0,
          "private": "eyJlMmJmYjczMC1lY2FhLTExZTYtOGY4OC0zNDM2M2JjN2M0YzAiOnsiY3JlYXRlIjoxODAwMDAwMDAwMDAwLCJkZWxldGUiOjYwMDAwMDAwMDAwMCwidXBkYXRlIjozNjAwMDAwMDAwMDAwfSwic2NoZW1hX3ZlcnNpb24iOiIxIn0="
        }
      ]
    },
    {
      "module": "module.dynamodb",
      "mode": "managed",
      "type": "aws_dynamodb_table",
      "name": "presence_latest",
      "provider": "provider[\"registry.terraform.io/hashicorp/aws\"]",
      "instances": [
        {
          "schema_version": 1,
          "attributes": {
            "arn": "arn:aws:dynamodb:ap-northeast-1:277403262470:table/presence_latest",
            "attribute": [
              {
                "name": "device_id",
                "type": "S"
              },
              {
                "name": "status",
                "type": "S"
              },
              {
                "name": "updated_at",
                "type": "N"
              }
            ],
            "billing_mode": "PAY_PER_REQUEST",
            "deletion_protection_enabled": false,
            "global_secondary_index": [
              {
                "hash_key": "status",
                "name": "gsi_presence_latest",
                "non_key_attributes": [
                  "device_id"
                ],
                "on_demand_throughput": [],
                "projection_type": "INCLUDE",
                "range_key": "updated_at",
                "read_capacity": 0,
                "warm_throughput": [],
                "write_capacity": 0
              }
            ],
            "global_table_witness": [],
            "hash_key": "device_id",
            "id": "presence_latest",
            "import_table": [],
            "local_secondary_index": [],
            "name": "presence_latest",
            "on_demand_throughput": [],
            "point_in_time_recovery": [
              {
                "enabled": true,
                "recovery_period_in_days": 7
              }
            ],
            "range_key": null,
            "read_capacity": 0,
            "region": "ap-northeast-1",
            "replica": [],
            "restore_date_time": null,
            "restore_source_name": null,
            "restore_source_table_arn": null,
            "restore_to_latest_time": null,
            "server_side_encryption": [],
            "stream_arn": "",
            "stream_enabled": false,
            "stream_label": "",
            "stream_view_type": "",
            "table_class": "STANDARD",
            "tags": {},
            "tags_all": {},
            "timeouts": null,
            "ttl": [
              {
                "attribute_name": "",
                "enabled": false
              }
            ],
            "warm_throughput": [],
            "write_capacity": 0
          },
          "sensitive_attributes": [],
          "identity_schema_version": 0,
          "private": "eyJlMmJmYjczMC1lY2FhLTExZTYtOGY4OC0zNDM2M2JjN2M0YzAiOnsiY3JlYXRlIjoxODAwMDAwMDAwMDAwLCJkZWxldGUiOjYwMDAwMDAwMDAwMCwidXBkYXRlIjozNjAwMDAwMDAwMDAwfSwic2NoZW1hX3ZlcnNpb24iOiIxIn0="
        }
      ]
    },
    {
      "module": "module.dynamodb",
      "mode": "managed",
      "type": "aws_dynamodb_table",
      "name": "send_messages",
      "provider": "provider[\"registry.terraform.io/hashicorp/aws\"]",
      "instances": [
        {
          "schema_version": 1,
          "attributes": {
            "arn": "arn:aws:dynamodb:ap-northeast-1:277403262470:table/send_messages",
            "attribute": [
              {
                "name": "cloudwatch_posted",
                "type": "S"
              },
              {
                "name": "device_id",
                "type": "S"
              },
              {
                "name": "group_id",
                "type": "S"
              },
              {
                "name": "message_id",
                "type": "S"
              },
              {
                "name": "requested_at",
                "type": "N"
              }
            ],
            "billing_mode": "PAY_PER_REQUEST",
            "deletion_protection_enabled": false,
            "global_secondary_index": [
              {
                "hash_key": "cloudwatch_posted",
                "name": "gsi_send_messages_cloudwatch_posted",
                "non_key_attributes": [
                  "device_id",
                  "group_id",
                  "message_id",
                  "responded_at"
                ],
                "on_demand_throughput": [],
                "projection_type": "INCLUDE",
                "range_key": "requested_at",
                "read_capacity": 0,
                "warm_throughput": [],
                "write_capacity": 0
              },
              {
                "hash_key": "group_id",
                "name": "gsi_send_messages_groupId",
                "non_key_attributes": [
                  "app_id",
                  "body",
                  "code",
                  "device_id",
                  "npl_id",
                  "requested_at",
                  "responded_at",
                  "rsp_type"
                ],
                "on_demand_throughput": [],
                "projection_type": "INCLUDE",
                "range_key": "message_id",
                "read_capacity": 0,
                "warm_throughput": [],
                "write_capacity": 0
              }
            ],
            "global_table_witness": [],
            "hash_key": "message_id",
            "id": "send_messages",
            "import_table": [],
            "local_secondary_index": [],
            "name": "send_messages",
            "on_demand_throughput": [],
            "point_in_time_recovery": [
              {
                "enabled": true,
                "recovery_period_in_days": 7
              }
            ],
            "range_key": "device_id",
            "read_capacity": 0,
            "region": "ap-northeast-1",
            "replica": [],
            "restore_date_time": null,
            "restore_source_name": null,
            "restore_source_table_arn": null,
            "restore_to_latest_time": null,
            "server_side_encryption": [],
            "stream_arn": "",
            "stream_enabled": false,
            "stream_label": "",
            "stream_view_type": "",
            "table_class": "STANDARD",
            "tags": {},
            "tags_all": {},
            "timeouts": null,
            "ttl": [
              {
                "attribute_name": "expire_at",
                "enabled": true
              }
            ],
            "warm_throughput": [],
            "write_capacity": 0
          },
          "sensitive_attributes": [],
          "identity_schema_version": 0,
          "private": "eyJlMmJmYjczMC1lY2FhLTExZTYtOGY4OC0zNDM2M2JjN2M0YzAiOnsiY3JlYXRlIjoxODAwMDAwMDAwMDAwLCJkZWxldGUiOjYwMDAwMDAwMDAwMCwidXBkYXRlIjozNjAwMDAwMDAwMDAwfSwic2NoZW1hX3ZlcnNpb24iOiIxIn0="
        }
      ]
    },
    {
      "module": "module.function",
      "mode": "data",
      "type": "archive_file",
      "name": "cret_update_zip",
      "provider": "provider[\"registry.terraform.io/hashicorp/archive\"]",
      "instances": [
        {
          "schema_version": 0,
          "attributes": {
            "exclude_symlink_directories": null,
            "excludes": null,
            "id": "370b175fe5ee248f0d6bf5b611f866bfcf710085",
            "output_base64sha256": "E/bT412DJYifuJCLnKPnbzq0Mc6/hvleXKyyTSX2BZU=",
            "output_base64sha512": "tb61GScm9miOLT2sO2vDi0cyAbt+0WqrRXs9HimZTLWf8I4+bfeEOz9kxofB1N2WsJExNmk0xF1Hap6J+xPlCw==",
            "output_file_mode": null,
            "output_md5": "ef41b358d9edceace1b13cd564781b44",
            "output_path": "../modules/function/source/MQTT-CERT-UPDATE.zip",
            "output_sha": "370b175fe5ee248f0d6bf5b611f866bfcf710085",
            "output_sha256": "13f6d3e35d8325889fb8908b9ca3e76f3ab431cebf86f95e5cacb24d25f60595",
            "output_sha512": "b5beb5192726f6688e2d3dac3b6bc38b473201bb7ed16aab457b3d1e29994cb59ff08e3e6df7843b3f64c687c1d4dd96b09131366934c45d476a9e89fb13e50b",
            "output_size": 2456,
            "source": [],
            "source_content": null,
            "source_content_filename": null,
            "source_dir": null,
            "source_file": "../modules/function/source/MQTT-CERT-UPDATE.mjs",
            "type": "zip"
          },
          "sensitive_attributes": [],
          "identity_schema_version": 0
        }
      ]
    },
    {
      "module": "module.function",
      "mode": "data",
      "type": "archive_file",
      "name": "device_iotcore_access_zip",
      "provider": "provider[\"registry.terraform.io/hashicorp/archive\"]",
      "instances": [
        {
          "schema_version": 0,
          "attributes": {
            "exclude_symlink_directories": null,
            "excludes": null,
            "id": "924d16a1d66a3b4ff0803290efbc24465525017a",
            "output_base64sha256": "tqr26PKnd7Fq60RrL8Jk2bqtt8MbosMAuSTUsrQfVA4=",
            "output_base64sha512": "AEUIyg6hn0r93kegfcC+jqjARgoHfLVHGiWUi6gbWzO9zQoPyKWtm2LhXbibNFsYjpMCXTNK12XbrsnAEU9SMA==",
            "output_file_mode": null,
            "output_md5": "df05a24f3368852fb4a2f8c79d2beacc",
            "output_path": "../modules/function/source/MQTT-DEVICE-IOTCORE-ACCESS.zip",
            "output_sha": "924d16a1d66a3b4ff0803290efbc24465525017a",
            "output_sha256": "b6aaf6e8f2a777b16aeb446b2fc264d9baadb7c31ba2c300b924d4b2b41f540e",
            "output_sha512": "004508ca0ea19f4afdde47a07dc0be8ea8c0460a077cb5471a25948ba81b5b33bdcd0a0fc8a5ad9b62e15db89b345b188e93025d334ad765dbaec9c0114f5230",
            "output_size": 2215,
            "source": [],
            "source_content": null,
            "source_content_filename": null,
            "source_dir": null,
            "source_file": "../modules/function/source/MQTT-DEVICE-IOTCORE-ACCESS.mjs",
            "type": "zip"
          },
          "sensitive_attributes": [],
          "identity_schema_version": 0
        }
      ]
    },
    {
      "module": "module.function",
      "mode": "data",
      "type": "archive_file",
      "name": "device_iotcore_prohibit_zip",
      "provider": "provider[\"registry.terraform.io/hashicorp/archive\"]",
      "instances": [
        {
          "schema_version": 0,
          "attributes": {
            "exclude_symlink_directories": null,
            "excludes": null,
            "id": "68c8f245e287eebf1b5ba157c3ba275b8a0bbbba",
            "output_base64sha256": "DJ038ffSLsrhIWoo1qcBl4y9gFNx272N+WjzkXOEst4=",
            "output_base64sha512": "p8FK6bwqUuG+grvUSFaRviIvzdBWWCSooGvjlvAad4CLGzwiiL63wyzvEsB3cCGGo5RyvIdKYwycz30tvmbcuA==",
            "output_file_mode": null,
            "output_md5": "c9d14223cdb980986082a8dcc407192d",
            "output_path": "../modules/function/source/MQTT-DEVICE-IOTCORE-PROHIBIT.zip",
            "output_sha": "68c8f245e287eebf1b5ba157c3ba275b8a0bbbba",
            "output_sha256": "0c9d37f1f7d22ecae1216a28d6a701978cbd805371dbbd8df968f3917384b2de",
            "output_sha512": "a7c14ae9bc2a52e1be82bbd4485691be222fcdd0565824a8a06be396f01a77808b1b3c2288beb7c32cef12c077702186a39472bc874a630c9ccf7d2dbe66dcb8",
            "output_size": 2701,
            "source": [],
            "source_content": null,
            "source_content_filename": null,
            "source_dir": null,
            "source_file": "../modules/function/source/MQTT-DEVICE-IOTCORE-PROHIBIT.mjs",
            "type": "zip"
          },
          "sensitive_attributes": [],
          "identity_schema_version": 0
        }
      ]
    },
    {
      "module": "module.function",
      "mode": "data",
      "type": "archive_file",
      "name": "device_presence_update_zip",
      "provider": "provider[\"registry.terraform.io/hashicorp/archive\"]",
      "instances": [
        {
          "schema_version": 0,
          "attributes": {
            "exclude_symlink_directories": null,
            "excludes": null,
            "id": "f21bcf9d3b5442ca620bab124a8bc58e393493bc",
            "output_base64sha256": "w8S1HnViX+nJCru1trhV6AJi9cX/KWqJ48ESyhNlHNI=",
            "output_base64sha512": "ZE+J8jO9Wj1TGz/o/COTSaSOdisk5qFk1+GKhj8QFKBwo5eXOnZgjfwI3lEO7drxXzV5Fd7Y7s7H4mEdwjkXvg==",
            "output_file_mode": null,
            "output_md5": "c5d39a9cbe1353d943498cd39a888ca6",
            "output_path": "../modules/function/source/MQTT-DEVICE-PRESENCE-UPDATE.zip",
            "output_sha": "f21bcf9d3b5442ca620bab124a8bc58e393493bc",
            "output_sha256": "c3c4b51e75625fe9c90abbb5b6b855e80262f5c5ff296a89e3c112ca13651cd2",
            "output_sha512": "644f89f233bd5a3d531b3fe8fc239349a48e762b24e6a164d7e18a863f1014a070a397973a76608dfc08de510eeddaf15f357915ded8eecec7e2611dc23917be",
            "output_size": 1205,
            "source": [],
            "source_content": null,
            "source_content_filename": null,
            "source_dir": null,
            "source_file": "../modules/function/source/MQTT-DEVICE-PRESENCE-UPDATE.mjs",
            "type": "zip"
          },
          "sensitive_attributes": [],
          "identity_schema_version": 0
        }
      ]
    },
    {
      "module": "module.function",
      "mode": "data",
      "type": "archive_file",
      "name": "device_shadow_retrieve_zip",
      "provider": "provider[\"registry.terraform.io/hashicorp/archive\"]",
      "instances": [
        {
          "schema_version": 0,
          "attributes": {
            "exclude_symlink_directories": null,
            "excludes": null,
            "id": "f2fbf2972cdaf4679f0b0ca118af20a055a18c97",
            "output_base64sha256": "UKsHuGCIN5vStmIPgA92hj3Mu58wx9jC+PhISBaKuns=",
            "output_base64sha512": "QEb+Omhrx8GXoYTYdmqPmwNcvDVY6RKPxXv3mLUO2e5czSOW6dBQE5HDlP34Igtr+AN0HRqZPWE7MHNtRShq7Q==",
            "output_file_mode": null,
            "output_md5": "e00bdc6095d5d912cddb36a3e8459e4a",
            "output_path": "../modules/function/source/MQTT-DEVICE-SHADOW-RETRIEVE.zip",
            "output_sha": "f2fbf2972cdaf4679f0b0ca118af20a055a18c97",
            "output_sha256": "50ab07b86088379bd2b6620f800f76863dccbb9f30c7d8c2f8f84848168aba7b",
            "output_sha512": "4046fe3a686bc7c197a184d8766a8f9b035cbc3558e9128fc57bf798b50ed9ee5ccd2396e9d0501391c394fdf8220b6bf803741d1a993d613b30736d45286aed",
            "output_size": 1569,
            "source": [],
            "source_content": null,
            "source_content_filename": null,
            "source_dir": null,
            "source_file": "../modules/function/source/MQTT-DEVICE-SHADOW-RETRIEVE.mjs",
            "type": "zip"
          },
          "sensitive_attributes": [],
          "identity_schema_version": 0
        }
      ]
    },
    {
      "module": "module.function",
      "mode": "data",
      "type": "archive_file",
      "name": "device_status_notify_zip",
      "provider": "provider[\"registry.terraform.io/hashicorp/archive\"]",
      "instances": [
        {
          "schema_version": 0,
          "attributes": {
            "exclude_symlink_directories": null,
            "excludes": null,
            "id": "118dc2f74e8d87911bab782a19637db47f38f50c",
            "output_base64sha256": "Gr/7x7lpuk9L1zxX0Ws0BS2WqJugz/r1EOqB74UcvVE=",
            "output_base64sha512": "WKbxany9Wahz489yyb434w+AotYmO0iy3uJIQxNvH5NElXdPW7Q/XylBDDYNKn/GW+Og4EspUTj3xcCgtFqXIA==",
            "output_file_mode": null,
            "output_md5": "c3969bdef03ce566c3c32bc5cc8fb738",
            "output_path": "../modules/function/source/MQTT-DEVICE-STATUS-NOTIFY.zip",
            "output_sha": "118dc2f74e8d87911bab782a19637db47f38f50c",
            "output_sha256": "1abffbc7b969ba4f4bd73c57d16b34052d96a89ba0cffaf510ea81ef851cbd51",
            "output_sha512": "58a6f16a7cbd59a873e3cf72c9be37e30f80a2d6263b48b2dee24843136f1f934495774f5bb43f5f29410c360d2a7fc65be3a0e04b295138f7c5c0a0b45a9720",
            "output_size": 2561,
            "source": [],
            "source_content": null,
            "source_content_filename": null,
            "source_dir": null,
            "source_file": "../modules/function/source/MQTT-DEVICE-STATUS-NOTIFY.mjs",
            "type": "zip"
          },
          "sensitive_attributes": [],
          "identity_schema_version": 0
        }
      ]
    },
    {
      "module": "module.function",
      "mode": "data",
      "type": "archive_file",
      "name": "device_status_retrieve_zip",
      "provider": "provider[\"registry.terraform.io/hashicorp/archive\"]",
      "instances": [
        {
          "schema_version": 0,
          "attributes": {
            "exclude_symlink_directories": null,
            "excludes": null,
            "id": "bfe14b9e1e94139337d18de43216ecc9f993683b",
            "output_base64sha256": "2qL587sCj2CAxOfoMzfSbyr/9NSE5iMoUz++7rW9NLg=",
            "output_base64sha512": "QPJAHwZkzSQZ21Rrj39XJ4fcrIY835a6+R7cT23JPQoxzTm+rJleZWI008xUvucCHDznoykNauVKACTecgU7WQ==",
            "output_file_mode": null,
            "output_md5": "ef5451b037d13d4fd8fbc29110797791",
            "output_path": "../modules/function/source/MQTT-DEVICE-STATUS-RETRIEVE.zip",
            "output_sha": "bfe14b9e1e94139337d18de43216ecc9f993683b",
            "output_sha256": "daa2f9f3bb028f6080c4e7e83337d26f2afff4d484e62328533fbeeeb5bd34b8",
            "output_sha512": "40f2401f0664cd2419db546b8f7f572787dcac863cdf96baf91edc4f6dc93d0a31cd39beac995e656234d3cc54bee7021c3ce7a3290d6ae54a0024de72053b59",
            "output_size": 1662,
            "source": [],
            "source_content": null,
            "source_content_filename": null,
            "source_dir": null,
            "source_file": "../modules/function/source/MQTT-DEVICE-STATUS-RETRIEVE.mjs",
            "type": "zip"
          },
          "sensitive_attributes": [],
          "identity_schema_version": 0
        }
      ]
    },
    {
      "module": "module.function",
      "mode": "data",
      "type": "archive_file",
      "name": "mqtt_common_layer_zip",
      "provider": "provider[\"registry.terraform.io/hashicorp/archive\"]",
      "instances": [
        {
          "schema_version": 0,
          "attributes": {
            "exclude_symlink_directories": null,
            "excludes": null,
            "id": "c19ce0e0f71dd0a4aed5ea539e29c93f373345f3",
            "output_base64sha256": "xUHhgUfh2B7yruXaxiYjVTEz77B1jBFEcBN2kdR3x3Q=",
            "output_base64sha512": "Iq5HnMqWdnSlIZrlzlGcpxQePn+56eY3nllgjZznOr2P0Bb8zfotp234XtKXZqnm/F1iWZd/wrQKshhPIBFHHw==",
            "output_file_mode": null,
            "output_md5": "2a0b7b0054dae7f993622d079100ca22",
            "output_path": "../modules/function/source/mqtt-common-layer.zip",
            "output_sha": "c19ce0e0f71dd0a4aed5ea539e29c93f373345f3",
            "output_sha256": "c541e18147e1d81ef2aee5dac62623553133efb0758c114470137691d477c774",
            "output_sha512": "22ae479cca967674a5219ae5ce519ca7141e3e7fb9e9e6379e59608d9ce73abd8fd016fccdfa2da76df85ed29766a9e6fc5d6259977fc2b40ab2184f2011471f",
            "output_size": 2960,
            "source": [
              {
                "content": "// Error Code structure\nexport const ERR_CODES = Object.freeze({\n    // Error codes for MQTT-SEND-MESSAGE lambda.\n    SEND_MSG_01: \"M51401\", // Rsptype is required in the message payload (handler)\n    SEND_MSG_02: \"M51402\", // An unknown error occurred (handler)\n    SEND_MSG_03: \"M51411\", // Failed to publish the message (publishMessage)\n    SEND_MSG_04: \"M51421\", // Failed to insert send message details (insertSendMessages)\n    SEND_MSG_05: \"M51422\", // Failed to insert send response details (failTicket)\n    SEND_MSG_06: \"M51431\", // Failed to delete SQS message (deleteSqsMessage)\n    SEND_MSG_07: \"M51441\", // Failed to create WWRSPF message (createMessageForWWRSPF)\n    SEND_MSG_08: \"M51442\", // Failed to create plugin message (createMessageForPLUGIN)\n    SEND_MSG_09: \"M51443\", // Failed to create IWS App message (createMessageForIWSAPP)    \n    SEND_MSG_10: \"M51444\", // MessageData is required in the messageBody (createMessageForWWRSPF)\n    SEND_MSG_11: \"M51445\", // AppId is required in the messageBody (createMessageForIWSAPP)\n    SEND_MSG_12: \"M51446\", // NplId is required in the messageBody (createMessageForPLUGIN)\n    SEND_MSG_13: \"M51447\", // MfpSerials count is 0 (createMessageForIWSAPP or createMessageForPLUGIN)\n    SEND_MSG_14: \"M51448\", // MfpSerials count greater than 1000 (createMessageForIWSAPP or createMessageForPLUGIN)\n    SEND_MSG_15: \"M51449\", // Unsupported rspType (createDeviceMessages)\n    // SEND_MSG_16: \"M51423\", // Failed to insert send response details (insertSendResponse)\n    SEND_MSG_17: \"M51450\", // anyParams is required in the messageBody. (createMessageForIWSAPP or createMessageForPLUGIN)\n\n    // Error codes for MQTT-MSG-STATUS-RETRIEVE lambda.\n    MSG_STATUS_01: \"M51301\", // MessageId or GroupId not found. (handler)\n    MSG_STATUS_02: \"M51302\", // Device information not found (handler)\n    MSG_STATUS_03: \"M51303\", // An unknown error occurred (handler)\n    MSG_STATUS_04: \"M51311\", // Failed to get send message details (getSendMessages)\n    // MSG_STATUS_05: \"M51312\", // Failed to get send response details (getSendResponses)\n    MSG_STATUS_06: \"M51321\", // Failed to create response data (getTicketStatusResponse)\n    MSG_STATUS_07: \"M51304\", // System ticket found, messageId not found. (handler)\n\n    // Error codes for MQTT-DEVICE-STATUS-RETRIEVE lambda.\n    DEVICE_STATUS_01: \"M51601\", // DeviceId not found (handler)\n    DEVICE_STATUS_02: \"M51602\", // Device information not found (handler)\n    DEVICE_STATUS_03: \"M51603\", // An unknown error occurred (handler)\n    DEVICE_STATUS_04: \"M51611\", // Failed to get device informations (getDeviceInfos)\n    DEVICE_STATUS_05: \"M51621\", // Failed to create response data (getDeviceStatusResponse)\n\n    // Error codes for MQTT-DEVICE-IOTCORE-ACCESS lambda.\n    PRHBT_ACCESS_01: \"M51101\", // Failed to parse payload (handler)\n    PRHBT_ACCESS_02: \"M51102\", // Parameter is invalid (deviceIds count is 0) (handler)\n    PRHBT_ACCESS_03: \"M51103\", // Parameter is invalid (limit exceeded) (handler)\n    PRHBT_ACCESS_04: \"M51104\", // An unknown error occurred (handler)\n    PRHBT_ACCESS_05: \"M51121\", // Failed to update devices informations (updateProhibited)\n    PRHBT_ACCESS_06: \"M51111\", // Failed to publish SQS message (NotifyDeleteCertificate)\n\n    // Error codes for MQTT-DEVICE-IOTCORE-PROHIBIT lambda.\n    PRHBT_01: \"M51201\", // Failed to parse payload (handler)\n    PRHBT_02: \"M51202\", // Parameter is invalid (deviceIds count is 0) (handler)\n    PRHBT_03: \"M51203\", // Parameter is invalid (limit exceeded) (handler)\n    PRHBT_04: \"M51204\", // An unknown error occurred (handler)\n    PRHBT_05: \"M51231\", // Failed to publish SQS message (NotifyDisconnectionToDevice)\n    PRHBT_06: \"M51221\", // Failed to update devices informations (updateProhibited)\n    PRHBT_07: \"M51222\", // Failed to get device connection info(getDeviceConnectionInfo)\n    PRHBT_08: \"M51212\", // Failed to publish SQS message (NotifyDisableCertificate)\n\n    // Error codes for MQTT-JITR lambda.\n    JITR_01: \"M51701\", // Error occurred in device Prohibition status confirmation.\n    // JITR_02: \"M51702\", // IotCore related An unknown error occurred (handler)\n    JITR_03: \"M51703\", // An unknown error occurred (handler)\n    JITR_04: \"M51711\", // Failed to check Device Prohibited\n    JITR_05: \"M51721\", // Failed to Get ThingName From Certificate\n    JITR_06: \"M51722\", // Failed to Activate Certificate           \n    JITR_07: \"M51723\", // Failed to attach policy to certificate\n    JITR_08: \"M51724\", // Failed to check thing exist             \n    JITR_09: \"M51725\", // Failed to create certificate              \n    JITR_10: \"M51726\", // Failed to remove old certificate             \n    JITR_11: \"M51727\", // Failed to check certificate is valid        \n    JITR_12: \"M51728\", // Failed to attach certificate            \n    JITR_13: \"M51712\", // Failed to update devices informations\n\n    // Error codes for MQTT-DEVICE-STATUS-NOTIFY lambda.\n    WWRSPF_DEVICE_STATUS_01: \"M51801\", // An unknown error occurred (handler)\n    WWRSPF_DEVICE_STATUS_02: \"M51811\", // Failed to Get device batches\n    WWRSPF_DEVICE_STATUS_03: \"M51821\", // Failed to upload on s3\n    WWRSPF_DEVICE_STATUS_04: \"M51831\", // Failed to Get Last NotifyTime\n    WWRSPF_DEVICE_STATUS_05: \"M51832\", // Failed to Update Last NotifyTime\n\n    // Error codes for MQTT-DEVICE-PRESENCE-UPDATE lambda.\n    PRESENCE_UPDATE_01: \"M51901\", // Device id is missing (handler)\n    PRESENCE_UPDATE_02: \"M51902\", // Status is missing (handler)\n    PRESENCE_UPDATE_03: \"M51903\", // Last updated time of device is missing (handler)\n    PRESENCE_UPDATE_04: \"M51904\", // An unknown error occurred (handler)\n    PRESENCE_UPDATE_05: \"M51911\", // Failed to update presence data table (updateGlobalTable)\n\n    // Error codes for MQTT-DEVICE-SHADOW-RETRIEVE lambda.\n    DEVICE_SHADOW_01: \"M51501\", // ShadowName not found. (handler)\n    DEVICE_SHADOW_02: \"M51502\", // DeviceId not found. (handler)\n    DEVICE_SHADOW_04: \"M51504\", // Device Shadow not found for DeviceId (handler)\n    DEVICE_SHADOW_05: \"M51505\", // An unknown error occurred. (handler)\n    DEVICE_SHADOW_06: \"M51511\", // Failed to get device shadow (getDeviceShadow)\n    DEVICE_SHADOW_07: \"M51521\", // Failed to create response data (getDeviceShadowResponse)\n\n    // Error codes for MQTT-TICKET-RESPONSE-UPDATE lambda.\n    TICKET_RESPONSE_UPDATE_01: \"M52001\", // Device id is missing (handler)\n    TICKET_RESPONSE_UPDATE_02: \"M52002\", // Message id is missing (handler)\n    TICKET_RESPONSE_UPDATE_03: \"M52003\", // Ticket response code is missing (handler)\n    // TICKET_RESPONSE_UPDATE_04: \"M52004\", // Ticket response body is missing (handler)\n    TICKET_RESPONSE_UPDATE_05: \"M52005\", // An unknown error occurred (handler)\n    TICKET_RESPONSE_UPDATE_06: \"M52011\", // Failed to update send response table (updateSendResponse)\n\n    // Error codes for MQTT-CERT-UPDATE lambda.\n    CERT_UPDATE_01: \"M52101\", // Failed to parse payload (handler)\n    CERT_UPDATE_02: \"M52102\", // Parameter is invalid (deviceId is null) (handler)\n    CERT_UPDATE_03: \"M52103\", // Parameter is invalid (deviceIotAccess is empty) (handler)\n    CERT_UPDATE_04: \"M52104\", // Parameter is invalid (deviceIotAccess value is invalid) (handler)\n    CERT_UPDATE_05: \"M52105\", // An unknown error occurred (handler)\n    CERT_UPDATE_06: \"M52111\", // Failed to check thing exist (isThingExist)\n    CERT_UPDATE_07: \"M52112\", // Failed to delete certificate (deleteCertificate)\n    // CERT_UPDATE_08: \"M52113\", // Failed to delete certificate (disableCertificate)\n    CERT_UPDATE_09: \"M52121\", // Failed to delete SQS message (deleteSqsMessage)\n});\n\n// Http status codes\nexport const HTTP_STATUS_CODES = Object.freeze({\n    OK: 200,\n    BAD_REQUEST: 400,\n    NOT_FOUND: 404,\n    INTERNAL_SERVER_ERROR: 500\n});\n\n// Dynamo DB table names\nexport const TABLE_NAMES = Object.freeze({\n    SEND_MESSAGES: \"send_messages\",\n    PRESENCE_LATEST: \"presence_latest\",\n    PRESENCE_HISTORY: \"presence_history\",\n    DEVICE_SHADOWS: \"device_shadows\",\n    DEVICES: \"devices\",\n});\n\n// Rsp Types\nexport const RSP_TYPES = Object.freeze({\n    WWRSPF: 1,\n    WWRSPF_RECONNECTION: 2,\n    PLUGIN: 3,\n    IWSAPP: 10001,\n});\n\n// Ticket Status\nexport const TICKET_STATUS = Object.freeze({\n    NOT_PUBLISHED: 0,\n    PUBLISHED: 1,\n    RECEIVED: 2\n});\n\n// Execution result\nexport const EXE_RESULT = Object.freeze({\n    ACK: 0,\n    NACK: 1\n});\n\nexport const TTL_DAYS = 365;\n\n// Certificate Status\nexport const CERTIFICATE_STATUS = Object.freeze({\n    ACTIVE: \"ACTIVE\",\n    INACTIVE: \"INACTIVE\",\n});\n\n// Device Status\nexport const DEVICE_STATUS = Object.freeze({\n    CONNECTED: \"connected\",\n    DISCONNECTED: \"disconnected\",\n});\n\n// Device Status\nexport const DEVICE_IOT_ACCESS = Object.freeze({\n    ALLOW: 1, // when call MQTT-DEVICE-IOTCORE-ACCESS lambda\n    DENY: 2, // when call MQTT-DEVICE-IOTCORE-PROHIBIT lambda\n});\n\nexport default {\n    ERR_CODES,\n    EXE_RESULT,\n    HTTP_STATUS_CODES,\n    TABLE_NAMES,\n    RSP_TYPES,\n    TICKET_STATUS,\n    TTL_DAYS,\n    CERTIFICATE_STATUS,\n    DEVICE_STATUS,\n    DEVICE_IOT_ACCESS\n};\n",
                "filename": "mqtt-consts.mjs"
              },
              {
                "content": "// logger-layer//logger.js\nexport class Logger {\n\nconstructor(isDebugEnabled = \"false\") {\n    this.isDebugEnabled = isDebugEnabled;\n}\n\n    info(message, data) {\n        if (data) console.log(message, data);\n        else console.log(message);\n    }\n\n    warn(message, data) {\n        if (data) console.warn(message, data);\n        else console.warn(message);\n    }\n\n    error(message, data) {\n        if (data) console.error(message, data);\n        else console.error(message);\n    }\n\n    debug(message, data) {\n        if (this.isDebugEnabled !== \"true\") return;\n\n        if (data) console.debug(message, data);\n        else console.debug(message);\n    }\n\n    /**\n     * Extracts the SQS queue name from a full SQS queue URL.\n     * @param {string} queueUrl - The full SQS queue URL.\n     * @returns {string|null} - The queue name, or null if invalid.\n     */\n    getSQSQueueName(queueUrl) {\n        try {\n            if (typeof queueUrl !== 'string' || !queueUrl.trim()) {\n                throw new Error('Invalid SQS URL provided');\n            }\n\n            const parts = queueUrl.split('/');\n            const queueName = parts[parts.length - 1];\n\n            if (!queueName) {\n                throw new Error('Queue name not found in URL');\n            }\n\n            return queueName;\n        } catch (err) {\n            this.error(`Failed to extract SQS Queue Name: ${err.message}`);\n            return null;\n        }\n    }\n}\n",
                "filename": "mqtt-logger.mjs"
              }
            ],
            "source_content": null,
            "source_content_filename": null,
            "source_dir": null,
            "source_file": null,
            "type": "zip"
          },
          "sensitive_attributes": [],
          "identity_schema_version": 0
        }
      ]
    },
    {
      "module": "module.function",
      "mode": "data",
      "type": "archive_file",
      "name": "mqtt_jitr_zip",
      "provider": "provider[\"registry.terraform.io/hashicorp/archive\"]",
      "instances": [
        {
          "schema_version": 0,
          "attributes": {
            "exclude_symlink_directories": null,
            "excludes": null,
            "id": "b7406047aae6d1f25896bdb3571cc024d5cc3d92",
            "output_base64sha256": "eFxjIbK7t2+yDqKsggqm6xaS80L560U4LspbbUCCSos=",
            "output_base64sha512": "53HY+qm3vw8iJobkhu+mbzX7aCW5DSz1Bx+tF9MrHGwdf7/49aa614Ytfzg1qEe4Eb2CrXR2ohWLAkunRMLAgA==",
            "output_file_mode": null,
            "output_md5": "8b7b7406c24b713d0dbca15a9095202d",
            "output_path": "../modules/function/source/MQTT-JITR.zip",
            "output_sha": "b7406047aae6d1f25896bdb3571cc024d5cc3d92",
            "output_sha256": "785c6321b2bbb76fb20ea2ac820aa6eb1692f342f9eb45382eca5b6d40824a8b",
            "output_sha512": "e771d8faa9b7bf0f222686e486efa66f35fb6825b90d2cf5071fad17d32b1c6c1d7fbff8f5a6bad7862d7f3835a847b811bd82ad7476a2158b024ba744c2c080",
            "output_size": 3660,
            "source": [],
            "source_content": null,
            "source_content_filename": null,
            "source_dir": null,
            "source_file": "../modules/function/source/MQTT-JITR.mjs",
            "type": "zip"
          },
          "sensitive_attributes": [],
          "identity_schema_version": 0
        }
      ]
    },
    {
      "module": "module.function",
      "mode": "data",
      "type": "archive_file",
      "name": "msg_status_retrieve_zip",
      "provider": "provider[\"registry.terraform.io/hashicorp/archive\"]",
      "instances": [
        {
          "schema_version": 0,
          "attributes": {
            "exclude_symlink_directories": null,
            "excludes": null,
            "id": "604464a73cdd9ca699a799cb6a32fcc6de7efe44",
            "output_base64sha256": "Yw1j3gnmam5ZR7ZB/MReaCzSxY/27e+qlaos2IeZZSI=",
            "output_base64sha512": "bcY2wExGAs22/Jyw+Zz65lPZCW4yb0Fvcvkswn+IZ092IpaaQzxSTXdtKb6cRQ1JrnGM4XoMYFg6fW1MgvXbxw==",
            "output_file_mode": null,
            "output_md5": "18936e3a375fdb37f743fd77d70d0e22",
            "output_path": "../modules/function/source/MQTT-MSG-STATUS-RETRIEVE.zip",
            "output_sha": "604464a73cdd9ca699a799cb6a32fcc6de7efe44",
            "output_sha256": "630d63de09e66a6e5947b641fcc45e682cd2c58ff6edefaa95aa2cd887996522",
            "output_sha512": "6dc636c04c4602cdb6fc9cb0f99cfae653d9096e326f416f72f92cc27f88674f7622969a433c524d776d29be9c450d49ae718ce17a0c60583a7d6d4c82f5dbc7",
            "output_size": 2319,
            "source": [],
            "source_content": null,
            "source_content_filename": null,
            "source_dir": null,
            "source_file": "../modules/function/source/MQTT-MSG-STATUS-RETRIEVE.mjs",
            "type": "zip"
          },
          "sensitive_attributes": [],
          "identity_schema_version": 0
        }
      ]
    },
    {
      "module": "module.function",
      "mode": "data",
      "type": "archive_file",
      "name": "send_message_zip",
      "provider": "provider[\"registry.terraform.io/hashicorp/archive\"]",
      "instances": [
        {
          "schema_version": 0,
          "attributes": {
            "exclude_symlink_directories": null,
            "excludes": null,
            "id": "06393358fd7fbcd2fbcbfaf9a5e358184f0d4369",
            "output_base64sha256": "cF8F8aJWPk97E3TKoSUK+wE+0gIpXvxA/1w/2DqB7Do=",
            "output_base64sha512": "h9GxgAt9J/0yCqKduxqq/AUzo4caM4G3r7Cs6wrIgOOOAgnEDwFbVHjt+QdCCM/B4nHrgbTc412hwmG0duhCHg==",
            "output_file_mode": null,
            "output_md5": "f21f5530a533360d90836e1f97a7ec1b",
            "output_path": "../modules/function/source/MQTT-SEND-MESSAGE.zip",
            "output_sha": "06393358fd7fbcd2fbcbfaf9a5e358184f0d4369",
            "output_sha256": "705f05f1a2563e4f7b1374caa1250afb013ed202295efc40ff5c3fd83a81ec3a",
            "output_sha512": "87d1b1800b7d27fd320aa29dbb1aaafc0533a3871a3381b7afb0aceb0ac880e38e0209c40f015b5478edf9074208cfc1e271eb81b4dce35da1c261b476e8421e",
            "output_size": 3984,
            "source": [],
            "source_content": null,
            "source_content_filename": null,
            "source_dir": null,
            "source_file": "../modules/function/source/MQTT-SEND-MESSAGE.mjs",
            "type": "zip"
          },
          "sensitive_attributes": [],
          "identity_schema_version": 0
        }
      ]
    },
    {
      "module": "module.function",
      "mode": "data",
      "type": "archive_file",
      "name": "ticket_response_update_zip",
      "provider": "provider[\"registry.terraform.io/hashicorp/archive\"]",
      "instances": [
        {
          "schema_version": 0,
          "attributes": {
            "exclude_symlink_directories": null,
            "excludes": null,
            "id": "948213f20ffe9d6a663660ad2b789bab73203d37",
            "output_base64sha256": "xIhl5OUoW3zXfP7xtn79pLajoAYYm0F3x02TJYbCPR8=",
            "output_base64sha512": "GvYhL94lzVAfVszwfprStWeUTjEgcMtSqK4UXMMclCNGRPb7BSQsaTyBqk7nIKADp/ize1zJ1AuhMYiSt7TXkw==",
            "output_file_mode": null,
            "output_md5": "8de29be2ab53fd93e3dbb39b90baba9b",
            "output_path": "../modules/function/source/MQTT-TICKET-RESPONSE-UPDATE.zip",
            "output_sha": "948213f20ffe9d6a663660ad2b789bab73203d37",
            "output_sha256": "c48865e4e5285b7cd77cfef1b67efda4b6a3a006189b4177c74d932586c23d1f",
            "output_sha512": "1af6212fde25cd501f56ccf07e9ad2b567944e312070cb52a8ae145cc31c94234644f6fb05242c693c81aa4ee720a003a7f8b37b5cc9d40ba1318892b7b4d793",
            "output_size": 1400,
            "source": [],
            "source_content": null,
            "source_content_filename": null,
            "source_dir": null,
            "source_file": "../modules/function/source/MQTT-TICKET-RESPONSE-UPDATE.mjs",
            "type": "zip"
          },
          "sensitive_attributes": [],
          "identity_schema_version": 0
        }
      ]
    },
    {
      "module": "module.function",
      "mode": "managed",
      "type": "aws_lambda_event_source_mapping",
      "name": "trigger-cert-update",
      "provider": "provider[\"registry.terraform.io/hashicorp/aws\"]",
      "instances": [
        {
          "schema_version": 0,
          "attributes": {
            "amazon_managed_kafka_event_source_config": [],
            "arn": "arn:aws:lambda:ap-northeast-1:277403262470:event-source-mapping:e164c036-372d-4080-95aa-cfbcf694c83b",
            "batch_size": 1,
            "bisect_batch_on_function_error": false,
            "destination_config": [],
            "document_db_event_source_config": [],
            "enabled": true,
            "event_source_arn": "arn:aws:sqs:ap-northeast-1:277403262470:wwrspf-mqtt-cert-update-notify",
            "filter_criteria": [],
            "function_arn": "arn:aws:lambda:ap-northeast-1:277403262470:function:MQTT-CERT-UPDATE",
            "function_name": "arn:aws:lambda:ap-northeast-1:277403262470:function:MQTT-CERT-UPDATE",
            "function_response_types": [],
            "id": "e164c036-372d-4080-95aa-cfbcf694c83b",
            "kms_key_arn": "",
            "last_modified": "2026-01-20T09:23:43Z",
            "last_processing_result": "",
            "maximum_batching_window_in_seconds": 0,
            "maximum_record_age_in_seconds": 0,
            "maximum_retry_attempts": 0,
            "metrics_config": [],
            "parallelization_factor": 0,
            "provisioned_poller_config": [],
            "queues": [],
            "region": "ap-northeast-1",
            "scaling_config": [],
            "self_managed_event_source": [],
            "self_managed_kafka_event_source_config": [],
            "source_access_configuration": [],
            "starting_position": "",
            "starting_position_timestamp": "",
            "state": "Enabled",
            "state_transition_reason": "USER_INITIATED",
            "tags": {},
            "tags_all": {},
            "topics": [],
            "tumbling_window_in_seconds": 0,
            "uuid": "e164c036-372d-4080-95aa-cfbcf694c83b"
          },
          "sensitive_attributes": [],
          "identity_schema_version": 0,
          "private": "bnVsbA==",
          "dependencies": [
            "data.aws_caller_identity.current",
            "module.function.aws_lambda_function.MQTT-CERT-UPDATE",
            "module.function.aws_lambda_layer_version.mqtt_common_layer",
            "module.function.data.archive_file.cret_update_zip",
            "module.function.data.archive_file.mqtt_common_layer_zip",
            "module.sqs.aws_sqs_queue.cert_update_notify",
            "module.sqs.aws_sqs_queue.presence_data_notify",
            "module.sqs.aws_sqs_queue.ticket_notify",
            "module.sqs.aws_sqs_queue_policy.policy_cert_update_notify",
            "module.sqs.aws_sqs_queue_policy.policy_ticket_notify",
            "module.sqs.aws_sqs_queue_policy.presence_data_notify"
          ]
        }
      ]
    },
    {
      "module": "module.function",
      "mode": "managed",
      "type": "aws_lambda_event_source_mapping",
      "name": "trigger-send-message",
      "provider": "provider[\"registry.terraform.io/hashicorp/aws\"]",
      "instances": [
        {
          "schema_version": 0,
          "attributes": {
            "amazon_managed_kafka_event_source_config": [],
            "arn": "arn:aws:lambda:ap-northeast-1:277403262470:event-source-mapping:025b0639-dd9e-46aa-a916-944bcc935511",
            "batch_size": 10,
            "bisect_batch_on_function_error": false,
            "destination_config": [],
            "document_db_event_source_config": [],
            "enabled": true,
            "event_source_arn": "arn:aws:sqs:ap-northeast-1:277403262470:wwrspf-mqtt-ticket-notify",
            "filter_criteria": [],
            "function_arn": "arn:aws:lambda:ap-northeast-1:277403262470:function:MQTT-SEND-MESSAGE",
            "function_name": "arn:aws:lambda:ap-northeast-1:277403262470:function:MQTT-SEND-MESSAGE",
            "function_response_types": [],
            "id": "025b0639-dd9e-46aa-a916-944bcc935511",
            "kms_key_arn": "",
            "last_modified": "2026-01-20T09:32:15Z",
            "last_processing_result": "",
            "maximum_batching_window_in_seconds": 0,
            "maximum_record_age_in_seconds": 0,
            "maximum_retry_attempts": 0,
            "metrics_config": [],
            "parallelization_factor": 0,
            "provisioned_poller_config": [],
            "queues": [],
            "region": "ap-northeast-1",
            "scaling_config": [],
            "self_managed_event_source": [],
            "self_managed_kafka_event_source_config": [],
            "source_access_configuration": [],
            "starting_position": "",
            "starting_position_timestamp": "",
            "state": "Enabled",
            "state_transition_reason": "USER_INITIATED",
            "tags": {},
            "tags_all": {},
            "topics": [],
            "tumbling_window_in_seconds": 0,
            "uuid": "025b0639-dd9e-46aa-a916-944bcc935511"
          },
          "sensitive_attributes": [],
          "identity_schema_version": 0,
          "private": "bnVsbA==",
          "dependencies": [
            "data.aws_caller_identity.current",
            "module.function.aws_lambda_function.MQTT-SEND-MESSAGE",
            "module.function.aws_lambda_layer_version.mqtt_common_layer",
            "module.function.data.archive_file.mqtt_common_layer_zip",
            "module.function.data.archive_file.send_message_zip",
            "module.sqs.aws_sqs_queue.cert_update_notify",
            "module.sqs.aws_sqs_queue.presence_data_notify",
            "module.sqs.aws_sqs_queue.ticket_notify",
            "module.sqs.aws_sqs_queue_policy.policy_cert_update_notify",
            "module.sqs.aws_sqs_queue_policy.policy_ticket_notify",
            "module.sqs.aws_sqs_queue_policy.presence_data_notify"
          ]
        }
      ]
    },
    {
      "module": "module.function",
      "mode": "managed",
      "type": "aws_lambda_function",
      "name": "MQTT-CERT-UPDATE",
      "provider": "provider[\"registry.terraform.io/hashicorp/aws\"]",
      "instances": [
        {
          "schema_version": 0,
          "attributes": {
            "architectures": [
              "x86_64"
            ],
            "arn": "arn:aws:lambda:ap-northeast-1:277403262470:function:MQTT-CERT-UPDATE",
            "capacity_provider_config": [],
            "code_sha256": "E/bT412DJYifuJCLnKPnbzq0Mc6/hvleXKyyTSX2BZU=",
            "code_signing_config_arn": "",
            "dead_letter_config": [],
            "description": "",
            "durable_config": [],
            "environment": [
              {
                "variables": {
                  "ALLOW_DEBUG_LOG": "false",
                  "IOT_POLICY": "device-iot-access-policy"
                }
              }
            ],
            "ephemeral_storage": [
              {
                "size": 512
              }
            ],
            "file_system_config": [],
            "filename": "../modules/function/source/MQTT-CERT-UPDATE.zip",
            "function_name": "MQTT-CERT-UPDATE",
            "handler": "MQTT-CERT-UPDATE.handler",
            "id": "MQTT-CERT-UPDATE",
            "image_config": [],
            "image_uri": "",
            "invoke_arn": "arn:aws:apigateway:ap-northeast-1:lambda:path/2015-03-31/functions/arn:aws:lambda:ap-northeast-1:277403262470:function:MQTT-CERT-UPDATE/invocations",
            "kms_key_arn": "",
            "last_modified": "2026-01-21T11:52:01.000+0000",
            "layers": [
              "arn:aws:lambda:ap-northeast-1:277403262470:layer:mqtt-common-layer:18"
            ],
            "logging_config": [
              {
                "application_log_level": "",
                "log_format": "Text",
                "log_group": "/aws/lambda/MQTT-CERT-UPDATE",
                "system_log_level": ""
              }
            ],
            "memory_size": 256,
            "package_type": "Zip",
            "publish": false,
            "publish_to": null,
            "qualified_arn": "arn:aws:lambda:ap-northeast-1:277403262470:function:MQTT-CERT-UPDATE:$LATEST",
            "qualified_invoke_arn": "arn:aws:apigateway:ap-northeast-1:lambda:path/2015-03-31/functions/arn:aws:lambda:ap-northeast-1:277403262470:function:MQTT-CERT-UPDATE:$LATEST/invocations",
            "region": "ap-northeast-1",
            "replace_security_groups_on_destroy": null,
            "replacement_security_group_ids": null,
            "reserved_concurrent_executions": -1,
            "response_streaming_invoke_arn": "arn:aws:apigateway:ap-northeast-1:lambda:path/2021-11-15/functions/arn:aws:lambda:ap-northeast-1:277403262470:function:MQTT-CERT-UPDATE/response-streaming-invocations",
            "role": "arn:aws:iam::277403262470:role/WWRSPFMQTTFunctionAccess",
            "runtime": "nodejs22.x",
            "s3_bucket": null,
            "s3_key": null,
            "s3_object_version": null,
            "signing_job_arn": "",
            "signing_profile_version_arn": "",
            "skip_destroy": false,
            "snap_start": [],
            "source_code_hash": "E/bT412DJYifuJCLnKPnbzq0Mc6/hvleXKyyTSX2BZU=",
            "source_code_size": 2456,
            "source_kms_key_arn": "",
            "tags": {},
            "tags_all": {},
            "tenancy_config": [],
            "timeout": 30,
            "timeouts": null,
            "tracing_config": [
              {
                "mode": "PassThrough"
              }
            ],
            "version": "$LATEST",
            "vpc_config": []
          },
          "sensitive_attributes": [],
          "identity_schema_version": 0,
          "identity": {
            "account_id": "277403262470",
            "function_name": "MQTT-CERT-UPDATE",
            "region": "ap-northeast-1"
          },
          "private": "eyJlMmJmYjczMC1lY2FhLTExZTYtOGY4OC0zNDM2M2JjN2M0YzAiOnsiY3JlYXRlIjo2MDAwMDAwMDAwMDAsImRlbGV0ZSI6NjAwMDAwMDAwMDAwLCJ1cGRhdGUiOjYwMDAwMDAwMDAwMH19",
          "dependencies": [
            "data.aws_caller_identity.current",
            "module.function.aws_lambda_layer_version.mqtt_common_layer",
            "module.function.data.archive_file.cret_update_zip",
            "module.function.data.archive_file.mqtt_common_layer_zip",
            "module.sqs.aws_sqs_queue.cert_update_notify",
            "module.sqs.aws_sqs_queue.presence_data_notify",
            "module.sqs.aws_sqs_queue.ticket_notify",
            "module.sqs.aws_sqs_queue_policy.policy_cert_update_notify",
            "module.sqs.aws_sqs_queue_policy.policy_ticket_notify",
            "module.sqs.aws_sqs_queue_policy.presence_data_notify"
          ]
        }
      ]
    },
    {
      "module": "module.function",
      "mode": "managed",
      "type": "aws_lambda_function",
      "name": "MQTT-DEVICE-IOTCORE-ACCESS",
      "provider": "provider[\"registry.terraform.io/hashicorp/aws\"]",
      "instances": [
        {
          "schema_version": 0,
          "attributes": {
            "architectures": [
              "x86_64"
            ],
            "arn": "arn:aws:lambda:ap-northeast-1:277403262470:function:MQTT-DEVICE-IOTCORE-ACCESS",
            "capacity_provider_config": [],
            "code_sha256": "tqr26PKnd7Fq60RrL8Jk2bqtt8MbosMAuSTUsrQfVA4=",
            "code_signing_config_arn": "",
            "dead_letter_config": [],
            "description": "",
            "durable_config": [],
            "environment": [
              {
                "variables": {
                  "ALLOW_DEBUG_LOG": "false",
                  "CERTUPDATE_SQS_URL": "https://sqs.ap-northeast-1.amazonaws.com/277403262470/wwrspf-mqtt-cert-update-notify"
                }
              }
            ],
            "ephemeral_storage": [
              {
                "size": 512
              }
            ],
            "file_system_config": [],
            "filename": "../modules/function/source/MQTT-DEVICE-IOTCORE-ACCESS.zip",
            "function_name": "MQTT-DEVICE-IOTCORE-ACCESS",
            "handler": "MQTT-DEVICE-IOTCORE-ACCESS.handler",
            "id": "MQTT-DEVICE-IOTCORE-ACCESS",
            "image_config": [],
            "image_uri": "",
            "invoke_arn": "arn:aws:apigateway:ap-northeast-1:lambda:path/2015-03-31/functions/arn:aws:lambda:ap-northeast-1:277403262470:function:MQTT-DEVICE-IOTCORE-ACCESS/invocations",
            "kms_key_arn": "",
            "last_modified": "2026-01-21T11:52:24.000+0000",
            "layers": [
              "arn:aws:lambda:ap-northeast-1:277403262470:layer:mqtt-common-layer:18"
            ],
            "logging_config": [
              {
                "application_log_level": "",
                "log_format": "Text",
                "log_group": "/aws/lambda/MQTT-DEVICE-IOTCORE-ACCESS",
                "system_log_level": ""
              }
            ],
            "memory_size": 512,
            "package_type": "Zip",
            "publish": false,
            "publish_to": null,
            "qualified_arn": "arn:aws:lambda:ap-northeast-1:277403262470:function:MQTT-DEVICE-IOTCORE-ACCESS:$LATEST",
            "qualified_invoke_arn": "arn:aws:apigateway:ap-northeast-1:lambda:path/2015-03-31/functions/arn:aws:lambda:ap-northeast-1:277403262470:function:MQTT-DEVICE-IOTCORE-ACCESS:$LATEST/invocations",
            "region": "ap-northeast-1",
            "replace_security_groups_on_destroy": null,
            "replacement_security_group_ids": null,
            "reserved_concurrent_executions": -1,
            "response_streaming_invoke_arn": "arn:aws:apigateway:ap-northeast-1:lambda:path/2021-11-15/functions/arn:aws:lambda:ap-northeast-1:277403262470:function:MQTT-DEVICE-IOTCORE-ACCESS/response-streaming-invocations",
            "role": "arn:aws:iam::277403262470:role/WWRSPFMQTTFunctionAccess",
            "runtime": "nodejs22.x",
            "s3_bucket": null,
            "s3_key": null,
            "s3_object_version": null,
            "signing_job_arn": "",
            "signing_profile_version_arn": "",
            "skip_destroy": false,
            "snap_start": [],
            "source_code_hash": "tqr26PKnd7Fq60RrL8Jk2bqtt8MbosMAuSTUsrQfVA4=",
            "source_code_size": 2215,
            "source_kms_key_arn": "",
            "tags": {},
            "tags_all": {},
            "tenancy_config": [],
            "timeout": 30,
            "timeouts": null,
            "tracing_config": [
              {
                "mode": "PassThrough"
              }
            ],
            "version": "$LATEST",
            "vpc_config": []
          },
          "sensitive_attributes": [],
          "identity_schema_version": 0,
          "identity": {
            "account_id": "277403262470",
            "function_name": "MQTT-DEVICE-IOTCORE-ACCESS",
            "region": "ap-northeast-1"
          },
          "private": "eyJlMmJmYjczMC1lY2FhLTExZTYtOGY4OC0zNDM2M2JjN2M0YzAiOnsiY3JlYXRlIjo2MDAwMDAwMDAwMDAsImRlbGV0ZSI6NjAwMDAwMDAwMDAwLCJ1cGRhdGUiOjYwMDAwMDAwMDAwMH19",
          "dependencies": [
            "data.aws_caller_identity.current",
            "module.function.aws_lambda_layer_version.mqtt_common_layer",
            "module.function.data.archive_file.device_iotcore_access_zip",
            "module.function.data.archive_file.mqtt_common_layer_zip",
            "module.sqs.aws_sqs_queue.cert_update_notify",
            "module.sqs.aws_sqs_queue.presence_data_notify",
            "module.sqs.aws_sqs_queue.ticket_notify",
            "module.sqs.aws_sqs_queue_policy.policy_cert_update_notify",
            "module.sqs.aws_sqs_queue_policy.policy_ticket_notify",
            "module.sqs.aws_sqs_queue_policy.presence_data_notify"
          ]
        }
      ]
    },
    {
      "module": "module.function",
      "mode": "managed",
      "type": "aws_lambda_function",
      "name": "MQTT-DEVICE-IOTCORE-PROHIBIT",
      "provider": "provider[\"registry.terraform.io/hashicorp/aws\"]",
      "instances": [
        {
          "schema_version": 0,
          "attributes": {
            "architectures": [
              "x86_64"
            ],
            "arn": "arn:aws:lambda:ap-northeast-1:277403262470:function:MQTT-DEVICE-IOTCORE-PROHIBIT",
            "capacity_provider_config": [],
            "code_sha256": "DJ038ffSLsrhIWoo1qcBl4y9gFNx272N+WjzkXOEst4=",
            "code_signing_config_arn": "",
            "dead_letter_config": [],
            "description": "",
            "durable_config": [],
            "environment": [
              {
                "variables": {
                  "ALLOW_DEBUG_LOG": "false",
                  "CERTUPDATE_SQS_URL": "https://sqs.ap-northeast-1.amazonaws.com/277403262470/wwrspf-mqtt-cert-update-notify",
                  "SENDMSG_SQS_URL": "https://sqs.ap-northeast-1.amazonaws.com/277403262470/wwrspf-mqtt-ticket-notify"
                }
              }
            ],
            "ephemeral_storage": [
              {
                "size": 512
              }
            ],
            "file_system_config": [],
            "filename": "../modules/function/source/MQTT-DEVICE-IOTCORE-PROHIBIT.zip",
            "function_name": "MQTT-DEVICE-IOTCORE-PROHIBIT",
            "handler": "MQTT-DEVICE-IOTCORE-PROHIBIT.handler",
            "id": "MQTT-DEVICE-IOTCORE-PROHIBIT",
            "image_config": [],
            "image_uri": "",
            "invoke_arn": "arn:aws:apigateway:ap-northeast-1:lambda:path/2015-03-31/functions/arn:aws:lambda:ap-northeast-1:277403262470:function:MQTT-DEVICE-IOTCORE-PROHIBIT/invocations",
            "kms_key_arn": "",
            "last_modified": "2026-01-21T11:52:06.000+0000",
            "layers": [
              "arn:aws:lambda:ap-northeast-1:277403262470:layer:mqtt-common-layer:18"
            ],
            "logging_config": [
              {
                "application_log_level": "",
                "log_format": "Text",
                "log_group": "/aws/lambda/MQTT-DEVICE-IOTCORE-PROHIBIT",
                "system_log_level": ""
              }
            ],
            "memory_size": 512,
            "package_type": "Zip",
            "publish": false,
            "publish_to": null,
            "qualified_arn": "arn:aws:lambda:ap-northeast-1:277403262470:function:MQTT-DEVICE-IOTCORE-PROHIBIT:$LATEST",
            "qualified_invoke_arn": "arn:aws:apigateway:ap-northeast-1:lambda:path/2015-03-31/functions/arn:aws:lambda:ap-northeast-1:277403262470:function:MQTT-DEVICE-IOTCORE-PROHIBIT:$LATEST/invocations",
            "region": "ap-northeast-1",
            "replace_security_groups_on_destroy": null,
            "replacement_security_group_ids": null,
            "reserved_concurrent_executions": -1,
            "response_streaming_invoke_arn": "arn:aws:apigateway:ap-northeast-1:lambda:path/2021-11-15/functions/arn:aws:lambda:ap-northeast-1:277403262470:function:MQTT-DEVICE-IOTCORE-PROHIBIT/response-streaming-invocations",
            "role": "arn:aws:iam::277403262470:role/WWRSPFMQTTFunctionAccess",
            "runtime": "nodejs22.x",
            "s3_bucket": null,
            "s3_key": null,
            "s3_object_version": null,
            "signing_job_arn": "",
            "signing_profile_version_arn": "",
            "skip_destroy": false,
            "snap_start": [],
            "source_code_hash": "DJ038ffSLsrhIWoo1qcBl4y9gFNx272N+WjzkXOEst4=",
            "source_code_size": 2701,
            "source_kms_key_arn": "",
            "tags": {},
            "tags_all": {},
            "tenancy_config": [],
            "timeout": 30,
            "timeouts": null,
            "tracing_config": [
              {
                "mode": "PassThrough"
              }
            ],
            "version": "$LATEST",
            "vpc_config": []
          },
          "sensitive_attributes": [],
          "identity_schema_version": 0,
          "identity": {
            "account_id": "277403262470",
            "function_name": "MQTT-DEVICE-IOTCORE-PROHIBIT",
            "region": "ap-northeast-1"
          },
          "private": "eyJlMmJmYjczMC1lY2FhLTExZTYtOGY4OC0zNDM2M2JjN2M0YzAiOnsiY3JlYXRlIjo2MDAwMDAwMDAwMDAsImRlbGV0ZSI6NjAwMDAwMDAwMDAwLCJ1cGRhdGUiOjYwMDAwMDAwMDAwMH19",
          "dependencies": [
            "data.aws_caller_identity.current",
            "module.function.aws_lambda_layer_version.mqtt_common_layer",
            "module.function.data.archive_file.device_iotcore_prohibit_zip",
            "module.function.data.archive_file.mqtt_common_layer_zip",
            "module.sqs.aws_sqs_queue.cert_update_notify",
            "module.sqs.aws_sqs_queue.presence_data_notify",
            "module.sqs.aws_sqs_queue.ticket_notify",
            "module.sqs.aws_sqs_queue_policy.policy_cert_update_notify",
            "module.sqs.aws_sqs_queue_policy.policy_ticket_notify",
            "module.sqs.aws_sqs_queue_policy.presence_data_notify"
          ]
        }
      ]
    },
    {
      "module": "module.function",
      "mode": "managed",
      "type": "aws_lambda_function",
      "name": "MQTT-DEVICE-PRESENCE-UPDATE",
      "provider": "provider[\"registry.terraform.io/hashicorp/aws\"]",
      "instances": [
        {
          "schema_version": 0,
          "attributes": {
            "architectures": [
              "x86_64"
            ],
            "arn": "arn:aws:lambda:ap-northeast-1:277403262470:function:MQTT-DEVICE-PRESENCE-UPDATE",
            "capacity_provider_config": [],
            "code_sha256": "w8S1HnViX+nJCru1trhV6AJi9cX/KWqJ48ESyhNlHNI=",
            "code_signing_config_arn": "",
            "dead_letter_config": [],
            "description": "",
            "durable_config": [],
            "environment": [
              {
                "variables": {
                  "ALLOW_DEBUG_LOG": "false"
                }
              }
            ],
            "ephemeral_storage": [
              {
                "size": 512
              }
            ],
            "file_system_config": [],
            "filename": "../modules/function/source/MQTT-DEVICE-PRESENCE-UPDATE.zip",
            "function_name": "MQTT-DEVICE-PRESENCE-UPDATE",
            "handler": "MQTT-DEVICE-PRESENCE-UPDATE.handler",
            "id": "MQTT-DEVICE-PRESENCE-UPDATE",
            "image_config": [],
            "image_uri": "",
            "invoke_arn": "arn:aws:apigateway:ap-northeast-1:lambda:path/2015-03-31/functions/arn:aws:lambda:ap-northeast-1:277403262470:function:MQTT-DEVICE-PRESENCE-UPDATE/invocations",
            "kms_key_arn": "",
            "last_modified": "2026-01-21T11:52:12.000+0000",
            "layers": [
              "arn:aws:lambda:ap-northeast-1:277403262470:layer:mqtt-common-layer:18"
            ],
            "logging_config": [
              {
                "application_log_level": "",
                "log_format": "Text",
                "log_group": "/aws/lambda/MQTT-DEVICE-PRESENCE-UPDATE",
                "system_log_level": ""
              }
            ],
            "memory_size": 128,
            "package_type": "Zip",
            "publish": false,
            "publish_to": null,
            "qualified_arn": "arn:aws:lambda:ap-northeast-1:277403262470:function:MQTT-DEVICE-PRESENCE-UPDATE:$LATEST",
            "qualified_invoke_arn": "arn:aws:apigateway:ap-northeast-1:lambda:path/2015-03-31/functions/arn:aws:lambda:ap-northeast-1:277403262470:function:MQTT-DEVICE-PRESENCE-UPDATE:$LATEST/invocations",
            "region": "ap-northeast-1",
            "replace_security_groups_on_destroy": null,
            "replacement_security_group_ids": null,
            "reserved_concurrent_executions": -1,
            "response_streaming_invoke_arn": "arn:aws:apigateway:ap-northeast-1:lambda:path/2021-11-15/functions/arn:aws:lambda:ap-northeast-1:277403262470:function:MQTT-DEVICE-PRESENCE-UPDATE/response-streaming-invocations",
            "role": "arn:aws:iam::277403262470:role/WWRSPFMQTTFunctionAccess",
            "runtime": "nodejs22.x",
            "s3_bucket": null,
            "s3_key": null,
            "s3_object_version": null,
            "signing_job_arn": "",
            "signing_profile_version_arn": "",
            "skip_destroy": false,
            "snap_start": [],
            "source_code_hash": "w8S1HnViX+nJCru1trhV6AJi9cX/KWqJ48ESyhNlHNI=",
            "source_code_size": 1205,
            "source_kms_key_arn": "",
            "tags": {},
            "tags_all": {},
            "tenancy_config": [],
            "timeout": 3,
            "timeouts": null,
            "tracing_config": [
              {
                "mode": "PassThrough"
              }
            ],
            "version": "$LATEST",
            "vpc_config": []
          },
          "sensitive_attributes": [],
          "identity_schema_version": 0,
          "identity": {
            "account_id": "277403262470",
            "function_name": "MQTT-DEVICE-PRESENCE-UPDATE",
            "region": "ap-northeast-1"
          },
          "private": "eyJlMmJmYjczMC1lY2FhLTExZTYtOGY4OC0zNDM2M2JjN2M0YzAiOnsiY3JlYXRlIjo2MDAwMDAwMDAwMDAsImRlbGV0ZSI6NjAwMDAwMDAwMDAwLCJ1cGRhdGUiOjYwMDAwMDAwMDAwMH19",
          "dependencies": [
            "data.aws_caller_identity.current",
            "module.function.aws_lambda_layer_version.mqtt_common_layer",
            "module.function.data.archive_file.device_presence_update_zip",
            "module.function.data.archive_file.mqtt_common_layer_zip",
            "module.sqs.aws_sqs_queue.cert_update_notify",
            "module.sqs.aws_sqs_queue.presence_data_notify",
            "module.sqs.aws_sqs_queue.ticket_notify",
            "module.sqs.aws_sqs_queue_policy.policy_cert_update_notify",
            "module.sqs.aws_sqs_queue_policy.policy_ticket_notify",
            "module.sqs.aws_sqs_queue_policy.presence_data_notify"
          ]
        }
      ]
    },
    {
      "module": "module.function",
      "mode": "managed",
      "type": "aws_lambda_function",
      "name": "MQTT-DEVICE-SHADOW-RETRIEVE",
      "provider": "provider[\"registry.terraform.io/hashicorp/aws\"]",
      "instances": [
        {
          "schema_version": 0,
          "attributes": {
            "architectures": [
              "x86_64"
            ],
            "arn": "arn:aws:lambda:ap-northeast-1:277403262470:function:MQTT-DEVICE-SHADOW-RETRIEVE",
            "capacity_provider_config": [],
            "code_sha256": "UKsHuGCIN5vStmIPgA92hj3Mu58wx9jC+PhISBaKuns=",
            "code_signing_config_arn": "",
            "dead_letter_config": [],
            "description": "",
            "durable_config": [],
            "environment": [
              {
                "variables": {
                  "ALLOW_DEBUG_LOG": "false"
                }
              }
            ],
            "ephemeral_storage": [
              {
                "size": 512
              }
            ],
            "file_system_config": [],
            "filename": "../modules/function/source/MQTT-DEVICE-SHADOW-RETRIEVE.zip",
            "function_name": "MQTT-DEVICE-SHADOW-RETRIEVE",
            "handler": "MQTT-DEVICE-SHADOW-RETRIEVE.handler",
            "id": "MQTT-DEVICE-SHADOW-RETRIEVE",
            "image_config": [],
            "image_uri": "",
            "invoke_arn": "arn:aws:apigateway:ap-northeast-1:lambda:path/2015-03-31/functions/arn:aws:lambda:ap-northeast-1:277403262470:function:MQTT-DEVICE-SHADOW-RETRIEVE/invocations",
            "kms_key_arn": "",
            "last_modified": "2026-01-21T11:52:01.000+0000",
            "layers": [
              "arn:aws:lambda:ap-northeast-1:277403262470:layer:mqtt-common-layer:18"
            ],
            "logging_config": [
              {
                "application_log_level": "",
                "log_format": "Text",
                "log_group": "/aws/lambda/MQTT-DEVICE-SHADOW-RETRIEVE",
                "system_log_level": ""
              }
            ],
            "memory_size": 128,
            "package_type": "Zip",
            "publish": false,
            "publish_to": null,
            "qualified_arn": "arn:aws:lambda:ap-northeast-1:277403262470:function:MQTT-DEVICE-SHADOW-RETRIEVE:$LATEST",
            "qualified_invoke_arn": "arn:aws:apigateway:ap-northeast-1:lambda:path/2015-03-31/functions/arn:aws:lambda:ap-northeast-1:277403262470:function:MQTT-DEVICE-SHADOW-RETRIEVE:$LATEST/invocations",
            "region": "ap-northeast-1",
            "replace_security_groups_on_destroy": null,
            "replacement_security_group_ids": null,
            "reserved_concurrent_executions": -1,
            "response_streaming_invoke_arn": "arn:aws:apigateway:ap-northeast-1:lambda:path/2021-11-15/functions/arn:aws:lambda:ap-northeast-1:277403262470:function:MQTT-DEVICE-SHADOW-RETRIEVE/response-streaming-invocations",
            "role": "arn:aws:iam::277403262470:role/WWRSPFMQTTFunctionAccess",
            "runtime": "nodejs22.x",
            "s3_bucket": null,
            "s3_key": null,
            "s3_object_version": null,
            "signing_job_arn": "",
            "signing_profile_version_arn": "",
            "skip_destroy": false,
            "snap_start": [],
            "source_code_hash": "UKsHuGCIN5vStmIPgA92hj3Mu58wx9jC+PhISBaKuns=",
            "source_code_size": 1569,
            "source_kms_key_arn": "",
            "tags": {},
            "tags_all": {},
            "tenancy_config": [],
            "timeout": 3,
            "timeouts": null,
            "tracing_config": [
              {
                "mode": "PassThrough"
              }
            ],
            "version": "$LATEST",
            "vpc_config": []
          },
          "sensitive_attributes": [],
          "identity_schema_version": 0,
          "identity": {
            "account_id": "277403262470",
            "function_name": "MQTT-DEVICE-SHADOW-RETRIEVE",
            "region": "ap-northeast-1"
          },
          "private": "eyJlMmJmYjczMC1lY2FhLTExZTYtOGY4OC0zNDM2M2JjN2M0YzAiOnsiY3JlYXRlIjo2MDAwMDAwMDAwMDAsImRlbGV0ZSI6NjAwMDAwMDAwMDAwLCJ1cGRhdGUiOjYwMDAwMDAwMDAwMH19",
          "dependencies": [
            "data.aws_caller_identity.current",
            "module.function.aws_lambda_layer_version.mqtt_common_layer",
            "module.function.data.archive_file.device_shadow_retrieve_zip",
            "module.function.data.archive_file.mqtt_common_layer_zip",
            "module.sqs.aws_sqs_queue.cert_update_notify",
            "module.sqs.aws_sqs_queue.presence_data_notify",
            "module.sqs.aws_sqs_queue.ticket_notify",
            "module.sqs.aws_sqs_queue_policy.policy_cert_update_notify",
            "module.sqs.aws_sqs_queue_policy.policy_ticket_notify",
            "module.sqs.aws_sqs_queue_policy.presence_data_notify"
          ]
        }
      ]
    },
    {
      "module": "module.function",
      "mode": "managed",
      "type": "aws_lambda_function",
      "name": "MQTT-DEVICE-STATUS-NOTIFY",
      "provider": "provider[\"registry.terraform.io/hashicorp/aws\"]",
      "instances": [
        {
          "schema_version": 0,
          "attributes": {
            "architectures": [
              "x86_64"
            ],
            "arn": "arn:aws:lambda:ap-northeast-1:277403262470:function:MQTT-DEVICE-STATUS-NOTIFY",
            "capacity_provider_config": [],
            "code_sha256": "Gr/7x7lpuk9L1zxX0Ws0BS2WqJugz/r1EOqB74UcvVE=",
            "code_signing_config_arn": "",
            "dead_letter_config": [],
            "description": "",
            "durable_config": [],
            "environment": [
              {
                "variables": {
                  "ALLOW_DEBUG_LOG": "false",
                  "PARAM_STR_KEY_LASTNTFYDT": "LastNotifyDateTime",
                  "PRESENCE_BUCKET": "wwrspf-mqtt-storage-jp-dev",
                  "PRESENCE_LATEST_GSI": "gsi_presence_latest",
                  "PRESENCE_S3_PREFIX": "presence_data/"
                }
              }
            ],
            "ephemeral_storage": [
              {
                "size": 512
              }
            ],
            "file_system_config": [],
            "filename": "../modules/function/source/MQTT-DEVICE-STATUS-NOTIFY.zip",
            "function_name": "MQTT-DEVICE-STATUS-NOTIFY",
            "handler": "MQTT-DEVICE-STATUS-NOTIFY.handler",
            "id": "MQTT-DEVICE-STATUS-NOTIFY",
            "image_config": [],
            "image_uri": "",
            "invoke_arn": "arn:aws:apigateway:ap-northeast-1:lambda:path/2015-03-31/functions/arn:aws:lambda:ap-northeast-1:277403262470:function:MQTT-DEVICE-STATUS-NOTIFY/invocations",
            "kms_key_arn": "",
            "last_modified": "2026-01-21T11:52:01.000+0000",
            "layers": [
              "arn:aws:lambda:ap-northeast-1:277403262470:layer:mqtt-common-layer:18"
            ],
            "logging_config": [
              {
                "application_log_level": "",
                "log_format": "Text",
                "log_group": "/aws/lambda/MQTT-DEVICE-STATUS-NOTIFY",
                "system_log_level": ""
              }
            ],
            "memory_size": 128,
            "package_type": "Zip",
            "publish": false,
            "publish_to": null,
            "qualified_arn": "arn:aws:lambda:ap-northeast-1:277403262470:function:MQTT-DEVICE-STATUS-NOTIFY:$LATEST",
            "qualified_invoke_arn": "arn:aws:apigateway:ap-northeast-1:lambda:path/2015-03-31/functions/arn:aws:lambda:ap-northeast-1:277403262470:function:MQTT-DEVICE-STATUS-NOTIFY:$LATEST/invocations",
            "region": "ap-northeast-1",
            "replace_security_groups_on_destroy": null,
            "replacement_security_group_ids": null,
            "reserved_concurrent_executions": -1,
            "response_streaming_invoke_arn": "arn:aws:apigateway:ap-northeast-1:lambda:path/2021-11-15/functions/arn:aws:lambda:ap-northeast-1:277403262470:function:MQTT-DEVICE-STATUS-NOTIFY/response-streaming-invocations",
            "role": "arn:aws:iam::277403262470:role/WWRSPFMQTTFunctionAccess",
            "runtime": "nodejs22.x",
            "s3_bucket": null,
            "s3_key": null,
            "s3_object_version": null,
            "signing_job_arn": "",
            "signing_profile_version_arn": "",
            "skip_destroy": false,
            "snap_start": [],
            "source_code_hash": "Gr/7x7lpuk9L1zxX0Ws0BS2WqJugz/r1EOqB74UcvVE=",
            "source_code_size": 2561,
            "source_kms_key_arn": "",
            "tags": {},
            "tags_all": {},
            "tenancy_config": [],
            "timeout": 900,
            "timeouts": null,
            "tracing_config": [
              {
                "mode": "PassThrough"
              }
            ],
            "version": "$LATEST",
            "vpc_config": []
          },
          "sensitive_attributes": [],
          "identity_schema_version": 0,
          "identity": {
            "account_id": "277403262470",
            "function_name": "MQTT-DEVICE-STATUS-NOTIFY",
            "region": "ap-northeast-1"
          },
          "private": "eyJlMmJmYjczMC1lY2FhLTExZTYtOGY4OC0zNDM2M2JjN2M0YzAiOnsiY3JlYXRlIjo2MDAwMDAwMDAwMDAsImRlbGV0ZSI6NjAwMDAwMDAwMDAwLCJ1cGRhdGUiOjYwMDAwMDAwMDAwMH19",
          "dependencies": [
            "data.aws_caller_identity.current",
            "module.function.aws_lambda_layer_version.mqtt_common_layer",
            "module.function.data.archive_file.device_status_notify_zip",
            "module.function.data.archive_file.mqtt_common_layer_zip",
            "module.sqs.aws_sqs_queue.cert_update_notify",
            "module.sqs.aws_sqs_queue.presence_data_notify",
            "module.sqs.aws_sqs_queue.ticket_notify",
            "module.sqs.aws_sqs_queue_policy.policy_cert_update_notify",
            "module.sqs.aws_sqs_queue_policy.policy_ticket_notify",
            "module.sqs.aws_sqs_queue_policy.presence_data_notify"
          ]
        }
      ]
    },
    {
      "module": "module.function",
      "mode": "managed",
      "type": "aws_lambda_function",
      "name": "MQTT-DEVICE-STATUS-RETRIEVE",
      "provider": "provider[\"registry.terraform.io/hashicorp/aws\"]",
      "instances": [
        {
          "schema_version": 0,
          "attributes": {
            "architectures": [
              "x86_64"
            ],
            "arn": "arn:aws:lambda:ap-northeast-1:277403262470:function:MQTT-DEVICE-STATUS-RETRIEVE",
            "capacity_provider_config": [],
            "code_sha256": "2qL587sCj2CAxOfoMzfSbyr/9NSE5iMoUz++7rW9NLg=",
            "code_signing_config_arn": "",
            "dead_letter_config": [],
            "description": "",
            "durable_config": [],
            "environment": [
              {
                "variables": {
                  "ALLOW_DEBUG_LOG": "false"
                }
              }
            ],
            "ephemeral_storage": [
              {
                "size": 512
              }
            ],
            "file_system_config": [],
            "filename": "../modules/function/source/MQTT-DEVICE-STATUS-RETRIEVE.zip",
            "function_name": "MQTT-DEVICE-STATUS-RETRIEVE",
            "handler": "MQTT-DEVICE-STATUS-RETRIEVE.handler",
            "id": "MQTT-DEVICE-STATUS-RETRIEVE",
            "image_config": [],
            "image_uri": "",
            "invoke_arn": "arn:aws:apigateway:ap-northeast-1:lambda:path/2015-03-31/functions/arn:aws:lambda:ap-northeast-1:277403262470:function:MQTT-DEVICE-STATUS-RETRIEVE/invocations",
            "kms_key_arn": "",
            "last_modified": "2026-01-21T11:52:01.000+0000",
            "layers": [
              "arn:aws:lambda:ap-northeast-1:277403262470:layer:mqtt-common-layer:18"
            ],
            "logging_config": [
              {
                "application_log_level": "",
                "log_format": "Text",
                "log_group": "/aws/lambda/MQTT-DEVICE-STATUS-RETRIEVE",
                "system_log_level": ""
              }
            ],
            "memory_size": 128,
            "package_type": "Zip",
            "publish": false,
            "publish_to": null,
            "qualified_arn": "arn:aws:lambda:ap-northeast-1:277403262470:function:MQTT-DEVICE-STATUS-RETRIEVE:$LATEST",
            "qualified_invoke_arn": "arn:aws:apigateway:ap-northeast-1:lambda:path/2015-03-31/functions/arn:aws:lambda:ap-northeast-1:277403262470:function:MQTT-DEVICE-STATUS-RETRIEVE:$LATEST/invocations",
            "region": "ap-northeast-1",
            "replace_security_groups_on_destroy": null,
            "replacement_security_group_ids": null,
            "reserved_concurrent_executions": -1,
            "response_streaming_invoke_arn": "arn:aws:apigateway:ap-northeast-1:lambda:path/2021-11-15/functions/arn:aws:lambda:ap-northeast-1:277403262470:function:MQTT-DEVICE-STATUS-RETRIEVE/response-streaming-invocations",
            "role": "arn:aws:iam::277403262470:role/WWRSPFMQTTFunctionAccess",
            "runtime": "nodejs22.x",
            "s3_bucket": null,
            "s3_key": null,
            "s3_object_version": null,
            "signing_job_arn": "",
            "signing_profile_version_arn": "",
            "skip_destroy": false,
            "snap_start": [],
            "source_code_hash": "2qL587sCj2CAxOfoMzfSbyr/9NSE5iMoUz++7rW9NLg=",
            "source_code_size": 1662,
            "source_kms_key_arn": "",
            "tags": {},
            "tags_all": {},
            "tenancy_config": [],
            "timeout": 3,
            "timeouts": null,
            "tracing_config": [
              {
                "mode": "PassThrough"
              }
            ],
            "version": "$LATEST",
            "vpc_config": []
          },
          "sensitive_attributes": [],
          "identity_schema_version": 0,
          "identity": {
            "account_id": "277403262470",
            "function_name": "MQTT-DEVICE-STATUS-RETRIEVE",
            "region": "ap-northeast-1"
          },
          "private": "eyJlMmJmYjczMC1lY2FhLTExZTYtOGY4OC0zNDM2M2JjN2M0YzAiOnsiY3JlYXRlIjo2MDAwMDAwMDAwMDAsImRlbGV0ZSI6NjAwMDAwMDAwMDAwLCJ1cGRhdGUiOjYwMDAwMDAwMDAwMH19",
          "dependencies": [
            "data.aws_caller_identity.current",
            "module.function.aws_lambda_layer_version.mqtt_common_layer",
            "module.function.data.archive_file.device_status_retrieve_zip",
            "module.function.data.archive_file.mqtt_common_layer_zip",
            "module.sqs.aws_sqs_queue.cert_update_notify",
            "module.sqs.aws_sqs_queue.presence_data_notify",
            "module.sqs.aws_sqs_queue.ticket_notify",
            "module.sqs.aws_sqs_queue_policy.policy_cert_update_notify",
            "module.sqs.aws_sqs_queue_policy.policy_ticket_notify",
            "module.sqs.aws_sqs_queue_policy.presence_data_notify"
          ]
        }
      ]
    },
    {
      "module": "module.function",
      "mode": "managed",
      "type": "aws_lambda_function",
      "name": "MQTT-JITR",
      "provider": "provider[\"registry.terraform.io/hashicorp/aws\"]",
      "instances": [
        {
          "schema_version": 0,
          "attributes": {
            "architectures": [
              "x86_64"
            ],
            "arn": "arn:aws:lambda:ap-northeast-1:277403262470:function:MQTT-JITR",
            "capacity_provider_config": [],
            "code_sha256": "eFxjIbK7t2+yDqKsggqm6xaS80L560U4LspbbUCCSos=",
            "code_signing_config_arn": "",
            "dead_letter_config": [],
            "description": "",
            "durable_config": [],
            "environment": [
              {
                "variables": {
                  "ALLOW_DEBUG_LOG": "false",
                  "IOT_POLICY": "device-iot-access-policy"
                }
              }
            ],
            "ephemeral_storage": [
              {
                "size": 512
              }
            ],
            "file_system_config": [],
            "filename": "../modules/function/source/MQTT-JITR.zip",
            "function_name": "MQTT-JITR",
            "handler": "MQTT-JITR.handler",
            "id": "MQTT-JITR",
            "image_config": [],
            "image_uri": "",
            "invoke_arn": "arn:aws:apigateway:ap-northeast-1:lambda:path/2015-03-31/functions/arn:aws:lambda:ap-northeast-1:277403262470:function:MQTT-JITR/invocations",
            "kms_key_arn": "",
            "last_modified": "2026-01-21T11:52:01.000+0000",
            "layers": [
              "arn:aws:lambda:ap-northeast-1:277403262470:layer:mqtt-common-layer:18"
            ],
            "logging_config": [
              {
                "application_log_level": "",
                "log_format": "Text",
                "log_group": "/aws/lambda/MQTT-JITR",
                "system_log_level": ""
              }
            ],
            "memory_size": 128,
            "package_type": "Zip",
            "publish": false,
            "publish_to": null,
            "qualified_arn": "arn:aws:lambda:ap-northeast-1:277403262470:function:MQTT-JITR:$LATEST",
            "qualified_invoke_arn": "arn:aws:apigateway:ap-northeast-1:lambda:path/2015-03-31/functions/arn:aws:lambda:ap-northeast-1:277403262470:function:MQTT-JITR:$LATEST/invocations",
            "region": "ap-northeast-1",
            "replace_security_groups_on_destroy": null,
            "replacement_security_group_ids": null,
            "reserved_concurrent_executions": -1,
            "response_streaming_invoke_arn": "arn:aws:apigateway:ap-northeast-1:lambda:path/2021-11-15/functions/arn:aws:lambda:ap-northeast-1:277403262470:function:MQTT-JITR/response-streaming-invocations",
            "role": "arn:aws:iam::277403262470:role/WWRSPFMQTTFunctionAccess",
            "runtime": "nodejs22.x",
            "s3_bucket": null,
            "s3_key": null,
            "s3_object_version": null,
            "signing_job_arn": "",
            "signing_profile_version_arn": "",
            "skip_destroy": false,
            "snap_start": [],
            "source_code_hash": "eFxjIbK7t2+yDqKsggqm6xaS80L560U4LspbbUCCSos=",
            "source_code_size": 3660,
            "source_kms_key_arn": "",
            "tags": {},
            "tags_all": {},
            "tenancy_config": [],
            "timeout": 3,
            "timeouts": null,
            "tracing_config": [
              {
                "mode": "PassThrough"
              }
            ],
            "version": "$LATEST",
            "vpc_config": []
          },
          "sensitive_attributes": [],
          "identity_schema_version": 0,
          "identity": {
            "account_id": "277403262470",
            "function_name": "MQTT-JITR",
            "region": "ap-northeast-1"
          },
          "private": "eyJlMmJmYjczMC1lY2FhLTExZTYtOGY4OC0zNDM2M2JjN2M0YzAiOnsiY3JlYXRlIjo2MDAwMDAwMDAwMDAsImRlbGV0ZSI6NjAwMDAwMDAwMDAwLCJ1cGRhdGUiOjYwMDAwMDAwMDAwMH19",
          "dependencies": [
            "data.aws_caller_identity.current",
            "module.function.aws_lambda_layer_version.mqtt_common_layer",
            "module.function.data.archive_file.mqtt_common_layer_zip",
            "module.function.data.archive_file.mqtt_jitr_zip",
            "module.sqs.aws_sqs_queue.cert_update_notify",
            "module.sqs.aws_sqs_queue.presence_data_notify",
            "module.sqs.aws_sqs_queue.ticket_notify",
            "module.sqs.aws_sqs_queue_policy.policy_cert_update_notify",
            "module.sqs.aws_sqs_queue_policy.policy_ticket_notify",
            "module.sqs.aws_sqs_queue_policy.presence_data_notify"
          ]
        }
      ]
    },
    {
      "module": "module.function",
      "mode": "managed",
      "type": "aws_lambda_function",
      "name": "MQTT-MSG-STATUS-RETRIEVE",
      "provider": "provider[\"registry.terraform.io/hashicorp/aws\"]",
      "instances": [
        {
          "schema_version": 0,
          "attributes": {
            "architectures": [
              "x86_64"
            ],
            "arn": "arn:aws:lambda:ap-northeast-1:277403262470:function:MQTT-MSG-STATUS-RETRIEVE",
            "capacity_provider_config": [],
            "code_sha256": "Yw1j3gnmam5ZR7ZB/MReaCzSxY/27e+qlaos2IeZZSI=",
            "code_signing_config_arn": "",
            "dead_letter_config": [],
            "description": "",
            "durable_config": [],
            "environment": [
              {
                "variables": {
                  "ALLOW_DEBUG_LOG": "false",
                  "SEND_MESSAGES_GROUPID_GSI": "gsi_send_messages_groupId"
                }
              }
            ],
            "ephemeral_storage": [
              {
                "size": 512
              }
            ],
            "file_system_config": [],
            "filename": "../modules/function/source/MQTT-MSG-STATUS-RETRIEVE.zip",
            "function_name": "MQTT-MSG-STATUS-RETRIEVE",
            "handler": "MQTT-MSG-STATUS-RETRIEVE.handler",
            "id": "MQTT-MSG-STATUS-RETRIEVE",
            "image_config": [],
            "image_uri": "",
            "invoke_arn": "arn:aws:apigateway:ap-northeast-1:lambda:path/2015-03-31/functions/arn:aws:lambda:ap-northeast-1:277403262470:function:MQTT-MSG-STATUS-RETRIEVE/invocations",
            "kms_key_arn": "",
            "last_modified": "2026-01-21T11:52:01.000+0000",
            "layers": [
              "arn:aws:lambda:ap-northeast-1:277403262470:layer:mqtt-common-layer:18"
            ],
            "logging_config": [
              {
                "application_log_level": "",
                "log_format": "Text",
                "log_group": "/aws/lambda/MQTT-MSG-STATUS-RETRIEVE",
                "system_log_level": ""
              }
            ],
            "memory_size": 128,
            "package_type": "Zip",
            "publish": false,
            "publish_to": null,
            "qualified_arn": "arn:aws:lambda:ap-northeast-1:277403262470:function:MQTT-MSG-STATUS-RETRIEVE:$LATEST",
            "qualified_invoke_arn": "arn:aws:apigateway:ap-northeast-1:lambda:path/2015-03-31/functions/arn:aws:lambda:ap-northeast-1:277403262470:function:MQTT-MSG-STATUS-RETRIEVE:$LATEST/invocations",
            "region": "ap-northeast-1",
            "replace_security_groups_on_destroy": null,
            "replacement_security_group_ids": null,
            "reserved_concurrent_executions": -1,
            "response_streaming_invoke_arn": "arn:aws:apigateway:ap-northeast-1:lambda:path/2021-11-15/functions/arn:aws:lambda:ap-northeast-1:277403262470:function:MQTT-MSG-STATUS-RETRIEVE/response-streaming-invocations",
            "role": "arn:aws:iam::277403262470:role/WWRSPFMQTTFunctionAccess",
            "runtime": "nodejs22.x",
            "s3_bucket": null,
            "s3_key": null,
            "s3_object_version": null,
            "signing_job_arn": "",
            "signing_profile_version_arn": "",
            "skip_destroy": false,
            "snap_start": [],
            "source_code_hash": "Yw1j3gnmam5ZR7ZB/MReaCzSxY/27e+qlaos2IeZZSI=",
            "source_code_size": 2319,
            "source_kms_key_arn": "",
            "tags": {},
            "tags_all": {},
            "tenancy_config": [],
            "timeout": 30,
            "timeouts": null,
            "tracing_config": [
              {
                "mode": "PassThrough"
              }
            ],
            "version": "$LATEST",
            "vpc_config": []
          },
          "sensitive_attributes": [],
          "identity_schema_version": 0,
          "identity": {
            "account_id": "277403262470",
            "function_name": "MQTT-MSG-STATUS-RETRIEVE",
            "region": "ap-northeast-1"
          },
          "private": "eyJlMmJmYjczMC1lY2FhLTExZTYtOGY4OC0zNDM2M2JjN2M0YzAiOnsiY3JlYXRlIjo2MDAwMDAwMDAwMDAsImRlbGV0ZSI6NjAwMDAwMDAwMDAwLCJ1cGRhdGUiOjYwMDAwMDAwMDAwMH19",
          "dependencies": [
            "data.aws_caller_identity.current",
            "module.function.aws_lambda_layer_version.mqtt_common_layer",
            "module.function.data.archive_file.mqtt_common_layer_zip",
            "module.function.data.archive_file.msg_status_retrieve_zip",
            "module.sqs.aws_sqs_queue.cert_update_notify",
            "module.sqs.aws_sqs_queue.presence_data_notify",
            "module.sqs.aws_sqs_queue.ticket_notify",
            "module.sqs.aws_sqs_queue_policy.policy_cert_update_notify",
            "module.sqs.aws_sqs_queue_policy.policy_ticket_notify",
            "module.sqs.aws_sqs_queue_policy.presence_data_notify"
          ]
        }
      ]
    },
    {
      "module": "module.function",
      "mode": "managed",
      "type": "aws_lambda_function",
      "name": "MQTT-SEND-MESSAGE",
      "provider": "provider[\"registry.terraform.io/hashicorp/aws\"]",
      "instances": [
        {
          "schema_version": 0,
          "attributes": {
            "architectures": [
              "x86_64"
            ],
            "arn": "arn:aws:lambda:ap-northeast-1:277403262470:function:MQTT-SEND-MESSAGE",
            "capacity_provider_config": [],
            "code_sha256": "cF8F8aJWPk97E3TKoSUK+wE+0gIpXvxA/1w/2DqB7Do=",
            "code_signing_config_arn": "",
            "dead_letter_config": [],
            "description": "",
            "durable_config": [],
            "environment": [
              {
                "variables": {
                  "ALLOW_DEBUG_LOG": "false",
                  "IOT_BROKER_URL": "https://a3oe2l6u64wfk2-ats.iot.ap-northeast-1.amazonaws.com"
                }
              }
            ],
            "ephemeral_storage": [
              {
                "size": 512
              }
            ],
            "file_system_config": [],
            "filename": "../modules/function/source/MQTT-SEND-MESSAGE.zip",
            "function_name": "MQTT-SEND-MESSAGE",
            "handler": "MQTT-SEND-MESSAGE.handler",
            "id": "MQTT-SEND-MESSAGE",
            "image_config": [],
            "image_uri": "",
            "invoke_arn": "arn:aws:apigateway:ap-northeast-1:lambda:path/2015-03-31/functions/arn:aws:lambda:ap-northeast-1:277403262470:function:MQTT-SEND-MESSAGE/invocations",
            "kms_key_arn": "",
            "last_modified": "2026-01-28T09:03:22.000+0000",
            "layers": [
              "arn:aws:lambda:ap-northeast-1:277403262470:layer:mqtt-common-layer:18"
            ],
            "logging_config": [
              {
                "application_log_level": "",
                "log_format": "Text",
                "log_group": "/aws/lambda/MQTT-SEND-MESSAGE",
                "system_log_level": ""
              }
            ],
            "memory_size": 512,
            "package_type": "Zip",
            "publish": false,
            "publish_to": null,
            "qualified_arn": "arn:aws:lambda:ap-northeast-1:277403262470:function:MQTT-SEND-MESSAGE:$LATEST",
            "qualified_invoke_arn": "arn:aws:apigateway:ap-northeast-1:lambda:path/2015-03-31/functions/arn:aws:lambda:ap-northeast-1:277403262470:function:MQTT-SEND-MESSAGE:$LATEST/invocations",
            "region": "ap-northeast-1",
            "replace_security_groups_on_destroy": null,
            "replacement_security_group_ids": null,
            "reserved_concurrent_executions": -1,
            "response_streaming_invoke_arn": "arn:aws:apigateway:ap-northeast-1:lambda:path/2021-11-15/functions/arn:aws:lambda:ap-northeast-1:277403262470:function:MQTT-SEND-MESSAGE/response-streaming-invocations",
            "role": "arn:aws:iam::277403262470:role/WWRSPFMQTTFunctionAccess",
            "runtime": "nodejs22.x",
            "s3_bucket": null,
            "s3_key": null,
            "s3_object_version": null,
            "signing_job_arn": "",
            "signing_profile_version_arn": "",
            "skip_destroy": false,
            "snap_start": [],
            "source_code_hash": "cF8F8aJWPk97E3TKoSUK+wE+0gIpXvxA/1w/2DqB7Do=",
            "source_code_size": 3984,
            "source_kms_key_arn": "",
            "tags": {},
            "tags_all": {},
            "tenancy_config": [],
            "timeout": 60,
            "timeouts": null,
            "tracing_config": [
              {
                "mode": "PassThrough"
              }
            ],
            "version": "$LATEST",
            "vpc_config": []
          },
          "sensitive_attributes": [],
          "identity_schema_version": 0,
          "identity": {
            "account_id": "277403262470",
            "function_name": "MQTT-SEND-MESSAGE",
            "region": "ap-northeast-1"
          },
          "private": "eyJlMmJmYjczMC1lY2FhLTExZTYtOGY4OC0zNDM2M2JjN2M0YzAiOnsiY3JlYXRlIjo2MDAwMDAwMDAwMDAsImRlbGV0ZSI6NjAwMDAwMDAwMDAwLCJ1cGRhdGUiOjYwMDAwMDAwMDAwMH19",
          "dependencies": [
            "data.aws_caller_identity.current",
            "module.function.aws_lambda_layer_version.mqtt_common_layer",
            "module.function.data.archive_file.mqtt_common_layer_zip",
            "module.function.data.archive_file.send_message_zip",
            "module.sqs.aws_sqs_queue.cert_update_notify",
            "module.sqs.aws_sqs_queue.presence_data_notify",
            "module.sqs.aws_sqs_queue.ticket_notify",
            "module.sqs.aws_sqs_queue_policy.policy_cert_update_notify",
            "module.sqs.aws_sqs_queue_policy.policy_ticket_notify",
            "module.sqs.aws_sqs_queue_policy.presence_data_notify"
          ]
        }
      ]
    },
    {
      "module": "module.function",
      "mode": "managed",
      "type": "aws_lambda_function",
      "name": "MQTT-TICKET-RESPONSE-UPDATE",
      "provider": "provider[\"registry.terraform.io/hashicorp/aws\"]",
      "instances": [
        {
          "schema_version": 0,
          "attributes": {
            "architectures": [
              "x86_64"
            ],
            "arn": "arn:aws:lambda:ap-northeast-1:277403262470:function:MQTT-TICKET-RESPONSE-UPDATE",
            "capacity_provider_config": [],
            "code_sha256": "xIhl5OUoW3zXfP7xtn79pLajoAYYm0F3x02TJYbCPR8=",
            "code_signing_config_arn": "",
            "dead_letter_config": [],
            "description": "",
            "durable_config": [],
            "environment": [
              {
                "variables": {
                  "ALLOW_DEBUG_LOG": "false"
                }
              }
            ],
            "ephemeral_storage": [
              {
                "size": 512
              }
            ],
            "file_system_config": [],
            "filename": "../modules/function/source/MQTT-TICKET-RESPONSE-UPDATE.zip",
            "function_name": "MQTT-TICKET-RESPONSE-UPDATE",
            "handler": "MQTT-TICKET-RESPONSE-UPDATE.handler",
            "id": "MQTT-TICKET-RESPONSE-UPDATE",
            "image_config": [],
            "image_uri": "",
            "invoke_arn": "arn:aws:apigateway:ap-northeast-1:lambda:path/2015-03-31/functions/arn:aws:lambda:ap-northeast-1:277403262470:function:MQTT-TICKET-RESPONSE-UPDATE/invocations",
            "kms_key_arn": "",
            "last_modified": "2026-01-28T09:03:22.000+0000",
            "layers": [
              "arn:aws:lambda:ap-northeast-1:277403262470:layer:mqtt-common-layer:18"
            ],
            "logging_config": [
              {
                "application_log_level": "",
                "log_format": "Text",
                "log_group": "/aws/lambda/MQTT-TICKET-RESPONSE-UPDATE",
                "system_log_level": ""
              }
            ],
            "memory_size": 128,
            "package_type": "Zip",
            "publish": false,
            "publish_to": null,
            "qualified_arn": "arn:aws:lambda:ap-northeast-1:277403262470:function:MQTT-TICKET-RESPONSE-UPDATE:$LATEST",
            "qualified_invoke_arn": "arn:aws:apigateway:ap-northeast-1:lambda:path/2015-03-31/functions/arn:aws:lambda:ap-northeast-1:277403262470:function:MQTT-TICKET-RESPONSE-UPDATE:$LATEST/invocations",
            "region": "ap-northeast-1",
            "replace_security_groups_on_destroy": null,
            "replacement_security_group_ids": null,
            "reserved_concurrent_executions": -1,
            "response_streaming_invoke_arn": "arn:aws:apigateway:ap-northeast-1:lambda:path/2021-11-15/functions/arn:aws:lambda:ap-northeast-1:277403262470:function:MQTT-TICKET-RESPONSE-UPDATE/response-streaming-invocations",
            "role": "arn:aws:iam::277403262470:role/WWRSPFMQTTFunctionAccess",
            "runtime": "nodejs22.x",
            "s3_bucket": null,
            "s3_key": null,
            "s3_object_version": null,
            "signing_job_arn": "",
            "signing_profile_version_arn": "",
            "skip_destroy": false,
            "snap_start": [],
            "source_code_hash": "xIhl5OUoW3zXfP7xtn79pLajoAYYm0F3x02TJYbCPR8=",
            "source_code_size": 1400,
            "source_kms_key_arn": "",
            "tags": {},
            "tags_all": {},
            "tenancy_config": [],
            "timeout": 3,
            "timeouts": null,
            "tracing_config": [
              {
                "mode": "PassThrough"
              }
            ],
            "version": "$LATEST",
            "vpc_config": []
          },
          "sensitive_attributes": [],
          "identity_schema_version": 0,
          "identity": {
            "account_id": "277403262470",
            "function_name": "MQTT-TICKET-RESPONSE-UPDATE",
            "region": "ap-northeast-1"
          },
          "private": "eyJlMmJmYjczMC1lY2FhLTExZTYtOGY4OC0zNDM2M2JjN2M0YzAiOnsiY3JlYXRlIjo2MDAwMDAwMDAwMDAsImRlbGV0ZSI6NjAwMDAwMDAwMDAwLCJ1cGRhdGUiOjYwMDAwMDAwMDAwMH19",
          "dependencies": [
            "data.aws_caller_identity.current",
            "module.function.aws_lambda_layer_version.mqtt_common_layer",
            "module.function.data.archive_file.mqtt_common_layer_zip",
            "module.function.data.archive_file.ticket_response_update_zip",
            "module.sqs.aws_sqs_queue.cert_update_notify",
            "module.sqs.aws_sqs_queue.presence_data_notify",
            "module.sqs.aws_sqs_queue.ticket_notify",
            "module.sqs.aws_sqs_queue_policy.policy_cert_update_notify",
            "module.sqs.aws_sqs_queue_policy.policy_ticket_notify",
            "module.sqs.aws_sqs_queue_policy.presence_data_notify"
          ]
        }
      ]
    },
    {
      "module": "module.function",
      "mode": "managed",
      "type": "aws_lambda_layer_version",
      "name": "mqtt_common_layer",
      "provider": "provider[\"registry.terraform.io/hashicorp/aws\"]",
      "instances": [
        {
          "schema_version": 0,
          "attributes": {
            "arn": "arn:aws:lambda:ap-northeast-1:277403262470:layer:mqtt-common-layer:18",
            "code_sha256": "xUHhgUfh2B7yruXaxiYjVTEz77B1jBFEcBN2kdR3x3Q=",
            "compatible_architectures": [],
            "compatible_runtimes": [
              "nodejs22.x"
            ],
            "created_date": "2026-01-21T11:52:00.835+0000",
            "description": "Common utilities for IoT Lambdas",
            "filename": "../modules/function/source/mqtt-common-layer.zip",
            "id": "arn:aws:lambda:ap-northeast-1:277403262470:layer:mqtt-common-layer:18",
            "layer_arn": "arn:aws:lambda:ap-northeast-1:277403262470:layer:mqtt-common-layer",
            "layer_name": "mqtt-common-layer",
            "license_info": "",
            "region": "ap-northeast-1",
            "s3_bucket": null,
            "s3_key": null,
            "s3_object_version": null,
            "signing_job_arn": "",
            "signing_profile_version_arn": "",
            "skip_destroy": false,
            "source_code_hash": "xUHhgUfh2B7yruXaxiYjVTEz77B1jBFEcBN2kdR3x3Q=",
            "source_code_size": 2960,
            "version": "18"
          },
          "sensitive_attributes": [],
          "identity_schema_version": 0,
          "private": "bnVsbA==",
          "dependencies": [
            "data.aws_caller_identity.current",
            "module.function.data.archive_file.mqtt_common_layer_zip",
            "module.sqs.aws_sqs_queue.cert_update_notify",
            "module.sqs.aws_sqs_queue.presence_data_notify",
            "module.sqs.aws_sqs_queue.ticket_notify",
            "module.sqs.aws_sqs_queue_policy.policy_cert_update_notify",
            "module.sqs.aws_sqs_queue_policy.policy_ticket_notify",
            "module.sqs.aws_sqs_queue_policy.presence_data_notify"
          ]
        }
      ]
    },
    {
      "module": "module.function",
      "mode": "managed",
      "type": "null_resource",
      "name": "cleanup_cert_update_zip",
      "provider": "provider[\"registry.terraform.io/hashicorp/null\"]",
      "instances": [
        {
          "schema_version": 0,
          "attributes": {
            "id": "206168857654854816",
            "triggers": {
              "lambda_version": "$LATEST"
            }
          },
          "sensitive_attributes": [],
          "identity_schema_version": 0,
          "dependencies": [
            "data.aws_caller_identity.current",
            "module.function.aws_lambda_function.MQTT-CERT-UPDATE",
            "module.function.aws_lambda_layer_version.mqtt_common_layer",
            "module.function.data.archive_file.cret_update_zip",
            "module.function.data.archive_file.mqtt_common_layer_zip",
            "module.sqs.aws_sqs_queue.cert_update_notify",
            "module.sqs.aws_sqs_queue.presence_data_notify",
            "module.sqs.aws_sqs_queue.ticket_notify",
            "module.sqs.aws_sqs_queue_policy.policy_cert_update_notify",
            "module.sqs.aws_sqs_queue_policy.policy_ticket_notify",
            "module.sqs.aws_sqs_queue_policy.presence_data_notify"
          ]
        }
      ]
    },
    {
      "module": "module.function",
      "mode": "managed",
      "type": "null_resource",
      "name": "cleanup_common_layer_zip",
      "provider": "provider[\"registry.terraform.io/hashicorp/null\"]",
      "instances": [
        {
          "schema_version": 0,
          "attributes": {
            "id": "2741407296254308176",
            "triggers": {
              "layer_version": "18"
            }
          },
          "sensitive_attributes": [],
          "identity_schema_version": 0,
          "dependencies": [
            "data.aws_caller_identity.current",
            "module.function.aws_lambda_layer_version.mqtt_common_layer",
            "module.function.data.archive_file.mqtt_common_layer_zip",
            "module.sqs.aws_sqs_queue.cert_update_notify",
            "module.sqs.aws_sqs_queue.presence_data_notify",
            "module.sqs.aws_sqs_queue.ticket_notify",
            "module.sqs.aws_sqs_queue_policy.policy_cert_update_notify",
            "module.sqs.aws_sqs_queue_policy.policy_ticket_notify",
            "module.sqs.aws_sqs_queue_policy.presence_data_notify"
          ]
        }
      ]
    },
    {
      "module": "module.function",
      "mode": "managed",
      "type": "null_resource",
      "name": "cleanup_device_iotcore_zip",
      "provider": "provider[\"registry.terraform.io/hashicorp/null\"]",
      "instances": [
        {
          "schema_version": 0,
          "attributes": {
            "id": "7454025792607806080",
            "triggers": {
              "lambda_version": "$LATEST"
            }
          },
          "sensitive_attributes": [],
          "identity_schema_version": 0,
          "dependencies": [
            "data.aws_caller_identity.current",
            "module.function.aws_lambda_function.MQTT-DEVICE-IOTCORE-ACCESS",
            "module.function.aws_lambda_layer_version.mqtt_common_layer",
            "module.function.data.archive_file.device_iotcore_access_zip",
            "module.function.data.archive_file.mqtt_common_layer_zip",
            "module.sqs.aws_sqs_queue.cert_update_notify",
            "module.sqs.aws_sqs_queue.presence_data_notify",
            "module.sqs.aws_sqs_queue.ticket_notify",
            "module.sqs.aws_sqs_queue_policy.policy_cert_update_notify",
            "module.sqs.aws_sqs_queue_policy.policy_ticket_notify",
            "module.sqs.aws_sqs_queue_policy.presence_data_notify"
          ]
        }
      ]
    },
    {
      "module": "module.function",
      "mode": "managed",
      "type": "null_resource",
      "name": "cleanup_device_presence_zip",
      "provider": "provider[\"registry.terraform.io/hashicorp/null\"]",
      "instances": [
        {
          "schema_version": 0,
          "attributes": {
            "id": "781399689651142362",
            "triggers": {
              "lambda_version": "$LATEST"
            }
          },
          "sensitive_attributes": [],
          "identity_schema_version": 0,
          "dependencies": [
            "data.aws_caller_identity.current",
            "module.function.aws_lambda_function.MQTT-DEVICE-PRESENCE-UPDATE",
            "module.function.aws_lambda_layer_version.mqtt_common_layer",
            "module.function.data.archive_file.device_presence_update_zip",
            "module.function.data.archive_file.mqtt_common_layer_zip",
            "module.sqs.aws_sqs_queue.cert_update_notify",
            "module.sqs.aws_sqs_queue.presence_data_notify",
            "module.sqs.aws_sqs_queue.ticket_notify",
            "module.sqs.aws_sqs_queue_policy.policy_cert_update_notify",
            "module.sqs.aws_sqs_queue_policy.policy_ticket_notify",
            "module.sqs.aws_sqs_queue_policy.presence_data_notify"
          ]
        }
      ]
    },
    {
      "module": "module.function",
      "mode": "managed",
      "type": "null_resource",
      "name": "cleanup_device_prohibit_zip",
      "provider": "provider[\"registry.terraform.io/hashicorp/null\"]",
      "instances": [
        {
          "schema_version": 0,
          "attributes": {
            "id": "5234700023665720492",
            "triggers": {
              "lambda_version": "$LATEST"
            }
          },
          "sensitive_attributes": [],
          "identity_schema_version": 0,
          "dependencies": [
            "data.aws_caller_identity.current",
            "module.function.aws_lambda_function.MQTT-DEVICE-IOTCORE-PROHIBIT",
            "module.function.aws_lambda_layer_version.mqtt_common_layer",
            "module.function.data.archive_file.device_iotcore_prohibit_zip",
            "module.function.data.archive_file.mqtt_common_layer_zip",
            "module.sqs.aws_sqs_queue.cert_update_notify",
            "module.sqs.aws_sqs_queue.presence_data_notify",
            "module.sqs.aws_sqs_queue.ticket_notify",
            "module.sqs.aws_sqs_queue_policy.policy_cert_update_notify",
            "module.sqs.aws_sqs_queue_policy.policy_ticket_notify",
            "module.sqs.aws_sqs_queue_policy.presence_data_notify"
          ]
        }
      ]
    },
    {
      "module": "module.function",
      "mode": "managed",
      "type": "null_resource",
      "name": "cleanup_device_shadow_zip",
      "provider": "provider[\"registry.terraform.io/hashicorp/null\"]",
      "instances": [
        {
          "schema_version": 0,
          "attributes": {
            "id": "8187295676057361101",
            "triggers": {
              "lambda_version": "$LATEST"
            }
          },
          "sensitive_attributes": [],
          "identity_schema_version": 0,
          "dependencies": [
            "data.aws_caller_identity.current",
            "module.function.aws_lambda_function.MQTT-DEVICE-SHADOW-RETRIEVE",
            "module.function.aws_lambda_layer_version.mqtt_common_layer",
            "module.function.data.archive_file.device_shadow_retrieve_zip",
            "module.function.data.archive_file.mqtt_common_layer_zip",
            "module.sqs.aws_sqs_queue.cert_update_notify",
            "module.sqs.aws_sqs_queue.presence_data_notify",
            "module.sqs.aws_sqs_queue.ticket_notify",
            "module.sqs.aws_sqs_queue_policy.policy_cert_update_notify",
            "module.sqs.aws_sqs_queue_policy.policy_ticket_notify",
            "module.sqs.aws_sqs_queue_policy.presence_data_notify"
          ]
        }
      ]
    },
    {
      "module": "module.function",
      "mode": "managed",
      "type": "null_resource",
      "name": "cleanup_device_status_zip",
      "provider": "provider[\"registry.terraform.io/hashicorp/null\"]",
      "instances": [
        {
          "schema_version": 0,
          "attributes": {
            "id": "818289793366724873",
            "triggers": {
              "lambda_version": "$LATEST"
            }
          },
          "sensitive_attributes": [],
          "identity_schema_version": 0,
          "dependencies": [
            "data.aws_caller_identity.current",
            "module.function.aws_lambda_function.MQTT-DEVICE-STATUS-RETRIEVE",
            "module.function.aws_lambda_layer_version.mqtt_common_layer",
            "module.function.data.archive_file.device_status_retrieve_zip",
            "module.function.data.archive_file.mqtt_common_layer_zip",
            "module.sqs.aws_sqs_queue.cert_update_notify",
            "module.sqs.aws_sqs_queue.presence_data_notify",
            "module.sqs.aws_sqs_queue.ticket_notify",
            "module.sqs.aws_sqs_queue_policy.policy_cert_update_notify",
            "module.sqs.aws_sqs_queue_policy.policy_ticket_notify",
            "module.sqs.aws_sqs_queue_policy.presence_data_notify"
          ]
        }
      ]
    },
    {
      "module": "module.function",
      "mode": "managed",
      "type": "null_resource",
      "name": "cleanup_mqtt_jitr_zip",
      "provider": "provider[\"registry.terraform.io/hashicorp/null\"]",
      "instances": [
        {
          "schema_version": 0,
          "attributes": {
            "id": "2172070987459917132",
            "triggers": {
              "lambda_version": "$LATEST"
            }
          },
          "sensitive_attributes": [],
          "identity_schema_version": 0,
          "dependencies": [
            "data.aws_caller_identity.current",
            "module.function.aws_lambda_function.MQTT-JITR",
            "module.function.aws_lambda_layer_version.mqtt_common_layer",
            "module.function.data.archive_file.mqtt_common_layer_zip",
            "module.function.data.archive_file.mqtt_jitr_zip",
            "module.sqs.aws_sqs_queue.cert_update_notify",
            "module.sqs.aws_sqs_queue.presence_data_notify",
            "module.sqs.aws_sqs_queue.ticket_notify",
            "module.sqs.aws_sqs_queue_policy.policy_cert_update_notify",
            "module.sqs.aws_sqs_queue_policy.policy_ticket_notify",
            "module.sqs.aws_sqs_queue_policy.presence_data_notify"
          ]
        }
      ]
    },
    {
      "module": "module.function",
      "mode": "managed",
      "type": "null_resource",
      "name": "cleanup_send_message_zip",
      "provider": "provider[\"registry.terraform.io/hashicorp/null\"]",
      "instances": [
        {
          "schema_version": 0,
          "attributes": {
            "id": "8706630673244969887",
            "triggers": {
              "lambda_version": "$LATEST"
            }
          },
          "sensitive_attributes": [],
          "identity_schema_version": 0,
          "dependencies": [
            "data.aws_caller_identity.current",
            "module.function.aws_lambda_function.MQTT-SEND-MESSAGE",
            "module.function.aws_lambda_layer_version.mqtt_common_layer",
            "module.function.data.archive_file.mqtt_common_layer_zip",
            "module.function.data.archive_file.send_message_zip",
            "module.sqs.aws_sqs_queue.cert_update_notify",
            "module.sqs.aws_sqs_queue.presence_data_notify",
            "module.sqs.aws_sqs_queue.ticket_notify",
            "module.sqs.aws_sqs_queue_policy.policy_cert_update_notify",
            "module.sqs.aws_sqs_queue_policy.policy_ticket_notify",
            "module.sqs.aws_sqs_queue_policy.presence_data_notify"
          ]
        }
      ]
    },
    {
      "module": "module.function",
      "mode": "managed",
      "type": "null_resource",
      "name": "cleanup_status_notify_zip",
      "provider": "provider[\"registry.terraform.io/hashicorp/null\"]",
      "instances": [
        {
          "schema_version": 0,
          "attributes": {
            "id": "649321521998705585",
            "triggers": {
              "lambda_version": "$LATEST"
            }
          },
          "sensitive_attributes": [],
          "identity_schema_version": 0,
          "dependencies": [
            "data.aws_caller_identity.current",
            "module.function.aws_lambda_function.MQTT-DEVICE-STATUS-NOTIFY",
            "module.function.aws_lambda_layer_version.mqtt_common_layer",
            "module.function.data.archive_file.device_status_notify_zip",
            "module.function.data.archive_file.mqtt_common_layer_zip",
            "module.sqs.aws_sqs_queue.cert_update_notify",
            "module.sqs.aws_sqs_queue.presence_data_notify",
            "module.sqs.aws_sqs_queue.ticket_notify",
            "module.sqs.aws_sqs_queue_policy.policy_cert_update_notify",
            "module.sqs.aws_sqs_queue_policy.policy_ticket_notify",
            "module.sqs.aws_sqs_queue_policy.presence_data_notify"
          ]
        }
      ]
    },
    {
      "module": "module.function",
      "mode": "managed",
      "type": "null_resource",
      "name": "cleanup_status_retrieve_zip",
      "provider": "provider[\"registry.terraform.io/hashicorp/null\"]",
      "instances": [
        {
          "schema_version": 0,
          "attributes": {
            "id": "2849572773997235652",
            "triggers": {
              "lambda_version": "$LATEST"
            }
          },
          "sensitive_attributes": [],
          "identity_schema_version": 0,
          "dependencies": [
            "data.aws_caller_identity.current",
            "module.function.aws_lambda_function.MQTT-MSG-STATUS-RETRIEVE",
            "module.function.aws_lambda_layer_version.mqtt_common_layer",
            "module.function.data.archive_file.mqtt_common_layer_zip",
            "module.function.data.archive_file.msg_status_retrieve_zip",
            "module.sqs.aws_sqs_queue.cert_update_notify",
            "module.sqs.aws_sqs_queue.presence_data_notify",
            "module.sqs.aws_sqs_queue.ticket_notify",
            "module.sqs.aws_sqs_queue_policy.policy_cert_update_notify",
            "module.sqs.aws_sqs_queue_policy.policy_ticket_notify",
            "module.sqs.aws_sqs_queue_policy.presence_data_notify"
          ]
        }
      ]
    },
    {
      "module": "module.function",
      "mode": "managed",
      "type": "null_resource",
      "name": "cleanup_ticket_response_zip",
      "provider": "provider[\"registry.terraform.io/hashicorp/null\"]",
      "instances": [
        {
          "schema_version": 0,
          "attributes": {
            "id": "6302806678054544202",
            "triggers": {
              "lambda_version": "$LATEST"
            }
          },
          "sensitive_attributes": [],
          "identity_schema_version": 0,
          "dependencies": [
            "data.aws_caller_identity.current",
            "module.function.aws_lambda_function.MQTT-TICKET-RESPONSE-UPDATE",
            "module.function.aws_lambda_layer_version.mqtt_common_layer",
            "module.function.data.archive_file.mqtt_common_layer_zip",
            "module.function.data.archive_file.ticket_response_update_zip",
            "module.sqs.aws_sqs_queue.cert_update_notify",
            "module.sqs.aws_sqs_queue.presence_data_notify",
            "module.sqs.aws_sqs_queue.ticket_notify",
            "module.sqs.aws_sqs_queue_policy.policy_cert_update_notify",
            "module.sqs.aws_sqs_queue_policy.policy_ticket_notify",
            "module.sqs.aws_sqs_queue_policy.presence_data_notify"
          ]
        }
      ]
    },
    {
      "module": "module.iot",
      "mode": "managed",
      "type": "aws_iot_ca_certificate",
      "name": "ca_certificate",
      "provider": "provider[\"registry.terraform.io/hashicorp/aws\"]",
      "instances": [
        {
          "schema_version": 0,
          "attributes": {
            "active": true,
            "allow_auto_registration": true,
            "arn": "arn:aws:iot:ap-northeast-1:277403262470:cacert/0d950662733f34163f578c6ecde271bb732f6174a5be77251c64596eccd5f26f",
            "ca_certificate_pem": "-----BEGIN CERTIFICATE-----\nMIIDkzCCAnugAwIBAgIBATANBgkqhkiG9w0BAQsFADBjMQswCQYDVQQGEwJKUDEO\nMAwGA1UECAwFVG9reW8xHDAaBgNVBAoME0tvbmljYSBNaW5vbHRhLCBJbmMxJjAk\nBgNVBAMMHXJvb3RfY2Eua21idC5rb25pY2FtaW5vbHRhLmpwMCAXDTE3MDEzMTA3\nNTYwNVoYDzIwNjcwMjAxMDc1NjA1WjBjMQswCQYDVQQGEwJKUDEOMAwGA1UECAwF\nVG9reW8xHDAaBgNVBAoME0tvbmljYSBNaW5vbHRhLCBJbmMxJjAkBgNVBAMMHXJv\nb3RfY2Eua21idC5rb25pY2FtaW5vbHRhLmpwMIIBIjANBgkqhkiG9w0BAQEFAAOC\nAQ8AMIIBCgKCAQEAwO83PDnkExueGL4UxkP9PyGdCVXHltUaWc+FwRcAcSfl3kvK\nCnbqSJd9GMP9Hk0NBffxgAl/EE3PrAJVASikOSAzXzU3JknGK/FcQIXWGQXyoVuN\nEKgp+wOt/+vFNTpEopNQ4C+V1GvF5zZ+f2QxGUozXya+l52NVLLjSIC0TpEK6Aqc\n/xw8Kr4QiQV1OAyujR+LU9B/IgpqVy/sRvAYb4KN/QTCf49/lAcoF8jw3pRXSLPy\nU8alLSLBEjB8VQrUfujwg4EBGQoWRNs2Rq2zvLK/9C5VoILCE+AOJTMcZZEsICzn\n37bJjufO2ypYidcwSfeRhNRCix2vwRyP5NEvxwIDAQABo1AwTjAdBgNVHQ4EFgQU\nkMed0WXncS8rmQ5Fzk7uGccI0hwwHwYDVR0jBBgwFoAUkMed0WXncS8rmQ5Fzk7u\nGccI0hwwDAYDVR0TBAUwAwEB/zANBgkqhkiG9w0BAQsFAAOCAQEAYbbt8/1TzQ2E\nIwjAU+niTZABNsr153uWqxwG21r143HiH81z/+yJ7EO27YeGQoirejzIt++r0wFd\nGZxjPoCWtASmfmGjO+Od5o8CwI0hpC2MAz+DIaX4PzUQpCNxSqGmzBe74osrFb15\na+8m+qh4Udi/ip3Ra4ZOVguNcKb1SgT5ynzZjOGQedhpHe/SaB0j1VjHDv5JDoor\ndJcQdrzylkyZjM/12jejaPI5q3Oye1tWdFpZP0DMgMuXvDxLpC5j0BWvbBrI0WJH\n1JLT1JV6jcL/Gdn2f7SPX6pmFkvf8vLS6hyJTh11ypG4KAZVENc6W3Fb2fRLlsha\nQZM26vYNKQ==\n-----END CERTIFICATE-----\n-----BEGIN CERTIFICATE-----\nMIIDtTCCAp2gAwIBAgIBAjANBgkqhkiG9w0BAQsFADBjMQswCQYDVQQGEwJKUDEO\nMAwGA1UECAwFVG9reW8xHDAaBgNVBAoME0tvbmljYSBNaW5vbHRhLCBJbmMxJjAk\nBgNVBAMMHXJvb3RfY2Eua21idC5rb25pY2FtaW5vbHRhLmpwMCAXDTE3MDEzMTA4\nMDc0NVoYDzIwNjcwMjAxMDgwNzQ1WjCBhDELMAkGA1UEBhMCSlAxDjAMBgNVBAgM\nBVRva3lvMRMwEQYDVQQHDApNYXJ1bm91Y2hpMS0wKwYDVQQKDCRLb25pY2EgTWlu\nb2x0YSBQcm9kdWN0LUNlcnRpZmljYXRpb24xITAfBgNVBAMMGGNhLmttYnQua29u\naWNhbWlub2x0YS5qcDCCASIwDQYJKoZIhvcNAQEBBQADggEPADCCAQoCggEBALWf\nKTnCQOEjiAvdivi61c7lSeNP3avpek0VgDTQNNj0t4jUvlhY3WAGhCzMAIAt4llm\nEq+DxnzC6dzzydrXzReW5YwIVf419G7dQOllJ1ZE661HH7Heqn/eB+l73P1Mdzar\nliQqdnfOTf52JpOS2FI7GJ1nArtaFk3yY4ewYwZkc/eWskXUBVbQ05D8d5Bw8NAZ\nvz7zQffatJUD55Wd96dBc/ZWCOlzQ726tj+Sn98HCAJxoIxAciIKhM5UDW2TaMg9\nmpClmfoU2Ng3Bqa+ZJjfZQnuVF6Gf4NU1+ef1sxtSA8gfOCnmFhslT9wShuEPuDz\n9jMhPFeHAl88Mi42Xw0CAwEAAaNQME4wHQYDVR0OBBYEFOrII/l4lpmHQY0goFiX\njSfF5wHWMB8GA1UdIwQYMBaAFJDHndFl53EvK5kORc5O7hnHCNIcMAwGA1UdEwQF\nMAMBAf8wDQYJKoZIhvcNAQELBQADggEBAKbGScrexzPBPU8qN0vapN9q8SBNf06N\nSBUkhUFbXeyOhBQ7gP+8p4/LRuS/PyALcqOB5EwyNy/PQEJvZx1U+QgFDNFEv9Xk\nS7hx5NyldSkWbSZIu5DS9w/ZvDfX9D+iKp+hq2IExuuhRJ5r37awy1HIJGUPeUlk\nLnKJ9aaxBrV2n+WfEJKT2Ug5ZtC2zYbKuX+95kXbfuzzcZdEXN8uPYFL9+KG3Lld\nEyrzBqkq9q2oioz7nnh3B2VWqO1ICTxpBJY9HiBJLnX26vDJVUM75x8zNbHnJcNv\npA6p/8VzjzFb/fU8jrjABvSPdgKRvhzuz4y+XF7yi42a0QxD3WQGjbo=\n-----END CERTIFICATE-----\n",
            "certificate_mode": "SNI_ONLY",
            "customer_version": 1,
            "generation_id": "5ef53a83-b4a4-4379-8df3-d0ca25acb0bc",
            "id": "0d950662733f34163f578c6ecde271bb732f6174a5be77251c64596eccd5f26f",
            "region": "ap-northeast-1",
            "registration_config": [],
            "tags": {},
            "tags_all": {},
            "validity": [
              {
                "not_after": "2067-02-01T07:56:05Z",
                "not_before": "2017-01-31T07:56:05Z"
              }
            ],
            "verification_certificate_pem": null
          },
          "sensitive_attributes": [
            [
              {
                "type": "get_attr",
                "value": "ca_certificate_pem"
              }
            ],
            [
              {
                "type": "get_attr",
                "value": "verification_certificate_pem"
              }
            ]
          ],
          "identity_schema_version": 0,
          "private": "bnVsbA==",
          "dependencies": [
            "data.aws_caller_identity.current",
            "module.function.aws_lambda_event_source_mapping.trigger-cert-update",
            "module.function.aws_lambda_event_source_mapping.trigger-send-message",
            "module.function.aws_lambda_function.MQTT-CERT-UPDATE",
            "module.function.aws_lambda_function.MQTT-DEVICE-IOTCORE-ACCESS",
            "module.function.aws_lambda_function.MQTT-DEVICE-IOTCORE-PROHIBIT",
            "module.function.aws_lambda_function.MQTT-DEVICE-PRESENCE-UPDATE",
            "module.function.aws_lambda_function.MQTT-DEVICE-SHADOW-RETRIEVE",
            "module.function.aws_lambda_function.MQTT-DEVICE-STATUS-NOTIFY",
            "module.function.aws_lambda_function.MQTT-DEVICE-STATUS-RETRIEVE",
            "module.function.aws_lambda_function.MQTT-JITR",
            "module.function.aws_lambda_function.MQTT-MSG-STATUS-RETRIEVE",
            "module.function.aws_lambda_function.MQTT-SEND-MESSAGE",
            "module.function.aws_lambda_function.MQTT-TICKET-RESPONSE-UPDATE",
            "module.function.aws_lambda_layer_version.mqtt_common_layer",
            "module.function.data.archive_file.cret_update_zip",
            "module.function.data.archive_file.device_iotcore_access_zip",
            "module.function.data.archive_file.device_iotcore_prohibit_zip",
            "module.function.data.archive_file.device_presence_update_zip",
            "module.function.data.archive_file.device_shadow_retrieve_zip",
            "module.function.data.archive_file.device_status_notify_zip",
            "module.function.data.archive_file.device_status_retrieve_zip",
            "module.function.data.archive_file.mqtt_common_layer_zip",
            "module.function.data.archive_file.mqtt_jitr_zip",
            "module.function.data.archive_file.msg_status_retrieve_zip",
            "module.function.data.archive_file.send_message_zip",
            "module.function.data.archive_file.ticket_response_update_zip",
            "module.function.null_resource.cleanup_cert_update_zip",
            "module.function.null_resource.cleanup_common_layer_zip",
            "module.function.null_resource.cleanup_device_iotcore_zip",
            "module.function.null_resource.cleanup_device_presence_zip",
            "module.function.null_resource.cleanup_device_prohibit_zip",
            "module.function.null_resource.cleanup_device_shadow_zip",
            "module.function.null_resource.cleanup_device_status_zip",
            "module.function.null_resource.cleanup_mqtt_jitr_zip",
            "module.function.null_resource.cleanup_send_message_zip",
            "module.function.null_resource.cleanup_status_notify_zip",
            "module.function.null_resource.cleanup_status_retrieve_zip",
            "module.function.null_resource.cleanup_ticket_response_zip",
            "module.sqs.aws_sqs_queue.cert_update_notify",
            "module.sqs.aws_sqs_queue.presence_data_notify",
            "module.sqs.aws_sqs_queue.ticket_notify",
            "module.sqs.aws_sqs_queue_policy.policy_cert_update_notify",
            "module.sqs.aws_sqs_queue_policy.policy_ticket_notify",
            "module.sqs.aws_sqs_queue_policy.presence_data_notify"
          ]
        }
      ]
    },
    {
      "module": "module.iot",
      "mode": "managed",
      "type": "aws_iot_ca_certificate",
      "name": "ca_certificate_fourth",
      "provider": "provider[\"registry.terraform.io/hashicorp/aws\"]",
      "instances": [
        {
          "schema_version": 0,
          "attributes": {
            "active": true,
            "allow_auto_registration": true,
            "arn": "arn:aws:iot:ap-northeast-1:277403262470:cacert/16a1f7cab867d703db05a461e2c87ecb051abb0470c673617325b3d8b19691c3",
            "ca_certificate_pem": "-----BEGIN CERTIFICATE-----\nMIIDtTCCAp2gAwIBAgIBAjANBgkqhkiG9w0BAQsFADBjMQswCQYDVQQGEwJKUDEO\nMAwGA1UECAwFVG9reW8xHDAaBgNVBAoME0tvbmljYSBNaW5vbHRhLCBJbmMxJjAk\nBgNVBAMMHXJvb3RfY2Eua21idC5rb25pY2FtaW5vbHRhLmpwMCAXDTE3MDIxNTAy\nMjk0M1oYDzIwNjcwMjE2MDIyOTQzWjCBhDELMAkGA1UEBhMCSlAxDjAMBgNVBAgM\nBVRva3lvMRMwEQYDVQQHDApNYXJ1bm91Y2hpMS0wKwYDVQQKDCRLb25pY2EgTWlu\nb2x0YSBQcm9kdWN0LUNlcnRpZmljYXRpb24xITAfBgNVBAMMGGNhLmttYnQua29u\naWNhbWlub2x0YS5qcDCCASIwDQYJKoZIhvcNAQEBBQADggEPADCCAQoCggEBAKuK\nwm0yql7Se6dA8iE1HosQKm7zIjZLNXpBh7qXrEj3TCOXZddisDOGPiMTQg1W3LZ1\nSI1MHysPCBtNgvU0JNoP2oaPuxfOP74kVwKBWKhzVgfz6yzSO+ChQAZAHUTp8/EV\nd3IJJYp5Tr/T3hSuv09bUY0IjeRUBJ9u4LYtCxXI3hPSYamXgbvMiY/DoZUD+g7n\nXsFoxiN7kUf0GbCcPPEozSPycgF21dBlYmg4xO5O12uCIH9aCcsFotzO+xRQVKT2\nWVJ3bQa7tjZ5UGoLgjbCRABW5qgmZ1oFW8K/ORU8u/4nmNZW7kXMmqxSBvLJN7LZ\nqqmn9djQGDuypsA5rHECAwEAAaNQME4wHQYDVR0OBBYEFAXPzDVk7DnEge8IQiQg\n6YooowX/MB8GA1UdIwQYMBaAFCVv8ENM0Cze+QFfbbRgY4Vy8yigMAwGA1UdEwQF\nMAMBAf8wDQYJKoZIhvcNAQELBQADggEBAAiV7I1Z189xKAiRHB+QdDAvFIaco+Ot\nVixCvKNXYH7xrZer8O4vg1+JEvz5yfFtUmS0b8tCgVf4L304zMXuOlsv85b6jWW2\n1PihLnHHKfSaAktvbCSWV+Fxi26iEjYAnCM67kUKgEZzekD8fQ3BtUPhJEM+yCtf\n2GsJMmr/wkn6FWMxPqKsN/ssBx2U2q5XkANy+UBqGyhPbgdkWA6hh7ZtWE4FvBxo\nWN1IVKu3sAJ+fLU4pJRk++uNag81ERFMdDk/7xAmRFkLc4RfkNjTlgUZlnSsvJWt\nz7SEa3NDyWJA305L3JUMzJ4NEMsxiSvPfIZgdlWm+GVx2eWMtMc5PoY=\n-----END CERTIFICATE-----\n",
            "certificate_mode": "SNI_ONLY",
            "customer_version": 1,
            "generation_id": "7dc38e74-88e3-471b-8727-d68134127231",
            "id": "16a1f7cab867d703db05a461e2c87ecb051abb0470c673617325b3d8b19691c3",
            "region": "ap-northeast-1",
            "registration_config": [],
            "tags": {},
            "tags_all": {},
            "validity": [
              {
                "not_after": "2067-02-16T02:29:43Z",
                "not_before": "2017-02-15T02:29:43Z"
              }
            ],
            "verification_certificate_pem": null
          },
          "sensitive_attributes": [
            [
              {
                "type": "get_attr",
                "value": "ca_certificate_pem"
              }
            ],
            [
              {
                "type": "get_attr",
                "value": "verification_certificate_pem"
              }
            ]
          ],
          "identity_schema_version": 0,
          "private": "bnVsbA==",
          "dependencies": [
            "data.aws_caller_identity.current",
            "module.function.aws_lambda_event_source_mapping.trigger-cert-update",
            "module.function.aws_lambda_event_source_mapping.trigger-send-message",
            "module.function.aws_lambda_function.MQTT-CERT-UPDATE",
            "module.function.aws_lambda_function.MQTT-DEVICE-IOTCORE-ACCESS",
            "module.function.aws_lambda_function.MQTT-DEVICE-IOTCORE-PROHIBIT",
            "module.function.aws_lambda_function.MQTT-DEVICE-PRESENCE-UPDATE",
            "module.function.aws_lambda_function.MQTT-DEVICE-SHADOW-RETRIEVE",
            "module.function.aws_lambda_function.MQTT-DEVICE-STATUS-NOTIFY",
            "module.function.aws_lambda_function.MQTT-DEVICE-STATUS-RETRIEVE",
            "module.function.aws_lambda_function.MQTT-JITR",
            "module.function.aws_lambda_function.MQTT-MSG-STATUS-RETRIEVE",
            "module.function.aws_lambda_function.MQTT-SEND-MESSAGE",
            "module.function.aws_lambda_function.MQTT-TICKET-RESPONSE-UPDATE",
            "module.function.aws_lambda_layer_version.mqtt_common_layer",
            "module.function.data.archive_file.cret_update_zip",
            "module.function.data.archive_file.device_iotcore_access_zip",
            "module.function.data.archive_file.device_iotcore_prohibit_zip",
            "module.function.data.archive_file.device_presence_update_zip",
            "module.function.data.archive_file.device_shadow_retrieve_zip",
            "module.function.data.archive_file.device_status_notify_zip",
            "module.function.data.archive_file.device_status_retrieve_zip",
            "module.function.data.archive_file.mqtt_common_layer_zip",
            "module.function.data.archive_file.mqtt_jitr_zip",
            "module.function.data.archive_file.msg_status_retrieve_zip",
            "module.function.data.archive_file.send_message_zip",
            "module.function.data.archive_file.ticket_response_update_zip",
            "module.function.null_resource.cleanup_cert_update_zip",
            "module.function.null_resource.cleanup_common_layer_zip",
            "module.function.null_resource.cleanup_device_iotcore_zip",
            "module.function.null_resource.cleanup_device_presence_zip",
            "module.function.null_resource.cleanup_device_prohibit_zip",
            "module.function.null_resource.cleanup_device_shadow_zip",
            "module.function.null_resource.cleanup_device_status_zip",
            "module.function.null_resource.cleanup_mqtt_jitr_zip",
            "module.function.null_resource.cleanup_send_message_zip",
            "module.function.null_resource.cleanup_status_notify_zip",
            "module.function.null_resource.cleanup_status_retrieve_zip",
            "module.function.null_resource.cleanup_ticket_response_zip",
            "module.sqs.aws_sqs_queue.cert_update_notify",
            "module.sqs.aws_sqs_queue.presence_data_notify",
            "module.sqs.aws_sqs_queue.ticket_notify",
            "module.sqs.aws_sqs_queue_policy.policy_cert_update_notify",
            "module.sqs.aws_sqs_queue_policy.policy_ticket_notify",
            "module.sqs.aws_sqs_queue_policy.presence_data_notify"
          ]
        }
      ]
    },
    {
      "module": "module.iot",
      "mode": "managed",
      "type": "aws_iot_ca_certificate",
      "name": "ca_certificate_second",
      "provider": "provider[\"registry.terraform.io/hashicorp/aws\"]",
      "instances": [
        {
          "schema_version": 0,
          "attributes": {
            "active": true,
            "allow_auto_registration": true,
            "arn": "arn:aws:iot:ap-northeast-1:277403262470:cacert/7d954ffb6e62e1e4410a1987ef4355ce6921d7b5b66c2f4e3ed4a88c746c1a29",
            "ca_certificate_pem": "-----BEGIN CERTIFICATE-----\nMIIDtTCCAp2gAwIBAgIBAjANBgkqhkiG9w0BAQsFADBjMQswCQYDVQQGEwJKUDEO\nMAwGA1UECAwFVG9reW8xHDAaBgNVBAoME0tvbmljYSBNaW5vbHRhLCBJbmMxJjAk\nBgNVBAMMHXJvb3RfY2Eua21idC5rb25pY2FtaW5vbHRhLmpwMCAXDTE3MDEzMTA4\nMDc0NVoYDzIwNjcwMjAxMDgwNzQ1WjCBhDELMAkGA1UEBhMCSlAxDjAMBgNVBAgM\nBVRva3lvMRMwEQYDVQQHDApNYXJ1bm91Y2hpMS0wKwYDVQQKDCRLb25pY2EgTWlu\nb2x0YSBQcm9kdWN0LUNlcnRpZmljYXRpb24xITAfBgNVBAMMGGNhLmttYnQua29u\naWNhbWlub2x0YS5qcDCCASIwDQYJKoZIhvcNAQEBBQADggEPADCCAQoCggEBALWf\nKTnCQOEjiAvdivi61c7lSeNP3avpek0VgDTQNNj0t4jUvlhY3WAGhCzMAIAt4llm\nEq+DxnzC6dzzydrXzReW5YwIVf419G7dQOllJ1ZE661HH7Heqn/eB+l73P1Mdzar\nliQqdnfOTf52JpOS2FI7GJ1nArtaFk3yY4ewYwZkc/eWskXUBVbQ05D8d5Bw8NAZ\nvz7zQffatJUD55Wd96dBc/ZWCOlzQ726tj+Sn98HCAJxoIxAciIKhM5UDW2TaMg9\nmpClmfoU2Ng3Bqa+ZJjfZQnuVF6Gf4NU1+ef1sxtSA8gfOCnmFhslT9wShuEPuDz\n9jMhPFeHAl88Mi42Xw0CAwEAAaNQME4wHQYDVR0OBBYEFOrII/l4lpmHQY0goFiX\njSfF5wHWMB8GA1UdIwQYMBaAFJDHndFl53EvK5kORc5O7hnHCNIcMAwGA1UdEwQF\nMAMBAf8wDQYJKoZIhvcNAQELBQADggEBAKbGScrexzPBPU8qN0vapN9q8SBNf06N\nSBUkhUFbXeyOhBQ7gP+8p4/LRuS/PyALcqOB5EwyNy/PQEJvZx1U+QgFDNFEv9Xk\nS7hx5NyldSkWbSZIu5DS9w/ZvDfX9D+iKp+hq2IExuuhRJ5r37awy1HIJGUPeUlk\nLnKJ9aaxBrV2n+WfEJKT2Ug5ZtC2zYbKuX+95kXbfuzzcZdEXN8uPYFL9+KG3Lld\nEyrzBqkq9q2oioz7nnh3B2VWqO1ICTxpBJY9HiBJLnX26vDJVUM75x8zNbHnJcNv\npA6p/8VzjzFb/fU8jrjABvSPdgKRvhzuz4y+XF7yi42a0QxD3WQGjbo=\n-----END CERTIFICATE-----\n",
            "certificate_mode": "SNI_ONLY",
            "customer_version": 1,
            "generation_id": "d63ead46-543e-4d6c-8410-9b9001cf5058",
            "id": "7d954ffb6e62e1e4410a1987ef4355ce6921d7b5b66c2f4e3ed4a88c746c1a29",
            "region": "ap-northeast-1",
            "registration_config": [],
            "tags": {},
            "tags_all": {},
            "validity": [
              {
                "not_after": "2067-02-01T08:07:45Z",
                "not_before": "2017-01-31T08:07:45Z"
              }
            ],
            "verification_certificate_pem": null
          },
          "sensitive_attributes": [
            [
              {
                "type": "get_attr",
                "value": "ca_certificate_pem"
              }
            ],
            [
              {
                "type": "get_attr",
                "value": "verification_certificate_pem"
              }
            ]
          ],
          "identity_schema_version": 0,
          "private": "bnVsbA==",
          "dependencies": [
            "data.aws_caller_identity.current",
            "module.function.aws_lambda_event_source_mapping.trigger-cert-update",
            "module.function.aws_lambda_event_source_mapping.trigger-send-message",
            "module.function.aws_lambda_function.MQTT-CERT-UPDATE",
            "module.function.aws_lambda_function.MQTT-DEVICE-IOTCORE-ACCESS",
            "module.function.aws_lambda_function.MQTT-DEVICE-IOTCORE-PROHIBIT",
            "module.function.aws_lambda_function.MQTT-DEVICE-PRESENCE-UPDATE",
            "module.function.aws_lambda_function.MQTT-DEVICE-SHADOW-RETRIEVE",
            "module.function.aws_lambda_function.MQTT-DEVICE-STATUS-NOTIFY",
            "module.function.aws_lambda_function.MQTT-DEVICE-STATUS-RETRIEVE",
            "module.function.aws_lambda_function.MQTT-JITR",
            "module.function.aws_lambda_function.MQTT-MSG-STATUS-RETRIEVE",
            "module.function.aws_lambda_function.MQTT-SEND-MESSAGE",
            "module.function.aws_lambda_function.MQTT-TICKET-RESPONSE-UPDATE",
            "module.function.aws_lambda_layer_version.mqtt_common_layer",
            "module.function.data.archive_file.cret_update_zip",
            "module.function.data.archive_file.device_iotcore_access_zip",
            "module.function.data.archive_file.device_iotcore_prohibit_zip",
            "module.function.data.archive_file.device_presence_update_zip",
            "module.function.data.archive_file.device_shadow_retrieve_zip",
            "module.function.data.archive_file.device_status_notify_zip",
            "module.function.data.archive_file.device_status_retrieve_zip",
            "module.function.data.archive_file.mqtt_common_layer_zip",
            "module.function.data.archive_file.mqtt_jitr_zip",
            "module.function.data.archive_file.msg_status_retrieve_zip",
            "module.function.data.archive_file.send_message_zip",
            "module.function.data.archive_file.ticket_response_update_zip",
            "module.function.null_resource.cleanup_cert_update_zip",
            "module.function.null_resource.cleanup_common_layer_zip",
            "module.function.null_resource.cleanup_device_iotcore_zip",
            "module.function.null_resource.cleanup_device_presence_zip",
            "module.function.null_resource.cleanup_device_prohibit_zip",
            "module.function.null_resource.cleanup_device_shadow_zip",
            "module.function.null_resource.cleanup_device_status_zip",
            "module.function.null_resource.cleanup_mqtt_jitr_zip",
            "module.function.null_resource.cleanup_send_message_zip",
            "module.function.null_resource.cleanup_status_notify_zip",
            "module.function.null_resource.cleanup_status_retrieve_zip",
            "module.function.null_resource.cleanup_ticket_response_zip",
            "module.sqs.aws_sqs_queue.cert_update_notify",
            "module.sqs.aws_sqs_queue.presence_data_notify",
            "module.sqs.aws_sqs_queue.ticket_notify",
            "module.sqs.aws_sqs_queue_policy.policy_cert_update_notify",
            "module.sqs.aws_sqs_queue_policy.policy_ticket_notify",
            "module.sqs.aws_sqs_queue_policy.presence_data_notify"
          ]
        }
      ]
    },
    {
      "module": "module.iot",
      "mode": "managed",
      "type": "aws_iot_ca_certificate",
      "name": "ca_certificate_third",
      "provider": "provider[\"registry.terraform.io/hashicorp/aws\"]",
      "instances": [
        {
          "schema_version": 0,
          "attributes": {
            "active": true,
            "allow_auto_registration": true,
            "arn": "arn:aws:iot:ap-northeast-1:277403262470:cacert/fdd2d8c97f78424316369f2a3c6765f91e535a2b745ba2f26055e91b45506b55",
            "ca_certificate_pem": "-----BEGIN CERTIFICATE-----\nMIIDkzCCAnugAwIBAgIBATANBgkqhkiG9w0BAQsFADBjMQswCQYDVQQGEwJKUDEO\nMAwGA1UECAwFVG9reW8xHDAaBgNVBAoME0tvbmljYSBNaW5vbHRhLCBJbmMxJjAk\nBgNVBAMMHXJvb3RfY2Eua21idC5rb25pY2FtaW5vbHRhLmpwMCAXDTE3MDIxNTAy\nMjU1MVoYDzIwNjcwMjE2MDIyNTUxWjBjMQswCQYDVQQGEwJKUDEOMAwGA1UECAwF\nVG9reW8xHDAaBgNVBAoME0tvbmljYSBNaW5vbHRhLCBJbmMxJjAkBgNVBAMMHXJv\nb3RfY2Eua21idC5rb25pY2FtaW5vbHRhLmpwMIIBIjANBgkqhkiG9w0BAQEFAAOC\nAQ8AMIIBCgKCAQEAm3AhwHtksPo1eGu+GYtBkDFwadapdymtnAiZxHratvGoa3vO\nZDQ/9t9glix1PiwAqUCfmfgAEwzEji/zDH+PbduVlKbHRBFFiDC0Kl4ohJxsn3Zz\nL4Z0wiOocTQjeFpOElMzJ2ga6AS5kB4xRTZRhRaV6P+/abX6IPrLwlGXgyBwX6jj\nGzc81eOTWxxT3J6TmdJWrZ0vGeVFosolocnh3jjCKZoxI7mHULVRDe7vxv4WdyQb\nCLbgQccP/2hzCtlu4/pWgov35pzqBr3T6ETrEA1q98C3P1Vjvne7rKkTxuqnvfC1\nupoJb6a9TeLFbs2th99sLm31pDnXPiNFRwT80wIDAQABo1AwTjAdBgNVHQ4EFgQU\nJW/wQ0zQLN75AV9ttGBjhXLzKKAwHwYDVR0jBBgwFoAUJW/wQ0zQLN75AV9ttGBj\nhXLzKKAwDAYDVR0TBAUwAwEB/zANBgkqhkiG9w0BAQsFAAOCAQEAXnykzQqGZmIY\nP2XpFoYn71MP9IbfWXK4sE0HZ55/UXdtAdN4EofTiYKX7cOaXBHJDUjj++4sDvy5\n+6YBO2ELOQO8JNnYsPVIoQIvJ7j4VV6BZjZB4+FQuxn+URI17owVG7sRBTCTFAIu\nry5JEBQmK6rLjiRZMGLzPZuQtiv1xcHSu+VuoMfyF574dIKj/Vg7+YeryOLDZwv3\nOJdxw+MNjajiHvQwyglcPQcDTnRqkbQdwEz5VbvS6tqgXRPlRim3ZDBUgRKV2OoM\nWWX4Rx26kg4Kx88t3jyZcTcuMAYhCdt8rPxXJdgP4Cg/IzsWWih4aLbhKitkHGpA\nidPmj5ZXAw==\n-----END CERTIFICATE-----",
            "certificate_mode": "SNI_ONLY",
            "customer_version": 1,
            "generation_id": "0c38dac5-2814-409e-b866-a36834a9132f",
            "id": "fdd2d8c97f78424316369f2a3c6765f91e535a2b745ba2f26055e91b45506b55",
            "region": "ap-northeast-1",
            "registration_config": [],
            "tags": {},
            "tags_all": {},
            "validity": [
              {
                "not_after": "2067-02-16T02:25:51Z",
                "not_before": "2017-02-15T02:25:51Z"
              }
            ],
            "verification_certificate_pem": null
          },
          "sensitive_attributes": [
            [
              {
                "type": "get_attr",
                "value": "ca_certificate_pem"
              }
            ],
            [
              {
                "type": "get_attr",
                "value": "verification_certificate_pem"
              }
            ]
          ],
          "identity_schema_version": 0,
          "private": "bnVsbA==",
          "dependencies": [
            "data.aws_caller_identity.current",
            "module.function.aws_lambda_event_source_mapping.trigger-cert-update",
            "module.function.aws_lambda_event_source_mapping.trigger-send-message",
            "module.function.aws_lambda_function.MQTT-CERT-UPDATE",
            "module.function.aws_lambda_function.MQTT-DEVICE-IOTCORE-ACCESS",
            "module.function.aws_lambda_function.MQTT-DEVICE-IOTCORE-PROHIBIT",
            "module.function.aws_lambda_function.MQTT-DEVICE-PRESENCE-UPDATE",
            "module.function.aws_lambda_function.MQTT-DEVICE-SHADOW-RETRIEVE",
            "module.function.aws_lambda_function.MQTT-DEVICE-STATUS-NOTIFY",
            "module.function.aws_lambda_function.MQTT-DEVICE-STATUS-RETRIEVE",
            "module.function.aws_lambda_function.MQTT-JITR",
            "module.function.aws_lambda_function.MQTT-MSG-STATUS-RETRIEVE",
            "module.function.aws_lambda_function.MQTT-SEND-MESSAGE",
            "module.function.aws_lambda_function.MQTT-TICKET-RESPONSE-UPDATE",
            "module.function.aws_lambda_layer_version.mqtt_common_layer",
            "module.function.data.archive_file.cret_update_zip",
            "module.function.data.archive_file.device_iotcore_access_zip",
            "module.function.data.archive_file.device_iotcore_prohibit_zip",
            "module.function.data.archive_file.device_presence_update_zip",
            "module.function.data.archive_file.device_shadow_retrieve_zip",
            "module.function.data.archive_file.device_status_notify_zip",
            "module.function.data.archive_file.device_status_retrieve_zip",
            "module.function.data.archive_file.mqtt_common_layer_zip",
            "module.function.data.archive_file.mqtt_jitr_zip",
            "module.function.data.archive_file.msg_status_retrieve_zip",
            "module.function.data.archive_file.send_message_zip",
            "module.function.data.archive_file.ticket_response_update_zip",
            "module.function.null_resource.cleanup_cert_update_zip",
            "module.function.null_resource.cleanup_common_layer_zip",
            "module.function.null_resource.cleanup_device_iotcore_zip",
            "module.function.null_resource.cleanup_device_presence_zip",
            "module.function.null_resource.cleanup_device_prohibit_zip",
            "module.function.null_resource.cleanup_device_shadow_zip",
            "module.function.null_resource.cleanup_device_status_zip",
            "module.function.null_resource.cleanup_mqtt_jitr_zip",
            "module.function.null_resource.cleanup_send_message_zip",
            "module.function.null_resource.cleanup_status_notify_zip",
            "module.function.null_resource.cleanup_status_retrieve_zip",
            "module.function.null_resource.cleanup_ticket_response_zip",
            "module.sqs.aws_sqs_queue.cert_update_notify",
            "module.sqs.aws_sqs_queue.presence_data_notify",
            "module.sqs.aws_sqs_queue.ticket_notify",
            "module.sqs.aws_sqs_queue_policy.policy_cert_update_notify",
            "module.sqs.aws_sqs_queue_policy.policy_ticket_notify",
            "module.sqs.aws_sqs_queue_policy.presence_data_notify"
          ]
        }
      ]
    },
    {
      "module": "module.iot",
      "mode": "managed",
      "type": "aws_iot_domain_configuration",
      "name": "iot_custom_domain",
      "provider": "provider[\"registry.terraform.io/hashicorp/aws\"]",
      "instances": [
        {
          "schema_version": 0,
          "attributes": {
            "application_protocol": "SECURE_MQTT",
            "arn": "arn:aws:iot:ap-northeast-1:277403262470:domainconfiguration/mqtt-jp.bt-fulltime-connect-dev.konicaminolta.jp/bdqdi",
            "authentication_type": "AWS_X509",
            "authorizer_config": [],
            "domain_name": "mqtt-jp.bt-fulltime-connect-dev.konicaminolta.jp",
            "domain_type": "CUSTOMER_MANAGED",
            "id": "mqtt-jp.bt-fulltime-connect-dev.konicaminolta.jp",
            "name": "mqtt-jp.bt-fulltime-connect-dev.konicaminolta.jp",
            "region": "ap-northeast-1",
            "server_certificate_arns": [
              "arn:aws:acm:ap-northeast-1:277403262470:certificate/a650cdef-0cb2-4a0c-9388-145d2a2d01db"
            ],
            "service_type": "DATA",
            "status": "ENABLED",
            "tags": {},
            "tags_all": {},
            "tls_config": [
              {
                "security_policy": "IoTSecurityPolicy_TLS13_1_2_2022_10"
              }
            ],
            "validation_certificate_arn": ""
          },
          "sensitive_attributes": [],
          "identity_schema_version": 0,
          "private": "bnVsbA==",
          "dependencies": [
            "data.aws_caller_identity.current",
            "module.function.aws_lambda_event_source_mapping.trigger-cert-update",
            "module.function.aws_lambda_event_source_mapping.trigger-send-message",
            "module.function.aws_lambda_function.MQTT-CERT-UPDATE",
            "module.function.aws_lambda_function.MQTT-DEVICE-IOTCORE-ACCESS",
            "module.function.aws_lambda_function.MQTT-DEVICE-IOTCORE-PROHIBIT",
            "module.function.aws_lambda_function.MQTT-DEVICE-PRESENCE-UPDATE",
            "module.function.aws_lambda_function.MQTT-DEVICE-SHADOW-RETRIEVE",
            "module.function.aws_lambda_function.MQTT-DEVICE-STATUS-NOTIFY",
            "module.function.aws_lambda_function.MQTT-DEVICE-STATUS-RETRIEVE",
            "module.function.aws_lambda_function.MQTT-JITR",
            "module.function.aws_lambda_function.MQTT-MSG-STATUS-RETRIEVE",
            "module.function.aws_lambda_function.MQTT-SEND-MESSAGE",
            "module.function.aws_lambda_function.MQTT-TICKET-RESPONSE-UPDATE",
            "module.function.aws_lambda_layer_version.mqtt_common_layer",
            "module.function.data.archive_file.cret_update_zip",
            "module.function.data.archive_file.device_iotcore_access_zip",
            "module.function.data.archive_file.device_iotcore_prohibit_zip",
            "module.function.data.archive_file.device_presence_update_zip",
            "module.function.data.archive_file.device_shadow_retrieve_zip",
            "module.function.data.archive_file.device_status_notify_zip",
            "module.function.data.archive_file.device_status_retrieve_zip",
            "module.function.data.archive_file.mqtt_common_layer_zip",
            "module.function.data.archive_file.mqtt_jitr_zip",
            "module.function.data.archive_file.msg_status_retrieve_zip",
            "module.function.data.archive_file.send_message_zip",
            "module.function.data.archive_file.ticket_response_update_zip",
            "module.function.null_resource.cleanup_cert_update_zip",
            "module.function.null_resource.cleanup_common_layer_zip",
            "module.function.null_resource.cleanup_device_iotcore_zip",
            "module.function.null_resource.cleanup_device_presence_zip",
            "module.function.null_resource.cleanup_device_prohibit_zip",
            "module.function.null_resource.cleanup_device_shadow_zip",
            "module.function.null_resource.cleanup_device_status_zip",
            "module.function.null_resource.cleanup_mqtt_jitr_zip",
            "module.function.null_resource.cleanup_send_message_zip",
            "module.function.null_resource.cleanup_status_notify_zip",
            "module.function.null_resource.cleanup_status_retrieve_zip",
            "module.function.null_resource.cleanup_ticket_response_zip",
            "module.sqs.aws_sqs_queue.cert_update_notify",
            "module.sqs.aws_sqs_queue.presence_data_notify",
            "module.sqs.aws_sqs_queue.ticket_notify",
            "module.sqs.aws_sqs_queue_policy.policy_cert_update_notify",
            "module.sqs.aws_sqs_queue_policy.policy_ticket_notify",
            "module.sqs.aws_sqs_queue_policy.presence_data_notify"
          ]
        }
      ]
    },
    {
      "module": "module.iot",
      "mode": "managed",
      "type": "aws_iot_logging_options",
      "name": "iot_logs",
      "provider": "provider[\"registry.terraform.io/hashicorp/aws\"]",
      "instances": [
        {
          "schema_version": 0,
          "attributes": {
            "default_log_level": "INFO",
            "disable_all_logs": false,
            "id": "ap-northeast-1",
            "region": "ap-northeast-1",
            "role_arn": "arn:aws:iam::277403262470:role/WWRSPFMQTTIoTAccess"
          },
          "sensitive_attributes": [],
          "identity_schema_version": 0,
          "identity": {
            "account_id": "277403262470",
            "region": "ap-northeast-1"
          },
          "private": "bnVsbA==",
          "dependencies": [
            "data.aws_caller_identity.current",
            "module.function.aws_lambda_event_source_mapping.trigger-cert-update",
            "module.function.aws_lambda_event_source_mapping.trigger-send-message",
            "module.function.aws_lambda_function.MQTT-CERT-UPDATE",
            "module.function.aws_lambda_function.MQTT-DEVICE-IOTCORE-ACCESS",
            "module.function.aws_lambda_function.MQTT-DEVICE-IOTCORE-PROHIBIT",
            "module.function.aws_lambda_function.MQTT-DEVICE-PRESENCE-UPDATE",
            "module.function.aws_lambda_function.MQTT-DEVICE-SHADOW-RETRIEVE",
            "module.function.aws_lambda_function.MQTT-DEVICE-STATUS-NOTIFY",
            "module.function.aws_lambda_function.MQTT-DEVICE-STATUS-RETRIEVE",
            "module.function.aws_lambda_function.MQTT-JITR",
            "module.function.aws_lambda_function.MQTT-MSG-STATUS-RETRIEVE",
            "module.function.aws_lambda_function.MQTT-SEND-MESSAGE",
            "module.function.aws_lambda_function.MQTT-TICKET-RESPONSE-UPDATE",
            "module.function.aws_lambda_layer_version.mqtt_common_layer",
            "module.function.data.archive_file.cret_update_zip",
            "module.function.data.archive_file.device_iotcore_access_zip",
            "module.function.data.archive_file.device_iotcore_prohibit_zip",
            "module.function.data.archive_file.device_presence_update_zip",
            "module.function.data.archive_file.device_shadow_retrieve_zip",
            "module.function.data.archive_file.device_status_notify_zip",
            "module.function.data.archive_file.device_status_retrieve_zip",
            "module.function.data.archive_file.mqtt_common_layer_zip",
            "module.function.data.archive_file.mqtt_jitr_zip",
            "module.function.data.archive_file.msg_status_retrieve_zip",
            "module.function.data.archive_file.send_message_zip",
            "module.function.data.archive_file.ticket_response_update_zip",
            "module.function.null_resource.cleanup_cert_update_zip",
            "module.function.null_resource.cleanup_common_layer_zip",
            "module.function.null_resource.cleanup_device_iotcore_zip",
            "module.function.null_resource.cleanup_device_presence_zip",
            "module.function.null_resource.cleanup_device_prohibit_zip",
            "module.function.null_resource.cleanup_device_shadow_zip",
            "module.function.null_resource.cleanup_device_status_zip",
            "module.function.null_resource.cleanup_mqtt_jitr_zip",
            "module.function.null_resource.cleanup_send_message_zip",
            "module.function.null_resource.cleanup_status_notify_zip",
            "module.function.null_resource.cleanup_status_retrieve_zip",
            "module.function.null_resource.cleanup_ticket_response_zip",
            "module.sqs.aws_sqs_queue.cert_update_notify",
            "module.sqs.aws_sqs_queue.presence_data_notify",
            "module.sqs.aws_sqs_queue.ticket_notify",
            "module.sqs.aws_sqs_queue_policy.policy_cert_update_notify",
            "module.sqs.aws_sqs_queue_policy.policy_ticket_notify",
            "module.sqs.aws_sqs_queue_policy.presence_data_notify"
          ]
        }
      ]
    },
    {
      "module": "module.iot",
      "mode": "managed",
      "type": "aws_iot_policy",
      "name": "iot_access_policy",
      "provider": "provider[\"registry.terraform.io/hashicorp/aws\"]",
      "instances": [
        {
          "schema_version": 0,
          "attributes": {
            "arn": "arn:aws:iot:ap-northeast-1:277403262470:policy/device-iot-access-policy",
            "default_version_id": "1",
            "id": "device-iot-access-policy",
            "name": "device-iot-access-policy",
            "policy": "{\"Statement\":[{\"Action\":\"iot:Connect\",\"Condition\":{\"Bool\":{\"iot:Connection.Thing.IsAttached\":[\"true\"]}},\"Effect\":\"Allow\",\"Resource\":\"arn:aws:iot:ap-northeast-1:277403262470:client/${iot:Connection.Thing.ThingName}\"},{\"Action\":\"iot:Subscribe\",\"Effect\":\"Allow\",\"Resource\":\"arn:aws:iot:ap-northeast-1:277403262470:topicfilter/${iot:Connection.Thing.ThingName}/ticket\"},{\"Action\":\"iot:Receive\",\"Effect\":\"Allow\",\"Resource\":\"arn:aws:iot:ap-northeast-1:277403262470:topic/${iot:Connection.Thing.ThingName}/ticket\"},{\"Action\":\"iot:Publish\",\"Effect\":\"Allow\",\"Resource\":\"arn:aws:iot:ap-northeast-1:277403262470:topic/${iot:Connection.Thing.ThingName}/ticket/response\"},{\"Action\":\"iot:Publish\",\"Effect\":\"Allow\",\"Resource\":\"arn:aws:iot:ap-northeast-1:277403262470:topic/$aws/things/${iot:Connection.Thing.ThingName}/shadow/name/*\"}],\"Version\":\"2012-10-17\"}",
            "region": "ap-northeast-1",
            "tags": {},
            "tags_all": {},
            "timeouts": null
          },
          "sensitive_attributes": [],
          "identity_schema_version": 0,
          "private": "eyJlMmJmYjczMC1lY2FhLTExZTYtOGY4OC0zNDM2M2JjN2M0YzAiOnsiZGVsZXRlIjozMDAwMDAwMDAwMDAsInVwZGF0ZSI6NjAwMDAwMDAwMDB9fQ==",
          "dependencies": [
            "data.aws_caller_identity.current",
            "module.function.aws_lambda_event_source_mapping.trigger-cert-update",
            "module.function.aws_lambda_event_source_mapping.trigger-send-message",
            "module.function.aws_lambda_function.MQTT-CERT-UPDATE",
            "module.function.aws_lambda_function.MQTT-DEVICE-IOTCORE-ACCESS",
            "module.function.aws_lambda_function.MQTT-DEVICE-IOTCORE-PROHIBIT",
            "module.function.aws_lambda_function.MQTT-DEVICE-PRESENCE-UPDATE",
            "module.function.aws_lambda_function.MQTT-DEVICE-SHADOW-RETRIEVE",
            "module.function.aws_lambda_function.MQTT-DEVICE-STATUS-NOTIFY",
            "module.function.aws_lambda_function.MQTT-DEVICE-STATUS-RETRIEVE",
            "module.function.aws_lambda_function.MQTT-JITR",
            "module.function.aws_lambda_function.MQTT-MSG-STATUS-RETRIEVE",
            "module.function.aws_lambda_function.MQTT-SEND-MESSAGE",
            "module.function.aws_lambda_function.MQTT-TICKET-RESPONSE-UPDATE",
            "module.function.aws_lambda_layer_version.mqtt_common_layer",
            "module.function.data.archive_file.cret_update_zip",
            "module.function.data.archive_file.device_iotcore_access_zip",
            "module.function.data.archive_file.device_iotcore_prohibit_zip",
            "module.function.data.archive_file.device_presence_update_zip",
            "module.function.data.archive_file.device_shadow_retrieve_zip",
            "module.function.data.archive_file.device_status_notify_zip",
            "module.function.data.archive_file.device_status_retrieve_zip",
            "module.function.data.archive_file.mqtt_common_layer_zip",
            "module.function.data.archive_file.mqtt_jitr_zip",
            "module.function.data.archive_file.msg_status_retrieve_zip",
            "module.function.data.archive_file.send_message_zip",
            "module.function.data.archive_file.ticket_response_update_zip",
            "module.function.null_resource.cleanup_cert_update_zip",
            "module.function.null_resource.cleanup_common_layer_zip",
            "module.function.null_resource.cleanup_device_iotcore_zip",
            "module.function.null_resource.cleanup_device_presence_zip",
            "module.function.null_resource.cleanup_device_prohibit_zip",
            "module.function.null_resource.cleanup_device_shadow_zip",
            "module.function.null_resource.cleanup_device_status_zip",
            "module.function.null_resource.cleanup_mqtt_jitr_zip",
            "module.function.null_resource.cleanup_send_message_zip",
            "module.function.null_resource.cleanup_status_notify_zip",
            "module.function.null_resource.cleanup_status_retrieve_zip",
            "module.function.null_resource.cleanup_ticket_response_zip",
            "module.sqs.aws_sqs_queue.cert_update_notify",
            "module.sqs.aws_sqs_queue.presence_data_notify",
            "module.sqs.aws_sqs_queue.ticket_notify",
            "module.sqs.aws_sqs_queue_policy.policy_cert_update_notify",
            "module.sqs.aws_sqs_queue_policy.policy_ticket_notify",
            "module.sqs.aws_sqs_queue_policy.presence_data_notify"
          ]
        }
      ]
    },
    {
      "module": "module.iot",
      "mode": "managed",
      "type": "aws_iot_topic_rule",
      "name": "device_auto_register",
      "provider": "provider[\"registry.terraform.io/hashicorp/aws\"]",
      "instances": [
        {
          "schema_version": 0,
          "attributes": {
            "arn": "arn:aws:iot:ap-northeast-1:277403262470:rule/device_auto_register",
            "cloudwatch_alarm": [],
            "cloudwatch_logs": [],
            "cloudwatch_metric": [],
            "description": "Automatically invoke lambda and register device as a thing",
            "dynamodb": [],
            "dynamodbv2": [],
            "elasticsearch": [],
            "enabled": true,
            "error_action": [
              {
                "cloudwatch_alarm": [],
                "cloudwatch_logs": [],
                "cloudwatch_metric": [],
                "dynamodb": [],
                "dynamodbv2": [],
                "elasticsearch": [],
                "firehose": [],
                "http": [],
                "iot_analytics": [],
                "iot_events": [],
                "kafka": [],
                "kinesis": [],
                "lambda": [],
                "republish": [],
                "s3": [],
                "sns": [
                  {
                    "message_format": "RAW",
                    "role_arn": "arn:aws:iam::277403262470:role/WWRSPFMQTTIoTAccess",
                    "target_arn": "arn:aws:sns:ap-northeast-1:277403262470:iot-rule-error-notify"
                  }
                ],
                "sqs": [],
                "step_functions": [],
                "timestream": []
              }
            ],
            "firehose": [],
            "http": [],
            "id": "device_auto_register",
            "iot_analytics": [],
            "iot_events": [],
            "kafka": [],
            "kinesis": [],
            "lambda": [
              {
                "function_arn": "arn:aws:lambda:ap-northeast-1:277403262470:function:MQTT-JITR"
              }
            ],
            "name": "device_auto_register",
            "region": "ap-northeast-1",
            "republish": [],
            "s3": [],
            "sns": [],
            "sql": "SELECT * FROM '$aws/events/certificates/registered/#'",
            "sql_version": "2016-03-23",
            "sqs": [],
            "step_functions": [],
            "tags": {},
            "tags_all": {},
            "timestream": []
          },
          "sensitive_attributes": [],
          "identity_schema_version": 0,
          "private": "bnVsbA==",
          "dependencies": [
            "data.aws_caller_identity.current",
            "module.function.aws_lambda_event_source_mapping.trigger-cert-update",
            "module.function.aws_lambda_event_source_mapping.trigger-send-message",
            "module.function.aws_lambda_function.MQTT-CERT-UPDATE",
            "module.function.aws_lambda_function.MQTT-DEVICE-IOTCORE-ACCESS",
            "module.function.aws_lambda_function.MQTT-DEVICE-IOTCORE-PROHIBIT",
            "module.function.aws_lambda_function.MQTT-DEVICE-PRESENCE-UPDATE",
            "module.function.aws_lambda_function.MQTT-DEVICE-SHADOW-RETRIEVE",
            "module.function.aws_lambda_function.MQTT-DEVICE-STATUS-NOTIFY",
            "module.function.aws_lambda_function.MQTT-DEVICE-STATUS-RETRIEVE",
            "module.function.aws_lambda_function.MQTT-JITR",
            "module.function.aws_lambda_function.MQTT-MSG-STATUS-RETRIEVE",
            "module.function.aws_lambda_function.MQTT-SEND-MESSAGE",
            "module.function.aws_lambda_function.MQTT-TICKET-RESPONSE-UPDATE",
            "module.function.aws_lambda_layer_version.mqtt_common_layer",
            "module.function.data.archive_file.cret_update_zip",
            "module.function.data.archive_file.device_iotcore_access_zip",
            "module.function.data.archive_file.device_iotcore_prohibit_zip",
            "module.function.data.archive_file.device_presence_update_zip",
            "module.function.data.archive_file.device_shadow_retrieve_zip",
            "module.function.data.archive_file.device_status_notify_zip",
            "module.function.data.archive_file.device_status_retrieve_zip",
            "module.function.data.archive_file.mqtt_common_layer_zip",
            "module.function.data.archive_file.mqtt_jitr_zip",
            "module.function.data.archive_file.msg_status_retrieve_zip",
            "module.function.data.archive_file.send_message_zip",
            "module.function.data.archive_file.ticket_response_update_zip",
            "module.function.null_resource.cleanup_cert_update_zip",
            "module.function.null_resource.cleanup_common_layer_zip",
            "module.function.null_resource.cleanup_device_iotcore_zip",
            "module.function.null_resource.cleanup_device_presence_zip",
            "module.function.null_resource.cleanup_device_prohibit_zip",
            "module.function.null_resource.cleanup_device_shadow_zip",
            "module.function.null_resource.cleanup_device_status_zip",
            "module.function.null_resource.cleanup_mqtt_jitr_zip",
            "module.function.null_resource.cleanup_send_message_zip",
            "module.function.null_resource.cleanup_status_notify_zip",
            "module.function.null_resource.cleanup_status_retrieve_zip",
            "module.function.null_resource.cleanup_ticket_response_zip",
            "module.sns.aws_sns_topic.iot_rule_errors",
            "module.sqs.aws_sqs_queue.cert_update_notify",
            "module.sqs.aws_sqs_queue.presence_data_notify",
            "module.sqs.aws_sqs_queue.ticket_notify",
            "module.sqs.aws_sqs_queue_policy.policy_cert_update_notify",
            "module.sqs.aws_sqs_queue_policy.policy_ticket_notify",
            "module.sqs.aws_sqs_queue_policy.presence_data_notify"
          ]
        }
      ]
    },
    {
      "module": "module.iot",
      "mode": "managed",
      "type": "aws_iot_topic_rule",
      "name": "device_presence_data_update_history_table",
      "provider": "provider[\"registry.terraform.io/hashicorp/aws\"]",
      "instances": [
        {
          "schema_version": 0,
          "attributes": {
            "arn": "arn:aws:iot:ap-northeast-1:277403262470:rule/device_presence_history_data_update",
            "cloudwatch_alarm": [],
            "cloudwatch_logs": [],
            "cloudwatch_metric": [],
            "description": "Updates the shadow data in presence-history table",
            "dynamodb": [],
            "dynamodbv2": [
              {
                "put_item": [
                  {
                    "table_name": "presence_history"
                  }
                ],
                "role_arn": "arn:aws:iam::277403262470:role/WWRSPFMQTTIoTAccess"
              }
            ],
            "elasticsearch": [],
            "enabled": true,
            "error_action": [
              {
                "cloudwatch_alarm": [],
                "cloudwatch_logs": [],
                "cloudwatch_metric": [],
                "dynamodb": [],
                "dynamodbv2": [],
                "elasticsearch": [],
                "firehose": [],
                "http": [],
                "iot_analytics": [],
                "iot_events": [],
                "kafka": [],
                "kinesis": [],
                "lambda": [],
                "republish": [],
                "s3": [],
                "sns": [
                  {
                    "message_format": "RAW",
                    "role_arn": "arn:aws:iam::277403262470:role/WWRSPFMQTTIoTAccess",
                    "target_arn": "arn:aws:sns:ap-northeast-1:277403262470:iot-rule-error-notify"
                  }
                ],
                "sqs": [],
                "step_functions": [],
                "timestream": []
              }
            ],
            "firehose": [],
            "http": [],
            "id": "device_presence_history_data_update",
            "iot_analytics": [],
            "iot_events": [],
            "kafka": [],
            "kinesis": [],
            "lambda": [],
            "name": "device_presence_history_data_update",
            "region": "ap-northeast-1",
            "republish": [],
            "s3": [],
            "sns": [],
            "sql": "SELECT clientId() AS device_id, timestamp() AS created_at, (timestamp() / 1000) + (90 * 24 * 60 * 60) AS expire_at, LOWER(topic(4)) AS status FROM '$aws/events/presence/+/+' WHERE SUBSTRING(clientId(), 1, 11) \u003c\u003e 'iotconsole-'",
            "sql_version": "2016-03-23",
            "sqs": [],
            "step_functions": [],
            "tags": {},
            "tags_all": {},
            "timestream": []
          },
          "sensitive_attributes": [],
          "identity_schema_version": 0,
          "private": "bnVsbA==",
          "dependencies": [
            "data.aws_caller_identity.current",
            "module.function.aws_lambda_event_source_mapping.trigger-cert-update",
            "module.function.aws_lambda_event_source_mapping.trigger-send-message",
            "module.function.aws_lambda_function.MQTT-CERT-UPDATE",
            "module.function.aws_lambda_function.MQTT-DEVICE-IOTCORE-ACCESS",
            "module.function.aws_lambda_function.MQTT-DEVICE-IOTCORE-PROHIBIT",
            "module.function.aws_lambda_function.MQTT-DEVICE-PRESENCE-UPDATE",
            "module.function.aws_lambda_function.MQTT-DEVICE-SHADOW-RETRIEVE",
            "module.function.aws_lambda_function.MQTT-DEVICE-STATUS-NOTIFY",
            "module.function.aws_lambda_function.MQTT-DEVICE-STATUS-RETRIEVE",
            "module.function.aws_lambda_function.MQTT-JITR",
            "module.function.aws_lambda_function.MQTT-MSG-STATUS-RETRIEVE",
            "module.function.aws_lambda_function.MQTT-SEND-MESSAGE",
            "module.function.aws_lambda_function.MQTT-TICKET-RESPONSE-UPDATE",
            "module.function.aws_lambda_layer_version.mqtt_common_layer",
            "module.function.data.archive_file.cret_update_zip",
            "module.function.data.archive_file.device_iotcore_access_zip",
            "module.function.data.archive_file.device_iotcore_prohibit_zip",
            "module.function.data.archive_file.device_presence_update_zip",
            "module.function.data.archive_file.device_shadow_retrieve_zip",
            "module.function.data.archive_file.device_status_notify_zip",
            "module.function.data.archive_file.device_status_retrieve_zip",
            "module.function.data.archive_file.mqtt_common_layer_zip",
            "module.function.data.archive_file.mqtt_jitr_zip",
            "module.function.data.archive_file.msg_status_retrieve_zip",
            "module.function.data.archive_file.send_message_zip",
            "module.function.data.archive_file.ticket_response_update_zip",
            "module.function.null_resource.cleanup_cert_update_zip",
            "module.function.null_resource.cleanup_common_layer_zip",
            "module.function.null_resource.cleanup_device_iotcore_zip",
            "module.function.null_resource.cleanup_device_presence_zip",
            "module.function.null_resource.cleanup_device_prohibit_zip",
            "module.function.null_resource.cleanup_device_shadow_zip",
            "module.function.null_resource.cleanup_device_status_zip",
            "module.function.null_resource.cleanup_mqtt_jitr_zip",
            "module.function.null_resource.cleanup_send_message_zip",
            "module.function.null_resource.cleanup_status_notify_zip",
            "module.function.null_resource.cleanup_status_retrieve_zip",
            "module.function.null_resource.cleanup_ticket_response_zip",
            "module.sns.aws_sns_topic.iot_rule_errors",
            "module.sqs.aws_sqs_queue.cert_update_notify",
            "module.sqs.aws_sqs_queue.presence_data_notify",
            "module.sqs.aws_sqs_queue.ticket_notify",
            "module.sqs.aws_sqs_queue_policy.policy_cert_update_notify",
            "module.sqs.aws_sqs_queue_policy.policy_ticket_notify",
            "module.sqs.aws_sqs_queue_policy.presence_data_notify"
          ]
        }
      ]
    },
    {
      "module": "module.iot",
      "mode": "managed",
      "type": "aws_iot_topic_rule",
      "name": "device_presence_latest_update",
      "provider": "provider[\"registry.terraform.io/hashicorp/aws\"]",
      "instances": [
        {
          "schema_version": 0,
          "attributes": {
            "arn": "arn:aws:iot:ap-northeast-1:277403262470:rule/device_presence_data_update",
            "cloudwatch_alarm": [],
            "cloudwatch_logs": [],
            "cloudwatch_metric": [],
            "description": "Updates the Connection status in presence_latest table",
            "dynamodb": [],
            "dynamodbv2": [
              {
                "put_item": [
                  {
                    "table_name": "presence_latest"
                  }
                ],
                "role_arn": "arn:aws:iam::277403262470:role/WWRSPFMQTTIoTAccess"
              }
            ],
            "elasticsearch": [],
            "enabled": true,
            "error_action": [
              {
                "cloudwatch_alarm": [],
                "cloudwatch_logs": [],
                "cloudwatch_metric": [],
                "dynamodb": [],
                "dynamodbv2": [],
                "elasticsearch": [],
                "firehose": [],
                "http": [],
                "iot_analytics": [],
                "iot_events": [],
                "kafka": [],
                "kinesis": [],
                "lambda": [],
                "republish": [],
                "s3": [],
                "sns": [
                  {
                    "message_format": "RAW",
                    "role_arn": "arn:aws:iam::277403262470:role/WWRSPFMQTTIoTAccess",
                    "target_arn": "arn:aws:sns:ap-northeast-1:277403262470:iot-rule-error-notify"
                  }
                ],
                "sqs": [],
                "step_functions": [],
                "timestream": []
              }
            ],
            "firehose": [],
            "http": [],
            "id": "device_presence_data_update",
            "iot_analytics": [],
            "iot_events": [],
            "kafka": [],
            "kinesis": [],
            "lambda": [
              {
                "function_arn": "arn:aws:lambda:ap-northeast-1:277403262470:function:MQTT-DEVICE-PRESENCE-UPDATE"
              }
            ],
            "name": "device_presence_data_update",
            "region": "ap-northeast-1",
            "republish": [],
            "s3": [],
            "sns": [],
            "sql": "SELECT clientId() AS device_id, (timestamp() / 1000) AS updated_at, LOWER(topic(4)) AS status FROM '$aws/events/presence/+/+' WHERE SUBSTRING(clientId(), 1, 11) \u003c\u003e 'iotconsole-'",
            "sql_version": "2016-03-23",
            "sqs": [],
            "step_functions": [],
            "tags": {},
            "tags_all": {},
            "timestream": []
          },
          "sensitive_attributes": [],
          "identity_schema_version": 0,
          "private": "bnVsbA==",
          "dependencies": [
            "data.aws_caller_identity.current",
            "module.function.aws_lambda_event_source_mapping.trigger-cert-update",
            "module.function.aws_lambda_event_source_mapping.trigger-send-message",
            "module.function.aws_lambda_function.MQTT-CERT-UPDATE",
            "module.function.aws_lambda_function.MQTT-DEVICE-IOTCORE-ACCESS",
            "module.function.aws_lambda_function.MQTT-DEVICE-IOTCORE-PROHIBIT",
            "module.function.aws_lambda_function.MQTT-DEVICE-PRESENCE-UPDATE",
            "module.function.aws_lambda_function.MQTT-DEVICE-SHADOW-RETRIEVE",
            "module.function.aws_lambda_function.MQTT-DEVICE-STATUS-NOTIFY",
            "module.function.aws_lambda_function.MQTT-DEVICE-STATUS-RETRIEVE",
            "module.function.aws_lambda_function.MQTT-JITR",
            "module.function.aws_lambda_function.MQTT-MSG-STATUS-RETRIEVE",
            "module.function.aws_lambda_function.MQTT-SEND-MESSAGE",
            "module.function.aws_lambda_function.MQTT-TICKET-RESPONSE-UPDATE",
            "module.function.aws_lambda_layer_version.mqtt_common_layer",
            "module.function.data.archive_file.cret_update_zip",
            "module.function.data.archive_file.device_iotcore_access_zip",
            "module.function.data.archive_file.device_iotcore_prohibit_zip",
            "module.function.data.archive_file.device_presence_update_zip",
            "module.function.data.archive_file.device_shadow_retrieve_zip",
            "module.function.data.archive_file.device_status_notify_zip",
            "module.function.data.archive_file.device_status_retrieve_zip",
            "module.function.data.archive_file.mqtt_common_layer_zip",
            "module.function.data.archive_file.mqtt_jitr_zip",
            "module.function.data.archive_file.msg_status_retrieve_zip",
            "module.function.data.archive_file.send_message_zip",
            "module.function.data.archive_file.ticket_response_update_zip",
            "module.function.null_resource.cleanup_cert_update_zip",
            "module.function.null_resource.cleanup_common_layer_zip",
            "module.function.null_resource.cleanup_device_iotcore_zip",
            "module.function.null_resource.cleanup_device_presence_zip",
            "module.function.null_resource.cleanup_device_prohibit_zip",
            "module.function.null_resource.cleanup_device_shadow_zip",
            "module.function.null_resource.cleanup_device_status_zip",
            "module.function.null_resource.cleanup_mqtt_jitr_zip",
            "module.function.null_resource.cleanup_send_message_zip",
            "module.function.null_resource.cleanup_status_notify_zip",
            "module.function.null_resource.cleanup_status_retrieve_zip",
            "module.function.null_resource.cleanup_ticket_response_zip",
            "module.sns.aws_sns_topic.iot_rule_errors",
            "module.sqs.aws_sqs_queue.cert_update_notify",
            "module.sqs.aws_sqs_queue.presence_data_notify",
            "module.sqs.aws_sqs_queue.ticket_notify",
            "module.sqs.aws_sqs_queue_policy.policy_cert_update_notify",
            "module.sqs.aws_sqs_queue_policy.policy_ticket_notify",
            "module.sqs.aws_sqs_queue_policy.presence_data_notify"
          ]
        }
      ]
    },
    {
      "module": "module.iot",
      "mode": "managed",
      "type": "aws_iot_topic_rule",
      "name": "device_shadow_data_update",
      "provider": "provider[\"registry.terraform.io/hashicorp/aws\"]",
      "instances": [
        {
          "schema_version": 0,
          "attributes": {
            "arn": "arn:aws:iot:ap-northeast-1:277403262470:rule/device_shadow_data_update",
            "cloudwatch_alarm": [],
            "cloudwatch_logs": [],
            "cloudwatch_metric": [],
            "description": "Updates the shadow data in table",
            "dynamodb": [],
            "dynamodbv2": [
              {
                "put_item": [
                  {
                    "table_name": "device_shadows"
                  }
                ],
                "role_arn": "arn:aws:iam::277403262470:role/WWRSPFMQTTIoTAccess"
              }
            ],
            "elasticsearch": [],
            "enabled": true,
            "error_action": [
              {
                "cloudwatch_alarm": [],
                "cloudwatch_logs": [],
                "cloudwatch_metric": [],
                "dynamodb": [],
                "dynamodbv2": [],
                "elasticsearch": [],
                "firehose": [],
                "http": [],
                "iot_analytics": [],
                "iot_events": [],
                "kafka": [],
                "kinesis": [],
                "lambda": [],
                "republish": [],
                "s3": [],
                "sns": [
                  {
                    "message_format": "RAW",
                    "role_arn": "arn:aws:iam::277403262470:role/WWRSPFMQTTIoTAccess",
                    "target_arn": "arn:aws:sns:ap-northeast-1:277403262470:iot-rule-error-notify"
                  }
                ],
                "sqs": [],
                "step_functions": [],
                "timestream": []
              }
            ],
            "firehose": [],
            "http": [],
            "id": "device_shadow_data_update",
            "iot_analytics": [],
            "iot_events": [],
            "kafka": [],
            "kinesis": [],
            "lambda": [],
            "name": "device_shadow_data_update",
            "region": "ap-northeast-1",
            "republish": [],
            "s3": [],
            "sns": [],
            "sql": "SELECT topic(3) AS device_id, topic(6) AS name, * AS body, (timestamp() / 1000) AS updated_at FROM '$aws/things/+/shadow/name/+/update/accepted'",
            "sql_version": "2016-03-23",
            "sqs": [],
            "step_functions": [],
            "tags": {},
            "tags_all": {},
            "timestream": []
          },
          "sensitive_attributes": [],
          "identity_schema_version": 0,
          "private": "bnVsbA==",
          "dependencies": [
            "data.aws_caller_identity.current",
            "module.function.aws_lambda_event_source_mapping.trigger-cert-update",
            "module.function.aws_lambda_event_source_mapping.trigger-send-message",
            "module.function.aws_lambda_function.MQTT-CERT-UPDATE",
            "module.function.aws_lambda_function.MQTT-DEVICE-IOTCORE-ACCESS",
            "module.function.aws_lambda_function.MQTT-DEVICE-IOTCORE-PROHIBIT",
            "module.function.aws_lambda_function.MQTT-DEVICE-PRESENCE-UPDATE",
            "module.function.aws_lambda_function.MQTT-DEVICE-SHADOW-RETRIEVE",
            "module.function.aws_lambda_function.MQTT-DEVICE-STATUS-NOTIFY",
            "module.function.aws_lambda_function.MQTT-DEVICE-STATUS-RETRIEVE",
            "module.function.aws_lambda_function.MQTT-JITR",
            "module.function.aws_lambda_function.MQTT-MSG-STATUS-RETRIEVE",
            "module.function.aws_lambda_function.MQTT-SEND-MESSAGE",
            "module.function.aws_lambda_function.MQTT-TICKET-RESPONSE-UPDATE",
            "module.function.aws_lambda_layer_version.mqtt_common_layer",
            "module.function.data.archive_file.cret_update_zip",
            "module.function.data.archive_file.device_iotcore_access_zip",
            "module.function.data.archive_file.device_iotcore_prohibit_zip",
            "module.function.data.archive_file.device_presence_update_zip",
            "module.function.data.archive_file.device_shadow_retrieve_zip",
            "module.function.data.archive_file.device_status_notify_zip",
            "module.function.data.archive_file.device_status_retrieve_zip",
            "module.function.data.archive_file.mqtt_common_layer_zip",
            "module.function.data.archive_file.mqtt_jitr_zip",
            "module.function.data.archive_file.msg_status_retrieve_zip",
            "module.function.data.archive_file.send_message_zip",
            "module.function.data.archive_file.ticket_response_update_zip",
            "module.function.null_resource.cleanup_cert_update_zip",
            "module.function.null_resource.cleanup_common_layer_zip",
            "module.function.null_resource.cleanup_device_iotcore_zip",
            "module.function.null_resource.cleanup_device_presence_zip",
            "module.function.null_resource.cleanup_device_prohibit_zip",
            "module.function.null_resource.cleanup_device_shadow_zip",
            "module.function.null_resource.cleanup_device_status_zip",
            "module.function.null_resource.cleanup_mqtt_jitr_zip",
            "module.function.null_resource.cleanup_send_message_zip",
            "module.function.null_resource.cleanup_status_notify_zip",
            "module.function.null_resource.cleanup_status_retrieve_zip",
            "module.function.null_resource.cleanup_ticket_response_zip",
            "module.sns.aws_sns_topic.iot_rule_errors",
            "module.sqs.aws_sqs_queue.cert_update_notify",
            "module.sqs.aws_sqs_queue.presence_data_notify",
            "module.sqs.aws_sqs_queue.ticket_notify",
            "module.sqs.aws_sqs_queue_policy.policy_cert_update_notify",
            "module.sqs.aws_sqs_queue_policy.policy_ticket_notify",
            "module.sqs.aws_sqs_queue_policy.presence_data_notify"
          ]
        }
      ]
    },
    {
      "module": "module.iot",
      "mode": "managed",
      "type": "aws_iot_topic_rule",
      "name": "device_ticket_response_update",
      "provider": "provider[\"registry.terraform.io/hashicorp/aws\"]",
      "instances": [
        {
          "schema_version": 0,
          "attributes": {
            "arn": "arn:aws:iot:ap-northeast-1:277403262470:rule/device_ticket_response_update",
            "cloudwatch_alarm": [],
            "cloudwatch_logs": [],
            "cloudwatch_metric": [],
            "description": "Updates the ticket status in send_responses table",
            "dynamodb": [],
            "dynamodbv2": [],
            "elasticsearch": [],
            "enabled": true,
            "error_action": [
              {
                "cloudwatch_alarm": [],
                "cloudwatch_logs": [],
                "cloudwatch_metric": [],
                "dynamodb": [],
                "dynamodbv2": [],
                "elasticsearch": [],
                "firehose": [],
                "http": [],
                "iot_analytics": [],
                "iot_events": [],
                "kafka": [],
                "kinesis": [],
                "lambda": [],
                "republish": [],
                "s3": [],
                "sns": [
                  {
                    "message_format": "RAW",
                    "role_arn": "arn:aws:iam::277403262470:role/WWRSPFMQTTIoTAccess",
                    "target_arn": "arn:aws:sns:ap-northeast-1:277403262470:iot-rule-error-notify"
                  }
                ],
                "sqs": [],
                "step_functions": [],
                "timestream": []
              }
            ],
            "firehose": [],
            "http": [],
            "id": "device_ticket_response_update",
            "iot_analytics": [],
            "iot_events": [],
            "kafka": [],
            "kinesis": [],
            "lambda": [
              {
                "function_arn": "arn:aws:lambda:ap-northeast-1:277403262470:function:MQTT-TICKET-RESPONSE-UPDATE"
              }
            ],
            "name": "device_ticket_response_update",
            "region": "ap-northeast-1",
            "republish": [],
            "s3": [],
            "sns": [],
            "sql": "SELECT topic(1) AS deviceId, uuid AS messageId, appId, nplId, body, code FROM '+/ticket/response'",
            "sql_version": "2016-03-23",
            "sqs": [],
            "step_functions": [],
            "tags": {},
            "tags_all": {},
            "timestream": []
          },
          "sensitive_attributes": [],
          "identity_schema_version": 0,
          "private": "bnVsbA==",
          "dependencies": [
            "data.aws_caller_identity.current",
            "module.function.aws_lambda_event_source_mapping.trigger-cert-update",
            "module.function.aws_lambda_event_source_mapping.trigger-send-message",
            "module.function.aws_lambda_function.MQTT-CERT-UPDATE",
            "module.function.aws_lambda_function.MQTT-DEVICE-IOTCORE-ACCESS",
            "module.function.aws_lambda_function.MQTT-DEVICE-IOTCORE-PROHIBIT",
            "module.function.aws_lambda_function.MQTT-DEVICE-PRESENCE-UPDATE",
            "module.function.aws_lambda_function.MQTT-DEVICE-SHADOW-RETRIEVE",
            "module.function.aws_lambda_function.MQTT-DEVICE-STATUS-NOTIFY",
            "module.function.aws_lambda_function.MQTT-DEVICE-STATUS-RETRIEVE",
            "module.function.aws_lambda_function.MQTT-JITR",
            "module.function.aws_lambda_function.MQTT-MSG-STATUS-RETRIEVE",
            "module.function.aws_lambda_function.MQTT-SEND-MESSAGE",
            "module.function.aws_lambda_function.MQTT-TICKET-RESPONSE-UPDATE",
            "module.function.aws_lambda_layer_version.mqtt_common_layer",
            "module.function.data.archive_file.cret_update_zip",
            "module.function.data.archive_file.device_iotcore_access_zip",
            "module.function.data.archive_file.device_iotcore_prohibit_zip",
            "module.function.data.archive_file.device_presence_update_zip",
            "module.function.data.archive_file.device_shadow_retrieve_zip",
            "module.function.data.archive_file.device_status_notify_zip",
            "module.function.data.archive_file.device_status_retrieve_zip",
            "module.function.data.archive_file.mqtt_common_layer_zip",
            "module.function.data.archive_file.mqtt_jitr_zip",
            "module.function.data.archive_file.msg_status_retrieve_zip",
            "module.function.data.archive_file.send_message_zip",
            "module.function.data.archive_file.ticket_response_update_zip",
            "module.function.null_resource.cleanup_cert_update_zip",
            "module.function.null_resource.cleanup_common_layer_zip",
            "module.function.null_resource.cleanup_device_iotcore_zip",
            "module.function.null_resource.cleanup_device_presence_zip",
            "module.function.null_resource.cleanup_device_prohibit_zip",
            "module.function.null_resource.cleanup_device_shadow_zip",
            "module.function.null_resource.cleanup_device_status_zip",
            "module.function.null_resource.cleanup_mqtt_jitr_zip",
            "module.function.null_resource.cleanup_send_message_zip",
            "module.function.null_resource.cleanup_status_notify_zip",
            "module.function.null_resource.cleanup_status_retrieve_zip",
            "module.function.null_resource.cleanup_ticket_response_zip",
            "module.sns.aws_sns_topic.iot_rule_errors",
            "module.sqs.aws_sqs_queue.cert_update_notify",
            "module.sqs.aws_sqs_queue.presence_data_notify",
            "module.sqs.aws_sqs_queue.ticket_notify",
            "module.sqs.aws_sqs_queue_policy.policy_cert_update_notify",
            "module.sqs.aws_sqs_queue_policy.policy_ticket_notify",
            "module.sqs.aws_sqs_queue_policy.presence_data_notify"
          ]
        }
      ]
    },
    {
      "module": "module.iot",
      "mode": "managed",
      "type": "aws_lambda_permission",
      "name": "device_presence_update_invocation",
      "provider": "provider[\"registry.terraform.io/hashicorp/aws\"]",
      "instances": [
        {
          "schema_version": 0,
          "attributes": {
            "action": "lambda:InvokeFunction",
            "event_source_token": null,
            "function_name": "arn:aws:lambda:ap-northeast-1:277403262470:function:MQTT-DEVICE-PRESENCE-UPDATE",
            "function_url_auth_type": null,
            "id": "AllowIoTInvoke",
            "invoked_via_function_url": null,
            "principal": "iot.amazonaws.com",
            "principal_org_id": null,
            "qualifier": "",
            "region": "ap-northeast-1",
            "source_account": null,
            "source_arn": "arn:aws:iot:ap-northeast-1:277403262470:rule/device_presence_data_update",
            "statement_id": "AllowIoTInvoke",
            "statement_id_prefix": ""
          },
          "sensitive_attributes": [],
          "identity_schema_version": 0,
          "identity": {
            "account_id": "277403262470",
            "function_name": "arn:aws:lambda:ap-northeast-1:277403262470:function:MQTT-DEVICE-PRESENCE-UPDATE",
            "qualifier": null,
            "region": "ap-northeast-1",
            "statement_id": "AllowIoTInvoke"
          },
          "private": "bnVsbA==",
          "dependencies": [
            "data.aws_caller_identity.current",
            "module.function.aws_lambda_event_source_mapping.trigger-cert-update",
            "module.function.aws_lambda_event_source_mapping.trigger-send-message",
            "module.function.aws_lambda_function.MQTT-CERT-UPDATE",
            "module.function.aws_lambda_function.MQTT-DEVICE-IOTCORE-ACCESS",
            "module.function.aws_lambda_function.MQTT-DEVICE-IOTCORE-PROHIBIT",
            "module.function.aws_lambda_function.MQTT-DEVICE-PRESENCE-UPDATE",
            "module.function.aws_lambda_function.MQTT-DEVICE-SHADOW-RETRIEVE",
            "module.function.aws_lambda_function.MQTT-DEVICE-STATUS-NOTIFY",
            "module.function.aws_lambda_function.MQTT-DEVICE-STATUS-RETRIEVE",
            "module.function.aws_lambda_function.MQTT-JITR",
            "module.function.aws_lambda_function.MQTT-MSG-STATUS-RETRIEVE",
            "module.function.aws_lambda_function.MQTT-SEND-MESSAGE",
            "module.function.aws_lambda_function.MQTT-TICKET-RESPONSE-UPDATE",
            "module.function.aws_lambda_layer_version.mqtt_common_layer",
            "module.function.data.archive_file.cret_update_zip",
            "module.function.data.archive_file.device_iotcore_access_zip",
            "module.function.data.archive_file.device_iotcore_prohibit_zip",
            "module.function.data.archive_file.device_presence_update_zip",
            "module.function.data.archive_file.device_shadow_retrieve_zip",
            "module.function.data.archive_file.device_status_notify_zip",
            "module.function.data.archive_file.device_status_retrieve_zip",
            "module.function.data.archive_file.mqtt_common_layer_zip",
            "module.function.data.archive_file.mqtt_jitr_zip",
            "module.function.data.archive_file.msg_status_retrieve_zip",
            "module.function.data.archive_file.send_message_zip",
            "module.function.data.archive_file.ticket_response_update_zip",
            "module.function.null_resource.cleanup_cert_update_zip",
            "module.function.null_resource.cleanup_common_layer_zip",
            "module.function.null_resource.cleanup_device_iotcore_zip",
            "module.function.null_resource.cleanup_device_presence_zip",
            "module.function.null_resource.cleanup_device_prohibit_zip",
            "module.function.null_resource.cleanup_device_shadow_zip",
            "module.function.null_resource.cleanup_device_status_zip",
            "module.function.null_resource.cleanup_mqtt_jitr_zip",
            "module.function.null_resource.cleanup_send_message_zip",
            "module.function.null_resource.cleanup_status_notify_zip",
            "module.function.null_resource.cleanup_status_retrieve_zip",
            "module.function.null_resource.cleanup_ticket_response_zip",
            "module.iot.aws_iot_topic_rule.device_presence_latest_update",
            "module.sns.aws_sns_topic.iot_rule_errors",
            "module.sqs.aws_sqs_queue.cert_update_notify",
            "module.sqs.aws_sqs_queue.presence_data_notify",
            "module.sqs.aws_sqs_queue.ticket_notify",
            "module.sqs.aws_sqs_queue_policy.policy_cert_update_notify",
            "module.sqs.aws_sqs_queue_policy.policy_ticket_notify",
            "module.sqs.aws_sqs_queue_policy.presence_data_notify"
          ]
        }
      ]
    },
    {
      "module": "module.iot",
      "mode": "managed",
      "type": "aws_lambda_permission",
      "name": "device_ticket_response_update_invocation",
      "provider": "provider[\"registry.terraform.io/hashicorp/aws\"]",
      "instances": [
        {
          "schema_version": 0,
          "attributes": {
            "action": "lambda:InvokeFunction",
            "event_source_token": null,
            "function_name": "arn:aws:lambda:ap-northeast-1:277403262470:function:MQTT-TICKET-RESPONSE-UPDATE",
            "function_url_auth_type": null,
            "id": "AllowIoTInvoke",
            "invoked_via_function_url": null,
            "principal": "iot.amazonaws.com",
            "principal_org_id": null,
            "qualifier": "",
            "region": "ap-northeast-1",
            "source_account": null,
            "source_arn": "arn:aws:iot:ap-northeast-1:277403262470:rule/device_ticket_response_update",
            "statement_id": "AllowIoTInvoke",
            "statement_id_prefix": ""
          },
          "sensitive_attributes": [],
          "identity_schema_version": 0,
          "identity": {
            "account_id": "277403262470",
            "function_name": "arn:aws:lambda:ap-northeast-1:277403262470:function:MQTT-TICKET-RESPONSE-UPDATE",
            "qualifier": null,
            "region": "ap-northeast-1",
            "statement_id": "AllowIoTInvoke"
          },
          "private": "bnVsbA==",
          "dependencies": [
            "data.aws_caller_identity.current",
            "module.function.aws_lambda_event_source_mapping.trigger-cert-update",
            "module.function.aws_lambda_event_source_mapping.trigger-send-message",
            "module.function.aws_lambda_function.MQTT-CERT-UPDATE",
            "module.function.aws_lambda_function.MQTT-DEVICE-IOTCORE-ACCESS",
            "module.function.aws_lambda_function.MQTT-DEVICE-IOTCORE-PROHIBIT",
            "module.function.aws_lambda_function.MQTT-DEVICE-PRESENCE-UPDATE",
            "module.function.aws_lambda_function.MQTT-DEVICE-SHADOW-RETRIEVE",
            "module.function.aws_lambda_function.MQTT-DEVICE-STATUS-NOTIFY",
            "module.function.aws_lambda_function.MQTT-DEVICE-STATUS-RETRIEVE",
            "module.function.aws_lambda_function.MQTT-JITR",
            "module.function.aws_lambda_function.MQTT-MSG-STATUS-RETRIEVE",
            "module.function.aws_lambda_function.MQTT-SEND-MESSAGE",
            "module.function.aws_lambda_function.MQTT-TICKET-RESPONSE-UPDATE",
            "module.function.aws_lambda_layer_version.mqtt_common_layer",
            "module.function.data.archive_file.cret_update_zip",
            "module.function.data.archive_file.device_iotcore_access_zip",
            "module.function.data.archive_file.device_iotcore_prohibit_zip",
            "module.function.data.archive_file.device_presence_update_zip",
            "module.function.data.archive_file.device_shadow_retrieve_zip",
            "module.function.data.archive_file.device_status_notify_zip",
            "module.function.data.archive_file.device_status_retrieve_zip",
            "module.function.data.archive_file.mqtt_common_layer_zip",
            "module.function.data.archive_file.mqtt_jitr_zip",
            "module.function.data.archive_file.msg_status_retrieve_zip",
            "module.function.data.archive_file.send_message_zip",
            "module.function.data.archive_file.ticket_response_update_zip",
            "module.function.null_resource.cleanup_cert_update_zip",
            "module.function.null_resource.cleanup_common_layer_zip",
            "module.function.null_resource.cleanup_device_iotcore_zip",
            "module.function.null_resource.cleanup_device_presence_zip",
            "module.function.null_resource.cleanup_device_prohibit_zip",
            "module.function.null_resource.cleanup_device_shadow_zip",
            "module.function.null_resource.cleanup_device_status_zip",
            "module.function.null_resource.cleanup_mqtt_jitr_zip",
            "module.function.null_resource.cleanup_send_message_zip",
            "module.function.null_resource.cleanup_status_notify_zip",
            "module.function.null_resource.cleanup_status_retrieve_zip",
            "module.function.null_resource.cleanup_ticket_response_zip",
            "module.iot.aws_iot_topic_rule.device_ticket_response_update",
            "module.sns.aws_sns_topic.iot_rule_errors",
            "module.sqs.aws_sqs_queue.cert_update_notify",
            "module.sqs.aws_sqs_queue.presence_data_notify",
            "module.sqs.aws_sqs_queue.ticket_notify",
            "module.sqs.aws_sqs_queue_policy.policy_cert_update_notify",
            "module.sqs.aws_sqs_queue_policy.policy_ticket_notify",
            "module.sqs.aws_sqs_queue_policy.presence_data_notify"
          ]
        }
      ]
    },
    {
      "module": "module.iot",
      "mode": "managed",
      "type": "aws_lambda_permission",
      "name": "jitr_invocation",
      "provider": "provider[\"registry.terraform.io/hashicorp/aws\"]",
      "instances": [
        {
          "schema_version": 0,
          "attributes": {
            "action": "lambda:InvokeFunction",
            "event_source_token": null,
            "function_name": "arn:aws:lambda:ap-northeast-1:277403262470:function:MQTT-JITR",
            "function_url_auth_type": null,
            "id": "AllowIoTInvoke",
            "invoked_via_function_url": null,
            "principal": "iot.amazonaws.com",
            "principal_org_id": null,
            "qualifier": "",
            "region": "ap-northeast-1",
            "source_account": null,
            "source_arn": "arn:aws:iot:ap-northeast-1:277403262470:rule/device_auto_register",
            "statement_id": "AllowIoTInvoke",
            "statement_id_prefix": ""
          },
          "sensitive_attributes": [],
          "identity_schema_version": 0,
          "identity": {
            "account_id": "277403262470",
            "function_name": "arn:aws:lambda:ap-northeast-1:277403262470:function:MQTT-JITR",
            "qualifier": null,
            "region": "ap-northeast-1",
            "statement_id": "AllowIoTInvoke"
          },
          "private": "bnVsbA==",
          "dependencies": [
            "data.aws_caller_identity.current",
            "module.function.aws_lambda_event_source_mapping.trigger-cert-update",
            "module.function.aws_lambda_event_source_mapping.trigger-send-message",
            "module.function.aws_lambda_function.MQTT-CERT-UPDATE",
            "module.function.aws_lambda_function.MQTT-DEVICE-IOTCORE-ACCESS",
            "module.function.aws_lambda_function.MQTT-DEVICE-IOTCORE-PROHIBIT",
            "module.function.aws_lambda_function.MQTT-DEVICE-PRESENCE-UPDATE",
            "module.function.aws_lambda_function.MQTT-DEVICE-SHADOW-RETRIEVE",
            "module.function.aws_lambda_function.MQTT-DEVICE-STATUS-NOTIFY",
            "module.function.aws_lambda_function.MQTT-DEVICE-STATUS-RETRIEVE",
            "module.function.aws_lambda_function.MQTT-JITR",
            "module.function.aws_lambda_function.MQTT-MSG-STATUS-RETRIEVE",
            "module.function.aws_lambda_function.MQTT-SEND-MESSAGE",
            "module.function.aws_lambda_function.MQTT-TICKET-RESPONSE-UPDATE",
            "module.function.aws_lambda_layer_version.mqtt_common_layer",
            "module.function.data.archive_file.cret_update_zip",
            "module.function.data.archive_file.device_iotcore_access_zip",
            "module.function.data.archive_file.device_iotcore_prohibit_zip",
            "module.function.data.archive_file.device_presence_update_zip",
            "module.function.data.archive_file.device_shadow_retrieve_zip",
            "module.function.data.archive_file.device_status_notify_zip",
            "module.function.data.archive_file.device_status_retrieve_zip",
            "module.function.data.archive_file.mqtt_common_layer_zip",
            "module.function.data.archive_file.mqtt_jitr_zip",
            "module.function.data.archive_file.msg_status_retrieve_zip",
            "module.function.data.archive_file.send_message_zip",
            "module.function.data.archive_file.ticket_response_update_zip",
            "module.function.null_resource.cleanup_cert_update_zip",
            "module.function.null_resource.cleanup_common_layer_zip",
            "module.function.null_resource.cleanup_device_iotcore_zip",
            "module.function.null_resource.cleanup_device_presence_zip",
            "module.function.null_resource.cleanup_device_prohibit_zip",
            "module.function.null_resource.cleanup_device_shadow_zip",
            "module.function.null_resource.cleanup_device_status_zip",
            "module.function.null_resource.cleanup_mqtt_jitr_zip",
            "module.function.null_resource.cleanup_send_message_zip",
            "module.function.null_resource.cleanup_status_notify_zip",
            "module.function.null_resource.cleanup_status_retrieve_zip",
            "module.function.null_resource.cleanup_ticket_response_zip",
            "module.iot.aws_iot_topic_rule.device_auto_register",
            "module.sns.aws_sns_topic.iot_rule_errors",
            "module.sqs.aws_sqs_queue.cert_update_notify",
            "module.sqs.aws_sqs_queue.presence_data_notify",
            "module.sqs.aws_sqs_queue.ticket_notify",
            "module.sqs.aws_sqs_queue_policy.policy_cert_update_notify",
            "module.sqs.aws_sqs_queue_policy.policy_ticket_notify",
            "module.sqs.aws_sqs_queue_policy.presence_data_notify"
          ]
        }
      ]
    },
    {
      "module": "module.route53",
      "mode": "data",
      "type": "aws_route53_zone",
      "name": "api_zone",
      "provider": "provider[\"registry.terraform.io/hashicorp/aws\"]",
      "instances": [
        {
          "schema_version": 0,
          "attributes": {
            "arn": "arn:aws:route53:::hostedzone/Z03965648WATHJE2403Z",
            "caller_reference": "5dcfc1a5-41a4-48c9-865d-cf27a414c809",
            "comment": "",
            "enable_accelerated_recovery": false,
            "id": "Z03965648WATHJE2403Z",
            "linked_service_description": null,
            "linked_service_principal": null,
            "name": "bt-fulltime-connect-dev.konicaminolta.jp",
            "name_servers": [
              "ns-506.awsdns-63.com",
              "ns-1622.awsdns-10.co.uk",
              "ns-633.awsdns-15.net",
              "ns-1038.awsdns-01.org"
            ],
            "primary_name_server": "ns-506.awsdns-63.com",
            "private_zone": false,
            "resource_record_set_count": 30,
            "tags": {},
            "vpc_id": null,
            "zone_id": "Z03965648WATHJE2403Z"
          },
          "sensitive_attributes": [],
          "identity_schema_version": 0
        }
      ]
    },
    {
      "module": "module.route53",
      "mode": "data",
      "type": "aws_route53_zone",
      "name": "iot_zone",
      "provider": "provider[\"registry.terraform.io/hashicorp/aws\"]",
      "instances": [
        {
          "schema_version": 0,
          "attributes": {
            "arn": "arn:aws:route53:::hostedzone/Z03965648WATHJE2403Z",
            "caller_reference": "5dcfc1a5-41a4-48c9-865d-cf27a414c809",
            "comment": "",
            "enable_accelerated_recovery": false,
            "id": "Z03965648WATHJE2403Z",
            "linked_service_description": null,
            "linked_service_principal": null,
            "name": "bt-fulltime-connect-dev.konicaminolta.jp",
            "name_servers": [
              "ns-506.awsdns-63.com",
              "ns-1622.awsdns-10.co.uk",
              "ns-633.awsdns-15.net",
              "ns-1038.awsdns-01.org"
            ],
            "primary_name_server": "ns-506.awsdns-63.com",
            "private_zone": false,
            "resource_record_set_count": 30,
            "tags": {},
            "vpc_id": null,
            "zone_id": "Z03965648WATHJE2403Z"
          },
          "sensitive_attributes": [],
          "identity_schema_version": 0
        }
      ]
    },
    {
      "module": "module.route53",
      "mode": "data",
      "type": "aws_route53_zone",
      "name": "time_api_zone",
      "provider": "provider[\"registry.terraform.io/hashicorp/aws\"]",
      "instances": [
        {
          "schema_version": 0,
          "attributes": {
            "arn": "arn:aws:route53:::hostedzone/Z03965648WATHJE2403Z",
            "caller_reference": "5dcfc1a5-41a4-48c9-865d-cf27a414c809",
            "comment": "",
            "enable_accelerated_recovery": false,
            "id": "Z03965648WATHJE2403Z",
            "linked_service_description": null,
            "linked_service_principal": null,
            "name": "bt-fulltime-connect-dev.konicaminolta.jp",
            "name_servers": [
              "ns-506.awsdns-63.com",
              "ns-1622.awsdns-10.co.uk",
              "ns-633.awsdns-15.net",
              "ns-1038.awsdns-01.org"
            ],
            "primary_name_server": "ns-506.awsdns-63.com",
            "private_zone": false,
            "resource_record_set_count": 30,
            "tags": {},
            "vpc_id": null,
            "zone_id": "Z03965648WATHJE2403Z"
          },
          "sensitive_attributes": [],
          "identity_schema_version": 0
        }
      ]
    },
    {
      "module": "module.route53",
      "mode": "managed",
      "type": "aws_route53_record",
      "name": "api_iot_custom_domain_record",
      "provider": "provider[\"registry.terraform.io/hashicorp/aws\"]",
      "instances": [
        {
          "schema_version": 2,
          "attributes": {
            "alias": [],
            "allow_overwrite": null,
            "cidr_routing_policy": [],
            "failover_routing_policy": [],
            "fqdn": "mqtt-jp.bt-fulltime-connect-dev.konicaminolta.jp",
            "geolocation_routing_policy": [],
            "geoproximity_routing_policy": [],
            "health_check_id": "",
            "id": "Z03965648WATHJE2403Z_mqtt-jp.bt-fulltime-connect-dev.konicaminolta.jp_CNAME",
            "latency_routing_policy": [],
            "multivalue_answer_routing_policy": false,
            "name": "mqtt-jp.bt-fulltime-connect-dev.konicaminolta.jp",
            "records": [
              "a3oe2l6u64wfk2-ats.iot.ap-northeast-1.amazonaws.com"
            ],
            "set_identifier": "",
            "timeouts": null,
            "ttl": 300,
            "type": "CNAME",
            "weighted_routing_policy": [],
            "zone_id": "Z03965648WATHJE2403Z"
          },
          "sensitive_attributes": [],
          "identity_schema_version": 0,
          "identity": {
            "account_id": "277403262470",
            "name": "mqtt-jp.bt-fulltime-connect-dev.konicaminolta.jp",
            "set_identifier": null,
            "type": "CNAME",
            "zone_id": "Z03965648WATHJE2403Z"
          },
          "private": "eyJlMmJmYjczMC1lY2FhLTExZTYtOGY4OC0zNDM2M2JjN2M0YzAiOnsiY3JlYXRlIjoxODAwMDAwMDAwMDAwLCJkZWxldGUiOjE4MDAwMDAwMDAwMDAsInVwZGF0ZSI6MTgwMDAwMDAwMDAwMH0sInNjaGVtYV92ZXJzaW9uIjoiMiJ9",
          "dependencies": [
            "data.aws_caller_identity.current",
            "module.apigateway.aws_api_gateway_account.mqtt_server_api_account",
            "module.apigateway.aws_api_gateway_account.mqtt_server_solution_api_account",
            "module.apigateway.aws_api_gateway_account.time_server_api_account",
            "module.apigateway.aws_api_gateway_base_path_mapping.api_custom_domain_mapping",
            "module.apigateway.aws_api_gateway_base_path_mapping.api_time_server_custom_domain_mapping",
            "module.apigateway.aws_api_gateway_base_path_mapping.sol_api_custom_domain_mapping",
            "module.apigateway.aws_api_gateway_deployment.mqtt_server_api_deployment",
            "module.apigateway.aws_api_gateway_deployment.mqtt_server_sol_api_deployment",
            "module.apigateway.aws_api_gateway_deployment.time_server_api_deployment",
            "module.apigateway.aws_api_gateway_domain_name.api_custom_domain",
            "module.apigateway.aws_api_gateway_domain_name.api_sol_custom_domain",
            "module.apigateway.aws_api_gateway_domain_name.api_time_server_custom_domain",
            "module.apigateway.aws_api_gateway_gateway_response.default_5xx",
            "module.apigateway.aws_api_gateway_gateway_response.default_5xx_mqtt_server",
            "module.apigateway.aws_api_gateway_gateway_response.default_5xx_solution_server",
            "module.apigateway.aws_api_gateway_integration.device_deviceId_shadows_name_lambda_integration",
            "module.apigateway.aws_api_gateway_integration.devices_deviceId_connectionStatus_lambda_integration",
            "module.apigateway.aws_api_gateway_integration.get_time_server_integration",
            "module.apigateway.aws_api_gateway_integration.iwsapp_message_send_sqs_integration",
            "module.apigateway.aws_api_gateway_integration.plugin_message_send_sqs_integration",
            "module.apigateway.aws_api_gateway_integration.prohibited_devices_add_lambda_integration",
            "module.apigateway.aws_api_gateway_integration.prohibited_devices_remove_lambda_integration",
            "module.apigateway.aws_api_gateway_integration.sol_device_deviceId_connection_status_lambda_integration",
            "module.apigateway.aws_api_gateway_integration.sol_tickets_groupId_lambda_integration",
            "module.apigateway.aws_api_gateway_integration.sol_tickets_messageId_deviceId_lambda_integration",
            "module.apigateway.aws_api_gateway_integration.sol_tickets_messageId_lambda_integration",
            "module.apigateway.aws_api_gateway_integration.tickets_groupId_lambda_integration",
            "module.apigateway.aws_api_gateway_integration.tickets_messageId_deviceId_lambda_integration",
            "module.apigateway.aws_api_gateway_integration.tickets_messageId_lambda_integration",
            "module.apigateway.aws_api_gateway_integration.tickets_send_sqs_integration",
            "module.apigateway.aws_api_gateway_integration_response.devices_deviceId_connectionStatus_integration_response",
            "module.apigateway.aws_api_gateway_integration_response.get_time_server_response",
            "module.apigateway.aws_api_gateway_integration_response.iwsapp_message_send_integration_response",
            "module.apigateway.aws_api_gateway_integration_response.iwsapp_message_send_integration_response_400",
            "module.apigateway.aws_api_gateway_integration_response.plugin_message_send_integration_response",
            "module.apigateway.aws_api_gateway_integration_response.plugin_message_send_integration_response_400",
            "module.apigateway.aws_api_gateway_integration_response.prohibited_devices_add_integration_response",
            "module.apigateway.aws_api_gateway_integration_response.prohibited_devices_remove_integration_response",
            "module.apigateway.aws_api_gateway_integration_response.sol_device_deviceId_connection_status_integration_response",
            "module.apigateway.aws_api_gateway_integration_response.sol_device_deviceId_shadows_name_integration_response",
            "module.apigateway.aws_api_gateway_integration_response.sol_tickets_groupId_integration_response",
            "module.apigateway.aws_api_gateway_integration_response.sol_tickets_messageId_deviceId_integration_response",
            "module.apigateway.aws_api_gateway_integration_response.sol_tickets_messageId_integration_response",
            "module.apigateway.aws_api_gateway_integration_response.tickets_groupId_integration_response",
            "module.apigateway.aws_api_gateway_integration_response.tickets_messageId_deviceId_integration_response",
            "module.apigateway.aws_api_gateway_integration_response.tickets_messageId_integration_response",
            "module.apigateway.aws_api_gateway_integration_response.tickets_send_integration_response",
            "module.apigateway.aws_api_gateway_integration_response.tickets_send_integration_response_400",
            "module.apigateway.aws_api_gateway_method.get_device_deviceId_connection_status",
            "module.apigateway.aws_api_gateway_method.get_device_deviceId_shadows_name",
            "module.apigateway.aws_api_gateway_method.get_devices_deviceId_connectionStatus",
            "module.apigateway.aws_api_gateway_method.get_sol_tickets_groupId",
            "module.apigateway.aws_api_gateway_method.get_sol_tickets_messageId",
            "module.apigateway.aws_api_gateway_method.get_sol_tickets_messageId_deviceId",
            "module.apigateway.aws_api_gateway_method.get_tickets_groupId",
            "module.apigateway.aws_api_gateway_method.get_tickets_messageId",
            "module.apigateway.aws_api_gateway_method.get_tickets_messageId_deviceId",
            "module.apigateway.aws_api_gateway_method.get_time_server",
            "module.apigateway.aws_api_gateway_method.iwsapp_message_send",
            "module.apigateway.aws_api_gateway_method.plugin_message_send",
            "module.apigateway.aws_api_gateway_method.post_tickets_send",
            "module.apigateway.aws_api_gateway_method.prohibited_devices_add",
            "module.apigateway.aws_api_gateway_method.prohibited_devices_remove",
            "module.apigateway.aws_api_gateway_method_response.devices_deviceId_connectionStatus_method_response",
            "module.apigateway.aws_api_gateway_method_response.iwsapp_message_send_method_response",
            "module.apigateway.aws_api_gateway_method_response.iwsapp_message_send_method_response_400",
            "module.apigateway.aws_api_gateway_method_response.plugin_message_send_method_response",
            "module.apigateway.aws_api_gateway_method_response.plugin_message_send_method_response_400",
            "module.apigateway.aws_api_gateway_method_response.prohibited_devices_add_method_response",
            "module.apigateway.aws_api_gateway_method_response.prohibited_devices_remove_method_response",
            "module.apigateway.aws_api_gateway_method_response.sol_device_deviceId_shadows_name_method_responseId",
            "module.apigateway.aws_api_gateway_method_response.sol_devicedevice_deviceId_connection_status_method_responseId",
            "module.apigateway.aws_api_gateway_method_response.sol_tickets_groupId_method_response",
            "module.apigateway.aws_api_gateway_method_response.sol_tickets_messageId_deviceId_method_response",
            "module.apigateway.aws_api_gateway_method_response.sol_tickets_messageId_method_response",
            "module.apigateway.aws_api_gateway_method_response.tickets_groupId_method_response",
            "module.apigateway.aws_api_gateway_method_response.tickets_messageId_deviceId_method_response",
            "module.apigateway.aws_api_gateway_method_response.tickets_messageId_method_response",
            "module.apigateway.aws_api_gateway_method_response.tickets_send_method_response",
            "module.apigateway.aws_api_gateway_method_response.tickets_send_method_response_400",
            "module.apigateway.aws_api_gateway_method_response.time_server_method_response",
            "module.apigateway.aws_api_gateway_method_settings.mqtt_server_logging",
            "module.apigateway.aws_api_gateway_method_settings.mqtt_server_solution_logging",
            "module.apigateway.aws_api_gateway_method_settings.time_server_logging",
            "module.apigateway.aws_api_gateway_resource.device_deviceId_connection_status",
            "module.apigateway.aws_api_gateway_resource.device_deviceId_shadows",
            "module.apigateway.aws_api_gateway_resource.device_deviceId_shadows_name",
            "module.apigateway.aws_api_gateway_resource.devices",
            "module.apigateway.aws_api_gateway_resource.devices_deviceId",
            "module.apigateway.aws_api_gateway_resource.devices_deviceId_connectionStatus",
            "module.apigateway.aws_api_gateway_resource.iwsapp_message",
            "module.apigateway.aws_api_gateway_resource.iwsapp_message_send",
            "module.apigateway.aws_api_gateway_resource.plugin_message",
            "module.apigateway.aws_api_gateway_resource.plugin_message_send",
            "module.apigateway.aws_api_gateway_resource.prohibited_devices",
            "module.apigateway.aws_api_gateway_resource.prohibited_devices_add",
            "module.apigateway.aws_api_gateway_resource.prohibited_devices_remove",
            "module.apigateway.aws_api_gateway_resource.sol_device_deviceId",
            "module.apigateway.aws_api_gateway_resource.sol_devices",
            "module.apigateway.aws_api_gateway_resource.sol_tickets",
            "module.apigateway.aws_api_gateway_resource.sol_tickets_messageId",
            "module.apigateway.aws_api_gateway_resource.sol_tickets_messageId_deviceId",
            "module.apigateway.aws_api_gateway_resource.tickets",
            "module.apigateway.aws_api_gateway_resource.tickets_messageId",
            "module.apigateway.aws_api_gateway_resource.tickets_messageId_deviceId",
            "module.apigateway.aws_api_gateway_resource.tickets_send",
            "module.apigateway.aws_api_gateway_rest_api.mqtt_server",
            "module.apigateway.aws_api_gateway_rest_api.solution_mqtt_server",
            "module.apigateway.aws_api_gateway_rest_api.time_server",
            "module.apigateway.aws_api_gateway_rest_api_policy.mqtt_server",
            "module.apigateway.aws_api_gateway_stage.mqtt_server_api_stage",
            "module.apigateway.aws_api_gateway_stage.mqtt_server_solution_api_stage",
            "module.apigateway.aws_api_gateway_stage.time_server_api_stage",
            "module.apigateway.aws_cloudwatch_log_group.mqtt_server_logs",
            "module.apigateway.aws_cloudwatch_log_group.mqtt_server_solution_logs",
            "module.apigateway.aws_cloudwatch_log_group.time_server_logs",
            "module.apigateway.aws_lambda_permission.devices_deviceId_connectionStatus_invoke_lambda_permission",
            "module.apigateway.aws_lambda_permission.prohibited_devices_add_invoke_lambda_permission",
            "module.apigateway.aws_lambda_permission.prohibited_devices_remove_invoke_lambda_permission",
            "module.apigateway.aws_lambda_permission.sol_device_deviceId_connection_status_invoke_lambda_permission",
            "module.apigateway.aws_lambda_permission.sol_device_deviceId_shadows_name_invoke_lambda_permission",
            "module.apigateway.aws_lambda_permission.sol_tickets_groupId_invoke_lambda_permission",
            "module.apigateway.aws_lambda_permission.sol_tickets_messageId_deviceId_invoke_lambda_permission",
            "module.apigateway.aws_lambda_permission.sol_tickets_messageId_invoke_lambda_permission",
            "module.apigateway.aws_lambda_permission.tickets_groupId_invoke_lambda_permission",
            "module.apigateway.aws_lambda_permission.tickets_messageId_deviceId_invoke_lambda_permission",
            "module.apigateway.aws_lambda_permission.tickets_messageId_invoke_lambda_permission",
            "module.function.aws_lambda_event_source_mapping.trigger-cert-update",
            "module.function.aws_lambda_event_source_mapping.trigger-send-message",
            "module.function.aws_lambda_function.MQTT-CERT-UPDATE",
            "module.function.aws_lambda_function.MQTT-DEVICE-IOTCORE-ACCESS",
            "module.function.aws_lambda_function.MQTT-DEVICE-IOTCORE-PROHIBIT",
            "module.function.aws_lambda_function.MQTT-DEVICE-PRESENCE-UPDATE",
            "module.function.aws_lambda_function.MQTT-DEVICE-SHADOW-RETRIEVE",
            "module.function.aws_lambda_function.MQTT-DEVICE-STATUS-NOTIFY",
            "module.function.aws_lambda_function.MQTT-DEVICE-STATUS-RETRIEVE",
            "module.function.aws_lambda_function.MQTT-JITR",
            "module.function.aws_lambda_function.MQTT-MSG-STATUS-RETRIEVE",
            "module.function.aws_lambda_function.MQTT-SEND-MESSAGE",
            "module.function.aws_lambda_function.MQTT-TICKET-RESPONSE-UPDATE",
            "module.function.aws_lambda_layer_version.mqtt_common_layer",
            "module.function.data.archive_file.cret_update_zip",
            "module.function.data.archive_file.device_iotcore_access_zip",
            "module.function.data.archive_file.device_iotcore_prohibit_zip",
            "module.function.data.archive_file.device_presence_update_zip",
            "module.function.data.archive_file.device_shadow_retrieve_zip",
            "module.function.data.archive_file.device_status_notify_zip",
            "module.function.data.archive_file.device_status_retrieve_zip",
            "module.function.data.archive_file.mqtt_common_layer_zip",
            "module.function.data.archive_file.mqtt_jitr_zip",
            "module.function.data.archive_file.msg_status_retrieve_zip",
            "module.function.data.archive_file.send_message_zip",
            "module.function.data.archive_file.ticket_response_update_zip",
            "module.function.null_resource.cleanup_cert_update_zip",
            "module.function.null_resource.cleanup_common_layer_zip",
            "module.function.null_resource.cleanup_device_iotcore_zip",
            "module.function.null_resource.cleanup_device_presence_zip",
            "module.function.null_resource.cleanup_device_prohibit_zip",
            "module.function.null_resource.cleanup_device_shadow_zip",
            "module.function.null_resource.cleanup_device_status_zip",
            "module.function.null_resource.cleanup_mqtt_jitr_zip",
            "module.function.null_resource.cleanup_send_message_zip",
            "module.function.null_resource.cleanup_status_notify_zip",
            "module.function.null_resource.cleanup_status_retrieve_zip",
            "module.function.null_resource.cleanup_ticket_response_zip",
            "module.iot.aws_iot_ca_certificate.ca_certificate",
            "module.iot.aws_iot_ca_certificate.ca_certificate_fourth",
            "module.iot.aws_iot_ca_certificate.ca_certificate_second",
            "module.iot.aws_iot_ca_certificate.ca_certificate_third",
            "module.iot.aws_iot_domain_configuration.iot_custom_domain",
            "module.iot.aws_iot_logging_options.iot_logs",
            "module.iot.aws_iot_policy.iot_access_policy",
            "module.iot.aws_iot_topic_rule.device_auto_register",
            "module.iot.aws_iot_topic_rule.device_presence_data_update_history_table",
            "module.iot.aws_iot_topic_rule.device_presence_latest_update",
            "module.iot.aws_iot_topic_rule.device_shadow_data_update",
            "module.iot.aws_iot_topic_rule.device_ticket_response_update",
            "module.iot.aws_lambda_permission.device_presence_update_invocation",
            "module.iot.aws_lambda_permission.device_ticket_response_update_invocation",
            "module.iot.aws_lambda_permission.jitr_invocation",
            "module.route53.data.aws_route53_zone.iot_zone",
            "module.sns.aws_sns_topic.iot_rule_errors",
            "module.sqs.aws_sqs_queue.cert_update_notify",
            "module.sqs.aws_sqs_queue.presence_data_notify",
            "module.sqs.aws_sqs_queue.ticket_notify",
            "module.sqs.aws_sqs_queue_policy.policy_cert_update_notify",
            "module.sqs.aws_sqs_queue_policy.policy_ticket_notify",
            "module.sqs.aws_sqs_queue_policy.presence_data_notify"
          ]
        }
      ]
    },
    {
      "module": "module.route53",
      "mode": "managed",
      "type": "aws_route53_record",
      "name": "api_solution_custom_domain_record_ipv4",
      "provider": "provider[\"registry.terraform.io/hashicorp/aws\"]",
      "instances": [
        {
          "schema_version": 2,
          "attributes": {
            "alias": [
              {
                "evaluate_target_health": false,
                "name": "d-w1q0ppgl7d.execute-api.ap-northeast-1.amazonaws.com",
                "zone_id": "Z1YSHQZHG15GKL"
              }
            ],
            "allow_overwrite": null,
            "cidr_routing_policy": [],
            "failover_routing_policy": [],
            "fqdn": "mqtt-solution-server-jp.bt-fulltime-connect-dev.konicaminolta.jp",
            "geolocation_routing_policy": [],
            "geoproximity_routing_policy": [],
            "health_check_id": "",
            "id": "Z03965648WATHJE2403Z_mqtt-solution-server-jp.bt-fulltime-connect-dev.konicaminolta.jp_A",
            "latency_routing_policy": [],
            "multivalue_answer_routing_policy": false,
            "name": "mqtt-solution-server-jp.bt-fulltime-connect-dev.konicaminolta.jp",
            "records": null,
            "set_identifier": "",
            "timeouts": null,
            "ttl": 0,
            "type": "A",
            "weighted_routing_policy": [],
            "zone_id": "Z03965648WATHJE2403Z"
          },
          "sensitive_attributes": [],
          "identity_schema_version": 0,
          "identity": {
            "account_id": "277403262470",
            "name": "mqtt-solution-server-jp.bt-fulltime-connect-dev.konicaminolta.jp",
            "set_identifier": null,
            "type": "A",
            "zone_id": "Z03965648WATHJE2403Z"
          },
          "private": "eyJlMmJmYjczMC1lY2FhLTExZTYtOGY4OC0zNDM2M2JjN2M0YzAiOnsiY3JlYXRlIjoxODAwMDAwMDAwMDAwLCJkZWxldGUiOjE4MDAwMDAwMDAwMDAsInVwZGF0ZSI6MTgwMDAwMDAwMDAwMH0sInNjaGVtYV92ZXJzaW9uIjoiMiJ9",
          "dependencies": [
            "data.aws_caller_identity.current",
            "module.apigateway.aws_api_gateway_account.mqtt_server_api_account",
            "module.apigateway.aws_api_gateway_account.mqtt_server_solution_api_account",
            "module.apigateway.aws_api_gateway_account.time_server_api_account",
            "module.apigateway.aws_api_gateway_base_path_mapping.api_custom_domain_mapping",
            "module.apigateway.aws_api_gateway_base_path_mapping.api_time_server_custom_domain_mapping",
            "module.apigateway.aws_api_gateway_base_path_mapping.sol_api_custom_domain_mapping",
            "module.apigateway.aws_api_gateway_deployment.mqtt_server_api_deployment",
            "module.apigateway.aws_api_gateway_deployment.mqtt_server_sol_api_deployment",
            "module.apigateway.aws_api_gateway_deployment.time_server_api_deployment",
            "module.apigateway.aws_api_gateway_domain_name.api_custom_domain",
            "module.apigateway.aws_api_gateway_domain_name.api_sol_custom_domain",
            "module.apigateway.aws_api_gateway_domain_name.api_time_server_custom_domain",
            "module.apigateway.aws_api_gateway_gateway_response.default_5xx",
            "module.apigateway.aws_api_gateway_gateway_response.default_5xx_mqtt_server",
            "module.apigateway.aws_api_gateway_gateway_response.default_5xx_solution_server",
            "module.apigateway.aws_api_gateway_integration.device_deviceId_shadows_name_lambda_integration",
            "module.apigateway.aws_api_gateway_integration.devices_deviceId_connectionStatus_lambda_integration",
            "module.apigateway.aws_api_gateway_integration.get_time_server_integration",
            "module.apigateway.aws_api_gateway_integration.iwsapp_message_send_sqs_integration",
            "module.apigateway.aws_api_gateway_integration.plugin_message_send_sqs_integration",
            "module.apigateway.aws_api_gateway_integration.prohibited_devices_add_lambda_integration",
            "module.apigateway.aws_api_gateway_integration.prohibited_devices_remove_lambda_integration",
            "module.apigateway.aws_api_gateway_integration.sol_device_deviceId_connection_status_lambda_integration",
            "module.apigateway.aws_api_gateway_integration.sol_tickets_groupId_lambda_integration",
            "module.apigateway.aws_api_gateway_integration.sol_tickets_messageId_deviceId_lambda_integration",
            "module.apigateway.aws_api_gateway_integration.sol_tickets_messageId_lambda_integration",
            "module.apigateway.aws_api_gateway_integration.tickets_groupId_lambda_integration",
            "module.apigateway.aws_api_gateway_integration.tickets_messageId_deviceId_lambda_integration",
            "module.apigateway.aws_api_gateway_integration.tickets_messageId_lambda_integration",
            "module.apigateway.aws_api_gateway_integration.tickets_send_sqs_integration",
            "module.apigateway.aws_api_gateway_integration_response.devices_deviceId_connectionStatus_integration_response",
            "module.apigateway.aws_api_gateway_integration_response.get_time_server_response",
            "module.apigateway.aws_api_gateway_integration_response.iwsapp_message_send_integration_response",
            "module.apigateway.aws_api_gateway_integration_response.iwsapp_message_send_integration_response_400",
            "module.apigateway.aws_api_gateway_integration_response.plugin_message_send_integration_response",
            "module.apigateway.aws_api_gateway_integration_response.plugin_message_send_integration_response_400",
            "module.apigateway.aws_api_gateway_integration_response.prohibited_devices_add_integration_response",
            "module.apigateway.aws_api_gateway_integration_response.prohibited_devices_remove_integration_response",
            "module.apigateway.aws_api_gateway_integration_response.sol_device_deviceId_connection_status_integration_response",
            "module.apigateway.aws_api_gateway_integration_response.sol_device_deviceId_shadows_name_integration_response",
            "module.apigateway.aws_api_gateway_integration_response.sol_tickets_groupId_integration_response",
            "module.apigateway.aws_api_gateway_integration_response.sol_tickets_messageId_deviceId_integration_response",
            "module.apigateway.aws_api_gateway_integration_response.sol_tickets_messageId_integration_response",
            "module.apigateway.aws_api_gateway_integration_response.tickets_groupId_integration_response",
            "module.apigateway.aws_api_gateway_integration_response.tickets_messageId_deviceId_integration_response",
            "module.apigateway.aws_api_gateway_integration_response.tickets_messageId_integration_response",
            "module.apigateway.aws_api_gateway_integration_response.tickets_send_integration_response",
            "module.apigateway.aws_api_gateway_integration_response.tickets_send_integration_response_400",
            "module.apigateway.aws_api_gateway_method.get_device_deviceId_connection_status",
            "module.apigateway.aws_api_gateway_method.get_device_deviceId_shadows_name",
            "module.apigateway.aws_api_gateway_method.get_devices_deviceId_connectionStatus",
            "module.apigateway.aws_api_gateway_method.get_sol_tickets_groupId",
            "module.apigateway.aws_api_gateway_method.get_sol_tickets_messageId",
            "module.apigateway.aws_api_gateway_method.get_sol_tickets_messageId_deviceId",
            "module.apigateway.aws_api_gateway_method.get_tickets_groupId",
            "module.apigateway.aws_api_gateway_method.get_tickets_messageId",
            "module.apigateway.aws_api_gateway_method.get_tickets_messageId_deviceId",
            "module.apigateway.aws_api_gateway_method.get_time_server",
            "module.apigateway.aws_api_gateway_method.iwsapp_message_send",
            "module.apigateway.aws_api_gateway_method.plugin_message_send",
            "module.apigateway.aws_api_gateway_method.post_tickets_send",
            "module.apigateway.aws_api_gateway_method.prohibited_devices_add",
            "module.apigateway.aws_api_gateway_method.prohibited_devices_remove",
            "module.apigateway.aws_api_gateway_method_response.devices_deviceId_connectionStatus_method_response",
            "module.apigateway.aws_api_gateway_method_response.iwsapp_message_send_method_response",
            "module.apigateway.aws_api_gateway_method_response.iwsapp_message_send_method_response_400",
            "module.apigateway.aws_api_gateway_method_response.plugin_message_send_method_response",
            "module.apigateway.aws_api_gateway_method_response.plugin_message_send_method_response_400",
            "module.apigateway.aws_api_gateway_method_response.prohibited_devices_add_method_response",
            "module.apigateway.aws_api_gateway_method_response.prohibited_devices_remove_method_response",
            "module.apigateway.aws_api_gateway_method_response.sol_device_deviceId_shadows_name_method_responseId",
            "module.apigateway.aws_api_gateway_method_response.sol_devicedevice_deviceId_connection_status_method_responseId",
            "module.apigateway.aws_api_gateway_method_response.sol_tickets_groupId_method_response",
            "module.apigateway.aws_api_gateway_method_response.sol_tickets_messageId_deviceId_method_response",
            "module.apigateway.aws_api_gateway_method_response.sol_tickets_messageId_method_response",
            "module.apigateway.aws_api_gateway_method_response.tickets_groupId_method_response",
            "module.apigateway.aws_api_gateway_method_response.tickets_messageId_deviceId_method_response",
            "module.apigateway.aws_api_gateway_method_response.tickets_messageId_method_response",
            "module.apigateway.aws_api_gateway_method_response.tickets_send_method_response",
            "module.apigateway.aws_api_gateway_method_response.tickets_send_method_response_400",
            "module.apigateway.aws_api_gateway_method_response.time_server_method_response",
            "module.apigateway.aws_api_gateway_method_settings.mqtt_server_logging",
            "module.apigateway.aws_api_gateway_method_settings.mqtt_server_solution_logging",
            "module.apigateway.aws_api_gateway_method_settings.time_server_logging",
            "module.apigateway.aws_api_gateway_resource.device_deviceId_connection_status",
            "module.apigateway.aws_api_gateway_resource.device_deviceId_shadows",
            "module.apigateway.aws_api_gateway_resource.device_deviceId_shadows_name",
            "module.apigateway.aws_api_gateway_resource.devices",
            "module.apigateway.aws_api_gateway_resource.devices_deviceId",
            "module.apigateway.aws_api_gateway_resource.devices_deviceId_connectionStatus",
            "module.apigateway.aws_api_gateway_resource.iwsapp_message",
            "module.apigateway.aws_api_gateway_resource.iwsapp_message_send",
            "module.apigateway.aws_api_gateway_resource.plugin_message",
            "module.apigateway.aws_api_gateway_resource.plugin_message_send",
            "module.apigateway.aws_api_gateway_resource.prohibited_devices",
            "module.apigateway.aws_api_gateway_resource.prohibited_devices_add",
            "module.apigateway.aws_api_gateway_resource.prohibited_devices_remove",
            "module.apigateway.aws_api_gateway_resource.sol_device_deviceId",
            "module.apigateway.aws_api_gateway_resource.sol_devices",
            "module.apigateway.aws_api_gateway_resource.sol_tickets",
            "module.apigateway.aws_api_gateway_resource.sol_tickets_messageId",
            "module.apigateway.aws_api_gateway_resource.sol_tickets_messageId_deviceId",
            "module.apigateway.aws_api_gateway_resource.tickets",
            "module.apigateway.aws_api_gateway_resource.tickets_messageId",
            "module.apigateway.aws_api_gateway_resource.tickets_messageId_deviceId",
            "module.apigateway.aws_api_gateway_resource.tickets_send",
            "module.apigateway.aws_api_gateway_rest_api.mqtt_server",
            "module.apigateway.aws_api_gateway_rest_api.solution_mqtt_server",
            "module.apigateway.aws_api_gateway_rest_api.time_server",
            "module.apigateway.aws_api_gateway_rest_api_policy.mqtt_server",
            "module.apigateway.aws_api_gateway_stage.mqtt_server_api_stage",
            "module.apigateway.aws_api_gateway_stage.mqtt_server_solution_api_stage",
            "module.apigateway.aws_api_gateway_stage.time_server_api_stage",
            "module.apigateway.aws_cloudwatch_log_group.mqtt_server_logs",
            "module.apigateway.aws_cloudwatch_log_group.mqtt_server_solution_logs",
            "module.apigateway.aws_cloudwatch_log_group.time_server_logs",
            "module.apigateway.aws_lambda_permission.devices_deviceId_connectionStatus_invoke_lambda_permission",
            "module.apigateway.aws_lambda_permission.prohibited_devices_add_invoke_lambda_permission",
            "module.apigateway.aws_lambda_permission.prohibited_devices_remove_invoke_lambda_permission",
            "module.apigateway.aws_lambda_permission.sol_device_deviceId_connection_status_invoke_lambda_permission",
            "module.apigateway.aws_lambda_permission.sol_device_deviceId_shadows_name_invoke_lambda_permission",
            "module.apigateway.aws_lambda_permission.sol_tickets_groupId_invoke_lambda_permission",
            "module.apigateway.aws_lambda_permission.sol_tickets_messageId_deviceId_invoke_lambda_permission",
            "module.apigateway.aws_lambda_permission.sol_tickets_messageId_invoke_lambda_permission",
            "module.apigateway.aws_lambda_permission.tickets_groupId_invoke_lambda_permission",
            "module.apigateway.aws_lambda_permission.tickets_messageId_deviceId_invoke_lambda_permission",
            "module.apigateway.aws_lambda_permission.tickets_messageId_invoke_lambda_permission",
            "module.function.aws_lambda_event_source_mapping.trigger-cert-update",
            "module.function.aws_lambda_event_source_mapping.trigger-send-message",
            "module.function.aws_lambda_function.MQTT-CERT-UPDATE",
            "module.function.aws_lambda_function.MQTT-DEVICE-IOTCORE-ACCESS",
            "module.function.aws_lambda_function.MQTT-DEVICE-IOTCORE-PROHIBIT",
            "module.function.aws_lambda_function.MQTT-DEVICE-PRESENCE-UPDATE",
            "module.function.aws_lambda_function.MQTT-DEVICE-SHADOW-RETRIEVE",
            "module.function.aws_lambda_function.MQTT-DEVICE-STATUS-NOTIFY",
            "module.function.aws_lambda_function.MQTT-DEVICE-STATUS-RETRIEVE",
            "module.function.aws_lambda_function.MQTT-JITR",
            "module.function.aws_lambda_function.MQTT-MSG-STATUS-RETRIEVE",
            "module.function.aws_lambda_function.MQTT-SEND-MESSAGE",
            "module.function.aws_lambda_function.MQTT-TICKET-RESPONSE-UPDATE",
            "module.function.aws_lambda_layer_version.mqtt_common_layer",
            "module.function.data.archive_file.cret_update_zip",
            "module.function.data.archive_file.device_iotcore_access_zip",
            "module.function.data.archive_file.device_iotcore_prohibit_zip",
            "module.function.data.archive_file.device_presence_update_zip",
            "module.function.data.archive_file.device_shadow_retrieve_zip",
            "module.function.data.archive_file.device_status_notify_zip",
            "module.function.data.archive_file.device_status_retrieve_zip",
            "module.function.data.archive_file.mqtt_common_layer_zip",
            "module.function.data.archive_file.mqtt_jitr_zip",
            "module.function.data.archive_file.msg_status_retrieve_zip",
            "module.function.data.archive_file.send_message_zip",
            "module.function.data.archive_file.ticket_response_update_zip",
            "module.function.null_resource.cleanup_cert_update_zip",
            "module.function.null_resource.cleanup_common_layer_zip",
            "module.function.null_resource.cleanup_device_iotcore_zip",
            "module.function.null_resource.cleanup_device_presence_zip",
            "module.function.null_resource.cleanup_device_prohibit_zip",
            "module.function.null_resource.cleanup_device_shadow_zip",
            "module.function.null_resource.cleanup_device_status_zip",
            "module.function.null_resource.cleanup_mqtt_jitr_zip",
            "module.function.null_resource.cleanup_send_message_zip",
            "module.function.null_resource.cleanup_status_notify_zip",
            "module.function.null_resource.cleanup_status_retrieve_zip",
            "module.function.null_resource.cleanup_ticket_response_zip",
            "module.iot.aws_iot_ca_certificate.ca_certificate",
            "module.iot.aws_iot_ca_certificate.ca_certificate_fourth",
            "module.iot.aws_iot_ca_certificate.ca_certificate_second",
            "module.iot.aws_iot_ca_certificate.ca_certificate_third",
            "module.iot.aws_iot_domain_configuration.iot_custom_domain",
            "module.iot.aws_iot_logging_options.iot_logs",
            "module.iot.aws_iot_policy.iot_access_policy",
            "module.iot.aws_iot_topic_rule.device_auto_register",
            "module.iot.aws_iot_topic_rule.device_presence_data_update_history_table",
            "module.iot.aws_iot_topic_rule.device_presence_latest_update",
            "module.iot.aws_iot_topic_rule.device_shadow_data_update",
            "module.iot.aws_iot_topic_rule.device_ticket_response_update",
            "module.iot.aws_lambda_permission.device_presence_update_invocation",
            "module.iot.aws_lambda_permission.device_ticket_response_update_invocation",
            "module.iot.aws_lambda_permission.jitr_invocation",
            "module.route53.data.aws_route53_zone.api_zone",
            "module.sns.aws_sns_topic.iot_rule_errors",
            "module.sqs.aws_sqs_queue.cert_update_notify",
            "module.sqs.aws_sqs_queue.presence_data_notify",
            "module.sqs.aws_sqs_queue.ticket_notify",
            "module.sqs.aws_sqs_queue_policy.policy_cert_update_notify",
            "module.sqs.aws_sqs_queue_policy.policy_ticket_notify",
            "module.sqs.aws_sqs_queue_policy.presence_data_notify"
          ]
        }
      ]
    },
    {
      "module": "module.route53",
      "mode": "managed",
      "type": "aws_route53_record",
      "name": "api_solution_custom_domain_record_ipv6",
      "provider": "provider[\"registry.terraform.io/hashicorp/aws\"]",
      "instances": [
        {
          "schema_version": 2,
          "attributes": {
            "alias": [
              {
                "evaluate_target_health": false,
                "name": "d-w1q0ppgl7d.execute-api.ap-northeast-1.amazonaws.com",
                "zone_id": "Z1YSHQZHG15GKL"
              }
            ],
            "allow_overwrite": null,
            "cidr_routing_policy": [],
            "failover_routing_policy": [],
            "fqdn": "mqtt-solution-server-jp.bt-fulltime-connect-dev.konicaminolta.jp",
            "geolocation_routing_policy": [],
            "geoproximity_routing_policy": [],
            "health_check_id": "",
            "id": "Z03965648WATHJE2403Z_mqtt-solution-server-jp.bt-fulltime-connect-dev.konicaminolta.jp_AAAA",
            "latency_routing_policy": [],
            "multivalue_answer_routing_policy": false,
            "name": "mqtt-solution-server-jp.bt-fulltime-connect-dev.konicaminolta.jp",
            "records": null,
            "set_identifier": "",
            "timeouts": null,
            "ttl": 0,
            "type": "AAAA",
            "weighted_routing_policy": [],
            "zone_id": "Z03965648WATHJE2403Z"
          },
          "sensitive_attributes": [],
          "identity_schema_version": 0,
          "identity": {
            "account_id": "277403262470",
            "name": "mqtt-solution-server-jp.bt-fulltime-connect-dev.konicaminolta.jp",
            "set_identifier": null,
            "type": "AAAA",
            "zone_id": "Z03965648WATHJE2403Z"
          },
          "private": "eyJlMmJmYjczMC1lY2FhLTExZTYtOGY4OC0zNDM2M2JjN2M0YzAiOnsiY3JlYXRlIjoxODAwMDAwMDAwMDAwLCJkZWxldGUiOjE4MDAwMDAwMDAwMDAsInVwZGF0ZSI6MTgwMDAwMDAwMDAwMH0sInNjaGVtYV92ZXJzaW9uIjoiMiJ9",
          "dependencies": [
            "data.aws_caller_identity.current",
            "module.apigateway.aws_api_gateway_account.mqtt_server_api_account",
            "module.apigateway.aws_api_gateway_account.mqtt_server_solution_api_account",
            "module.apigateway.aws_api_gateway_account.time_server_api_account",
            "module.apigateway.aws_api_gateway_base_path_mapping.api_custom_domain_mapping",
            "module.apigateway.aws_api_gateway_base_path_mapping.api_time_server_custom_domain_mapping",
            "module.apigateway.aws_api_gateway_base_path_mapping.sol_api_custom_domain_mapping",
            "module.apigateway.aws_api_gateway_deployment.mqtt_server_api_deployment",
            "module.apigateway.aws_api_gateway_deployment.mqtt_server_sol_api_deployment",
            "module.apigateway.aws_api_gateway_deployment.time_server_api_deployment",
            "module.apigateway.aws_api_gateway_domain_name.api_custom_domain",
            "module.apigateway.aws_api_gateway_domain_name.api_sol_custom_domain",
            "module.apigateway.aws_api_gateway_domain_name.api_time_server_custom_domain",
            "module.apigateway.aws_api_gateway_gateway_response.default_5xx",
            "module.apigateway.aws_api_gateway_gateway_response.default_5xx_mqtt_server",
            "module.apigateway.aws_api_gateway_gateway_response.default_5xx_solution_server",
            "module.apigateway.aws_api_gateway_integration.device_deviceId_shadows_name_lambda_integration",
            "module.apigateway.aws_api_gateway_integration.devices_deviceId_connectionStatus_lambda_integration",
            "module.apigateway.aws_api_gateway_integration.get_time_server_integration",
            "module.apigateway.aws_api_gateway_integration.iwsapp_message_send_sqs_integration",
            "module.apigateway.aws_api_gateway_integration.plugin_message_send_sqs_integration",
            "module.apigateway.aws_api_gateway_integration.prohibited_devices_add_lambda_integration",
            "module.apigateway.aws_api_gateway_integration.prohibited_devices_remove_lambda_integration",
            "module.apigateway.aws_api_gateway_integration.sol_device_deviceId_connection_status_lambda_integration",
            "module.apigateway.aws_api_gateway_integration.sol_tickets_groupId_lambda_integration",
            "module.apigateway.aws_api_gateway_integration.sol_tickets_messageId_deviceId_lambda_integration",
            "module.apigateway.aws_api_gateway_integration.sol_tickets_messageId_lambda_integration",
            "module.apigateway.aws_api_gateway_integration.tickets_groupId_lambda_integration",
            "module.apigateway.aws_api_gateway_integration.tickets_messageId_deviceId_lambda_integration",
            "module.apigateway.aws_api_gateway_integration.tickets_messageId_lambda_integration",
            "module.apigateway.aws_api_gateway_integration.tickets_send_sqs_integration",
            "module.apigateway.aws_api_gateway_integration_response.devices_deviceId_connectionStatus_integration_response",
            "module.apigateway.aws_api_gateway_integration_response.get_time_server_response",
            "module.apigateway.aws_api_gateway_integration_response.iwsapp_message_send_integration_response",
            "module.apigateway.aws_api_gateway_integration_response.iwsapp_message_send_integration_response_400",
            "module.apigateway.aws_api_gateway_integration_response.plugin_message_send_integration_response",
            "module.apigateway.aws_api_gateway_integration_response.plugin_message_send_integration_response_400",
            "module.apigateway.aws_api_gateway_integration_response.prohibited_devices_add_integration_response",
            "module.apigateway.aws_api_gateway_integration_response.prohibited_devices_remove_integration_response",
            "module.apigateway.aws_api_gateway_integration_response.sol_device_deviceId_connection_status_integration_response",
            "module.apigateway.aws_api_gateway_integration_response.sol_device_deviceId_shadows_name_integration_response",
            "module.apigateway.aws_api_gateway_integration_response.sol_tickets_groupId_integration_response",
            "module.apigateway.aws_api_gateway_integration_response.sol_tickets_messageId_deviceId_integration_response",
            "module.apigateway.aws_api_gateway_integration_response.sol_tickets_messageId_integration_response",
            "module.apigateway.aws_api_gateway_integration_response.tickets_groupId_integration_response",
            "module.apigateway.aws_api_gateway_integration_response.tickets_messageId_deviceId_integration_response",
            "module.apigateway.aws_api_gateway_integration_response.tickets_messageId_integration_response",
            "module.apigateway.aws_api_gateway_integration_response.tickets_send_integration_response",
            "module.apigateway.aws_api_gateway_integration_response.tickets_send_integration_response_400",
            "module.apigateway.aws_api_gateway_method.get_device_deviceId_connection_status",
            "module.apigateway.aws_api_gateway_method.get_device_deviceId_shadows_name",
            "module.apigateway.aws_api_gateway_method.get_devices_deviceId_connectionStatus",
            "module.apigateway.aws_api_gateway_method.get_sol_tickets_groupId",
            "module.apigateway.aws_api_gateway_method.get_sol_tickets_messageId",
            "module.apigateway.aws_api_gateway_method.get_sol_tickets_messageId_deviceId",
            "module.apigateway.aws_api_gateway_method.get_tickets_groupId",
            "module.apigateway.aws_api_gateway_method.get_tickets_messageId",
            "module.apigateway.aws_api_gateway_method.get_tickets_messageId_deviceId",
            "module.apigateway.aws_api_gateway_method.get_time_server",
            "module.apigateway.aws_api_gateway_method.iwsapp_message_send",
            "module.apigateway.aws_api_gateway_method.plugin_message_send",
            "module.apigateway.aws_api_gateway_method.post_tickets_send",
            "module.apigateway.aws_api_gateway_method.prohibited_devices_add",
            "module.apigateway.aws_api_gateway_method.prohibited_devices_remove",
            "module.apigateway.aws_api_gateway_method_response.devices_deviceId_connectionStatus_method_response",
            "module.apigateway.aws_api_gateway_method_response.iwsapp_message_send_method_response",
            "module.apigateway.aws_api_gateway_method_response.iwsapp_message_send_method_response_400",
            "module.apigateway.aws_api_gateway_method_response.plugin_message_send_method_response",
            "module.apigateway.aws_api_gateway_method_response.plugin_message_send_method_response_400",
            "module.apigateway.aws_api_gateway_method_response.prohibited_devices_add_method_response",
            "module.apigateway.aws_api_gateway_method_response.prohibited_devices_remove_method_response",
            "module.apigateway.aws_api_gateway_method_response.sol_device_deviceId_shadows_name_method_responseId",
            "module.apigateway.aws_api_gateway_method_response.sol_devicedevice_deviceId_connection_status_method_responseId",
            "module.apigateway.aws_api_gateway_method_response.sol_tickets_groupId_method_response",
            "module.apigateway.aws_api_gateway_method_response.sol_tickets_messageId_deviceId_method_response",
            "module.apigateway.aws_api_gateway_method_response.sol_tickets_messageId_method_response",
            "module.apigateway.aws_api_gateway_method_response.tickets_groupId_method_response",
            "module.apigateway.aws_api_gateway_method_response.tickets_messageId_deviceId_method_response",
            "module.apigateway.aws_api_gateway_method_response.tickets_messageId_method_response",
            "module.apigateway.aws_api_gateway_method_response.tickets_send_method_response",
            "module.apigateway.aws_api_gateway_method_response.tickets_send_method_response_400",
            "module.apigateway.aws_api_gateway_method_response.time_server_method_response",
            "module.apigateway.aws_api_gateway_method_settings.mqtt_server_logging",
            "module.apigateway.aws_api_gateway_method_settings.mqtt_server_solution_logging",
            "module.apigateway.aws_api_gateway_method_settings.time_server_logging",
            "module.apigateway.aws_api_gateway_resource.device_deviceId_connection_status",
            "module.apigateway.aws_api_gateway_resource.device_deviceId_shadows",
            "module.apigateway.aws_api_gateway_resource.device_deviceId_shadows_name",
            "module.apigateway.aws_api_gateway_resource.devices",
            "module.apigateway.aws_api_gateway_resource.devices_deviceId",
            "module.apigateway.aws_api_gateway_resource.devices_deviceId_connectionStatus",
            "module.apigateway.aws_api_gateway_resource.iwsapp_message",
            "module.apigateway.aws_api_gateway_resource.iwsapp_message_send",
            "module.apigateway.aws_api_gateway_resource.plugin_message",
            "module.apigateway.aws_api_gateway_resource.plugin_message_send",
            "module.apigateway.aws_api_gateway_resource.prohibited_devices",
            "module.apigateway.aws_api_gateway_resource.prohibited_devices_add",
            "module.apigateway.aws_api_gateway_resource.prohibited_devices_remove",
            "module.apigateway.aws_api_gateway_resource.sol_device_deviceId",
            "module.apigateway.aws_api_gateway_resource.sol_devices",
            "module.apigateway.aws_api_gateway_resource.sol_tickets",
            "module.apigateway.aws_api_gateway_resource.sol_tickets_messageId",
            "module.apigateway.aws_api_gateway_resource.sol_tickets_messageId_deviceId",
            "module.apigateway.aws_api_gateway_resource.tickets",
            "module.apigateway.aws_api_gateway_resource.tickets_messageId",
            "module.apigateway.aws_api_gateway_resource.tickets_messageId_deviceId",
            "module.apigateway.aws_api_gateway_resource.tickets_send",
            "module.apigateway.aws_api_gateway_rest_api.mqtt_server",
            "module.apigateway.aws_api_gateway_rest_api.solution_mqtt_server",
            "module.apigateway.aws_api_gateway_rest_api.time_server",
            "module.apigateway.aws_api_gateway_rest_api_policy.mqtt_server",
            "module.apigateway.aws_api_gateway_stage.mqtt_server_api_stage",
            "module.apigateway.aws_api_gateway_stage.mqtt_server_solution_api_stage",
            "module.apigateway.aws_api_gateway_stage.time_server_api_stage",
            "module.apigateway.aws_cloudwatch_log_group.mqtt_server_logs",
            "module.apigateway.aws_cloudwatch_log_group.mqtt_server_solution_logs",
            "module.apigateway.aws_cloudwatch_log_group.time_server_logs",
            "module.apigateway.aws_lambda_permission.devices_deviceId_connectionStatus_invoke_lambda_permission",
            "module.apigateway.aws_lambda_permission.prohibited_devices_add_invoke_lambda_permission",
            "module.apigateway.aws_lambda_permission.prohibited_devices_remove_invoke_lambda_permission",
            "module.apigateway.aws_lambda_permission.sol_device_deviceId_connection_status_invoke_lambda_permission",
            "module.apigateway.aws_lambda_permission.sol_device_deviceId_shadows_name_invoke_lambda_permission",
            "module.apigateway.aws_lambda_permission.sol_tickets_groupId_invoke_lambda_permission",
            "module.apigateway.aws_lambda_permission.sol_tickets_messageId_deviceId_invoke_lambda_permission",
            "module.apigateway.aws_lambda_permission.sol_tickets_messageId_invoke_lambda_permission",
            "module.apigateway.aws_lambda_permission.tickets_groupId_invoke_lambda_permission",
            "module.apigateway.aws_lambda_permission.tickets_messageId_deviceId_invoke_lambda_permission",
            "module.apigateway.aws_lambda_permission.tickets_messageId_invoke_lambda_permission",
            "module.function.aws_lambda_event_source_mapping.trigger-cert-update",
            "module.function.aws_lambda_event_source_mapping.trigger-send-message",
            "module.function.aws_lambda_function.MQTT-CERT-UPDATE",
            "module.function.aws_lambda_function.MQTT-DEVICE-IOTCORE-ACCESS",
            "module.function.aws_lambda_function.MQTT-DEVICE-IOTCORE-PROHIBIT",
            "module.function.aws_lambda_function.MQTT-DEVICE-PRESENCE-UPDATE",
            "module.function.aws_lambda_function.MQTT-DEVICE-SHADOW-RETRIEVE",
            "module.function.aws_lambda_function.MQTT-DEVICE-STATUS-NOTIFY",
            "module.function.aws_lambda_function.MQTT-DEVICE-STATUS-RETRIEVE",
            "module.function.aws_lambda_function.MQTT-JITR",
            "module.function.aws_lambda_function.MQTT-MSG-STATUS-RETRIEVE",
            "module.function.aws_lambda_function.MQTT-SEND-MESSAGE",
            "module.function.aws_lambda_function.MQTT-TICKET-RESPONSE-UPDATE",
            "module.function.aws_lambda_layer_version.mqtt_common_layer",
            "module.function.data.archive_file.cret_update_zip",
            "module.function.data.archive_file.device_iotcore_access_zip",
            "module.function.data.archive_file.device_iotcore_prohibit_zip",
            "module.function.data.archive_file.device_presence_update_zip",
            "module.function.data.archive_file.device_shadow_retrieve_zip",
            "module.function.data.archive_file.device_status_notify_zip",
            "module.function.data.archive_file.device_status_retrieve_zip",
            "module.function.data.archive_file.mqtt_common_layer_zip",
            "module.function.data.archive_file.mqtt_jitr_zip",
            "module.function.data.archive_file.msg_status_retrieve_zip",
            "module.function.data.archive_file.send_message_zip",
            "module.function.data.archive_file.ticket_response_update_zip",
            "module.function.null_resource.cleanup_cert_update_zip",
            "module.function.null_resource.cleanup_common_layer_zip",
            "module.function.null_resource.cleanup_device_iotcore_zip",
            "module.function.null_resource.cleanup_device_presence_zip",
            "module.function.null_resource.cleanup_device_prohibit_zip",
            "module.function.null_resource.cleanup_device_shadow_zip",
            "module.function.null_resource.cleanup_device_status_zip",
            "module.function.null_resource.cleanup_mqtt_jitr_zip",
            "module.function.null_resource.cleanup_send_message_zip",
            "module.function.null_resource.cleanup_status_notify_zip",
            "module.function.null_resource.cleanup_status_retrieve_zip",
            "module.function.null_resource.cleanup_ticket_response_zip",
            "module.iot.aws_iot_ca_certificate.ca_certificate",
            "module.iot.aws_iot_ca_certificate.ca_certificate_fourth",
            "module.iot.aws_iot_ca_certificate.ca_certificate_second",
            "module.iot.aws_iot_ca_certificate.ca_certificate_third",
            "module.iot.aws_iot_domain_configuration.iot_custom_domain",
            "module.iot.aws_iot_logging_options.iot_logs",
            "module.iot.aws_iot_policy.iot_access_policy",
            "module.iot.aws_iot_topic_rule.device_auto_register",
            "module.iot.aws_iot_topic_rule.device_presence_data_update_history_table",
            "module.iot.aws_iot_topic_rule.device_presence_latest_update",
            "module.iot.aws_iot_topic_rule.device_shadow_data_update",
            "module.iot.aws_iot_topic_rule.device_ticket_response_update",
            "module.iot.aws_lambda_permission.device_presence_update_invocation",
            "module.iot.aws_lambda_permission.device_ticket_response_update_invocation",
            "module.iot.aws_lambda_permission.jitr_invocation",
            "module.route53.data.aws_route53_zone.api_zone",
            "module.sns.aws_sns_topic.iot_rule_errors",
            "module.sqs.aws_sqs_queue.cert_update_notify",
            "module.sqs.aws_sqs_queue.presence_data_notify",
            "module.sqs.aws_sqs_queue.ticket_notify",
            "module.sqs.aws_sqs_queue_policy.policy_cert_update_notify",
            "module.sqs.aws_sqs_queue_policy.policy_ticket_notify",
            "module.sqs.aws_sqs_queue_policy.presence_data_notify"
          ]
        }
      ]
    },
    {
      "module": "module.route53",
      "mode": "managed",
      "type": "aws_route53_record",
      "name": "api_time_server_custom_domain_record_ipv4",
      "provider": "provider[\"registry.terraform.io/hashicorp/aws\"]",
      "instances": [
        {
          "schema_version": 2,
          "attributes": {
            "alias": [
              {
                "evaluate_target_health": false,
                "name": "d-dhale2fot3.execute-api.ap-northeast-1.amazonaws.com",
                "zone_id": "Z1YSHQZHG15GKL"
              }
            ],
            "allow_overwrite": null,
            "cidr_routing_policy": [],
            "failover_routing_policy": [],
            "fqdn": "mqtt-time-server-jp.bt-fulltime-connect-dev.konicaminolta.jp",
            "geolocation_routing_policy": [],
            "geoproximity_routing_policy": [],
            "health_check_id": "",
            "id": "Z03965648WATHJE2403Z_mqtt-time-server-jp.bt-fulltime-connect-dev.konicaminolta.jp_A",
            "latency_routing_policy": [],
            "multivalue_answer_routing_policy": false,
            "name": "mqtt-time-server-jp.bt-fulltime-connect-dev.konicaminolta.jp",
            "records": null,
            "set_identifier": "",
            "timeouts": null,
            "ttl": 0,
            "type": "A",
            "weighted_routing_policy": [],
            "zone_id": "Z03965648WATHJE2403Z"
          },
          "sensitive_attributes": [],
          "identity_schema_version": 0,
          "identity": {
            "account_id": "277403262470",
            "name": "mqtt-time-server-jp.bt-fulltime-connect-dev.konicaminolta.jp",
            "set_identifier": null,
            "type": "A",
            "zone_id": "Z03965648WATHJE2403Z"
          },
          "private": "eyJlMmJmYjczMC1lY2FhLTExZTYtOGY4OC0zNDM2M2JjN2M0YzAiOnsiY3JlYXRlIjoxODAwMDAwMDAwMDAwLCJkZWxldGUiOjE4MDAwMDAwMDAwMDAsInVwZGF0ZSI6MTgwMDAwMDAwMDAwMH0sInNjaGVtYV92ZXJzaW9uIjoiMiJ9",
          "dependencies": [
            "data.aws_caller_identity.current",
            "module.apigateway.aws_api_gateway_account.mqtt_server_api_account",
            "module.apigateway.aws_api_gateway_account.mqtt_server_solution_api_account",
            "module.apigateway.aws_api_gateway_account.time_server_api_account",
            "module.apigateway.aws_api_gateway_base_path_mapping.api_custom_domain_mapping",
            "module.apigateway.aws_api_gateway_base_path_mapping.api_time_server_custom_domain_mapping",
            "module.apigateway.aws_api_gateway_base_path_mapping.sol_api_custom_domain_mapping",
            "module.apigateway.aws_api_gateway_deployment.mqtt_server_api_deployment",
            "module.apigateway.aws_api_gateway_deployment.mqtt_server_sol_api_deployment",
            "module.apigateway.aws_api_gateway_deployment.time_server_api_deployment",
            "module.apigateway.aws_api_gateway_domain_name.api_custom_domain",
            "module.apigateway.aws_api_gateway_domain_name.api_sol_custom_domain",
            "module.apigateway.aws_api_gateway_domain_name.api_time_server_custom_domain",
            "module.apigateway.aws_api_gateway_gateway_response.default_5xx",
            "module.apigateway.aws_api_gateway_gateway_response.default_5xx_mqtt_server",
            "module.apigateway.aws_api_gateway_gateway_response.default_5xx_solution_server",
            "module.apigateway.aws_api_gateway_integration.device_deviceId_shadows_name_lambda_integration",
            "module.apigateway.aws_api_gateway_integration.devices_deviceId_connectionStatus_lambda_integration",
            "module.apigateway.aws_api_gateway_integration.get_time_server_integration",
            "module.apigateway.aws_api_gateway_integration.iwsapp_message_send_sqs_integration",
            "module.apigateway.aws_api_gateway_integration.plugin_message_send_sqs_integration",
            "module.apigateway.aws_api_gateway_integration.prohibited_devices_add_lambda_integration",
            "module.apigateway.aws_api_gateway_integration.prohibited_devices_remove_lambda_integration",
            "module.apigateway.aws_api_gateway_integration.sol_device_deviceId_connection_status_lambda_integration",
            "module.apigateway.aws_api_gateway_integration.sol_tickets_groupId_lambda_integration",
            "module.apigateway.aws_api_gateway_integration.sol_tickets_messageId_deviceId_lambda_integration",
            "module.apigateway.aws_api_gateway_integration.sol_tickets_messageId_lambda_integration",
            "module.apigateway.aws_api_gateway_integration.tickets_groupId_lambda_integration",
            "module.apigateway.aws_api_gateway_integration.tickets_messageId_deviceId_lambda_integration",
            "module.apigateway.aws_api_gateway_integration.tickets_messageId_lambda_integration",
            "module.apigateway.aws_api_gateway_integration.tickets_send_sqs_integration",
            "module.apigateway.aws_api_gateway_integration_response.devices_deviceId_connectionStatus_integration_response",
            "module.apigateway.aws_api_gateway_integration_response.get_time_server_response",
            "module.apigateway.aws_api_gateway_integration_response.iwsapp_message_send_integration_response",
            "module.apigateway.aws_api_gateway_integration_response.iwsapp_message_send_integration_response_400",
            "module.apigateway.aws_api_gateway_integration_response.plugin_message_send_integration_response",
            "module.apigateway.aws_api_gateway_integration_response.plugin_message_send_integration_response_400",
            "module.apigateway.aws_api_gateway_integration_response.prohibited_devices_add_integration_response",
            "module.apigateway.aws_api_gateway_integration_response.prohibited_devices_remove_integration_response",
            "module.apigateway.aws_api_gateway_integration_response.sol_device_deviceId_connection_status_integration_response",
            "module.apigateway.aws_api_gateway_integration_response.sol_device_deviceId_shadows_name_integration_response",
            "module.apigateway.aws_api_gateway_integration_response.sol_tickets_groupId_integration_response",
            "module.apigateway.aws_api_gateway_integration_response.sol_tickets_messageId_deviceId_integration_response",
            "module.apigateway.aws_api_gateway_integration_response.sol_tickets_messageId_integration_response",
            "module.apigateway.aws_api_gateway_integration_response.tickets_groupId_integration_response",
            "module.apigateway.aws_api_gateway_integration_response.tickets_messageId_deviceId_integration_response",
            "module.apigateway.aws_api_gateway_integration_response.tickets_messageId_integration_response",
            "module.apigateway.aws_api_gateway_integration_response.tickets_send_integration_response",
            "module.apigateway.aws_api_gateway_integration_response.tickets_send_integration_response_400",
            "module.apigateway.aws_api_gateway_method.get_device_deviceId_connection_status",
            "module.apigateway.aws_api_gateway_method.get_device_deviceId_shadows_name",
            "module.apigateway.aws_api_gateway_method.get_devices_deviceId_connectionStatus",
            "module.apigateway.aws_api_gateway_method.get_sol_tickets_groupId",
            "module.apigateway.aws_api_gateway_method.get_sol_tickets_messageId",
            "module.apigateway.aws_api_gateway_method.get_sol_tickets_messageId_deviceId",
            "module.apigateway.aws_api_gateway_method.get_tickets_groupId",
            "module.apigateway.aws_api_gateway_method.get_tickets_messageId",
            "module.apigateway.aws_api_gateway_method.get_tickets_messageId_deviceId",
            "module.apigateway.aws_api_gateway_method.get_time_server",
            "module.apigateway.aws_api_gateway_method.iwsapp_message_send",
            "module.apigateway.aws_api_gateway_method.plugin_message_send",
            "module.apigateway.aws_api_gateway_method.post_tickets_send",
            "module.apigateway.aws_api_gateway_method.prohibited_devices_add",
            "module.apigateway.aws_api_gateway_method.prohibited_devices_remove",
            "module.apigateway.aws_api_gateway_method_response.devices_deviceId_connectionStatus_method_response",
            "module.apigateway.aws_api_gateway_method_response.iwsapp_message_send_method_response",
            "module.apigateway.aws_api_gateway_method_response.iwsapp_message_send_method_response_400",
            "module.apigateway.aws_api_gateway_method_response.plugin_message_send_method_response",
            "module.apigateway.aws_api_gateway_method_response.plugin_message_send_method_response_400",
            "module.apigateway.aws_api_gateway_method_response.prohibited_devices_add_method_response",
            "module.apigateway.aws_api_gateway_method_response.prohibited_devices_remove_method_response",
            "module.apigateway.aws_api_gateway_method_response.sol_device_deviceId_shadows_name_method_responseId",
            "module.apigateway.aws_api_gateway_method_response.sol_devicedevice_deviceId_connection_status_method_responseId",
            "module.apigateway.aws_api_gateway_method_response.sol_tickets_groupId_method_response",
            "module.apigateway.aws_api_gateway_method_response.sol_tickets_messageId_deviceId_method_response",
            "module.apigateway.aws_api_gateway_method_response.sol_tickets_messageId_method_response",
            "module.apigateway.aws_api_gateway_method_response.tickets_groupId_method_response",
            "module.apigateway.aws_api_gateway_method_response.tickets_messageId_deviceId_method_response",
            "module.apigateway.aws_api_gateway_method_response.tickets_messageId_method_response",
            "module.apigateway.aws_api_gateway_method_response.tickets_send_method_response",
            "module.apigateway.aws_api_gateway_method_response.tickets_send_method_response_400",
            "module.apigateway.aws_api_gateway_method_response.time_server_method_response",
            "module.apigateway.aws_api_gateway_method_settings.mqtt_server_logging",
            "module.apigateway.aws_api_gateway_method_settings.mqtt_server_solution_logging",
            "module.apigateway.aws_api_gateway_method_settings.time_server_logging",
            "module.apigateway.aws_api_gateway_resource.device_deviceId_connection_status",
            "module.apigateway.aws_api_gateway_resource.device_deviceId_shadows",
            "module.apigateway.aws_api_gateway_resource.device_deviceId_shadows_name",
            "module.apigateway.aws_api_gateway_resource.devices",
            "module.apigateway.aws_api_gateway_resource.devices_deviceId",
            "module.apigateway.aws_api_gateway_resource.devices_deviceId_connectionStatus",
            "module.apigateway.aws_api_gateway_resource.iwsapp_message",
            "module.apigateway.aws_api_gateway_resource.iwsapp_message_send",
            "module.apigateway.aws_api_gateway_resource.plugin_message",
            "module.apigateway.aws_api_gateway_resource.plugin_message_send",
            "module.apigateway.aws_api_gateway_resource.prohibited_devices",
            "module.apigateway.aws_api_gateway_resource.prohibited_devices_add",
            "module.apigateway.aws_api_gateway_resource.prohibited_devices_remove",
            "module.apigateway.aws_api_gateway_resource.sol_device_deviceId",
            "module.apigateway.aws_api_gateway_resource.sol_devices",
            "module.apigateway.aws_api_gateway_resource.sol_tickets",
            "module.apigateway.aws_api_gateway_resource.sol_tickets_messageId",
            "module.apigateway.aws_api_gateway_resource.sol_tickets_messageId_deviceId",
            "module.apigateway.aws_api_gateway_resource.tickets",
            "module.apigateway.aws_api_gateway_resource.tickets_messageId",
            "module.apigateway.aws_api_gateway_resource.tickets_messageId_deviceId",
            "module.apigateway.aws_api_gateway_resource.tickets_send",
            "module.apigateway.aws_api_gateway_rest_api.mqtt_server",
            "module.apigateway.aws_api_gateway_rest_api.solution_mqtt_server",
            "module.apigateway.aws_api_gateway_rest_api.time_server",
            "module.apigateway.aws_api_gateway_rest_api_policy.mqtt_server",
            "module.apigateway.aws_api_gateway_stage.mqtt_server_api_stage",
            "module.apigateway.aws_api_gateway_stage.mqtt_server_solution_api_stage",
            "module.apigateway.aws_api_gateway_stage.time_server_api_stage",
            "module.apigateway.aws_cloudwatch_log_group.mqtt_server_logs",
            "module.apigateway.aws_cloudwatch_log_group.mqtt_server_solution_logs",
            "module.apigateway.aws_cloudwatch_log_group.time_server_logs",
            "module.apigateway.aws_lambda_permission.devices_deviceId_connectionStatus_invoke_lambda_permission",
            "module.apigateway.aws_lambda_permission.prohibited_devices_add_invoke_lambda_permission",
            "module.apigateway.aws_lambda_permission.prohibited_devices_remove_invoke_lambda_permission",
            "module.apigateway.aws_lambda_permission.sol_device_deviceId_connection_status_invoke_lambda_permission",
            "module.apigateway.aws_lambda_permission.sol_device_deviceId_shadows_name_invoke_lambda_permission",
            "module.apigateway.aws_lambda_permission.sol_tickets_groupId_invoke_lambda_permission",
            "module.apigateway.aws_lambda_permission.sol_tickets_messageId_deviceId_invoke_lambda_permission",
            "module.apigateway.aws_lambda_permission.sol_tickets_messageId_invoke_lambda_permission",
            "module.apigateway.aws_lambda_permission.tickets_groupId_invoke_lambda_permission",
            "module.apigateway.aws_lambda_permission.tickets_messageId_deviceId_invoke_lambda_permission",
            "module.apigateway.aws_lambda_permission.tickets_messageId_invoke_lambda_permission",
            "module.function.aws_lambda_event_source_mapping.trigger-cert-update",
            "module.function.aws_lambda_event_source_mapping.trigger-send-message",
            "module.function.aws_lambda_function.MQTT-CERT-UPDATE",
            "module.function.aws_lambda_function.MQTT-DEVICE-IOTCORE-ACCESS",
            "module.function.aws_lambda_function.MQTT-DEVICE-IOTCORE-PROHIBIT",
            "module.function.aws_lambda_function.MQTT-DEVICE-PRESENCE-UPDATE",
            "module.function.aws_lambda_function.MQTT-DEVICE-SHADOW-RETRIEVE",
            "module.function.aws_lambda_function.MQTT-DEVICE-STATUS-NOTIFY",
            "module.function.aws_lambda_function.MQTT-DEVICE-STATUS-RETRIEVE",
            "module.function.aws_lambda_function.MQTT-JITR",
            "module.function.aws_lambda_function.MQTT-MSG-STATUS-RETRIEVE",
            "module.function.aws_lambda_function.MQTT-SEND-MESSAGE",
            "module.function.aws_lambda_function.MQTT-TICKET-RESPONSE-UPDATE",
            "module.function.aws_lambda_layer_version.mqtt_common_layer",
            "module.function.data.archive_file.cret_update_zip",
            "module.function.data.archive_file.device_iotcore_access_zip",
            "module.function.data.archive_file.device_iotcore_prohibit_zip",
            "module.function.data.archive_file.device_presence_update_zip",
            "module.function.data.archive_file.device_shadow_retrieve_zip",
            "module.function.data.archive_file.device_status_notify_zip",
            "module.function.data.archive_file.device_status_retrieve_zip",
            "module.function.data.archive_file.mqtt_common_layer_zip",
            "module.function.data.archive_file.mqtt_jitr_zip",
            "module.function.data.archive_file.msg_status_retrieve_zip",
            "module.function.data.archive_file.send_message_zip",
            "module.function.data.archive_file.ticket_response_update_zip",
            "module.function.null_resource.cleanup_cert_update_zip",
            "module.function.null_resource.cleanup_common_layer_zip",
            "module.function.null_resource.cleanup_device_iotcore_zip",
            "module.function.null_resource.cleanup_device_presence_zip",
            "module.function.null_resource.cleanup_device_prohibit_zip",
            "module.function.null_resource.cleanup_device_shadow_zip",
            "module.function.null_resource.cleanup_device_status_zip",
            "module.function.null_resource.cleanup_mqtt_jitr_zip",
            "module.function.null_resource.cleanup_send_message_zip",
            "module.function.null_resource.cleanup_status_notify_zip",
            "module.function.null_resource.cleanup_status_retrieve_zip",
            "module.function.null_resource.cleanup_ticket_response_zip",
            "module.iot.aws_iot_ca_certificate.ca_certificate",
            "module.iot.aws_iot_ca_certificate.ca_certificate_fourth",
            "module.iot.aws_iot_ca_certificate.ca_certificate_second",
            "module.iot.aws_iot_ca_certificate.ca_certificate_third",
            "module.iot.aws_iot_domain_configuration.iot_custom_domain",
            "module.iot.aws_iot_logging_options.iot_logs",
            "module.iot.aws_iot_policy.iot_access_policy",
            "module.iot.aws_iot_topic_rule.device_auto_register",
            "module.iot.aws_iot_topic_rule.device_presence_data_update_history_table",
            "module.iot.aws_iot_topic_rule.device_presence_latest_update",
            "module.iot.aws_iot_topic_rule.device_shadow_data_update",
            "module.iot.aws_iot_topic_rule.device_ticket_response_update",
            "module.iot.aws_lambda_permission.device_presence_update_invocation",
            "module.iot.aws_lambda_permission.device_ticket_response_update_invocation",
            "module.iot.aws_lambda_permission.jitr_invocation",
            "module.route53.data.aws_route53_zone.time_api_zone",
            "module.sns.aws_sns_topic.iot_rule_errors",
            "module.sqs.aws_sqs_queue.cert_update_notify",
            "module.sqs.aws_sqs_queue.presence_data_notify",
            "module.sqs.aws_sqs_queue.ticket_notify",
            "module.sqs.aws_sqs_queue_policy.policy_cert_update_notify",
            "module.sqs.aws_sqs_queue_policy.policy_ticket_notify",
            "module.sqs.aws_sqs_queue_policy.presence_data_notify"
          ]
        }
      ]
    },
    {
      "module": "module.route53",
      "mode": "managed",
      "type": "aws_route53_record",
      "name": "api_time_server_custom_domain_record_ipv6",
      "provider": "provider[\"registry.terraform.io/hashicorp/aws\"]",
      "instances": [
        {
          "schema_version": 2,
          "attributes": {
            "alias": [
              {
                "evaluate_target_health": false,
                "name": "d-dhale2fot3.execute-api.ap-northeast-1.amazonaws.com",
                "zone_id": "Z1YSHQZHG15GKL"
              }
            ],
            "allow_overwrite": null,
            "cidr_routing_policy": [],
            "failover_routing_policy": [],
            "fqdn": "mqtt-time-server-jp.bt-fulltime-connect-dev.konicaminolta.jp",
            "geolocation_routing_policy": [],
            "geoproximity_routing_policy": [],
            "health_check_id": "",
            "id": "Z03965648WATHJE2403Z_mqtt-time-server-jp.bt-fulltime-connect-dev.konicaminolta.jp_AAAA",
            "latency_routing_policy": [],
            "multivalue_answer_routing_policy": false,
            "name": "mqtt-time-server-jp.bt-fulltime-connect-dev.konicaminolta.jp",
            "records": null,
            "set_identifier": "",
            "timeouts": null,
            "ttl": 0,
            "type": "AAAA",
            "weighted_routing_policy": [],
            "zone_id": "Z03965648WATHJE2403Z"
          },
          "sensitive_attributes": [],
          "identity_schema_version": 0,
          "identity": {
            "account_id": "277403262470",
            "name": "mqtt-time-server-jp.bt-fulltime-connect-dev.konicaminolta.jp",
            "set_identifier": null,
            "type": "AAAA",
            "zone_id": "Z03965648WATHJE2403Z"
          },
          "private": "eyJlMmJmYjczMC1lY2FhLTExZTYtOGY4OC0zNDM2M2JjN2M0YzAiOnsiY3JlYXRlIjoxODAwMDAwMDAwMDAwLCJkZWxldGUiOjE4MDAwMDAwMDAwMDAsInVwZGF0ZSI6MTgwMDAwMDAwMDAwMH0sInNjaGVtYV92ZXJzaW9uIjoiMiJ9",
          "dependencies": [
            "data.aws_caller_identity.current",
            "module.apigateway.aws_api_gateway_account.mqtt_server_api_account",
            "module.apigateway.aws_api_gateway_account.mqtt_server_solution_api_account",
            "module.apigateway.aws_api_gateway_account.time_server_api_account",
            "module.apigateway.aws_api_gateway_base_path_mapping.api_custom_domain_mapping",
            "module.apigateway.aws_api_gateway_base_path_mapping.api_time_server_custom_domain_mapping",
            "module.apigateway.aws_api_gateway_base_path_mapping.sol_api_custom_domain_mapping",
            "module.apigateway.aws_api_gateway_deployment.mqtt_server_api_deployment",
            "module.apigateway.aws_api_gateway_deployment.mqtt_server_sol_api_deployment",
            "module.apigateway.aws_api_gateway_deployment.time_server_api_deployment",
            "module.apigateway.aws_api_gateway_domain_name.api_custom_domain",
            "module.apigateway.aws_api_gateway_domain_name.api_sol_custom_domain",
            "module.apigateway.aws_api_gateway_domain_name.api_time_server_custom_domain",
            "module.apigateway.aws_api_gateway_gateway_response.default_5xx",
            "module.apigateway.aws_api_gateway_gateway_response.default_5xx_mqtt_server",
            "module.apigateway.aws_api_gateway_gateway_response.default_5xx_solution_server",
            "module.apigateway.aws_api_gateway_integration.device_deviceId_shadows_name_lambda_integration",
            "module.apigateway.aws_api_gateway_integration.devices_deviceId_connectionStatus_lambda_integration",
            "module.apigateway.aws_api_gateway_integration.get_time_server_integration",
            "module.apigateway.aws_api_gateway_integration.iwsapp_message_send_sqs_integration",
            "module.apigateway.aws_api_gateway_integration.plugin_message_send_sqs_integration",
            "module.apigateway.aws_api_gateway_integration.prohibited_devices_add_lambda_integration",
            "module.apigateway.aws_api_gateway_integration.prohibited_devices_remove_lambda_integration",
            "module.apigateway.aws_api_gateway_integration.sol_device_deviceId_connection_status_lambda_integration",
            "module.apigateway.aws_api_gateway_integration.sol_tickets_groupId_lambda_integration",
            "module.apigateway.aws_api_gateway_integration.sol_tickets_messageId_deviceId_lambda_integration",
            "module.apigateway.aws_api_gateway_integration.sol_tickets_messageId_lambda_integration",
            "module.apigateway.aws_api_gateway_integration.tickets_groupId_lambda_integration",
            "module.apigateway.aws_api_gateway_integration.tickets_messageId_deviceId_lambda_integration",
            "module.apigateway.aws_api_gateway_integration.tickets_messageId_lambda_integration",
            "module.apigateway.aws_api_gateway_integration.tickets_send_sqs_integration",
            "module.apigateway.aws_api_gateway_integration_response.devices_deviceId_connectionStatus_integration_response",
            "module.apigateway.aws_api_gateway_integration_response.get_time_server_response",
            "module.apigateway.aws_api_gateway_integration_response.iwsapp_message_send_integration_response",
            "module.apigateway.aws_api_gateway_integration_response.iwsapp_message_send_integration_response_400",
            "module.apigateway.aws_api_gateway_integration_response.plugin_message_send_integration_response",
            "module.apigateway.aws_api_gateway_integration_response.plugin_message_send_integration_response_400",
            "module.apigateway.aws_api_gateway_integration_response.prohibited_devices_add_integration_response",
            "module.apigateway.aws_api_gateway_integration_response.prohibited_devices_remove_integration_response",
            "module.apigateway.aws_api_gateway_integration_response.sol_device_deviceId_connection_status_integration_response",
            "module.apigateway.aws_api_gateway_integration_response.sol_device_deviceId_shadows_name_integration_response",
            "module.apigateway.aws_api_gateway_integration_response.sol_tickets_groupId_integration_response",
            "module.apigateway.aws_api_gateway_integration_response.sol_tickets_messageId_deviceId_integration_response",
            "module.apigateway.aws_api_gateway_integration_response.sol_tickets_messageId_integration_response",
            "module.apigateway.aws_api_gateway_integration_response.tickets_groupId_integration_response",
            "module.apigateway.aws_api_gateway_integration_response.tickets_messageId_deviceId_integration_response",
            "module.apigateway.aws_api_gateway_integration_response.tickets_messageId_integration_response",
            "module.apigateway.aws_api_gateway_integration_response.tickets_send_integration_response",
            "module.apigateway.aws_api_gateway_integration_response.tickets_send_integration_response_400",
            "module.apigateway.aws_api_gateway_method.get_device_deviceId_connection_status",
            "module.apigateway.aws_api_gateway_method.get_device_deviceId_shadows_name",
            "module.apigateway.aws_api_gateway_method.get_devices_deviceId_connectionStatus",
            "module.apigateway.aws_api_gateway_method.get_sol_tickets_groupId",
            "module.apigateway.aws_api_gateway_method.get_sol_tickets_messageId",
            "module.apigateway.aws_api_gateway_method.get_sol_tickets_messageId_deviceId",
            "module.apigateway.aws_api_gateway_method.get_tickets_groupId",
            "module.apigateway.aws_api_gateway_method.get_tickets_messageId",
            "module.apigateway.aws_api_gateway_method.get_tickets_messageId_deviceId",
            "module.apigateway.aws_api_gateway_method.get_time_server",
            "module.apigateway.aws_api_gateway_method.iwsapp_message_send",
            "module.apigateway.aws_api_gateway_method.plugin_message_send",
            "module.apigateway.aws_api_gateway_method.post_tickets_send",
            "module.apigateway.aws_api_gateway_method.prohibited_devices_add",
            "module.apigateway.aws_api_gateway_method.prohibited_devices_remove",
            "module.apigateway.aws_api_gateway_method_response.devices_deviceId_connectionStatus_method_response",
            "module.apigateway.aws_api_gateway_method_response.iwsapp_message_send_method_response",
            "module.apigateway.aws_api_gateway_method_response.iwsapp_message_send_method_response_400",
            "module.apigateway.aws_api_gateway_method_response.plugin_message_send_method_response",
            "module.apigateway.aws_api_gateway_method_response.plugin_message_send_method_response_400",
            "module.apigateway.aws_api_gateway_method_response.prohibited_devices_add_method_response",
            "module.apigateway.aws_api_gateway_method_response.prohibited_devices_remove_method_response",
            "module.apigateway.aws_api_gateway_method_response.sol_device_deviceId_shadows_name_method_responseId",
            "module.apigateway.aws_api_gateway_method_response.sol_devicedevice_deviceId_connection_status_method_responseId",
            "module.apigateway.aws_api_gateway_method_response.sol_tickets_groupId_method_response",
            "module.apigateway.aws_api_gateway_method_response.sol_tickets_messageId_deviceId_method_response",
            "module.apigateway.aws_api_gateway_method_response.sol_tickets_messageId_method_response",
            "module.apigateway.aws_api_gateway_method_response.tickets_groupId_method_response",
            "module.apigateway.aws_api_gateway_method_response.tickets_messageId_deviceId_method_response",
            "module.apigateway.aws_api_gateway_method_response.tickets_messageId_method_response",
            "module.apigateway.aws_api_gateway_method_response.tickets_send_method_response",
            "module.apigateway.aws_api_gateway_method_response.tickets_send_method_response_400",
            "module.apigateway.aws_api_gateway_method_response.time_server_method_response",
            "module.apigateway.aws_api_gateway_method_settings.mqtt_server_logging",
            "module.apigateway.aws_api_gateway_method_settings.mqtt_server_solution_logging",
            "module.apigateway.aws_api_gateway_method_settings.time_server_logging",
            "module.apigateway.aws_api_gateway_resource.device_deviceId_connection_status",
            "module.apigateway.aws_api_gateway_resource.device_deviceId_shadows",
            "module.apigateway.aws_api_gateway_resource.device_deviceId_shadows_name",
            "module.apigateway.aws_api_gateway_resource.devices",
            "module.apigateway.aws_api_gateway_resource.devices_deviceId",
            "module.apigateway.aws_api_gateway_resource.devices_deviceId_connectionStatus",
            "module.apigateway.aws_api_gateway_resource.iwsapp_message",
            "module.apigateway.aws_api_gateway_resource.iwsapp_message_send",
            "module.apigateway.aws_api_gateway_resource.plugin_message",
            "module.apigateway.aws_api_gateway_resource.plugin_message_send",
            "module.apigateway.aws_api_gateway_resource.prohibited_devices",
            "module.apigateway.aws_api_gateway_resource.prohibited_devices_add",
            "module.apigateway.aws_api_gateway_resource.prohibited_devices_remove",
            "module.apigateway.aws_api_gateway_resource.sol_device_deviceId",
            "module.apigateway.aws_api_gateway_resource.sol_devices",
            "module.apigateway.aws_api_gateway_resource.sol_tickets",
            "module.apigateway.aws_api_gateway_resource.sol_tickets_messageId",
            "module.apigateway.aws_api_gateway_resource.sol_tickets_messageId_deviceId",
            "module.apigateway.aws_api_gateway_resource.tickets",
            "module.apigateway.aws_api_gateway_resource.tickets_messageId",
            "module.apigateway.aws_api_gateway_resource.tickets_messageId_deviceId",
            "module.apigateway.aws_api_gateway_resource.tickets_send",
            "module.apigateway.aws_api_gateway_rest_api.mqtt_server",
            "module.apigateway.aws_api_gateway_rest_api.solution_mqtt_server",
            "module.apigateway.aws_api_gateway_rest_api.time_server",
            "module.apigateway.aws_api_gateway_rest_api_policy.mqtt_server",
            "module.apigateway.aws_api_gateway_stage.mqtt_server_api_stage",
            "module.apigateway.aws_api_gateway_stage.mqtt_server_solution_api_stage",
            "module.apigateway.aws_api_gateway_stage.time_server_api_stage",
            "module.apigateway.aws_cloudwatch_log_group.mqtt_server_logs",
            "module.apigateway.aws_cloudwatch_log_group.mqtt_server_solution_logs",
            "module.apigateway.aws_cloudwatch_log_group.time_server_logs",
            "module.apigateway.aws_lambda_permission.devices_deviceId_connectionStatus_invoke_lambda_permission",
            "module.apigateway.aws_lambda_permission.prohibited_devices_add_invoke_lambda_permission",
            "module.apigateway.aws_lambda_permission.prohibited_devices_remove_invoke_lambda_permission",
            "module.apigateway.aws_lambda_permission.sol_device_deviceId_connection_status_invoke_lambda_permission",
            "module.apigateway.aws_lambda_permission.sol_device_deviceId_shadows_name_invoke_lambda_permission",
            "module.apigateway.aws_lambda_permission.sol_tickets_groupId_invoke_lambda_permission",
            "module.apigateway.aws_lambda_permission.sol_tickets_messageId_deviceId_invoke_lambda_permission",
            "module.apigateway.aws_lambda_permission.sol_tickets_messageId_invoke_lambda_permission",
            "module.apigateway.aws_lambda_permission.tickets_groupId_invoke_lambda_permission",
            "module.apigateway.aws_lambda_permission.tickets_messageId_deviceId_invoke_lambda_permission",
            "module.apigateway.aws_lambda_permission.tickets_messageId_invoke_lambda_permission",
            "module.function.aws_lambda_event_source_mapping.trigger-cert-update",
            "module.function.aws_lambda_event_source_mapping.trigger-send-message",
            "module.function.aws_lambda_function.MQTT-CERT-UPDATE",
            "module.function.aws_lambda_function.MQTT-DEVICE-IOTCORE-ACCESS",
            "module.function.aws_lambda_function.MQTT-DEVICE-IOTCORE-PROHIBIT",
            "module.function.aws_lambda_function.MQTT-DEVICE-PRESENCE-UPDATE",
            "module.function.aws_lambda_function.MQTT-DEVICE-SHADOW-RETRIEVE",
            "module.function.aws_lambda_function.MQTT-DEVICE-STATUS-NOTIFY",
            "module.function.aws_lambda_function.MQTT-DEVICE-STATUS-RETRIEVE",
            "module.function.aws_lambda_function.MQTT-JITR",
            "module.function.aws_lambda_function.MQTT-MSG-STATUS-RETRIEVE",
            "module.function.aws_lambda_function.MQTT-SEND-MESSAGE",
            "module.function.aws_lambda_function.MQTT-TICKET-RESPONSE-UPDATE",
            "module.function.aws_lambda_layer_version.mqtt_common_layer",
            "module.function.data.archive_file.cret_update_zip",
            "module.function.data.archive_file.device_iotcore_access_zip",
            "module.function.data.archive_file.device_iotcore_prohibit_zip",
            "module.function.data.archive_file.device_presence_update_zip",
            "module.function.data.archive_file.device_shadow_retrieve_zip",
            "module.function.data.archive_file.device_status_notify_zip",
            "module.function.data.archive_file.device_status_retrieve_zip",
            "module.function.data.archive_file.mqtt_common_layer_zip",
            "module.function.data.archive_file.mqtt_jitr_zip",
            "module.function.data.archive_file.msg_status_retrieve_zip",
            "module.function.data.archive_file.send_message_zip",
            "module.function.data.archive_file.ticket_response_update_zip",
            "module.function.null_resource.cleanup_cert_update_zip",
            "module.function.null_resource.cleanup_common_layer_zip",
            "module.function.null_resource.cleanup_device_iotcore_zip",
            "module.function.null_resource.cleanup_device_presence_zip",
            "module.function.null_resource.cleanup_device_prohibit_zip",
            "module.function.null_resource.cleanup_device_shadow_zip",
            "module.function.null_resource.cleanup_device_status_zip",
            "module.function.null_resource.cleanup_mqtt_jitr_zip",
            "module.function.null_resource.cleanup_send_message_zip",
            "module.function.null_resource.cleanup_status_notify_zip",
            "module.function.null_resource.cleanup_status_retrieve_zip",
            "module.function.null_resource.cleanup_ticket_response_zip",
            "module.iot.aws_iot_ca_certificate.ca_certificate",
            "module.iot.aws_iot_ca_certificate.ca_certificate_fourth",
            "module.iot.aws_iot_ca_certificate.ca_certificate_second",
            "module.iot.aws_iot_ca_certificate.ca_certificate_third",
            "module.iot.aws_iot_domain_configuration.iot_custom_domain",
            "module.iot.aws_iot_logging_options.iot_logs",
            "module.iot.aws_iot_policy.iot_access_policy",
            "module.iot.aws_iot_topic_rule.device_auto_register",
            "module.iot.aws_iot_topic_rule.device_presence_data_update_history_table",
            "module.iot.aws_iot_topic_rule.device_presence_latest_update",
            "module.iot.aws_iot_topic_rule.device_shadow_data_update",
            "module.iot.aws_iot_topic_rule.device_ticket_response_update",
            "module.iot.aws_lambda_permission.device_presence_update_invocation",
            "module.iot.aws_lambda_permission.device_ticket_response_update_invocation",
            "module.iot.aws_lambda_permission.jitr_invocation",
            "module.route53.data.aws_route53_zone.time_api_zone",
            "module.sns.aws_sns_topic.iot_rule_errors",
            "module.sqs.aws_sqs_queue.cert_update_notify",
            "module.sqs.aws_sqs_queue.presence_data_notify",
            "module.sqs.aws_sqs_queue.ticket_notify",
            "module.sqs.aws_sqs_queue_policy.policy_cert_update_notify",
            "module.sqs.aws_sqs_queue_policy.policy_ticket_notify",
            "module.sqs.aws_sqs_queue_policy.presence_data_notify"
          ]
        }
      ]
    },
    {
      "module": "module.route53",
      "mode": "managed",
      "type": "aws_route53_record",
      "name": "api_wwrspf_custom_domain_record_ipv4",
      "provider": "provider[\"registry.terraform.io/hashicorp/aws\"]",
      "instances": [
        {
          "schema_version": 2,
          "attributes": {
            "alias": [
              {
                "evaluate_target_health": false,
                "name": "d-v9ier77jdh.execute-api.ap-northeast-1.amazonaws.com",
                "zone_id": "Z1YSHQZHG15GKL"
              }
            ],
            "allow_overwrite": null,
            "cidr_routing_policy": [],
            "failover_routing_policy": [],
            "fqdn": "mqtt-server-jp.bt-fulltime-connect-dev.konicaminolta.jp",
            "geolocation_routing_policy": [],
            "geoproximity_routing_policy": [],
            "health_check_id": "",
            "id": "Z03965648WATHJE2403Z_mqtt-server-jp.bt-fulltime-connect-dev.konicaminolta.jp_A",
            "latency_routing_policy": [],
            "multivalue_answer_routing_policy": false,
            "name": "mqtt-server-jp.bt-fulltime-connect-dev.konicaminolta.jp",
            "records": null,
            "set_identifier": "",
            "timeouts": null,
            "ttl": 0,
            "type": "A",
            "weighted_routing_policy": [],
            "zone_id": "Z03965648WATHJE2403Z"
          },
          "sensitive_attributes": [],
          "identity_schema_version": 0,
          "identity": {
            "account_id": "277403262470",
            "name": "mqtt-server-jp.bt-fulltime-connect-dev.konicaminolta.jp",
            "set_identifier": null,
            "type": "A",
            "zone_id": "Z03965648WATHJE2403Z"
          },
          "private": "eyJlMmJmYjczMC1lY2FhLTExZTYtOGY4OC0zNDM2M2JjN2M0YzAiOnsiY3JlYXRlIjoxODAwMDAwMDAwMDAwLCJkZWxldGUiOjE4MDAwMDAwMDAwMDAsInVwZGF0ZSI6MTgwMDAwMDAwMDAwMH0sInNjaGVtYV92ZXJzaW9uIjoiMiJ9",
          "dependencies": [
            "data.aws_caller_identity.current",
            "module.apigateway.aws_api_gateway_account.mqtt_server_api_account",
            "module.apigateway.aws_api_gateway_account.mqtt_server_solution_api_account",
            "module.apigateway.aws_api_gateway_account.time_server_api_account",
            "module.apigateway.aws_api_gateway_base_path_mapping.api_custom_domain_mapping",
            "module.apigateway.aws_api_gateway_base_path_mapping.api_time_server_custom_domain_mapping",
            "module.apigateway.aws_api_gateway_base_path_mapping.sol_api_custom_domain_mapping",
            "module.apigateway.aws_api_gateway_deployment.mqtt_server_api_deployment",
            "module.apigateway.aws_api_gateway_deployment.mqtt_server_sol_api_deployment",
            "module.apigateway.aws_api_gateway_deployment.time_server_api_deployment",
            "module.apigateway.aws_api_gateway_domain_name.api_custom_domain",
            "module.apigateway.aws_api_gateway_domain_name.api_sol_custom_domain",
            "module.apigateway.aws_api_gateway_domain_name.api_time_server_custom_domain",
            "module.apigateway.aws_api_gateway_gateway_response.default_5xx",
            "module.apigateway.aws_api_gateway_gateway_response.default_5xx_mqtt_server",
            "module.apigateway.aws_api_gateway_gateway_response.default_5xx_solution_server",
            "module.apigateway.aws_api_gateway_integration.device_deviceId_shadows_name_lambda_integration",
            "module.apigateway.aws_api_gateway_integration.devices_deviceId_connectionStatus_lambda_integration",
            "module.apigateway.aws_api_gateway_integration.get_time_server_integration",
            "module.apigateway.aws_api_gateway_integration.iwsapp_message_send_sqs_integration",
            "module.apigateway.aws_api_gateway_integration.plugin_message_send_sqs_integration",
            "module.apigateway.aws_api_gateway_integration.prohibited_devices_add_lambda_integration",
            "module.apigateway.aws_api_gateway_integration.prohibited_devices_remove_lambda_integration",
            "module.apigateway.aws_api_gateway_integration.sol_device_deviceId_connection_status_lambda_integration",
            "module.apigateway.aws_api_gateway_integration.sol_tickets_groupId_lambda_integration",
            "module.apigateway.aws_api_gateway_integration.sol_tickets_messageId_deviceId_lambda_integration",
            "module.apigateway.aws_api_gateway_integration.sol_tickets_messageId_lambda_integration",
            "module.apigateway.aws_api_gateway_integration.tickets_groupId_lambda_integration",
            "module.apigateway.aws_api_gateway_integration.tickets_messageId_deviceId_lambda_integration",
            "module.apigateway.aws_api_gateway_integration.tickets_messageId_lambda_integration",
            "module.apigateway.aws_api_gateway_integration.tickets_send_sqs_integration",
            "module.apigateway.aws_api_gateway_integration_response.devices_deviceId_connectionStatus_integration_response",
            "module.apigateway.aws_api_gateway_integration_response.get_time_server_response",
            "module.apigateway.aws_api_gateway_integration_response.iwsapp_message_send_integration_response",
            "module.apigateway.aws_api_gateway_integration_response.iwsapp_message_send_integration_response_400",
            "module.apigateway.aws_api_gateway_integration_response.plugin_message_send_integration_response",
            "module.apigateway.aws_api_gateway_integration_response.plugin_message_send_integration_response_400",
            "module.apigateway.aws_api_gateway_integration_response.prohibited_devices_add_integration_response",
            "module.apigateway.aws_api_gateway_integration_response.prohibited_devices_remove_integration_response",
            "module.apigateway.aws_api_gateway_integration_response.sol_device_deviceId_connection_status_integration_response",
            "module.apigateway.aws_api_gateway_integration_response.sol_device_deviceId_shadows_name_integration_response",
            "module.apigateway.aws_api_gateway_integration_response.sol_tickets_groupId_integration_response",
            "module.apigateway.aws_api_gateway_integration_response.sol_tickets_messageId_deviceId_integration_response",
            "module.apigateway.aws_api_gateway_integration_response.sol_tickets_messageId_integration_response",
            "module.apigateway.aws_api_gateway_integration_response.tickets_groupId_integration_response",
            "module.apigateway.aws_api_gateway_integration_response.tickets_messageId_deviceId_integration_response",
            "module.apigateway.aws_api_gateway_integration_response.tickets_messageId_integration_response",
            "module.apigateway.aws_api_gateway_integration_response.tickets_send_integration_response",
            "module.apigateway.aws_api_gateway_integration_response.tickets_send_integration_response_400",
            "module.apigateway.aws_api_gateway_method.get_device_deviceId_connection_status",
            "module.apigateway.aws_api_gateway_method.get_device_deviceId_shadows_name",
            "module.apigateway.aws_api_gateway_method.get_devices_deviceId_connectionStatus",
            "module.apigateway.aws_api_gateway_method.get_sol_tickets_groupId",
            "module.apigateway.aws_api_gateway_method.get_sol_tickets_messageId",
            "module.apigateway.aws_api_gateway_method.get_sol_tickets_messageId_deviceId",
            "module.apigateway.aws_api_gateway_method.get_tickets_groupId",
            "module.apigateway.aws_api_gateway_method.get_tickets_messageId",
            "module.apigateway.aws_api_gateway_method.get_tickets_messageId_deviceId",
            "module.apigateway.aws_api_gateway_method.get_time_server",
            "module.apigateway.aws_api_gateway_method.iwsapp_message_send",
            "module.apigateway.aws_api_gateway_method.plugin_message_send",
            "module.apigateway.aws_api_gateway_method.post_tickets_send",
            "module.apigateway.aws_api_gateway_method.prohibited_devices_add",
            "module.apigateway.aws_api_gateway_method.prohibited_devices_remove",
            "module.apigateway.aws_api_gateway_method_response.devices_deviceId_connectionStatus_method_response",
            "module.apigateway.aws_api_gateway_method_response.iwsapp_message_send_method_response",
            "module.apigateway.aws_api_gateway_method_response.iwsapp_message_send_method_response_400",
            "module.apigateway.aws_api_gateway_method_response.plugin_message_send_method_response",
            "module.apigateway.aws_api_gateway_method_response.plugin_message_send_method_response_400",
            "module.apigateway.aws_api_gateway_method_response.prohibited_devices_add_method_response",
            "module.apigateway.aws_api_gateway_method_response.prohibited_devices_remove_method_response",
            "module.apigateway.aws_api_gateway_method_response.sol_device_deviceId_shadows_name_method_responseId",
            "module.apigateway.aws_api_gateway_method_response.sol_devicedevice_deviceId_connection_status_method_responseId",
            "module.apigateway.aws_api_gateway_method_response.sol_tickets_groupId_method_response",
            "module.apigateway.aws_api_gateway_method_response.sol_tickets_messageId_deviceId_method_response",
            "module.apigateway.aws_api_gateway_method_response.sol_tickets_messageId_method_response",
            "module.apigateway.aws_api_gateway_method_response.tickets_groupId_method_response",
            "module.apigateway.aws_api_gateway_method_response.tickets_messageId_deviceId_method_response",
            "module.apigateway.aws_api_gateway_method_response.tickets_messageId_method_response",
            "module.apigateway.aws_api_gateway_method_response.tickets_send_method_response",
            "module.apigateway.aws_api_gateway_method_response.tickets_send_method_response_400",
            "module.apigateway.aws_api_gateway_method_response.time_server_method_response",
            "module.apigateway.aws_api_gateway_method_settings.mqtt_server_logging",
            "module.apigateway.aws_api_gateway_method_settings.mqtt_server_solution_logging",
            "module.apigateway.aws_api_gateway_method_settings.time_server_logging",
            "module.apigateway.aws_api_gateway_resource.device_deviceId_connection_status",
            "module.apigateway.aws_api_gateway_resource.device_deviceId_shadows",
            "module.apigateway.aws_api_gateway_resource.device_deviceId_shadows_name",
            "module.apigateway.aws_api_gateway_resource.devices",
            "module.apigateway.aws_api_gateway_resource.devices_deviceId",
            "module.apigateway.aws_api_gateway_resource.devices_deviceId_connectionStatus",
            "module.apigateway.aws_api_gateway_resource.iwsapp_message",
            "module.apigateway.aws_api_gateway_resource.iwsapp_message_send",
            "module.apigateway.aws_api_gateway_resource.plugin_message",
            "module.apigateway.aws_api_gateway_resource.plugin_message_send",
            "module.apigateway.aws_api_gateway_resource.prohibited_devices",
            "module.apigateway.aws_api_gateway_resource.prohibited_devices_add",
            "module.apigateway.aws_api_gateway_resource.prohibited_devices_remove",
            "module.apigateway.aws_api_gateway_resource.sol_device_deviceId",
            "module.apigateway.aws_api_gateway_resource.sol_devices",
            "module.apigateway.aws_api_gateway_resource.sol_tickets",
            "module.apigateway.aws_api_gateway_resource.sol_tickets_messageId",
            "module.apigateway.aws_api_gateway_resource.sol_tickets_messageId_deviceId",
            "module.apigateway.aws_api_gateway_resource.tickets",
            "module.apigateway.aws_api_gateway_resource.tickets_messageId",
            "module.apigateway.aws_api_gateway_resource.tickets_messageId_deviceId",
            "module.apigateway.aws_api_gateway_resource.tickets_send",
            "module.apigateway.aws_api_gateway_rest_api.mqtt_server",
            "module.apigateway.aws_api_gateway_rest_api.solution_mqtt_server",
            "module.apigateway.aws_api_gateway_rest_api.time_server",
            "module.apigateway.aws_api_gateway_rest_api_policy.mqtt_server",
            "module.apigateway.aws_api_gateway_stage.mqtt_server_api_stage",
            "module.apigateway.aws_api_gateway_stage.mqtt_server_solution_api_stage",
            "module.apigateway.aws_api_gateway_stage.time_server_api_stage",
            "module.apigateway.aws_cloudwatch_log_group.mqtt_server_logs",
            "module.apigateway.aws_cloudwatch_log_group.mqtt_server_solution_logs",
            "module.apigateway.aws_cloudwatch_log_group.time_server_logs",
            "module.apigateway.aws_lambda_permission.devices_deviceId_connectionStatus_invoke_lambda_permission",
            "module.apigateway.aws_lambda_permission.prohibited_devices_add_invoke_lambda_permission",
            "module.apigateway.aws_lambda_permission.prohibited_devices_remove_invoke_lambda_permission",
            "module.apigateway.aws_lambda_permission.sol_device_deviceId_connection_status_invoke_lambda_permission",
            "module.apigateway.aws_lambda_permission.sol_device_deviceId_shadows_name_invoke_lambda_permission",
            "module.apigateway.aws_lambda_permission.sol_tickets_groupId_invoke_lambda_permission",
            "module.apigateway.aws_lambda_permission.sol_tickets_messageId_deviceId_invoke_lambda_permission",
            "module.apigateway.aws_lambda_permission.sol_tickets_messageId_invoke_lambda_permission",
            "module.apigateway.aws_lambda_permission.tickets_groupId_invoke_lambda_permission",
            "module.apigateway.aws_lambda_permission.tickets_messageId_deviceId_invoke_lambda_permission",
            "module.apigateway.aws_lambda_permission.tickets_messageId_invoke_lambda_permission",
            "module.function.aws_lambda_event_source_mapping.trigger-cert-update",
            "module.function.aws_lambda_event_source_mapping.trigger-send-message",
            "module.function.aws_lambda_function.MQTT-CERT-UPDATE",
            "module.function.aws_lambda_function.MQTT-DEVICE-IOTCORE-ACCESS",
            "module.function.aws_lambda_function.MQTT-DEVICE-IOTCORE-PROHIBIT",
            "module.function.aws_lambda_function.MQTT-DEVICE-PRESENCE-UPDATE",
            "module.function.aws_lambda_function.MQTT-DEVICE-SHADOW-RETRIEVE",
            "module.function.aws_lambda_function.MQTT-DEVICE-STATUS-NOTIFY",
            "module.function.aws_lambda_function.MQTT-DEVICE-STATUS-RETRIEVE",
            "module.function.aws_lambda_function.MQTT-JITR",
            "module.function.aws_lambda_function.MQTT-MSG-STATUS-RETRIEVE",
            "module.function.aws_lambda_function.MQTT-SEND-MESSAGE",
            "module.function.aws_lambda_function.MQTT-TICKET-RESPONSE-UPDATE",
            "module.function.aws_lambda_layer_version.mqtt_common_layer",
            "module.function.data.archive_file.cret_update_zip",
            "module.function.data.archive_file.device_iotcore_access_zip",
            "module.function.data.archive_file.device_iotcore_prohibit_zip",
            "module.function.data.archive_file.device_presence_update_zip",
            "module.function.data.archive_file.device_shadow_retrieve_zip",
            "module.function.data.archive_file.device_status_notify_zip",
            "module.function.data.archive_file.device_status_retrieve_zip",
            "module.function.data.archive_file.mqtt_common_layer_zip",
            "module.function.data.archive_file.mqtt_jitr_zip",
            "module.function.data.archive_file.msg_status_retrieve_zip",
            "module.function.data.archive_file.send_message_zip",
            "module.function.data.archive_file.ticket_response_update_zip",
            "module.function.null_resource.cleanup_cert_update_zip",
            "module.function.null_resource.cleanup_common_layer_zip",
            "module.function.null_resource.cleanup_device_iotcore_zip",
            "module.function.null_resource.cleanup_device_presence_zip",
            "module.function.null_resource.cleanup_device_prohibit_zip",
            "module.function.null_resource.cleanup_device_shadow_zip",
            "module.function.null_resource.cleanup_device_status_zip",
            "module.function.null_resource.cleanup_mqtt_jitr_zip",
            "module.function.null_resource.cleanup_send_message_zip",
            "module.function.null_resource.cleanup_status_notify_zip",
            "module.function.null_resource.cleanup_status_retrieve_zip",
            "module.function.null_resource.cleanup_ticket_response_zip",
            "module.iot.aws_iot_ca_certificate.ca_certificate",
            "module.iot.aws_iot_ca_certificate.ca_certificate_fourth",
            "module.iot.aws_iot_ca_certificate.ca_certificate_second",
            "module.iot.aws_iot_ca_certificate.ca_certificate_third",
            "module.iot.aws_iot_domain_configuration.iot_custom_domain",
            "module.iot.aws_iot_logging_options.iot_logs",
            "module.iot.aws_iot_policy.iot_access_policy",
            "module.iot.aws_iot_topic_rule.device_auto_register",
            "module.iot.aws_iot_topic_rule.device_presence_data_update_history_table",
            "module.iot.aws_iot_topic_rule.device_presence_latest_update",
            "module.iot.aws_iot_topic_rule.device_shadow_data_update",
            "module.iot.aws_iot_topic_rule.device_ticket_response_update",
            "module.iot.aws_lambda_permission.device_presence_update_invocation",
            "module.iot.aws_lambda_permission.device_ticket_response_update_invocation",
            "module.iot.aws_lambda_permission.jitr_invocation",
            "module.route53.data.aws_route53_zone.api_zone",
            "module.sns.aws_sns_topic.iot_rule_errors",
            "module.sqs.aws_sqs_queue.cert_update_notify",
            "module.sqs.aws_sqs_queue.presence_data_notify",
            "module.sqs.aws_sqs_queue.ticket_notify",
            "module.sqs.aws_sqs_queue_policy.policy_cert_update_notify",
            "module.sqs.aws_sqs_queue_policy.policy_ticket_notify",
            "module.sqs.aws_sqs_queue_policy.presence_data_notify"
          ]
        }
      ]
    },
    {
      "module": "module.route53",
      "mode": "managed",
      "type": "aws_route53_record",
      "name": "api_wwrspf_custom_domain_record_ipv6",
      "provider": "provider[\"registry.terraform.io/hashicorp/aws\"]",
      "instances": [
        {
          "schema_version": 2,
          "attributes": {
            "alias": [
              {
                "evaluate_target_health": false,
                "name": "d-v9ier77jdh.execute-api.ap-northeast-1.amazonaws.com",
                "zone_id": "Z1YSHQZHG15GKL"
              }
            ],
            "allow_overwrite": null,
            "cidr_routing_policy": [],
            "failover_routing_policy": [],
            "fqdn": "mqtt-server-jp.bt-fulltime-connect-dev.konicaminolta.jp",
            "geolocation_routing_policy": [],
            "geoproximity_routing_policy": [],
            "health_check_id": "",
            "id": "Z03965648WATHJE2403Z_mqtt-server-jp.bt-fulltime-connect-dev.konicaminolta.jp_AAAA",
            "latency_routing_policy": [],
            "multivalue_answer_routing_policy": false,
            "name": "mqtt-server-jp.bt-fulltime-connect-dev.konicaminolta.jp",
            "records": null,
            "set_identifier": "",
            "timeouts": null,
            "ttl": 0,
            "type": "AAAA",
            "weighted_routing_policy": [],
            "zone_id": "Z03965648WATHJE2403Z"
          },
          "sensitive_attributes": [],
          "identity_schema_version": 0,
          "identity": {
            "account_id": "277403262470",
            "name": "mqtt-server-jp.bt-fulltime-connect-dev.konicaminolta.jp",
            "set_identifier": null,
            "type": "AAAA",
            "zone_id": "Z03965648WATHJE2403Z"
          },
          "private": "eyJlMmJmYjczMC1lY2FhLTExZTYtOGY4OC0zNDM2M2JjN2M0YzAiOnsiY3JlYXRlIjoxODAwMDAwMDAwMDAwLCJkZWxldGUiOjE4MDAwMDAwMDAwMDAsInVwZGF0ZSI6MTgwMDAwMDAwMDAwMH0sInNjaGVtYV92ZXJzaW9uIjoiMiJ9",
          "dependencies": [
            "data.aws_caller_identity.current",
            "module.apigateway.aws_api_gateway_account.mqtt_server_api_account",
            "module.apigateway.aws_api_gateway_account.mqtt_server_solution_api_account",
            "module.apigateway.aws_api_gateway_account.time_server_api_account",
            "module.apigateway.aws_api_gateway_base_path_mapping.api_custom_domain_mapping",
            "module.apigateway.aws_api_gateway_base_path_mapping.api_time_server_custom_domain_mapping",
            "module.apigateway.aws_api_gateway_base_path_mapping.sol_api_custom_domain_mapping",
            "module.apigateway.aws_api_gateway_deployment.mqtt_server_api_deployment",
            "module.apigateway.aws_api_gateway_deployment.mqtt_server_sol_api_deployment",
            "module.apigateway.aws_api_gateway_deployment.time_server_api_deployment",
            "module.apigateway.aws_api_gateway_domain_name.api_custom_domain",
            "module.apigateway.aws_api_gateway_domain_name.api_sol_custom_domain",
            "module.apigateway.aws_api_gateway_domain_name.api_time_server_custom_domain",
            "module.apigateway.aws_api_gateway_gateway_response.default_5xx",
            "module.apigateway.aws_api_gateway_gateway_response.default_5xx_mqtt_server",
            "module.apigateway.aws_api_gateway_gateway_response.default_5xx_solution_server",
            "module.apigateway.aws_api_gateway_integration.device_deviceId_shadows_name_lambda_integration",
            "module.apigateway.aws_api_gateway_integration.devices_deviceId_connectionStatus_lambda_integration",
            "module.apigateway.aws_api_gateway_integration.get_time_server_integration",
            "module.apigateway.aws_api_gateway_integration.iwsapp_message_send_sqs_integration",
            "module.apigateway.aws_api_gateway_integration.plugin_message_send_sqs_integration",
            "module.apigateway.aws_api_gateway_integration.prohibited_devices_add_lambda_integration",
            "module.apigateway.aws_api_gateway_integration.prohibited_devices_remove_lambda_integration",
            "module.apigateway.aws_api_gateway_integration.sol_device_deviceId_connection_status_lambda_integration",
            "module.apigateway.aws_api_gateway_integration.sol_tickets_groupId_lambda_integration",
            "module.apigateway.aws_api_gateway_integration.sol_tickets_messageId_deviceId_lambda_integration",
            "module.apigateway.aws_api_gateway_integration.sol_tickets_messageId_lambda_integration",
            "module.apigateway.aws_api_gateway_integration.tickets_groupId_lambda_integration",
            "module.apigateway.aws_api_gateway_integration.tickets_messageId_deviceId_lambda_integration",
            "module.apigateway.aws_api_gateway_integration.tickets_messageId_lambda_integration",
            "module.apigateway.aws_api_gateway_integration.tickets_send_sqs_integration",
            "module.apigateway.aws_api_gateway_integration_response.devices_deviceId_connectionStatus_integration_response",
            "module.apigateway.aws_api_gateway_integration_response.get_time_server_response",
            "module.apigateway.aws_api_gateway_integration_response.iwsapp_message_send_integration_response",
            "module.apigateway.aws_api_gateway_integration_response.iwsapp_message_send_integration_response_400",
            "module.apigateway.aws_api_gateway_integration_response.plugin_message_send_integration_response",
            "module.apigateway.aws_api_gateway_integration_response.plugin_message_send_integration_response_400",
            "module.apigateway.aws_api_gateway_integration_response.prohibited_devices_add_integration_response",
            "module.apigateway.aws_api_gateway_integration_response.prohibited_devices_remove_integration_response",
            "module.apigateway.aws_api_gateway_integration_response.sol_device_deviceId_connection_status_integration_response",
            "module.apigateway.aws_api_gateway_integration_response.sol_device_deviceId_shadows_name_integration_response",
            "module.apigateway.aws_api_gateway_integration_response.sol_tickets_groupId_integration_response",
            "module.apigateway.aws_api_gateway_integration_response.sol_tickets_messageId_deviceId_integration_response",
            "module.apigateway.aws_api_gateway_integration_response.sol_tickets_messageId_integration_response",
            "module.apigateway.aws_api_gateway_integration_response.tickets_groupId_integration_response",
            "module.apigateway.aws_api_gateway_integration_response.tickets_messageId_deviceId_integration_response",
            "module.apigateway.aws_api_gateway_integration_response.tickets_messageId_integration_response",
            "module.apigateway.aws_api_gateway_integration_response.tickets_send_integration_response",
            "module.apigateway.aws_api_gateway_integration_response.tickets_send_integration_response_400",
            "module.apigateway.aws_api_gateway_method.get_device_deviceId_connection_status",
            "module.apigateway.aws_api_gateway_method.get_device_deviceId_shadows_name",
            "module.apigateway.aws_api_gateway_method.get_devices_deviceId_connectionStatus",
            "module.apigateway.aws_api_gateway_method.get_sol_tickets_groupId",
            "module.apigateway.aws_api_gateway_method.get_sol_tickets_messageId",
            "module.apigateway.aws_api_gateway_method.get_sol_tickets_messageId_deviceId",
            "module.apigateway.aws_api_gateway_method.get_tickets_groupId",
            "module.apigateway.aws_api_gateway_method.get_tickets_messageId",
            "module.apigateway.aws_api_gateway_method.get_tickets_messageId_deviceId",
            "module.apigateway.aws_api_gateway_method.get_time_server",
            "module.apigateway.aws_api_gateway_method.iwsapp_message_send",
            "module.apigateway.aws_api_gateway_method.plugin_message_send",
            "module.apigateway.aws_api_gateway_method.post_tickets_send",
            "module.apigateway.aws_api_gateway_method.prohibited_devices_add",
            "module.apigateway.aws_api_gateway_method.prohibited_devices_remove",
            "module.apigateway.aws_api_gateway_method_response.devices_deviceId_connectionStatus_method_response",
            "module.apigateway.aws_api_gateway_method_response.iwsapp_message_send_method_response",
            "module.apigateway.aws_api_gateway_method_response.iwsapp_message_send_method_response_400",
            "module.apigateway.aws_api_gateway_method_response.plugin_message_send_method_response",
            "module.apigateway.aws_api_gateway_method_response.plugin_message_send_method_response_400",
            "module.apigateway.aws_api_gateway_method_response.prohibited_devices_add_method_response",
            "module.apigateway.aws_api_gateway_method_response.prohibited_devices_remove_method_response",
            "module.apigateway.aws_api_gateway_method_response.sol_device_deviceId_shadows_name_method_responseId",
            "module.apigateway.aws_api_gateway_method_response.sol_devicedevice_deviceId_connection_status_method_responseId",
            "module.apigateway.aws_api_gateway_method_response.sol_tickets_groupId_method_response",
            "module.apigateway.aws_api_gateway_method_response.sol_tickets_messageId_deviceId_method_response",
            "module.apigateway.aws_api_gateway_method_response.sol_tickets_messageId_method_response",
            "module.apigateway.aws_api_gateway_method_response.tickets_groupId_method_response",
            "module.apigateway.aws_api_gateway_method_response.tickets_messageId_deviceId_method_response",
            "module.apigateway.aws_api_gateway_method_response.tickets_messageId_method_response",
            "module.apigateway.aws_api_gateway_method_response.tickets_send_method_response",
            "module.apigateway.aws_api_gateway_method_response.tickets_send_method_response_400",
            "module.apigateway.aws_api_gateway_method_response.time_server_method_response",
            "module.apigateway.aws_api_gateway_method_settings.mqtt_server_logging",
            "module.apigateway.aws_api_gateway_method_settings.mqtt_server_solution_logging",
            "module.apigateway.aws_api_gateway_method_settings.time_server_logging",
            "module.apigateway.aws_api_gateway_resource.device_deviceId_connection_status",
            "module.apigateway.aws_api_gateway_resource.device_deviceId_shadows",
            "module.apigateway.aws_api_gateway_resource.device_deviceId_shadows_name",
            "module.apigateway.aws_api_gateway_resource.devices",
            "module.apigateway.aws_api_gateway_resource.devices_deviceId",
            "module.apigateway.aws_api_gateway_resource.devices_deviceId_connectionStatus",
            "module.apigateway.aws_api_gateway_resource.iwsapp_message",
            "module.apigateway.aws_api_gateway_resource.iwsapp_message_send",
            "module.apigateway.aws_api_gateway_resource.plugin_message",
            "module.apigateway.aws_api_gateway_resource.plugin_message_send",
            "module.apigateway.aws_api_gateway_resource.prohibited_devices",
            "module.apigateway.aws_api_gateway_resource.prohibited_devices_add",
            "module.apigateway.aws_api_gateway_resource.prohibited_devices_remove",
            "module.apigateway.aws_api_gateway_resource.sol_device_deviceId",
            "module.apigateway.aws_api_gateway_resource.sol_devices",
            "module.apigateway.aws_api_gateway_resource.sol_tickets",
            "module.apigateway.aws_api_gateway_resource.sol_tickets_messageId",
            "module.apigateway.aws_api_gateway_resource.sol_tickets_messageId_deviceId",
            "module.apigateway.aws_api_gateway_resource.tickets",
            "module.apigateway.aws_api_gateway_resource.tickets_messageId",
            "module.apigateway.aws_api_gateway_resource.tickets_messageId_deviceId",
            "module.apigateway.aws_api_gateway_resource.tickets_send",
            "module.apigateway.aws_api_gateway_rest_api.mqtt_server",
            "module.apigateway.aws_api_gateway_rest_api.solution_mqtt_server",
            "module.apigateway.aws_api_gateway_rest_api.time_server",
            "module.apigateway.aws_api_gateway_rest_api_policy.mqtt_server",
            "module.apigateway.aws_api_gateway_stage.mqtt_server_api_stage",
            "module.apigateway.aws_api_gateway_stage.mqtt_server_solution_api_stage",
            "module.apigateway.aws_api_gateway_stage.time_server_api_stage",
            "module.apigateway.aws_cloudwatch_log_group.mqtt_server_logs",
            "module.apigateway.aws_cloudwatch_log_group.mqtt_server_solution_logs",
            "module.apigateway.aws_cloudwatch_log_group.time_server_logs",
            "module.apigateway.aws_lambda_permission.devices_deviceId_connectionStatus_invoke_lambda_permission",
            "module.apigateway.aws_lambda_permission.prohibited_devices_add_invoke_lambda_permission",
            "module.apigateway.aws_lambda_permission.prohibited_devices_remove_invoke_lambda_permission",
            "module.apigateway.aws_lambda_permission.sol_device_deviceId_connection_status_invoke_lambda_permission",
            "module.apigateway.aws_lambda_permission.sol_device_deviceId_shadows_name_invoke_lambda_permission",
            "module.apigateway.aws_lambda_permission.sol_tickets_groupId_invoke_lambda_permission",
            "module.apigateway.aws_lambda_permission.sol_tickets_messageId_deviceId_invoke_lambda_permission",
            "module.apigateway.aws_lambda_permission.sol_tickets_messageId_invoke_lambda_permission",
            "module.apigateway.aws_lambda_permission.tickets_groupId_invoke_lambda_permission",
            "module.apigateway.aws_lambda_permission.tickets_messageId_deviceId_invoke_lambda_permission",
            "module.apigateway.aws_lambda_permission.tickets_messageId_invoke_lambda_permission",
            "module.function.aws_lambda_event_source_mapping.trigger-cert-update",
            "module.function.aws_lambda_event_source_mapping.trigger-send-message",
            "module.function.aws_lambda_function.MQTT-CERT-UPDATE",
            "module.function.aws_lambda_function.MQTT-DEVICE-IOTCORE-ACCESS",
            "module.function.aws_lambda_function.MQTT-DEVICE-IOTCORE-PROHIBIT",
            "module.function.aws_lambda_function.MQTT-DEVICE-PRESENCE-UPDATE",
            "module.function.aws_lambda_function.MQTT-DEVICE-SHADOW-RETRIEVE",
            "module.function.aws_lambda_function.MQTT-DEVICE-STATUS-NOTIFY",
            "module.function.aws_lambda_function.MQTT-DEVICE-STATUS-RETRIEVE",
            "module.function.aws_lambda_function.MQTT-JITR",
            "module.function.aws_lambda_function.MQTT-MSG-STATUS-RETRIEVE",
            "module.function.aws_lambda_function.MQTT-SEND-MESSAGE",
            "module.function.aws_lambda_function.MQTT-TICKET-RESPONSE-UPDATE",
            "module.function.aws_lambda_layer_version.mqtt_common_layer",
            "module.function.data.archive_file.cret_update_zip",
            "module.function.data.archive_file.device_iotcore_access_zip",
            "module.function.data.archive_file.device_iotcore_prohibit_zip",
            "module.function.data.archive_file.device_presence_update_zip",
            "module.function.data.archive_file.device_shadow_retrieve_zip",
            "module.function.data.archive_file.device_status_notify_zip",
            "module.function.data.archive_file.device_status_retrieve_zip",
            "module.function.data.archive_file.mqtt_common_layer_zip",
            "module.function.data.archive_file.mqtt_jitr_zip",
            "module.function.data.archive_file.msg_status_retrieve_zip",
            "module.function.data.archive_file.send_message_zip",
            "module.function.data.archive_file.ticket_response_update_zip",
            "module.function.null_resource.cleanup_cert_update_zip",
            "module.function.null_resource.cleanup_common_layer_zip",
            "module.function.null_resource.cleanup_device_iotcore_zip",
            "module.function.null_resource.cleanup_device_presence_zip",
            "module.function.null_resource.cleanup_device_prohibit_zip",
            "module.function.null_resource.cleanup_device_shadow_zip",
            "module.function.null_resource.cleanup_device_status_zip",
            "module.function.null_resource.cleanup_mqtt_jitr_zip",
            "module.function.null_resource.cleanup_send_message_zip",
            "module.function.null_resource.cleanup_status_notify_zip",
            "module.function.null_resource.cleanup_status_retrieve_zip",
            "module.function.null_resource.cleanup_ticket_response_zip",
            "module.iot.aws_iot_ca_certificate.ca_certificate",
            "module.iot.aws_iot_ca_certificate.ca_certificate_fourth",
            "module.iot.aws_iot_ca_certificate.ca_certificate_second",
            "module.iot.aws_iot_ca_certificate.ca_certificate_third",
            "module.iot.aws_iot_domain_configuration.iot_custom_domain",
            "module.iot.aws_iot_logging_options.iot_logs",
            "module.iot.aws_iot_policy.iot_access_policy",
            "module.iot.aws_iot_topic_rule.device_auto_register",
            "module.iot.aws_iot_topic_rule.device_presence_data_update_history_table",
            "module.iot.aws_iot_topic_rule.device_presence_latest_update",
            "module.iot.aws_iot_topic_rule.device_shadow_data_update",
            "module.iot.aws_iot_topic_rule.device_ticket_response_update",
            "module.iot.aws_lambda_permission.device_presence_update_invocation",
            "module.iot.aws_lambda_permission.device_ticket_response_update_invocation",
            "module.iot.aws_lambda_permission.jitr_invocation",
            "module.route53.data.aws_route53_zone.api_zone",
            "module.sns.aws_sns_topic.iot_rule_errors",
            "module.sqs.aws_sqs_queue.cert_update_notify",
            "module.sqs.aws_sqs_queue.presence_data_notify",
            "module.sqs.aws_sqs_queue.ticket_notify",
            "module.sqs.aws_sqs_queue_policy.policy_cert_update_notify",
            "module.sqs.aws_sqs_queue_policy.policy_ticket_notify",
            "module.sqs.aws_sqs_queue_policy.presence_data_notify"
          ]
        }
      ]
    },
    {
      "module": "module.s3",
      "mode": "managed",
      "type": "aws_s3_bucket",
      "name": "storage_bucket",
      "provider": "provider[\"registry.terraform.io/hashicorp/aws\"]",
      "instances": [
        {
          "schema_version": 0,
          "attributes": {
            "acceleration_status": "",
            "acl": null,
            "arn": "arn:aws:s3:::wwrspf-mqtt-storage-jp-dev",
            "bucket": "wwrspf-mqtt-storage-jp-dev",
            "bucket_domain_name": "wwrspf-mqtt-storage-jp-dev.s3.amazonaws.com",
            "bucket_prefix": "",
            "bucket_region": "ap-northeast-1",
            "bucket_regional_domain_name": "wwrspf-mqtt-storage-jp-dev.s3.ap-northeast-1.amazonaws.com",
            "cors_rule": [],
            "force_destroy": false,
            "grant": [
              {
                "id": "12cf48ae951c388747f6e24eb51d9b6c6e460ae3ca12da6186b98f5b2ab3e0f6",
                "permissions": [
                  "FULL_CONTROL"
                ],
                "type": "CanonicalUser",
                "uri": ""
              }
            ],
            "hosted_zone_id": "Z2M4EHUR26P7ZW",
            "id": "wwrspf-mqtt-storage-jp-dev",
            "lifecycle_rule": [
              {
                "abort_incomplete_multipart_upload_days": 7,
                "enabled": true,
                "expiration": [
                  {
                    "date": "",
                    "days": 30,
                    "expired_object_delete_marker": false
                  }
                ],
                "id": "バケット全体のルール",
                "noncurrent_version_expiration": [
                  {
                    "days": 90
                  }
                ],
                "noncurrent_version_transition": [],
                "prefix": "",
                "tags": {},
                "transition": []
              }
            ],
            "logging": [
              {
                "target_bucket": "wwrspf-mqtt-log-jp-dev",
                "target_prefix": "s3-access-logs/"
              }
            ],
            "object_lock_configuration": [],
            "object_lock_enabled": false,
            "policy": "{\"Statement\":[{\"Action\":\"s3:*\",\"Effect\":\"Allow\",\"Principal\":{\"AWS\":\"arn:aws:iam::243550483029:role/EC2-Common-Dev\"},\"Resource\":[\"arn:aws:s3:::wwrspf-mqtt-storage-jp-dev\",\"arn:aws:s3:::wwrspf-mqtt-storage-jp-dev/*\"],\"Sid\":\"Statement1\"}],\"Version\":\"2012-10-17\"}",
            "region": "ap-northeast-1",
            "replication_configuration": [],
            "request_payer": "BucketOwner",
            "server_side_encryption_configuration": [
              {
                "rule": [
                  {
                    "apply_server_side_encryption_by_default": [
                      {
                        "kms_master_key_id": "",
                        "sse_algorithm": "AES256"
                      }
                    ],
                    "bucket_key_enabled": false
                  }
                ]
              }
            ],
            "tags": {},
            "tags_all": {},
            "timeouts": null,
            "versioning": [
              {
                "enabled": true,
                "mfa_delete": false
              }
            ],
            "website": [],
            "website_domain": null,
            "website_endpoint": null
          },
          "sensitive_attributes": [],
          "identity_schema_version": 0,
          "identity": {
            "account_id": "277403262470",
            "bucket": "wwrspf-mqtt-storage-jp-dev",
            "region": "ap-northeast-1"
          },
          "private": "eyJlMmJmYjczMC1lY2FhLTExZTYtOGY4OC0zNDM2M2JjN2M0YzAiOnsiY3JlYXRlIjoxMjAwMDAwMDAwMDAwLCJkZWxldGUiOjM2MDAwMDAwMDAwMDAsInJlYWQiOjEyMDAwMDAwMDAwMDAsInVwZGF0ZSI6MTIwMDAwMDAwMDAwMH19"
        }
      ]
    },
    {
      "module": "module.s3",
      "mode": "managed",
      "type": "aws_s3_bucket_lifecycle_configuration",
      "name": "presence_notify_bucket_lifecycle",
      "provider": "provider[\"registry.terraform.io/hashicorp/aws\"]",
      "instances": [
        {
          "schema_version": 1,
          "attributes": {
            "bucket": "wwrspf-mqtt-storage-jp-dev",
            "expected_bucket_owner": "",
            "id": "wwrspf-mqtt-storage-jp-dev",
            "region": "ap-northeast-1",
            "rule": [
              {
                "abort_incomplete_multipart_upload": [
                  {
                    "days_after_initiation": 7
                  }
                ],
                "expiration": [
                  {
                    "date": null,
                    "days": 30,
                    "expired_object_delete_marker": false
                  }
                ],
                "filter": [],
                "id": "バケット全体のルール",
                "noncurrent_version_expiration": [
                  {
                    "newer_noncurrent_versions": null,
                    "noncurrent_days": 90
                  }
                ],
                "noncurrent_version_transition": [],
                "prefix": "",
                "status": "Enabled",
                "transition": []
              }
            ],
            "timeouts": null,
            "transition_default_minimum_object_size": "all_storage_classes_128K"
          },
          "sensitive_attributes": [],
          "identity_schema_version": 0,
          "dependencies": [
            "module.s3.aws_s3_bucket.storage_bucket"
          ]
        }
      ]
    },
    {
      "module": "module.s3",
      "mode": "managed",
      "type": "aws_s3_bucket_logging",
      "name": "mqtt_bucket_logging",
      "provider": "provider[\"registry.terraform.io/hashicorp/aws\"]",
      "instances": [
        {
          "schema_version": 0,
          "attributes": {
            "bucket": "wwrspf-mqtt-storage-jp-dev",
            "expected_bucket_owner": "",
            "id": "wwrspf-mqtt-storage-jp-dev",
            "region": "ap-northeast-1",
            "target_bucket": "wwrspf-mqtt-log-jp-dev",
            "target_grant": [],
            "target_object_key_format": [
              {
                "partitioned_prefix": [
                  {
                    "partition_date_source": "EventTime"
                  }
                ],
                "simple_prefix": []
              }
            ],
            "target_prefix": "s3-access-logs/"
          },
          "sensitive_attributes": [],
          "identity_schema_version": 0,
          "identity": {
            "account_id": "277403262470",
            "bucket": "wwrspf-mqtt-storage-jp-dev",
            "expected_bucket_owner": null,
            "region": "ap-northeast-1"
          },
          "private": "bnVsbA==",
          "dependencies": [
            "module.s3.aws_s3_bucket.storage_bucket"
          ]
        }
      ]
    },
    {
      "module": "module.s3",
      "mode": "managed",
      "type": "aws_s3_bucket_notification",
      "name": "presence_data_events",
      "provider": "provider[\"registry.terraform.io/hashicorp/aws\"]",
      "instances": [
        {
          "schema_version": 0,
          "attributes": {
            "bucket": "wwrspf-mqtt-storage-jp-dev",
            "eventbridge": false,
            "id": "wwrspf-mqtt-storage-jp-dev",
            "lambda_function": [],
            "queue": [
              {
                "events": [
                  "s3:ObjectCreated:Put"
                ],
                "filter_prefix": "presence_data/",
                "filter_suffix": ".json",
                "id": "presence_data",
                "queue_arn": "arn:aws:sqs:ap-northeast-1:277403262470:wwrspf-mqtt-presence-data-notify"
              }
            ],
            "region": "ap-northeast-1",
            "topic": []
          },
          "sensitive_attributes": [],
          "identity_schema_version": 0,
          "identity": {
            "account_id": "277403262470",
            "bucket": "wwrspf-mqtt-storage-jp-dev",
            "region": "ap-northeast-1"
          },
          "private": "bnVsbA==",
          "dependencies": [
            "module.s3.aws_s3_bucket.storage_bucket",
            "module.sqs.aws_sqs_queue.cert_update_notify",
            "module.sqs.aws_sqs_queue.presence_data_notify",
            "module.sqs.aws_sqs_queue.ticket_notify"
          ]
        }
      ]
    },
    {
      "module": "module.s3",
      "mode": "managed",
      "type": "aws_s3_bucket_policy",
      "name": "policy_mqtt_storage_allow_ww_ec2",
      "provider": "provider[\"registry.terraform.io/hashicorp/aws\"]",
      "instances": [
        {
          "schema_version": 0,
          "attributes": {
            "bucket": "wwrspf-mqtt-storage-jp-dev",
            "id": "wwrspf-mqtt-storage-jp-dev",
            "policy": "{\"Statement\":[{\"Action\":\"s3:*\",\"Effect\":\"Allow\",\"Principal\":{\"AWS\":\"arn:aws:iam::243550483029:role/EC2-Common-Dev\"},\"Resource\":[\"arn:aws:s3:::wwrspf-mqtt-storage-jp-dev\",\"arn:aws:s3:::wwrspf-mqtt-storage-jp-dev/*\"],\"Sid\":\"Statement1\"}],\"Version\":\"2012-10-17\"}",
            "region": "ap-northeast-1"
          },
          "sensitive_attributes": [],
          "identity_schema_version": 0,
          "identity": {
            "account_id": "277403262470",
            "bucket": "wwrspf-mqtt-storage-jp-dev",
            "region": "ap-northeast-1"
          },
          "private": "bnVsbA==",
          "dependencies": [
            "module.s3.aws_s3_bucket.storage_bucket"
          ]
        }
      ]
    },
    {
      "module": "module.s3",
      "mode": "managed",
      "type": "aws_s3_bucket_versioning",
      "name": "presence_notify_bucket_versioning",
      "provider": "provider[\"registry.terraform.io/hashicorp/aws\"]",
      "instances": [
        {
          "schema_version": 0,
          "attributes": {
            "bucket": "wwrspf-mqtt-storage-jp-dev",
            "expected_bucket_owner": "",
            "id": "wwrspf-mqtt-storage-jp-dev",
            "mfa": null,
            "region": "ap-northeast-1",
            "versioning_configuration": [
              {
                "mfa_delete": "",
                "status": "Enabled"
              }
            ]
          },
          "sensitive_attributes": [],
          "identity_schema_version": 0,
          "identity": {
            "account_id": "277403262470",
            "bucket": "wwrspf-mqtt-storage-jp-dev",
            "expected_bucket_owner": null,
            "region": "ap-northeast-1"
          },
          "private": "bnVsbA==",
          "dependencies": [
            "module.s3.aws_s3_bucket.storage_bucket"
          ]
        }
      ]
    },
    {
      "module": "module.sns",
      "mode": "managed",
      "type": "aws_sns_topic",
      "name": "iot_rule_errors",
      "provider": "provider[\"registry.terraform.io/hashicorp/aws\"]",
      "instances": [
        {
          "schema_version": 0,
          "attributes": {
            "application_failure_feedback_role_arn": "",
            "application_success_feedback_role_arn": "",
            "application_success_feedback_sample_rate": 0,
            "archive_policy": "",
            "arn": "arn:aws:sns:ap-northeast-1:277403262470:iot-rule-error-notify",
            "beginning_archive_time": "",
            "content_based_deduplication": false,
            "delivery_policy": "",
            "display_name": "",
            "fifo_throughput_scope": "",
            "fifo_topic": false,
            "firehose_failure_feedback_role_arn": "",
            "firehose_success_feedback_role_arn": "",
            "firehose_success_feedback_sample_rate": 0,
            "http_failure_feedback_role_arn": "",
            "http_success_feedback_role_arn": "",
            "http_success_feedback_sample_rate": 0,
            "id": "arn:aws:sns:ap-northeast-1:277403262470:iot-rule-error-notify",
            "kms_master_key_id": "",
            "lambda_failure_feedback_role_arn": "",
            "lambda_success_feedback_role_arn": "",
            "lambda_success_feedback_sample_rate": 0,
            "name": "iot-rule-error-notify",
            "name_prefix": "",
            "owner": "277403262470",
            "policy": "{\"Statement\":[{\"Action\":\"SNS:Publish\",\"Condition\":{\"ArnLike\":{\"aws:SourceArn\":\"arn:aws:iot:ap-northeast-1:277403262470:rule/*\"}},\"Effect\":\"Allow\",\"Principal\":{\"Service\":\"iot.amazonaws.com\"},\"Resource\":\"arn:aws:sns:ap-northeast-1:277403262470:iot-rule-error-notify\",\"Sid\":\"AllowIoTRulesPublish\"}],\"Version\":\"2012-10-17\"}",
            "region": "ap-northeast-1",
            "signature_version": 0,
            "sqs_failure_feedback_role_arn": "",
            "sqs_success_feedback_role_arn": "",
            "sqs_success_feedback_sample_rate": 0,
            "tags": {},
            "tags_all": {},
            "tracing_config": ""
          },
          "sensitive_attributes": [],
          "identity_schema_version": 0,
          "identity": {
            "arn": "arn:aws:sns:ap-northeast-1:277403262470:iot-rule-error-notify"
          },
          "private": "bnVsbA=="
        }
      ]
    },
    {
      "module": "module.sns",
      "mode": "managed",
      "type": "aws_sns_topic_policy",
      "name": "iot_policy",
      "provider": "provider[\"registry.terraform.io/hashicorp/aws\"]",
      "instances": [
        {
          "schema_version": 0,
          "attributes": {
            "arn": "arn:aws:sns:ap-northeast-1:277403262470:iot-rule-error-notify",
            "id": "arn:aws:sns:ap-northeast-1:277403262470:iot-rule-error-notify",
            "owner": "277403262470",
            "policy": "{\"Statement\":[{\"Action\":\"SNS:Publish\",\"Condition\":{\"ArnLike\":{\"aws:SourceArn\":\"arn:aws:iot:ap-northeast-1:277403262470:rule/*\"}},\"Effect\":\"Allow\",\"Principal\":{\"Service\":\"iot.amazonaws.com\"},\"Resource\":\"arn:aws:sns:ap-northeast-1:277403262470:iot-rule-error-notify\",\"Sid\":\"AllowIoTRulesPublish\"}],\"Version\":\"2012-10-17\"}",
            "region": "ap-northeast-1"
          },
          "sensitive_attributes": [],
          "identity_schema_version": 0,
          "identity": {
            "arn": "arn:aws:sns:ap-northeast-1:277403262470:iot-rule-error-notify"
          },
          "private": "bnVsbA==",
          "dependencies": [
            "data.aws_caller_identity.current",
            "module.sns.aws_sns_topic.iot_rule_errors"
          ]
        }
      ]
    },
    {
      "module": "module.sqs",
      "mode": "managed",
      "type": "aws_sqs_queue",
      "name": "cert_update_notify",
      "provider": "provider[\"registry.terraform.io/hashicorp/aws\"]",
      "instances": [
        {
          "schema_version": 0,
          "attributes": {
            "arn": "arn:aws:sqs:ap-northeast-1:277403262470:wwrspf-mqtt-cert-update-notify",
            "content_based_deduplication": false,
            "deduplication_scope": "",
            "delay_seconds": 0,
            "fifo_queue": false,
            "fifo_throughput_limit": "",
            "id": "https://sqs.ap-northeast-1.amazonaws.com/277403262470/wwrspf-mqtt-cert-update-notify",
            "kms_data_key_reuse_period_seconds": 300,
            "kms_master_key_id": "",
            "max_message_size": 262144,
            "message_retention_seconds": 345600,
            "name": "wwrspf-mqtt-cert-update-notify",
            "name_prefix": "",
            "policy": "{\"Id\":\"__default_policy_ID\",\"Statement\":[{\"Action\":\"SQS:*\",\"Effect\":\"Allow\",\"Principal\":{\"AWS\":\"arn:aws:iam::277403262470:root\"},\"Resource\":\"arn:aws:sqs:ap-northeast-1:277403262470:wwrspf-mqtt-cert-update-notify\",\"Sid\":\"__owner_statement\"},{\"Action\":\"SQS:SendMessage\",\"Effect\":\"Allow\",\"Principal\":{\"AWS\":\"arn:aws:iam::277403262470:role/WWRSPFMQTTFunctionAccess\"},\"Resource\":\"arn:aws:sqs:ap-northeast-1:277403262470:wwrspf-mqtt-cert-update-notify\",\"Sid\":\"__sender_statement\"},{\"Action\":[\"SQS:ChangeMessageVisibility\",\"SQS:DeleteMessage\",\"SQS:ReceiveMessage\"],\"Effect\":\"Allow\",\"Principal\":{\"AWS\":\"arn:aws:iam::277403262470:role/WWRSPFMQTTFunctionAccess\"},\"Resource\":\"arn:aws:sqs:ap-northeast-1:277403262470:wwrspf-mqtt-cert-update-notify\",\"Sid\":\"__receiver_statement\"}],\"Version\":\"2012-10-17\"}",
            "receive_wait_time_seconds": 0,
            "redrive_allow_policy": "",
            "redrive_policy": "",
            "region": "ap-northeast-1",
            "sqs_managed_sse_enabled": true,
            "tags": {},
            "tags_all": {},
            "timeouts": null,
            "url": "https://sqs.ap-northeast-1.amazonaws.com/277403262470/wwrspf-mqtt-cert-update-notify",
            "visibility_timeout_seconds": 45
          },
          "sensitive_attributes": [],
          "identity_schema_version": 1,
          "identity": {
            "url": "https://sqs.ap-northeast-1.amazonaws.com/277403262470/wwrspf-mqtt-cert-update-notify"
          },
          "private": "eyJlMmJmYjczMC1lY2FhLTExZTYtOGY4OC0zNDM2M2JjN2M0YzAiOnsiY3JlYXRlIjoxODAwMDAwMDAwMDAsImRlbGV0ZSI6MTgwMDAwMDAwMDAwLCJ1cGRhdGUiOjE4MDAwMDAwMDAwMH19"
        }
      ]
    },
    {
      "module": "module.sqs",
      "mode": "managed",
      "type": "aws_sqs_queue",
      "name": "presence_data_notify",
      "provider": "provider[\"registry.terraform.io/hashicorp/aws\"]",
      "instances": [
        {
          "schema_version": 0,
          "attributes": {
            "arn": "arn:aws:sqs:ap-northeast-1:277403262470:wwrspf-mqtt-presence-data-notify",
            "content_based_deduplication": false,
            "deduplication_scope": "",
            "delay_seconds": 0,
            "fifo_queue": false,
            "fifo_throughput_limit": "",
            "id": "https://sqs.ap-northeast-1.amazonaws.com/277403262470/wwrspf-mqtt-presence-data-notify",
            "kms_data_key_reuse_period_seconds": 300,
            "kms_master_key_id": "",
            "max_message_size": 262144,
            "message_retention_seconds": 345600,
            "name": "wwrspf-mqtt-presence-data-notify",
            "name_prefix": "",
            "policy": "{\"Id\":\"__default_policy_ID\",\"Statement\":[{\"Action\":\"SQS:*\",\"Effect\":\"Allow\",\"Principal\":{\"AWS\":\"arn:aws:iam::277403262470:root\"},\"Resource\":\"arn:aws:sqs:ap-northeast-1:277403262470:wwrspf-mqtt-presence-data-notify\",\"Sid\":\"__owner_statement\"},{\"Action\":\"sqs:SendMessage\",\"Condition\":{\"ArnLike\":{\"aws:SourceArn\":\"arn:aws:s3:::wwrspf-mqtt-storage-jp-dev\"}},\"Effect\":\"Allow\",\"Principal\":{\"Service\":\"s3.amazonaws.com\"},\"Resource\":\"arn:aws:sqs:ap-northeast-1:277403262470:wwrspf-mqtt-presence-data-notify\",\"Sid\":\"Allow-S3-to-SendMessage\"},{\"Action\":\"SQS:*\",\"Effect\":\"Allow\",\"Principal\":{\"AWS\":\"arn:aws:iam::243550483029:role/EC2-Common-Dev\"},\"Resource\":\"arn:aws:sqs:ap-northeast-1:277403262470:wwrspf-mqtt-presence-data-notify\",\"Sid\":\"WWRSPF_CrossAccount\"}],\"Version\":\"2012-10-17\"}",
            "receive_wait_time_seconds": 0,
            "redrive_allow_policy": "",
            "redrive_policy": "",
            "region": "ap-northeast-1",
            "sqs_managed_sse_enabled": true,
            "tags": {},
            "tags_all": {},
            "timeouts": null,
            "url": "https://sqs.ap-northeast-1.amazonaws.com/277403262470/wwrspf-mqtt-presence-data-notify",
            "visibility_timeout_seconds": 30
          },
          "sensitive_attributes": [],
          "identity_schema_version": 1,
          "identity": {
            "url": "https://sqs.ap-northeast-1.amazonaws.com/277403262470/wwrspf-mqtt-presence-data-notify"
          },
          "private": "eyJlMmJmYjczMC1lY2FhLTExZTYtOGY4OC0zNDM2M2JjN2M0YzAiOnsiY3JlYXRlIjoxODAwMDAwMDAwMDAsImRlbGV0ZSI6MTgwMDAwMDAwMDAwLCJ1cGRhdGUiOjE4MDAwMDAwMDAwMH19"
        }
      ]
    },
    {
      "module": "module.sqs",
      "mode": "managed",
      "type": "aws_sqs_queue",
      "name": "ticket_notify",
      "provider": "provider[\"registry.terraform.io/hashicorp/aws\"]",
      "instances": [
        {
          "schema_version": 0,
          "attributes": {
            "arn": "arn:aws:sqs:ap-northeast-1:277403262470:wwrspf-mqtt-ticket-notify",
            "content_based_deduplication": false,
            "deduplication_scope": "",
            "delay_seconds": 0,
            "fifo_queue": false,
            "fifo_throughput_limit": "",
            "id": "https://sqs.ap-northeast-1.amazonaws.com/277403262470/wwrspf-mqtt-ticket-notify",
            "kms_data_key_reuse_period_seconds": 300,
            "kms_master_key_id": "",
            "max_message_size": 262144,
            "message_retention_seconds": 345600,
            "name": "wwrspf-mqtt-ticket-notify",
            "name_prefix": "",
            "policy": "{\"Id\":\"__default_policy_ID\",\"Statement\":[{\"Action\":\"SQS:*\",\"Effect\":\"Allow\",\"Principal\":{\"AWS\":\"arn:aws:iam::277403262470:root\"},\"Resource\":\"arn:aws:sqs:ap-northeast-1:277403262470:wwrspf-mqtt-ticket-notify\",\"Sid\":\"__owner_statement\"},{\"Action\":\"SQS:SendMessage\",\"Effect\":\"Allow\",\"Principal\":{\"AWS\":[\"arn:aws:iam::277403262470:role/WWRSPFMQTTAPIGatewayAccess\",\"arn:aws:iam::277403262470:role/WWRSPFMQTTFunctionAccess\"]},\"Resource\":\"arn:aws:sqs:ap-northeast-1:277403262470:wwrspf-mqtt-ticket-notify\",\"Sid\":\"__sender_statement\"},{\"Action\":[\"SQS:ChangeMessageVisibility\",\"SQS:DeleteMessage\",\"SQS:ReceiveMessage\"],\"Effect\":\"Allow\",\"Principal\":{\"AWS\":\"arn:aws:iam::277403262470:role/WWRSPFMQTTFunctionAccess\"},\"Resource\":\"arn:aws:sqs:ap-northeast-1:277403262470:wwrspf-mqtt-ticket-notify\",\"Sid\":\"__receiver_statement\"}],\"Version\":\"2012-10-17\"}",
            "receive_wait_time_seconds": 0,
            "redrive_allow_policy": "",
            "redrive_policy": "",
            "region": "ap-northeast-1",
            "sqs_managed_sse_enabled": true,
            "tags": {},
            "tags_all": {},
            "timeouts": null,
            "url": "https://sqs.ap-northeast-1.amazonaws.com/277403262470/wwrspf-mqtt-ticket-notify",
            "visibility_timeout_seconds": 60
          },
          "sensitive_attributes": [],
          "identity_schema_version": 1,
          "identity": {
            "url": "https://sqs.ap-northeast-1.amazonaws.com/277403262470/wwrspf-mqtt-ticket-notify"
          },
          "private": "eyJlMmJmYjczMC1lY2FhLTExZTYtOGY4OC0zNDM2M2JjN2M0YzAiOnsiY3JlYXRlIjoxODAwMDAwMDAwMDAsImRlbGV0ZSI6MTgwMDAwMDAwMDAwLCJ1cGRhdGUiOjE4MDAwMDAwMDAwMH19"
        }
      ]
    },
    {
      "module": "module.sqs",
      "mode": "managed",
      "type": "aws_sqs_queue_policy",
      "name": "policy_cert_update_notify",
      "provider": "provider[\"registry.terraform.io/hashicorp/aws\"]",
      "instances": [
        {
          "schema_version": 1,
          "attributes": {
            "id": "https://sqs.ap-northeast-1.amazonaws.com/277403262470/wwrspf-mqtt-cert-update-notify",
            "policy": "{\"Id\":\"__default_policy_ID\",\"Statement\":[{\"Action\":\"SQS:*\",\"Effect\":\"Allow\",\"Principal\":{\"AWS\":\"arn:aws:iam::277403262470:root\"},\"Resource\":\"arn:aws:sqs:ap-northeast-1:277403262470:wwrspf-mqtt-cert-update-notify\",\"Sid\":\"__owner_statement\"},{\"Action\":\"SQS:SendMessage\",\"Effect\":\"Allow\",\"Principal\":{\"AWS\":\"arn:aws:iam::277403262470:role/WWRSPFMQTTFunctionAccess\"},\"Resource\":\"arn:aws:sqs:ap-northeast-1:277403262470:wwrspf-mqtt-cert-update-notify\",\"Sid\":\"__sender_statement\"},{\"Action\":[\"SQS:ChangeMessageVisibility\",\"SQS:DeleteMessage\",\"SQS:ReceiveMessage\"],\"Effect\":\"Allow\",\"Principal\":{\"AWS\":\"arn:aws:iam::277403262470:role/WWRSPFMQTTFunctionAccess\"},\"Resource\":\"arn:aws:sqs:ap-northeast-1:277403262470:wwrspf-mqtt-cert-update-notify\",\"Sid\":\"__receiver_statement\"}],\"Version\":\"2012-10-17\"}",
            "queue_url": "https://sqs.ap-northeast-1.amazonaws.com/277403262470/wwrspf-mqtt-cert-update-notify",
            "region": "ap-northeast-1"
          },
          "sensitive_attributes": [],
          "identity_schema_version": 1,
          "identity": {
            "queue_url": "https://sqs.ap-northeast-1.amazonaws.com/277403262470/wwrspf-mqtt-cert-update-notify"
          },
          "private": "eyJzY2hlbWFfdmVyc2lvbiI6IjEifQ==",
          "dependencies": [
            "data.aws_caller_identity.current",
            "module.sqs.aws_sqs_queue.cert_update_notify"
          ]
        }
      ]
    },
    {
      "module": "module.sqs",
      "mode": "managed",
      "type": "aws_sqs_queue_policy",
      "name": "policy_ticket_notify",
      "provider": "provider[\"registry.terraform.io/hashicorp/aws\"]",
      "instances": [
        {
          "schema_version": 1,
          "attributes": {
            "id": "https://sqs.ap-northeast-1.amazonaws.com/277403262470/wwrspf-mqtt-ticket-notify",
            "policy": "{\"Id\":\"__default_policy_ID\",\"Statement\":[{\"Action\":\"SQS:*\",\"Effect\":\"Allow\",\"Principal\":{\"AWS\":\"arn:aws:iam::277403262470:root\"},\"Resource\":\"arn:aws:sqs:ap-northeast-1:277403262470:wwrspf-mqtt-ticket-notify\",\"Sid\":\"__owner_statement\"},{\"Action\":\"SQS:SendMessage\",\"Effect\":\"Allow\",\"Principal\":{\"AWS\":[\"arn:aws:iam::277403262470:role/WWRSPFMQTTAPIGatewayAccess\",\"arn:aws:iam::277403262470:role/WWRSPFMQTTFunctionAccess\"]},\"Resource\":\"arn:aws:sqs:ap-northeast-1:277403262470:wwrspf-mqtt-ticket-notify\",\"Sid\":\"__sender_statement\"},{\"Action\":[\"SQS:ChangeMessageVisibility\",\"SQS:DeleteMessage\",\"SQS:ReceiveMessage\"],\"Effect\":\"Allow\",\"Principal\":{\"AWS\":\"arn:aws:iam::277403262470:role/WWRSPFMQTTFunctionAccess\"},\"Resource\":\"arn:aws:sqs:ap-northeast-1:277403262470:wwrspf-mqtt-ticket-notify\",\"Sid\":\"__receiver_statement\"}],\"Version\":\"2012-10-17\"}",
            "queue_url": "https://sqs.ap-northeast-1.amazonaws.com/277403262470/wwrspf-mqtt-ticket-notify",
            "region": "ap-northeast-1"
          },
          "sensitive_attributes": [],
          "identity_schema_version": 1,
          "identity": {
            "queue_url": "https://sqs.ap-northeast-1.amazonaws.com/277403262470/wwrspf-mqtt-ticket-notify"
          },
          "private": "eyJzY2hlbWFfdmVyc2lvbiI6IjEifQ==",
          "dependencies": [
            "data.aws_caller_identity.current",
            "module.sqs.aws_sqs_queue.ticket_notify"
          ]
        }
      ]
    },
    {
      "module": "module.sqs",
      "mode": "managed",
      "type": "aws_sqs_queue_policy",
      "name": "presence_data_notify",
      "provider": "provider[\"registry.terraform.io/hashicorp/aws\"]",
      "instances": [
        {
          "schema_version": 1,
          "attributes": {
            "id": "https://sqs.ap-northeast-1.amazonaws.com/277403262470/wwrspf-mqtt-presence-data-notify",
            "policy": "{\"Id\":\"__default_policy_ID\",\"Statement\":[{\"Action\":\"SQS:*\",\"Effect\":\"Allow\",\"Principal\":{\"AWS\":\"arn:aws:iam::277403262470:root\"},\"Resource\":\"arn:aws:sqs:ap-northeast-1:277403262470:wwrspf-mqtt-presence-data-notify\",\"Sid\":\"__owner_statement\"},{\"Action\":\"sqs:SendMessage\",\"Condition\":{\"ArnLike\":{\"aws:SourceArn\":\"arn:aws:s3:::wwrspf-mqtt-storage-jp-dev\"}},\"Effect\":\"Allow\",\"Principal\":{\"Service\":\"s3.amazonaws.com\"},\"Resource\":\"arn:aws:sqs:ap-northeast-1:277403262470:wwrspf-mqtt-presence-data-notify\",\"Sid\":\"Allow-S3-to-SendMessage\"},{\"Action\":\"SQS:*\",\"Effect\":\"Allow\",\"Principal\":{\"AWS\":\"arn:aws:iam::243550483029:role/EC2-Common-Dev\"},\"Resource\":\"arn:aws:sqs:ap-northeast-1:277403262470:wwrspf-mqtt-presence-data-notify\",\"Sid\":\"WWRSPF_CrossAccount\"}],\"Version\":\"2012-10-17\"}",
            "queue_url": "https://sqs.ap-northeast-1.amazonaws.com/277403262470/wwrspf-mqtt-presence-data-notify",
            "region": "ap-northeast-1"
          },
          "sensitive_attributes": [],
          "identity_schema_version": 1,
          "identity": {
            "queue_url": "https://sqs.ap-northeast-1.amazonaws.com/277403262470/wwrspf-mqtt-presence-data-notify"
          },
          "private": "eyJzY2hlbWFfdmVyc2lvbiI6IjEifQ==",
          "dependencies": [
            "data.aws_caller_identity.current",
            "module.sqs.aws_sqs_queue.presence_data_notify"
          ]
        }
      ]
    }
  ],
  "check_results": null
}
